{
  "version": 4,
  "terraform_version": "1.5.7",
  "serial": 11,
  "lineage": "445e7ab9de4ddaa8545e83ea33ba35a9",
  "outputs": {},
  "resources": [
    {
      "mode": "data",
      "type": "aws_subnet",
      "name": "backup_subnet_1a",
      "provider": "provider[\"registry.terraform.io/hashicorp/aws\"]",
      "instances": [
        {
          "schema_version": 0,
          "attributes": {
            "arn": "arn:aws:ec2:ap-southeast-1:222222222222:subnet/subnet-e8807a81595f8c083",
            "assign_ipv6_address_on_creation": false,
            "availability_zone": "ap-southeast-11a",
            "availability_zone_id": "apse1-az1",
            "available_ip_address_count": 0,
            "cidr_block": "10.30.57.19/27",
            "customer_owned_ipv4_pool": "",
            "default_for_az": false,
            "enable_dns64": false,
            "enable_lni_at_device_index": 0,
            "enable_resource_name_dns_a_record_on_launch": false,
            "enable_resource_name_dns_aaaa_record_on_launch": false,
            "filter": [
              {
                "name": "tag:Name",
                "values": [
                  "XXXX-PRD-backup-ap-southeast-11a"
                ]
              }
            ],
            "id": "subnet-e8807a81595f8c083",
            "ipv6_cidr_block": "",
            "ipv6_cidr_block_association_id": "",
            "ipv6_native": false,
            "map_customer_owned_ip_on_launch": false,
            "map_public_ip_on_launch": false,
            "outpost_arn": "",
            "owner_id": "222222222222",
            "private_dns_hostname_type_on_launch": "ip-name",
            "state": "available",
            "tags": {
              "Name": "XXXX-PRD-backup-ap-southeast-11a",
              "cmp_compartment_type": "Intranet",
              "cmp_name": "XXXX-PRD",
              "ec2:ResourceTag/org:security:zone": "intranet",
              "org:origin": "cloud",
              "org:team": "team",
              "request_uuid": "d141620d32556a86128",
              "type": "Intranet"
            },
            "timeouts": null,
            "vpc_id": "vpc-fd4f55b8a35a6bd53"
          },
          "sensitive_attributes": []
        }
      ]
    },
    {
      "mode": "data",
      "type": "aws_subnet",
      "name": "management_subnet_1a",
      "provider": "provider[\"registry.terraform.io/hashicorp/aws\"]",
      "instances": [
        {
          "schema_version": 0,
          "attributes": {
            "arn": "arn:aws:ec2:ap-southeast-1:222222222222:subnet/subnet-fb380cbad4d30e903",
            "assign_ipv6_address_on_creation": false,
            "availability_zone": "ap-southeast-11a",
            "availability_zone_id": "apse1-az1",
            "available_ip_address_count": 0,
            "cidr_block": "10.30.90.52/27",
            "customer_owned_ipv4_pool": "",
            "default_for_az": false,
            "enable_dns64": false,
            "enable_lni_at_device_index": 0,
            "enable_resource_name_dns_a_record_on_launch": false,
            "enable_resource_name_dns_aaaa_record_on_launch": false,
            "filter": [
              {
                "name": "tag:Name",
                "values": [
                  "XXXX-PRD-management-ap-southeast-11a"
                ]
              }
            ],
            "id": "subnet-fb380cbad4d30e903",
            "ipv6_cidr_block": "",
            "ipv6_cidr_block_association_id": "",
            "ipv6_native": false,
            "map_customer_owned_ip_on_launch": false,
            "map_public_ip_on_launch": false,
            "outpost_arn": "",
            "owner_id": "222222222222",
            "private_dns_hostname_type_on_launch": "ip-name",
            "state": "available",
            "tags": {
              "Name": "XXXX-PRD-management-ap-southeast-11a",
              "cmp_compartment_type": "Intranet",
              "cmp_name": "XXXX-PRD",
              "ec2:ResourceTag/org:security:zone": "intranet",
              "org:origin": "cloud",
              "org:team": "team",
              "request_uuid": "d141620d32556a86128",
              "type": "Intranet"
            },
            "timeouts": null,
            "vpc_id": "vpc-fd4f55b8a35a6bd53"
          },
          "sensitive_attributes": []
        }
      ]
    },
    {
      "mode": "data",
      "type": "terraform_remote_state",
      "name": "fabric",
      "provider": "provider[\"terraform.io/builtin/terraform\"]",
      "instances": [
        {
          "schema_version": 0,
          "attributes": {
            "backend": "s3",
            "config": {
              "value": {
                "bucket": "sst-s3-XXXX-prd-terraform-backend-store",
                "key": "XXXX-intranet/fabric/terraform.tfstate",
                "profile": "xxxx-XXXX-prd-profile",
                "region": "ap-southeast-1"
              },
              "type": [
                "object",
                {
                  "bucket": "string",
                  "key": "string",
                  "profile": "string",
                  "region": "string"
                }
              ]
            },
            "defaults": null,
            "outputs": {
              "value": {
                "fabric_map": {
                  "gateway_endpoints": {},
                  "interface_endpoints": {},
                  "nacl_id_list": {
                    "nacl-XXXX-prd-app-01": "acl-5a8d697760ea853d6",
                    "nacl-XXXX-prd-db-01": "acl-bfcc02e800a25c319",
                    "nacl-XXXX-prd-fsx-01": "acl-ef9899653a4e0d2e3",
                    "nacl-XXXX-prd-web-01": "acl-e14cb921fe1ca9577",
                    "nacl-XXXX-prd-proxy-01": "acl-20b5d0fa66552c131"
                  },
                  "route_table_id_list": {
                    "rtb-az1-XXXX-prd-app-01": "rtb-446cbc99700bcf524",
                    "rtb-az1-XXXX-prd-db-01": "rtb-62beef039959107cd",
                    "rtb-az1-XXXX-prd-fsx-01": "rtb-9a295b01044590997",
                    "rtb-az1-XXXX-prd-web-01": "rtb-1a4e47a2ec7c30df9",
                    "rtb-az1-XXXX-prd-proxy-01": "rtb-2634aa4bf9a5028cb"
                  },
                  "security_group_id_list": {},
                  "subnet_id_list": {
                    "sub-az1a-XXXX-prd-fsx-01": "subnet-b29961b3b167b8e03",
                    "sub-XXXX-app-01": "subnet-c6a8b5620638890eb",
                    "sub-XXXX-db-01": "subnet-5f374bdf86f452001",
                    "sub-XXXX-web-01": "subnet-d244fcb94b2a9cae2",
                    "sub-XXXX-proxy-01": "subnet-2c1af4eaa890788df"
                  },
                  "vpc_id": "vpc-fd4f55b8a35a6bd53"
                }
              },
              "type": [
                "object",
                {
                  "fabric_map": [
                    "object",
                    {
                      "gateway_endpoints": [
                        "object",
                        {}
                      ],
                      "interface_endpoints": [
                        "object",
                        {}
                      ],
                      "nacl_id_list": [
                        "object",
                        {
                          "nacl-XXXX-prd-app-01": "string",
                          "nacl-XXXX-prd-db-01": "string",
                          "nacl-XXXX-prd-fsx-01": "string",
                          "nacl-XXXX-prd-web-01": "string",
                          "nacl-XXXX-prd-proxy-01": "string"
                        }
                      ],
                      "route_table_id_list": [
                        "object",
                        {
                          "rtb-az1-XXXX-prd-app-01": "string",
                          "rtb-az1-XXXX-prd-db-01": "string",
                          "rtb-az1-XXXX-prd-fsx-01": "string",
                          "rtb-az1-XXXX-prd-web-01": "string",
                          "rtb-az1-XXXX-prd-proxy-01": "string"
                        }
                      ],
                      "security_group_id_list": [
                        "object",
                        {}
                      ],
                      "subnet_id_list": [
                        "object",
                        {
                          "sub-az1a-XXXX-prd-fsx-01": "string",
                          "sub-XXXX-app-01": "string",
                          "sub-XXXX-db-01": "string",
                          "sub-XXXX-web-01": "string",
                          "sub-XXXX-proxy-01": "string"
                        }
                      ],
                      "vpc_id": "string"
                    }
                  ]
                }
              ]
            },
            "workspace": null
          },
          "sensitive_attributes": []
        }
      ]
    },
    {
      "mode": "data",
      "type": "terraform_remote_state",
      "name": "security",
      "provider": "provider[\"terraform.io/builtin/terraform\"]",
      "instances": [
        {
          "schema_version": 0,
          "attributes": {
            "backend": "s3",
            "config": {
              "value": {
                "bucket": "sst-s3-XXXX-prd-terraform-backend-store",
                "key": "XXXX-intranet/security/terraform.tfstate",
                "profile": "xxxx-XXXX-prd-profile",
                "region": "ap-southeast-1"
              },
              "type": [
                "object",
                {
                  "bucket": "string",
                  "key": "string",
                  "profile": "string",
                  "region": "string"
                }
              ]
            },
            "defaults": null,
            "outputs": {
              "value": {
                "securitygroup_map": {
                  "gateway_endpoints": {},
                  "interface_endpoints": {},
                  "nacl_id_list": {},
                  "route_table_id_list": {},
                  "security_group_id_list": {
                    "sgrp-XXXX-adjoin-01": "sg-28f1aadcafbdcf55a",
                    "sgrp-XXXX-appalb-01": "sg-f567fe50679553308",
                    "sgrp-XXXX-baas-backup-01": "sg-754ff7eac52a174b5",
                    "sgrp-XXXX-backupsvr-01": "sg-f334727005788264d",
                    "sgrp-XXXX-edb-01": "sg-847c3e11221fab347",
                    "sgrp-XXXX-file-01": "sg-5da9e48947bcebb13",
                    "sgrp-XXXX-fsxentdb-01": "sg-a4bc02145c8ee2d32",
                    "sgrp-XXXX-fsxundb1-01": "sg-484c4fa60e59aff3f",
                    "sgrp-XXXX-fsxundb3-01": "sg-a2050b1f14d758bdc",
                    "sgrp-XXXX-fsxundb5-01": "sg-3d2260dda88dfb782",
                    "sgrp-XXXX-gp-01": "sg-14027736d1aec1248",
                    "sgrp-XXXX-job-01": "sg-341a308e76014c845",
                    "sgrp-XXXX-management-01": "sg-d1f40521fe0112058",
                    "sgrp-XXXX-map-01": "sg-62c37b401e6a61284",
                    "sgrp-XXXX-mon-01": "sg-efb826b5862041fab",
                    "sgrp-XXXX-ptl-01": "sg-4797faf24c973eb91",
                    "sgrp-XXXX-rdb-01": "sg-f1734dbaa47e07464",
                    "sgrp-XXXX-un-01": "sg-9167cd0b817e41032",
                    "sgrp-XXXX-udb-01": "sg-b1d1c1cdff7cb28bd",
                    "sgrp-XXXX-udb-03": "sg-02110d351dd79dc7e",
                    "sgrp-XXXX-udb-05": "sg-d20be7030500f31dd",
                    "sgrp-XXXX-web-01": "sg-658230061d5439625",
                    "sgrp-XXXX-proxy-01": "sg-78b47da246141ead4"
                  },
                  "subnet_id_list": {},
                  "vpc_id": "vpc-fd4f55b8a35a6bd53"
                }
              },
              "type": [
                "object",
                {
                  "securitygroup_map": [
                    "object",
                    {
                      "gateway_endpoints": [
                        "object",
                        {}
                      ],
                      "interface_endpoints": [
                        "object",
                        {}
                      ],
                      "nacl_id_list": [
                        "object",
                        {}
                      ],
                      "route_table_id_list": [
                        "object",
                        {}
                      ],
                      "security_group_id_list": [
                        "object",
                        {
                          "sgrp-XXXX-adjoin-01": "string",
                          "sgrp-XXXX-appalb-01": "string",
                          "sgrp-XXXX-baas-backup-01": "string",
                          "sgrp-XXXX-backupsvr-01": "string",
                          "sgrp-XXXX-edb-01": "string",
                          "sgrp-XXXX-file-01": "string",
                          "sgrp-XXXX-fsxentdb-01": "string",
                          "sgrp-XXXX-fsxundb1-01": "string",
                          "sgrp-XXXX-fsxundb3-01": "string",
                          "sgrp-XXXX-fsxundb5-01": "string",
                          "sgrp-XXXX-gp-01": "string",
                          "sgrp-XXXX-job-01": "string",
                          "sgrp-XXXX-management-01": "string",
                          "sgrp-XXXX-map-01": "string",
                          "sgrp-XXXX-mon-01": "string",
                          "sgrp-XXXX-ptl-01": "string",
                          "sgrp-XXXX-rdb-01": "string",
                          "sgrp-XXXX-un-01": "string",
                          "sgrp-XXXX-udb-01": "string",
                          "sgrp-XXXX-udb-03": "string",
                          "sgrp-XXXX-udb-05": "string",
                          "sgrp-XXXX-web-01": "string",
                          "sgrp-XXXX-proxy-01": "string"
                        }
                      ],
                      "subnet_id_list": [
                        "object",
                        {}
                      ],
                      "vpc_id": "string"
                    }
                  ]
                }
              ]
            },
            "workspace": null
          },
          "sensitive_attributes": []
        }
      ]
    },
    {
      "mode": "managed",
      "type": "aws_network_interface",
      "name": "backup_ip",
      "provider": "provider[\"registry.terraform.io/hashicorp/aws\"]",
      "instances": [
        {
          "schema_version": 0,
          "attributes": {
            "arn": "arn:aws:ec2:ap-southeast-1:222222222222:network-interface/eni-a7e96fddf527d82b5",
            "attachment": [
              {
                "attachment_id": "eni-attach-0ec24bcc0d96068b4",
                "device_index": 2,
                "instance": "i-6c95b14d729881414"
              }
            ],
            "description": "eni-XXXX-backup-udb-02",
            "id": "eni-a7e96fddf527d82b5",
            "interface_type": "interface",
            "ipv4_prefix_count": 0,
            "ipv4_prefixes": [],
            "ipv6_address_count": 0,
            "ipv6_address_list": [],
            "ipv6_address_list_enabled": false,
            "ipv6_addresses": [],
            "ipv6_prefix_count": 0,
            "ipv6_prefixes": [],
            "mac_address": "0a:a4:ff:ec:09:9c",
            "outpost_arn": "",
            "owner_id": "222222222222",
            "private_dns_name": "ip-10-58-229-219.ap-southeast-1.compute.internal",
            "private_ip": "10.30.57.27",
            "private_ip_list": [
              "10.30.57.27"
            ],
            "private_ip_list_enabled": false,
            "private_ips": [
              "10.30.57.27"
            ],
            "private_ips_count": 0,
            "security_groups": [
              "sg-754ff7eac52a174b5"
            ],
            "source_dest_check": true,
            "subnet_id": "subnet-e8807a81595f8c083",
            "tags": {
              "Author": "Vendor",
              "Created-by": "Terraform",
              "Name": "eni-XXXX-backup-udb-02",
              "agency-code": "xxxx",
              "environment": "prd",
              "project-code": "XXXX",
              "tier": "db",
              "zone": "ia"
            },
            "tags_all": {
              "Author": "Vendor",
              "Created-by": "Terraform",
              "Name": "eni-XXXX-backup-udb-02",
              "agency-code": "xxxx",
              "environment": "prd",
              "project-code": "XXXX",
              "tier": "db",
              "zone": "ia"
            }
          },
          "sensitive_attributes": [],
          "private": "bnVsbA==",
          "dependencies": [
            "data.aws_subnet.backup_subnet_1a",
            "data.terraform_remote_state.fabric",
            "data.terraform_remote_state.security",
            "module.XXXX-prddb-ec2-01.aws_instance.this"
          ]
        }
      ]
    },
    {
      "mode": "managed",
      "type": "aws_network_interface",
      "name": "management_ip",
      "provider": "provider[\"registry.terraform.io/hashicorp/aws\"]",
      "instances": [
        {
          "schema_version": 0,
          "attributes": {
            "arn": "arn:aws:ec2:ap-southeast-1:222222222222:network-interface/eni-a3ad87eff7bf511da",
            "attachment": [
              {
                "attachment_id": "eni-attach-fb72fe7fa1613bbbe",
                "device_index": 1,
                "instance": "i-6c95b14d729881414"
              }
            ],
            "description": "eni-XXXX-mgmt-udb-02",
            "id": "eni-a3ad87eff7bf511da",
            "interface_type": "interface",
            "ipv4_prefix_count": 0,
            "ipv4_prefixes": [],
            "ipv6_address_count": 0,
            "ipv6_address_list": [],
            "ipv6_address_list_enabled": false,
            "ipv6_addresses": [],
            "ipv6_prefix_count": 0,
            "ipv6_prefixes": [],
            "mac_address": "0a:57:c6:ea:fa:d8",
            "outpost_arn": "",
            "owner_id": "222222222222",
            "private_dns_name": "ip-10-58-19-219.ap-southeast-1.compute.internal",
            "private_ip": "10.30.90.59",
            "private_ip_list": [
              "10.30.90.59"
            ],
            "private_ip_list_enabled": false,
            "private_ips": [
              "10.30.90.59"
            ],
            "private_ips_count": 0,
            "security_groups": [
              "sg-d1f40521fe0112058"
            ],
            "source_dest_check": true,
            "subnet_id": "subnet-fb380cbad4d30e903",
            "tags": {
              "Author": "Vendor",
              "Created-by": "Terraform",
              "Name": "eni-XXXX-mgmt-udb-02",
              "agency-code": "xxxx",
              "environment": "prd",
              "project-code": "XXXX",
              "tier": "db",
              "zone": "ia"
            },
            "tags_all": {
              "Author": "Vendor",
              "Created-by": "Terraform",
              "Name": "eni-XXXX-mgmt-udb-02",
              "agency-code": "xxxx",
              "environment": "prd",
              "project-code": "XXXX",
              "tier": "db",
              "zone": "ia"
            }
          },
          "sensitive_attributes": [],
          "private": "bnVsbA==",
          "dependencies": [
            "data.aws_subnet.management_subnet_1a",
            "data.terraform_remote_state.fabric",
            "data.terraform_remote_state.security",
            "module.XXXX-prddb-ec2-01.aws_instance.this"
          ]
        }
      ]
    },
    {
      "module": "module.XXXX-prddb-ec2-01",
      "mode": "managed",
      "type": "aws_instance",
      "name": "this",
      "provider": "provider[\"registry.terraform.io/hashicorp/aws\"]",
      "instances": [
        {
          "index_key": 0,
          "schema_version": 1,
          "attributes": {
            "ami": "ami-0b2a30c1b715279c6",
            "arn": "arn:aws:ec2:ap-southeast-1:222222222222:instance/i-6c95b14d729881414",
            "associate_public_ip_address": false,
            "availability_zone": "ap-southeast-11a",
            "capacity_reservation_specification": [
              {
                "capacity_reservation_preference": "open",
                "capacity_reservation_target": []
              }
            ],
            "cpu_core_count": 2,
            "cpu_options": [
              {
                "amd_sev_snp": "",
                "core_count": 2,
                "threads_per_core": 2
              }
            ],
            "cpu_threads_per_core": 2,
            "credit_specification": [],
            "disable_api_stop": false,
            "disable_api_termination": true,
            "ebs_block_device": [
              {
                "delete_on_termination": false,
                "device_name": "/dev/xvdb",
                "encrypted": true,
                "iops": 3750,
                "kms_key_id": "arn:aws:kms:ap-southeast-1:222222222222:key/ff87ab26ff802cd99b6a462d8b3c80b1",
                "snapshot_id": "",
                "tags": {},
                "throughput": 0,
                "volume_id": "vol-4aa80886da07ed815",
                "volume_size": 1250,
                "volume_type": "gp2"
              },
              {
                "delete_on_termination": false,
                "device_name": "/dev/xvdc",
                "encrypted": true,
                "iops": 1500,
                "kms_key_id": "arn:aws:kms:ap-southeast-1:222222222222:key/ff87ab26ff802cd99b6a462d8b3c80b1",
                "snapshot_id": "",
                "tags": {},
                "throughput": 0,
                "volume_id": "vol-eb06cddab17de4b09",
                "volume_size": 500,
                "volume_type": "gp2"
              },
              {
                "delete_on_termination": false,
                "device_name": "/dev/xvdd",
                "encrypted": true,
                "iops": 3750,
                "kms_key_id": "arn:aws:kms:ap-southeast-1:222222222222:key/ff87ab26ff802cd99b6a462d8b3c80b1",
                "snapshot_id": "",
                "tags": {},
                "throughput": 0,
                "volume_id": "vol-5b666cef0a1ea24c1",
                "volume_size": 1250,
                "volume_type": "gp2"
              }
            ],
            "ebs_optimized": false,
            "enclave_options": [
              {
                "enabled": false
              }
            ],
            "ephemeral_block_device": [],
            "get_password_data": false,
            "hibernation": false,
            "host_id": "",
            "host_resource_group_arn": null,
            "iam_instance_profile": "u-XXXX-iamr-ec2-profile",
            "id": "i-6c95b14d729881414",
            "instance_initiated_shutdown_behavior": "stop",
            "instance_lifecycle": "",
            "instance_market_options": [],
            "instance_state": "running",
            "instance_type": "r5.xlarge",
            "ipv6_address_count": 0,
            "ipv6_addresses": [],
            "key_name": "vm-XXXX-udb-01",
            "launch_template": [],
            "maintenance_options": [
              {
                "auto_recovery": "default"
              }
            ],
            "metadata_options": [
              {
                "http_endpoint": "enabled",
                "http_put_response_hop_limit": 1,
                "http_tokens": "required",
                "instance_metadata_tags": "disabled"
              }
            ],
            "monitoring": false,
            "network_interface": [],
            "outpost_arn": "",
            "password_data": "",
            "placement_group": "",
            "placement_partition_number": 0,
            "primary_network_interface_id": "eni-e5aac9e49ea8330ca",
            "private_dns": "ip-10-59-231-76.ap-southeast-1.compute.internal",
            "private_dns_name_options": [
              {
                "enable_resource_name_dns_a_record": false,
                "enable_resource_name_dns_aaaa_record": false,
                "hostname_type": "ip-name"
              }
            ],
            "private_ip": "10.30.96.76",
            "public_dns": "",
            "public_ip": "",
            "root_block_device": [
              {
                "delete_on_termination": true,
                "device_name": "/dev/sda1",
                "encrypted": true,
                "iops": 300,
                "kms_key_id": "arn:aws:kms:ap-southeast-1:222222222222:key/ff87ab26ff802cd99b6a462d8b3c80b1",
                "tags": {},
                "throughput": 0,
                "volume_id": "vol-a5597d5082b147240",
                "volume_size": 100,
                "volume_type": "gp2"
              }
            ],
            "secondary_private_ips": [
              "10.30.96.95",
              "10.30.96.96"
            ],
            "security_groups": [],
            "source_dest_check": true,
            "spot_instance_request_id": "",
            "subnet_id": "subnet-5f374bdf86f452001",
            "tags": {
              "Author": "Vendor",
              "Created-by": "Terraform",
              "Name": "vm-XXXX-udb-02",
              "OS": "Windows",
              "agency-code": "xxxx",
              "environment": "prd",
              "project-code": "XXXX",
              "purpose": "Intranet DB UN Server VM 2 XXXX",
              "tier": "db",
              "zone": "ia"
            },
            "tags_all": {
              "Author": "Vendor",
              "Created-by": "Terraform",
              "Name": "vm-XXXX-udb-02",
              "OS": "Windows",
              "agency-code": "xxxx",
              "environment": "prd",
              "project-code": "XXXX",
              "purpose": "Intranet DB UN Server VM 2 XXXX",
              "tier": "db",
              "zone": "ia"
            },
            "tenancy": "default",
            "timeouts": null,
            "user_data": "",
            "user_data_base64": null,
            "user_data_replace_on_change": false,
            "volume_tags": {
              "Author": "Vendor",
              "Created-by": "Terraform",
              "Name": "vol-vm-xxxx-XXXX-prdundb-02",
              "agency-code": "xxxx",
              "environment": "prd",
              "project-code": "XXXX",
              "tier": "db",
              "zone": "ia"
            },
            "vpc_security_group_ids": [
              "sg-28f1aadcafbdcf55a",
              "sg-b1d1c1cdff7cb28bd"
            ]
          },
          "sensitive_attributes": [],
          "private": "eyJlMmJmYjczMC1lY2FhLTExZTYtOGY4OC0zNDM2M2JjN2M0YzAiOnsiY3JlYXRlIjo2MDAwMDAwMDAwMDAsImRlbGV0ZSI6MTIwMDAwMDAwMDAwMCwidXBkYXRlIjo2MDAwMDAwMDAwMDB9LCJzY2hlbWFfdmVyc2lvbiI6IjEifQ==",
          "dependencies": [
            "data.terraform_remote_state.fabric",
            "data.terraform_remote_state.security"
          ]
        }
      ]
    },
    {
      "module": "module.XXXX-prddb-ec2-01-ebs-d-01",
      "mode": "managed",
      "type": "aws_ebs_volume",
      "name": "this",
      "provider": "provider[\"registry.terraform.io/hashicorp/aws\"]",
      "instances": [
        {
          "schema_version": 0,
          "attributes": {
            "arn": "arn:aws:ec2:ap-southeast-1:222222222222:volume/vol-4aa80886da07ed815",
            "availability_zone": "ap-southeast-11a",
            "encrypted": true,
            "final_snapshot": false,
            "id": "vol-4aa80886da07ed815",
            "iops": 3750,
            "kms_key_id": "arn:aws:kms:ap-southeast-1:222222222222:key/ff87ab26ff802cd99b6a462d8b3c80b1",
            "multi_attach_enabled": false,
            "outpost_arn": "",
            "size": 1250,
            "snapshot_id": "",
            "tags": {
              "Author": "Vendor",
              "Created-by": "Terraform",
              "Name": "vol-vm-xxxx-XXXX-prdundb-02-0",
              "agency-code": "xxxx",
              "environment": "prd",
              "project-code": "XXXX",
              "tier": "db",
              "zone": "ia"
            },
            "tags_all": {
              "Author": "Vendor",
              "Created-by": "Terraform",
              "Name": "vol-vm-xxxx-XXXX-prdundb-02-0",
              "agency-code": "xxxx",
              "environment": "prd",
              "project-code": "XXXX",
              "tier": "db",
              "zone": "ia"
            },
            "throughput": 0,
            "timeouts": null,
            "type": "gp2"
          },
          "sensitive_attributes": [],
          "private": "eyJlMmJmYjczMC1lY2FhLTExZTYtOGY4OC0zNDM2M2JjN2M0YzAiOnsiY3JlYXRlIjozMDAwMDAwMDAwMDAsImRlbGV0ZSI6MzAwMDAwMDAwMDAwLCJ1cGRhdGUiOjMwMDAwMDAwMDAwMH19"
        }
      ]
    },
    {
      "module": "module.XXXX-prddb-ec2-01-ebs-d-01",
      "mode": "managed",
      "type": "aws_volume_attachment",
      "name": "this",
      "provider": "provider[\"registry.terraform.io/hashicorp/aws\"]",
      "instances": [
        {
          "index_key": 0,
          "schema_version": 0,
          "attributes": {
            "device_name": "/dev/xvdb",
            "force_detach": null,
            "id": "vai-2368584718",
            "instance_id": "i-6c95b14d729881414",
            "skip_destroy": null,
            "stop_instance_before_detaching": null,
            "timeouts": null,
            "volume_id": "vol-4aa80886da07ed815"
          },
          "sensitive_attributes": [],
          "private": "eyJlMmJmYjczMC1lY2FhLTExZTYtOGY4OC0zNDM2M2JjN2M0YzAiOnsiY3JlYXRlIjozMDAwMDAwMDAwMDAsImRlbGV0ZSI6MzAwMDAwMDAwMDAwfX0=",
          "dependencies": [
            "data.terraform_remote_state.fabric",
            "data.terraform_remote_state.security",
            "module.XXXX-prddb-ec2-01-ebs-d-01.aws_ebs_volume.this",
            "module.XXXX-prddb-ec2-01.aws_instance.this"
          ]
        }
      ]
    },
    {
      "module": "module.XXXX-prddb-ec2-01-ebs-e-01",
      "mode": "managed",
      "type": "aws_ebs_volume",
      "name": "this",
      "provider": "provider[\"registry.terraform.io/hashicorp/aws\"]",
      "instances": [
        {
          "schema_version": 0,
          "attributes": {
            "arn": "arn:aws:ec2:ap-southeast-1:222222222222:volume/vol-eb06cddab17de4b09",
            "availability_zone": "ap-southeast-11a",
            "encrypted": true,
            "final_snapshot": false,
            "id": "vol-eb06cddab17de4b09",
            "iops": 1500,
            "kms_key_id": "arn:aws:kms:ap-southeast-1:222222222222:key/ff87ab26ff802cd99b6a462d8b3c80b1",
            "multi_attach_enabled": false,
            "outpost_arn": "",
            "size": 500,
            "snapshot_id": "",
            "tags": {
              "Author": "Vendor",
              "Created-by": "Terraform",
              "Name": "vol-vm-xxxx-XXXX-prdundb-02-1",
              "agency-code": "xxxx",
              "environment": "prd",
              "project-code": "XXXX",
              "tier": "db",
              "zone": "ia"
            },
            "tags_all": {
              "Author": "Vendor",
              "Created-by": "Terraform",
              "Name": "vol-vm-xxxx-XXXX-prdundb-02-1",
              "agency-code": "xxxx",
              "environment": "prd",
              "project-code": "XXXX",
              "tier": "db",
              "zone": "ia"
            },
            "throughput": 0,
            "timeouts": null,
            "type": "gp2"
          },
          "sensitive_attributes": [],
          "private": "eyJlMmJmYjczMC1lY2FhLTExZTYtOGY4OC0zNDM2M2JjN2M0YzAiOnsiY3JlYXRlIjozMDAwMDAwMDAwMDAsImRlbGV0ZSI6MzAwMDAwMDAwMDAwLCJ1cGRhdGUiOjMwMDAwMDAwMDAwMH19",
          "dependencies": [
            "data.terraform_remote_state.fabric",
            "data.terraform_remote_state.security",
            "module.XXXX-prddb-ec2-01-ebs-d-01.aws_ebs_volume.this",
            "module.XXXX-prddb-ec2-01-ebs-d-01.aws_volume_attachment.this",
            "module.XXXX-prddb-ec2-01.aws_instance.this"
          ]
        }
      ]
    },
    {
      "module": "module.XXXX-prddb-ec2-01-ebs-e-01",
      "mode": "managed",
      "type": "aws_volume_attachment",
      "name": "this",
      "provider": "provider[\"registry.terraform.io/hashicorp/aws\"]",
      "instances": [
        {
          "index_key": 0,
          "schema_version": 0,
          "attributes": {
            "device_name": "/dev/xvdc",
            "force_detach": null,
            "id": "vai-3952212135",
            "instance_id": "i-6c95b14d729881414",
            "skip_destroy": null,
            "stop_instance_before_detaching": null,
            "timeouts": null,
            "volume_id": "vol-eb06cddab17de4b09"
          },
          "sensitive_attributes": [],
          "private": "eyJlMmJmYjczMC1lY2FhLTExZTYtOGY4OC0zNDM2M2JjN2M0YzAiOnsiY3JlYXRlIjozMDAwMDAwMDAwMDAsImRlbGV0ZSI6MzAwMDAwMDAwMDAwfX0=",
          "dependencies": [
            "data.terraform_remote_state.fabric",
            "data.terraform_remote_state.security",
            "module.XXXX-prddb-ec2-01-ebs-d-01.aws_ebs_volume.this",
            "module.XXXX-prddb-ec2-01-ebs-d-01.aws_volume_attachment.this",
            "module.XXXX-prddb-ec2-01-ebs-e-01.aws_ebs_volume.this",
            "module.XXXX-prddb-ec2-01.aws_instance.this"
          ]
        }
      ]
    },
    {
      "module": "module.XXXX-prddb-ec2-01-ebs-f-01",
      "mode": "managed",
      "type": "aws_ebs_volume",
      "name": "this",
      "provider": "provider[\"registry.terraform.io/hashicorp/aws\"]",
      "instances": [
        {
          "schema_version": 0,
          "attributes": {
            "arn": "arn:aws:ec2:ap-southeast-1:222222222222:volume/vol-5b666cef0a1ea24c1",
            "availability_zone": "ap-southeast-11a",
            "encrypted": true,
            "final_snapshot": false,
            "id": "vol-5b666cef0a1ea24c1",
            "iops": 3750,
            "kms_key_id": "arn:aws:kms:ap-southeast-1:222222222222:key/ff87ab26ff802cd99b6a462d8b3c80b1",
            "multi_attach_enabled": false,
            "outpost_arn": "",
            "size": 1250,
            "snapshot_id": "",
            "tags": {
              "Author": "Vendor",
              "Created-by": "Terraform",
              "Name": "vol-vm-xxxx-XXXX-prdundb-02-2",
              "agency-code": "xxxx",
              "environment": "prd",
              "project-code": "XXXX",
              "tier": "db",
              "zone": "ia"
            },
            "tags_all": {
              "Author": "Vendor",
              "Created-by": "Terraform",
              "Name": "vol-vm-xxxx-XXXX-prdundb-02-2",
              "agency-code": "xxxx",
              "environment": "prd",
              "project-code": "XXXX",
              "tier": "db",
              "zone": "ia"
            },
            "throughput": 0,
            "timeouts": null,
            "type": "gp2"
          },
          "sensitive_attributes": [],
          "private": "eyJlMmJmYjczMC1lY2FhLTExZTYtOGY4OC0zNDM2M2JjN2M0YzAiOnsiY3JlYXRlIjozMDAwMDAwMDAwMDAsImRlbGV0ZSI6MzAwMDAwMDAwMDAwLCJ1cGRhdGUiOjMwMDAwMDAwMDAwMH19",
          "dependencies": [
            "data.terraform_remote_state.fabric",
            "data.terraform_remote_state.security",
            "module.XXXX-prddb-ec2-01-ebs-d-01.aws_ebs_volume.this",
            "module.XXXX-prddb-ec2-01-ebs-d-01.aws_volume_attachment.this",
            "module.XXXX-prddb-ec2-01-ebs-e-01.aws_ebs_volume.this",
            "module.XXXX-prddb-ec2-01-ebs-e-01.aws_volume_attachment.this",
            "module.XXXX-prddb-ec2-01.aws_instance.this"
          ]
        }
      ]
    },
    {
      "module": "module.XXXX-prddb-ec2-01-ebs-f-01",
      "mode": "managed",
      "type": "aws_volume_attachment",
      "name": "this",
      "provider": "provider[\"registry.terraform.io/hashicorp/aws\"]",
      "instances": [
        {
          "index_key": 0,
          "schema_version": 0,
          "attributes": {
            "device_name": "/dev/xvdd",
            "force_detach": null,
            "id": "vai-3889160582",
            "instance_id": "i-6c95b14d729881414",
            "skip_destroy": null,
            "stop_instance_before_detaching": null,
            "timeouts": null,
            "volume_id": "vol-5b666cef0a1ea24c1"
          },
          "sensitive_attributes": [],
          "private": "eyJlMmJmYjczMC1lY2FhLTExZTYtOGY4OC0zNDM2M2JjN2M0YzAiOnsiY3JlYXRlIjozMDAwMDAwMDAwMDAsImRlbGV0ZSI6MzAwMDAwMDAwMDAwfX0=",
          "dependencies": [
            "data.terraform_remote_state.fabric",
            "data.terraform_remote_state.security",
            "module.XXXX-prddb-ec2-01-ebs-d-01.aws_ebs_volume.this",
            "module.XXXX-prddb-ec2-01-ebs-d-01.aws_volume_attachment.this",
            "module.XXXX-prddb-ec2-01-ebs-e-01.aws_ebs_volume.this",
            "module.XXXX-prddb-ec2-01-ebs-e-01.aws_volume_attachment.this",
            "module.XXXX-prddb-ec2-01-ebs-f-01.aws_ebs_volume.this",
            "module.XXXX-prddb-ec2-01.aws_instance.this"
          ]
        }
      ]
    }
  ],
  "check_results": null
}
