{
  "version": 4,
  "terraform_version": "1.5.7",
  "serial": 192,
  "lineage": "13480069503b1ecfbd72b4fe5288a9b1",
  "outputs": {
    "securitygroup_map": {
      "value": {
        "gateway_endpoints": {},
        "interface_endpoints": {},
        "nacl_id_list": {},
        "route_table_id_list": {},
        "security_group_id_list": {
          "sgrp-XXXX-adjoin-01": "sg-8464f6c0a477d829a",
          "sgrp-XXXX-appalb-01": "sg-f92fbfe42f69e5786",
          "sgrp-XXXX-baas-backup-01": "sg-1269df882c3567c92",
          "sgrp-XXXX-edb-01": "sg-50b79733dcf4240a1",
          "sgrp-XXXX-file-01": "sg-7650972b67a042a18",
          "sgrp-XXXX-gp-01": "sg-703bf2694bdf82ed0",
          "sgrp-XXXX-job-01": "sg-cb5968f5ba1ad50e8",
          "sgrp-XXXX-management-01": "sg-0b51d54f35b16bee7",
          "sgrp-XXXX-map-01": "sg-f1e22e496da168c30",
          "sgrp-XXXX-ptl-01": "sg-4c9b120c417998692",
          "sgrp-XXXX-rdb-01": "sg-7079bcbb558022f61",
          "sgrp-XXXX-un-01": "sg-08b9a430cb789f96c",
          "sgrp-XXXX-udb-01": "sg-c6fa82cb28e1fb1f5",
          "sgrp-XXXX-web-01": "sg-a14e1807ea7d32a83",
          "sgrp-XXXX-proxy-01": "sg-40ce930f842de3d88"
        },
        "subnet_id_list": {},
        "vpc_id": "vpc-f4efee4924c32459f"
      },
      "type": [
        "object",
        {
          "gateway_endpoints": [
            "object",
            {}
          ],
          "interface_endpoints": [
            "object",
            {}
          ],
          "nacl_id_list": [
            "object",
            {}
          ],
          "route_table_id_list": [
            "object",
            {}
          ],
          "security_group_id_list": [
            "object",
            {
              "sgrp-XXXX-adjoin-01": "string",
              "sgrp-XXXX-appalb-01": "string",
              "sgrp-XXXX-baas-backup-01": "string",
              "sgrp-XXXX-edb-01": "string",
              "sgrp-XXXX-file-01": "string",
              "sgrp-XXXX-gp-01": "string",
              "sgrp-XXXX-job-01": "string",
              "sgrp-XXXX-management-01": "string",
              "sgrp-XXXX-map-01": "string",
              "sgrp-XXXX-ptl-01": "string",
              "sgrp-XXXX-rdb-01": "string",
              "sgrp-XXXX-un-01": "string",
              "sgrp-XXXX-udb-01": "string",
              "sgrp-XXXX-web-01": "string",
              "sgrp-XXXX-proxy-01": "string"
            }
          ],
          "subnet_id_list": [
            "object",
            {}
          ],
          "vpc_id": "string"
        }
      ]
    }
  },
  "resources": [
    {
      "mode": "data",
      "type": "terraform_remote_state",
      "name": "fabric",
      "provider": "provider[\"terraform.io/builtin/terraform\"]",
      "instances": [
        {
          "schema_version": 0,
          "attributes": {
            "backend": "s3",
            "config": {
              "value": {
                "bucket": "sst-s3-XXXX-uat-terraform-backend-store",
                "key": "XXXX-intranet/fabric/terraform.tfstate",
                "profile": "xxxx-XXXX-uat-profile",
                "region": "ap-southeast-1"
              },
              "type": [
                "object",
                {
                  "bucket": "string",
                  "key": "string",
                  "profile": "string",
                  "region": "string"
                }
              ]
            },
            "defaults": null,
            "outputs": {
              "value": {
                "fabric_map": {
                  "gateway_endpoints": {},
                  "interface_endpoints": {},
                  "nacl_id_list": {
                    "nacl-XXXX-uat-app-01": "acl-a1b83607670ba4c8f",
                    "nacl-XXXX-uat-db-01": "acl-7d1233b931865feb3",
                    "nacl-XXXX-uat-web-01": "acl-806c6b42929ebf357",
                    "nacl-XXXX-uat-proxy-01": "acl-baf6e0dc0a983e1be"
                  },
                  "route_table_id_list": {
                    "rtb-XXXX-app-01": "rtb-b2b8df2363bfc2e9a",
                    "rtb-XXXX-db-01": "rtb-78f94af9392640d0b",
                    "rtb-XXXX-web-01": "rtb-2819481f5d754b9de",
                    "rtb-XXXX-proxy-01": "rtb-c41b7fc7c878350b6"
                  },
                  "security_group_id_list": {},
                  "subnet_id_list": {
                    "sub-XXXX-app-01": "subnet-4cf045070400ce875",
                    "sub-XXXX-db-01": "subnet-8729cebe40cd0ce97",
                    "sub-XXXX-web-01": "subnet-f129cd04587b113d5",
                    "sub-XXXX-proxy-01": "subnet-1b66049e48f0a3eb1"
                  },
                  "vpc_id": "vpc-f4efee4924c32459f"
                }
              },
              "type": [
                "object",
                {
                  "fabric_map": [
                    "object",
                    {
                      "gateway_endpoints": [
                        "object",
                        {}
                      ],
                      "interface_endpoints": [
                        "object",
                        {}
                      ],
                      "nacl_id_list": [
                        "object",
                        {
                          "nacl-XXXX-uat-app-01": "string",
                          "nacl-XXXX-uat-db-01": "string",
                          "nacl-XXXX-uat-web-01": "string",
                          "nacl-XXXX-uat-proxy-01": "string"
                        }
                      ],
                      "route_table_id_list": [
                        "object",
                        {
                          "rtb-XXXX-app-01": "string",
                          "rtb-XXXX-db-01": "string",
                          "rtb-XXXX-web-01": "string",
                          "rtb-XXXX-proxy-01": "string"
                        }
                      ],
                      "security_group_id_list": [
                        "object",
                        {}
                      ],
                      "subnet_id_list": [
                        "object",
                        {
                          "sub-XXXX-app-01": "string",
                          "sub-XXXX-db-01": "string",
                          "sub-XXXX-web-01": "string",
                          "sub-XXXX-proxy-01": "string"
                        }
                      ],
                      "vpc_id": "string"
                    }
                  ]
                }
              ]
            },
            "workspace": null
          },
          "sensitive_attributes": []
        }
      ]
    },
    {
      "module": "module.security.module.security_group",
      "mode": "managed",
      "type": "aws_security_group",
      "name": "this",
      "provider": "provider[\"registry.terraform.io/hashicorp/aws\"]",
      "instances": [
        {
          "index_key": 0,
          "schema_version": 1,
          "attributes": {
            "arn": "arn:aws:ec2:ap-southeast-1:111111111111:security-group/sg-a14e1807ea7d32a83",
            "description": "XXXX intranet web Security Group",
            "egress": [
              {
                "cidr_blocks": [
                  "10.20.96.43/27",
                  "10.20.154.230/27"
                ],
                "description": "For access of SOE Active Directory",
                "from_port": 135,
                "ipv6_cidr_blocks": [],
                "prefix_list_ids": [],
                "protocol": "tcp",
                "security_groups": [],
                "self": false,
                "to_port": 135
              },
              {
                "cidr_blocks": [
                  "10.20.96.43/27",
                  "10.20.154.230/27"
                ],
                "description": "For access of SOE Active Directory",
                "from_port": 135,
                "ipv6_cidr_blocks": [],
                "prefix_list_ids": [],
                "protocol": "udp",
                "security_groups": [],
                "self": false,
                "to_port": 135
              },
              {
                "cidr_blocks": [
                  "10.20.96.43/27",
                  "10.20.154.230/27"
                ],
                "description": "For access of SOE Active Directory",
                "from_port": 3268,
                "ipv6_cidr_blocks": [],
                "prefix_list_ids": [],
                "protocol": "tcp",
                "security_groups": [],
                "self": false,
                "to_port": 3268
              },
              {
                "cidr_blocks": [
                  "10.20.96.43/27",
                  "10.20.154.230/27"
                ],
                "description": "For access of SOE Active Directory",
                "from_port": 50000,
                "ipv6_cidr_blocks": [],
                "prefix_list_ids": [],
                "protocol": "tcp",
                "security_groups": [],
                "self": false,
                "to_port": 55000
              },
              {
                "cidr_blocks": [
                  "10.20.96.43/27",
                  "10.20.154.230/27"
                ],
                "description": "For access of SOE Active Directory",
                "from_port": 88,
                "ipv6_cidr_blocks": [],
                "prefix_list_ids": [],
                "protocol": "tcp",
                "security_groups": [],
                "self": false,
                "to_port": 88
              },
              {
                "cidr_blocks": [
                  "10.20.203.19"
                ],
                "description": "Allow to SOE for DNS",
                "from_port": 53,
                "ipv6_cidr_blocks": [],
                "prefix_list_ids": [],
                "protocol": "udp",
                "security_groups": [],
                "self": false,
                "to_port": 53
              },
              {
                "cidr_blocks": [
                  "10.20.154.230/27",
                  "10.20.96.43/27"
                ],
                "description": "Allow to SOE for Ldap",
                "from_port": 389,
                "ipv6_cidr_blocks": [],
                "prefix_list_ids": [],
                "protocol": "udp",
                "security_groups": [],
                "self": false,
                "to_port": 389
              },
              {
                "cidr_blocks": [
                  "10.20.154.230/27",
                  "10.20.96.43/27"
                ],
                "description": "For access of SOE Active Directory",
                "from_port": 389,
                "ipv6_cidr_blocks": [],
                "prefix_list_ids": [],
                "protocol": "tcp",
                "security_groups": [],
                "self": false,
                "to_port": 389
              },
              {
                "cidr_blocks": [
                  "10.20.154.230/27",
                  "10.20.96.43/27"
                ],
                "description": "For access of SOE Active Directory",
                "from_port": 48001,
                "ipv6_cidr_blocks": [],
                "prefix_list_ids": [],
                "protocol": "tcp",
                "security_groups": [],
                "self": false,
                "to_port": 48002
              },
              {
                "cidr_blocks": [
                  "10.20.154.230/27",
                  "10.20.96.43/27"
                ],
                "description": "For access of SOE Active Directory",
                "from_port": 636,
                "ipv6_cidr_blocks": [],
                "prefix_list_ids": [],
                "protocol": "tcp",
                "security_groups": [],
                "self": false,
                "to_port": 636
              },
              {
                "cidr_blocks": [
                  "10.20.154.230/27",
                  "10.20.96.43/27"
                ],
                "description": "For access of SOE Active Directory",
                "from_port": 88,
                "ipv6_cidr_blocks": [],
                "prefix_list_ids": [],
                "protocol": "udp",
                "security_groups": [],
                "self": false,
                "to_port": 88
              },
              {
                "cidr_blocks": [
                  "10.20.37.75",
                  "10.20.203.19"
                ],
                "description": "Allow to SOE for DNS",
                "from_port": 53,
                "ipv6_cidr_blocks": [],
                "prefix_list_ids": [],
                "protocol": "tcp",
                "security_groups": [],
                "self": false,
                "to_port": 53
              },
              {
                "cidr_blocks": [
                  "10.20.37.75"
                ],
                "description": "Allow to SOE for DNS",
                "from_port": 53,
                "ipv6_cidr_blocks": [],
                "prefix_list_ids": [],
                "protocol": "udp",
                "security_groups": [],
                "self": false,
                "to_port": 53
              },
              {
                "cidr_blocks": [
                  "10.20.5.116/28"
                ],
                "description": "Allow outbound to web alb for FQDN validation",
                "from_port": 443,
                "ipv6_cidr_blocks": [],
                "prefix_list_ids": [],
                "protocol": "tcp",
                "security_groups": [],
                "self": false,
                "to_port": 443
              },
              {
                "cidr_blocks": [
                  "10.20.209.141"
                ],
                "description": "To Common Forward Proxy",
                "from_port": 12221,
                "ipv6_cidr_blocks": [],
                "prefix_list_ids": [],
                "protocol": "tcp",
                "security_groups": [],
                "self": false,
                "to_port": 12221
              },
              {
                "cidr_blocks": [],
                "description": "Allow traffic from web server to the app tier load balancer",
                "from_port": 13443,
                "ipv6_cidr_blocks": [],
                "prefix_list_ids": [],
                "protocol": "tcp",
                "security_groups": [
                  "sg-f92fbfe42f69e5786"
                ],
                "self": false,
                "to_port": 13443
              },
              {
                "cidr_blocks": [],
                "description": "Allow traffic from web server to the app tier load balancer",
                "from_port": 6443,
                "ipv6_cidr_blocks": [],
                "prefix_list_ids": [],
                "protocol": "tcp",
                "security_groups": [
                  "sg-f92fbfe42f69e5786"
                ],
                "self": false,
                "to_port": 6443
              },
              {
                "cidr_blocks": [],
                "description": "Allow traffic from web server to the app tier load balancer",
                "from_port": 7443,
                "ipv6_cidr_blocks": [],
                "prefix_list_ids": [],
                "protocol": "tcp",
                "security_groups": [
                  "sg-f92fbfe42f69e5786"
                ],
                "self": false,
                "to_port": 7443
              },
              {
                "cidr_blocks": [],
                "description": "ArcGIS Server Token generation to gp server",
                "from_port": 6443,
                "ipv6_cidr_blocks": [],
                "prefix_list_ids": [],
                "protocol": "tcp",
                "security_groups": [
                  "sg-703bf2694bdf82ed0"
                ],
                "self": false,
                "to_port": 6443
              },
              {
                "cidr_blocks": [],
                "description": "ArcGIS Server Token generation to map server",
                "from_port": 6443,
                "ipv6_cidr_blocks": [],
                "prefix_list_ids": [],
                "protocol": "tcp",
                "security_groups": [
                  "sg-f1e22e496da168c30"
                ],
                "self": false,
                "to_port": 6443
              },
              {
                "cidr_blocks": [],
                "description": "ArcGIS Server Token generation to portal server",
                "from_port": 7443,
                "ipv6_cidr_blocks": [],
                "prefix_list_ids": [],
                "protocol": "tcp",
                "security_groups": [
                  "sg-4c9b120c417998692"
                ],
                "self": false,
                "to_port": 7443
              },
              {
                "cidr_blocks": [],
                "description": "ArcGIS Server Token generation to un server",
                "from_port": 6443,
                "ipv6_cidr_blocks": [],
                "prefix_list_ids": [],
                "protocol": "tcp",
                "security_groups": [
                  "sg-08b9a430cb789f96c"
                ],
                "self": false,
                "to_port": 6443
              },
              {
                "cidr_blocks": [],
                "description": "ArcGIS Workflow Manager Server to un server",
                "from_port": 13443,
                "ipv6_cidr_blocks": [],
                "prefix_list_ids": [],
                "protocol": "tcp",
                "security_groups": [
                  "sg-08b9a430cb789f96c"
                ],
                "self": false,
                "to_port": 13443
              },
              {
                "cidr_blocks": [],
                "description": "Traffic to Portal Server",
                "from_port": 10001,
                "ipv6_cidr_blocks": [],
                "prefix_list_ids": [],
                "protocol": "tcp",
                "security_groups": [
                  "sg-4c9b120c417998692"
                ],
                "self": false,
                "to_port": 10020
              }
            ],
            "id": "sg-a14e1807ea7d32a83",
            "ingress": [
              {
                "cidr_blocks": [
                  "10.20.29.109/28"
                ],
                "description": "Allow user traffic from web proxy to access UAT License Manager",
                "from_port": 27000,
                "ipv6_cidr_blocks": [],
                "prefix_list_ids": [],
                "protocol": "tcp",
                "security_groups": [],
                "self": false,
                "to_port": 27001
              },
              {
                "cidr_blocks": [
                  "10.20.5.116/28"
                ],
                "description": "Allow inbound from Common uat IA load balancer subnet cidr",
                "from_port": 443,
                "ipv6_cidr_blocks": [],
                "prefix_list_ids": [],
                "protocol": "tcp",
                "security_groups": [],
                "self": false,
                "to_port": 443
              },
              {
                "cidr_blocks": [],
                "description": "ArcGIS Portal Health Check against public facing URL",
                "from_port": 443,
                "ipv6_cidr_blocks": [],
                "prefix_list_ids": [],
                "protocol": "tcp",
                "security_groups": [
                  "sg-4c9b120c417998692",
                  "sg-703bf2694bdf82ed0",
                  "sg-08b9a430cb789f96c",
                  "sg-cb5968f5ba1ad50e8",
                  "sg-f1e22e496da168c30"
                ],
                "self": false,
                "to_port": 443
              },
              {
                "cidr_blocks": [],
                "description": "from XXXX web proxy to web01 for license manager",
                "from_port": 27000,
                "ipv6_cidr_blocks": [],
                "prefix_list_ids": [],
                "protocol": "tcp",
                "security_groups": [
                  "sg-40ce930f842de3d88"
                ],
                "self": false,
                "to_port": 27001
              },
              {
                "cidr_blocks": [],
                "description": "from XXXX web proxy to web01",
                "from_port": 443,
                "ipv6_cidr_blocks": [],
                "prefix_list_ids": [],
                "protocol": "tcp",
                "security_groups": [
                  "sg-40ce930f842de3d88"
                ],
                "self": false,
                "to_port": 443
              },
              {
                "cidr_blocks": [],
                "description": "temp local server",
                "from_port": 0,
                "ipv6_cidr_blocks": [],
                "prefix_list_ids": [],
                "protocol": "-1",
                "security_groups": [],
                "self": true,
                "to_port": 0
              }
            ],
            "name": "sgrp-XXXX-web-01",
            "name_prefix": "",
            "owner_id": "111111111111",
            "revoke_rules_on_delete": false,
            "tags": {
              "Author": "Vendor",
              "Created-by": "Terraform",
              "Name": "sgrp-XXXX-web-01",
              "agency-code": "xxxx",
              "environment": "uat",
              "project-code": "XXXX",
              "zone": "ia"
            },
            "tags_all": {
              "Author": "Vendor",
              "Created-by": "Terraform",
              "Name": "sgrp-XXXX-web-01",
              "agency-code": "xxxx",
              "environment": "uat",
              "project-code": "XXXX",
              "zone": "ia"
            },
            "timeouts": null,
            "vpc_id": "vpc-f4efee4924c32459f"
          },
          "sensitive_attributes": [],
          "private": "eyJlMmJmYjczMC1lY2FhLTExZTYtOGY4OC0zNDM2M2JjN2M0YzAiOnsiY3JlYXRlIjo2MDAwMDAwMDAwMDAsImRlbGV0ZSI6OTAwMDAwMDAwMDAwfSwic2NoZW1hX3ZlcnNpb24iOiIxIn0=",
          "dependencies": [
            "data.terraform_remote_state.fabric"
          ]
        },
        {
          "index_key": 1,
          "schema_version": 1,
          "attributes": {
            "arn": "arn:aws:ec2:ap-southeast-1:111111111111:security-group/sg-7650972b67a042a18",
            "description": "XXXX intranet file server Security Group",
            "egress": [
              {
                "cidr_blocks": [
                  "10.20.189.194/28"
                ],
                "description": "Allow outgoing from file server to App tier",
                "from_port": 22,
                "ipv6_cidr_blocks": [],
                "prefix_list_ids": [],
                "protocol": "tcp",
                "security_groups": [],
                "self": false,
                "to_port": 65535
              },
              {
                "cidr_blocks": [
                  "10.20.164.65"
                ],
                "description": "datamigration temp",
                "from_port": 22,
                "ipv6_cidr_blocks": [],
                "prefix_list_ids": [],
                "protocol": "tcp",
                "security_groups": [],
                "self": false,
                "to_port": 22
              }
            ],
            "id": "sg-7650972b67a042a18",
            "ingress": [
              {
                "cidr_blocks": [],
                "description": "Traffic from ENT DB Server",
                "from_port": 445,
                "ipv6_cidr_blocks": [],
                "prefix_list_ids": [],
                "protocol": "tcp",
                "security_groups": [
                  "sg-50b79733dcf4240a1"
                ],
                "self": false,
                "to_port": 445
              },
              {
                "cidr_blocks": [],
                "description": "Traffic from ENT DB Server",
                "from_port": 445,
                "ipv6_cidr_blocks": [],
                "prefix_list_ids": [],
                "protocol": "udp",
                "security_groups": [
                  "sg-50b79733dcf4240a1"
                ],
                "self": false,
                "to_port": 445
              },
              {
                "cidr_blocks": [],
                "description": "Traffic from GP Server",
                "from_port": 445,
                "ipv6_cidr_blocks": [],
                "prefix_list_ids": [],
                "protocol": "tcp",
                "security_groups": [
                  "sg-703bf2694bdf82ed0"
                ],
                "self": false,
                "to_port": 445
              },
              {
                "cidr_blocks": [],
                "description": "Traffic from GP Server",
                "from_port": 445,
                "ipv6_cidr_blocks": [],
                "prefix_list_ids": [],
                "protocol": "udp",
                "security_groups": [
                  "sg-703bf2694bdf82ed0"
                ],
                "self": false,
                "to_port": 445
              },
              {
                "cidr_blocks": [],
                "description": "Traffic from Map Server",
                "from_port": 445,
                "ipv6_cidr_blocks": [],
                "prefix_list_ids": [],
                "protocol": "tcp",
                "security_groups": [
                  "sg-f1e22e496da168c30"
                ],
                "self": false,
                "to_port": 445
              },
              {
                "cidr_blocks": [],
                "description": "Traffic from Map Server",
                "from_port": 445,
                "ipv6_cidr_blocks": [],
                "prefix_list_ids": [],
                "protocol": "udp",
                "security_groups": [
                  "sg-f1e22e496da168c30"
                ],
                "self": false,
                "to_port": 445
              },
              {
                "cidr_blocks": [],
                "description": "Traffic from Portal Server",
                "from_port": 445,
                "ipv6_cidr_blocks": [],
                "prefix_list_ids": [],
                "protocol": "tcp",
                "security_groups": [
                  "sg-4c9b120c417998692"
                ],
                "self": false,
                "to_port": 445
              },
              {
                "cidr_blocks": [],
                "description": "Traffic from Portal Server",
                "from_port": 445,
                "ipv6_cidr_blocks": [],
                "prefix_list_ids": [],
                "protocol": "udp",
                "security_groups": [
                  "sg-4c9b120c417998692"
                ],
                "self": false,
                "to_port": 445
              },
              {
                "cidr_blocks": [],
                "description": "Traffic from RDS DB Server",
                "from_port": 445,
                "ipv6_cidr_blocks": [],
                "prefix_list_ids": [],
                "protocol": "tcp",
                "security_groups": [
                  "sg-7079bcbb558022f61"
                ],
                "self": false,
                "to_port": 445
              },
              {
                "cidr_blocks": [],
                "description": "Traffic from RDS DB Server",
                "from_port": 445,
                "ipv6_cidr_blocks": [],
                "prefix_list_ids": [],
                "protocol": "udp",
                "security_groups": [
                  "sg-7079bcbb558022f61"
                ],
                "self": false,
                "to_port": 445
              },
              {
                "cidr_blocks": [],
                "description": "Traffic from UN DB Server",
                "from_port": 445,
                "ipv6_cidr_blocks": [],
                "prefix_list_ids": [],
                "protocol": "tcp",
                "security_groups": [
                  "sg-c6fa82cb28e1fb1f5"
                ],
                "self": false,
                "to_port": 445
              },
              {
                "cidr_blocks": [],
                "description": "Traffic from UN DB Server",
                "from_port": 445,
                "ipv6_cidr_blocks": [],
                "prefix_list_ids": [],
                "protocol": "udp",
                "security_groups": [
                  "sg-c6fa82cb28e1fb1f5"
                ],
                "self": false,
                "to_port": 445
              },
              {
                "cidr_blocks": [],
                "description": "Traffic from UN Server",
                "from_port": 445,
                "ipv6_cidr_blocks": [],
                "prefix_list_ids": [],
                "protocol": "tcp",
                "security_groups": [
                  "sg-08b9a430cb789f96c"
                ],
                "self": false,
                "to_port": 445
              },
              {
                "cidr_blocks": [],
                "description": "Traffic from UN Server",
                "from_port": 445,
                "ipv6_cidr_blocks": [],
                "prefix_list_ids": [],
                "protocol": "udp",
                "security_groups": [
                  "sg-08b9a430cb789f96c"
                ],
                "self": false,
                "to_port": 445
              },
              {
                "cidr_blocks": [],
                "description": "Traffic from job01 Server",
                "from_port": 445,
                "ipv6_cidr_blocks": [],
                "prefix_list_ids": [],
                "protocol": "tcp",
                "security_groups": [
                  "sg-cb5968f5ba1ad50e8"
                ],
                "self": false,
                "to_port": 445
              },
              {
                "cidr_blocks": [],
                "description": "Traffic from job01 Server",
                "from_port": 445,
                "ipv6_cidr_blocks": [],
                "prefix_list_ids": [],
                "protocol": "udp",
                "security_groups": [
                  "sg-cb5968f5ba1ad50e8"
                ],
                "self": false,
                "to_port": 445
              }
            ],
            "name": "sgrp-XXXX-file-01",
            "name_prefix": "",
            "owner_id": "111111111111",
            "revoke_rules_on_delete": false,
            "tags": {
              "Author": "Vendor",
              "Created-by": "Terraform",
              "Name": "sgrp-XXXX-file-01",
              "agency-code": "xxxx",
              "environment": "uat",
              "project-code": "XXXX",
              "zone": "ia"
            },
            "tags_all": {
              "Author": "Vendor",
              "Created-by": "Terraform",
              "Name": "sgrp-XXXX-file-01",
              "agency-code": "xxxx",
              "environment": "uat",
              "project-code": "XXXX",
              "zone": "ia"
            },
            "timeouts": null,
            "vpc_id": "vpc-f4efee4924c32459f"
          },
          "sensitive_attributes": [],
          "private": "eyJlMmJmYjczMC1lY2FhLTExZTYtOGY4OC0zNDM2M2JjN2M0YzAiOnsiY3JlYXRlIjo2MDAwMDAwMDAwMDAsImRlbGV0ZSI6OTAwMDAwMDAwMDAwfSwic2NoZW1hX3ZlcnNpb24iOiIxIn0=",
          "dependencies": [
            "data.terraform_remote_state.fabric"
          ]
        },
        {
          "index_key": 2,
          "schema_version": 1,
          "attributes": {
            "arn": "arn:aws:ec2:ap-southeast-1:111111111111:security-group/sg-cb5968f5ba1ad50e8",
            "description": "XXXX intranet app Security Group",
            "egress": [
              {
                "cidr_blocks": [
                  "10.20.96.43/27",
                  "10.20.154.230/27"
                ],
                "description": "Allow to SOE for Ldap",
                "from_port": 389,
                "ipv6_cidr_blocks": [],
                "prefix_list_ids": [],
                "protocol": "udp",
                "security_groups": [],
                "self": false,
                "to_port": 389
              },
              {
                "cidr_blocks": [
                  "10.20.96.43/27",
                  "10.20.154.230/27"
                ],
                "description": "For access of SOE Active Directory",
                "from_port": 135,
                "ipv6_cidr_blocks": [],
                "prefix_list_ids": [],
                "protocol": "tcp",
                "security_groups": [],
                "self": false,
                "to_port": 135
              },
              {
                "cidr_blocks": [
                  "10.20.96.43/27",
                  "10.20.154.230/27"
                ],
                "description": "For access of SOE Active Directory",
                "from_port": 389,
                "ipv6_cidr_blocks": [],
                "prefix_list_ids": [],
                "protocol": "tcp",
                "security_groups": [],
                "self": false,
                "to_port": 389
              },
              {
                "cidr_blocks": [
                  "10.20.96.43/27",
                  "10.20.154.230/27"
                ],
                "description": "For access of SOE Active Directory",
                "from_port": 636,
                "ipv6_cidr_blocks": [],
                "prefix_list_ids": [],
                "protocol": "tcp",
                "security_groups": [],
                "self": false,
                "to_port": 636
              },
              {
                "cidr_blocks": [
                  "10.20.96.43/27",
                  "10.20.154.230/27"
                ],
                "description": "For access of SOE Active Directory",
                "from_port": 88,
                "ipv6_cidr_blocks": [],
                "prefix_list_ids": [],
                "protocol": "udp",
                "security_groups": [],
                "self": false,
                "to_port": 88
              },
              {
                "cidr_blocks": [
                  "10.20.203.19",
                  "10.20.37.75"
                ],
                "description": "Allow to SOE for DNS",
                "from_port": 53,
                "ipv6_cidr_blocks": [],
                "prefix_list_ids": [],
                "protocol": "udp",
                "security_groups": [],
                "self": false,
                "to_port": 53
              },
              {
                "cidr_blocks": [
                  "10.20.154.230/27",
                  "10.20.96.43/27"
                ],
                "description": "For access of SOE Active Directory",
                "from_port": 135,
                "ipv6_cidr_blocks": [],
                "prefix_list_ids": [],
                "protocol": "udp",
                "security_groups": [],
                "self": false,
                "to_port": 135
              },
              {
                "cidr_blocks": [
                  "10.20.154.230/27",
                  "10.20.96.43/27"
                ],
                "description": "For access of SOE Active Directory",
                "from_port": 3268,
                "ipv6_cidr_blocks": [],
                "prefix_list_ids": [],
                "protocol": "tcp",
                "security_groups": [],
                "self": false,
                "to_port": 3268
              },
              {
                "cidr_blocks": [
                  "10.20.154.230/27",
                  "10.20.96.43/27"
                ],
                "description": "For access of SOE Active Directory",
                "from_port": 48001,
                "ipv6_cidr_blocks": [],
                "prefix_list_ids": [],
                "protocol": "tcp",
                "security_groups": [],
                "self": false,
                "to_port": 48002
              },
              {
                "cidr_blocks": [
                  "10.20.154.230/27",
                  "10.20.96.43/27"
                ],
                "description": "For access of SOE Active Directory",
                "from_port": 50000,
                "ipv6_cidr_blocks": [],
                "prefix_list_ids": [],
                "protocol": "tcp",
                "security_groups": [],
                "self": false,
                "to_port": 55000
              },
              {
                "cidr_blocks": [
                  "10.20.154.230/27",
                  "10.20.96.43/27"
                ],
                "description": "For access of SOE Active Directory",
                "from_port": 88,
                "ipv6_cidr_blocks": [],
                "prefix_list_ids": [],
                "protocol": "tcp",
                "security_groups": [],
                "self": false,
                "to_port": 88
              },
              {
                "cidr_blocks": [
                  "10.20.37.75",
                  "10.20.203.19"
                ],
                "description": "Allow to SOE for DNS",
                "from_port": 53,
                "ipv6_cidr_blocks": [],
                "prefix_list_ids": [],
                "protocol": "tcp",
                "security_groups": [],
                "self": false,
                "to_port": 53
              },
              {
                "cidr_blocks": [
                  "10.20.189.194/28"
                ],
                "description": "Allow outgoing from job server to App tier",
                "from_port": 22,
                "ipv6_cidr_blocks": [],
                "prefix_list_ids": [],
                "protocol": "tcp",
                "security_groups": [],
                "self": false,
                "to_port": 65535
              },
              {
                "cidr_blocks": [
                  "10.20.112.222/28"
                ],
                "description": "Allow outgoing from job server to DB tier",
                "from_port": 22,
                "ipv6_cidr_blocks": [],
                "prefix_list_ids": [],
                "protocol": "tcp",
                "security_groups": [],
                "self": false,
                "to_port": 65535
              },
              {
                "cidr_blocks": [
                  "10.20.209.141"
                ],
                "description": "To Common Forward Proxy",
                "from_port": 12221,
                "ipv6_cidr_blocks": [],
                "prefix_list_ids": [],
                "protocol": "tcp",
                "security_groups": [],
                "self": false,
                "to_port": 12221
              },
              {
                "cidr_blocks": [
                  "10.20.30.150"
                ],
                "description": "Allow connection to common uat SMTP",
                "from_port": 25,
                "ipv6_cidr_blocks": [],
                "prefix_list_ids": [],
                "protocol": "tcp",
                "security_groups": [],
                "self": false,
                "to_port": 25
              },
              {
                "cidr_blocks": [],
                "description": "Allow Job server to access rds server",
                "from_port": 2443,
                "ipv6_cidr_blocks": [],
                "prefix_list_ids": [],
                "protocol": "tcp",
                "security_groups": [
                  "sg-7079bcbb558022f61"
                ],
                "self": false,
                "to_port": 2443
              },
              {
                "cidr_blocks": [],
                "description": "ArcGIS Portal Health Check against public facing URL",
                "from_port": 443,
                "ipv6_cidr_blocks": [],
                "prefix_list_ids": [],
                "protocol": "tcp",
                "security_groups": [
                  "sg-a14e1807ea7d32a83"
                ],
                "self": false,
                "to_port": 443
              },
              {
                "cidr_blocks": [],
                "description": "Return Traffic to Portal Server",
                "from_port": 10001,
                "ipv6_cidr_blocks": [],
                "prefix_list_ids": [],
                "protocol": "tcp",
                "security_groups": [
                  "sg-4c9b120c417998692"
                ],
                "self": false,
                "to_port": 10020
              },
              {
                "cidr_blocks": [],
                "description": "Traffic to ENT DB",
                "from_port": 14333,
                "ipv6_cidr_blocks": [],
                "prefix_list_ids": [],
                "protocol": "tcp",
                "security_groups": [
                  "sg-50b79733dcf4240a1"
                ],
                "self": false,
                "to_port": 14333
              },
              {
                "cidr_blocks": [],
                "description": "Traffic to UN DB",
                "from_port": 14333,
                "ipv6_cidr_blocks": [],
                "prefix_list_ids": [],
                "protocol": "tcp",
                "security_groups": [
                  "sg-c6fa82cb28e1fb1f5"
                ],
                "self": false,
                "to_port": 14333
              },
              {
                "cidr_blocks": [],
                "description": "Traffic to app alb",
                "from_port": 13443,
                "ipv6_cidr_blocks": [],
                "prefix_list_ids": [],
                "protocol": "tcp",
                "security_groups": [
                  "sg-f92fbfe42f69e5786"
                ],
                "self": false,
                "to_port": 13443
              },
              {
                "cidr_blocks": [],
                "description": "Traffic to app alb",
                "from_port": 6443,
                "ipv6_cidr_blocks": [],
                "prefix_list_ids": [],
                "protocol": "tcp",
                "security_groups": [
                  "sg-f92fbfe42f69e5786"
                ],
                "self": false,
                "to_port": 6443
              },
              {
                "cidr_blocks": [],
                "description": "Traffic to app alb",
                "from_port": 7443,
                "ipv6_cidr_blocks": [],
                "prefix_list_ids": [],
                "protocol": "tcp",
                "security_groups": [
                  "sg-f92fbfe42f69e5786"
                ],
                "self": false,
                "to_port": 7443
              },
              {
                "cidr_blocks": [],
                "description": "Traffic to file Server",
                "from_port": 139,
                "ipv6_cidr_blocks": [],
                "prefix_list_ids": [],
                "protocol": "tcp",
                "security_groups": [
                  "sg-7650972b67a042a18"
                ],
                "self": false,
                "to_port": 139
              },
              {
                "cidr_blocks": [],
                "description": "Traffic to file Server",
                "from_port": 139,
                "ipv6_cidr_blocks": [],
                "prefix_list_ids": [],
                "protocol": "udp",
                "security_groups": [
                  "sg-7650972b67a042a18"
                ],
                "self": false,
                "to_port": 139
              },
              {
                "cidr_blocks": [],
                "description": "Traffic to file Server",
                "from_port": 445,
                "ipv6_cidr_blocks": [],
                "prefix_list_ids": [],
                "protocol": "tcp",
                "security_groups": [
                  "sg-7650972b67a042a18"
                ],
                "self": false,
                "to_port": 445
              },
              {
                "cidr_blocks": [],
                "description": "Traffic to file Server",
                "from_port": 445,
                "ipv6_cidr_blocks": [],
                "prefix_list_ids": [],
                "protocol": "udp",
                "security_groups": [
                  "sg-7650972b67a042a18"
                ],
                "self": false,
                "to_port": 445
              }
            ],
            "id": "sg-cb5968f5ba1ad50e8",
            "ingress": [
              {
                "cidr_blocks": [],
                "description": "Allow gp server to access UAT Internal License Manager (for testing purposes)",
                "from_port": 27000,
                "ipv6_cidr_blocks": [],
                "prefix_list_ids": [],
                "protocol": "tcp",
                "security_groups": [
                  "sg-703bf2694bdf82ed0"
                ],
                "self": false,
                "to_port": 27001
              },
              {
                "cidr_blocks": [],
                "description": "Allow map server to access UAT Internal License Manager (for testing purposes)",
                "from_port": 27000,
                "ipv6_cidr_blocks": [],
                "prefix_list_ids": [],
                "protocol": "tcp",
                "security_groups": [
                  "sg-f1e22e496da168c30"
                ],
                "self": false,
                "to_port": 27001
              },
              {
                "cidr_blocks": [],
                "description": "Allow portal server to access UAT Internal License Manager (for testing purposes)",
                "from_port": 27000,
                "ipv6_cidr_blocks": [],
                "prefix_list_ids": [],
                "protocol": "tcp",
                "security_groups": [
                  "sg-4c9b120c417998692"
                ],
                "self": false,
                "to_port": 27001
              },
              {
                "cidr_blocks": [],
                "description": "Allow un server to access UAT Internal License Manager (for testing purposes)",
                "from_port": 27000,
                "ipv6_cidr_blocks": [],
                "prefix_list_ids": [],
                "protocol": "tcp",
                "security_groups": [
                  "sg-08b9a430cb789f96c"
                ],
                "self": false,
                "to_port": 27001
              }
            ],
            "name": "sgrp-XXXX-job-01",
            "name_prefix": "",
            "owner_id": "111111111111",
            "revoke_rules_on_delete": false,
            "tags": {
              "Author": "Vendor",
              "Created-by": "Terraform",
              "Name": "sgrp-XXXX-job-01",
              "agency-code": "xxxx",
              "environment": "uat",
              "project-code": "XXXX",
              "zone": "ia"
            },
            "tags_all": {
              "Author": "Vendor",
              "Created-by": "Terraform",
              "Name": "sgrp-XXXX-job-01",
              "agency-code": "xxxx",
              "environment": "uat",
              "project-code": "XXXX",
              "zone": "ia"
            },
            "timeouts": null,
            "vpc_id": "vpc-f4efee4924c32459f"
          },
          "sensitive_attributes": [],
          "private": "eyJlMmJmYjczMC1lY2FhLTExZTYtOGY4OC0zNDM2M2JjN2M0YzAiOnsiY3JlYXRlIjo2MDAwMDAwMDAwMDAsImRlbGV0ZSI6OTAwMDAwMDAwMDAwfSwic2NoZW1hX3ZlcnNpb24iOiIxIn0=",
          "dependencies": [
            "data.terraform_remote_state.fabric"
          ]
        },
        {
          "index_key": 3,
          "schema_version": 1,
          "attributes": {
            "arn": "arn:aws:ec2:ap-southeast-1:111111111111:security-group/sg-08b9a430cb789f96c",
            "description": "XXXX intranet UN app Security Group",
            "egress": [
              {
                "cidr_blocks": [
                  "10.0.0.0/8"
                ],
                "description": "Allow to SOE for DNS",
                "from_port": 53,
                "ipv6_cidr_blocks": [],
                "prefix_list_ids": [],
                "protocol": "udp",
                "security_groups": [],
                "self": false,
                "to_port": 53
              },
              {
                "cidr_blocks": [
                  "10.20.96.43/27",
                  "10.20.154.230/27"
                ],
                "description": "For access of SOE Active Directory",
                "from_port": 135,
                "ipv6_cidr_blocks": [],
                "prefix_list_ids": [],
                "protocol": "tcp",
                "security_groups": [],
                "self": false,
                "to_port": 135
              },
              {
                "cidr_blocks": [
                  "10.20.96.43/27",
                  "10.20.154.230/27"
                ],
                "description": "For access of SOE Active Directory",
                "from_port": 135,
                "ipv6_cidr_blocks": [],
                "prefix_list_ids": [],
                "protocol": "udp",
                "security_groups": [],
                "self": false,
                "to_port": 135
              },
              {
                "cidr_blocks": [
                  "10.20.96.43/27",
                  "10.20.154.230/27"
                ],
                "description": "For access of SOE Active Directory",
                "from_port": 3268,
                "ipv6_cidr_blocks": [],
                "prefix_list_ids": [],
                "protocol": "tcp",
                "security_groups": [],
                "self": false,
                "to_port": 3268
              },
              {
                "cidr_blocks": [
                  "10.20.96.43/27",
                  "10.20.154.230/27"
                ],
                "description": "For access of SOE Active Directory",
                "from_port": 389,
                "ipv6_cidr_blocks": [],
                "prefix_list_ids": [],
                "protocol": "tcp",
                "security_groups": [],
                "self": false,
                "to_port": 389
              },
              {
                "cidr_blocks": [
                  "10.20.96.43/27",
                  "10.20.154.230/27"
                ],
                "description": "For access of SOE Active Directory",
                "from_port": 636,
                "ipv6_cidr_blocks": [],
                "prefix_list_ids": [],
                "protocol": "tcp",
                "security_groups": [],
                "self": false,
                "to_port": 636
              },
              {
                "cidr_blocks": [
                  "10.20.203.19",
                  "10.20.37.75"
                ],
                "description": "Allow to SOE for DNS",
                "from_port": 53,
                "ipv6_cidr_blocks": [],
                "prefix_list_ids": [],
                "protocol": "udp",
                "security_groups": [],
                "self": false,
                "to_port": 53
              },
              {
                "cidr_blocks": [
                  "10.20.154.230/27",
                  "10.20.96.43/27"
                ],
                "description": "Allow to SOE for Ldap",
                "from_port": 389,
                "ipv6_cidr_blocks": [],
                "prefix_list_ids": [],
                "protocol": "udp",
                "security_groups": [],
                "self": false,
                "to_port": 389
              },
              {
                "cidr_blocks": [
                  "10.20.154.230/27",
                  "10.20.96.43/27"
                ],
                "description": "For access of SOE Active Directory",
                "from_port": 48001,
                "ipv6_cidr_blocks": [],
                "prefix_list_ids": [],
                "protocol": "tcp",
                "security_groups": [],
                "self": false,
                "to_port": 48002
              },
              {
                "cidr_blocks": [
                  "10.20.154.230/27",
                  "10.20.96.43/27"
                ],
                "description": "For access of SOE Active Directory",
                "from_port": 50000,
                "ipv6_cidr_blocks": [],
                "prefix_list_ids": [],
                "protocol": "tcp",
                "security_groups": [],
                "self": false,
                "to_port": 55000
              },
              {
                "cidr_blocks": [
                  "10.20.154.230/27",
                  "10.20.96.43/27"
                ],
                "description": "For access of SOE Active Directory",
                "from_port": 88,
                "ipv6_cidr_blocks": [],
                "prefix_list_ids": [],
                "protocol": "tcp",
                "security_groups": [],
                "self": false,
                "to_port": 88
              },
              {
                "cidr_blocks": [
                  "10.20.154.230/27",
                  "10.20.96.43/27"
                ],
                "description": "For access of SOE Active Directory",
                "from_port": 88,
                "ipv6_cidr_blocks": [],
                "prefix_list_ids": [],
                "protocol": "udp",
                "security_groups": [],
                "self": false,
                "to_port": 88
              },
              {
                "cidr_blocks": [
                  "10.20.37.75",
                  "10.20.203.19"
                ],
                "description": "Allow to SOE for DNS",
                "from_port": 53,
                "ipv6_cidr_blocks": [],
                "prefix_list_ids": [],
                "protocol": "tcp",
                "security_groups": [],
                "self": false,
                "to_port": 53
              },
              {
                "cidr_blocks": [
                  "10.20.189.194/28"
                ],
                "description": "Allow outgoing from UN server to App tier",
                "from_port": 22,
                "ipv6_cidr_blocks": [],
                "prefix_list_ids": [],
                "protocol": "tcp",
                "security_groups": [],
                "self": false,
                "to_port": 65535
              },
              {
                "cidr_blocks": [
                  "10.20.112.222/28"
                ],
                "description": "Allow outgoing from UN server to DB tier",
                "from_port": 22,
                "ipv6_cidr_blocks": [],
                "prefix_list_ids": [],
                "protocol": "tcp",
                "security_groups": [],
                "self": false,
                "to_port": 65535
              },
              {
                "cidr_blocks": [
                  "10.20.209.141"
                ],
                "description": "To Common Forward Proxy",
                "from_port": 12221,
                "ipv6_cidr_blocks": [],
                "prefix_list_ids": [],
                "protocol": "tcp",
                "security_groups": [],
                "self": false,
                "to_port": 12221
              },
              {
                "cidr_blocks": [
                  "10.20.30.150"
                ],
                "description": "Allow connection to common uat SMTP",
                "from_port": 25,
                "ipv6_cidr_blocks": [],
                "prefix_list_ids": [],
                "protocol": "tcp",
                "security_groups": [],
                "self": false,
                "to_port": 25
              },
              {
                "cidr_blocks": [],
                "description": "Allow outgoing to file server",
                "from_port": 53,
                "ipv6_cidr_blocks": [],
                "prefix_list_ids": [],
                "protocol": "tcp",
                "security_groups": [
                  "sg-7650972b67a042a18"
                ],
                "self": false,
                "to_port": 65535
              },
              {
                "cidr_blocks": [],
                "description": "ArcGIS Portal Health Check against public facing URL",
                "from_port": 443,
                "ipv6_cidr_blocks": [],
                "prefix_list_ids": [],
                "protocol": "tcp",
                "security_groups": [
                  "sg-a14e1807ea7d32a83"
                ],
                "self": false,
                "to_port": 443
              },
              {
                "cidr_blocks": [],
                "description": "Traffic to ENT DB",
                "from_port": 14333,
                "ipv6_cidr_blocks": [],
                "prefix_list_ids": [],
                "protocol": "tcp",
                "security_groups": [
                  "sg-50b79733dcf4240a1"
                ],
                "self": false,
                "to_port": 14333
              },
              {
                "cidr_blocks": [],
                "description": "Traffic to UN DB",
                "from_port": 14333,
                "ipv6_cidr_blocks": [],
                "prefix_list_ids": [],
                "protocol": "tcp",
                "security_groups": [
                  "sg-c6fa82cb28e1fb1f5"
                ],
                "self": false,
                "to_port": 14333
              },
              {
                "cidr_blocks": [],
                "description": "Traffic to file Server",
                "from_port": 139,
                "ipv6_cidr_blocks": [],
                "prefix_list_ids": [],
                "protocol": "tcp",
                "security_groups": [
                  "sg-7650972b67a042a18"
                ],
                "self": false,
                "to_port": 139
              },
              {
                "cidr_blocks": [],
                "description": "Traffic to file Server",
                "from_port": 139,
                "ipv6_cidr_blocks": [],
                "prefix_list_ids": [],
                "protocol": "udp",
                "security_groups": [
                  "sg-7650972b67a042a18"
                ],
                "self": false,
                "to_port": 139
              },
              {
                "cidr_blocks": [],
                "description": "Traffic to file Server",
                "from_port": 445,
                "ipv6_cidr_blocks": [],
                "prefix_list_ids": [],
                "protocol": "tcp",
                "security_groups": [
                  "sg-7650972b67a042a18"
                ],
                "self": false,
                "to_port": 445
              },
              {
                "cidr_blocks": [],
                "description": "Traffic to file Server",
                "from_port": 445,
                "ipv6_cidr_blocks": [],
                "prefix_list_ids": [],
                "protocol": "udp",
                "security_groups": [
                  "sg-7650972b67a042a18"
                ],
                "self": false,
                "to_port": 445
              }
            ],
            "id": "sg-08b9a430cb789f96c",
            "ingress": [
              {
                "cidr_blocks": [],
                "description": "Allow traffic from app alb sgrp to UN app server",
                "from_port": 13443,
                "ipv6_cidr_blocks": [],
                "prefix_list_ids": [],
                "protocol": "tcp",
                "security_groups": [
                  "sg-f92fbfe42f69e5786"
                ],
                "self": false,
                "to_port": 13443
              },
              {
                "cidr_blocks": [],
                "description": "Allow traffic from app alb sgrp to UN app server",
                "from_port": 6443,
                "ipv6_cidr_blocks": [],
                "prefix_list_ids": [],
                "protocol": "tcp",
                "security_groups": [
                  "sg-f92fbfe42f69e5786"
                ],
                "self": false,
                "to_port": 6443
              },
              {
                "cidr_blocks": [],
                "description": "ArcGIS Server Token generation from web server",
                "from_port": 6443,
                "ipv6_cidr_blocks": [],
                "prefix_list_ids": [],
                "protocol": "tcp",
                "security_groups": [
                  "sg-a14e1807ea7d32a83"
                ],
                "self": false,
                "to_port": 6443
              },
              {
                "cidr_blocks": [],
                "description": "ArcGIS Workflow Manager Server from web server",
                "from_port": 13443,
                "ipv6_cidr_blocks": [],
                "prefix_list_ids": [],
                "protocol": "tcp",
                "security_groups": [
                  "sg-a14e1807ea7d32a83"
                ],
                "self": false,
                "to_port": 13443
              },
              {
                "cidr_blocks": [],
                "description": "Traffic from GP Server to UN Server",
                "from_port": 1098,
                "ipv6_cidr_blocks": [],
                "prefix_list_ids": [],
                "protocol": "tcp",
                "security_groups": [
                  "sg-703bf2694bdf82ed0"
                ],
                "self": false,
                "to_port": 7443
              },
              {
                "cidr_blocks": [],
                "description": "Traffic from GP Server to UN Server",
                "from_port": 13443,
                "ipv6_cidr_blocks": [],
                "prefix_list_ids": [],
                "protocol": "tcp",
                "security_groups": [
                  "sg-703bf2694bdf82ed0"
                ],
                "self": false,
                "to_port": 13443
              },
              {
                "cidr_blocks": [],
                "description": "Traffic from GP Server to UN Server",
                "from_port": 4000,
                "ipv6_cidr_blocks": [],
                "prefix_list_ids": [],
                "protocol": "tcp",
                "security_groups": [
                  "sg-703bf2694bdf82ed0"
                ],
                "self": false,
                "to_port": 4003
              },
              {
                "cidr_blocks": [],
                "description": "Traffic from GP Server to UN Server",
                "from_port": 6006,
                "ipv6_cidr_blocks": [],
                "prefix_list_ids": [],
                "protocol": "tcp",
                "security_groups": [
                  "sg-703bf2694bdf82ed0"
                ],
                "self": false,
                "to_port": 6006
              },
              {
                "cidr_blocks": [],
                "description": "Traffic from GP Server to UN Server",
                "from_port": 6099,
                "ipv6_cidr_blocks": [],
                "prefix_list_ids": [],
                "protocol": "tcp",
                "security_groups": [
                  "sg-703bf2694bdf82ed0"
                ],
                "self": false,
                "to_port": 6099
              },
              {
                "cidr_blocks": [],
                "description": "Traffic from GP Server to UN Server",
                "from_port": 6443,
                "ipv6_cidr_blocks": [],
                "prefix_list_ids": [],
                "protocol": "tcp",
                "security_groups": [
                  "sg-703bf2694bdf82ed0"
                ],
                "self": false,
                "to_port": 6443
              },
              {
                "cidr_blocks": [],
                "description": "Traffic from GP Server to UN Server",
                "from_port": 7443,
                "ipv6_cidr_blocks": [],
                "prefix_list_ids": [],
                "protocol": "tcp",
                "security_groups": [
                  "sg-703bf2694bdf82ed0"
                ],
                "self": false,
                "to_port": 7443
              },
              {
                "cidr_blocks": [],
                "description": "Traffic from Job Server",
                "from_port": 13443,
                "ipv6_cidr_blocks": [],
                "prefix_list_ids": [],
                "protocol": "tcp",
                "security_groups": [
                  "sg-cb5968f5ba1ad50e8"
                ],
                "self": false,
                "to_port": 13443
              },
              {
                "cidr_blocks": [],
                "description": "Traffic from Job Server",
                "from_port": 6443,
                "ipv6_cidr_blocks": [],
                "prefix_list_ids": [],
                "protocol": "tcp",
                "security_groups": [
                  "sg-cb5968f5ba1ad50e8"
                ],
                "self": false,
                "to_port": 6443
              },
              {
                "cidr_blocks": [],
                "description": "Traffic from Job Server",
                "from_port": 7443,
                "ipv6_cidr_blocks": [],
                "prefix_list_ids": [],
                "protocol": "tcp",
                "security_groups": [
                  "sg-cb5968f5ba1ad50e8"
                ],
                "self": false,
                "to_port": 7443
              },
              {
                "cidr_blocks": [],
                "description": "Traffic from Map Server to UN Server",
                "from_port": 1098,
                "ipv6_cidr_blocks": [],
                "prefix_list_ids": [],
                "protocol": "tcp",
                "security_groups": [
                  "sg-f1e22e496da168c30"
                ],
                "self": false,
                "to_port": 7443
              },
              {
                "cidr_blocks": [],
                "description": "Traffic from Map Server to UN Server",
                "from_port": 13443,
                "ipv6_cidr_blocks": [],
                "prefix_list_ids": [],
                "protocol": "tcp",
                "security_groups": [
                  "sg-f1e22e496da168c30"
                ],
                "self": false,
                "to_port": 13443
              },
              {
                "cidr_blocks": [],
                "description": "Traffic from Map Server to UN Server",
                "from_port": 4000,
                "ipv6_cidr_blocks": [],
                "prefix_list_ids": [],
                "protocol": "tcp",
                "security_groups": [
                  "sg-f1e22e496da168c30"
                ],
                "self": false,
                "to_port": 4003
              },
              {
                "cidr_blocks": [],
                "description": "Traffic from Map Server to UN Server",
                "from_port": 6006,
                "ipv6_cidr_blocks": [],
                "prefix_list_ids": [],
                "protocol": "tcp",
                "security_groups": [
                  "sg-f1e22e496da168c30"
                ],
                "self": false,
                "to_port": 6006
              },
              {
                "cidr_blocks": [],
                "description": "Traffic from Map Server to UN Server",
                "from_port": 6099,
                "ipv6_cidr_blocks": [],
                "prefix_list_ids": [],
                "protocol": "tcp",
                "security_groups": [
                  "sg-f1e22e496da168c30"
                ],
                "self": false,
                "to_port": 6099
              },
              {
                "cidr_blocks": [],
                "description": "Traffic from Map Server to UN Server",
                "from_port": 6443,
                "ipv6_cidr_blocks": [],
                "prefix_list_ids": [],
                "protocol": "tcp",
                "security_groups": [
                  "sg-f1e22e496da168c30"
                ],
                "self": false,
                "to_port": 6443
              },
              {
                "cidr_blocks": [],
                "description": "Traffic from Map Server to UN Server",
                "from_port": 7443,
                "ipv6_cidr_blocks": [],
                "prefix_list_ids": [],
                "protocol": "tcp",
                "security_groups": [
                  "sg-f1e22e496da168c30"
                ],
                "self": false,
                "to_port": 7443
              },
              {
                "cidr_blocks": [],
                "description": "Traffic from portal Server to UN Server",
                "from_port": 1098,
                "ipv6_cidr_blocks": [],
                "prefix_list_ids": [],
                "protocol": "tcp",
                "security_groups": [
                  "sg-4c9b120c417998692"
                ],
                "self": false,
                "to_port": 7443
              },
              {
                "cidr_blocks": [],
                "description": "Traffic from portal Server to UN Server",
                "from_port": 13443,
                "ipv6_cidr_blocks": [],
                "prefix_list_ids": [],
                "protocol": "tcp",
                "security_groups": [
                  "sg-4c9b120c417998692"
                ],
                "self": false,
                "to_port": 13443
              },
              {
                "cidr_blocks": [],
                "description": "Traffic from portal Server to UN Server",
                "from_port": 4000,
                "ipv6_cidr_blocks": [],
                "prefix_list_ids": [],
                "protocol": "tcp",
                "security_groups": [
                  "sg-4c9b120c417998692"
                ],
                "self": false,
                "to_port": 4003
              },
              {
                "cidr_blocks": [],
                "description": "Traffic from portal Server to UN Server",
                "from_port": 6006,
                "ipv6_cidr_blocks": [],
                "prefix_list_ids": [],
                "protocol": "tcp",
                "security_groups": [
                  "sg-4c9b120c417998692"
                ],
                "self": false,
                "to_port": 6006
              },
              {
                "cidr_blocks": [],
                "description": "Traffic from portal Server to UN Server",
                "from_port": 6099,
                "ipv6_cidr_blocks": [],
                "prefix_list_ids": [],
                "protocol": "tcp",
                "security_groups": [
                  "sg-4c9b120c417998692"
                ],
                "self": false,
                "to_port": 6099
              },
              {
                "cidr_blocks": [],
                "description": "Traffic from portal Server to UN Server",
                "from_port": 6443,
                "ipv6_cidr_blocks": [],
                "prefix_list_ids": [],
                "protocol": "tcp",
                "security_groups": [
                  "sg-4c9b120c417998692"
                ],
                "self": false,
                "to_port": 6443
              },
              {
                "cidr_blocks": [],
                "description": "Traffic from portal Server to UN Server",
                "from_port": 7443,
                "ipv6_cidr_blocks": [],
                "prefix_list_ids": [],
                "protocol": "tcp",
                "security_groups": [
                  "sg-4c9b120c417998692"
                ],
                "self": false,
                "to_port": 7443
              }
            ],
            "name": "sgrp-XXXX-un-01",
            "name_prefix": "",
            "owner_id": "111111111111",
            "revoke_rules_on_delete": false,
            "tags": {
              "Author": "Vendor",
              "Created-by": "Terraform",
              "Name": "sgrp-XXXX-un-01",
              "agency-code": "xxxx",
              "environment": "uat",
              "project-code": "XXXX",
              "zone": "ia"
            },
            "tags_all": {
              "Author": "Vendor",
              "Created-by": "Terraform",
              "Name": "sgrp-XXXX-un-01",
              "agency-code": "xxxx",
              "environment": "uat",
              "project-code": "XXXX",
              "zone": "ia"
            },
            "timeouts": null,
            "vpc_id": "vpc-f4efee4924c32459f"
          },
          "sensitive_attributes": [],
          "private": "eyJlMmJmYjczMC1lY2FhLTExZTYtOGY4OC0zNDM2M2JjN2M0YzAiOnsiY3JlYXRlIjo2MDAwMDAwMDAwMDAsImRlbGV0ZSI6OTAwMDAwMDAwMDAwfSwic2NoZW1hX3ZlcnNpb24iOiIxIn0=",
          "dependencies": [
            "data.terraform_remote_state.fabric"
          ]
        },
        {
          "index_key": 4,
          "schema_version": 1,
          "attributes": {
            "arn": "arn:aws:ec2:ap-southeast-1:111111111111:security-group/sg-f1e22e496da168c30",
            "description": "XXXX intranet Map/Feature/Query app Security Group",
            "egress": [
              {
                "cidr_blocks": [
                  "10.0.0.0/8"
                ],
                "description": "Allow to SOE for DNS",
                "from_port": 53,
                "ipv6_cidr_blocks": [],
                "prefix_list_ids": [],
                "protocol": "udp",
                "security_groups": [],
                "self": false,
                "to_port": 53
              },
              {
                "cidr_blocks": [
                  "10.20.96.43/27",
                  "10.20.154.230/27"
                ],
                "description": "Allow to SOE for Ldap",
                "from_port": 389,
                "ipv6_cidr_blocks": [],
                "prefix_list_ids": [],
                "protocol": "udp",
                "security_groups": [],
                "self": false,
                "to_port": 389
              },
              {
                "cidr_blocks": [
                  "10.20.96.43/27"
                ],
                "description": "For access of SOE Active Directory",
                "from_port": 135,
                "ipv6_cidr_blocks": [],
                "prefix_list_ids": [],
                "protocol": "tcp",
                "security_groups": [],
                "self": false,
                "to_port": 135
              },
              {
                "cidr_blocks": [
                  "10.20.96.43/27"
                ],
                "description": "For access of SOE Active Directory",
                "from_port": 3268,
                "ipv6_cidr_blocks": [],
                "prefix_list_ids": [],
                "protocol": "tcp",
                "security_groups": [],
                "self": false,
                "to_port": 3268
              },
              {
                "cidr_blocks": [
                  "10.20.96.43/27"
                ],
                "description": "For access of SOE Active Directory",
                "from_port": 389,
                "ipv6_cidr_blocks": [],
                "prefix_list_ids": [],
                "protocol": "tcp",
                "security_groups": [],
                "self": false,
                "to_port": 389
              },
              {
                "cidr_blocks": [
                  "10.20.96.43/27"
                ],
                "description": "For access of SOE Active Directory",
                "from_port": 48001,
                "ipv6_cidr_blocks": [],
                "prefix_list_ids": [],
                "protocol": "tcp",
                "security_groups": [],
                "self": false,
                "to_port": 48002
              },
              {
                "cidr_blocks": [
                  "10.20.96.43/27"
                ],
                "description": "For access of SOE Active Directory",
                "from_port": 50000,
                "ipv6_cidr_blocks": [],
                "prefix_list_ids": [],
                "protocol": "tcp",
                "security_groups": [],
                "self": false,
                "to_port": 55000
              },
              {
                "cidr_blocks": [
                  "10.20.96.43/27"
                ],
                "description": "For access of SOE Active Directory",
                "from_port": 636,
                "ipv6_cidr_blocks": [],
                "prefix_list_ids": [],
                "protocol": "tcp",
                "security_groups": [],
                "self": false,
                "to_port": 636
              },
              {
                "cidr_blocks": [
                  "10.20.96.43/27"
                ],
                "description": "For access of SOE Active Directory",
                "from_port": 88,
                "ipv6_cidr_blocks": [],
                "prefix_list_ids": [],
                "protocol": "tcp",
                "security_groups": [],
                "self": false,
                "to_port": 88
              },
              {
                "cidr_blocks": [
                  "10.20.203.19",
                  "10.20.37.75"
                ],
                "description": "Allow to SOE for DNS",
                "from_port": 53,
                "ipv6_cidr_blocks": [],
                "prefix_list_ids": [],
                "protocol": "tcp",
                "security_groups": [],
                "self": false,
                "to_port": 53
              },
              {
                "cidr_blocks": [
                  "10.20.203.19",
                  "10.20.37.75"
                ],
                "description": "Allow to SOE for DNS",
                "from_port": 53,
                "ipv6_cidr_blocks": [],
                "prefix_list_ids": [],
                "protocol": "udp",
                "security_groups": [],
                "self": false,
                "to_port": 53
              },
              {
                "cidr_blocks": [
                  "10.20.154.230/27",
                  "10.20.96.43/27"
                ],
                "description": "For access of SOE Active Directory",
                "from_port": 135,
                "ipv6_cidr_blocks": [],
                "prefix_list_ids": [],
                "protocol": "udp",
                "security_groups": [],
                "self": false,
                "to_port": 135
              },
              {
                "cidr_blocks": [
                  "10.20.154.230/27",
                  "10.20.96.43/27"
                ],
                "description": "For access of SOE Active Directory",
                "from_port": 88,
                "ipv6_cidr_blocks": [],
                "prefix_list_ids": [],
                "protocol": "udp",
                "security_groups": [],
                "self": false,
                "to_port": 88
              },
              {
                "cidr_blocks": [
                  "10.20.154.230/27"
                ],
                "description": "For access of SOE Active Directory",
                "from_port": 135,
                "ipv6_cidr_blocks": [],
                "prefix_list_ids": [],
                "protocol": "tcp",
                "security_groups": [],
                "self": false,
                "to_port": 135
              },
              {
                "cidr_blocks": [
                  "10.20.154.230/27"
                ],
                "description": "For access of SOE Active Directory",
                "from_port": 3268,
                "ipv6_cidr_blocks": [],
                "prefix_list_ids": [],
                "protocol": "tcp",
                "security_groups": [],
                "self": false,
                "to_port": 3268
              },
              {
                "cidr_blocks": [
                  "10.20.154.230/27"
                ],
                "description": "For access of SOE Active Directory",
                "from_port": 389,
                "ipv6_cidr_blocks": [],
                "prefix_list_ids": [],
                "protocol": "tcp",
                "security_groups": [],
                "self": false,
                "to_port": 389
              },
              {
                "cidr_blocks": [
                  "10.20.154.230/27"
                ],
                "description": "For access of SOE Active Directory",
                "from_port": 48001,
                "ipv6_cidr_blocks": [],
                "prefix_list_ids": [],
                "protocol": "tcp",
                "security_groups": [],
                "self": false,
                "to_port": 48002
              },
              {
                "cidr_blocks": [
                  "10.20.154.230/27"
                ],
                "description": "For access of SOE Active Directory",
                "from_port": 50000,
                "ipv6_cidr_blocks": [],
                "prefix_list_ids": [],
                "protocol": "tcp",
                "security_groups": [],
                "self": false,
                "to_port": 55000
              },
              {
                "cidr_blocks": [
                  "10.20.154.230/27"
                ],
                "description": "For access of SOE Active Directory",
                "from_port": 636,
                "ipv6_cidr_blocks": [],
                "prefix_list_ids": [],
                "protocol": "tcp",
                "security_groups": [],
                "self": false,
                "to_port": 636
              },
              {
                "cidr_blocks": [
                  "10.20.154.230/27"
                ],
                "description": "For access of SOE Active Directory",
                "from_port": 88,
                "ipv6_cidr_blocks": [],
                "prefix_list_ids": [],
                "protocol": "tcp",
                "security_groups": [],
                "self": false,
                "to_port": 88
              },
              {
                "cidr_blocks": [
                  "10.20.189.194/28"
                ],
                "description": "Allow outgoing from map server to App tier",
                "from_port": 22,
                "ipv6_cidr_blocks": [],
                "prefix_list_ids": [],
                "protocol": "tcp",
                "security_groups": [],
                "self": false,
                "to_port": 65535
              },
              {
                "cidr_blocks": [
                  "10.20.112.222/28"
                ],
                "description": "Allow outgoing from map server to DB tier",
                "from_port": 22,
                "ipv6_cidr_blocks": [],
                "prefix_list_ids": [],
                "protocol": "tcp",
                "security_groups": [],
                "self": false,
                "to_port": 65535
              },
              {
                "cidr_blocks": [
                  "10.20.209.141"
                ],
                "description": "To Common Forward Proxy",
                "from_port": 12221,
                "ipv6_cidr_blocks": [],
                "prefix_list_ids": [],
                "protocol": "tcp",
                "security_groups": [],
                "self": false,
                "to_port": 12221
              },
              {
                "cidr_blocks": [],
                "description": "ArcGIS Portal Health Check against public facing URL",
                "from_port": 443,
                "ipv6_cidr_blocks": [],
                "prefix_list_ids": [],
                "protocol": "tcp",
                "security_groups": [
                  "sg-a14e1807ea7d32a83"
                ],
                "self": false,
                "to_port": 443
              },
              {
                "cidr_blocks": [],
                "description": "Traffic to ENT DB",
                "from_port": 14333,
                "ipv6_cidr_blocks": [],
                "prefix_list_ids": [],
                "protocol": "tcp",
                "security_groups": [
                  "sg-50b79733dcf4240a1"
                ],
                "self": false,
                "to_port": 14333
              },
              {
                "cidr_blocks": [],
                "description": "Traffic to UN DB",
                "from_port": 14333,
                "ipv6_cidr_blocks": [],
                "prefix_list_ids": [],
                "protocol": "tcp",
                "security_groups": [
                  "sg-c6fa82cb28e1fb1f5"
                ],
                "self": false,
                "to_port": 14333
              },
              {
                "cidr_blocks": [],
                "description": "Traffic to file Server",
                "from_port": 139,
                "ipv6_cidr_blocks": [],
                "prefix_list_ids": [],
                "protocol": "tcp",
                "security_groups": [
                  "sg-7650972b67a042a18"
                ],
                "self": false,
                "to_port": 139
              },
              {
                "cidr_blocks": [],
                "description": "Traffic to file Server",
                "from_port": 139,
                "ipv6_cidr_blocks": [],
                "prefix_list_ids": [],
                "protocol": "udp",
                "security_groups": [
                  "sg-7650972b67a042a18"
                ],
                "self": false,
                "to_port": 139
              },
              {
                "cidr_blocks": [],
                "description": "Traffic to file Server",
                "from_port": 445,
                "ipv6_cidr_blocks": [],
                "prefix_list_ids": [],
                "protocol": "tcp",
                "security_groups": [
                  "sg-7650972b67a042a18"
                ],
                "self": false,
                "to_port": 445
              },
              {
                "cidr_blocks": [],
                "description": "Traffic to file Server",
                "from_port": 445,
                "ipv6_cidr_blocks": [],
                "prefix_list_ids": [],
                "protocol": "udp",
                "security_groups": [
                  "sg-7650972b67a042a18"
                ],
                "self": false,
                "to_port": 445
              }
            ],
            "id": "sg-f1e22e496da168c30",
            "ingress": [
              {
                "cidr_blocks": [],
                "description": "Allow rds db to access the hosting server",
                "from_port": 6443,
                "ipv6_cidr_blocks": [],
                "prefix_list_ids": [],
                "protocol": "tcp",
                "security_groups": [
                  "sg-7079bcbb558022f61"
                ],
                "self": false,
                "to_port": 6443
              },
              {
                "cidr_blocks": [],
                "description": "Allow traffic from app alb sgrp to Map server",
                "from_port": 13443,
                "ipv6_cidr_blocks": [],
                "prefix_list_ids": [],
                "protocol": "tcp",
                "security_groups": [
                  "sg-f92fbfe42f69e5786"
                ],
                "self": false,
                "to_port": 13443
              },
              {
                "cidr_blocks": [],
                "description": "Allow traffic from app alb sgrp to Map server",
                "from_port": 6443,
                "ipv6_cidr_blocks": [],
                "prefix_list_ids": [],
                "protocol": "tcp",
                "security_groups": [
                  "sg-f92fbfe42f69e5786"
                ],
                "self": false,
                "to_port": 6443
              },
              {
                "cidr_blocks": [],
                "description": "ArcGIS Server Token generation from web server",
                "from_port": 6443,
                "ipv6_cidr_blocks": [],
                "prefix_list_ids": [],
                "protocol": "tcp",
                "security_groups": [
                  "sg-a14e1807ea7d32a83"
                ],
                "self": false,
                "to_port": 6443
              },
              {
                "cidr_blocks": [],
                "description": "Traffic from GP Server to Map Server",
                "from_port": 1098,
                "ipv6_cidr_blocks": [],
                "prefix_list_ids": [],
                "protocol": "tcp",
                "security_groups": [
                  "sg-703bf2694bdf82ed0"
                ],
                "self": false,
                "to_port": 7443
              },
              {
                "cidr_blocks": [],
                "description": "Traffic from GP Server to Map Server",
                "from_port": 13443,
                "ipv6_cidr_blocks": [],
                "prefix_list_ids": [],
                "protocol": "tcp",
                "security_groups": [
                  "sg-703bf2694bdf82ed0"
                ],
                "self": false,
                "to_port": 13443
              },
              {
                "cidr_blocks": [],
                "description": "Traffic from GP Server to Map Server",
                "from_port": 4000,
                "ipv6_cidr_blocks": [],
                "prefix_list_ids": [],
                "protocol": "tcp",
                "security_groups": [
                  "sg-703bf2694bdf82ed0"
                ],
                "self": false,
                "to_port": 4003
              },
              {
                "cidr_blocks": [],
                "description": "Traffic from GP Server to Map Server",
                "from_port": 6006,
                "ipv6_cidr_blocks": [],
                "prefix_list_ids": [],
                "protocol": "tcp",
                "security_groups": [
                  "sg-703bf2694bdf82ed0"
                ],
                "self": false,
                "to_port": 6006
              },
              {
                "cidr_blocks": [],
                "description": "Traffic from GP Server to Map Server",
                "from_port": 6099,
                "ipv6_cidr_blocks": [],
                "prefix_list_ids": [],
                "protocol": "tcp",
                "security_groups": [
                  "sg-703bf2694bdf82ed0"
                ],
                "self": false,
                "to_port": 6099
              },
              {
                "cidr_blocks": [],
                "description": "Traffic from GP Server to Map Server",
                "from_port": 6443,
                "ipv6_cidr_blocks": [],
                "prefix_list_ids": [],
                "protocol": "tcp",
                "security_groups": [
                  "sg-703bf2694bdf82ed0"
                ],
                "self": false,
                "to_port": 6443
              },
              {
                "cidr_blocks": [],
                "description": "Traffic from GP Server to Map Server",
                "from_port": 7443,
                "ipv6_cidr_blocks": [],
                "prefix_list_ids": [],
                "protocol": "tcp",
                "security_groups": [
                  "sg-703bf2694bdf82ed0"
                ],
                "self": false,
                "to_port": 7443
              },
              {
                "cidr_blocks": [],
                "description": "Traffic from Job Server",
                "from_port": 13443,
                "ipv6_cidr_blocks": [],
                "prefix_list_ids": [],
                "protocol": "tcp",
                "security_groups": [
                  "sg-cb5968f5ba1ad50e8"
                ],
                "self": false,
                "to_port": 13443
              },
              {
                "cidr_blocks": [],
                "description": "Traffic from Job Server",
                "from_port": 6443,
                "ipv6_cidr_blocks": [],
                "prefix_list_ids": [],
                "protocol": "tcp",
                "security_groups": [
                  "sg-cb5968f5ba1ad50e8"
                ],
                "self": false,
                "to_port": 6443
              },
              {
                "cidr_blocks": [],
                "description": "Traffic from Job Server",
                "from_port": 7443,
                "ipv6_cidr_blocks": [],
                "prefix_list_ids": [],
                "protocol": "tcp",
                "security_groups": [
                  "sg-cb5968f5ba1ad50e8"
                ],
                "self": false,
                "to_port": 7443
              },
              {
                "cidr_blocks": [],
                "description": "Traffic from UN Server to Map Server",
                "from_port": 1098,
                "ipv6_cidr_blocks": [],
                "prefix_list_ids": [],
                "protocol": "tcp",
                "security_groups": [
                  "sg-08b9a430cb789f96c"
                ],
                "self": false,
                "to_port": 7443
              },
              {
                "cidr_blocks": [],
                "description": "Traffic from UN Server to Map Server",
                "from_port": 13443,
                "ipv6_cidr_blocks": [],
                "prefix_list_ids": [],
                "protocol": "tcp",
                "security_groups": [
                  "sg-08b9a430cb789f96c"
                ],
                "self": false,
                "to_port": 13443
              },
              {
                "cidr_blocks": [],
                "description": "Traffic from UN Server to Map Server",
                "from_port": 4000,
                "ipv6_cidr_blocks": [],
                "prefix_list_ids": [],
                "protocol": "tcp",
                "security_groups": [
                  "sg-08b9a430cb789f96c"
                ],
                "self": false,
                "to_port": 4003
              },
              {
                "cidr_blocks": [],
                "description": "Traffic from UN Server to Map Server",
                "from_port": 6006,
                "ipv6_cidr_blocks": [],
                "prefix_list_ids": [],
                "protocol": "tcp",
                "security_groups": [
                  "sg-08b9a430cb789f96c"
                ],
                "self": false,
                "to_port": 6006
              },
              {
                "cidr_blocks": [],
                "description": "Traffic from UN Server to Map Server",
                "from_port": 6099,
                "ipv6_cidr_blocks": [],
                "prefix_list_ids": [],
                "protocol": "tcp",
                "security_groups": [
                  "sg-08b9a430cb789f96c"
                ],
                "self": false,
                "to_port": 6099
              },
              {
                "cidr_blocks": [],
                "description": "Traffic from UN Server to Map Server",
                "from_port": 6443,
                "ipv6_cidr_blocks": [],
                "prefix_list_ids": [],
                "protocol": "tcp",
                "security_groups": [
                  "sg-08b9a430cb789f96c"
                ],
                "self": false,
                "to_port": 6443
              },
              {
                "cidr_blocks": [],
                "description": "Traffic from UN Server to Map Server",
                "from_port": 7443,
                "ipv6_cidr_blocks": [],
                "prefix_list_ids": [],
                "protocol": "tcp",
                "security_groups": [
                  "sg-08b9a430cb789f96c"
                ],
                "self": false,
                "to_port": 7443
              },
              {
                "cidr_blocks": [],
                "description": "Traffic from portal Server to Map Server",
                "from_port": 1098,
                "ipv6_cidr_blocks": [],
                "prefix_list_ids": [],
                "protocol": "tcp",
                "security_groups": [
                  "sg-4c9b120c417998692"
                ],
                "self": false,
                "to_port": 7443
              },
              {
                "cidr_blocks": [],
                "description": "Traffic from portal Server to Map Server",
                "from_port": 13443,
                "ipv6_cidr_blocks": [],
                "prefix_list_ids": [],
                "protocol": "tcp",
                "security_groups": [
                  "sg-4c9b120c417998692"
                ],
                "self": false,
                "to_port": 13443
              },
              {
                "cidr_blocks": [],
                "description": "Traffic from portal Server to Map Server",
                "from_port": 4000,
                "ipv6_cidr_blocks": [],
                "prefix_list_ids": [],
                "protocol": "tcp",
                "security_groups": [
                  "sg-4c9b120c417998692"
                ],
                "self": false,
                "to_port": 4003
              },
              {
                "cidr_blocks": [],
                "description": "Traffic from portal Server to Map Server",
                "from_port": 6006,
                "ipv6_cidr_blocks": [],
                "prefix_list_ids": [],
                "protocol": "tcp",
                "security_groups": [
                  "sg-4c9b120c417998692"
                ],
                "self": false,
                "to_port": 6006
              },
              {
                "cidr_blocks": [],
                "description": "Traffic from portal Server to Map Server",
                "from_port": 6099,
                "ipv6_cidr_blocks": [],
                "prefix_list_ids": [],
                "protocol": "tcp",
                "security_groups": [
                  "sg-4c9b120c417998692"
                ],
                "self": false,
                "to_port": 6099
              },
              {
                "cidr_blocks": [],
                "description": "Traffic from portal Server to Map Server",
                "from_port": 6443,
                "ipv6_cidr_blocks": [],
                "prefix_list_ids": [],
                "protocol": "tcp",
                "security_groups": [
                  "sg-4c9b120c417998692"
                ],
                "self": false,
                "to_port": 6443
              },
              {
                "cidr_blocks": [],
                "description": "Traffic from portal Server to Map Server",
                "from_port": 7443,
                "ipv6_cidr_blocks": [],
                "prefix_list_ids": [],
                "protocol": "tcp",
                "security_groups": [
                  "sg-4c9b120c417998692"
                ],
                "self": false,
                "to_port": 7443
              }
            ],
            "name": "sgrp-XXXX-map-01",
            "name_prefix": "",
            "owner_id": "111111111111",
            "revoke_rules_on_delete": false,
            "tags": {
              "Author": "Vendor",
              "Created-by": "Terraform",
              "Name": "sgrp-XXXX-map-01",
              "agency-code": "xxxx",
              "environment": "uat",
              "project-code": "XXXX",
              "zone": "ia"
            },
            "tags_all": {
              "Author": "Vendor",
              "Created-by": "Terraform",
              "Name": "sgrp-XXXX-map-01",
              "agency-code": "xxxx",
              "environment": "uat",
              "project-code": "XXXX",
              "zone": "ia"
            },
            "timeouts": null,
            "vpc_id": "vpc-f4efee4924c32459f"
          },
          "sensitive_attributes": [],
          "private": "eyJlMmJmYjczMC1lY2FhLTExZTYtOGY4OC0zNDM2M2JjN2M0YzAiOnsiY3JlYXRlIjo2MDAwMDAwMDAwMDAsImRlbGV0ZSI6OTAwMDAwMDAwMDAwfSwic2NoZW1hX3ZlcnNpb24iOiIxIn0=",
          "dependencies": [
            "data.terraform_remote_state.fabric"
          ]
        },
        {
          "index_key": 5,
          "schema_version": 1,
          "attributes": {
            "arn": "arn:aws:ec2:ap-southeast-1:111111111111:security-group/sg-703bf2694bdf82ed0",
            "description": "XXXX intranet GP Server app Security Group",
            "egress": [
              {
                "cidr_blocks": [
                  "10.0.0.0/8"
                ],
                "description": "Allow to SOE for DNS",
                "from_port": 53,
                "ipv6_cidr_blocks": [],
                "prefix_list_ids": [],
                "protocol": "udp",
                "security_groups": [],
                "self": false,
                "to_port": 53
              },
              {
                "cidr_blocks": [
                  "10.20.96.43/27",
                  "10.20.154.230/27"
                ],
                "description": "Allow to SOE for Ldap",
                "from_port": 389,
                "ipv6_cidr_blocks": [],
                "prefix_list_ids": [],
                "protocol": "udp",
                "security_groups": [],
                "self": false,
                "to_port": 389
              },
              {
                "cidr_blocks": [
                  "10.20.96.43/27",
                  "10.20.154.230/27"
                ],
                "description": "For access of SOE Active Directory",
                "from_port": 135,
                "ipv6_cidr_blocks": [],
                "prefix_list_ids": [],
                "protocol": "udp",
                "security_groups": [],
                "self": false,
                "to_port": 135
              },
              {
                "cidr_blocks": [
                  "10.20.96.43/27",
                  "10.20.154.230/27"
                ],
                "description": "For access of SOE Active Directory",
                "from_port": 88,
                "ipv6_cidr_blocks": [],
                "prefix_list_ids": [],
                "protocol": "udp",
                "security_groups": [],
                "self": false,
                "to_port": 88
              },
              {
                "cidr_blocks": [
                  "10.20.96.43/27"
                ],
                "description": "For access of SOE Active Directory",
                "from_port": 135,
                "ipv6_cidr_blocks": [],
                "prefix_list_ids": [],
                "protocol": "tcp",
                "security_groups": [],
                "self": false,
                "to_port": 135
              },
              {
                "cidr_blocks": [
                  "10.20.96.43/27"
                ],
                "description": "For access of SOE Active Directory",
                "from_port": 3268,
                "ipv6_cidr_blocks": [],
                "prefix_list_ids": [],
                "protocol": "tcp",
                "security_groups": [],
                "self": false,
                "to_port": 3268
              },
              {
                "cidr_blocks": [
                  "10.20.96.43/27"
                ],
                "description": "For access of SOE Active Directory",
                "from_port": 389,
                "ipv6_cidr_blocks": [],
                "prefix_list_ids": [],
                "protocol": "tcp",
                "security_groups": [],
                "self": false,
                "to_port": 389
              },
              {
                "cidr_blocks": [
                  "10.20.96.43/27"
                ],
                "description": "For access of SOE Active Directory",
                "from_port": 636,
                "ipv6_cidr_blocks": [],
                "prefix_list_ids": [],
                "protocol": "tcp",
                "security_groups": [],
                "self": false,
                "to_port": 636
              },
              {
                "cidr_blocks": [
                  "10.20.96.43/27"
                ],
                "description": "For access of SOE Active Directory",
                "from_port": 88,
                "ipv6_cidr_blocks": [],
                "prefix_list_ids": [],
                "protocol": "tcp",
                "security_groups": [],
                "self": false,
                "to_port": 88
              },
              {
                "cidr_blocks": [
                  "10.20.203.19",
                  "10.20.37.75"
                ],
                "description": "Allow to SOE for DNS",
                "from_port": 53,
                "ipv6_cidr_blocks": [],
                "prefix_list_ids": [],
                "protocol": "udp",
                "security_groups": [],
                "self": false,
                "to_port": 53
              },
              {
                "cidr_blocks": [
                  "10.20.154.230/27",
                  "10.20.96.43/27"
                ],
                "description": "For access of SOE Active Directory",
                "from_port": 48001,
                "ipv6_cidr_blocks": [],
                "prefix_list_ids": [],
                "protocol": "tcp",
                "security_groups": [],
                "self": false,
                "to_port": 48002
              },
              {
                "cidr_blocks": [
                  "10.20.154.230/27",
                  "10.20.96.43/27"
                ],
                "description": "For access of SOE Active Directory",
                "from_port": 50000,
                "ipv6_cidr_blocks": [],
                "prefix_list_ids": [],
                "protocol": "tcp",
                "security_groups": [],
                "self": false,
                "to_port": 55000
              },
              {
                "cidr_blocks": [
                  "10.20.154.230/27"
                ],
                "description": "For access of SOE Active Directory",
                "from_port": 135,
                "ipv6_cidr_blocks": [],
                "prefix_list_ids": [],
                "protocol": "tcp",
                "security_groups": [],
                "self": false,
                "to_port": 135
              },
              {
                "cidr_blocks": [
                  "10.20.154.230/27"
                ],
                "description": "For access of SOE Active Directory",
                "from_port": 3268,
                "ipv6_cidr_blocks": [],
                "prefix_list_ids": [],
                "protocol": "tcp",
                "security_groups": [],
                "self": false,
                "to_port": 3268
              },
              {
                "cidr_blocks": [
                  "10.20.154.230/27"
                ],
                "description": "For access of SOE Active Directory",
                "from_port": 389,
                "ipv6_cidr_blocks": [],
                "prefix_list_ids": [],
                "protocol": "tcp",
                "security_groups": [],
                "self": false,
                "to_port": 389
              },
              {
                "cidr_blocks": [
                  "10.20.154.230/27"
                ],
                "description": "For access of SOE Active Directory",
                "from_port": 636,
                "ipv6_cidr_blocks": [],
                "prefix_list_ids": [],
                "protocol": "tcp",
                "security_groups": [],
                "self": false,
                "to_port": 636
              },
              {
                "cidr_blocks": [
                  "10.20.154.230/27"
                ],
                "description": "For access of SOE Active Directory",
                "from_port": 88,
                "ipv6_cidr_blocks": [],
                "prefix_list_ids": [],
                "protocol": "tcp",
                "security_groups": [],
                "self": false,
                "to_port": 88
              },
              {
                "cidr_blocks": [
                  "10.20.37.75",
                  "10.20.203.19"
                ],
                "description": "Allow to SOE for DNS",
                "from_port": 53,
                "ipv6_cidr_blocks": [],
                "prefix_list_ids": [],
                "protocol": "tcp",
                "security_groups": [],
                "self": false,
                "to_port": 53
              },
              {
                "cidr_blocks": [
                  "10.20.189.194/28"
                ],
                "description": "Allow outgoing from gp server to App tier",
                "from_port": 22,
                "ipv6_cidr_blocks": [],
                "prefix_list_ids": [],
                "protocol": "tcp",
                "security_groups": [],
                "self": false,
                "to_port": 65535
              },
              {
                "cidr_blocks": [
                  "10.20.112.222/28"
                ],
                "description": "Allow outgoing from gp server to DB tier",
                "from_port": 22,
                "ipv6_cidr_blocks": [],
                "prefix_list_ids": [],
                "protocol": "tcp",
                "security_groups": [],
                "self": false,
                "to_port": 65535
              },
              {
                "cidr_blocks": [
                  "10.20.209.141"
                ],
                "description": "To Common Forward Proxy",
                "from_port": 12221,
                "ipv6_cidr_blocks": [],
                "prefix_list_ids": [],
                "protocol": "tcp",
                "security_groups": [],
                "self": false,
                "to_port": 12221
              },
              {
                "cidr_blocks": [],
                "description": "ArcGIS Portal Health Check against public facing URL",
                "from_port": 443,
                "ipv6_cidr_blocks": [],
                "prefix_list_ids": [],
                "protocol": "tcp",
                "security_groups": [
                  "sg-a14e1807ea7d32a83"
                ],
                "self": false,
                "to_port": 443
              },
              {
                "cidr_blocks": [],
                "description": "Traffic to ENT DB",
                "from_port": 14333,
                "ipv6_cidr_blocks": [],
                "prefix_list_ids": [],
                "protocol": "tcp",
                "security_groups": [
                  "sg-50b79733dcf4240a1"
                ],
                "self": false,
                "to_port": 14333
              },
              {
                "cidr_blocks": [],
                "description": "Traffic to UN DB",
                "from_port": 14333,
                "ipv6_cidr_blocks": [],
                "prefix_list_ids": [],
                "protocol": "tcp",
                "security_groups": [
                  "sg-c6fa82cb28e1fb1f5"
                ],
                "self": false,
                "to_port": 14333
              },
              {
                "cidr_blocks": [],
                "description": "Traffic to file Server",
                "from_port": 139,
                "ipv6_cidr_blocks": [],
                "prefix_list_ids": [],
                "protocol": "tcp",
                "security_groups": [
                  "sg-7650972b67a042a18"
                ],
                "self": false,
                "to_port": 139
              },
              {
                "cidr_blocks": [],
                "description": "Traffic to file Server",
                "from_port": 139,
                "ipv6_cidr_blocks": [],
                "prefix_list_ids": [],
                "protocol": "udp",
                "security_groups": [
                  "sg-7650972b67a042a18"
                ],
                "self": false,
                "to_port": 139
              },
              {
                "cidr_blocks": [],
                "description": "Traffic to file Server",
                "from_port": 445,
                "ipv6_cidr_blocks": [],
                "prefix_list_ids": [],
                "protocol": "tcp",
                "security_groups": [
                  "sg-7650972b67a042a18"
                ],
                "self": false,
                "to_port": 445
              },
              {
                "cidr_blocks": [],
                "description": "Traffic to file Server",
                "from_port": 445,
                "ipv6_cidr_blocks": [],
                "prefix_list_ids": [],
                "protocol": "udp",
                "security_groups": [
                  "sg-7650972b67a042a18"
                ],
                "self": false,
                "to_port": 445
              }
            ],
            "id": "sg-703bf2694bdf82ed0",
            "ingress": [
              {
                "cidr_blocks": [],
                "description": "Allow traffic from app alb sgrp to GP server",
                "from_port": 13443,
                "ipv6_cidr_blocks": [],
                "prefix_list_ids": [],
                "protocol": "tcp",
                "security_groups": [
                  "sg-f92fbfe42f69e5786"
                ],
                "self": false,
                "to_port": 13443
              },
              {
                "cidr_blocks": [],
                "description": "Allow traffic from app alb sgrp to GP server",
                "from_port": 6443,
                "ipv6_cidr_blocks": [],
                "prefix_list_ids": [],
                "protocol": "tcp",
                "security_groups": [
                  "sg-f92fbfe42f69e5786"
                ],
                "self": false,
                "to_port": 6443
              },
              {
                "cidr_blocks": [],
                "description": "ArcGIS Server Token generation from web server",
                "from_port": 6443,
                "ipv6_cidr_blocks": [],
                "prefix_list_ids": [],
                "protocol": "tcp",
                "security_groups": [
                  "sg-a14e1807ea7d32a83"
                ],
                "self": false,
                "to_port": 6443
              },
              {
                "cidr_blocks": [],
                "description": "Traffic from Job Server",
                "from_port": 13443,
                "ipv6_cidr_blocks": [],
                "prefix_list_ids": [],
                "protocol": "tcp",
                "security_groups": [
                  "sg-cb5968f5ba1ad50e8"
                ],
                "self": false,
                "to_port": 13443
              },
              {
                "cidr_blocks": [],
                "description": "Traffic from Job Server",
                "from_port": 6443,
                "ipv6_cidr_blocks": [],
                "prefix_list_ids": [],
                "protocol": "tcp",
                "security_groups": [
                  "sg-cb5968f5ba1ad50e8"
                ],
                "self": false,
                "to_port": 6443
              },
              {
                "cidr_blocks": [],
                "description": "Traffic from Job Server",
                "from_port": 7443,
                "ipv6_cidr_blocks": [],
                "prefix_list_ids": [],
                "protocol": "tcp",
                "security_groups": [
                  "sg-cb5968f5ba1ad50e8"
                ],
                "self": false,
                "to_port": 7443
              },
              {
                "cidr_blocks": [],
                "description": "Traffic from Map Server to GP Server",
                "from_port": 1098,
                "ipv6_cidr_blocks": [],
                "prefix_list_ids": [],
                "protocol": "tcp",
                "security_groups": [
                  "sg-f1e22e496da168c30"
                ],
                "self": false,
                "to_port": 7443
              },
              {
                "cidr_blocks": [],
                "description": "Traffic from Map Server to GP Server",
                "from_port": 13443,
                "ipv6_cidr_blocks": [],
                "prefix_list_ids": [],
                "protocol": "tcp",
                "security_groups": [
                  "sg-f1e22e496da168c30"
                ],
                "self": false,
                "to_port": 13443
              },
              {
                "cidr_blocks": [],
                "description": "Traffic from Map Server to GP Server",
                "from_port": 4000,
                "ipv6_cidr_blocks": [],
                "prefix_list_ids": [],
                "protocol": "tcp",
                "security_groups": [
                  "sg-f1e22e496da168c30"
                ],
                "self": false,
                "to_port": 4003
              },
              {
                "cidr_blocks": [],
                "description": "Traffic from Map Server to GP Server",
                "from_port": 6006,
                "ipv6_cidr_blocks": [],
                "prefix_list_ids": [],
                "protocol": "tcp",
                "security_groups": [
                  "sg-f1e22e496da168c30"
                ],
                "self": false,
                "to_port": 6006
              },
              {
                "cidr_blocks": [],
                "description": "Traffic from Map Server to GP Server",
                "from_port": 6099,
                "ipv6_cidr_blocks": [],
                "prefix_list_ids": [],
                "protocol": "tcp",
                "security_groups": [
                  "sg-f1e22e496da168c30"
                ],
                "self": false,
                "to_port": 6099
              },
              {
                "cidr_blocks": [],
                "description": "Traffic from Map Server to GP Server",
                "from_port": 6443,
                "ipv6_cidr_blocks": [],
                "prefix_list_ids": [],
                "protocol": "tcp",
                "security_groups": [
                  "sg-f1e22e496da168c30"
                ],
                "self": false,
                "to_port": 6443
              },
              {
                "cidr_blocks": [],
                "description": "Traffic from Map Server to GP Server",
                "from_port": 7443,
                "ipv6_cidr_blocks": [],
                "prefix_list_ids": [],
                "protocol": "tcp",
                "security_groups": [
                  "sg-f1e22e496da168c30"
                ],
                "self": false,
                "to_port": 7443
              },
              {
                "cidr_blocks": [],
                "description": "Traffic from Portal Server to GP Server",
                "from_port": 1098,
                "ipv6_cidr_blocks": [],
                "prefix_list_ids": [],
                "protocol": "tcp",
                "security_groups": [
                  "sg-4c9b120c417998692"
                ],
                "self": false,
                "to_port": 7443
              },
              {
                "cidr_blocks": [],
                "description": "Traffic from Portal Server to GP Server",
                "from_port": 13443,
                "ipv6_cidr_blocks": [],
                "prefix_list_ids": [],
                "protocol": "tcp",
                "security_groups": [
                  "sg-4c9b120c417998692"
                ],
                "self": false,
                "to_port": 13443
              },
              {
                "cidr_blocks": [],
                "description": "Traffic from Portal Server to GP Server",
                "from_port": 4000,
                "ipv6_cidr_blocks": [],
                "prefix_list_ids": [],
                "protocol": "tcp",
                "security_groups": [
                  "sg-4c9b120c417998692"
                ],
                "self": false,
                "to_port": 4003
              },
              {
                "cidr_blocks": [],
                "description": "Traffic from Portal Server to GP Server",
                "from_port": 6006,
                "ipv6_cidr_blocks": [],
                "prefix_list_ids": [],
                "protocol": "tcp",
                "security_groups": [
                  "sg-4c9b120c417998692"
                ],
                "self": false,
                "to_port": 6006
              },
              {
                "cidr_blocks": [],
                "description": "Traffic from Portal Server to GP Server",
                "from_port": 6099,
                "ipv6_cidr_blocks": [],
                "prefix_list_ids": [],
                "protocol": "tcp",
                "security_groups": [
                  "sg-4c9b120c417998692"
                ],
                "self": false,
                "to_port": 6099
              },
              {
                "cidr_blocks": [],
                "description": "Traffic from Portal Server to GP Server",
                "from_port": 6443,
                "ipv6_cidr_blocks": [],
                "prefix_list_ids": [],
                "protocol": "tcp",
                "security_groups": [
                  "sg-4c9b120c417998692"
                ],
                "self": false,
                "to_port": 6443
              },
              {
                "cidr_blocks": [],
                "description": "Traffic from Portal Server to GP Server",
                "from_port": 7443,
                "ipv6_cidr_blocks": [],
                "prefix_list_ids": [],
                "protocol": "tcp",
                "security_groups": [
                  "sg-4c9b120c417998692"
                ],
                "self": false,
                "to_port": 7443
              },
              {
                "cidr_blocks": [],
                "description": "Traffic from UN Server to GP Server",
                "from_port": 1098,
                "ipv6_cidr_blocks": [],
                "prefix_list_ids": [],
                "protocol": "tcp",
                "security_groups": [
                  "sg-08b9a430cb789f96c"
                ],
                "self": false,
                "to_port": 7443
              },
              {
                "cidr_blocks": [],
                "description": "Traffic from UN Server to GP Server",
                "from_port": 13443,
                "ipv6_cidr_blocks": [],
                "prefix_list_ids": [],
                "protocol": "tcp",
                "security_groups": [
                  "sg-08b9a430cb789f96c"
                ],
                "self": false,
                "to_port": 13443
              },
              {
                "cidr_blocks": [],
                "description": "Traffic from UN Server to GP Server",
                "from_port": 4000,
                "ipv6_cidr_blocks": [],
                "prefix_list_ids": [],
                "protocol": "tcp",
                "security_groups": [
                  "sg-08b9a430cb789f96c"
                ],
                "self": false,
                "to_port": 4003
              },
              {
                "cidr_blocks": [],
                "description": "Traffic from UN Server to GP Server",
                "from_port": 6006,
                "ipv6_cidr_blocks": [],
                "prefix_list_ids": [],
                "protocol": "tcp",
                "security_groups": [
                  "sg-08b9a430cb789f96c"
                ],
                "self": false,
                "to_port": 6006
              },
              {
                "cidr_blocks": [],
                "description": "Traffic from UN Server to GP Server",
                "from_port": 6099,
                "ipv6_cidr_blocks": [],
                "prefix_list_ids": [],
                "protocol": "tcp",
                "security_groups": [
                  "sg-08b9a430cb789f96c"
                ],
                "self": false,
                "to_port": 6099
              },
              {
                "cidr_blocks": [],
                "description": "Traffic from UN Server to GP Server",
                "from_port": 6443,
                "ipv6_cidr_blocks": [],
                "prefix_list_ids": [],
                "protocol": "tcp",
                "security_groups": [
                  "sg-08b9a430cb789f96c"
                ],
                "self": false,
                "to_port": 6443
              },
              {
                "cidr_blocks": [],
                "description": "Traffic from UN Server to GP Server",
                "from_port": 7443,
                "ipv6_cidr_blocks": [],
                "prefix_list_ids": [],
                "protocol": "tcp",
                "security_groups": [
                  "sg-08b9a430cb789f96c"
                ],
                "self": false,
                "to_port": 7443
              }
            ],
            "name": "sgrp-XXXX-gp-01",
            "name_prefix": "",
            "owner_id": "111111111111",
            "revoke_rules_on_delete": false,
            "tags": {
              "Author": "Vendor",
              "Created-by": "Terraform",
              "Name": "sgrp-XXXX-gp-01",
              "agency-code": "xxxx",
              "environment": "uat",
              "project-code": "XXXX",
              "zone": "ia"
            },
            "tags_all": {
              "Author": "Vendor",
              "Created-by": "Terraform",
              "Name": "sgrp-XXXX-gp-01",
              "agency-code": "xxxx",
              "environment": "uat",
              "project-code": "XXXX",
              "zone": "ia"
            },
            "timeouts": null,
            "vpc_id": "vpc-f4efee4924c32459f"
          },
          "sensitive_attributes": [],
          "private": "eyJlMmJmYjczMC1lY2FhLTExZTYtOGY4OC0zNDM2M2JjN2M0YzAiOnsiY3JlYXRlIjo2MDAwMDAwMDAwMDAsImRlbGV0ZSI6OTAwMDAwMDAwMDAwfSwic2NoZW1hX3ZlcnNpb24iOiIxIn0=",
          "dependencies": [
            "data.terraform_remote_state.fabric"
          ]
        },
        {
          "index_key": 6,
          "schema_version": 1,
          "attributes": {
            "arn": "arn:aws:ec2:ap-southeast-1:111111111111:security-group/sg-4c9b120c417998692",
            "description": "XXXX intranet Portal Server app Security Group",
            "egress": [
              {
                "cidr_blocks": [
                  "10.0.0.0/8"
                ],
                "description": "Allow to SOE for DNS",
                "from_port": 53,
                "ipv6_cidr_blocks": [],
                "prefix_list_ids": [],
                "protocol": "udp",
                "security_groups": [],
                "self": false,
                "to_port": 53
              },
              {
                "cidr_blocks": [
                  "10.20.96.43/27",
                  "10.20.154.230/27"
                ],
                "description": "Allow to SOE for Ldap",
                "from_port": 389,
                "ipv6_cidr_blocks": [],
                "prefix_list_ids": [],
                "protocol": "udp",
                "security_groups": [],
                "self": false,
                "to_port": 389
              },
              {
                "cidr_blocks": [
                  "10.20.96.43/27",
                  "10.20.154.230/27"
                ],
                "description": "For access of SOE Active Directory",
                "from_port": 135,
                "ipv6_cidr_blocks": [],
                "prefix_list_ids": [],
                "protocol": "udp",
                "security_groups": [],
                "self": false,
                "to_port": 135
              },
              {
                "cidr_blocks": [
                  "10.20.96.43/27",
                  "10.20.154.230/27"
                ],
                "description": "For access of SOE Active Directory",
                "from_port": 3268,
                "ipv6_cidr_blocks": [],
                "prefix_list_ids": [],
                "protocol": "tcp",
                "security_groups": [],
                "self": false,
                "to_port": 3268
              },
              {
                "cidr_blocks": [
                  "10.20.96.43/27",
                  "10.20.154.230/27"
                ],
                "description": "For access of SOE Active Directory",
                "from_port": 389,
                "ipv6_cidr_blocks": [],
                "prefix_list_ids": [],
                "protocol": "tcp",
                "security_groups": [],
                "self": false,
                "to_port": 389
              },
              {
                "cidr_blocks": [
                  "10.20.96.43/27",
                  "10.20.154.230/27"
                ],
                "description": "For access of SOE Active Directory",
                "from_port": 48001,
                "ipv6_cidr_blocks": [],
                "prefix_list_ids": [],
                "protocol": "tcp",
                "security_groups": [],
                "self": false,
                "to_port": 48002
              },
              {
                "cidr_blocks": [
                  "10.20.96.43/27",
                  "10.20.154.230/27"
                ],
                "description": "For access of SOE Active Directory",
                "from_port": 50000,
                "ipv6_cidr_blocks": [],
                "prefix_list_ids": [],
                "protocol": "tcp",
                "security_groups": [],
                "self": false,
                "to_port": 55000
              },
              {
                "cidr_blocks": [
                  "10.20.96.43/27",
                  "10.20.154.230/27"
                ],
                "description": "For access of SOE Active Directory",
                "from_port": 636,
                "ipv6_cidr_blocks": [],
                "prefix_list_ids": [],
                "protocol": "tcp",
                "security_groups": [],
                "self": false,
                "to_port": 636
              },
              {
                "cidr_blocks": [
                  "10.20.203.19",
                  "10.20.37.75"
                ],
                "description": "Allow to SOE for DNS",
                "from_port": 53,
                "ipv6_cidr_blocks": [],
                "prefix_list_ids": [],
                "protocol": "udp",
                "security_groups": [],
                "self": false,
                "to_port": 53
              },
              {
                "cidr_blocks": [
                  "10.20.154.230/27",
                  "10.20.96.43/27"
                ],
                "description": "For access of SOE Active Directory",
                "from_port": 135,
                "ipv6_cidr_blocks": [],
                "prefix_list_ids": [],
                "protocol": "tcp",
                "security_groups": [],
                "self": false,
                "to_port": 135
              },
              {
                "cidr_blocks": [
                  "10.20.154.230/27",
                  "10.20.96.43/27"
                ],
                "description": "For access of SOE Active Directory",
                "from_port": 88,
                "ipv6_cidr_blocks": [],
                "prefix_list_ids": [],
                "protocol": "tcp",
                "security_groups": [],
                "self": false,
                "to_port": 88
              },
              {
                "cidr_blocks": [
                  "10.20.154.230/27",
                  "10.20.96.43/27"
                ],
                "description": "For access of SOE Active Directory",
                "from_port": 88,
                "ipv6_cidr_blocks": [],
                "prefix_list_ids": [],
                "protocol": "udp",
                "security_groups": [],
                "self": false,
                "to_port": 88
              },
              {
                "cidr_blocks": [
                  "10.20.37.75",
                  "10.20.203.19"
                ],
                "description": "Allow to SOE for DNS",
                "from_port": 53,
                "ipv6_cidr_blocks": [],
                "prefix_list_ids": [],
                "protocol": "tcp",
                "security_groups": [],
                "self": false,
                "to_port": 53
              },
              {
                "cidr_blocks": [
                  "10.20.189.194/28"
                ],
                "description": "Allow outgoing from portal server to App tier",
                "from_port": 22,
                "ipv6_cidr_blocks": [],
                "prefix_list_ids": [],
                "protocol": "tcp",
                "security_groups": [],
                "self": false,
                "to_port": 65535
              },
              {
                "cidr_blocks": [
                  "10.20.112.222/28"
                ],
                "description": "Allow outgoing from portal server to DB tier",
                "from_port": 22,
                "ipv6_cidr_blocks": [],
                "prefix_list_ids": [],
                "protocol": "tcp",
                "security_groups": [],
                "self": false,
                "to_port": 65535
              },
              {
                "cidr_blocks": [
                  "10.20.209.141"
                ],
                "description": "To Common Forward Proxy",
                "from_port": 12221,
                "ipv6_cidr_blocks": [],
                "prefix_list_ids": [],
                "protocol": "tcp",
                "security_groups": [],
                "self": false,
                "to_port": 12221
              },
              {
                "cidr_blocks": [
                  "10.20.30.150"
                ],
                "description": "Allow connection to common uat SMTP",
                "from_port": 25,
                "ipv6_cidr_blocks": [],
                "prefix_list_ids": [],
                "protocol": "tcp",
                "security_groups": [],
                "self": false,
                "to_port": 25
              },
              {
                "cidr_blocks": [],
                "description": "ArcGIS Portal Health Check against public facing URL",
                "from_port": 443,
                "ipv6_cidr_blocks": [],
                "prefix_list_ids": [],
                "protocol": "tcp",
                "security_groups": [
                  "sg-a14e1807ea7d32a83"
                ],
                "self": false,
                "to_port": 443
              },
              {
                "cidr_blocks": [],
                "description": "Traffic to ENT DB",
                "from_port": 14333,
                "ipv6_cidr_blocks": [],
                "prefix_list_ids": [],
                "protocol": "tcp",
                "security_groups": [
                  "sg-50b79733dcf4240a1"
                ],
                "self": false,
                "to_port": 14333
              },
              {
                "cidr_blocks": [],
                "description": "Traffic to UN DB",
                "from_port": 14333,
                "ipv6_cidr_blocks": [],
                "prefix_list_ids": [],
                "protocol": "tcp",
                "security_groups": [
                  "sg-c6fa82cb28e1fb1f5"
                ],
                "self": false,
                "to_port": 14333
              },
              {
                "cidr_blocks": [],
                "description": "Traffic to file Server",
                "from_port": 139,
                "ipv6_cidr_blocks": [],
                "prefix_list_ids": [],
                "protocol": "tcp",
                "security_groups": [
                  "sg-7650972b67a042a18"
                ],
                "self": false,
                "to_port": 139
              },
              {
                "cidr_blocks": [],
                "description": "Traffic to file Server",
                "from_port": 139,
                "ipv6_cidr_blocks": [],
                "prefix_list_ids": [],
                "protocol": "udp",
                "security_groups": [
                  "sg-7650972b67a042a18"
                ],
                "self": false,
                "to_port": 139
              },
              {
                "cidr_blocks": [],
                "description": "Traffic to file Server",
                "from_port": 445,
                "ipv6_cidr_blocks": [],
                "prefix_list_ids": [],
                "protocol": "tcp",
                "security_groups": [
                  "sg-7650972b67a042a18"
                ],
                "self": false,
                "to_port": 445
              },
              {
                "cidr_blocks": [],
                "description": "Traffic to file Server",
                "from_port": 445,
                "ipv6_cidr_blocks": [],
                "prefix_list_ids": [],
                "protocol": "udp",
                "security_groups": [
                  "sg-7650972b67a042a18"
                ],
                "self": false,
                "to_port": 445
              }
            ],
            "id": "sg-4c9b120c417998692",
            "ingress": [
              {
                "cidr_blocks": [],
                "description": "Allow traffic from app alb sgrp to Portal server",
                "from_port": 7443,
                "ipv6_cidr_blocks": [],
                "prefix_list_ids": [],
                "protocol": "tcp",
                "security_groups": [
                  "sg-f92fbfe42f69e5786"
                ],
                "self": false,
                "to_port": 7443
              },
              {
                "cidr_blocks": [],
                "description": "ArcGIS Server Token generation from web server",
                "from_port": 7443,
                "ipv6_cidr_blocks": [],
                "prefix_list_ids": [],
                "protocol": "tcp",
                "security_groups": [
                  "sg-a14e1807ea7d32a83"
                ],
                "self": false,
                "to_port": 7443
              },
              {
                "cidr_blocks": [],
                "description": "Traffic from GP Server to Portal Server",
                "from_port": 1098,
                "ipv6_cidr_blocks": [],
                "prefix_list_ids": [],
                "protocol": "tcp",
                "security_groups": [
                  "sg-703bf2694bdf82ed0"
                ],
                "self": false,
                "to_port": 7443
              },
              {
                "cidr_blocks": [],
                "description": "Traffic from GP Server to Portal Server",
                "from_port": 13443,
                "ipv6_cidr_blocks": [],
                "prefix_list_ids": [],
                "protocol": "tcp",
                "security_groups": [
                  "sg-703bf2694bdf82ed0"
                ],
                "self": false,
                "to_port": 13443
              },
              {
                "cidr_blocks": [],
                "description": "Traffic from GP Server to Portal Server",
                "from_port": 4000,
                "ipv6_cidr_blocks": [],
                "prefix_list_ids": [],
                "protocol": "tcp",
                "security_groups": [
                  "sg-703bf2694bdf82ed0"
                ],
                "self": false,
                "to_port": 4003
              },
              {
                "cidr_blocks": [],
                "description": "Traffic from GP Server to Portal Server",
                "from_port": 6006,
                "ipv6_cidr_blocks": [],
                "prefix_list_ids": [],
                "protocol": "tcp",
                "security_groups": [
                  "sg-703bf2694bdf82ed0"
                ],
                "self": false,
                "to_port": 6006
              },
              {
                "cidr_blocks": [],
                "description": "Traffic from GP Server to Portal Server",
                "from_port": 6099,
                "ipv6_cidr_blocks": [],
                "prefix_list_ids": [],
                "protocol": "tcp",
                "security_groups": [
                  "sg-703bf2694bdf82ed0"
                ],
                "self": false,
                "to_port": 6099
              },
              {
                "cidr_blocks": [],
                "description": "Traffic from GP Server to Portal Server",
                "from_port": 6443,
                "ipv6_cidr_blocks": [],
                "prefix_list_ids": [],
                "protocol": "tcp",
                "security_groups": [
                  "sg-703bf2694bdf82ed0"
                ],
                "self": false,
                "to_port": 6443
              },
              {
                "cidr_blocks": [],
                "description": "Traffic from GP Server to Portal Server",
                "from_port": 7443,
                "ipv6_cidr_blocks": [],
                "prefix_list_ids": [],
                "protocol": "tcp",
                "security_groups": [
                  "sg-703bf2694bdf82ed0"
                ],
                "self": false,
                "to_port": 7443
              },
              {
                "cidr_blocks": [],
                "description": "Traffic from Job Server",
                "from_port": 13443,
                "ipv6_cidr_blocks": [],
                "prefix_list_ids": [],
                "protocol": "tcp",
                "security_groups": [
                  "sg-cb5968f5ba1ad50e8"
                ],
                "self": false,
                "to_port": 13443
              },
              {
                "cidr_blocks": [],
                "description": "Traffic from Job Server",
                "from_port": 6443,
                "ipv6_cidr_blocks": [],
                "prefix_list_ids": [],
                "protocol": "tcp",
                "security_groups": [
                  "sg-cb5968f5ba1ad50e8"
                ],
                "self": false,
                "to_port": 6443
              },
              {
                "cidr_blocks": [],
                "description": "Traffic from Job Server",
                "from_port": 7443,
                "ipv6_cidr_blocks": [],
                "prefix_list_ids": [],
                "protocol": "tcp",
                "security_groups": [
                  "sg-cb5968f5ba1ad50e8"
                ],
                "self": false,
                "to_port": 7443
              },
              {
                "cidr_blocks": [],
                "description": "Traffic from Map Server to Portal Server",
                "from_port": 1098,
                "ipv6_cidr_blocks": [],
                "prefix_list_ids": [],
                "protocol": "tcp",
                "security_groups": [
                  "sg-f1e22e496da168c30"
                ],
                "self": false,
                "to_port": 7443
              },
              {
                "cidr_blocks": [],
                "description": "Traffic from Map Server to Portal Server",
                "from_port": 13443,
                "ipv6_cidr_blocks": [],
                "prefix_list_ids": [],
                "protocol": "tcp",
                "security_groups": [
                  "sg-f1e22e496da168c30"
                ],
                "self": false,
                "to_port": 13443
              },
              {
                "cidr_blocks": [],
                "description": "Traffic from Map Server to Portal Server",
                "from_port": 4000,
                "ipv6_cidr_blocks": [],
                "prefix_list_ids": [],
                "protocol": "tcp",
                "security_groups": [
                  "sg-f1e22e496da168c30"
                ],
                "self": false,
                "to_port": 4003
              },
              {
                "cidr_blocks": [],
                "description": "Traffic from Map Server to Portal Server",
                "from_port": 6006,
                "ipv6_cidr_blocks": [],
                "prefix_list_ids": [],
                "protocol": "tcp",
                "security_groups": [
                  "sg-f1e22e496da168c30"
                ],
                "self": false,
                "to_port": 6006
              },
              {
                "cidr_blocks": [],
                "description": "Traffic from Map Server to Portal Server",
                "from_port": 6099,
                "ipv6_cidr_blocks": [],
                "prefix_list_ids": [],
                "protocol": "tcp",
                "security_groups": [
                  "sg-f1e22e496da168c30"
                ],
                "self": false,
                "to_port": 6099
              },
              {
                "cidr_blocks": [],
                "description": "Traffic from Map Server to Portal Server",
                "from_port": 6443,
                "ipv6_cidr_blocks": [],
                "prefix_list_ids": [],
                "protocol": "tcp",
                "security_groups": [
                  "sg-f1e22e496da168c30"
                ],
                "self": false,
                "to_port": 6443
              },
              {
                "cidr_blocks": [],
                "description": "Traffic from Map Server to Portal Server",
                "from_port": 7443,
                "ipv6_cidr_blocks": [],
                "prefix_list_ids": [],
                "protocol": "tcp",
                "security_groups": [
                  "sg-f1e22e496da168c30"
                ],
                "self": false,
                "to_port": 7443
              },
              {
                "cidr_blocks": [],
                "description": "Traffic from UN Server to Portal Server",
                "from_port": 1098,
                "ipv6_cidr_blocks": [],
                "prefix_list_ids": [],
                "protocol": "tcp",
                "security_groups": [
                  "sg-08b9a430cb789f96c"
                ],
                "self": false,
                "to_port": 7443
              },
              {
                "cidr_blocks": [],
                "description": "Traffic from UN Server to Portal Server",
                "from_port": 13443,
                "ipv6_cidr_blocks": [],
                "prefix_list_ids": [],
                "protocol": "tcp",
                "security_groups": [
                  "sg-08b9a430cb789f96c"
                ],
                "self": false,
                "to_port": 13443
              },
              {
                "cidr_blocks": [],
                "description": "Traffic from UN Server to Portal Server",
                "from_port": 4000,
                "ipv6_cidr_blocks": [],
                "prefix_list_ids": [],
                "protocol": "tcp",
                "security_groups": [
                  "sg-08b9a430cb789f96c"
                ],
                "self": false,
                "to_port": 4003
              },
              {
                "cidr_blocks": [],
                "description": "Traffic from UN Server to Portal Server",
                "from_port": 6006,
                "ipv6_cidr_blocks": [],
                "prefix_list_ids": [],
                "protocol": "tcp",
                "security_groups": [
                  "sg-08b9a430cb789f96c"
                ],
                "self": false,
                "to_port": 6006
              },
              {
                "cidr_blocks": [],
                "description": "Traffic from UN Server to Portal Server",
                "from_port": 6099,
                "ipv6_cidr_blocks": [],
                "prefix_list_ids": [],
                "protocol": "tcp",
                "security_groups": [
                  "sg-08b9a430cb789f96c"
                ],
                "self": false,
                "to_port": 6099
              },
              {
                "cidr_blocks": [],
                "description": "Traffic from UN Server to Portal Server",
                "from_port": 6443,
                "ipv6_cidr_blocks": [],
                "prefix_list_ids": [],
                "protocol": "tcp",
                "security_groups": [
                  "sg-08b9a430cb789f96c"
                ],
                "self": false,
                "to_port": 6443
              },
              {
                "cidr_blocks": [],
                "description": "Traffic from UN Server to Portal Server",
                "from_port": 7443,
                "ipv6_cidr_blocks": [],
                "prefix_list_ids": [],
                "protocol": "tcp",
                "security_groups": [
                  "sg-08b9a430cb789f96c"
                ],
                "self": false,
                "to_port": 7443
              },
              {
                "cidr_blocks": [],
                "description": "Traffic from Web Server",
                "from_port": 10001,
                "ipv6_cidr_blocks": [],
                "prefix_list_ids": [],
                "protocol": "tcp",
                "security_groups": [
                  "sg-a14e1807ea7d32a83"
                ],
                "self": false,
                "to_port": 10020
              },
              {
                "cidr_blocks": [],
                "description": "Traffic from job Server",
                "from_port": 10001,
                "ipv6_cidr_blocks": [],
                "prefix_list_ids": [],
                "protocol": "tcp",
                "security_groups": [
                  "sg-cb5968f5ba1ad50e8"
                ],
                "self": false,
                "to_port": 10020
              }
            ],
            "name": "sgrp-XXXX-ptl-01",
            "name_prefix": "",
            "owner_id": "111111111111",
            "revoke_rules_on_delete": false,
            "tags": {
              "Author": "Vendor",
              "Created-by": "Terraform",
              "Name": "sgrp-XXXX-ptl-01",
              "agency-code": "xxxx",
              "environment": "uat",
              "project-code": "XXXX",
              "zone": "ia"
            },
            "tags_all": {
              "Author": "Vendor",
              "Created-by": "Terraform",
              "Name": "sgrp-XXXX-ptl-01",
              "agency-code": "xxxx",
              "environment": "uat",
              "project-code": "XXXX",
              "zone": "ia"
            },
            "timeouts": null,
            "vpc_id": "vpc-f4efee4924c32459f"
          },
          "sensitive_attributes": [],
          "private": "eyJlMmJmYjczMC1lY2FhLTExZTYtOGY4OC0zNDM2M2JjN2M0YzAiOnsiY3JlYXRlIjo2MDAwMDAwMDAwMDAsImRlbGV0ZSI6OTAwMDAwMDAwMDAwfSwic2NoZW1hX3ZlcnNpb24iOiIxIn0=",
          "dependencies": [
            "data.terraform_remote_state.fabric"
          ]
        },
        {
          "index_key": 7,
          "schema_version": 1,
          "attributes": {
            "arn": "arn:aws:ec2:ap-southeast-1:111111111111:security-group/sg-c6fa82cb28e1fb1f5",
            "description": "XXXX intranet UN Enterprise DB Security Group",
            "egress": [
              {
                "cidr_blocks": [],
                "description": "Traffic from UN DB Server",
                "from_port": 139,
                "ipv6_cidr_blocks": [],
                "prefix_list_ids": [],
                "protocol": "tcp",
                "security_groups": [
                  "sg-7650972b67a042a18"
                ],
                "self": false,
                "to_port": 139
              },
              {
                "cidr_blocks": [],
                "description": "Traffic from UN DB Server",
                "from_port": 139,
                "ipv6_cidr_blocks": [],
                "prefix_list_ids": [],
                "protocol": "udp",
                "security_groups": [
                  "sg-7650972b67a042a18"
                ],
                "self": false,
                "to_port": 139
              },
              {
                "cidr_blocks": [],
                "description": "Traffic from UN DB Server",
                "from_port": 445,
                "ipv6_cidr_blocks": [],
                "prefix_list_ids": [],
                "protocol": "tcp",
                "security_groups": [
                  "sg-7650972b67a042a18"
                ],
                "self": false,
                "to_port": 445
              },
              {
                "cidr_blocks": [],
                "description": "Traffic from UN DB Server",
                "from_port": 445,
                "ipv6_cidr_blocks": [],
                "prefix_list_ids": [],
                "protocol": "udp",
                "security_groups": [
                  "sg-7650972b67a042a18"
                ],
                "self": false,
                "to_port": 445
              }
            ],
            "id": "sg-c6fa82cb28e1fb1f5",
            "ingress": [
              {
                "cidr_blocks": [],
                "description": "Traffic from GP Server",
                "from_port": 14333,
                "ipv6_cidr_blocks": [],
                "prefix_list_ids": [],
                "protocol": "tcp",
                "security_groups": [
                  "sg-703bf2694bdf82ed0"
                ],
                "self": false,
                "to_port": 14333
              },
              {
                "cidr_blocks": [],
                "description": "Traffic from Job Server",
                "from_port": 14333,
                "ipv6_cidr_blocks": [],
                "prefix_list_ids": [],
                "protocol": "tcp",
                "security_groups": [
                  "sg-cb5968f5ba1ad50e8"
                ],
                "self": false,
                "to_port": 14333
              },
              {
                "cidr_blocks": [],
                "description": "Traffic from Map Server",
                "from_port": 14333,
                "ipv6_cidr_blocks": [],
                "prefix_list_ids": [],
                "protocol": "tcp",
                "security_groups": [
                  "sg-f1e22e496da168c30"
                ],
                "self": false,
                "to_port": 14333
              },
              {
                "cidr_blocks": [],
                "description": "Traffic from Portal Server",
                "from_port": 14333,
                "ipv6_cidr_blocks": [],
                "prefix_list_ids": [],
                "protocol": "tcp",
                "security_groups": [
                  "sg-4c9b120c417998692"
                ],
                "self": false,
                "to_port": 14333
              },
              {
                "cidr_blocks": [],
                "description": "Traffic from UN Server",
                "from_port": 14333,
                "ipv6_cidr_blocks": [],
                "prefix_list_ids": [],
                "protocol": "tcp",
                "security_groups": [
                  "sg-08b9a430cb789f96c"
                ],
                "self": false,
                "to_port": 14333
              }
            ],
            "name": "sgrp-XXXX-udb-01",
            "name_prefix": "",
            "owner_id": "111111111111",
            "revoke_rules_on_delete": false,
            "tags": {
              "Author": "Vendor",
              "Created-by": "Terraform",
              "Name": "sgrp-XXXX-udb-01",
              "agency-code": "xxxx",
              "environment": "uat",
              "project-code": "XXXX",
              "zone": "ia"
            },
            "tags_all": {
              "Author": "Vendor",
              "Created-by": "Terraform",
              "Name": "sgrp-XXXX-udb-01",
              "agency-code": "xxxx",
              "environment": "uat",
              "project-code": "XXXX",
              "zone": "ia"
            },
            "timeouts": null,
            "vpc_id": "vpc-f4efee4924c32459f"
          },
          "sensitive_attributes": [],
          "private": "eyJlMmJmYjczMC1lY2FhLTExZTYtOGY4OC0zNDM2M2JjN2M0YzAiOnsiY3JlYXRlIjo2MDAwMDAwMDAwMDAsImRlbGV0ZSI6OTAwMDAwMDAwMDAwfSwic2NoZW1hX3ZlcnNpb24iOiIxIn0=",
          "dependencies": [
            "data.terraform_remote_state.fabric"
          ]
        },
        {
          "index_key": 8,
          "schema_version": 1,
          "attributes": {
            "arn": "arn:aws:ec2:ap-southeast-1:111111111111:security-group/sg-50b79733dcf4240a1",
            "description": "XXXX intranet enterprise DB Security Group",
            "egress": [
              {
                "cidr_blocks": [],
                "description": "Traffic from ENT DB Server",
                "from_port": 139,
                "ipv6_cidr_blocks": [],
                "prefix_list_ids": [],
                "protocol": "tcp",
                "security_groups": [
                  "sg-7650972b67a042a18"
                ],
                "self": false,
                "to_port": 139
              },
              {
                "cidr_blocks": [],
                "description": "Traffic from ENT DB Server",
                "from_port": 139,
                "ipv6_cidr_blocks": [],
                "prefix_list_ids": [],
                "protocol": "udp",
                "security_groups": [
                  "sg-7650972b67a042a18"
                ],
                "self": false,
                "to_port": 139
              },
              {
                "cidr_blocks": [],
                "description": "Traffic from ENT DB Server",
                "from_port": 445,
                "ipv6_cidr_blocks": [],
                "prefix_list_ids": [],
                "protocol": "tcp",
                "security_groups": [
                  "sg-7650972b67a042a18"
                ],
                "self": false,
                "to_port": 445
              },
              {
                "cidr_blocks": [],
                "description": "Traffic from ENT DB Server",
                "from_port": 445,
                "ipv6_cidr_blocks": [],
                "prefix_list_ids": [],
                "protocol": "udp",
                "security_groups": [
                  "sg-7650972b67a042a18"
                ],
                "self": false,
                "to_port": 445
              }
            ],
            "id": "sg-50b79733dcf4240a1",
            "ingress": [
              {
                "cidr_blocks": [],
                "description": "Traffic from GP Server",
                "from_port": 14333,
                "ipv6_cidr_blocks": [],
                "prefix_list_ids": [],
                "protocol": "tcp",
                "security_groups": [
                  "sg-703bf2694bdf82ed0"
                ],
                "self": false,
                "to_port": 14333
              },
              {
                "cidr_blocks": [],
                "description": "Traffic from Job Server",
                "from_port": 14333,
                "ipv6_cidr_blocks": [],
                "prefix_list_ids": [],
                "protocol": "tcp",
                "security_groups": [
                  "sg-cb5968f5ba1ad50e8"
                ],
                "self": false,
                "to_port": 14333
              },
              {
                "cidr_blocks": [],
                "description": "Traffic from Map Server",
                "from_port": 14333,
                "ipv6_cidr_blocks": [],
                "prefix_list_ids": [],
                "protocol": "tcp",
                "security_groups": [
                  "sg-f1e22e496da168c30"
                ],
                "self": false,
                "to_port": 14333
              },
              {
                "cidr_blocks": [],
                "description": "Traffic from Portal Server",
                "from_port": 14333,
                "ipv6_cidr_blocks": [],
                "prefix_list_ids": [],
                "protocol": "tcp",
                "security_groups": [
                  "sg-4c9b120c417998692"
                ],
                "self": false,
                "to_port": 14333
              },
              {
                "cidr_blocks": [],
                "description": "Traffic from UN Server",
                "from_port": 14333,
                "ipv6_cidr_blocks": [],
                "prefix_list_ids": [],
                "protocol": "tcp",
                "security_groups": [
                  "sg-08b9a430cb789f96c"
                ],
                "self": false,
                "to_port": 14333
              }
            ],
            "name": "sgrp-XXXX-edb-01",
            "name_prefix": "",
            "owner_id": "111111111111",
            "revoke_rules_on_delete": false,
            "tags": {
              "Author": "Vendor",
              "Created-by": "Terraform",
              "Name": "sgrp-XXXX-edb-01",
              "agency-code": "xxxx",
              "environment": "uat",
              "project-code": "XXXX",
              "zone": "ia"
            },
            "tags_all": {
              "Author": "Vendor",
              "Created-by": "Terraform",
              "Name": "sgrp-XXXX-edb-01",
              "agency-code": "xxxx",
              "environment": "uat",
              "project-code": "XXXX",
              "zone": "ia"
            },
            "timeouts": null,
            "vpc_id": "vpc-f4efee4924c32459f"
          },
          "sensitive_attributes": [],
          "private": "eyJlMmJmYjczMC1lY2FhLTExZTYtOGY4OC0zNDM2M2JjN2M0YzAiOnsiY3JlYXRlIjo2MDAwMDAwMDAwMDAsImRlbGV0ZSI6OTAwMDAwMDAwMDAwfSwic2NoZW1hX3ZlcnNpb24iOiIxIn0=",
          "dependencies": [
            "data.terraform_remote_state.fabric"
          ]
        },
        {
          "index_key": 9,
          "schema_version": 1,
          "attributes": {
            "arn": "arn:aws:ec2:ap-southeast-1:111111111111:security-group/sg-7079bcbb558022f61",
            "description": "XXXX intranet relational datastore Security Group",
            "egress": [
              {
                "cidr_blocks": [],
                "description": "Allow rds db to access access the main FQDN of the services",
                "from_port": 6443,
                "ipv6_cidr_blocks": [],
                "prefix_list_ids": [],
                "protocol": "tcp",
                "security_groups": [
                  "sg-f92fbfe42f69e5786"
                ],
                "self": false,
                "to_port": 6443
              },
              {
                "cidr_blocks": [],
                "description": "Allow rds db to access access the main FQDN of the services",
                "from_port": 7443,
                "ipv6_cidr_blocks": [],
                "prefix_list_ids": [],
                "protocol": "tcp",
                "security_groups": [
                  "sg-f92fbfe42f69e5786"
                ],
                "self": false,
                "to_port": 7443
              },
              {
                "cidr_blocks": [],
                "description": "Allow rds db to access the hosting server",
                "from_port": 6443,
                "ipv6_cidr_blocks": [],
                "prefix_list_ids": [],
                "protocol": "tcp",
                "security_groups": [
                  "sg-f1e22e496da168c30"
                ],
                "self": false,
                "to_port": 6443
              },
              {
                "cidr_blocks": [],
                "description": "Traffic from RDS DB Server",
                "from_port": 139,
                "ipv6_cidr_blocks": [],
                "prefix_list_ids": [],
                "protocol": "tcp",
                "security_groups": [
                  "sg-7650972b67a042a18"
                ],
                "self": false,
                "to_port": 139
              },
              {
                "cidr_blocks": [],
                "description": "Traffic from RDS DB Server",
                "from_port": 139,
                "ipv6_cidr_blocks": [],
                "prefix_list_ids": [],
                "protocol": "udp",
                "security_groups": [
                  "sg-7650972b67a042a18"
                ],
                "self": false,
                "to_port": 139
              },
              {
                "cidr_blocks": [],
                "description": "Traffic from RDS DB Server",
                "from_port": 445,
                "ipv6_cidr_blocks": [],
                "prefix_list_ids": [],
                "protocol": "tcp",
                "security_groups": [
                  "sg-7650972b67a042a18"
                ],
                "self": false,
                "to_port": 445
              },
              {
                "cidr_blocks": [],
                "description": "Traffic from RDS DB Server",
                "from_port": 445,
                "ipv6_cidr_blocks": [],
                "prefix_list_ids": [],
                "protocol": "udp",
                "security_groups": [
                  "sg-7650972b67a042a18"
                ],
                "self": false,
                "to_port": 445
              }
            ],
            "id": "sg-7079bcbb558022f61",
            "ingress": [
              {
                "cidr_blocks": [],
                "description": "Allow Job server to access rds server",
                "from_port": 2443,
                "ipv6_cidr_blocks": [],
                "prefix_list_ids": [],
                "protocol": "tcp",
                "security_groups": [
                  "sg-cb5968f5ba1ad50e8"
                ],
                "self": false,
                "to_port": 2443
              },
              {
                "cidr_blocks": [],
                "description": "Traffic from GP Server",
                "from_port": 2443,
                "ipv6_cidr_blocks": [],
                "prefix_list_ids": [],
                "protocol": "tcp",
                "security_groups": [
                  "sg-703bf2694bdf82ed0"
                ],
                "self": false,
                "to_port": 2443
              },
              {
                "cidr_blocks": [],
                "description": "Traffic from GP Server",
                "from_port": 29079,
                "ipv6_cidr_blocks": [],
                "prefix_list_ids": [],
                "protocol": "tcp",
                "security_groups": [
                  "sg-703bf2694bdf82ed0"
                ],
                "self": false,
                "to_port": 29081
              },
              {
                "cidr_blocks": [],
                "description": "Traffic from GP Server",
                "from_port": 29085,
                "ipv6_cidr_blocks": [],
                "prefix_list_ids": [],
                "protocol": "tcp",
                "security_groups": [
                  "sg-703bf2694bdf82ed0"
                ],
                "self": false,
                "to_port": 29090
              },
              {
                "cidr_blocks": [],
                "description": "Traffic from GP Server",
                "from_port": 4369,
                "ipv6_cidr_blocks": [],
                "prefix_list_ids": [],
                "protocol": "tcp",
                "security_groups": [
                  "sg-703bf2694bdf82ed0"
                ],
                "self": false,
                "to_port": 4369
              },
              {
                "cidr_blocks": [],
                "description": "Traffic from GP Server",
                "from_port": 6443,
                "ipv6_cidr_blocks": [],
                "prefix_list_ids": [],
                "protocol": "tcp",
                "security_groups": [
                  "sg-703bf2694bdf82ed0"
                ],
                "self": false,
                "to_port": 6443
              },
              {
                "cidr_blocks": [],
                "description": "Traffic from GP Server",
                "from_port": 9876,
                "ipv6_cidr_blocks": [],
                "prefix_list_ids": [],
                "protocol": "tcp",
                "security_groups": [
                  "sg-703bf2694bdf82ed0"
                ],
                "self": false,
                "to_port": 9876
              },
              {
                "cidr_blocks": [],
                "description": "Traffic from Map Server",
                "from_port": 2443,
                "ipv6_cidr_blocks": [],
                "prefix_list_ids": [],
                "protocol": "tcp",
                "security_groups": [
                  "sg-f1e22e496da168c30"
                ],
                "self": false,
                "to_port": 2443
              },
              {
                "cidr_blocks": [],
                "description": "Traffic from Map Server",
                "from_port": 29079,
                "ipv6_cidr_blocks": [],
                "prefix_list_ids": [],
                "protocol": "tcp",
                "security_groups": [
                  "sg-f1e22e496da168c30"
                ],
                "self": false,
                "to_port": 29081
              },
              {
                "cidr_blocks": [],
                "description": "Traffic from Map Server",
                "from_port": 29085,
                "ipv6_cidr_blocks": [],
                "prefix_list_ids": [],
                "protocol": "tcp",
                "security_groups": [
                  "sg-f1e22e496da168c30"
                ],
                "self": false,
                "to_port": 29090
              },
              {
                "cidr_blocks": [],
                "description": "Traffic from Map Server",
                "from_port": 4369,
                "ipv6_cidr_blocks": [],
                "prefix_list_ids": [],
                "protocol": "tcp",
                "security_groups": [
                  "sg-f1e22e496da168c30"
                ],
                "self": false,
                "to_port": 4369
              },
              {
                "cidr_blocks": [],
                "description": "Traffic from Map Server",
                "from_port": 6443,
                "ipv6_cidr_blocks": [],
                "prefix_list_ids": [],
                "protocol": "tcp",
                "security_groups": [
                  "sg-f1e22e496da168c30"
                ],
                "self": false,
                "to_port": 6443
              },
              {
                "cidr_blocks": [],
                "description": "Traffic from Map Server",
                "from_port": 9876,
                "ipv6_cidr_blocks": [],
                "prefix_list_ids": [],
                "protocol": "tcp",
                "security_groups": [
                  "sg-f1e22e496da168c30"
                ],
                "self": false,
                "to_port": 9876
              },
              {
                "cidr_blocks": [],
                "description": "Traffic from Portal Server",
                "from_port": 2443,
                "ipv6_cidr_blocks": [],
                "prefix_list_ids": [],
                "protocol": "tcp",
                "security_groups": [
                  "sg-4c9b120c417998692"
                ],
                "self": false,
                "to_port": 2443
              },
              {
                "cidr_blocks": [],
                "description": "Traffic from Portal Server",
                "from_port": 29079,
                "ipv6_cidr_blocks": [],
                "prefix_list_ids": [],
                "protocol": "tcp",
                "security_groups": [
                  "sg-4c9b120c417998692"
                ],
                "self": false,
                "to_port": 29081
              },
              {
                "cidr_blocks": [],
                "description": "Traffic from Portal Server",
                "from_port": 29085,
                "ipv6_cidr_blocks": [],
                "prefix_list_ids": [],
                "protocol": "tcp",
                "security_groups": [
                  "sg-4c9b120c417998692"
                ],
                "self": false,
                "to_port": 29090
              },
              {
                "cidr_blocks": [],
                "description": "Traffic from Portal Server",
                "from_port": 4369,
                "ipv6_cidr_blocks": [],
                "prefix_list_ids": [],
                "protocol": "tcp",
                "security_groups": [
                  "sg-4c9b120c417998692"
                ],
                "self": false,
                "to_port": 4369
              },
              {
                "cidr_blocks": [],
                "description": "Traffic from Portal Server",
                "from_port": 6443,
                "ipv6_cidr_blocks": [],
                "prefix_list_ids": [],
                "protocol": "tcp",
                "security_groups": [
                  "sg-4c9b120c417998692"
                ],
                "self": false,
                "to_port": 6443
              },
              {
                "cidr_blocks": [],
                "description": "Traffic from Portal Server",
                "from_port": 9876,
                "ipv6_cidr_blocks": [],
                "prefix_list_ids": [],
                "protocol": "tcp",
                "security_groups": [
                  "sg-4c9b120c417998692"
                ],
                "self": false,
                "to_port": 9876
              },
              {
                "cidr_blocks": [],
                "description": "Traffic from UN Server",
                "from_port": 2443,
                "ipv6_cidr_blocks": [],
                "prefix_list_ids": [],
                "protocol": "tcp",
                "security_groups": [
                  "sg-08b9a430cb789f96c"
                ],
                "self": false,
                "to_port": 2443
              },
              {
                "cidr_blocks": [],
                "description": "Traffic from UN Server",
                "from_port": 29079,
                "ipv6_cidr_blocks": [],
                "prefix_list_ids": [],
                "protocol": "tcp",
                "security_groups": [
                  "sg-08b9a430cb789f96c"
                ],
                "self": false,
                "to_port": 29081
              },
              {
                "cidr_blocks": [],
                "description": "Traffic from UN Server",
                "from_port": 29085,
                "ipv6_cidr_blocks": [],
                "prefix_list_ids": [],
                "protocol": "tcp",
                "security_groups": [
                  "sg-08b9a430cb789f96c"
                ],
                "self": false,
                "to_port": 29090
              },
              {
                "cidr_blocks": [],
                "description": "Traffic from UN Server",
                "from_port": 4369,
                "ipv6_cidr_blocks": [],
                "prefix_list_ids": [],
                "protocol": "tcp",
                "security_groups": [
                  "sg-08b9a430cb789f96c"
                ],
                "self": false,
                "to_port": 4369
              },
              {
                "cidr_blocks": [],
                "description": "Traffic from UN Server",
                "from_port": 6443,
                "ipv6_cidr_blocks": [],
                "prefix_list_ids": [],
                "protocol": "tcp",
                "security_groups": [
                  "sg-08b9a430cb789f96c"
                ],
                "self": false,
                "to_port": 6443
              },
              {
                "cidr_blocks": [],
                "description": "Traffic from UN Server",
                "from_port": 9876,
                "ipv6_cidr_blocks": [],
                "prefix_list_ids": [],
                "protocol": "tcp",
                "security_groups": [
                  "sg-08b9a430cb789f96c"
                ],
                "self": false,
                "to_port": 9876
              }
            ],
            "name": "sgrp-XXXX-rdb-01",
            "name_prefix": "",
            "owner_id": "111111111111",
            "revoke_rules_on_delete": false,
            "tags": {
              "Author": "Vendor",
              "Created-by": "Terraform",
              "Name": "sgrp-XXXX-rdb-01",
              "agency-code": "xxxx",
              "environment": "uat",
              "project-code": "XXXX",
              "zone": "ia"
            },
            "tags_all": {
              "Author": "Vendor",
              "Created-by": "Terraform",
              "Name": "sgrp-XXXX-rdb-01",
              "agency-code": "xxxx",
              "environment": "uat",
              "project-code": "XXXX",
              "zone": "ia"
            },
            "timeouts": null,
            "vpc_id": "vpc-f4efee4924c32459f"
          },
          "sensitive_attributes": [],
          "private": "eyJlMmJmYjczMC1lY2FhLTExZTYtOGY4OC0zNDM2M2JjN2M0YzAiOnsiY3JlYXRlIjo2MDAwMDAwMDAwMDAsImRlbGV0ZSI6OTAwMDAwMDAwMDAwfSwic2NoZW1hX3ZlcnNpb24iOiIxIn0=",
          "dependencies": [
            "data.terraform_remote_state.fabric"
          ]
        },
        {
          "index_key": 10,
          "schema_version": 1,
          "attributes": {
            "arn": "arn:aws:ec2:ap-southeast-1:111111111111:security-group/sg-0b51d54f35b16bee7",
            "description": "XXXX intranet Management ENI Security Group",
            "egress": [
              {
                "cidr_blocks": [
                  "10.20.37.202",
                  "10.20.210.109"
                ],
                "description": "to pull software and pattern updates",
                "from_port": 4122,
                "ipv6_cidr_blocks": [],
                "prefix_list_ids": [],
                "protocol": "tcp",
                "security_groups": [],
                "self": false,
                "to_port": 4122
              },
              {
                "cidr_blocks": [
                  "10.20.37.202",
                  "10.20.210.109"
                ],
                "description": "to pull software and pattern updates",
                "from_port": 443,
                "ipv6_cidr_blocks": [],
                "prefix_list_ids": [],
                "protocol": "tcp",
                "security_groups": [],
                "self": false,
                "to_port": 443
              },
              {
                "cidr_blocks": [
                  "10.20.14.35"
                ],
                "description": "BaaS-NetBackup Master Server",
                "from_port": 13782,
                "ipv6_cidr_blocks": [],
                "prefix_list_ids": [],
                "protocol": "tcp",
                "security_groups": [],
                "self": false,
                "to_port": 13782
              },
              {
                "cidr_blocks": [
                  "10.20.217.232/31"
                ],
                "description": "heartbeat port from Agent to EPS/DSM",
                "from_port": 4120,
                "ipv6_cidr_blocks": [],
                "prefix_list_ids": [],
                "protocol": "tcp",
                "security_groups": [],
                "self": false,
                "to_port": 4120
              },
              {
                "cidr_blocks": [
                  "10.20.60.99/31",
                  "10.20.49.54/31"
                ],
                "description": "connection to SPS for file reputation",
                "from_port": 443,
                "ipv6_cidr_blocks": [],
                "prefix_list_ids": [],
                "protocol": "tcp",
                "security_groups": [],
                "self": false,
                "to_port": 443
              }
            ],
            "id": "sg-0b51d54f35b16bee7",
            "ingress": [
              {
                "cidr_blocks": [
                  "10.20.170.202",
                  "10.20.142.129"
                ],
                "description": "BaaS-NetBackup Media Server",
                "from_port": 13724,
                "ipv6_cidr_blocks": [],
                "prefix_list_ids": [],
                "protocol": "tcp",
                "security_groups": [],
                "self": false,
                "to_port": 13724
              },
              {
                "cidr_blocks": [
                  "10.20.142.129",
                  "10.20.170.202"
                ],
                "description": "BaaS-NetBackup Media Server",
                "from_port": 13782,
                "ipv6_cidr_blocks": [],
                "prefix_list_ids": [],
                "protocol": "tcp",
                "security_groups": [],
                "self": false,
                "to_port": 13782
              },
              {
                "cidr_blocks": [
                  "10.20.142.129",
                  "10.20.170.202"
                ],
                "description": "BaaS-NetBackup Media Server",
                "from_port": 1556,
                "ipv6_cidr_blocks": [],
                "prefix_list_ids": [],
                "protocol": "tcp",
                "security_groups": [],
                "self": false,
                "to_port": 1556
              },
              {
                "cidr_blocks": [
                  "10.20.188.25/27",
                  "10.20.234.187/27"
                ],
                "description": "For CyberArk Connection",
                "from_port": 3389,
                "ipv6_cidr_blocks": [],
                "prefix_list_ids": [],
                "protocol": "tcp",
                "security_groups": [],
                "self": false,
                "to_port": 3389
              },
              {
                "cidr_blocks": [
                  "10.20.252.65",
                  "10.20.238.33",
                  "10.20.207.103",
                  "10.20.90.175",
                  "10.20.186.247"
                ],
                "description": "BaaS-NetBackup Master Server",
                "from_port": 1556,
                "ipv6_cidr_blocks": [],
                "prefix_list_ids": [],
                "protocol": "tcp",
                "security_groups": [],
                "self": false,
                "to_port": 1556
              },
              {
                "cidr_blocks": [
                  "10.20.238.33",
                  "10.20.90.175",
                  "10.20.207.103",
                  "10.20.252.65",
                  "10.20.186.247"
                ],
                "description": "BaaS-NetBackup Master Server",
                "from_port": 13782,
                "ipv6_cidr_blocks": [],
                "prefix_list_ids": [],
                "protocol": "tcp",
                "security_groups": [],
                "self": false,
                "to_port": 13782
              },
              {
                "cidr_blocks": [
                  "10.20.90.175",
                  "10.20.207.103",
                  "10.20.252.65",
                  "10.20.186.247",
                  "10.20.238.33"
                ],
                "description": "BaaS-NetBackup Master Server",
                "from_port": 13724,
                "ipv6_cidr_blocks": [],
                "prefix_list_ids": [],
                "protocol": "tcp",
                "security_groups": [],
                "self": false,
                "to_port": 13724
              },
              {
                "cidr_blocks": [
                  "10.20.7.189",
                  "10.20.12.247",
                  "10.20.47.47",
                  "10.20.39.16"
                ],
                "description": "EPS-Manager to Agent",
                "from_port": 4118,
                "ipv6_cidr_blocks": [],
                "prefix_list_ids": [],
                "protocol": "tcp",
                "security_groups": [],
                "self": false,
                "to_port": 4118
              }
            ],
            "name": "sgrp-XXXX-management-01",
            "name_prefix": "",
            "owner_id": "111111111111",
            "revoke_rules_on_delete": false,
            "tags": {
              "Author": "Vendor",
              "Created-by": "Terraform",
              "Name": "sgrp-XXXX-management-01",
              "agency-code": "xxxx",
              "environment": "uat",
              "project-code": "XXXX",
              "zone": "ia"
            },
            "tags_all": {
              "Author": "Vendor",
              "Created-by": "Terraform",
              "Name": "sgrp-XXXX-management-01",
              "agency-code": "xxxx",
              "environment": "uat",
              "project-code": "XXXX",
              "zone": "ia"
            },
            "timeouts": null,
            "vpc_id": "vpc-f4efee4924c32459f"
          },
          "sensitive_attributes": [],
          "private": "eyJlMmJmYjczMC1lY2FhLTExZTYtOGY4OC0zNDM2M2JjN2M0YzAiOnsiY3JlYXRlIjo2MDAwMDAwMDAwMDAsImRlbGV0ZSI6OTAwMDAwMDAwMDAwfSwic2NoZW1hX3ZlcnNpb24iOiIxIn0=",
          "dependencies": [
            "data.terraform_remote_state.fabric"
          ]
        },
        {
          "index_key": 11,
          "schema_version": 1,
          "attributes": {
            "arn": "arn:aws:ec2:ap-southeast-1:111111111111:security-group/sg-f92fbfe42f69e5786",
            "description": "XXXX intranet App alb Security Group",
            "egress": [
              {
                "cidr_blocks": [
                  "10.20.189.194/28"
                ],
                "description": "Allow outgoing from app alb sgrp to App tier",
                "from_port": 1024,
                "ipv6_cidr_blocks": [],
                "prefix_list_ids": [],
                "protocol": "tcp",
                "security_groups": [],
                "self": false,
                "to_port": 55000
              }
            ],
            "id": "sg-f92fbfe42f69e5786",
            "ingress": [
              {
                "cidr_blocks": [],
                "description": "Allow gp servers to access the main FQDN of the services",
                "from_port": 13443,
                "ipv6_cidr_blocks": [],
                "prefix_list_ids": [],
                "protocol": "tcp",
                "security_groups": [
                  "sg-703bf2694bdf82ed0"
                ],
                "self": false,
                "to_port": 13443
              },
              {
                "cidr_blocks": [],
                "description": "Allow gp servers to access the main FQDN of the services",
                "from_port": 6443,
                "ipv6_cidr_blocks": [],
                "prefix_list_ids": [],
                "protocol": "tcp",
                "security_groups": [
                  "sg-703bf2694bdf82ed0"
                ],
                "self": false,
                "to_port": 6443
              },
              {
                "cidr_blocks": [],
                "description": "Allow gp servers to access the main FQDN of the services",
                "from_port": 7443,
                "ipv6_cidr_blocks": [],
                "prefix_list_ids": [],
                "protocol": "tcp",
                "security_groups": [
                  "sg-703bf2694bdf82ed0"
                ],
                "self": false,
                "to_port": 7443
              },
              {
                "cidr_blocks": [],
                "description": "Allow map servers to access the main FQDN of the services",
                "from_port": 13443,
                "ipv6_cidr_blocks": [],
                "prefix_list_ids": [],
                "protocol": "tcp",
                "security_groups": [
                  "sg-f1e22e496da168c30"
                ],
                "self": false,
                "to_port": 13443
              },
              {
                "cidr_blocks": [],
                "description": "Allow map servers to access the main FQDN of the services",
                "from_port": 6443,
                "ipv6_cidr_blocks": [],
                "prefix_list_ids": [],
                "protocol": "tcp",
                "security_groups": [
                  "sg-f1e22e496da168c30"
                ],
                "self": false,
                "to_port": 6443
              },
              {
                "cidr_blocks": [],
                "description": "Allow map servers to access the main FQDN of the services",
                "from_port": 7443,
                "ipv6_cidr_blocks": [],
                "prefix_list_ids": [],
                "protocol": "tcp",
                "security_groups": [
                  "sg-f1e22e496da168c30"
                ],
                "self": false,
                "to_port": 7443
              },
              {
                "cidr_blocks": [],
                "description": "Allow portal servers to access the main FQDN of the services",
                "from_port": 13443,
                "ipv6_cidr_blocks": [],
                "prefix_list_ids": [],
                "protocol": "tcp",
                "security_groups": [
                  "sg-4c9b120c417998692"
                ],
                "self": false,
                "to_port": 13443
              },
              {
                "cidr_blocks": [],
                "description": "Allow portal servers to access the main FQDN of the services",
                "from_port": 6443,
                "ipv6_cidr_blocks": [],
                "prefix_list_ids": [],
                "protocol": "tcp",
                "security_groups": [
                  "sg-4c9b120c417998692"
                ],
                "self": false,
                "to_port": 6443
              },
              {
                "cidr_blocks": [],
                "description": "Allow portal servers to access the main FQDN of the services",
                "from_port": 7443,
                "ipv6_cidr_blocks": [],
                "prefix_list_ids": [],
                "protocol": "tcp",
                "security_groups": [
                  "sg-4c9b120c417998692"
                ],
                "self": false,
                "to_port": 7443
              },
              {
                "cidr_blocks": [],
                "description": "Allow rds db to access access the main FQDN of the services",
                "from_port": 6443,
                "ipv6_cidr_blocks": [],
                "prefix_list_ids": [],
                "protocol": "tcp",
                "security_groups": [
                  "sg-7079bcbb558022f61"
                ],
                "self": false,
                "to_port": 6443
              },
              {
                "cidr_blocks": [],
                "description": "Allow rds db to access access the main FQDN of the services",
                "from_port": 7443,
                "ipv6_cidr_blocks": [],
                "prefix_list_ids": [],
                "protocol": "tcp",
                "security_groups": [
                  "sg-7079bcbb558022f61"
                ],
                "self": false,
                "to_port": 7443
              },
              {
                "cidr_blocks": [],
                "description": "Allow traffic from web server to the app tier load balancer",
                "from_port": 13443,
                "ipv6_cidr_blocks": [],
                "prefix_list_ids": [],
                "protocol": "tcp",
                "security_groups": [
                  "sg-a14e1807ea7d32a83"
                ],
                "self": false,
                "to_port": 13443
              },
              {
                "cidr_blocks": [],
                "description": "Allow traffic from web server to the app tier load balancer",
                "from_port": 6443,
                "ipv6_cidr_blocks": [],
                "prefix_list_ids": [],
                "protocol": "tcp",
                "security_groups": [
                  "sg-a14e1807ea7d32a83"
                ],
                "self": false,
                "to_port": 6443
              },
              {
                "cidr_blocks": [],
                "description": "Allow traffic from web server to the app tier load balancer",
                "from_port": 7443,
                "ipv6_cidr_blocks": [],
                "prefix_list_ids": [],
                "protocol": "tcp",
                "security_groups": [
                  "sg-a14e1807ea7d32a83"
                ],
                "self": false,
                "to_port": 7443
              },
              {
                "cidr_blocks": [],
                "description": "Allow un servers to access the main FQDN of the services",
                "from_port": 13443,
                "ipv6_cidr_blocks": [],
                "prefix_list_ids": [],
                "protocol": "tcp",
                "security_groups": [
                  "sg-08b9a430cb789f96c"
                ],
                "self": false,
                "to_port": 13443
              },
              {
                "cidr_blocks": [],
                "description": "Allow un servers to access the main FQDN of the services",
                "from_port": 6443,
                "ipv6_cidr_blocks": [],
                "prefix_list_ids": [],
                "protocol": "tcp",
                "security_groups": [
                  "sg-08b9a430cb789f96c"
                ],
                "self": false,
                "to_port": 6443
              },
              {
                "cidr_blocks": [],
                "description": "Allow un servers to access the main FQDN of the services",
                "from_port": 7443,
                "ipv6_cidr_blocks": [],
                "prefix_list_ids": [],
                "protocol": "tcp",
                "security_groups": [
                  "sg-08b9a430cb789f96c"
                ],
                "self": false,
                "to_port": 7443
              },
              {
                "cidr_blocks": [],
                "description": "Traffic from Job Server",
                "from_port": 13443,
                "ipv6_cidr_blocks": [],
                "prefix_list_ids": [],
                "protocol": "tcp",
                "security_groups": [
                  "sg-cb5968f5ba1ad50e8"
                ],
                "self": false,
                "to_port": 13443
              },
              {
                "cidr_blocks": [],
                "description": "Traffic from Job Server",
                "from_port": 6443,
                "ipv6_cidr_blocks": [],
                "prefix_list_ids": [],
                "protocol": "tcp",
                "security_groups": [
                  "sg-cb5968f5ba1ad50e8"
                ],
                "self": false,
                "to_port": 6443
              },
              {
                "cidr_blocks": [],
                "description": "Traffic from Job Server",
                "from_port": 7443,
                "ipv6_cidr_blocks": [],
                "prefix_list_ids": [],
                "protocol": "tcp",
                "security_groups": [
                  "sg-cb5968f5ba1ad50e8"
                ],
                "self": false,
                "to_port": 7443
              }
            ],
            "name": "sgrp-XXXX-appalb-01",
            "name_prefix": "",
            "owner_id": "111111111111",
            "revoke_rules_on_delete": false,
            "tags": {
              "Author": "Vendor",
              "Created-by": "Terraform",
              "Name": "sgrp-XXXX-appalb-01",
              "agency-code": "xxxx",
              "environment": "uat",
              "project-code": "XXXX",
              "zone": "ia"
            },
            "tags_all": {
              "Author": "Vendor",
              "Created-by": "Terraform",
              "Name": "sgrp-XXXX-appalb-01",
              "agency-code": "xxxx",
              "environment": "uat",
              "project-code": "XXXX",
              "zone": "ia"
            },
            "timeouts": null,
            "vpc_id": "vpc-f4efee4924c32459f"
          },
          "sensitive_attributes": [],
          "private": "eyJlMmJmYjczMC1lY2FhLTExZTYtOGY4OC0zNDM2M2JjN2M0YzAiOnsiY3JlYXRlIjo2MDAwMDAwMDAwMDAsImRlbGV0ZSI6OTAwMDAwMDAwMDAwfSwic2NoZW1hX3ZlcnNpb24iOiIxIn0=",
          "dependencies": [
            "data.terraform_remote_state.fabric"
          ]
        },
        {
          "index_key": 12,
          "schema_version": 1,
          "attributes": {
            "arn": "arn:aws:ec2:ap-southeast-1:111111111111:security-group/sg-8464f6c0a477d829a",
            "description": "XXXX intranet Adjoin whitelist Security Group",
            "egress": [
              {
                "cidr_blocks": [
                  "10.20.200.100"
                ],
                "description": "Outgoing to VMS",
                "from_port": 8834,
                "ipv6_cidr_blocks": [],
                "prefix_list_ids": [],
                "protocol": "tcp",
                "security_groups": [],
                "self": false,
                "to_port": 8834
              },
              {
                "cidr_blocks": [
                  "10.20.93.75/28"
                ],
                "description": "For AD Connection",
                "from_port": 123,
                "ipv6_cidr_blocks": [],
                "prefix_list_ids": [],
                "protocol": "udp",
                "security_groups": [],
                "self": false,
                "to_port": 123
              },
              {
                "cidr_blocks": [
                  "10.20.93.75/28"
                ],
                "description": "For AD Connection",
                "from_port": 135,
                "ipv6_cidr_blocks": [],
                "prefix_list_ids": [],
                "protocol": "tcp",
                "security_groups": [],
                "self": false,
                "to_port": 135
              },
              {
                "cidr_blocks": [
                  "10.20.93.75/28"
                ],
                "description": "For AD Connection",
                "from_port": 135,
                "ipv6_cidr_blocks": [],
                "prefix_list_ids": [],
                "protocol": "udp",
                "security_groups": [],
                "self": false,
                "to_port": 135
              },
              {
                "cidr_blocks": [
                  "10.20.93.75/28"
                ],
                "description": "For AD Connection",
                "from_port": 137,
                "ipv6_cidr_blocks": [],
                "prefix_list_ids": [],
                "protocol": "udp",
                "security_groups": [],
                "self": false,
                "to_port": 138
              },
              {
                "cidr_blocks": [
                  "10.20.93.75/28"
                ],
                "description": "For AD Connection",
                "from_port": 139,
                "ipv6_cidr_blocks": [],
                "prefix_list_ids": [],
                "protocol": "tcp",
                "security_groups": [],
                "self": false,
                "to_port": 139
              },
              {
                "cidr_blocks": [
                  "10.20.93.75/28"
                ],
                "description": "For AD Connection",
                "from_port": 3268,
                "ipv6_cidr_blocks": [],
                "prefix_list_ids": [],
                "protocol": "tcp",
                "security_groups": [],
                "self": false,
                "to_port": 3269
              },
              {
                "cidr_blocks": [
                  "10.20.93.75/28"
                ],
                "description": "For AD Connection",
                "from_port": 389,
                "ipv6_cidr_blocks": [],
                "prefix_list_ids": [],
                "protocol": "tcp",
                "security_groups": [],
                "self": false,
                "to_port": 389
              },
              {
                "cidr_blocks": [
                  "10.20.93.75/28"
                ],
                "description": "For AD Connection",
                "from_port": 389,
                "ipv6_cidr_blocks": [],
                "prefix_list_ids": [],
                "protocol": "udp",
                "security_groups": [],
                "self": false,
                "to_port": 389
              },
              {
                "cidr_blocks": [
                  "10.20.93.75/28"
                ],
                "description": "For AD Connection",
                "from_port": 445,
                "ipv6_cidr_blocks": [],
                "prefix_list_ids": [],
                "protocol": "tcp",
                "security_groups": [],
                "self": false,
                "to_port": 445
              },
              {
                "cidr_blocks": [
                  "10.20.93.75/28"
                ],
                "description": "For AD Connection",
                "from_port": 445,
                "ipv6_cidr_blocks": [],
                "prefix_list_ids": [],
                "protocol": "udp",
                "security_groups": [],
                "self": false,
                "to_port": 445
              },
              {
                "cidr_blocks": [
                  "10.20.93.75/28"
                ],
                "description": "For AD Connection",
                "from_port": 464,
                "ipv6_cidr_blocks": [],
                "prefix_list_ids": [],
                "protocol": "tcp",
                "security_groups": [],
                "self": false,
                "to_port": 464
              },
              {
                "cidr_blocks": [
                  "10.20.93.75/28"
                ],
                "description": "For AD Connection",
                "from_port": 464,
                "ipv6_cidr_blocks": [],
                "prefix_list_ids": [],
                "protocol": "udp",
                "security_groups": [],
                "self": false,
                "to_port": 464
              },
              {
                "cidr_blocks": [
                  "10.20.93.75/28"
                ],
                "description": "For AD Connection",
                "from_port": 49152,
                "ipv6_cidr_blocks": [],
                "prefix_list_ids": [],
                "protocol": "tcp",
                "security_groups": [],
                "self": false,
                "to_port": 65535
              },
              {
                "cidr_blocks": [
                  "10.20.93.75/28"
                ],
                "description": "For AD Connection",
                "from_port": 53,
                "ipv6_cidr_blocks": [],
                "prefix_list_ids": [],
                "protocol": "tcp",
                "security_groups": [],
                "self": false,
                "to_port": 53
              },
              {
                "cidr_blocks": [
                  "10.20.93.75/28"
                ],
                "description": "For AD Connection",
                "from_port": 53,
                "ipv6_cidr_blocks": [],
                "prefix_list_ids": [],
                "protocol": "udp",
                "security_groups": [],
                "self": false,
                "to_port": 53
              },
              {
                "cidr_blocks": [
                  "10.20.93.75/28"
                ],
                "description": "For AD Connection",
                "from_port": 636,
                "ipv6_cidr_blocks": [],
                "prefix_list_ids": [],
                "protocol": "tcp",
                "security_groups": [],
                "self": false,
                "to_port": 636
              },
              {
                "cidr_blocks": [
                  "10.20.93.75/28"
                ],
                "description": "For AD Connection",
                "from_port": 88,
                "ipv6_cidr_blocks": [],
                "prefix_list_ids": [],
                "protocol": "tcp",
                "security_groups": [],
                "self": false,
                "to_port": 88
              },
              {
                "cidr_blocks": [
                  "10.20.93.75/28"
                ],
                "description": "For AD Connection",
                "from_port": 88,
                "ipv6_cidr_blocks": [],
                "prefix_list_ids": [],
                "protocol": "udp",
                "security_groups": [],
                "self": false,
                "to_port": 88
              },
              {
                "cidr_blocks": [
                  "10.20.16.126"
                ],
                "description": "Outgoing to WSUS",
                "from_port": 8530,
                "ipv6_cidr_blocks": [],
                "prefix_list_ids": [],
                "protocol": "tcp",
                "security_groups": [],
                "self": false,
                "to_port": 8531
              },
              {
                "cidr_blocks": [
                  "10.20.15.249/27"
                ],
                "description": "Outgoing to connect to CMIF Endpoint CIDR",
                "from_port": 443,
                "ipv6_cidr_blocks": [],
                "prefix_list_ids": [],
                "protocol": "tcp",
                "security_groups": [],
                "self": false,
                "to_port": 443
              }
            ],
            "id": "sg-8464f6c0a477d829a",
            "ingress": [],
            "name": "sgrp-XXXX-adjoin-01",
            "name_prefix": "",
            "owner_id": "111111111111",
            "revoke_rules_on_delete": false,
            "tags": {
              "Author": "Vendor",
              "Created-by": "Terraform",
              "Name": "sgrp-XXXX-adjoin-01",
              "agency-code": "xxxx",
              "environment": "uat",
              "project-code": "XXXX",
              "zone": "ia"
            },
            "tags_all": {
              "Author": "Vendor",
              "Created-by": "Terraform",
              "Name": "sgrp-XXXX-adjoin-01",
              "agency-code": "xxxx",
              "environment": "uat",
              "project-code": "XXXX",
              "zone": "ia"
            },
            "timeouts": null,
            "vpc_id": "vpc-f4efee4924c32459f"
          },
          "sensitive_attributes": [],
          "private": "eyJlMmJmYjczMC1lY2FhLTExZTYtOGY4OC0zNDM2M2JjN2M0YzAiOnsiY3JlYXRlIjo2MDAwMDAwMDAwMDAsImRlbGV0ZSI6OTAwMDAwMDAwMDAwfSwic2NoZW1hX3ZlcnNpb24iOiIxIn0=",
          "dependencies": [
            "data.terraform_remote_state.fabric"
          ]
        },
        {
          "index_key": 13,
          "schema_version": 1,
          "attributes": {
            "arn": "arn:aws:ec2:ap-southeast-1:111111111111:security-group/sg-1269df882c3567c92",
            "description": "XXXX intranet Baas Backup ENI Security Group",
            "egress": [
              {
                "cidr_blocks": [
                  "10.20.21.141/24"
                ],
                "description": "Outbound baas",
                "from_port": 1024,
                "ipv6_cidr_blocks": [],
                "prefix_list_ids": [],
                "protocol": "tcp",
                "security_groups": [],
                "self": false,
                "to_port": 65535
              }
            ],
            "id": "sg-1269df882c3567c92",
            "ingress": [
              {
                "cidr_blocks": [
                  "10.20.170.202",
                  "10.20.142.129"
                ],
                "description": "BaaS-NetBackup Media Server",
                "from_port": 13782,
                "ipv6_cidr_blocks": [],
                "prefix_list_ids": [],
                "protocol": "tcp",
                "security_groups": [],
                "self": false,
                "to_port": 13782
              },
              {
                "cidr_blocks": [
                  "10.20.142.129",
                  "10.20.170.202"
                ],
                "description": "BaaS-NetBackup Media Server",
                "from_port": 13724,
                "ipv6_cidr_blocks": [],
                "prefix_list_ids": [],
                "protocol": "tcp",
                "security_groups": [],
                "self": false,
                "to_port": 13724
              },
              {
                "cidr_blocks": [
                  "10.20.142.129",
                  "10.20.170.202"
                ],
                "description": "BaaS-NetBackup Media Server",
                "from_port": 1556,
                "ipv6_cidr_blocks": [],
                "prefix_list_ids": [],
                "protocol": "tcp",
                "security_groups": [],
                "self": false,
                "to_port": 1556
              }
            ],
            "name": "sgrp-XXXX-baas-backup-01",
            "name_prefix": "",
            "owner_id": "111111111111",
            "revoke_rules_on_delete": false,
            "tags": {
              "Author": "Vendor",
              "Created-by": "Terraform",
              "Name": "sgrp-XXXX-baas-backup-01",
              "agency-code": "xxxx",
              "environment": "uat",
              "project-code": "XXXX",
              "zone": "ia"
            },
            "tags_all": {
              "Author": "Vendor",
              "Created-by": "Terraform",
              "Name": "sgrp-XXXX-baas-backup-01",
              "agency-code": "xxxx",
              "environment": "uat",
              "project-code": "XXXX",
              "zone": "ia"
            },
            "timeouts": null,
            "vpc_id": "vpc-f4efee4924c32459f"
          },
          "sensitive_attributes": [],
          "private": "eyJlMmJmYjczMC1lY2FhLTExZTYtOGY4OC0zNDM2M2JjN2M0YzAiOnsiY3JlYXRlIjo2MDAwMDAwMDAwMDAsImRlbGV0ZSI6OTAwMDAwMDAwMDAwfSwic2NoZW1hX3ZlcnNpb24iOiIxIn0=",
          "dependencies": [
            "data.terraform_remote_state.fabric"
          ]
        },
        {
          "index_key": 14,
          "schema_version": 1,
          "attributes": {
            "arn": "arn:aws:ec2:ap-southeast-1:111111111111:security-group/sg-40ce930f842de3d88",
            "description": "XXXX intranet web proxy Security Group",
            "egress": [
              {
                "cidr_blocks": [
                  "10.20.121.1/25"
                ],
                "description": "Allow outgoing to XXXX web tier",
                "from_port": 443,
                "ipv6_cidr_blocks": [],
                "prefix_list_ids": [],
                "protocol": "tcp",
                "security_groups": [],
                "self": false,
                "to_port": 443
              },
              {
                "cidr_blocks": [],
                "description": "from XXXX web proxy to web01 for license manager",
                "from_port": 27000,
                "ipv6_cidr_blocks": [],
                "prefix_list_ids": [],
                "protocol": "tcp",
                "security_groups": [
                  "sg-a14e1807ea7d32a83"
                ],
                "self": false,
                "to_port": 27001
              },
              {
                "cidr_blocks": [],
                "description": "from XXXX web proxy to web01",
                "from_port": 443,
                "ipv6_cidr_blocks": [],
                "prefix_list_ids": [],
                "protocol": "tcp",
                "security_groups": [
                  "sg-a14e1807ea7d32a83"
                ],
                "self": false,
                "to_port": 443
              }
            ],
            "id": "sg-40ce930f842de3d88",
            "ingress": [
              {
                "cidr_blocks": [
                  "10.20.239.165"
                ],
                "description": "from MHA to connect to XXXX",
                "from_port": 27000,
                "ipv6_cidr_blocks": [],
                "prefix_list_ids": [],
                "protocol": "tcp",
                "security_groups": [],
                "self": false,
                "to_port": 27001
              },
              {
                "cidr_blocks": [
                  "10.20.239.165"
                ],
                "description": "from MHA to connect to XXXX",
                "from_port": 443,
                "ipv6_cidr_blocks": [],
                "prefix_list_ids": [],
                "protocol": "tcp",
                "security_groups": [],
                "self": false,
                "to_port": 443
              },
              {
                "cidr_blocks": [
                  "10.20.168.90/20"
                ],
                "description": "from xxxx sg vpn",
                "from_port": 443,
                "ipv6_cidr_blocks": [],
                "prefix_list_ids": [],
                "protocol": "tcp",
                "security_groups": [],
                "self": false,
                "to_port": 443
              },
              {
                "cidr_blocks": [
                  "10.20.241.46/26",
                  "10.20.89.170/20",
                  "10.20.209.18/26"
                ],
                "description": "from xxxx sg vpn",
                "from_port": 443,
                "ipv6_cidr_blocks": [],
                "prefix_list_ids": [],
                "protocol": "tcp",
                "security_groups": [],
                "self": false,
                "to_port": 443
              },
              {
                "cidr_blocks": [
                  "10.20.241.46/26",
                  "10.20.209.18/26",
                  "10.20.168.90/20"
                ],
                "description": "from xxxx sg vpn",
                "from_port": 27000,
                "ipv6_cidr_blocks": [],
                "prefix_list_ids": [],
                "protocol": "tcp",
                "security_groups": [],
                "self": false,
                "to_port": 27001
              },
              {
                "cidr_blocks": [
                  "10.20.89.170/20"
                ],
                "description": "from xxxx sg vpn",
                "from_port": 27000,
                "ipv6_cidr_blocks": [],
                "prefix_list_ids": [],
                "protocol": "tcp",
                "security_groups": [],
                "self": false,
                "to_port": 27001
              },
              {
                "cidr_blocks": [
                  "10.20.22.223"
                ],
                "description": "From XXXX Whitelisting",
                "from_port": 27000,
                "ipv6_cidr_blocks": [],
                "prefix_list_ids": [],
                "protocol": "tcp",
                "security_groups": [],
                "self": false,
                "to_port": 27001
              },
              {
                "cidr_blocks": [
                  "10.20.55.170",
                  "10.20.25.146",
                  "10.20.99.219",
                  "10.20.201.123",
                  "10.20.41.61/28",
                  "10.20.121.48"
                ],
                "description": "From XXXX Whitelisting",
                "from_port": 443,
                "ipv6_cidr_blocks": [],
                "prefix_list_ids": [],
                "protocol": "tcp",
                "security_groups": [],
                "self": false,
                "to_port": 443
              },
              {
                "cidr_blocks": [
                  "10.20.55.170",
                  "10.20.25.146",
                  "10.20.186.187",
                  "10.20.99.219",
                  "10.20.201.123",
                  "10.20.41.61/28",
                  "10.20.84.193/27",
                  "10.20.121.48",
                  "10.20.164.190"
                ],
                "description": "From XXXX Whitelisting",
                "from_port": 27000,
                "ipv6_cidr_blocks": [],
                "prefix_list_ids": [],
                "protocol": "tcp",
                "security_groups": [],
                "self": false,
                "to_port": 27001
              },
              {
                "cidr_blocks": [
                  "10.20.47.10/16"
                ],
                "description": "from xxxx lan",
                "from_port": 27000,
                "ipv6_cidr_blocks": [],
                "prefix_list_ids": [],
                "protocol": "tcp",
                "security_groups": [],
                "self": false,
                "to_port": 27001
              },
              {
                "cidr_blocks": [
                  "10.20.47.10/16"
                ],
                "description": "from xxxx lan",
                "from_port": 443,
                "ipv6_cidr_blocks": [],
                "prefix_list_ids": [],
                "protocol": "tcp",
                "security_groups": [],
                "self": false,
                "to_port": 443
              },
              {
                "cidr_blocks": [
                  "10.20.69.243"
                ],
                "description": "From XXXX Whitelisting",
                "from_port": 27000,
                "ipv6_cidr_blocks": [],
                "prefix_list_ids": [],
                "protocol": "tcp",
                "security_groups": [],
                "self": false,
                "to_port": 27001
              },
              {
                "cidr_blocks": [
                  "10.20.69.243"
                ],
                "description": "From XXXX Whitelisting",
                "from_port": 443,
                "ipv6_cidr_blocks": [],
                "prefix_list_ids": [],
                "protocol": "tcp",
                "security_groups": [],
                "self": false,
                "to_port": 443
              },
              {
                "cidr_blocks": [
                  "10.20.186.187",
                  "10.20.84.193/27",
                  "10.20.22.223",
                  "10.20.164.190"
                ],
                "description": "From XXXX Whitelisting",
                "from_port": 443,
                "ipv6_cidr_blocks": [],
                "prefix_list_ids": [],
                "protocol": "tcp",
                "security_groups": [],
                "self": false,
                "to_port": 443
              },
              {
                "cidr_blocks": [
                  "10.20.203.1"
                ],
                "description": "testing from desktop",
                "from_port": 443,
                "ipv6_cidr_blocks": [],
                "prefix_list_ids": [],
                "protocol": "tcp",
                "security_groups": [],
                "self": false,
                "to_port": 443
              },
              {
                "cidr_blocks": [
                  "10.20.52.84"
                ],
                "description": "from XXXX intranet portal server",
                "from_port": 443,
                "ipv6_cidr_blocks": [],
                "prefix_list_ids": [],
                "protocol": "tcp",
                "security_groups": [],
                "self": false,
                "to_port": 443
              },
              {
                "cidr_blocks": [
                  "10.20.100.16/25"
                ],
                "description": "from common alb to webproxy temp",
                "from_port": 443,
                "ipv6_cidr_blocks": [],
                "prefix_list_ids": [],
                "protocol": "tcp",
                "security_groups": [],
                "self": false,
                "to_port": 443
              },
              {
                "cidr_blocks": [
                  "10.20.209.141"
                ],
                "description": "intranet forward proxy for XXXX intranet portal to reach common alb over wog",
                "from_port": 27000,
                "ipv6_cidr_blocks": [],
                "prefix_list_ids": [],
                "protocol": "tcp",
                "security_groups": [],
                "self": false,
                "to_port": 27001
              },
              {
                "cidr_blocks": [
                  "10.20.209.141"
                ],
                "description": "intranet forward proxy for XXXX intranet portal to reach common alb over wog",
                "from_port": 443,
                "ipv6_cidr_blocks": [],
                "prefix_list_ids": [],
                "protocol": "tcp",
                "security_groups": [],
                "self": false,
                "to_port": 443
              },
              {
                "cidr_blocks": [
                  "10.20.0.17/22",
                  "10.20.237.174/22"
                ],
                "description": "from xxxx GoMax User",
                "from_port": 27000,
                "ipv6_cidr_blocks": [],
                "prefix_list_ids": [],
                "protocol": "tcp",
                "security_groups": [],
                "self": false,
                "to_port": 27001
              },
              {
                "cidr_blocks": [
                  "10.20.0.17/22"
                ],
                "description": "from xxxx GoMax User",
                "from_port": 443,
                "ipv6_cidr_blocks": [],
                "prefix_list_ids": [],
                "protocol": "tcp",
                "security_groups": [],
                "self": false,
                "to_port": 443
              },
              {
                "cidr_blocks": [
                  "10.20.237.174/22"
                ],
                "description": "from xxxx GoMax User",
                "from_port": 443,
                "ipv6_cidr_blocks": [],
                "prefix_list_ids": [],
                "protocol": "tcp",
                "security_groups": [],
                "self": false,
                "to_port": 443
              }
            ],
            "name": "sgrp-XXXX-proxy-01",
            "name_prefix": "",
            "owner_id": "111111111111",
            "revoke_rules_on_delete": false,
            "tags": {
              "Author": "Vendor",
              "Created-by": "Terraform",
              "Name": "sgrp-XXXX-proxy-01",
              "agency-code": "xxxx",
              "environment": "uat",
              "project-code": "XXXX",
              "zone": "ia"
            },
            "tags_all": {
              "Author": "Vendor",
              "Created-by": "Terraform",
              "Name": "sgrp-XXXX-proxy-01",
              "agency-code": "xxxx",
              "environment": "uat",
              "project-code": "XXXX",
              "zone": "ia"
            },
            "timeouts": null,
            "vpc_id": "vpc-f4efee4924c32459f"
          },
          "sensitive_attributes": [],
          "private": "eyJlMmJmYjczMC1lY2FhLTExZTYtOGY4OC0zNDM2M2JjN2M0YzAiOnsiY3JlYXRlIjo2MDAwMDAwMDAwMDAsImRlbGV0ZSI6OTAwMDAwMDAwMDAwfSwic2NoZW1hX3ZlcnNpb24iOiIxIn0=",
          "dependencies": [
            "data.terraform_remote_state.fabric"
          ]
        }
      ]
    },
    {
      "module": "module.security.module.security_group_rule",
      "mode": "managed",
      "type": "aws_security_group_rule",
      "name": "this",
      "provider": "provider[\"registry.terraform.io/hashicorp/aws\"]",
      "instances": [
        {
          "index_key": 0,
          "schema_version": 2,
          "attributes": {
            "cidr_blocks": [
              "10.20.93.75/28"
            ],
            "description": "For AD Connection",
            "from_port": 53,
            "id": "sgrule-3403782543",
            "ipv6_cidr_blocks": [],
            "prefix_list_ids": null,
            "protocol": "tcp",
            "security_group_id": "sg-8464f6c0a477d829a",
            "security_group_rule_id": "sgr-0157a34ebc7f45bd3",
            "self": false,
            "source_security_group_id": null,
            "timeouts": null,
            "to_port": 53,
            "type": "egress"
          },
          "sensitive_attributes": [],
          "private": "eyJlMmJmYjczMC1lY2FhLTExZTYtOGY4OC0zNDM2M2JjN2M0YzAiOnsiY3JlYXRlIjozMDAwMDAwMDAwMDB9LCJzY2hlbWFfdmVyc2lvbiI6IjIifQ==",
          "dependencies": [
            "data.terraform_remote_state.fabric",
            "module.security.module.security_group.aws_security_group.this"
          ]
        },
        {
          "index_key": 1,
          "schema_version": 2,
          "attributes": {
            "cidr_blocks": [
              "10.20.93.75/28"
            ],
            "description": "For AD Connection",
            "from_port": 88,
            "id": "sgrule-1484151864",
            "ipv6_cidr_blocks": [],
            "prefix_list_ids": null,
            "protocol": "tcp",
            "security_group_id": "sg-8464f6c0a477d829a",
            "security_group_rule_id": "sgr-091fe30d77bc9b9ec",
            "self": false,
            "source_security_group_id": null,
            "timeouts": null,
            "to_port": 88,
            "type": "egress"
          },
          "sensitive_attributes": [],
          "private": "eyJlMmJmYjczMC1lY2FhLTExZTYtOGY4OC0zNDM2M2JjN2M0YzAiOnsiY3JlYXRlIjozMDAwMDAwMDAwMDB9LCJzY2hlbWFfdmVyc2lvbiI6IjIifQ==",
          "dependencies": [
            "data.terraform_remote_state.fabric",
            "module.security.module.security_group.aws_security_group.this"
          ]
        },
        {
          "index_key": 2,
          "schema_version": 2,
          "attributes": {
            "cidr_blocks": [
              "10.20.93.75/28"
            ],
            "description": "For AD Connection",
            "from_port": 135,
            "id": "sgrule-709527486",
            "ipv6_cidr_blocks": [],
            "prefix_list_ids": null,
            "protocol": "tcp",
            "security_group_id": "sg-8464f6c0a477d829a",
            "security_group_rule_id": "sgr-06bcb6b9e9bb212d8",
            "self": false,
            "source_security_group_id": null,
            "timeouts": null,
            "to_port": 135,
            "type": "egress"
          },
          "sensitive_attributes": [],
          "private": "eyJlMmJmYjczMC1lY2FhLTExZTYtOGY4OC0zNDM2M2JjN2M0YzAiOnsiY3JlYXRlIjozMDAwMDAwMDAwMDB9LCJzY2hlbWFfdmVyc2lvbiI6IjIifQ==",
          "dependencies": [
            "data.terraform_remote_state.fabric",
            "module.security.module.security_group.aws_security_group.this"
          ]
        },
        {
          "index_key": 3,
          "schema_version": 2,
          "attributes": {
            "cidr_blocks": [
              "10.20.93.75/28"
            ],
            "description": "For AD Connection",
            "from_port": 139,
            "id": "sgrule-3014440284",
            "ipv6_cidr_blocks": [],
            "prefix_list_ids": null,
            "protocol": "tcp",
            "security_group_id": "sg-8464f6c0a477d829a",
            "security_group_rule_id": "sgr-03cf4cb4cd4371037",
            "self": false,
            "source_security_group_id": null,
            "timeouts": null,
            "to_port": 139,
            "type": "egress"
          },
          "sensitive_attributes": [],
          "private": "eyJlMmJmYjczMC1lY2FhLTExZTYtOGY4OC0zNDM2M2JjN2M0YzAiOnsiY3JlYXRlIjozMDAwMDAwMDAwMDB9LCJzY2hlbWFfdmVyc2lvbiI6IjIifQ==",
          "dependencies": [
            "data.terraform_remote_state.fabric",
            "module.security.module.security_group.aws_security_group.this"
          ]
        },
        {
          "index_key": 4,
          "schema_version": 2,
          "attributes": {
            "cidr_blocks": [
              "10.20.93.75/28"
            ],
            "description": "For AD Connection",
            "from_port": 389,
            "id": "sgrule-3192868642",
            "ipv6_cidr_blocks": [],
            "prefix_list_ids": null,
            "protocol": "tcp",
            "security_group_id": "sg-8464f6c0a477d829a",
            "security_group_rule_id": "sgr-02cabd2b5c01b30e9",
            "self": false,
            "source_security_group_id": null,
            "timeouts": null,
            "to_port": 389,
            "type": "egress"
          },
          "sensitive_attributes": [],
          "private": "eyJlMmJmYjczMC1lY2FhLTExZTYtOGY4OC0zNDM2M2JjN2M0YzAiOnsiY3JlYXRlIjozMDAwMDAwMDAwMDB9LCJzY2hlbWFfdmVyc2lvbiI6IjIifQ==",
          "dependencies": [
            "data.terraform_remote_state.fabric",
            "module.security.module.security_group.aws_security_group.this"
          ]
        },
        {
          "index_key": 5,
          "schema_version": 2,
          "attributes": {
            "cidr_blocks": [
              "10.20.93.75/28"
            ],
            "description": "For AD Connection",
            "from_port": 445,
            "id": "sgrule-597231132",
            "ipv6_cidr_blocks": [],
            "prefix_list_ids": null,
            "protocol": "tcp",
            "security_group_id": "sg-8464f6c0a477d829a",
            "security_group_rule_id": "sgr-0ecf055793a2bb177",
            "self": false,
            "source_security_group_id": null,
            "timeouts": null,
            "to_port": 445,
            "type": "egress"
          },
          "sensitive_attributes": [],
          "private": "eyJlMmJmYjczMC1lY2FhLTExZTYtOGY4OC0zNDM2M2JjN2M0YzAiOnsiY3JlYXRlIjozMDAwMDAwMDAwMDB9LCJzY2hlbWFfdmVyc2lvbiI6IjIifQ==",
          "dependencies": [
            "data.terraform_remote_state.fabric",
            "module.security.module.security_group.aws_security_group.this"
          ]
        },
        {
          "index_key": 6,
          "schema_version": 2,
          "attributes": {
            "cidr_blocks": [
              "10.20.93.75/28"
            ],
            "description": "For AD Connection",
            "from_port": 464,
            "id": "sgrule-2015128837",
            "ipv6_cidr_blocks": [],
            "prefix_list_ids": null,
            "protocol": "tcp",
            "security_group_id": "sg-8464f6c0a477d829a",
            "security_group_rule_id": "sgr-0ac83301476b58492",
            "self": false,
            "source_security_group_id": null,
            "timeouts": null,
            "to_port": 464,
            "type": "egress"
          },
          "sensitive_attributes": [],
          "private": "eyJlMmJmYjczMC1lY2FhLTExZTYtOGY4OC0zNDM2M2JjN2M0YzAiOnsiY3JlYXRlIjozMDAwMDAwMDAwMDB9LCJzY2hlbWFfdmVyc2lvbiI6IjIifQ==",
          "dependencies": [
            "data.terraform_remote_state.fabric",
            "module.security.module.security_group.aws_security_group.this"
          ]
        },
        {
          "index_key": 7,
          "schema_version": 2,
          "attributes": {
            "cidr_blocks": [
              "10.20.93.75/28"
            ],
            "description": "For AD Connection",
            "from_port": 636,
            "id": "sgrule-2871432860",
            "ipv6_cidr_blocks": [],
            "prefix_list_ids": null,
            "protocol": "tcp",
            "security_group_id": "sg-8464f6c0a477d829a",
            "security_group_rule_id": "sgr-01082e477622799cc",
            "self": false,
            "source_security_group_id": null,
            "timeouts": null,
            "to_port": 636,
            "type": "egress"
          },
          "sensitive_attributes": [],
          "private": "eyJlMmJmYjczMC1lY2FhLTExZTYtOGY4OC0zNDM2M2JjN2M0YzAiOnsiY3JlYXRlIjozMDAwMDAwMDAwMDB9LCJzY2hlbWFfdmVyc2lvbiI6IjIifQ==",
          "dependencies": [
            "data.terraform_remote_state.fabric",
            "module.security.module.security_group.aws_security_group.this"
          ]
        },
        {
          "index_key": 8,
          "schema_version": 2,
          "attributes": {
            "cidr_blocks": [
              "10.20.93.75/28"
            ],
            "description": "For AD Connection",
            "from_port": 3268,
            "id": "sgrule-4183006107",
            "ipv6_cidr_blocks": [],
            "prefix_list_ids": null,
            "protocol": "tcp",
            "security_group_id": "sg-8464f6c0a477d829a",
            "security_group_rule_id": "sgr-04dbfa2b41cc5c3bf",
            "self": false,
            "source_security_group_id": null,
            "timeouts": null,
            "to_port": 3269,
            "type": "egress"
          },
          "sensitive_attributes": [],
          "private": "eyJlMmJmYjczMC1lY2FhLTExZTYtOGY4OC0zNDM2M2JjN2M0YzAiOnsiY3JlYXRlIjozMDAwMDAwMDAwMDB9LCJzY2hlbWFfdmVyc2lvbiI6IjIifQ==",
          "dependencies": [
            "data.terraform_remote_state.fabric",
            "module.security.module.security_group.aws_security_group.this"
          ]
        },
        {
          "index_key": 9,
          "schema_version": 2,
          "attributes": {
            "cidr_blocks": [
              "10.20.93.75/28"
            ],
            "description": "For AD Connection",
            "from_port": 49152,
            "id": "sgrule-2873935941",
            "ipv6_cidr_blocks": [],
            "prefix_list_ids": null,
            "protocol": "tcp",
            "security_group_id": "sg-8464f6c0a477d829a",
            "security_group_rule_id": "sgr-090ecf9489f4ef4c6",
            "self": false,
            "source_security_group_id": null,
            "timeouts": null,
            "to_port": 65535,
            "type": "egress"
          },
          "sensitive_attributes": [],
          "private": "eyJlMmJmYjczMC1lY2FhLTExZTYtOGY4OC0zNDM2M2JjN2M0YzAiOnsiY3JlYXRlIjozMDAwMDAwMDAwMDB9LCJzY2hlbWFfdmVyc2lvbiI6IjIifQ==",
          "dependencies": [
            "data.terraform_remote_state.fabric",
            "module.security.module.security_group.aws_security_group.this"
          ]
        },
        {
          "index_key": 10,
          "schema_version": 2,
          "attributes": {
            "cidr_blocks": [
              "10.20.93.75/28"
            ],
            "description": "For AD Connection",
            "from_port": 53,
            "id": "sgrule-3819750320",
            "ipv6_cidr_blocks": [],
            "prefix_list_ids": null,
            "protocol": "udp",
            "security_group_id": "sg-8464f6c0a477d829a",
            "security_group_rule_id": "sgr-0bcc4f4a415f48327",
            "self": false,
            "source_security_group_id": null,
            "timeouts": null,
            "to_port": 53,
            "type": "egress"
          },
          "sensitive_attributes": [],
          "private": "eyJlMmJmYjczMC1lY2FhLTExZTYtOGY4OC0zNDM2M2JjN2M0YzAiOnsiY3JlYXRlIjozMDAwMDAwMDAwMDB9LCJzY2hlbWFfdmVyc2lvbiI6IjIifQ==",
          "dependencies": [
            "data.terraform_remote_state.fabric",
            "module.security.module.security_group.aws_security_group.this"
          ]
        },
        {
          "index_key": 11,
          "schema_version": 2,
          "attributes": {
            "cidr_blocks": [
              "10.20.93.75/28"
            ],
            "description": "For AD Connection",
            "from_port": 88,
            "id": "sgrule-1899693575",
            "ipv6_cidr_blocks": [],
            "prefix_list_ids": null,
            "protocol": "udp",
            "security_group_id": "sg-8464f6c0a477d829a",
            "security_group_rule_id": "sgr-0e61a8e6f611cacd5",
            "self": false,
            "source_security_group_id": null,
            "timeouts": null,
            "to_port": 88,
            "type": "egress"
          },
          "sensitive_attributes": [],
          "private": "eyJlMmJmYjczMC1lY2FhLTExZTYtOGY4OC0zNDM2M2JjN2M0YzAiOnsiY3JlYXRlIjozMDAwMDAwMDAwMDB9LCJzY2hlbWFfdmVyc2lvbiI6IjIifQ==",
          "dependencies": [
            "data.terraform_remote_state.fabric",
            "module.security.module.security_group.aws_security_group.this"
          ]
        },
        {
          "index_key": 12,
          "schema_version": 2,
          "attributes": {
            "cidr_blocks": [
              "10.20.93.75/28"
            ],
            "description": "For AD Connection",
            "from_port": 123,
            "id": "sgrule-436309287",
            "ipv6_cidr_blocks": [],
            "prefix_list_ids": null,
            "protocol": "udp",
            "security_group_id": "sg-8464f6c0a477d829a",
            "security_group_rule_id": "sgr-0c46048be7200a646",
            "self": false,
            "source_security_group_id": null,
            "timeouts": null,
            "to_port": 123,
            "type": "egress"
          },
          "sensitive_attributes": [],
          "private": "eyJlMmJmYjczMC1lY2FhLTExZTYtOGY4OC0zNDM2M2JjN2M0YzAiOnsiY3JlYXRlIjozMDAwMDAwMDAwMDB9LCJzY2hlbWFfdmVyc2lvbiI6IjIifQ==",
          "dependencies": [
            "data.terraform_remote_state.fabric",
            "module.security.module.security_group.aws_security_group.this"
          ]
        },
        {
          "index_key": 13,
          "schema_version": 2,
          "attributes": {
            "cidr_blocks": [
              "10.20.93.75/28"
            ],
            "description": "For AD Connection",
            "from_port": 135,
            "id": "sgrule-50847105",
            "ipv6_cidr_blocks": [],
            "prefix_list_ids": null,
            "protocol": "udp",
            "security_group_id": "sg-8464f6c0a477d829a",
            "security_group_rule_id": "sgr-0f3c5edc873eecc03",
            "self": false,
            "source_security_group_id": null,
            "timeouts": null,
            "to_port": 135,
            "type": "egress"
          },
          "sensitive_attributes": [],
          "private": "eyJlMmJmYjczMC1lY2FhLTExZTYtOGY4OC0zNDM2M2JjN2M0YzAiOnsiY3JlYXRlIjozMDAwMDAwMDAwMDB9LCJzY2hlbWFfdmVyc2lvbiI6IjIifQ==",
          "dependencies": [
            "data.terraform_remote_state.fabric",
            "module.security.module.security_group.aws_security_group.this"
          ]
        },
        {
          "index_key": 14,
          "schema_version": 2,
          "attributes": {
            "cidr_blocks": [
              "10.20.93.75/28"
            ],
            "description": "For AD Connection",
            "from_port": 137,
            "id": "sgrule-823079189",
            "ipv6_cidr_blocks": [],
            "prefix_list_ids": null,
            "protocol": "udp",
            "security_group_id": "sg-8464f6c0a477d829a",
            "security_group_rule_id": "sgr-0c7501b7e0a0dc0d5",
            "self": false,
            "source_security_group_id": null,
            "timeouts": null,
            "to_port": 138,
            "type": "egress"
          },
          "sensitive_attributes": [],
          "private": "eyJlMmJmYjczMC1lY2FhLTExZTYtOGY4OC0zNDM2M2JjN2M0YzAiOnsiY3JlYXRlIjozMDAwMDAwMDAwMDB9LCJzY2hlbWFfdmVyc2lvbiI6IjIifQ==",
          "dependencies": [
            "data.terraform_remote_state.fabric",
            "module.security.module.security_group.aws_security_group.this"
          ]
        },
        {
          "index_key": 15,
          "schema_version": 2,
          "attributes": {
            "cidr_blocks": [
              "10.20.93.75/28"
            ],
            "description": "For AD Connection",
            "from_port": 389,
            "id": "sgrule-2533496093",
            "ipv6_cidr_blocks": [],
            "prefix_list_ids": null,
            "protocol": "udp",
            "security_group_id": "sg-8464f6c0a477d829a",
            "security_group_rule_id": "sgr-03d3e53adbde209e9",
            "self": false,
            "source_security_group_id": null,
            "timeouts": null,
            "to_port": 389,
            "type": "egress"
          },
          "sensitive_attributes": [],
          "private": "eyJlMmJmYjczMC1lY2FhLTExZTYtOGY4OC0zNDM2M2JjN2M0YzAiOnsiY3JlYXRlIjozMDAwMDAwMDAwMDB9LCJzY2hlbWFfdmVyc2lvbiI6IjIifQ==",
          "dependencies": [
            "data.terraform_remote_state.fabric",
            "module.security.module.security_group.aws_security_group.this"
          ]
        },
        {
          "index_key": 16,
          "schema_version": 2,
          "attributes": {
            "cidr_blocks": [
              "10.20.93.75/28"
            ],
            "description": "For AD Connection",
            "from_port": 445,
            "id": "sgrule-181689379",
            "ipv6_cidr_blocks": [],
            "prefix_list_ids": null,
            "protocol": "udp",
            "security_group_id": "sg-8464f6c0a477d829a",
            "security_group_rule_id": "sgr-025e7b80b7fad372a",
            "self": false,
            "source_security_group_id": null,
            "timeouts": null,
            "to_port": 445,
            "type": "egress"
          },
          "sensitive_attributes": [],
          "private": "eyJlMmJmYjczMC1lY2FhLTExZTYtOGY4OC0zNDM2M2JjN2M0YzAiOnsiY3JlYXRlIjozMDAwMDAwMDAwMDB9LCJzY2hlbWFfdmVyc2lvbiI6IjIifQ==",
          "dependencies": [
            "data.terraform_remote_state.fabric",
            "module.security.module.security_group.aws_security_group.this"
          ]
        },
        {
          "index_key": 17,
          "schema_version": 2,
          "attributes": {
            "cidr_blocks": [
              "10.20.93.75/28"
            ],
            "description": "For AD Connection",
            "from_port": 464,
            "id": "sgrule-1364277050",
            "ipv6_cidr_blocks": [],
            "prefix_list_ids": null,
            "protocol": "udp",
            "security_group_id": "sg-8464f6c0a477d829a",
            "security_group_rule_id": "sgr-0e83c4bc0fb855cc9",
            "self": false,
            "source_security_group_id": null,
            "timeouts": null,
            "to_port": 464,
            "type": "egress"
          },
          "sensitive_attributes": [],
          "private": "eyJlMmJmYjczMC1lY2FhLTExZTYtOGY4OC0zNDM2M2JjN2M0YzAiOnsiY3JlYXRlIjozMDAwMDAwMDAwMDB9LCJzY2hlbWFfdmVyc2lvbiI6IjIifQ==",
          "dependencies": [
            "data.terraform_remote_state.fabric",
            "module.security.module.security_group.aws_security_group.this"
          ]
        },
        {
          "index_key": 18,
          "schema_version": 2,
          "attributes": {
            "cidr_blocks": [
              "10.20.234.187/27"
            ],
            "description": "For CyberArk Connection",
            "from_port": 3389,
            "id": "sgrule-809098115",
            "ipv6_cidr_blocks": [],
            "prefix_list_ids": null,
            "protocol": "tcp",
            "security_group_id": "sg-0b51d54f35b16bee7",
            "security_group_rule_id": "sgr-07226abc8737a50c0",
            "self": false,
            "source_security_group_id": null,
            "timeouts": null,
            "to_port": 3389,
            "type": "ingress"
          },
          "sensitive_attributes": [],
          "private": "eyJlMmJmYjczMC1lY2FhLTExZTYtOGY4OC0zNDM2M2JjN2M0YzAiOnsiY3JlYXRlIjozMDAwMDAwMDAwMDB9LCJzY2hlbWFfdmVyc2lvbiI6IjIifQ==",
          "dependencies": [
            "data.terraform_remote_state.fabric",
            "module.security.module.security_group.aws_security_group.this"
          ]
        },
        {
          "index_key": 19,
          "schema_version": 2,
          "attributes": {
            "cidr_blocks": [
              "10.20.188.25/27"
            ],
            "description": "For CyberArk Connection",
            "from_port": 3389,
            "id": "sgrule-3987669510",
            "ipv6_cidr_blocks": [],
            "prefix_list_ids": null,
            "protocol": "tcp",
            "security_group_id": "sg-0b51d54f35b16bee7",
            "security_group_rule_id": "sgr-04f420b202271067d",
            "self": false,
            "source_security_group_id": null,
            "timeouts": null,
            "to_port": 3389,
            "type": "ingress"
          },
          "sensitive_attributes": [],
          "private": "eyJlMmJmYjczMC1lY2FhLTExZTYtOGY4OC0zNDM2M2JjN2M0YzAiOnsiY3JlYXRlIjozMDAwMDAwMDAwMDB9LCJzY2hlbWFfdmVyc2lvbiI6IjIifQ==",
          "dependencies": [
            "data.terraform_remote_state.fabric",
            "module.security.module.security_group.aws_security_group.this"
          ]
        },
        {
          "index_key": 20,
          "schema_version": 2,
          "attributes": {
            "cidr_blocks": [
              "10.20.15.249/27"
            ],
            "description": "Outgoing to connect to CMIF Endpoint CIDR",
            "from_port": 443,
            "id": "sgrule-791335798",
            "ipv6_cidr_blocks": [],
            "prefix_list_ids": null,
            "protocol": "tcp",
            "security_group_id": "sg-8464f6c0a477d829a",
            "security_group_rule_id": "sgr-0867f8f3d6353ab69",
            "self": false,
            "source_security_group_id": null,
            "timeouts": null,
            "to_port": 443,
            "type": "egress"
          },
          "sensitive_attributes": [],
          "private": "eyJlMmJmYjczMC1lY2FhLTExZTYtOGY4OC0zNDM2M2JjN2M0YzAiOnsiY3JlYXRlIjozMDAwMDAwMDAwMDB9LCJzY2hlbWFfdmVyc2lvbiI6IjIifQ==",
          "dependencies": [
            "data.terraform_remote_state.fabric",
            "module.security.module.security_group.aws_security_group.this"
          ]
        },
        {
          "index_key": 21,
          "schema_version": 2,
          "attributes": {
            "cidr_blocks": [
              "10.20.16.126"
            ],
            "description": "Outgoing to WSUS",
            "from_port": 8530,
            "id": "sgrule-458567956",
            "ipv6_cidr_blocks": [],
            "prefix_list_ids": null,
            "protocol": "tcp",
            "security_group_id": "sg-8464f6c0a477d829a",
            "security_group_rule_id": "sgr-05b9db951c6ab001e",
            "self": false,
            "source_security_group_id": null,
            "timeouts": null,
            "to_port": 8531,
            "type": "egress"
          },
          "sensitive_attributes": [],
          "private": "eyJlMmJmYjczMC1lY2FhLTExZTYtOGY4OC0zNDM2M2JjN2M0YzAiOnsiY3JlYXRlIjozMDAwMDAwMDAwMDB9LCJzY2hlbWFfdmVyc2lvbiI6IjIifQ==",
          "dependencies": [
            "data.terraform_remote_state.fabric",
            "module.security.module.security_group.aws_security_group.this"
          ]
        },
        {
          "index_key": 22,
          "schema_version": 2,
          "attributes": {
            "cidr_blocks": [
              "10.20.170.202"
            ],
            "description": "BaaS-NetBackup Media Server",
            "from_port": 1556,
            "id": "sgrule-282992289",
            "ipv6_cidr_blocks": [],
            "prefix_list_ids": null,
            "protocol": "tcp",
            "security_group_id": "sg-0b51d54f35b16bee7",
            "security_group_rule_id": "sgr-0941b60991af53979",
            "self": false,
            "source_security_group_id": null,
            "timeouts": null,
            "to_port": 1556,
            "type": "ingress"
          },
          "sensitive_attributes": [],
          "private": "eyJlMmJmYjczMC1lY2FhLTExZTYtOGY4OC0zNDM2M2JjN2M0YzAiOnsiY3JlYXRlIjozMDAwMDAwMDAwMDB9LCJzY2hlbWFfdmVyc2lvbiI6IjIifQ==",
          "dependencies": [
            "data.terraform_remote_state.fabric",
            "module.security.module.security_group.aws_security_group.this"
          ]
        },
        {
          "index_key": 23,
          "schema_version": 2,
          "attributes": {
            "cidr_blocks": [
              "10.20.142.129"
            ],
            "description": "BaaS-NetBackup Media Server",
            "from_port": 1556,
            "id": "sgrule-3056563463",
            "ipv6_cidr_blocks": [],
            "prefix_list_ids": null,
            "protocol": "tcp",
            "security_group_id": "sg-0b51d54f35b16bee7",
            "security_group_rule_id": "sgr-0a4220e75408051c6",
            "self": false,
            "source_security_group_id": null,
            "timeouts": null,
            "to_port": 1556,
            "type": "ingress"
          },
          "sensitive_attributes": [],
          "private": "eyJlMmJmYjczMC1lY2FhLTExZTYtOGY4OC0zNDM2M2JjN2M0YzAiOnsiY3JlYXRlIjozMDAwMDAwMDAwMDB9LCJzY2hlbWFfdmVyc2lvbiI6IjIifQ==",
          "dependencies": [
            "data.terraform_remote_state.fabric",
            "module.security.module.security_group.aws_security_group.this"
          ]
        },
        {
          "index_key": 24,
          "schema_version": 2,
          "attributes": {
            "cidr_blocks": [
              "10.20.170.202"
            ],
            "description": "BaaS-NetBackup Media Server",
            "from_port": 13724,
            "id": "sgrule-1072705383",
            "ipv6_cidr_blocks": [],
            "prefix_list_ids": null,
            "protocol": "tcp",
            "security_group_id": "sg-0b51d54f35b16bee7",
            "security_group_rule_id": "sgr-0de7e08032e7fd6f6",
            "self": false,
            "source_security_group_id": null,
            "timeouts": null,
            "to_port": 13724,
            "type": "ingress"
          },
          "sensitive_attributes": [],
          "private": "eyJlMmJmYjczMC1lY2FhLTExZTYtOGY4OC0zNDM2M2JjN2M0YzAiOnsiY3JlYXRlIjozMDAwMDAwMDAwMDB9LCJzY2hlbWFfdmVyc2lvbiI6IjIifQ==",
          "dependencies": [
            "data.terraform_remote_state.fabric",
            "module.security.module.security_group.aws_security_group.this"
          ]
        },
        {
          "index_key": 25,
          "schema_version": 2,
          "attributes": {
            "cidr_blocks": [
              "10.20.142.129"
            ],
            "description": "BaaS-NetBackup Media Server",
            "from_port": 13724,
            "id": "sgrule-2566997185",
            "ipv6_cidr_blocks": [],
            "prefix_list_ids": null,
            "protocol": "tcp",
            "security_group_id": "sg-0b51d54f35b16bee7",
            "security_group_rule_id": "sgr-031d5cae54aba0bc9",
            "self": false,
            "source_security_group_id": null,
            "timeouts": null,
            "to_port": 13724,
            "type": "ingress"
          },
          "sensitive_attributes": [],
          "private": "eyJlMmJmYjczMC1lY2FhLTExZTYtOGY4OC0zNDM2M2JjN2M0YzAiOnsiY3JlYXRlIjozMDAwMDAwMDAwMDB9LCJzY2hlbWFfdmVyc2lvbiI6IjIifQ==",
          "dependencies": [
            "data.terraform_remote_state.fabric",
            "module.security.module.security_group.aws_security_group.this"
          ]
        },
        {
          "index_key": 26,
          "schema_version": 2,
          "attributes": {
            "cidr_blocks": [
              "10.20.170.202"
            ],
            "description": "BaaS-NetBackup Media Server",
            "from_port": 13782,
            "id": "sgrule-330662016",
            "ipv6_cidr_blocks": [],
            "prefix_list_ids": null,
            "protocol": "tcp",
            "security_group_id": "sg-0b51d54f35b16bee7",
            "security_group_rule_id": "sgr-0eca3309af60186dd",
            "self": false,
            "source_security_group_id": null,
            "timeouts": null,
            "to_port": 13782,
            "type": "ingress"
          },
          "sensitive_attributes": [],
          "private": "eyJlMmJmYjczMC1lY2FhLTExZTYtOGY4OC0zNDM2M2JjN2M0YzAiOnsiY3JlYXRlIjozMDAwMDAwMDAwMDB9LCJzY2hlbWFfdmVyc2lvbiI6IjIifQ==",
          "dependencies": [
            "data.terraform_remote_state.fabric",
            "module.security.module.security_group.aws_security_group.this"
          ]
        },
        {
          "index_key": 27,
          "schema_version": 2,
          "attributes": {
            "cidr_blocks": [
              "10.20.142.129"
            ],
            "description": "BaaS-NetBackup Media Server",
            "from_port": 13782,
            "id": "sgrule-3041192742",
            "ipv6_cidr_blocks": [],
            "prefix_list_ids": null,
            "protocol": "tcp",
            "security_group_id": "sg-0b51d54f35b16bee7",
            "security_group_rule_id": "sgr-07a792243ed6b7475",
            "self": false,
            "source_security_group_id": null,
            "timeouts": null,
            "to_port": 13782,
            "type": "ingress"
          },
          "sensitive_attributes": [],
          "private": "eyJlMmJmYjczMC1lY2FhLTExZTYtOGY4OC0zNDM2M2JjN2M0YzAiOnsiY3JlYXRlIjozMDAwMDAwMDAwMDB9LCJzY2hlbWFfdmVyc2lvbiI6IjIifQ==",
          "dependencies": [
            "data.terraform_remote_state.fabric",
            "module.security.module.security_group.aws_security_group.this"
          ]
        },
        {
          "index_key": 28,
          "schema_version": 2,
          "attributes": {
            "cidr_blocks": [
              "10.20.252.65"
            ],
            "description": "BaaS-NetBackup Master Server",
            "from_port": 1556,
            "id": "sgrule-3623726616",
            "ipv6_cidr_blocks": [],
            "prefix_list_ids": null,
            "protocol": "tcp",
            "security_group_id": "sg-0b51d54f35b16bee7",
            "security_group_rule_id": "sgr-00b3bb403c5f711d0",
            "self": false,
            "source_security_group_id": null,
            "timeouts": null,
            "to_port": 1556,
            "type": "ingress"
          },
          "sensitive_attributes": [],
          "private": "eyJlMmJmYjczMC1lY2FhLTExZTYtOGY4OC0zNDM2M2JjN2M0YzAiOnsiY3JlYXRlIjozMDAwMDAwMDAwMDB9LCJzY2hlbWFfdmVyc2lvbiI6IjIifQ==",
          "dependencies": [
            "data.terraform_remote_state.fabric",
            "module.security.module.security_group.aws_security_group.this"
          ]
        },
        {
          "index_key": 29,
          "schema_version": 2,
          "attributes": {
            "cidr_blocks": [
              "10.20.238.33"
            ],
            "description": "BaaS-NetBackup Master Server",
            "from_port": 1556,
            "id": "sgrule-3936192424",
            "ipv6_cidr_blocks": [],
            "prefix_list_ids": null,
            "protocol": "tcp",
            "security_group_id": "sg-0b51d54f35b16bee7",
            "security_group_rule_id": "sgr-0ceca059418abcb08",
            "self": false,
            "source_security_group_id": null,
            "timeouts": null,
            "to_port": 1556,
            "type": "ingress"
          },
          "sensitive_attributes": [],
          "private": "eyJlMmJmYjczMC1lY2FhLTExZTYtOGY4OC0zNDM2M2JjN2M0YzAiOnsiY3JlYXRlIjozMDAwMDAwMDAwMDB9LCJzY2hlbWFfdmVyc2lvbiI6IjIifQ==",
          "dependencies": [
            "data.terraform_remote_state.fabric",
            "module.security.module.security_group.aws_security_group.this"
          ]
        },
        {
          "index_key": 30,
          "schema_version": 2,
          "attributes": {
            "cidr_blocks": [
              "10.20.90.175"
            ],
            "description": "BaaS-NetBackup Master Server",
            "from_port": 1556,
            "id": "sgrule-1709011464",
            "ipv6_cidr_blocks": [],
            "prefix_list_ids": null,
            "protocol": "tcp",
            "security_group_id": "sg-0b51d54f35b16bee7",
            "security_group_rule_id": "sgr-09b51985295094738",
            "self": false,
            "source_security_group_id": null,
            "timeouts": null,
            "to_port": 1556,
            "type": "ingress"
          },
          "sensitive_attributes": [],
          "private": "eyJlMmJmYjczMC1lY2FhLTExZTYtOGY4OC0zNDM2M2JjN2M0YzAiOnsiY3JlYXRlIjozMDAwMDAwMDAwMDB9LCJzY2hlbWFfdmVyc2lvbiI6IjIifQ==",
          "dependencies": [
            "data.terraform_remote_state.fabric",
            "module.security.module.security_group.aws_security_group.this"
          ]
        },
        {
          "index_key": 31,
          "schema_version": 2,
          "attributes": {
            "cidr_blocks": [
              "10.20.186.247"
            ],
            "description": "BaaS-NetBackup Master Server",
            "from_port": 1556,
            "id": "sgrule-578619608",
            "ipv6_cidr_blocks": [],
            "prefix_list_ids": null,
            "protocol": "tcp",
            "security_group_id": "sg-0b51d54f35b16bee7",
            "security_group_rule_id": "sgr-0c6f7891d35e7e5a7",
            "self": false,
            "source_security_group_id": null,
            "timeouts": null,
            "to_port": 1556,
            "type": "ingress"
          },
          "sensitive_attributes": [],
          "private": "eyJlMmJmYjczMC1lY2FhLTExZTYtOGY4OC0zNDM2M2JjN2M0YzAiOnsiY3JlYXRlIjozMDAwMDAwMDAwMDB9LCJzY2hlbWFfdmVyc2lvbiI6IjIifQ==",
          "dependencies": [
            "data.terraform_remote_state.fabric",
            "module.security.module.security_group.aws_security_group.this"
          ]
        },
        {
          "index_key": 32,
          "schema_version": 2,
          "attributes": {
            "cidr_blocks": [
              "10.20.207.103"
            ],
            "description": "BaaS-NetBackup Master Server",
            "from_port": 1556,
            "id": "sgrule-2639115961",
            "ipv6_cidr_blocks": [],
            "prefix_list_ids": null,
            "protocol": "tcp",
            "security_group_id": "sg-0b51d54f35b16bee7",
            "security_group_rule_id": "sgr-0045e4a5ae39fc2a8",
            "self": false,
            "source_security_group_id": null,
            "timeouts": null,
            "to_port": 1556,
            "type": "ingress"
          },
          "sensitive_attributes": [],
          "private": "eyJlMmJmYjczMC1lY2FhLTExZTYtOGY4OC0zNDM2M2JjN2M0YzAiOnsiY3JlYXRlIjozMDAwMDAwMDAwMDB9LCJzY2hlbWFfdmVyc2lvbiI6IjIifQ==",
          "dependencies": [
            "data.terraform_remote_state.fabric",
            "module.security.module.security_group.aws_security_group.this"
          ]
        },
        {
          "index_key": 33,
          "schema_version": 2,
          "attributes": {
            "cidr_blocks": [
              "10.20.252.65"
            ],
            "description": "BaaS-NetBackup Master Server",
            "from_port": 13724,
            "id": "sgrule-2782259116",
            "ipv6_cidr_blocks": [],
            "prefix_list_ids": null,
            "protocol": "tcp",
            "security_group_id": "sg-0b51d54f35b16bee7",
            "security_group_rule_id": "sgr-07635ef15cba9f0d4",
            "self": false,
            "source_security_group_id": null,
            "timeouts": null,
            "to_port": 13724,
            "type": "ingress"
          },
          "sensitive_attributes": [],
          "private": "eyJlMmJmYjczMC1lY2FhLTExZTYtOGY4OC0zNDM2M2JjN2M0YzAiOnsiY3JlYXRlIjozMDAwMDAwMDAwMDB9LCJzY2hlbWFfdmVyc2lvbiI6IjIifQ==",
          "dependencies": [
            "data.terraform_remote_state.fabric",
            "module.security.module.security_group.aws_security_group.this"
          ]
        },
        {
          "index_key": 34,
          "schema_version": 2,
          "attributes": {
            "cidr_blocks": [
              "10.20.238.33"
            ],
            "description": "BaaS-NetBackup Master Server",
            "from_port": 13724,
            "id": "sgrule-2562051612",
            "ipv6_cidr_blocks": [],
            "prefix_list_ids": null,
            "protocol": "tcp",
            "security_group_id": "sg-0b51d54f35b16bee7",
            "security_group_rule_id": "sgr-04dded26ce4faff99",
            "self": false,
            "source_security_group_id": null,
            "timeouts": null,
            "to_port": 13724,
            "type": "ingress"
          },
          "sensitive_attributes": [],
          "private": "eyJlMmJmYjczMC1lY2FhLTExZTYtOGY4OC0zNDM2M2JjN2M0YzAiOnsiY3JlYXRlIjozMDAwMDAwMDAwMDB9LCJzY2hlbWFfdmVyc2lvbiI6IjIifQ==",
          "dependencies": [
            "data.terraform_remote_state.fabric",
            "module.security.module.security_group.aws_security_group.this"
          ]
        },
        {
          "index_key": 35,
          "schema_version": 2,
          "attributes": {
            "cidr_blocks": [
              "10.20.90.175"
            ],
            "description": "BaaS-NetBackup Master Server",
            "from_port": 13724,
            "id": "sgrule-401947580",
            "ipv6_cidr_blocks": [],
            "prefix_list_ids": null,
            "protocol": "tcp",
            "security_group_id": "sg-0b51d54f35b16bee7",
            "security_group_rule_id": "sgr-074d49d0336bde203",
            "self": false,
            "source_security_group_id": null,
            "timeouts": null,
            "to_port": 13724,
            "type": "ingress"
          },
          "sensitive_attributes": [],
          "private": "eyJlMmJmYjczMC1lY2FhLTExZTYtOGY4OC0zNDM2M2JjN2M0YzAiOnsiY3JlYXRlIjozMDAwMDAwMDAwMDB9LCJzY2hlbWFfdmVyc2lvbiI6IjIifQ==",
          "dependencies": [
            "data.terraform_remote_state.fabric",
            "module.security.module.security_group.aws_security_group.this"
          ]
        },
        {
          "index_key": 36,
          "schema_version": 2,
          "attributes": {
            "cidr_blocks": [
              "10.20.186.247"
            ],
            "description": "BaaS-NetBackup Master Server",
            "from_port": 13724,
            "id": "sgrule-1347764588",
            "ipv6_cidr_blocks": [],
            "prefix_list_ids": null,
            "protocol": "tcp",
            "security_group_id": "sg-0b51d54f35b16bee7",
            "security_group_rule_id": "sgr-00e0afbd83ebd89b8",
            "self": false,
            "source_security_group_id": null,
            "timeouts": null,
            "to_port": 13724,
            "type": "ingress"
          },
          "sensitive_attributes": [],
          "private": "eyJlMmJmYjczMC1lY2FhLTExZTYtOGY4OC0zNDM2M2JjN2M0YzAiOnsiY3JlYXRlIjozMDAwMDAwMDAwMDB9LCJzY2hlbWFfdmVyc2lvbiI6IjIifQ==",
          "dependencies": [
            "data.terraform_remote_state.fabric",
            "module.security.module.security_group.aws_security_group.this"
          ]
        },
        {
          "index_key": 37,
          "schema_version": 2,
          "attributes": {
            "cidr_blocks": [
              "10.20.207.103"
            ],
            "description": "BaaS-NetBackup Master Server",
            "from_port": 13724,
            "id": "sgrule-4016439053",
            "ipv6_cidr_blocks": [],
            "prefix_list_ids": null,
            "protocol": "tcp",
            "security_group_id": "sg-0b51d54f35b16bee7",
            "security_group_rule_id": "sgr-0bc44f626f0305bb4",
            "self": false,
            "source_security_group_id": null,
            "timeouts": null,
            "to_port": 13724,
            "type": "ingress"
          },
          "sensitive_attributes": [],
          "private": "eyJlMmJmYjczMC1lY2FhLTExZTYtOGY4OC0zNDM2M2JjN2M0YzAiOnsiY3JlYXRlIjozMDAwMDAwMDAwMDB9LCJzY2hlbWFfdmVyc2lvbiI6IjIifQ==",
          "dependencies": [
            "data.terraform_remote_state.fabric",
            "module.security.module.security_group.aws_security_group.this"
          ]
        },
        {
          "index_key": 38,
          "schema_version": 2,
          "attributes": {
            "cidr_blocks": [
              "10.20.252.65"
            ],
            "description": "BaaS-NetBackup Master Server",
            "from_port": 13782,
            "id": "sgrule-2610419160",
            "ipv6_cidr_blocks": [],
            "prefix_list_ids": null,
            "protocol": "tcp",
            "security_group_id": "sg-0b51d54f35b16bee7",
            "security_group_rule_id": "sgr-021b45e8d7946af2c",
            "self": false,
            "source_security_group_id": null,
            "timeouts": null,
            "to_port": 13782,
            "type": "ingress"
          },
          "sensitive_attributes": [],
          "private": "eyJlMmJmYjczMC1lY2FhLTExZTYtOGY4OC0zNDM2M2JjN2M0YzAiOnsiY3JlYXRlIjozMDAwMDAwMDAwMDB9LCJzY2hlbWFfdmVyc2lvbiI6IjIifQ==",
          "dependencies": [
            "data.terraform_remote_state.fabric",
            "module.security.module.security_group.aws_security_group.this"
          ]
        },
        {
          "index_key": 39,
          "schema_version": 2,
          "attributes": {
            "cidr_blocks": [
              "10.20.238.33"
            ],
            "description": "BaaS-NetBackup Master Server",
            "from_port": 13782,
            "id": "sgrule-2801269864",
            "ipv6_cidr_blocks": [],
            "prefix_list_ids": null,
            "protocol": "tcp",
            "security_group_id": "sg-0b51d54f35b16bee7",
            "security_group_rule_id": "sgr-0f56b26d58ff7e89e",
            "self": false,
            "source_security_group_id": null,
            "timeouts": null,
            "to_port": 13782,
            "type": "ingress"
          },
          "sensitive_attributes": [],
          "private": "eyJlMmJmYjczMC1lY2FhLTExZTYtOGY4OC0zNDM2M2JjN2M0YzAiOnsiY3JlYXRlIjozMDAwMDAwMDAwMDB9LCJzY2hlbWFfdmVyc2lvbiI6IjIifQ==",
          "dependencies": [
            "data.terraform_remote_state.fabric",
            "module.security.module.security_group.aws_security_group.this"
          ]
        },
        {
          "index_key": 40,
          "schema_version": 2,
          "attributes": {
            "cidr_blocks": [
              "10.20.90.175"
            ],
            "description": "BaaS-NetBackup Master Server",
            "from_port": 13782,
            "id": "sgrule-699861448",
            "ipv6_cidr_blocks": [],
            "prefix_list_ids": null,
            "protocol": "tcp",
            "security_group_id": "sg-0b51d54f35b16bee7",
            "security_group_rule_id": "sgr-04b4b4e04ea8f89ec",
            "self": false,
            "source_security_group_id": null,
            "timeouts": null,
            "to_port": 13782,
            "type": "ingress"
          },
          "sensitive_attributes": [],
          "private": "eyJlMmJmYjczMC1lY2FhLTExZTYtOGY4OC0zNDM2M2JjN2M0YzAiOnsiY3JlYXRlIjozMDAwMDAwMDAwMDB9LCJzY2hlbWFfdmVyc2lvbiI6IjIifQ==",
          "dependencies": [
            "data.terraform_remote_state.fabric",
            "module.security.module.security_group.aws_security_group.this"
          ]
        },
        {
          "index_key": 41,
          "schema_version": 2,
          "attributes": {
            "cidr_blocks": [
              "10.20.186.247"
            ],
            "description": "BaaS-NetBackup Master Server",
            "from_port": 13782,
            "id": "sgrule-1847030552",
            "ipv6_cidr_blocks": [],
            "prefix_list_ids": null,
            "protocol": "tcp",
            "security_group_id": "sg-0b51d54f35b16bee7",
            "security_group_rule_id": "sgr-09220398ec8ab8a98",
            "self": false,
            "source_security_group_id": null,
            "timeouts": null,
            "to_port": 13782,
            "type": "ingress"
          },
          "sensitive_attributes": [],
          "private": "eyJlMmJmYjczMC1lY2FhLTExZTYtOGY4OC0zNDM2M2JjN2M0YzAiOnsiY3JlYXRlIjozMDAwMDAwMDAwMDB9LCJzY2hlbWFfdmVyc2lvbiI6IjIifQ==",
          "dependencies": [
            "data.terraform_remote_state.fabric",
            "module.security.module.security_group.aws_security_group.this"
          ]
        },
        {
          "index_key": 42,
          "schema_version": 2,
          "attributes": {
            "cidr_blocks": [
              "10.20.207.103"
            ],
            "description": "BaaS-NetBackup Master Server",
            "from_port": 13782,
            "id": "sgrule-3509046649",
            "ipv6_cidr_blocks": [],
            "prefix_list_ids": null,
            "protocol": "tcp",
            "security_group_id": "sg-0b51d54f35b16bee7",
            "security_group_rule_id": "sgr-0dd99fb49a1f404fb",
            "self": false,
            "source_security_group_id": null,
            "timeouts": null,
            "to_port": 13782,
            "type": "ingress"
          },
          "sensitive_attributes": [],
          "private": "eyJlMmJmYjczMC1lY2FhLTExZTYtOGY4OC0zNDM2M2JjN2M0YzAiOnsiY3JlYXRlIjozMDAwMDAwMDAwMDB9LCJzY2hlbWFfdmVyc2lvbiI6IjIifQ==",
          "dependencies": [
            "data.terraform_remote_state.fabric",
            "module.security.module.security_group.aws_security_group.this"
          ]
        },
        {
          "index_key": 43,
          "schema_version": 2,
          "attributes": {
            "cidr_blocks": [
              "10.20.178.139/24"
            ],
            "description": "BaaS",
            "from_port": 1556,
            "id": "sgrule-924920855",
            "ipv6_cidr_blocks": [],
            "prefix_list_ids": null,
            "protocol": "tcp",
            "security_group_id": "sg-0b51d54f35b16bee7",
            "security_group_rule_id": "sgr-0dd92250ee8757e3b",
            "self": false,
            "source_security_group_id": null,
            "timeouts": null,
            "to_port": 13782,
            "type": "egress"
          },
          "sensitive_attributes": [],
          "private": "eyJlMmJmYjczMC1lY2FhLTExZTYtOGY4OC0zNDM2M2JjN2M0YzAiOnsiY3JlYXRlIjozMDAwMDAwMDAwMDB9LCJzY2hlbWFfdmVyc2lvbiI6IjIifQ==",
          "dependencies": [
            "module.security.module.security_group.aws_security_group.this"
          ]
        },
        {
          "index_key": 44,
          "schema_version": 2,
          "attributes": {
            "cidr_blocks": [
              "10.20.12.247"
            ],
            "description": "EPS-Manager to Agent",
            "from_port": 4118,
            "id": "sgrule-2872526676",
            "ipv6_cidr_blocks": [],
            "prefix_list_ids": null,
            "protocol": "tcp",
            "security_group_id": "sg-0b51d54f35b16bee7",
            "security_group_rule_id": "sgr-06451764a4ba4beff",
            "self": false,
            "source_security_group_id": null,
            "timeouts": null,
            "to_port": 4118,
            "type": "ingress"
          },
          "sensitive_attributes": [],
          "private": "eyJlMmJmYjczMC1lY2FhLTExZTYtOGY4OC0zNDM2M2JjN2M0YzAiOnsiY3JlYXRlIjozMDAwMDAwMDAwMDB9LCJzY2hlbWFfdmVyc2lvbiI6IjIifQ==",
          "dependencies": [
            "data.terraform_remote_state.fabric",
            "module.security.module.security_group.aws_security_group.this"
          ]
        },
        {
          "index_key": 45,
          "schema_version": 2,
          "attributes": {
            "cidr_blocks": [
              "10.20.47.47"
            ],
            "description": "EPS-Manager to Agent",
            "from_port": 4118,
            "id": "sgrule-1990303441",
            "ipv6_cidr_blocks": [],
            "prefix_list_ids": null,
            "protocol": "tcp",
            "security_group_id": "sg-0b51d54f35b16bee7",
            "security_group_rule_id": "sgr-044586adf91b27ceb",
            "self": false,
            "source_security_group_id": null,
            "timeouts": null,
            "to_port": 4118,
            "type": "ingress"
          },
          "sensitive_attributes": [],
          "private": "eyJlMmJmYjczMC1lY2FhLTExZTYtOGY4OC0zNDM2M2JjN2M0YzAiOnsiY3JlYXRlIjozMDAwMDAwMDAwMDB9LCJzY2hlbWFfdmVyc2lvbiI6IjIifQ==",
          "dependencies": [
            "data.terraform_remote_state.fabric",
            "module.security.module.security_group.aws_security_group.this"
          ]
        },
        {
          "index_key": 46,
          "schema_version": 2,
          "attributes": {
            "cidr_blocks": [
              "10.20.39.16"
            ],
            "description": "EPS-Manager to Agent",
            "from_port": 4118,
            "id": "sgrule-2522312420",
            "ipv6_cidr_blocks": [],
            "prefix_list_ids": null,
            "protocol": "tcp",
            "security_group_id": "sg-0b51d54f35b16bee7",
            "security_group_rule_id": "sgr-0f0dfece29564f0f2",
            "self": false,
            "source_security_group_id": null,
            "timeouts": null,
            "to_port": 4118,
            "type": "ingress"
          },
          "sensitive_attributes": [],
          "private": "eyJlMmJmYjczMC1lY2FhLTExZTYtOGY4OC0zNDM2M2JjN2M0YzAiOnsiY3JlYXRlIjozMDAwMDAwMDAwMDB9LCJzY2hlbWFfdmVyc2lvbiI6IjIifQ==",
          "dependencies": [
            "data.terraform_remote_state.fabric",
            "module.security.module.security_group.aws_security_group.this"
          ]
        },
        {
          "index_key": 47,
          "schema_version": 2,
          "attributes": {
            "cidr_blocks": [
              "10.20.7.189"
            ],
            "description": "EPS-Manager to Agent",
            "from_port": 4118,
            "id": "sgrule-1270986593",
            "ipv6_cidr_blocks": [],
            "prefix_list_ids": null,
            "protocol": "tcp",
            "security_group_id": "sg-0b51d54f35b16bee7",
            "security_group_rule_id": "sgr-04e6f6494fe9f6cf9",
            "self": false,
            "source_security_group_id": null,
            "timeouts": null,
            "to_port": 4118,
            "type": "ingress"
          },
          "sensitive_attributes": [],
          "private": "eyJlMmJmYjczMC1lY2FhLTExZTYtOGY4OC0zNDM2M2JjN2M0YzAiOnsiY3JlYXRlIjozMDAwMDAwMDAwMDB9LCJzY2hlbWFfdmVyc2lvbiI6IjIifQ==",
          "dependencies": [
            "data.terraform_remote_state.fabric",
            "module.security.module.security_group.aws_security_group.this"
          ]
        },
        {
          "index_key": 48,
          "schema_version": 2,
          "attributes": {
            "cidr_blocks": [
              "10.20.170.202"
            ],
            "description": "BaaS-NetBackup Media Server",
            "from_port": 1556,
            "id": "sgrule-2945341200",
            "ipv6_cidr_blocks": [],
            "prefix_list_ids": null,
            "protocol": "tcp",
            "security_group_id": "sg-1269df882c3567c92",
            "security_group_rule_id": "sgr-0ff68b4a33673e3c7",
            "self": false,
            "source_security_group_id": null,
            "timeouts": null,
            "to_port": 1556,
            "type": "ingress"
          },
          "sensitive_attributes": [],
          "private": "eyJlMmJmYjczMC1lY2FhLTExZTYtOGY4OC0zNDM2M2JjN2M0YzAiOnsiY3JlYXRlIjozMDAwMDAwMDAwMDB9LCJzY2hlbWFfdmVyc2lvbiI6IjIifQ==",
          "dependencies": [
            "data.terraform_remote_state.fabric",
            "module.security.module.security_group.aws_security_group.this"
          ]
        },
        {
          "index_key": 49,
          "schema_version": 2,
          "attributes": {
            "cidr_blocks": [
              "10.20.142.129"
            ],
            "description": "BaaS-NetBackup Media Server",
            "from_port": 1556,
            "id": "sgrule-159333558",
            "ipv6_cidr_blocks": [],
            "prefix_list_ids": null,
            "protocol": "tcp",
            "security_group_id": "sg-1269df882c3567c92",
            "security_group_rule_id": "sgr-08f22dff41db9be52",
            "self": false,
            "source_security_group_id": null,
            "timeouts": null,
            "to_port": 1556,
            "type": "ingress"
          },
          "sensitive_attributes": [],
          "private": "eyJlMmJmYjczMC1lY2FhLTExZTYtOGY4OC0zNDM2M2JjN2M0YzAiOnsiY3JlYXRlIjozMDAwMDAwMDAwMDB9LCJzY2hlbWFfdmVyc2lvbiI6IjIifQ==",
          "dependencies": [
            "data.terraform_remote_state.fabric",
            "module.security.module.security_group.aws_security_group.this"
          ]
        },
        {
          "index_key": 50,
          "schema_version": 2,
          "attributes": {
            "cidr_blocks": [
              "10.20.170.202"
            ],
            "description": "BaaS-NetBackup Media Server",
            "from_port": 13724,
            "id": "sgrule-3442407162",
            "ipv6_cidr_blocks": [],
            "prefix_list_ids": null,
            "protocol": "tcp",
            "security_group_id": "sg-1269df882c3567c92",
            "security_group_rule_id": "sgr-00decc7b2a9360434",
            "self": false,
            "source_security_group_id": null,
            "timeouts": null,
            "to_port": 13724,
            "type": "ingress"
          },
          "sensitive_attributes": [],
          "private": "eyJlMmJmYjczMC1lY2FhLTExZTYtOGY4OC0zNDM2M2JjN2M0YzAiOnsiY3JlYXRlIjozMDAwMDAwMDAwMDB9LCJzY2hlbWFfdmVyc2lvbiI6IjIifQ==",
          "dependencies": [
            "data.terraform_remote_state.fabric",
            "module.security.module.security_group.aws_security_group.this"
          ]
        },
        {
          "index_key": 51,
          "schema_version": 2,
          "attributes": {
            "cidr_blocks": [
              "10.20.142.129"
            ],
            "description": "BaaS-NetBackup Media Server",
            "from_port": 13724,
            "id": "sgrule-1809816924",
            "ipv6_cidr_blocks": [],
            "prefix_list_ids": null,
            "protocol": "tcp",
            "security_group_id": "sg-1269df882c3567c92",
            "security_group_rule_id": "sgr-04ff375f8a4275755",
            "self": false,
            "source_security_group_id": null,
            "timeouts": null,
            "to_port": 13724,
            "type": "ingress"
          },
          "sensitive_attributes": [],
          "private": "eyJlMmJmYjczMC1lY2FhLTExZTYtOGY4OC0zNDM2M2JjN2M0YzAiOnsiY3JlYXRlIjozMDAwMDAwMDAwMDB9LCJzY2hlbWFfdmVyc2lvbiI6IjIifQ==",
          "dependencies": [
            "data.terraform_remote_state.fabric",
            "module.security.module.security_group.aws_security_group.this"
          ]
        },
        {
          "index_key": 52,
          "schema_version": 2,
          "attributes": {
            "cidr_blocks": [
              "10.20.170.202"
            ],
            "description": "BaaS-NetBackup Media Server",
            "from_port": 13782,
            "id": "sgrule-3781908765",
            "ipv6_cidr_blocks": [],
            "prefix_list_ids": null,
            "protocol": "tcp",
            "security_group_id": "sg-1269df882c3567c92",
            "security_group_rule_id": "sgr-03dad0945f5e63058",
            "self": false,
            "source_security_group_id": null,
            "timeouts": null,
            "to_port": 13782,
            "type": "ingress"
          },
          "sensitive_attributes": [],
          "private": "eyJlMmJmYjczMC1lY2FhLTExZTYtOGY4OC0zNDM2M2JjN2M0YzAiOnsiY3JlYXRlIjozMDAwMDAwMDAwMDB9LCJzY2hlbWFfdmVyc2lvbiI6IjIifQ==",
          "dependencies": [
            "data.terraform_remote_state.fabric",
            "module.security.module.security_group.aws_security_group.this"
          ]
        },
        {
          "index_key": 53,
          "schema_version": 2,
          "attributes": {
            "cidr_blocks": [
              "10.20.142.129"
            ],
            "description": "BaaS-NetBackup Media Server",
            "from_port": 13782,
            "id": "sgrule-1201287867",
            "ipv6_cidr_blocks": [],
            "prefix_list_ids": null,
            "protocol": "tcp",
            "security_group_id": "sg-1269df882c3567c92",
            "security_group_rule_id": "sgr-0144192b073ebed65",
            "self": false,
            "source_security_group_id": null,
            "timeouts": null,
            "to_port": 13782,
            "type": "ingress"
          },
          "sensitive_attributes": [],
          "private": "eyJlMmJmYjczMC1lY2FhLTExZTYtOGY4OC0zNDM2M2JjN2M0YzAiOnsiY3JlYXRlIjozMDAwMDAwMDAwMDB9LCJzY2hlbWFfdmVyc2lvbiI6IjIifQ==",
          "dependencies": [
            "data.terraform_remote_state.fabric",
            "module.security.module.security_group.aws_security_group.this"
          ]
        },
        {
          "index_key": 54,
          "schema_version": 2,
          "attributes": {
            "cidr_blocks": [
              "10.20.21.141/24"
            ],
            "description": "Outbound baas",
            "from_port": 1024,
            "id": "sgrule-2933496044",
            "ipv6_cidr_blocks": [],
            "prefix_list_ids": null,
            "protocol": "tcp",
            "security_group_id": "sg-1269df882c3567c92",
            "security_group_rule_id": "sgr-0ec5a4375565431cc",
            "self": false,
            "source_security_group_id": null,
            "timeouts": null,
            "to_port": 65535,
            "type": "egress"
          },
          "sensitive_attributes": [],
          "private": "eyJlMmJmYjczMC1lY2FhLTExZTYtOGY4OC0zNDM2M2JjN2M0YzAiOnsiY3JlYXRlIjozMDAwMDAwMDAwMDB9LCJzY2hlbWFfdmVyc2lvbiI6IjIifQ==",
          "dependencies": [
            "data.terraform_remote_state.fabric",
            "module.security.module.security_group.aws_security_group.this"
          ]
        },
        {
          "index_key": 55,
          "schema_version": 2,
          "attributes": {
            "cidr_blocks": [
              "10.20.217.232/31"
            ],
            "description": "heartbeat port from Agent to EPS/DSM",
            "from_port": 4120,
            "id": "sgrule-984175028",
            "ipv6_cidr_blocks": [],
            "prefix_list_ids": null,
            "protocol": "tcp",
            "security_group_id": "sg-0b51d54f35b16bee7",
            "security_group_rule_id": "sgr-0560ad4fc1711b130",
            "self": false,
            "source_security_group_id": null,
            "timeouts": null,
            "to_port": 4120,
            "type": "egress"
          },
          "sensitive_attributes": [],
          "private": "eyJlMmJmYjczMC1lY2FhLTExZTYtOGY4OC0zNDM2M2JjN2M0YzAiOnsiY3JlYXRlIjozMDAwMDAwMDAwMDB9LCJzY2hlbWFfdmVyc2lvbiI6IjIifQ==",
          "dependencies": [
            "data.terraform_remote_state.fabric",
            "module.security.module.security_group.aws_security_group.this"
          ]
        },
        {
          "index_key": 56,
          "schema_version": 2,
          "attributes": {
            "cidr_blocks": [
              "10.20.210.109"
            ],
            "description": "to pull software and pattern updates",
            "from_port": 4122,
            "id": "sgrule-3072475923",
            "ipv6_cidr_blocks": [],
            "prefix_list_ids": null,
            "protocol": "tcp",
            "security_group_id": "sg-0b51d54f35b16bee7",
            "security_group_rule_id": "sgr-08a51252f7ab06ae9",
            "self": false,
            "source_security_group_id": null,
            "timeouts": null,
            "to_port": 4122,
            "type": "egress"
          },
          "sensitive_attributes": [],
          "private": "eyJlMmJmYjczMC1lY2FhLTExZTYtOGY4OC0zNDM2M2JjN2M0YzAiOnsiY3JlYXRlIjozMDAwMDAwMDAwMDB9LCJzY2hlbWFfdmVyc2lvbiI6IjIifQ==",
          "dependencies": [
            "data.terraform_remote_state.fabric",
            "module.security.module.security_group.aws_security_group.this"
          ]
        },
        {
          "index_key": 57,
          "schema_version": 2,
          "attributes": {
            "cidr_blocks": [
              "10.20.210.109"
            ],
            "description": "to pull software and pattern updates",
            "from_port": 443,
            "id": "sgrule-20941102",
            "ipv6_cidr_blocks": [],
            "prefix_list_ids": null,
            "protocol": "tcp",
            "security_group_id": "sg-0b51d54f35b16bee7",
            "security_group_rule_id": "sgr-096ddd77c2428fbd3",
            "self": false,
            "source_security_group_id": null,
            "timeouts": null,
            "to_port": 443,
            "type": "egress"
          },
          "sensitive_attributes": [],
          "private": "eyJlMmJmYjczMC1lY2FhLTExZTYtOGY4OC0zNDM2M2JjN2M0YzAiOnsiY3JlYXRlIjozMDAwMDAwMDAwMDB9LCJzY2hlbWFfdmVyc2lvbiI6IjIifQ==",
          "dependencies": [
            "data.terraform_remote_state.fabric",
            "module.security.module.security_group.aws_security_group.this"
          ]
        },
        {
          "index_key": 58,
          "schema_version": 2,
          "attributes": {
            "cidr_blocks": [
              "10.20.37.202"
            ],
            "description": "to pull software and pattern updates",
            "from_port": 4122,
            "id": "sgrule-2897693799",
            "ipv6_cidr_blocks": [],
            "prefix_list_ids": null,
            "protocol": "tcp",
            "security_group_id": "sg-0b51d54f35b16bee7",
            "security_group_rule_id": "sgr-0c672721499bbd419",
            "self": false,
            "source_security_group_id": null,
            "timeouts": null,
            "to_port": 4122,
            "type": "egress"
          },
          "sensitive_attributes": [],
          "private": "eyJlMmJmYjczMC1lY2FhLTExZTYtOGY4OC0zNDM2M2JjN2M0YzAiOnsiY3JlYXRlIjozMDAwMDAwMDAwMDB9LCJzY2hlbWFfdmVyc2lvbiI6IjIifQ==",
          "dependencies": [
            "data.terraform_remote_state.fabric",
            "module.security.module.security_group.aws_security_group.this"
          ]
        },
        {
          "index_key": 59,
          "schema_version": 2,
          "attributes": {
            "cidr_blocks": [
              "10.20.37.202"
            ],
            "description": "to pull software and pattern updates",
            "from_port": 443,
            "id": "sgrule-4100529596",
            "ipv6_cidr_blocks": [],
            "prefix_list_ids": null,
            "protocol": "tcp",
            "security_group_id": "sg-0b51d54f35b16bee7",
            "security_group_rule_id": "sgr-0da9134d612c19367",
            "self": false,
            "source_security_group_id": null,
            "timeouts": null,
            "to_port": 443,
            "type": "egress"
          },
          "sensitive_attributes": [],
          "private": "eyJlMmJmYjczMC1lY2FhLTExZTYtOGY4OC0zNDM2M2JjN2M0YzAiOnsiY3JlYXRlIjozMDAwMDAwMDAwMDB9LCJzY2hlbWFfdmVyc2lvbiI6IjIifQ==",
          "dependencies": [
            "data.terraform_remote_state.fabric",
            "module.security.module.security_group.aws_security_group.this"
          ]
        },
        {
          "index_key": 60,
          "schema_version": 2,
          "attributes": {
            "cidr_blocks": [
              "10.20.60.99/31"
            ],
            "description": "connection to SPS for file reputation",
            "from_port": 443,
            "id": "sgrule-4194453851",
            "ipv6_cidr_blocks": [],
            "prefix_list_ids": null,
            "protocol": "tcp",
            "security_group_id": "sg-0b51d54f35b16bee7",
            "security_group_rule_id": "sgr-00f2e5fb80dd9baa0",
            "self": false,
            "source_security_group_id": null,
            "timeouts": null,
            "to_port": 443,
            "type": "egress"
          },
          "sensitive_attributes": [],
          "private": "eyJlMmJmYjczMC1lY2FhLTExZTYtOGY4OC0zNDM2M2JjN2M0YzAiOnsiY3JlYXRlIjozMDAwMDAwMDAwMDB9LCJzY2hlbWFfdmVyc2lvbiI6IjIifQ==",
          "dependencies": [
            "data.terraform_remote_state.fabric",
            "module.security.module.security_group.aws_security_group.this"
          ]
        },
        {
          "index_key": 61,
          "schema_version": 2,
          "attributes": {
            "cidr_blocks": [
              "10.20.49.54/31"
            ],
            "description": "connection to SPS for file reputation",
            "from_port": 443,
            "id": "sgrule-664047838",
            "ipv6_cidr_blocks": [],
            "prefix_list_ids": null,
            "protocol": "tcp",
            "security_group_id": "sg-0b51d54f35b16bee7",
            "security_group_rule_id": "sgr-0670c8071d20800f0",
            "self": false,
            "source_security_group_id": null,
            "timeouts": null,
            "to_port": 443,
            "type": "egress"
          },
          "sensitive_attributes": [],
          "private": "eyJlMmJmYjczMC1lY2FhLTExZTYtOGY4OC0zNDM2M2JjN2M0YzAiOnsiY3JlYXRlIjozMDAwMDAwMDAwMDB9LCJzY2hlbWFfdmVyc2lvbiI6IjIifQ==",
          "dependencies": [
            "data.terraform_remote_state.fabric",
            "module.security.module.security_group.aws_security_group.this"
          ]
        },
        {
          "index_key": 62,
          "schema_version": 2,
          "attributes": {
            "cidr_blocks": [
              "10.20.5.116/28"
            ],
            "description": "Allow inbound from Common uat IA load balancer subnet cidr",
            "from_port": 443,
            "id": "sgrule-1297820291",
            "ipv6_cidr_blocks": [],
            "prefix_list_ids": null,
            "protocol": "tcp",
            "security_group_id": "sg-a14e1807ea7d32a83",
            "security_group_rule_id": "sgr-0ee586f25f2ead583",
            "self": false,
            "source_security_group_id": null,
            "timeouts": null,
            "to_port": 443,
            "type": "ingress"
          },
          "sensitive_attributes": [],
          "private": "eyJlMmJmYjczMC1lY2FhLTExZTYtOGY4OC0zNDM2M2JjN2M0YzAiOnsiY3JlYXRlIjozMDAwMDAwMDAwMDB9LCJzY2hlbWFfdmVyc2lvbiI6IjIifQ==",
          "dependencies": [
            "data.terraform_remote_state.fabric",
            "module.security.module.security_group.aws_security_group.this"
          ]
        },
        {
          "index_key": 63,
          "schema_version": 2,
          "attributes": {
            "cidr_blocks": [
              "10.20.189.194/28"
            ],
            "description": "Allow outgoing from job server to App tier",
            "from_port": 22,
            "id": "sgrule-2397971402",
            "ipv6_cidr_blocks": [],
            "prefix_list_ids": null,
            "protocol": "tcp",
            "security_group_id": "sg-cb5968f5ba1ad50e8",
            "security_group_rule_id": "sgr-061c25451460b4c17",
            "self": false,
            "source_security_group_id": null,
            "timeouts": null,
            "to_port": 65535,
            "type": "egress"
          },
          "sensitive_attributes": [],
          "private": "eyJlMmJmYjczMC1lY2FhLTExZTYtOGY4OC0zNDM2M2JjN2M0YzAiOnsiY3JlYXRlIjozMDAwMDAwMDAwMDB9LCJzY2hlbWFfdmVyc2lvbiI6IjIifQ==",
          "dependencies": [
            "data.terraform_remote_state.fabric",
            "module.security.module.security_group.aws_security_group.this"
          ]
        },
        {
          "index_key": 64,
          "schema_version": 2,
          "attributes": {
            "cidr_blocks": [
              "10.20.112.222/28"
            ],
            "description": "Allow outgoing from job server to DB tier",
            "from_port": 22,
            "id": "sgrule-916857857",
            "ipv6_cidr_blocks": [],
            "prefix_list_ids": null,
            "protocol": "tcp",
            "security_group_id": "sg-cb5968f5ba1ad50e8",
            "security_group_rule_id": "sgr-0c3afa9cc050e24bd",
            "self": false,
            "source_security_group_id": null,
            "timeouts": null,
            "to_port": 65535,
            "type": "egress"
          },
          "sensitive_attributes": [],
          "private": "eyJlMmJmYjczMC1lY2FhLTExZTYtOGY4OC0zNDM2M2JjN2M0YzAiOnsiY3JlYXRlIjozMDAwMDAwMDAwMDB9LCJzY2hlbWFfdmVyc2lvbiI6IjIifQ==",
          "dependencies": [
            "data.terraform_remote_state.fabric",
            "module.security.module.security_group.aws_security_group.this"
          ]
        },
        {
          "index_key": 65,
          "schema_version": 2,
          "attributes": {
            "cidr_blocks": [
              "10.20.189.194/28"
            ],
            "description": "Allow outgoing from UN server to App tier",
            "from_port": 22,
            "id": "sgrule-3274157577",
            "ipv6_cidr_blocks": [],
            "prefix_list_ids": null,
            "protocol": "tcp",
            "security_group_id": "sg-08b9a430cb789f96c",
            "security_group_rule_id": "sgr-0b6892c72f045702d",
            "self": false,
            "source_security_group_id": null,
            "timeouts": null,
            "to_port": 65535,
            "type": "egress"
          },
          "sensitive_attributes": [],
          "private": "eyJlMmJmYjczMC1lY2FhLTExZTYtOGY4OC0zNDM2M2JjN2M0YzAiOnsiY3JlYXRlIjozMDAwMDAwMDAwMDB9LCJzY2hlbWFfdmVyc2lvbiI6IjIifQ==",
          "dependencies": [
            "data.terraform_remote_state.fabric",
            "module.security.module.security_group.aws_security_group.this"
          ]
        },
        {
          "index_key": 66,
          "schema_version": 2,
          "attributes": {
            "cidr_blocks": [
              "10.20.112.222/28"
            ],
            "description": "Allow outgoing from UN server to DB tier",
            "from_port": 22,
            "id": "sgrule-2070915522",
            "ipv6_cidr_blocks": [],
            "prefix_list_ids": null,
            "protocol": "tcp",
            "security_group_id": "sg-08b9a430cb789f96c",
            "security_group_rule_id": "sgr-0db58ddd50c32e913",
            "self": false,
            "source_security_group_id": null,
            "timeouts": null,
            "to_port": 65535,
            "type": "egress"
          },
          "sensitive_attributes": [],
          "private": "eyJlMmJmYjczMC1lY2FhLTExZTYtOGY4OC0zNDM2M2JjN2M0YzAiOnsiY3JlYXRlIjozMDAwMDAwMDAwMDB9LCJzY2hlbWFfdmVyc2lvbiI6IjIifQ==",
          "dependencies": [
            "data.terraform_remote_state.fabric",
            "module.security.module.security_group.aws_security_group.this"
          ]
        },
        {
          "index_key": 67,
          "schema_version": 2,
          "attributes": {
            "cidr_blocks": [
              "10.20.189.194/28"
            ],
            "description": "Allow outgoing from map server to App tier",
            "from_port": 22,
            "id": "sgrule-71627608",
            "ipv6_cidr_blocks": [],
            "prefix_list_ids": null,
            "protocol": "tcp",
            "security_group_id": "sg-f1e22e496da168c30",
            "security_group_rule_id": "sgr-0672adbab187d650d",
            "self": false,
            "source_security_group_id": null,
            "timeouts": null,
            "to_port": 65535,
            "type": "egress"
          },
          "sensitive_attributes": [],
          "private": "eyJlMmJmYjczMC1lY2FhLTExZTYtOGY4OC0zNDM2M2JjN2M0YzAiOnsiY3JlYXRlIjozMDAwMDAwMDAwMDB9LCJzY2hlbWFfdmVyc2lvbiI6IjIifQ==",
          "dependencies": [
            "data.terraform_remote_state.fabric",
            "module.security.module.security_group.aws_security_group.this"
          ]
        },
        {
          "index_key": 68,
          "schema_version": 2,
          "attributes": {
            "cidr_blocks": [
              "10.20.112.222/28"
            ],
            "description": "Allow outgoing from map server to DB tier",
            "from_port": 22,
            "id": "sgrule-3154965651",
            "ipv6_cidr_blocks": [],
            "prefix_list_ids": null,
            "protocol": "tcp",
            "security_group_id": "sg-f1e22e496da168c30",
            "security_group_rule_id": "sgr-0ce59d16bcb2ab7f8",
            "self": false,
            "source_security_group_id": null,
            "timeouts": null,
            "to_port": 65535,
            "type": "egress"
          },
          "sensitive_attributes": [],
          "private": "eyJlMmJmYjczMC1lY2FhLTExZTYtOGY4OC0zNDM2M2JjN2M0YzAiOnsiY3JlYXRlIjozMDAwMDAwMDAwMDB9LCJzY2hlbWFfdmVyc2lvbiI6IjIifQ==",
          "dependencies": [
            "data.terraform_remote_state.fabric",
            "module.security.module.security_group.aws_security_group.this"
          ]
        },
        {
          "index_key": 69,
          "schema_version": 2,
          "attributes": {
            "cidr_blocks": [
              "10.20.189.194/28"
            ],
            "description": "Allow outgoing from gp server to App tier",
            "from_port": 22,
            "id": "sgrule-2711878086",
            "ipv6_cidr_blocks": [],
            "prefix_list_ids": null,
            "protocol": "tcp",
            "security_group_id": "sg-703bf2694bdf82ed0",
            "security_group_rule_id": "sgr-0356d17a7d165b7d8",
            "self": false,
            "source_security_group_id": null,
            "timeouts": null,
            "to_port": 65535,
            "type": "egress"
          },
          "sensitive_attributes": [],
          "private": "eyJlMmJmYjczMC1lY2FhLTExZTYtOGY4OC0zNDM2M2JjN2M0YzAiOnsiY3JlYXRlIjozMDAwMDAwMDAwMDB9LCJzY2hlbWFfdmVyc2lvbiI6IjIifQ==",
          "dependencies": [
            "data.terraform_remote_state.fabric",
            "module.security.module.security_group.aws_security_group.this"
          ]
        },
        {
          "index_key": 70,
          "schema_version": 2,
          "attributes": {
            "cidr_blocks": [
              "10.20.112.222/28"
            ],
            "description": "Allow outgoing from gp server to DB tier",
            "from_port": 22,
            "id": "sgrule-434896397",
            "ipv6_cidr_blocks": [],
            "prefix_list_ids": null,
            "protocol": "tcp",
            "security_group_id": "sg-703bf2694bdf82ed0",
            "security_group_rule_id": "sgr-070ac63844d6f47fb",
            "self": false,
            "source_security_group_id": null,
            "timeouts": null,
            "to_port": 65535,
            "type": "egress"
          },
          "sensitive_attributes": [],
          "private": "eyJlMmJmYjczMC1lY2FhLTExZTYtOGY4OC0zNDM2M2JjN2M0YzAiOnsiY3JlYXRlIjozMDAwMDAwMDAwMDB9LCJzY2hlbWFfdmVyc2lvbiI6IjIifQ==",
          "dependencies": [
            "data.terraform_remote_state.fabric",
            "module.security.module.security_group.aws_security_group.this"
          ]
        },
        {
          "index_key": 71,
          "schema_version": 2,
          "attributes": {
            "cidr_blocks": [
              "10.20.189.194/28"
            ],
            "description": "Allow outgoing from portal server to App tier",
            "from_port": 22,
            "id": "sgrule-3498805267",
            "ipv6_cidr_blocks": [],
            "prefix_list_ids": null,
            "protocol": "tcp",
            "security_group_id": "sg-4c9b120c417998692",
            "security_group_rule_id": "sgr-0b3e197f4af521910",
            "self": false,
            "source_security_group_id": null,
            "timeouts": null,
            "to_port": 65535,
            "type": "egress"
          },
          "sensitive_attributes": [],
          "private": "eyJlMmJmYjczMC1lY2FhLTExZTYtOGY4OC0zNDM2M2JjN2M0YzAiOnsiY3JlYXRlIjozMDAwMDAwMDAwMDB9LCJzY2hlbWFfdmVyc2lvbiI6IjIifQ==",
          "dependencies": [
            "data.terraform_remote_state.fabric",
            "module.security.module.security_group.aws_security_group.this"
          ]
        },
        {
          "index_key": 72,
          "schema_version": 2,
          "attributes": {
            "cidr_blocks": [
              "10.20.112.222/28"
            ],
            "description": "Allow outgoing from portal server to DB tier",
            "from_port": 22,
            "id": "sgrule-1757646808",
            "ipv6_cidr_blocks": [],
            "prefix_list_ids": null,
            "protocol": "tcp",
            "security_group_id": "sg-4c9b120c417998692",
            "security_group_rule_id": "sgr-059241c095a072146",
            "self": false,
            "source_security_group_id": null,
            "timeouts": null,
            "to_port": 65535,
            "type": "egress"
          },
          "sensitive_attributes": [],
          "private": "eyJlMmJmYjczMC1lY2FhLTExZTYtOGY4OC0zNDM2M2JjN2M0YzAiOnsiY3JlYXRlIjozMDAwMDAwMDAwMDB9LCJzY2hlbWFfdmVyc2lvbiI6IjIifQ==",
          "dependencies": [
            "data.terraform_remote_state.fabric",
            "module.security.module.security_group.aws_security_group.this"
          ]
        },
        {
          "index_key": 73,
          "schema_version": 2,
          "attributes": {
            "cidr_blocks": [
              "10.20.189.194/28"
            ],
            "description": "Allow outgoing from file server to App tier",
            "from_port": 22,
            "id": "sgrule-3134683224",
            "ipv6_cidr_blocks": [],
            "prefix_list_ids": null,
            "protocol": "tcp",
            "security_group_id": "sg-7650972b67a042a18",
            "security_group_rule_id": "sgr-0d547ca9e618a96c3",
            "self": false,
            "source_security_group_id": null,
            "timeouts": null,
            "to_port": 65535,
            "type": "egress"
          },
          "sensitive_attributes": [],
          "private": "eyJlMmJmYjczMC1lY2FhLTExZTYtOGY4OC0zNDM2M2JjN2M0YzAiOnsiY3JlYXRlIjozMDAwMDAwMDAwMDB9LCJzY2hlbWFfdmVyc2lvbiI6IjIifQ==",
          "dependencies": [
            "data.terraform_remote_state.fabric",
            "module.security.module.security_group.aws_security_group.this"
          ]
        },
        {
          "index_key": 74,
          "schema_version": 2,
          "attributes": {
            "cidr_blocks": [
              "10.20.189.194/28"
            ],
            "description": "Allow outgoing from app alb sgrp to App tier",
            "from_port": 1024,
            "id": "sgrule-1560020041",
            "ipv6_cidr_blocks": [],
            "prefix_list_ids": null,
            "protocol": "tcp",
            "security_group_id": "sg-f92fbfe42f69e5786",
            "security_group_rule_id": "sgr-09df9fdf26fc75af7",
            "self": false,
            "source_security_group_id": null,
            "timeouts": null,
            "to_port": 55000,
            "type": "egress"
          },
          "sensitive_attributes": [],
          "private": "eyJlMmJmYjczMC1lY2FhLTExZTYtOGY4OC0zNDM2M2JjN2M0YzAiOnsiY3JlYXRlIjozMDAwMDAwMDAwMDB9LCJzY2hlbWFfdmVyc2lvbiI6IjIifQ==",
          "dependencies": [
            "data.terraform_remote_state.fabric",
            "module.security.module.security_group.aws_security_group.this"
          ]
        },
        {
          "index_key": 75,
          "schema_version": 2,
          "attributes": {
            "cidr_blocks": [
              "10.20.29.109/28"
            ],
            "description": "Allow user traffic from web proxy to access UAT License Manager",
            "from_port": 27000,
            "id": "sgrule-1271382659",
            "ipv6_cidr_blocks": [],
            "prefix_list_ids": null,
            "protocol": "tcp",
            "security_group_id": "sg-a14e1807ea7d32a83",
            "security_group_rule_id": "sgr-073207c809eb76b34",
            "self": false,
            "source_security_group_id": null,
            "timeouts": null,
            "to_port": 27001,
            "type": "ingress"
          },
          "sensitive_attributes": [],
          "private": "eyJlMmJmYjczMC1lY2FhLTExZTYtOGY4OC0zNDM2M2JjN2M0YzAiOnsiY3JlYXRlIjozMDAwMDAwMDAwMDB9LCJzY2hlbWFfdmVyc2lvbiI6IjIifQ==",
          "dependencies": [
            "data.terraform_remote_state.fabric",
            "module.security.module.security_group.aws_security_group.this"
          ]
        },
        {
          "index_key": 76,
          "schema_version": 2,
          "attributes": {
            "cidr_blocks": [
              "10.20.30.150"
            ],
            "description": "Allow connection to common uat SMTP",
            "from_port": 25,
            "id": "sgrule-2485677075",
            "ipv6_cidr_blocks": [],
            "prefix_list_ids": null,
            "protocol": "tcp",
            "security_group_id": "sg-cb5968f5ba1ad50e8",
            "security_group_rule_id": "sgr-0f70f4d7dff30a09b",
            "self": false,
            "source_security_group_id": null,
            "timeouts": null,
            "to_port": 25,
            "type": "egress"
          },
          "sensitive_attributes": [],
          "private": "eyJlMmJmYjczMC1lY2FhLTExZTYtOGY4OC0zNDM2M2JjN2M0YzAiOnsiY3JlYXRlIjozMDAwMDAwMDAwMDB9LCJzY2hlbWFfdmVyc2lvbiI6IjIifQ==",
          "dependencies": [
            "data.terraform_remote_state.fabric",
            "module.security.module.security_group.aws_security_group.this"
          ]
        },
        {
          "index_key": 77,
          "schema_version": 2,
          "attributes": {
            "cidr_blocks": [
              "10.20.30.150"
            ],
            "description": "Allow connection to common uat SMTP",
            "from_port": 25,
            "id": "sgrule-3077492335",
            "ipv6_cidr_blocks": [],
            "prefix_list_ids": null,
            "protocol": "tcp",
            "security_group_id": "sg-4c9b120c417998692",
            "security_group_rule_id": "sgr-03413da64fa55b2f8",
            "self": false,
            "source_security_group_id": null,
            "timeouts": null,
            "to_port": 25,
            "type": "egress"
          },
          "sensitive_attributes": [],
          "private": "eyJlMmJmYjczMC1lY2FhLTExZTYtOGY4OC0zNDM2M2JjN2M0YzAiOnsiY3JlYXRlIjozMDAwMDAwMDAwMDB9LCJzY2hlbWFfdmVyc2lvbiI6IjIifQ==",
          "dependencies": [
            "data.terraform_remote_state.fabric",
            "module.security.module.security_group.aws_security_group.this"
          ]
        },
        {
          "index_key": 78,
          "schema_version": 2,
          "attributes": {
            "cidr_blocks": [
              "10.20.30.150"
            ],
            "description": "Allow connection to common uat SMTP",
            "from_port": 25,
            "id": "sgrule-1291691241",
            "ipv6_cidr_blocks": [],
            "prefix_list_ids": null,
            "protocol": "tcp",
            "security_group_id": "sg-08b9a430cb789f96c",
            "security_group_rule_id": "sgr-08e73dbeff1fcb81d",
            "self": false,
            "source_security_group_id": null,
            "timeouts": null,
            "to_port": 25,
            "type": "egress"
          },
          "sensitive_attributes": [],
          "private": "eyJlMmJmYjczMC1lY2FhLTExZTYtOGY4OC0zNDM2M2JjN2M0YzAiOnsiY3JlYXRlIjozMDAwMDAwMDAwMDB9LCJzY2hlbWFfdmVyc2lvbiI6IjIifQ==",
          "dependencies": [
            "data.terraform_remote_state.fabric",
            "module.security.module.security_group.aws_security_group.this"
          ]
        },
        {
          "index_key": 79,
          "schema_version": 2,
          "attributes": {
            "cidr_blocks": [
              "10.20.5.116/28"
            ],
            "description": "Allow outbound to web alb for FQDN validation",
            "from_port": 443,
            "id": "sgrule-3346878384",
            "ipv6_cidr_blocks": [],
            "prefix_list_ids": null,
            "protocol": "tcp",
            "security_group_id": "sg-a14e1807ea7d32a83",
            "security_group_rule_id": "sgr-081fecca23868d489",
            "self": false,
            "source_security_group_id": null,
            "timeouts": null,
            "to_port": 443,
            "type": "egress"
          },
          "sensitive_attributes": [],
          "private": "eyJlMmJmYjczMC1lY2FhLTExZTYtOGY4OC0zNDM2M2JjN2M0YzAiOnsiY3JlYXRlIjozMDAwMDAwMDAwMDB9LCJzY2hlbWFfdmVyc2lvbiI6IjIifQ==",
          "dependencies": [
            "data.terraform_remote_state.fabric",
            "module.security.module.security_group.aws_security_group.this"
          ]
        },
        {
          "index_key": 80,
          "schema_version": 2,
          "attributes": {
            "cidr_blocks": [
              "10.20.209.141"
            ],
            "description": "To Common Forward Proxy",
            "from_port": 12221,
            "id": "sgrule-475634298",
            "ipv6_cidr_blocks": [],
            "prefix_list_ids": null,
            "protocol": "tcp",
            "security_group_id": "sg-cb5968f5ba1ad50e8",
            "security_group_rule_id": "sgr-062814b5ea623b548",
            "self": false,
            "source_security_group_id": null,
            "timeouts": null,
            "to_port": 12221,
            "type": "egress"
          },
          "sensitive_attributes": [],
          "private": "eyJlMmJmYjczMC1lY2FhLTExZTYtOGY4OC0zNDM2M2JjN2M0YzAiOnsiY3JlYXRlIjozMDAwMDAwMDAwMDB9LCJzY2hlbWFfdmVyc2lvbiI6IjIifQ==",
          "dependencies": [
            "data.terraform_remote_state.fabric",
            "module.security.module.security_group.aws_security_group.this"
          ]
        },
        {
          "index_key": 81,
          "schema_version": 2,
          "attributes": {
            "cidr_blocks": [
              "10.20.209.141"
            ],
            "description": "To Common Forward Proxy",
            "from_port": 12221,
            "id": "sgrule-3995755630",
            "ipv6_cidr_blocks": [],
            "prefix_list_ids": null,
            "protocol": "tcp",
            "security_group_id": "sg-4c9b120c417998692",
            "security_group_rule_id": "sgr-098d2b813a93cf13f",
            "self": false,
            "source_security_group_id": null,
            "timeouts": null,
            "to_port": 12221,
            "type": "egress"
          },
          "sensitive_attributes": [],
          "private": "eyJlMmJmYjczMC1lY2FhLTExZTYtOGY4OC0zNDM2M2JjN2M0YzAiOnsiY3JlYXRlIjozMDAwMDAwMDAwMDB9LCJzY2hlbWFfdmVyc2lvbiI6IjIifQ==",
          "dependencies": [
            "data.terraform_remote_state.fabric",
            "module.security.module.security_group.aws_security_group.this"
          ]
        },
        {
          "index_key": 82,
          "schema_version": 2,
          "attributes": {
            "cidr_blocks": [
              "10.20.209.141"
            ],
            "description": "To Common Forward Proxy",
            "from_port": 12221,
            "id": "sgrule-1442150791",
            "ipv6_cidr_blocks": [],
            "prefix_list_ids": null,
            "protocol": "tcp",
            "security_group_id": "sg-f1e22e496da168c30",
            "security_group_rule_id": "sgr-03f82a1d8e98eb678",
            "self": false,
            "source_security_group_id": null,
            "timeouts": null,
            "to_port": 12221,
            "type": "egress"
          },
          "sensitive_attributes": [],
          "private": "eyJlMmJmYjczMC1lY2FhLTExZTYtOGY4OC0zNDM2M2JjN2M0YzAiOnsiY3JlYXRlIjozMDAwMDAwMDAwMDB9LCJzY2hlbWFfdmVyc2lvbiI6IjIifQ==",
          "dependencies": [
            "data.terraform_remote_state.fabric",
            "module.security.module.security_group.aws_security_group.this"
          ]
        },
        {
          "index_key": 83,
          "schema_version": 2,
          "attributes": {
            "cidr_blocks": [
              "10.20.209.141"
            ],
            "description": "To Common Forward Proxy",
            "from_port": 12221,
            "id": "sgrule-3810864700",
            "ipv6_cidr_blocks": [],
            "prefix_list_ids": null,
            "protocol": "tcp",
            "security_group_id": "sg-08b9a430cb789f96c",
            "security_group_rule_id": "sgr-019118cc375d06d9f",
            "self": false,
            "source_security_group_id": null,
            "timeouts": null,
            "to_port": 12221,
            "type": "egress"
          },
          "sensitive_attributes": [],
          "private": "eyJlMmJmYjczMC1lY2FhLTExZTYtOGY4OC0zNDM2M2JjN2M0YzAiOnsiY3JlYXRlIjozMDAwMDAwMDAwMDB9LCJzY2hlbWFfdmVyc2lvbiI6IjIifQ==",
          "dependencies": [
            "data.terraform_remote_state.fabric",
            "module.security.module.security_group.aws_security_group.this"
          ]
        },
        {
          "index_key": 84,
          "schema_version": 2,
          "attributes": {
            "cidr_blocks": [
              "10.20.209.141"
            ],
            "description": "To Common Forward Proxy",
            "from_port": 12221,
            "id": "sgrule-1727624073",
            "ipv6_cidr_blocks": [],
            "prefix_list_ids": null,
            "protocol": "tcp",
            "security_group_id": "sg-703bf2694bdf82ed0",
            "security_group_rule_id": "sgr-090670ac928ecdd40",
            "self": false,
            "source_security_group_id": null,
            "timeouts": null,
            "to_port": 12221,
            "type": "egress"
          },
          "sensitive_attributes": [],
          "private": "eyJlMmJmYjczMC1lY2FhLTExZTYtOGY4OC0zNDM2M2JjN2M0YzAiOnsiY3JlYXRlIjozMDAwMDAwMDAwMDB9LCJzY2hlbWFfdmVyc2lvbiI6IjIifQ==",
          "dependencies": [
            "data.terraform_remote_state.fabric",
            "module.security.module.security_group.aws_security_group.this"
          ]
        },
        {
          "index_key": 85,
          "schema_version": 2,
          "attributes": {
            "cidr_blocks": [
              "10.20.96.43/27"
            ],
            "description": "For access of SOE Active Directory",
            "from_port": 88,
            "id": "sgrule-1378684930",
            "ipv6_cidr_blocks": [],
            "prefix_list_ids": null,
            "protocol": "tcp",
            "security_group_id": "sg-a14e1807ea7d32a83",
            "security_group_rule_id": "sgr-05bef05dca62e2d78",
            "self": false,
            "source_security_group_id": null,
            "timeouts": null,
            "to_port": 88,
            "type": "egress"
          },
          "sensitive_attributes": [],
          "private": "eyJlMmJmYjczMC1lY2FhLTExZTYtOGY4OC0zNDM2M2JjN2M0YzAiOnsiY3JlYXRlIjozMDAwMDAwMDAwMDB9LCJzY2hlbWFfdmVyc2lvbiI6IjIifQ==",
          "dependencies": [
            "data.terraform_remote_state.fabric",
            "module.security.module.security_group.aws_security_group.this"
          ]
        },
        {
          "index_key": 86,
          "schema_version": 2,
          "attributes": {
            "cidr_blocks": [
              "10.20.154.230/27"
            ],
            "description": "For access of SOE Active Directory",
            "from_port": 88,
            "id": "sgrule-1457045567",
            "ipv6_cidr_blocks": [],
            "prefix_list_ids": null,
            "protocol": "tcp",
            "security_group_id": "sg-a14e1807ea7d32a83",
            "security_group_rule_id": "sgr-0c5af070b4c88bd51",
            "self": false,
            "source_security_group_id": null,
            "timeouts": null,
            "to_port": 88,
            "type": "egress"
          },
          "sensitive_attributes": [],
          "private": "eyJlMmJmYjczMC1lY2FhLTExZTYtOGY4OC0zNDM2M2JjN2M0YzAiOnsiY3JlYXRlIjozMDAwMDAwMDAwMDB9LCJzY2hlbWFfdmVyc2lvbiI6IjIifQ==",
          "dependencies": [
            "data.terraform_remote_state.fabric",
            "module.security.module.security_group.aws_security_group.this"
          ]
        },
        {
          "index_key": 87,
          "schema_version": 2,
          "attributes": {
            "cidr_blocks": [
              "10.20.96.43/27"
            ],
            "description": "For access of SOE Active Directory",
            "from_port": 135,
            "id": "sgrule-3135858108",
            "ipv6_cidr_blocks": [],
            "prefix_list_ids": null,
            "protocol": "tcp",
            "security_group_id": "sg-a14e1807ea7d32a83",
            "security_group_rule_id": "sgr-0659bf4ef42ccf544",
            "self": false,
            "source_security_group_id": null,
            "timeouts": null,
            "to_port": 135,
            "type": "egress"
          },
          "sensitive_attributes": [],
          "private": "eyJlMmJmYjczMC1lY2FhLTExZTYtOGY4OC0zNDM2M2JjN2M0YzAiOnsiY3JlYXRlIjozMDAwMDAwMDAwMDB9LCJzY2hlbWFfdmVyc2lvbiI6IjIifQ==",
          "dependencies": [
            "data.terraform_remote_state.fabric",
            "module.security.module.security_group.aws_security_group.this"
          ]
        },
        {
          "index_key": 88,
          "schema_version": 2,
          "attributes": {
            "cidr_blocks": [
              "10.20.154.230/27"
            ],
            "description": "For access of SOE Active Directory",
            "from_port": 135,
            "id": "sgrule-3189552513",
            "ipv6_cidr_blocks": [],
            "prefix_list_ids": null,
            "protocol": "tcp",
            "security_group_id": "sg-a14e1807ea7d32a83",
            "security_group_rule_id": "sgr-01b08fb343bbedf2c",
            "self": false,
            "source_security_group_id": null,
            "timeouts": null,
            "to_port": 135,
            "type": "egress"
          },
          "sensitive_attributes": [],
          "private": "eyJlMmJmYjczMC1lY2FhLTExZTYtOGY4OC0zNDM2M2JjN2M0YzAiOnsiY3JlYXRlIjozMDAwMDAwMDAwMDB9LCJzY2hlbWFfdmVyc2lvbiI6IjIifQ==",
          "dependencies": [
            "data.terraform_remote_state.fabric",
            "module.security.module.security_group.aws_security_group.this"
          ]
        },
        {
          "index_key": 89,
          "schema_version": 2,
          "attributes": {
            "cidr_blocks": [
              "10.20.96.43/27"
            ],
            "description": "For access of SOE Active Directory",
            "from_port": 389,
            "id": "sgrule-787262752",
            "ipv6_cidr_blocks": [],
            "prefix_list_ids": null,
            "protocol": "tcp",
            "security_group_id": "sg-a14e1807ea7d32a83",
            "security_group_rule_id": "sgr-0f35567e9b79a8739",
            "self": false,
            "source_security_group_id": null,
            "timeouts": null,
            "to_port": 389,
            "type": "egress"
          },
          "sensitive_attributes": [],
          "private": "eyJlMmJmYjczMC1lY2FhLTExZTYtOGY4OC0zNDM2M2JjN2M0YzAiOnsiY3JlYXRlIjozMDAwMDAwMDAwMDB9LCJzY2hlbWFfdmVyc2lvbiI6IjIifQ==",
          "dependencies": [
            "data.terraform_remote_state.fabric",
            "module.security.module.security_group.aws_security_group.this"
          ]
        },
        {
          "index_key": 90,
          "schema_version": 2,
          "attributes": {
            "cidr_blocks": [
              "10.20.154.230/27"
            ],
            "description": "For access of SOE Active Directory",
            "from_port": 389,
            "id": "sgrule-706313501",
            "ipv6_cidr_blocks": [],
            "prefix_list_ids": null,
            "protocol": "tcp",
            "security_group_id": "sg-a14e1807ea7d32a83",
            "security_group_rule_id": "sgr-0f7e3f395ee1c2b82",
            "self": false,
            "source_security_group_id": null,
            "timeouts": null,
            "to_port": 389,
            "type": "egress"
          },
          "sensitive_attributes": [],
          "private": "eyJlMmJmYjczMC1lY2FhLTExZTYtOGY4OC0zNDM2M2JjN2M0YzAiOnsiY3JlYXRlIjozMDAwMDAwMDAwMDB9LCJzY2hlbWFfdmVyc2lvbiI6IjIifQ==",
          "dependencies": [
            "data.terraform_remote_state.fabric",
            "module.security.module.security_group.aws_security_group.this"
          ]
        },
        {
          "index_key": 91,
          "schema_version": 2,
          "attributes": {
            "cidr_blocks": [
              "10.20.96.43/27"
            ],
            "description": "For access of SOE Active Directory",
            "from_port": 636,
            "id": "sgrule-998601886",
            "ipv6_cidr_blocks": [],
            "prefix_list_ids": null,
            "protocol": "tcp",
            "security_group_id": "sg-a14e1807ea7d32a83",
            "security_group_rule_id": "sgr-018b82f9a4af618ff",
            "self": false,
            "source_security_group_id": null,
            "timeouts": null,
            "to_port": 636,
            "type": "egress"
          },
          "sensitive_attributes": [],
          "private": "eyJlMmJmYjczMC1lY2FhLTExZTYtOGY4OC0zNDM2M2JjN2M0YzAiOnsiY3JlYXRlIjozMDAwMDAwMDAwMDB9LCJzY2hlbWFfdmVyc2lvbiI6IjIifQ==",
          "dependencies": [
            "data.terraform_remote_state.fabric",
            "module.security.module.security_group.aws_security_group.this"
          ]
        },
        {
          "index_key": 92,
          "schema_version": 2,
          "attributes": {
            "cidr_blocks": [
              "10.20.154.230/27"
            ],
            "description": "For access of SOE Active Directory",
            "from_port": 636,
            "id": "sgrule-1064346787",
            "ipv6_cidr_blocks": [],
            "prefix_list_ids": null,
            "protocol": "tcp",
            "security_group_id": "sg-a14e1807ea7d32a83",
            "security_group_rule_id": "sgr-03e23a3ce88a3315b",
            "self": false,
            "source_security_group_id": null,
            "timeouts": null,
            "to_port": 636,
            "type": "egress"
          },
          "sensitive_attributes": [],
          "private": "eyJlMmJmYjczMC1lY2FhLTExZTYtOGY4OC0zNDM2M2JjN2M0YzAiOnsiY3JlYXRlIjozMDAwMDAwMDAwMDB9LCJzY2hlbWFfdmVyc2lvbiI6IjIifQ==",
          "dependencies": [
            "data.terraform_remote_state.fabric",
            "module.security.module.security_group.aws_security_group.this"
          ]
        },
        {
          "index_key": 93,
          "schema_version": 2,
          "attributes": {
            "cidr_blocks": [
              "10.20.96.43/27"
            ],
            "description": "For access of SOE Active Directory",
            "from_port": 3268,
            "id": "sgrule-1320430696",
            "ipv6_cidr_blocks": [],
            "prefix_list_ids": null,
            "protocol": "tcp",
            "security_group_id": "sg-a14e1807ea7d32a83",
            "security_group_rule_id": "sgr-0c9fd5aa8a74da8d8",
            "self": false,
            "source_security_group_id": null,
            "timeouts": null,
            "to_port": 3268,
            "type": "egress"
          },
          "sensitive_attributes": [],
          "private": "eyJlMmJmYjczMC1lY2FhLTExZTYtOGY4OC0zNDM2M2JjN2M0YzAiOnsiY3JlYXRlIjozMDAwMDAwMDAwMDB9LCJzY2hlbWFfdmVyc2lvbiI6IjIifQ==",
          "dependencies": [
            "data.terraform_remote_state.fabric",
            "module.security.module.security_group.aws_security_group.this"
          ]
        },
        {
          "index_key": 94,
          "schema_version": 2,
          "attributes": {
            "cidr_blocks": [
              "10.20.154.230/27"
            ],
            "description": "For access of SOE Active Directory",
            "from_port": 3268,
            "id": "sgrule-1245838421",
            "ipv6_cidr_blocks": [],
            "prefix_list_ids": null,
            "protocol": "tcp",
            "security_group_id": "sg-a14e1807ea7d32a83",
            "security_group_rule_id": "sgr-05ee889bb9e61ddf3",
            "self": false,
            "source_security_group_id": null,
            "timeouts": null,
            "to_port": 3268,
            "type": "egress"
          },
          "sensitive_attributes": [],
          "private": "eyJlMmJmYjczMC1lY2FhLTExZTYtOGY4OC0zNDM2M2JjN2M0YzAiOnsiY3JlYXRlIjozMDAwMDAwMDAwMDB9LCJzY2hlbWFfdmVyc2lvbiI6IjIifQ==",
          "dependencies": [
            "data.terraform_remote_state.fabric",
            "module.security.module.security_group.aws_security_group.this"
          ]
        },
        {
          "index_key": 95,
          "schema_version": 2,
          "attributes": {
            "cidr_blocks": [
              "10.20.96.43/27"
            ],
            "description": "For access of SOE Active Directory",
            "from_port": 48001,
            "id": "sgrule-515551429",
            "ipv6_cidr_blocks": [],
            "prefix_list_ids": null,
            "protocol": "tcp",
            "security_group_id": "sg-a14e1807ea7d32a83",
            "security_group_rule_id": "sgr-01ab5e10ceac9bc97",
            "self": false,
            "source_security_group_id": null,
            "timeouts": null,
            "to_port": 48002,
            "type": "egress"
          },
          "sensitive_attributes": [],
          "private": "eyJlMmJmYjczMC1lY2FhLTExZTYtOGY4OC0zNDM2M2JjN2M0YzAiOnsiY3JlYXRlIjozMDAwMDAwMDAwMDB9LCJzY2hlbWFfdmVyc2lvbiI6IjIifQ==",
          "dependencies": [
            "data.terraform_remote_state.fabric",
            "module.security.module.security_group.aws_security_group.this"
          ]
        },
        {
          "index_key": 96,
          "schema_version": 2,
          "attributes": {
            "cidr_blocks": [
              "10.20.154.230/27"
            ],
            "description": "For access of SOE Active Directory",
            "from_port": 48001,
            "id": "sgrule-441409784",
            "ipv6_cidr_blocks": [],
            "prefix_list_ids": null,
            "protocol": "tcp",
            "security_group_id": "sg-a14e1807ea7d32a83",
            "security_group_rule_id": "sgr-09f7f9c5ef1f7076d",
            "self": false,
            "source_security_group_id": null,
            "timeouts": null,
            "to_port": 48002,
            "type": "egress"
          },
          "sensitive_attributes": [],
          "private": "eyJlMmJmYjczMC1lY2FhLTExZTYtOGY4OC0zNDM2M2JjN2M0YzAiOnsiY3JlYXRlIjozMDAwMDAwMDAwMDB9LCJzY2hlbWFfdmVyc2lvbiI6IjIifQ==",
          "dependencies": [
            "data.terraform_remote_state.fabric",
            "module.security.module.security_group.aws_security_group.this"
          ]
        },
        {
          "index_key": 97,
          "schema_version": 2,
          "attributes": {
            "cidr_blocks": [
              "10.20.96.43/27"
            ],
            "description": "For access of SOE Active Directory",
            "from_port": 50000,
            "id": "sgrule-3688907746",
            "ipv6_cidr_blocks": [],
            "prefix_list_ids": null,
            "protocol": "tcp",
            "security_group_id": "sg-a14e1807ea7d32a83",
            "security_group_rule_id": "sgr-05bccf79871d396ee",
            "self": false,
            "source_security_group_id": null,
            "timeouts": null,
            "to_port": 55000,
            "type": "egress"
          },
          "sensitive_attributes": [],
          "private": "eyJlMmJmYjczMC1lY2FhLTExZTYtOGY4OC0zNDM2M2JjN2M0YzAiOnsiY3JlYXRlIjozMDAwMDAwMDAwMDB9LCJzY2hlbWFfdmVyc2lvbiI6IjIifQ==",
          "dependencies": [
            "data.terraform_remote_state.fabric",
            "module.security.module.security_group.aws_security_group.this"
          ]
        },
        {
          "index_key": 98,
          "schema_version": 2,
          "attributes": {
            "cidr_blocks": [
              "10.20.154.230/27"
            ],
            "description": "For access of SOE Active Directory",
            "from_port": 50000,
            "id": "sgrule-3742733279",
            "ipv6_cidr_blocks": [],
            "prefix_list_ids": null,
            "protocol": "tcp",
            "security_group_id": "sg-a14e1807ea7d32a83",
            "security_group_rule_id": "sgr-06c3b68e8282c4a25",
            "self": false,
            "source_security_group_id": null,
            "timeouts": null,
            "to_port": 55000,
            "type": "egress"
          },
          "sensitive_attributes": [],
          "private": "eyJlMmJmYjczMC1lY2FhLTExZTYtOGY4OC0zNDM2M2JjN2M0YzAiOnsiY3JlYXRlIjozMDAwMDAwMDAwMDB9LCJzY2hlbWFfdmVyc2lvbiI6IjIifQ==",
          "dependencies": [
            "data.terraform_remote_state.fabric",
            "module.security.module.security_group.aws_security_group.this"
          ]
        },
        {
          "index_key": 99,
          "schema_version": 2,
          "attributes": {
            "cidr_blocks": [
              "10.20.96.43/27"
            ],
            "description": "For access of SOE Active Directory",
            "from_port": 88,
            "id": "sgrule-2216733024",
            "ipv6_cidr_blocks": [],
            "prefix_list_ids": null,
            "protocol": "tcp",
            "security_group_id": "sg-cb5968f5ba1ad50e8",
            "security_group_rule_id": "sgr-0203a14cb8bdd79c3",
            "self": false,
            "source_security_group_id": null,
            "timeouts": null,
            "to_port": 88,
            "type": "egress"
          },
          "sensitive_attributes": [],
          "private": "eyJlMmJmYjczMC1lY2FhLTExZTYtOGY4OC0zNDM2M2JjN2M0YzAiOnsiY3JlYXRlIjozMDAwMDAwMDAwMDB9LCJzY2hlbWFfdmVyc2lvbiI6IjIifQ==",
          "dependencies": [
            "data.terraform_remote_state.fabric",
            "module.security.module.security_group.aws_security_group.this"
          ]
        },
        {
          "index_key": 100,
          "schema_version": 2,
          "attributes": {
            "cidr_blocks": [
              "10.20.154.230/27"
            ],
            "description": "For access of SOE Active Directory",
            "from_port": 88,
            "id": "sgrule-2161473885",
            "ipv6_cidr_blocks": [],
            "prefix_list_ids": null,
            "protocol": "tcp",
            "security_group_id": "sg-cb5968f5ba1ad50e8",
            "security_group_rule_id": "sgr-09e896546266341dd",
            "self": false,
            "source_security_group_id": null,
            "timeouts": null,
            "to_port": 88,
            "type": "egress"
          },
          "sensitive_attributes": [],
          "private": "eyJlMmJmYjczMC1lY2FhLTExZTYtOGY4OC0zNDM2M2JjN2M0YzAiOnsiY3JlYXRlIjozMDAwMDAwMDAwMDB9LCJzY2hlbWFfdmVyc2lvbiI6IjIifQ==",
          "dependencies": [
            "data.terraform_remote_state.fabric",
            "module.security.module.security_group.aws_security_group.this"
          ]
        },
        {
          "index_key": 101,
          "schema_version": 2,
          "attributes": {
            "cidr_blocks": [
              "10.20.96.43/27"
            ],
            "description": "For access of SOE Active Directory",
            "from_port": 135,
            "id": "sgrule-1604301244",
            "ipv6_cidr_blocks": [],
            "prefix_list_ids": null,
            "protocol": "tcp",
            "security_group_id": "sg-cb5968f5ba1ad50e8",
            "security_group_rule_id": "sgr-0d507cf9f1087afd0",
            "self": false,
            "source_security_group_id": null,
            "timeouts": null,
            "to_port": 135,
            "type": "egress"
          },
          "sensitive_attributes": [],
          "private": "eyJlMmJmYjczMC1lY2FhLTExZTYtOGY4OC0zNDM2M2JjN2M0YzAiOnsiY3JlYXRlIjozMDAwMDAwMDAwMDB9LCJzY2hlbWFfdmVyc2lvbiI6IjIifQ==",
          "dependencies": [
            "data.terraform_remote_state.fabric",
            "module.security.module.security_group.aws_security_group.this"
          ]
        },
        {
          "index_key": 102,
          "schema_version": 2,
          "attributes": {
            "cidr_blocks": [
              "10.20.154.230/27"
            ],
            "description": "For access of SOE Active Directory",
            "from_port": 135,
            "id": "sgrule-1533698433",
            "ipv6_cidr_blocks": [],
            "prefix_list_ids": null,
            "protocol": "tcp",
            "security_group_id": "sg-cb5968f5ba1ad50e8",
            "security_group_rule_id": "sgr-0e0da43828b415235",
            "self": false,
            "source_security_group_id": null,
            "timeouts": null,
            "to_port": 135,
            "type": "egress"
          },
          "sensitive_attributes": [],
          "private": "eyJlMmJmYjczMC1lY2FhLTExZTYtOGY4OC0zNDM2M2JjN2M0YzAiOnsiY3JlYXRlIjozMDAwMDAwMDAwMDB9LCJzY2hlbWFfdmVyc2lvbiI6IjIifQ==",
          "dependencies": [
            "data.terraform_remote_state.fabric",
            "module.security.module.security_group.aws_security_group.this"
          ]
        },
        {
          "index_key": 103,
          "schema_version": 2,
          "attributes": {
            "cidr_blocks": [
              "10.20.96.43/27"
            ],
            "description": "For access of SOE Active Directory",
            "from_port": 389,
            "id": "sgrule-3415898400",
            "ipv6_cidr_blocks": [],
            "prefix_list_ids": null,
            "protocol": "tcp",
            "security_group_id": "sg-cb5968f5ba1ad50e8",
            "security_group_rule_id": "sgr-02049f871662a07ce",
            "self": false,
            "source_security_group_id": null,
            "timeouts": null,
            "to_port": 389,
            "type": "egress"
          },
          "sensitive_attributes": [],
          "private": "eyJlMmJmYjczMC1lY2FhLTExZTYtOGY4OC0zNDM2M2JjN2M0YzAiOnsiY3JlYXRlIjozMDAwMDAwMDAwMDB9LCJzY2hlbWFfdmVyc2lvbiI6IjIifQ==",
          "dependencies": [
            "data.terraform_remote_state.fabric",
            "module.security.module.security_group.aws_security_group.this"
          ]
        },
        {
          "index_key": 104,
          "schema_version": 2,
          "attributes": {
            "cidr_blocks": [
              "10.20.154.230/27"
            ],
            "description": "For access of SOE Active Directory",
            "from_port": 389,
            "id": "sgrule-3480201501",
            "ipv6_cidr_blocks": [],
            "prefix_list_ids": null,
            "protocol": "tcp",
            "security_group_id": "sg-cb5968f5ba1ad50e8",
            "security_group_rule_id": "sgr-09d3cf763fbe5a4a3",
            "self": false,
            "source_security_group_id": null,
            "timeouts": null,
            "to_port": 389,
            "type": "egress"
          },
          "sensitive_attributes": [],
          "private": "eyJlMmJmYjczMC1lY2FhLTExZTYtOGY4OC0zNDM2M2JjN2M0YzAiOnsiY3JlYXRlIjozMDAwMDAwMDAwMDB9LCJzY2hlbWFfdmVyc2lvbiI6IjIifQ==",
          "dependencies": [
            "data.terraform_remote_state.fabric",
            "module.security.module.security_group.aws_security_group.this"
          ]
        },
        {
          "index_key": 105,
          "schema_version": 2,
          "attributes": {
            "cidr_blocks": [
              "10.20.96.43/27"
            ],
            "description": "For access of SOE Active Directory",
            "from_port": 636,
            "id": "sgrule-3740508318",
            "ipv6_cidr_blocks": [],
            "prefix_list_ids": null,
            "protocol": "tcp",
            "security_group_id": "sg-cb5968f5ba1ad50e8",
            "security_group_rule_id": "sgr-0f2534946f10939ba",
            "self": false,
            "source_security_group_id": null,
            "timeouts": null,
            "to_port": 636,
            "type": "egress"
          },
          "sensitive_attributes": [],
          "private": "eyJlMmJmYjczMC1lY2FhLTExZTYtOGY4OC0zNDM2M2JjN2M0YzAiOnsiY3JlYXRlIjozMDAwMDAwMDAwMDB9LCJzY2hlbWFfdmVyc2lvbiI6IjIifQ==",
          "dependencies": [
            "data.terraform_remote_state.fabric",
            "module.security.module.security_group.aws_security_group.this"
          ]
        },
        {
          "index_key": 106,
          "schema_version": 2,
          "attributes": {
            "cidr_blocks": [
              "10.20.154.230/27"
            ],
            "description": "For access of SOE Active Directory",
            "from_port": 636,
            "id": "sgrule-3657855139",
            "ipv6_cidr_blocks": [],
            "prefix_list_ids": null,
            "protocol": "tcp",
            "security_group_id": "sg-cb5968f5ba1ad50e8",
            "security_group_rule_id": "sgr-055b42add772c2134",
            "self": false,
            "source_security_group_id": null,
            "timeouts": null,
            "to_port": 636,
            "type": "egress"
          },
          "sensitive_attributes": [],
          "private": "eyJlMmJmYjczMC1lY2FhLTExZTYtOGY4OC0zNDM2M2JjN2M0YzAiOnsiY3JlYXRlIjozMDAwMDAwMDAwMDB9LCJzY2hlbWFfdmVyc2lvbiI6IjIifQ==",
          "dependencies": [
            "data.terraform_remote_state.fabric",
            "module.security.module.security_group.aws_security_group.this"
          ]
        },
        {
          "index_key": 107,
          "schema_version": 2,
          "attributes": {
            "cidr_blocks": [
              "10.20.96.43/27"
            ],
            "description": "For access of SOE Active Directory",
            "from_port": 3268,
            "id": "sgrule-3473596371",
            "ipv6_cidr_blocks": [],
            "prefix_list_ids": null,
            "protocol": "tcp",
            "security_group_id": "sg-cb5968f5ba1ad50e8",
            "security_group_rule_id": "sgr-0e22e205f77a7a66c",
            "self": false,
            "source_security_group_id": null,
            "timeouts": null,
            "to_port": 3268,
            "type": "egress"
          },
          "sensitive_attributes": [],
          "private": "eyJlMmJmYjczMC1lY2FhLTExZTYtOGY4OC0zNDM2M2JjN2M0YzAiOnsiY3JlYXRlIjozMDAwMDAwMDAwMDB9LCJzY2hlbWFfdmVyc2lvbiI6IjIifQ==",
          "dependencies": [
            "data.terraform_remote_state.fabric",
            "module.security.module.security_group.aws_security_group.this"
          ]
        },
        {
          "index_key": 108,
          "schema_version": 2,
          "attributes": {
            "cidr_blocks": [
              "10.20.154.230/27"
            ],
            "description": "For access of SOE Active Directory",
            "from_port": 3268,
            "id": "sgrule-3422490606",
            "ipv6_cidr_blocks": [],
            "prefix_list_ids": null,
            "protocol": "tcp",
            "security_group_id": "sg-cb5968f5ba1ad50e8",
            "security_group_rule_id": "sgr-0abdda77fc65b4f38",
            "self": false,
            "source_security_group_id": null,
            "timeouts": null,
            "to_port": 3268,
            "type": "egress"
          },
          "sensitive_attributes": [],
          "private": "eyJlMmJmYjczMC1lY2FhLTExZTYtOGY4OC0zNDM2M2JjN2M0YzAiOnsiY3JlYXRlIjozMDAwMDAwMDAwMDB9LCJzY2hlbWFfdmVyc2lvbiI6IjIifQ==",
          "dependencies": [
            "data.terraform_remote_state.fabric",
            "module.security.module.security_group.aws_security_group.this"
          ]
        },
        {
          "index_key": 109,
          "schema_version": 2,
          "attributes": {
            "cidr_blocks": [
              "10.20.96.43/27"
            ],
            "description": "For access of SOE Active Directory",
            "from_port": 48001,
            "id": "sgrule-1027597742",
            "ipv6_cidr_blocks": [],
            "prefix_list_ids": null,
            "protocol": "tcp",
            "security_group_id": "sg-cb5968f5ba1ad50e8",
            "security_group_rule_id": "sgr-041e01900d48ff68e",
            "self": false,
            "source_security_group_id": null,
            "timeouts": null,
            "to_port": 48002,
            "type": "egress"
          },
          "sensitive_attributes": [],
          "private": "eyJlMmJmYjczMC1lY2FhLTExZTYtOGY4OC0zNDM2M2JjN2M0YzAiOnsiY3JlYXRlIjozMDAwMDAwMDAwMDB9LCJzY2hlbWFfdmVyc2lvbiI6IjIifQ==",
          "dependencies": [
            "data.terraform_remote_state.fabric",
            "module.security.module.security_group.aws_security_group.this"
          ]
        },
        {
          "index_key": 110,
          "schema_version": 2,
          "attributes": {
            "cidr_blocks": [
              "10.20.154.230/27"
            ],
            "description": "For access of SOE Active Directory",
            "from_port": 48001,
            "id": "sgrule-969553299",
            "ipv6_cidr_blocks": [],
            "prefix_list_ids": null,
            "protocol": "tcp",
            "security_group_id": "sg-cb5968f5ba1ad50e8",
            "security_group_rule_id": "sgr-064fe83f40c877ff2",
            "self": false,
            "source_security_group_id": null,
            "timeouts": null,
            "to_port": 48002,
            "type": "egress"
          },
          "sensitive_attributes": [],
          "private": "eyJlMmJmYjczMC1lY2FhLTExZTYtOGY4OC0zNDM2M2JjN2M0YzAiOnsiY3JlYXRlIjozMDAwMDAwMDAwMDB9LCJzY2hlbWFfdmVyc2lvbiI6IjIifQ==",
          "dependencies": [
            "data.terraform_remote_state.fabric",
            "module.security.module.security_group.aws_security_group.this"
          ]
        },
        {
          "index_key": 111,
          "schema_version": 2,
          "attributes": {
            "cidr_blocks": [
              "10.20.96.43/27"
            ],
            "description": "For access of SOE Active Directory",
            "from_port": 50000,
            "id": "sgrule-4167374473",
            "ipv6_cidr_blocks": [],
            "prefix_list_ids": null,
            "protocol": "tcp",
            "security_group_id": "sg-cb5968f5ba1ad50e8",
            "security_group_rule_id": "sgr-074f094107f4572ba",
            "self": false,
            "source_security_group_id": null,
            "timeouts": null,
            "to_port": 55000,
            "type": "egress"
          },
          "sensitive_attributes": [],
          "private": "eyJlMmJmYjczMC1lY2FhLTExZTYtOGY4OC0zNDM2M2JjN2M0YzAiOnsiY3JlYXRlIjozMDAwMDAwMDAwMDB9LCJzY2hlbWFfdmVyc2lvbiI6IjIifQ==",
          "dependencies": [
            "data.terraform_remote_state.fabric",
            "module.security.module.security_group.aws_security_group.this"
          ]
        },
        {
          "index_key": 112,
          "schema_version": 2,
          "attributes": {
            "cidr_blocks": [
              "10.20.154.230/27"
            ],
            "description": "For access of SOE Active Directory",
            "from_port": 50000,
            "id": "sgrule-4237346484",
            "ipv6_cidr_blocks": [],
            "prefix_list_ids": null,
            "protocol": "tcp",
            "security_group_id": "sg-cb5968f5ba1ad50e8",
            "security_group_rule_id": "sgr-052fcb72692967ba8",
            "self": false,
            "source_security_group_id": null,
            "timeouts": null,
            "to_port": 55000,
            "type": "egress"
          },
          "sensitive_attributes": [],
          "private": "eyJlMmJmYjczMC1lY2FhLTExZTYtOGY4OC0zNDM2M2JjN2M0YzAiOnsiY3JlYXRlIjozMDAwMDAwMDAwMDB9LCJzY2hlbWFfdmVyc2lvbiI6IjIifQ==",
          "dependencies": [
            "data.terraform_remote_state.fabric",
            "module.security.module.security_group.aws_security_group.this"
          ]
        },
        {
          "index_key": 113,
          "schema_version": 2,
          "attributes": {
            "cidr_blocks": [
              "10.20.96.43/27"
            ],
            "description": "For access of SOE Active Directory",
            "from_port": 88,
            "id": "sgrule-1781259208",
            "ipv6_cidr_blocks": [],
            "prefix_list_ids": null,
            "protocol": "tcp",
            "security_group_id": "sg-08b9a430cb789f96c",
            "security_group_rule_id": "sgr-05c4d560fd3a3f410",
            "self": false,
            "source_security_group_id": null,
            "timeouts": null,
            "to_port": 88,
            "type": "egress"
          },
          "sensitive_attributes": [],
          "private": "eyJlMmJmYjczMC1lY2FhLTExZTYtOGY4OC0zNDM2M2JjN2M0YzAiOnsiY3JlYXRlIjozMDAwMDAwMDAwMDB9LCJzY2hlbWFfdmVyc2lvbiI6IjIifQ==",
          "dependencies": [
            "data.terraform_remote_state.fabric",
            "module.security.module.security_group.aws_security_group.this"
          ]
        },
        {
          "index_key": 114,
          "schema_version": 2,
          "attributes": {
            "cidr_blocks": [
              "10.20.154.230/27"
            ],
            "description": "For access of SOE Active Directory",
            "from_port": 88,
            "id": "sgrule-1860045813",
            "ipv6_cidr_blocks": [],
            "prefix_list_ids": null,
            "protocol": "tcp",
            "security_group_id": "sg-08b9a430cb789f96c",
            "security_group_rule_id": "sgr-01eb7a7a59be2d5e3",
            "self": false,
            "source_security_group_id": null,
            "timeouts": null,
            "to_port": 88,
            "type": "egress"
          },
          "sensitive_attributes": [],
          "private": "eyJlMmJmYjczMC1lY2FhLTExZTYtOGY4OC0zNDM2M2JjN2M0YzAiOnsiY3JlYXRlIjozMDAwMDAwMDAwMDB9LCJzY2hlbWFfdmVyc2lvbiI6IjIifQ==",
          "dependencies": [
            "data.terraform_remote_state.fabric",
            "module.security.module.security_group.aws_security_group.this"
          ]
        },
        {
          "index_key": 115,
          "schema_version": 2,
          "attributes": {
            "cidr_blocks": [
              "10.20.96.43/27"
            ],
            "description": "For access of SOE Active Directory",
            "from_port": 135,
            "id": "sgrule-2269804870",
            "ipv6_cidr_blocks": [],
            "prefix_list_ids": null,
            "protocol": "tcp",
            "security_group_id": "sg-08b9a430cb789f96c",
            "security_group_rule_id": "sgr-0699bddb165db876e",
            "self": false,
            "source_security_group_id": null,
            "timeouts": null,
            "to_port": 135,
            "type": "egress"
          },
          "sensitive_attributes": [],
          "private": "eyJlMmJmYjczMC1lY2FhLTExZTYtOGY4OC0zNDM2M2JjN2M0YzAiOnsiY3JlYXRlIjozMDAwMDAwMDAwMDB9LCJzY2hlbWFfdmVyc2lvbiI6IjIifQ==",
          "dependencies": [
            "data.terraform_remote_state.fabric",
            "module.security.module.security_group.aws_security_group.this"
          ]
        },
        {
          "index_key": 116,
          "schema_version": 2,
          "attributes": {
            "cidr_blocks": [
              "10.20.154.230/27"
            ],
            "description": "For access of SOE Active Directory",
            "from_port": 135,
            "id": "sgrule-2210376059",
            "ipv6_cidr_blocks": [],
            "prefix_list_ids": null,
            "protocol": "tcp",
            "security_group_id": "sg-08b9a430cb789f96c",
            "security_group_rule_id": "sgr-0ab5756fe4b51910b",
            "self": false,
            "source_security_group_id": null,
            "timeouts": null,
            "to_port": 135,
            "type": "egress"
          },
          "sensitive_attributes": [],
          "private": "eyJlMmJmYjczMC1lY2FhLTExZTYtOGY4OC0zNDM2M2JjN2M0YzAiOnsiY3JlYXRlIjozMDAwMDAwMDAwMDB9LCJzY2hlbWFfdmVyc2lvbiI6IjIifQ==",
          "dependencies": [
            "data.terraform_remote_state.fabric",
            "module.security.module.security_group.aws_security_group.this"
          ]
        },
        {
          "index_key": 117,
          "schema_version": 2,
          "attributes": {
            "cidr_blocks": [
              "10.20.96.43/27"
            ],
            "description": "For access of SOE Active Directory",
            "from_port": 389,
            "id": "sgrule-323989978",
            "ipv6_cidr_blocks": [],
            "prefix_list_ids": null,
            "protocol": "tcp",
            "security_group_id": "sg-08b9a430cb789f96c",
            "security_group_rule_id": "sgr-0f896ec7d66604b65",
            "self": false,
            "source_security_group_id": null,
            "timeouts": null,
            "to_port": 389,
            "type": "egress"
          },
          "sensitive_attributes": [],
          "private": "eyJlMmJmYjczMC1lY2FhLTExZTYtOGY4OC0zNDM2M2JjN2M0YzAiOnsiY3JlYXRlIjozMDAwMDAwMDAwMDB9LCJzY2hlbWFfdmVyc2lvbiI6IjIifQ==",
          "dependencies": [
            "data.terraform_remote_state.fabric",
            "module.security.module.security_group.aws_security_group.this"
          ]
        },
        {
          "index_key": 118,
          "schema_version": 2,
          "attributes": {
            "cidr_blocks": [
              "10.20.154.230/27"
            ],
            "description": "For access of SOE Active Directory",
            "from_port": 389,
            "id": "sgrule-398090727",
            "ipv6_cidr_blocks": [],
            "prefix_list_ids": null,
            "protocol": "tcp",
            "security_group_id": "sg-08b9a430cb789f96c",
            "security_group_rule_id": "sgr-0b6132a679d0c4f5a",
            "self": false,
            "source_security_group_id": null,
            "timeouts": null,
            "to_port": 389,
            "type": "egress"
          },
          "sensitive_attributes": [],
          "private": "eyJlMmJmYjczMC1lY2FhLTExZTYtOGY4OC0zNDM2M2JjN2M0YzAiOnsiY3JlYXRlIjozMDAwMDAwMDAwMDB9LCJzY2hlbWFfdmVyc2lvbiI6IjIifQ==",
          "dependencies": [
            "data.terraform_remote_state.fabric",
            "module.security.module.security_group.aws_security_group.this"
          ]
        },
        {
          "index_key": 119,
          "schema_version": 2,
          "attributes": {
            "cidr_blocks": [
              "10.20.96.43/27"
            ],
            "description": "For access of SOE Active Directory",
            "from_port": 636,
            "id": "sgrule-103180388",
            "ipv6_cidr_blocks": [],
            "prefix_list_ids": null,
            "protocol": "tcp",
            "security_group_id": "sg-08b9a430cb789f96c",
            "security_group_rule_id": "sgr-004f1c4b250241c6d",
            "self": false,
            "source_security_group_id": null,
            "timeouts": null,
            "to_port": 636,
            "type": "egress"
          },
          "sensitive_attributes": [],
          "private": "eyJlMmJmYjczMC1lY2FhLTExZTYtOGY4OC0zNDM2M2JjN2M0YzAiOnsiY3JlYXRlIjozMDAwMDAwMDAwMDB9LCJzY2hlbWFfdmVyc2lvbiI6IjIifQ==",
          "dependencies": [
            "data.terraform_remote_state.fabric",
            "module.security.module.security_group.aws_security_group.this"
          ]
        },
        {
          "index_key": 120,
          "schema_version": 2,
          "attributes": {
            "cidr_blocks": [
              "10.20.154.230/27"
            ],
            "description": "For access of SOE Active Directory",
            "from_port": 636,
            "id": "sgrule-47429721",
            "ipv6_cidr_blocks": [],
            "prefix_list_ids": null,
            "protocol": "tcp",
            "security_group_id": "sg-08b9a430cb789f96c",
            "security_group_rule_id": "sgr-01bff4fff9ea3d9ef",
            "self": false,
            "source_security_group_id": null,
            "timeouts": null,
            "to_port": 636,
            "type": "egress"
          },
          "sensitive_attributes": [],
          "private": "eyJlMmJmYjczMC1lY2FhLTExZTYtOGY4OC0zNDM2M2JjN2M0YzAiOnsiY3JlYXRlIjozMDAwMDAwMDAwMDB9LCJzY2hlbWFfdmVyc2lvbiI6IjIifQ==",
          "dependencies": [
            "data.terraform_remote_state.fabric",
            "module.security.module.security_group.aws_security_group.this"
          ]
        },
        {
          "index_key": 121,
          "schema_version": 2,
          "attributes": {
            "cidr_blocks": [
              "10.20.96.43/27"
            ],
            "description": "For access of SOE Active Directory",
            "from_port": 3268,
            "id": "sgrule-3034989747",
            "ipv6_cidr_blocks": [],
            "prefix_list_ids": null,
            "protocol": "tcp",
            "security_group_id": "sg-08b9a430cb789f96c",
            "security_group_rule_id": "sgr-092675afa82f214f1",
            "self": false,
            "source_security_group_id": null,
            "timeouts": null,
            "to_port": 3268,
            "type": "egress"
          },
          "sensitive_attributes": [],
          "private": "eyJlMmJmYjczMC1lY2FhLTExZTYtOGY4OC0zNDM2M2JjN2M0YzAiOnsiY3JlYXRlIjozMDAwMDAwMDAwMDB9LCJzY2hlbWFfdmVyc2lvbiI6IjIifQ==",
          "dependencies": [
            "data.terraform_remote_state.fabric",
            "module.security.module.security_group.aws_security_group.this"
          ]
        },
        {
          "index_key": 122,
          "schema_version": 2,
          "attributes": {
            "cidr_blocks": [
              "10.20.154.230/27"
            ],
            "description": "For access of SOE Active Directory",
            "from_port": 3268,
            "id": "sgrule-2954073230",
            "ipv6_cidr_blocks": [],
            "prefix_list_ids": null,
            "protocol": "tcp",
            "security_group_id": "sg-08b9a430cb789f96c",
            "security_group_rule_id": "sgr-0e78a8372aa435d27",
            "self": false,
            "source_security_group_id": null,
            "timeouts": null,
            "to_port": 3268,
            "type": "egress"
          },
          "sensitive_attributes": [],
          "private": "eyJlMmJmYjczMC1lY2FhLTExZTYtOGY4OC0zNDM2M2JjN2M0YzAiOnsiY3JlYXRlIjozMDAwMDAwMDAwMDB9LCJzY2hlbWFfdmVyc2lvbiI6IjIifQ==",
          "dependencies": [
            "data.terraform_remote_state.fabric",
            "module.security.module.security_group.aws_security_group.this"
          ]
        },
        {
          "index_key": 123,
          "schema_version": 2,
          "attributes": {
            "cidr_blocks": [
              "10.20.96.43/27"
            ],
            "description": "For access of SOE Active Directory",
            "from_port": 48001,
            "id": "sgrule-1059045161",
            "ipv6_cidr_blocks": [],
            "prefix_list_ids": null,
            "protocol": "tcp",
            "security_group_id": "sg-08b9a430cb789f96c",
            "security_group_rule_id": "sgr-0eb803fd98ce09178",
            "self": false,
            "source_security_group_id": null,
            "timeouts": null,
            "to_port": 48002,
            "type": "egress"
          },
          "sensitive_attributes": [],
          "private": "eyJlMmJmYjczMC1lY2FhLTExZTYtOGY4OC0zNDM2M2JjN2M0YzAiOnsiY3JlYXRlIjozMDAwMDAwMDAwMDB9LCJzY2hlbWFfdmVyc2lvbiI6IjIifQ==",
          "dependencies": [
            "data.terraform_remote_state.fabric",
            "module.security.module.security_group.aws_security_group.this"
          ]
        },
        {
          "index_key": 124,
          "schema_version": 2,
          "attributes": {
            "cidr_blocks": [
              "10.20.154.230/27"
            ],
            "description": "For access of SOE Active Directory",
            "from_port": 48001,
            "id": "sgrule-1005219604",
            "ipv6_cidr_blocks": [],
            "prefix_list_ids": null,
            "protocol": "tcp",
            "security_group_id": "sg-08b9a430cb789f96c",
            "security_group_rule_id": "sgr-0f4d130f1d7591831",
            "self": false,
            "source_security_group_id": null,
            "timeouts": null,
            "to_port": 48002,
            "type": "egress"
          },
          "sensitive_attributes": [],
          "private": "eyJlMmJmYjczMC1lY2FhLTExZTYtOGY4OC0zNDM2M2JjN2M0YzAiOnsiY3JlYXRlIjozMDAwMDAwMDAwMDB9LCJzY2hlbWFfdmVyc2lvbiI6IjIifQ==",
          "dependencies": [
            "data.terraform_remote_state.fabric",
            "module.security.module.security_group.aws_security_group.this"
          ]
        },
        {
          "index_key": 125,
          "schema_version": 2,
          "attributes": {
            "cidr_blocks": [
              "10.20.96.43/27"
            ],
            "description": "For access of SOE Active Directory",
            "from_port": 50000,
            "id": "sgrule-4198845454",
            "ipv6_cidr_blocks": [],
            "prefix_list_ids": null,
            "protocol": "tcp",
            "security_group_id": "sg-08b9a430cb789f96c",
            "security_group_rule_id": "sgr-080ba58e8c6f0f879",
            "self": false,
            "source_security_group_id": null,
            "timeouts": null,
            "to_port": 55000,
            "type": "egress"
          },
          "sensitive_attributes": [],
          "private": "eyJlMmJmYjczMC1lY2FhLTExZTYtOGY4OC0zNDM2M2JjN2M0YzAiOnsiY3JlYXRlIjozMDAwMDAwMDAwMDB9LCJzY2hlbWFfdmVyc2lvbiI6IjIifQ==",
          "dependencies": [
            "data.terraform_remote_state.fabric",
            "module.security.module.security_group.aws_security_group.this"
          ]
        },
        {
          "index_key": 126,
          "schema_version": 2,
          "attributes": {
            "cidr_blocks": [
              "10.20.154.230/27"
            ],
            "description": "For access of SOE Active Directory",
            "from_port": 50000,
            "id": "sgrule-4272987187",
            "ipv6_cidr_blocks": [],
            "prefix_list_ids": null,
            "protocol": "tcp",
            "security_group_id": "sg-08b9a430cb789f96c",
            "security_group_rule_id": "sgr-07e5ec3d82b65cdf6",
            "self": false,
            "source_security_group_id": null,
            "timeouts": null,
            "to_port": 55000,
            "type": "egress"
          },
          "sensitive_attributes": [],
          "private": "eyJlMmJmYjczMC1lY2FhLTExZTYtOGY4OC0zNDM2M2JjN2M0YzAiOnsiY3JlYXRlIjozMDAwMDAwMDAwMDB9LCJzY2hlbWFfdmVyc2lvbiI6IjIifQ==",
          "dependencies": [
            "data.terraform_remote_state.fabric",
            "module.security.module.security_group.aws_security_group.this"
          ]
        },
        {
          "index_key": 127,
          "schema_version": 2,
          "attributes": {
            "cidr_blocks": [
              "10.20.96.43/27"
            ],
            "description": "For access of SOE Active Directory",
            "from_port": 88,
            "id": "sgrule-2787173604",
            "ipv6_cidr_blocks": [],
            "prefix_list_ids": null,
            "protocol": "tcp",
            "security_group_id": "sg-f1e22e496da168c30",
            "security_group_rule_id": "sgr-053d8f32fd57a003f",
            "self": false,
            "source_security_group_id": null,
            "timeouts": null,
            "to_port": 88,
            "type": "egress"
          },
          "sensitive_attributes": [],
          "private": "eyJlMmJmYjczMC1lY2FhLTExZTYtOGY4OC0zNDM2M2JjN2M0YzAiOnsiY3JlYXRlIjozMDAwMDAwMDAwMDB9LCJzY2hlbWFfdmVyc2lvbiI6IjIifQ==",
          "dependencies": [
            "data.terraform_remote_state.fabric",
            "module.security.module.security_group.aws_security_group.this"
          ]
        },
        {
          "index_key": 128,
          "schema_version": 2,
          "attributes": {
            "cidr_blocks": [
              "10.20.154.230/27"
            ],
            "description": "For access of SOE Active Directory",
            "from_port": 88,
            "id": "sgrule-2731881689",
            "ipv6_cidr_blocks": [],
            "prefix_list_ids": null,
            "protocol": "tcp",
            "security_group_id": "sg-f1e22e496da168c30",
            "security_group_rule_id": "sgr-095dcc80a1a004c21",
            "self": false,
            "source_security_group_id": null,
            "timeouts": null,
            "to_port": 88,
            "type": "egress"
          },
          "sensitive_attributes": [],
          "private": "eyJlMmJmYjczMC1lY2FhLTExZTYtOGY4OC0zNDM2M2JjN2M0YzAiOnsiY3JlYXRlIjozMDAwMDAwMDAwMDB9LCJzY2hlbWFfdmVyc2lvbiI6IjIifQ==",
          "dependencies": [
            "data.terraform_remote_state.fabric",
            "module.security.module.security_group.aws_security_group.this"
          ]
        },
        {
          "index_key": 129,
          "schema_version": 2,
          "attributes": {
            "cidr_blocks": [
              "10.20.96.43/27"
            ],
            "description": "For access of SOE Active Directory",
            "from_port": 135,
            "id": "sgrule-136180702",
            "ipv6_cidr_blocks": [],
            "prefix_list_ids": null,
            "protocol": "tcp",
            "security_group_id": "sg-f1e22e496da168c30",
            "security_group_rule_id": "sgr-026d5c35d04798ca9",
            "self": false,
            "source_security_group_id": null,
            "timeouts": null,
            "to_port": 135,
            "type": "egress"
          },
          "sensitive_attributes": [],
          "private": "eyJlMmJmYjczMC1lY2FhLTExZTYtOGY4OC0zNDM2M2JjN2M0YzAiOnsiY3JlYXRlIjozMDAwMDAwMDAwMDB9LCJzY2hlbWFfdmVyc2lvbiI6IjIifQ==",
          "dependencies": [
            "data.terraform_remote_state.fabric",
            "module.security.module.security_group.aws_security_group.this"
          ]
        },
        {
          "index_key": 130,
          "schema_version": 2,
          "attributes": {
            "cidr_blocks": [
              "10.20.154.230/27"
            ],
            "description": "For access of SOE Active Directory",
            "from_port": 135,
            "id": "sgrule-216540131",
            "ipv6_cidr_blocks": [],
            "prefix_list_ids": null,
            "protocol": "tcp",
            "security_group_id": "sg-f1e22e496da168c30",
            "security_group_rule_id": "sgr-0bcde19abb101dd41",
            "self": false,
            "source_security_group_id": null,
            "timeouts": null,
            "to_port": 135,
            "type": "egress"
          },
          "sensitive_attributes": [],
          "private": "eyJlMmJmYjczMC1lY2FhLTExZTYtOGY4OC0zNDM2M2JjN2M0YzAiOnsiY3JlYXRlIjozMDAwMDAwMDAwMDB9LCJzY2hlbWFfdmVyc2lvbiI6IjIifQ==",
          "dependencies": [
            "data.terraform_remote_state.fabric",
            "module.security.module.security_group.aws_security_group.this"
          ]
        },
        {
          "index_key": 131,
          "schema_version": 2,
          "attributes": {
            "cidr_blocks": [
              "10.20.96.43/27"
            ],
            "description": "For access of SOE Active Directory",
            "from_port": 389,
            "id": "sgrule-2618833730",
            "ipv6_cidr_blocks": [],
            "prefix_list_ids": null,
            "protocol": "tcp",
            "security_group_id": "sg-f1e22e496da168c30",
            "security_group_rule_id": "sgr-07f49fad79709c9ed",
            "self": false,
            "source_security_group_id": null,
            "timeouts": null,
            "to_port": 389,
            "type": "egress"
          },
          "sensitive_attributes": [],
          "private": "eyJlMmJmYjczMC1lY2FhLTExZTYtOGY4OC0zNDM2M2JjN2M0YzAiOnsiY3JlYXRlIjozMDAwMDAwMDAwMDB9LCJzY2hlbWFfdmVyc2lvbiI6IjIifQ==",
          "dependencies": [
            "data.terraform_remote_state.fabric",
            "module.security.module.security_group.aws_security_group.this"
          ]
        },
        {
          "index_key": 132,
          "schema_version": 2,
          "attributes": {
            "cidr_blocks": [
              "10.20.154.230/27"
            ],
            "description": "For access of SOE Active Directory",
            "from_port": 389,
            "id": "sgrule-2565729151",
            "ipv6_cidr_blocks": [],
            "prefix_list_ids": null,
            "protocol": "tcp",
            "security_group_id": "sg-f1e22e496da168c30",
            "security_group_rule_id": "sgr-067c08085a5161ad6",
            "self": false,
            "source_security_group_id": null,
            "timeouts": null,
            "to_port": 389,
            "type": "egress"
          },
          "sensitive_attributes": [],
          "private": "eyJlMmJmYjczMC1lY2FhLTExZTYtOGY4OC0zNDM2M2JjN2M0YzAiOnsiY3JlYXRlIjozMDAwMDAwMDAwMDB9LCJzY2hlbWFfdmVyc2lvbiI6IjIifQ==",
          "dependencies": [
            "data.terraform_remote_state.fabric",
            "module.security.module.security_group.aws_security_group.this"
          ]
        },
        {
          "index_key": 133,
          "schema_version": 2,
          "attributes": {
            "cidr_blocks": [
              "10.20.96.43/27"
            ],
            "description": "For access of SOE Active Directory",
            "from_port": 636,
            "id": "sgrule-2305942268",
            "ipv6_cidr_blocks": [],
            "prefix_list_ids": null,
            "protocol": "tcp",
            "security_group_id": "sg-f1e22e496da168c30",
            "security_group_rule_id": "sgr-0a070fb316b0e2bea",
            "self": false,
            "source_security_group_id": null,
            "timeouts": null,
            "to_port": 636,
            "type": "egress"
          },
          "sensitive_attributes": [],
          "private": "eyJlMmJmYjczMC1lY2FhLTExZTYtOGY4OC0zNDM2M2JjN2M0YzAiOnsiY3JlYXRlIjozMDAwMDAwMDAwMDB9LCJzY2hlbWFfdmVyc2lvbiI6IjIifQ==",
          "dependencies": [
            "data.terraform_remote_state.fabric",
            "module.security.module.security_group.aws_security_group.this"
          ]
        },
        {
          "index_key": 134,
          "schema_version": 2,
          "attributes": {
            "cidr_blocks": [
              "10.20.154.230/27"
            ],
            "description": "For access of SOE Active Directory",
            "from_port": 636,
            "id": "sgrule-2374251201",
            "ipv6_cidr_blocks": [],
            "prefix_list_ids": null,
            "protocol": "tcp",
            "security_group_id": "sg-f1e22e496da168c30",
            "security_group_rule_id": "sgr-04408bc6790846876",
            "self": false,
            "source_security_group_id": null,
            "timeouts": null,
            "to_port": 636,
            "type": "egress"
          },
          "sensitive_attributes": [],
          "private": "eyJlMmJmYjczMC1lY2FhLTExZTYtOGY4OC0zNDM2M2JjN2M0YzAiOnsiY3JlYXRlIjozMDAwMDAwMDAwMDB9LCJzY2hlbWFfdmVyc2lvbiI6IjIifQ==",
          "dependencies": [
            "data.terraform_remote_state.fabric",
            "module.security.module.security_group.aws_security_group.this"
          ]
        },
        {
          "index_key": 135,
          "schema_version": 2,
          "attributes": {
            "cidr_blocks": [
              "10.20.96.43/27"
            ],
            "description": "For access of SOE Active Directory",
            "from_port": 3268,
            "id": "sgrule-1286600",
            "ipv6_cidr_blocks": [],
            "prefix_list_ids": null,
            "protocol": "tcp",
            "security_group_id": "sg-f1e22e496da168c30",
            "security_group_rule_id": "sgr-07e240cf8bb31861b",
            "self": false,
            "source_security_group_id": null,
            "timeouts": null,
            "to_port": 3268,
            "type": "egress"
          },
          "sensitive_attributes": [],
          "private": "eyJlMmJmYjczMC1lY2FhLTExZTYtOGY4OC0zNDM2M2JjN2M0YzAiOnsiY3JlYXRlIjozMDAwMDAwMDAwMDB9LCJzY2hlbWFfdmVyc2lvbiI6IjIifQ==",
          "dependencies": [
            "data.terraform_remote_state.fabric",
            "module.security.module.security_group.aws_security_group.this"
          ]
        },
        {
          "index_key": 136,
          "schema_version": 2,
          "attributes": {
            "cidr_blocks": [
              "10.20.154.230/27"
            ],
            "description": "For access of SOE Active Directory",
            "from_port": 3268,
            "id": "sgrule-82211317",
            "ipv6_cidr_blocks": [],
            "prefix_list_ids": null,
            "protocol": "tcp",
            "security_group_id": "sg-f1e22e496da168c30",
            "security_group_rule_id": "sgr-07152d46e18a12f77",
            "self": false,
            "source_security_group_id": null,
            "timeouts": null,
            "to_port": 3268,
            "type": "egress"
          },
          "sensitive_attributes": [],
          "private": "eyJlMmJmYjczMC1lY2FhLTExZTYtOGY4OC0zNDM2M2JjN2M0YzAiOnsiY3JlYXRlIjozMDAwMDAwMDAwMDB9LCJzY2hlbWFfdmVyc2lvbiI6IjIifQ==",
          "dependencies": [
            "data.terraform_remote_state.fabric",
            "module.security.module.security_group.aws_security_group.this"
          ]
        },
        {
          "index_key": 137,
          "schema_version": 2,
          "attributes": {
            "cidr_blocks": [
              "10.20.96.43/27"
            ],
            "description": "For access of SOE Active Directory",
            "from_port": 48001,
            "id": "sgrule-599047446",
            "ipv6_cidr_blocks": [],
            "prefix_list_ids": null,
            "protocol": "tcp",
            "security_group_id": "sg-f1e22e496da168c30",
            "security_group_rule_id": "sgr-088a981e2dca8a38a",
            "self": false,
            "source_security_group_id": null,
            "timeouts": null,
            "to_port": 48002,
            "type": "egress"
          },
          "sensitive_attributes": [],
          "private": "eyJlMmJmYjczMC1lY2FhLTExZTYtOGY4OC0zNDM2M2JjN2M0YzAiOnsiY3JlYXRlIjozMDAwMDAwMDAwMDB9LCJzY2hlbWFfdmVyc2lvbiI6IjIifQ==",
          "dependencies": [
            "data.terraform_remote_state.fabric",
            "module.security.module.security_group.aws_security_group.this"
          ]
        },
        {
          "index_key": 138,
          "schema_version": 2,
          "attributes": {
            "cidr_blocks": [
              "10.20.154.230/27"
            ],
            "description": "For access of SOE Active Directory",
            "from_port": 48001,
            "id": "sgrule-658599211",
            "ipv6_cidr_blocks": [],
            "prefix_list_ids": null,
            "protocol": "tcp",
            "security_group_id": "sg-f1e22e496da168c30",
            "security_group_rule_id": "sgr-0d7e693463dca8a6d",
            "self": false,
            "source_security_group_id": null,
            "timeouts": null,
            "to_port": 48002,
            "type": "egress"
          },
          "sensitive_attributes": [],
          "private": "eyJlMmJmYjczMC1lY2FhLTExZTYtOGY4OC0zNDM2M2JjN2M0YzAiOnsiY3JlYXRlIjozMDAwMDAwMDAwMDB9LCJzY2hlbWFfdmVyc2lvbiI6IjIifQ==",
          "dependencies": [
            "data.terraform_remote_state.fabric",
            "module.security.module.security_group.aws_security_group.this"
          ]
        },
        {
          "index_key": 139,
          "schema_version": 2,
          "attributes": {
            "cidr_blocks": [
              "10.20.96.43/27"
            ],
            "description": "For access of SOE Active Directory",
            "from_port": 50000,
            "id": "sgrule-3874377265",
            "ipv6_cidr_blocks": [],
            "prefix_list_ids": null,
            "protocol": "tcp",
            "security_group_id": "sg-f1e22e496da168c30",
            "security_group_rule_id": "sgr-08a7a1032ed56596e",
            "self": false,
            "source_security_group_id": null,
            "timeouts": null,
            "to_port": 55000,
            "type": "egress"
          },
          "sensitive_attributes": [],
          "private": "eyJlMmJmYjczMC1lY2FhLTExZTYtOGY4OC0zNDM2M2JjN2M0YzAiOnsiY3JlYXRlIjozMDAwMDAwMDAwMDB9LCJzY2hlbWFfdmVyc2lvbiI6IjIifQ==",
          "dependencies": [
            "data.terraform_remote_state.fabric",
            "module.security.module.security_group.aws_security_group.this"
          ]
        },
        {
          "index_key": 140,
          "schema_version": 2,
          "attributes": {
            "cidr_blocks": [
              "10.20.154.230/27"
            ],
            "description": "For access of SOE Active Directory",
            "from_port": 50000,
            "id": "sgrule-3793460748",
            "ipv6_cidr_blocks": [],
            "prefix_list_ids": null,
            "protocol": "tcp",
            "security_group_id": "sg-f1e22e496da168c30",
            "security_group_rule_id": "sgr-05887a5e873bff915",
            "self": false,
            "source_security_group_id": null,
            "timeouts": null,
            "to_port": 55000,
            "type": "egress"
          },
          "sensitive_attributes": [],
          "private": "eyJlMmJmYjczMC1lY2FhLTExZTYtOGY4OC0zNDM2M2JjN2M0YzAiOnsiY3JlYXRlIjozMDAwMDAwMDAwMDB9LCJzY2hlbWFfdmVyc2lvbiI6IjIifQ==",
          "dependencies": [
            "data.terraform_remote_state.fabric",
            "module.security.module.security_group.aws_security_group.this"
          ]
        },
        {
          "index_key": 141,
          "schema_version": 2,
          "attributes": {
            "cidr_blocks": [
              "10.20.96.43/27"
            ],
            "description": "For access of SOE Active Directory",
            "from_port": 88,
            "id": "sgrule-1302337112",
            "ipv6_cidr_blocks": [],
            "prefix_list_ids": null,
            "protocol": "tcp",
            "security_group_id": "sg-703bf2694bdf82ed0",
            "security_group_rule_id": "sgr-0e26d296d93947cd4",
            "self": false,
            "source_security_group_id": null,
            "timeouts": null,
            "to_port": 88,
            "type": "egress"
          },
          "sensitive_attributes": [],
          "private": "eyJlMmJmYjczMC1lY2FhLTExZTYtOGY4OC0zNDM2M2JjN2M0YzAiOnsiY3JlYXRlIjozMDAwMDAwMDAwMDB9LCJzY2hlbWFfdmVyc2lvbiI6IjIifQ==",
          "dependencies": [
            "data.terraform_remote_state.fabric",
            "module.security.module.security_group.aws_security_group.this"
          ]
        },
        {
          "index_key": 142,
          "schema_version": 2,
          "attributes": {
            "cidr_blocks": [
              "10.20.154.230/27"
            ],
            "description": "For access of SOE Active Directory",
            "from_port": 88,
            "id": "sgrule-1230358117",
            "ipv6_cidr_blocks": [],
            "prefix_list_ids": null,
            "protocol": "tcp",
            "security_group_id": "sg-703bf2694bdf82ed0",
            "security_group_rule_id": "sgr-010b5160fcd591d38",
            "self": false,
            "source_security_group_id": null,
            "timeouts": null,
            "to_port": 88,
            "type": "egress"
          },
          "sensitive_attributes": [],
          "private": "eyJlMmJmYjczMC1lY2FhLTExZTYtOGY4OC0zNDM2M2JjN2M0YzAiOnsiY3JlYXRlIjozMDAwMDAwMDAwMDB9LCJzY2hlbWFfdmVyc2lvbiI6IjIifQ==",
          "dependencies": [
            "data.terraform_remote_state.fabric",
            "module.security.module.security_group.aws_security_group.this"
          ]
        },
        {
          "index_key": 143,
          "schema_version": 2,
          "attributes": {
            "cidr_blocks": [
              "10.20.96.43/27"
            ],
            "description": "For access of SOE Active Directory",
            "from_port": 135,
            "id": "sgrule-333343450",
            "ipv6_cidr_blocks": [],
            "prefix_list_ids": null,
            "protocol": "tcp",
            "security_group_id": "sg-703bf2694bdf82ed0",
            "security_group_rule_id": "sgr-0d8b817c78d62173f",
            "self": false,
            "source_security_group_id": null,
            "timeouts": null,
            "to_port": 135,
            "type": "egress"
          },
          "sensitive_attributes": [],
          "private": "eyJlMmJmYjczMC1lY2FhLTExZTYtOGY4OC0zNDM2M2JjN2M0YzAiOnsiY3JlYXRlIjozMDAwMDAwMDAwMDB9LCJzY2hlbWFfdmVyc2lvbiI6IjIifQ==",
          "dependencies": [
            "data.terraform_remote_state.fabric",
            "module.security.module.security_group.aws_security_group.this"
          ]
        },
        {
          "index_key": 144,
          "schema_version": 2,
          "attributes": {
            "cidr_blocks": [
              "10.20.154.230/27"
            ],
            "description": "For access of SOE Active Directory",
            "from_port": 135,
            "id": "sgrule-388741863",
            "ipv6_cidr_blocks": [],
            "prefix_list_ids": null,
            "protocol": "tcp",
            "security_group_id": "sg-703bf2694bdf82ed0",
            "security_group_rule_id": "sgr-0b8b1af95d9bdcaf3",
            "self": false,
            "source_security_group_id": null,
            "timeouts": null,
            "to_port": 135,
            "type": "egress"
          },
          "sensitive_attributes": [],
          "private": "eyJlMmJmYjczMC1lY2FhLTExZTYtOGY4OC0zNDM2M2JjN2M0YzAiOnsiY3JlYXRlIjozMDAwMDAwMDAwMDB9LCJzY2hlbWFfdmVyc2lvbiI6IjIifQ==",
          "dependencies": [
            "data.terraform_remote_state.fabric",
            "module.security.module.security_group.aws_security_group.this"
          ]
        },
        {
          "index_key": 145,
          "schema_version": 2,
          "attributes": {
            "cidr_blocks": [
              "10.20.96.43/27"
            ],
            "description": "For access of SOE Active Directory",
            "from_port": 389,
            "id": "sgrule-2279318086",
            "ipv6_cidr_blocks": [],
            "prefix_list_ids": null,
            "protocol": "tcp",
            "security_group_id": "sg-703bf2694bdf82ed0",
            "security_group_rule_id": "sgr-07b58a64b02f074d0",
            "self": false,
            "source_security_group_id": null,
            "timeouts": null,
            "to_port": 389,
            "type": "egress"
          },
          "sensitive_attributes": [],
          "private": "eyJlMmJmYjczMC1lY2FhLTExZTYtOGY4OC0zNDM2M2JjN2M0YzAiOnsiY3JlYXRlIjozMDAwMDAwMDAwMDB9LCJzY2hlbWFfdmVyc2lvbiI6IjIifQ==",
          "dependencies": [
            "data.terraform_remote_state.fabric",
            "module.security.module.security_group.aws_security_group.this"
          ]
        },
        {
          "index_key": 146,
          "schema_version": 2,
          "attributes": {
            "cidr_blocks": [
              "10.20.154.230/27"
            ],
            "description": "For access of SOE Active Directory",
            "from_port": 389,
            "id": "sgrule-2200859259",
            "ipv6_cidr_blocks": [],
            "prefix_list_ids": null,
            "protocol": "tcp",
            "security_group_id": "sg-703bf2694bdf82ed0",
            "security_group_rule_id": "sgr-0c36b808dabbc2d5f",
            "self": false,
            "source_security_group_id": null,
            "timeouts": null,
            "to_port": 389,
            "type": "egress"
          },
          "sensitive_attributes": [],
          "private": "eyJlMmJmYjczMC1lY2FhLTExZTYtOGY4OC0zNDM2M2JjN2M0YzAiOnsiY3JlYXRlIjozMDAwMDAwMDAwMDB9LCJzY2hlbWFfdmVyc2lvbiI6IjIifQ==",
          "dependencies": [
            "data.terraform_remote_state.fabric",
            "module.security.module.security_group.aws_security_group.this"
          ]
        },
        {
          "index_key": 147,
          "schema_version": 2,
          "attributes": {
            "cidr_blocks": [
              "10.20.96.43/27"
            ],
            "description": "For access of SOE Active Directory",
            "from_port": 636,
            "id": "sgrule-2461170680",
            "ipv6_cidr_blocks": [],
            "prefix_list_ids": null,
            "protocol": "tcp",
            "security_group_id": "sg-703bf2694bdf82ed0",
            "security_group_rule_id": "sgr-0a7d0281adbe3905a",
            "self": false,
            "source_security_group_id": null,
            "timeouts": null,
            "to_port": 636,
            "type": "egress"
          },
          "sensitive_attributes": [],
          "private": "eyJlMmJmYjczMC1lY2FhLTExZTYtOGY4OC0zNDM2M2JjN2M0YzAiOnsiY3JlYXRlIjozMDAwMDAwMDAwMDB9LCJzY2hlbWFfdmVyc2lvbiI6IjIifQ==",
          "dependencies": [
            "data.terraform_remote_state.fabric",
            "module.security.module.security_group.aws_security_group.this"
          ]
        },
        {
          "index_key": 148,
          "schema_version": 2,
          "attributes": {
            "cidr_blocks": [
              "10.20.154.230/27"
            ],
            "description": "For access of SOE Active Directory",
            "from_port": 636,
            "id": "sgrule-2521279429",
            "ipv6_cidr_blocks": [],
            "prefix_list_ids": null,
            "protocol": "tcp",
            "security_group_id": "sg-703bf2694bdf82ed0",
            "security_group_rule_id": "sgr-0e4d829a3dd2c96ce",
            "self": false,
            "source_security_group_id": null,
            "timeouts": null,
            "to_port": 636,
            "type": "egress"
          },
          "sensitive_attributes": [],
          "private": "eyJlMmJmYjczMC1lY2FhLTExZTYtOGY4OC0zNDM2M2JjN2M0YzAiOnsiY3JlYXRlIjozMDAwMDAwMDAwMDB9LCJzY2hlbWFfdmVyc2lvbiI6IjIifQ==",
          "dependencies": [
            "data.terraform_remote_state.fabric",
            "module.security.module.security_group.aws_security_group.this"
          ]
        },
        {
          "index_key": 149,
          "schema_version": 2,
          "attributes": {
            "cidr_blocks": [
              "10.20.96.43/27"
            ],
            "description": "For access of SOE Active Directory",
            "from_port": 3268,
            "id": "sgrule-3987494127",
            "ipv6_cidr_blocks": [],
            "prefix_list_ids": null,
            "protocol": "tcp",
            "security_group_id": "sg-703bf2694bdf82ed0",
            "security_group_rule_id": "sgr-0bc63e78eb6476e39",
            "self": false,
            "source_security_group_id": null,
            "timeouts": null,
            "to_port": 3268,
            "type": "egress"
          },
          "sensitive_attributes": [],
          "private": "eyJlMmJmYjczMC1lY2FhLTExZTYtOGY4OC0zNDM2M2JjN2M0YzAiOnsiY3JlYXRlIjozMDAwMDAwMDAwMDB9LCJzY2hlbWFfdmVyc2lvbiI6IjIifQ==",
          "dependencies": [
            "data.terraform_remote_state.fabric",
            "module.security.module.security_group.aws_security_group.this"
          ]
        },
        {
          "index_key": 150,
          "schema_version": 2,
          "attributes": {
            "cidr_blocks": [
              "10.20.154.230/27"
            ],
            "description": "For access of SOE Active Directory",
            "from_port": 3268,
            "id": "sgrule-3914958034",
            "ipv6_cidr_blocks": [],
            "prefix_list_ids": null,
            "protocol": "tcp",
            "security_group_id": "sg-703bf2694bdf82ed0",
            "security_group_rule_id": "sgr-07406d6609be40f56",
            "self": false,
            "source_security_group_id": null,
            "timeouts": null,
            "to_port": 3268,
            "type": "egress"
          },
          "sensitive_attributes": [],
          "private": "eyJlMmJmYjczMC1lY2FhLTExZTYtOGY4OC0zNDM2M2JjN2M0YzAiOnsiY3JlYXRlIjozMDAwMDAwMDAwMDB9LCJzY2hlbWFfdmVyc2lvbiI6IjIifQ==",
          "dependencies": [
            "data.terraform_remote_state.fabric",
            "module.security.module.security_group.aws_security_group.this"
          ]
        },
        {
          "index_key": 151,
          "schema_version": 2,
          "attributes": {
            "cidr_blocks": [
              "10.20.96.43/27"
            ],
            "description": "For access of SOE Active Directory",
            "from_port": 48001,
            "id": "sgrule-883352671",
            "ipv6_cidr_blocks": [],
            "prefix_list_ids": null,
            "protocol": "tcp",
            "security_group_id": "sg-703bf2694bdf82ed0",
            "security_group_rule_id": "sgr-0de3ffea4bec75016",
            "self": false,
            "source_security_group_id": null,
            "timeouts": null,
            "to_port": 48002,
            "type": "egress"
          },
          "sensitive_attributes": [],
          "private": "eyJlMmJmYjczMC1lY2FhLTExZTYtOGY4OC0zNDM2M2JjN2M0YzAiOnsiY3JlYXRlIjozMDAwMDAwMDAwMDB9LCJzY2hlbWFfdmVyc2lvbiI6IjIifQ==",
          "dependencies": [
            "data.terraform_remote_state.fabric",
            "module.security.module.security_group.aws_security_group.this"
          ]
        },
        {
          "index_key": 152,
          "schema_version": 2,
          "attributes": {
            "cidr_blocks": [
              "10.20.154.230/27"
            ],
            "description": "For access of SOE Active Directory",
            "from_port": 48001,
            "id": "sgrule-810759266",
            "ipv6_cidr_blocks": [],
            "prefix_list_ids": null,
            "protocol": "tcp",
            "security_group_id": "sg-703bf2694bdf82ed0",
            "security_group_rule_id": "sgr-0ecc3ee0b140a066c",
            "self": false,
            "source_security_group_id": null,
            "timeouts": null,
            "to_port": 48002,
            "type": "egress"
          },
          "sensitive_attributes": [],
          "private": "eyJlMmJmYjczMC1lY2FhLTExZTYtOGY4OC0zNDM2M2JjN2M0YzAiOnsiY3JlYXRlIjozMDAwMDAwMDAwMDB9LCJzY2hlbWFfdmVyc2lvbiI6IjIifQ==",
          "dependencies": [
            "data.terraform_remote_state.fabric",
            "module.security.module.security_group.aws_security_group.this"
          ]
        },
        {
          "index_key": 153,
          "schema_version": 2,
          "attributes": {
            "cidr_blocks": [
              "10.20.96.43/27"
            ],
            "description": "For access of SOE Active Directory",
            "from_port": 50000,
            "id": "sgrule-4059830136",
            "ipv6_cidr_blocks": [],
            "prefix_list_ids": null,
            "protocol": "tcp",
            "security_group_id": "sg-703bf2694bdf82ed0",
            "security_group_rule_id": "sgr-0df3a71974aa9c6af",
            "self": false,
            "source_security_group_id": null,
            "timeouts": null,
            "to_port": 55000,
            "type": "egress"
          },
          "sensitive_attributes": [],
          "private": "eyJlMmJmYjczMC1lY2FhLTExZTYtOGY4OC0zNDM2M2JjN2M0YzAiOnsiY3JlYXRlIjozMDAwMDAwMDAwMDB9LCJzY2hlbWFfdmVyc2lvbiI6IjIifQ==",
          "dependencies": [
            "data.terraform_remote_state.fabric",
            "module.security.module.security_group.aws_security_group.this"
          ]
        },
        {
          "index_key": 154,
          "schema_version": 2,
          "attributes": {
            "cidr_blocks": [
              "10.20.154.230/27"
            ],
            "description": "For access of SOE Active Directory",
            "from_port": 50000,
            "id": "sgrule-4111058757",
            "ipv6_cidr_blocks": [],
            "prefix_list_ids": null,
            "protocol": "tcp",
            "security_group_id": "sg-703bf2694bdf82ed0",
            "security_group_rule_id": "sgr-07082993a219adff9",
            "self": false,
            "source_security_group_id": null,
            "timeouts": null,
            "to_port": 55000,
            "type": "egress"
          },
          "sensitive_attributes": [],
          "private": "eyJlMmJmYjczMC1lY2FhLTExZTYtOGY4OC0zNDM2M2JjN2M0YzAiOnsiY3JlYXRlIjozMDAwMDAwMDAwMDB9LCJzY2hlbWFfdmVyc2lvbiI6IjIifQ==",
          "dependencies": [
            "data.terraform_remote_state.fabric",
            "module.security.module.security_group.aws_security_group.this"
          ]
        },
        {
          "index_key": 155,
          "schema_version": 2,
          "attributes": {
            "cidr_blocks": [
              "10.20.96.43/27"
            ],
            "description": "For access of SOE Active Directory",
            "from_port": 88,
            "id": "sgrule-4261935910",
            "ipv6_cidr_blocks": [],
            "prefix_list_ids": null,
            "protocol": "tcp",
            "security_group_id": "sg-4c9b120c417998692",
            "security_group_rule_id": "sgr-0c92fe0d900f78f34",
            "self": false,
            "source_security_group_id": null,
            "timeouts": null,
            "to_port": 88,
            "type": "egress"
          },
          "sensitive_attributes": [],
          "private": "eyJlMmJmYjczMC1lY2FhLTExZTYtOGY4OC0zNDM2M2JjN2M0YzAiOnsiY3JlYXRlIjozMDAwMDAwMDAwMDB9LCJzY2hlbWFfdmVyc2lvbiI6IjIifQ==",
          "dependencies": [
            "data.terraform_remote_state.fabric",
            "module.security.module.security_group.aws_security_group.this"
          ]
        },
        {
          "index_key": 156,
          "schema_version": 2,
          "attributes": {
            "cidr_blocks": [
              "10.20.154.230/27"
            ],
            "description": "For access of SOE Active Directory",
            "from_port": 88,
            "id": "sgrule-4210174747",
            "ipv6_cidr_blocks": [],
            "prefix_list_ids": null,
            "protocol": "tcp",
            "security_group_id": "sg-4c9b120c417998692",
            "security_group_rule_id": "sgr-0476a3ffc36ba23ae",
            "self": false,
            "source_security_group_id": null,
            "timeouts": null,
            "to_port": 88,
            "type": "egress"
          },
          "sensitive_attributes": [],
          "private": "eyJlMmJmYjczMC1lY2FhLTExZTYtOGY4OC0zNDM2M2JjN2M0YzAiOnsiY3JlYXRlIjozMDAwMDAwMDAwMDB9LCJzY2hlbWFfdmVyc2lvbiI6IjIifQ==",
          "dependencies": [
            "data.terraform_remote_state.fabric",
            "module.security.module.security_group.aws_security_group.this"
          ]
        },
        {
          "index_key": 157,
          "schema_version": 2,
          "attributes": {
            "cidr_blocks": [
              "10.20.96.43/27"
            ],
            "description": "For access of SOE Active Directory",
            "from_port": 135,
            "id": "sgrule-2094601152",
            "ipv6_cidr_blocks": [],
            "prefix_list_ids": null,
            "protocol": "tcp",
            "security_group_id": "sg-4c9b120c417998692",
            "security_group_rule_id": "sgr-0bd3565164d6d71ff",
            "self": false,
            "source_security_group_id": null,
            "timeouts": null,
            "to_port": 135,
            "type": "egress"
          },
          "sensitive_attributes": [],
          "private": "eyJlMmJmYjczMC1lY2FhLTExZTYtOGY4OC0zNDM2M2JjN2M0YzAiOnsiY3JlYXRlIjozMDAwMDAwMDAwMDB9LCJzY2hlbWFfdmVyc2lvbiI6IjIifQ==",
          "dependencies": [
            "data.terraform_remote_state.fabric",
            "module.security.module.security_group.aws_security_group.this"
          ]
        },
        {
          "index_key": 158,
          "schema_version": 2,
          "attributes": {
            "cidr_blocks": [
              "10.20.154.230/27"
            ],
            "description": "For access of SOE Active Directory",
            "from_port": 135,
            "id": "sgrule-2016199677",
            "ipv6_cidr_blocks": [],
            "prefix_list_ids": null,
            "protocol": "tcp",
            "security_group_id": "sg-4c9b120c417998692",
            "security_group_rule_id": "sgr-096de9a95ebc29a45",
            "self": false,
            "source_security_group_id": null,
            "timeouts": null,
            "to_port": 135,
            "type": "egress"
          },
          "sensitive_attributes": [],
          "private": "eyJlMmJmYjczMC1lY2FhLTExZTYtOGY4OC0zNDM2M2JjN2M0YzAiOnsiY3JlYXRlIjozMDAwMDAwMDAwMDB9LCJzY2hlbWFfdmVyc2lvbiI6IjIifQ==",
          "dependencies": [
            "data.terraform_remote_state.fabric",
            "module.security.module.security_group.aws_security_group.this"
          ]
        },
        {
          "index_key": 159,
          "schema_version": 2,
          "attributes": {
            "cidr_blocks": [
              "10.20.96.43/27"
            ],
            "description": "For access of SOE Active Directory",
            "from_port": 389,
            "id": "sgrule-3906788188",
            "ipv6_cidr_blocks": [],
            "prefix_list_ids": null,
            "protocol": "tcp",
            "security_group_id": "sg-4c9b120c417998692",
            "security_group_rule_id": "sgr-0d6ac55b2b9d320ff",
            "self": false,
            "source_security_group_id": null,
            "timeouts": null,
            "to_port": 389,
            "type": "egress"
          },
          "sensitive_attributes": [],
          "private": "eyJlMmJmYjczMC1lY2FhLTExZTYtOGY4OC0zNDM2M2JjN2M0YzAiOnsiY3JlYXRlIjozMDAwMDAwMDAwMDB9LCJzY2hlbWFfdmVyc2lvbiI6IjIifQ==",
          "dependencies": [
            "data.terraform_remote_state.fabric",
            "module.security.module.security_group.aws_security_group.this"
          ]
        },
        {
          "index_key": 160,
          "schema_version": 2,
          "attributes": {
            "cidr_blocks": [
              "10.20.154.230/27"
            ],
            "description": "For access of SOE Active Directory",
            "from_port": 389,
            "id": "sgrule-3962112865",
            "ipv6_cidr_blocks": [],
            "prefix_list_ids": null,
            "protocol": "tcp",
            "security_group_id": "sg-4c9b120c417998692",
            "security_group_rule_id": "sgr-0cc9576ed8984ec71",
            "self": false,
            "source_security_group_id": null,
            "timeouts": null,
            "to_port": 389,
            "type": "egress"
          },
          "sensitive_attributes": [],
          "private": "eyJlMmJmYjczMC1lY2FhLTExZTYtOGY4OC0zNDM2M2JjN2M0YzAiOnsiY3JlYXRlIjozMDAwMDAwMDAwMDB9LCJzY2hlbWFfdmVyc2lvbiI6IjIifQ==",
          "dependencies": [
            "data.terraform_remote_state.fabric",
            "module.security.module.security_group.aws_security_group.this"
          ]
        },
        {
          "index_key": 161,
          "schema_version": 2,
          "attributes": {
            "cidr_blocks": [
              "10.20.96.43/27"
            ],
            "description": "For access of SOE Active Directory",
            "from_port": 636,
            "id": "sgrule-4256498402",
            "ipv6_cidr_blocks": [],
            "prefix_list_ids": null,
            "protocol": "tcp",
            "security_group_id": "sg-4c9b120c417998692",
            "security_group_rule_id": "sgr-071825ae941b1a40f",
            "self": false,
            "source_security_group_id": null,
            "timeouts": null,
            "to_port": 636,
            "type": "egress"
          },
          "sensitive_attributes": [],
          "private": "eyJlMmJmYjczMC1lY2FhLTExZTYtOGY4OC0zNDM2M2JjN2M0YzAiOnsiY3JlYXRlIjozMDAwMDAwMDAwMDB9LCJzY2hlbWFfdmVyc2lvbiI6IjIifQ==",
          "dependencies": [
            "data.terraform_remote_state.fabric",
            "module.security.module.security_group.aws_security_group.this"
          ]
        },
        {
          "index_key": 162,
          "schema_version": 2,
          "attributes": {
            "cidr_blocks": [
              "10.20.154.230/27"
            ],
            "description": "For access of SOE Active Directory",
            "from_port": 636,
            "id": "sgrule-4181775071",
            "ipv6_cidr_blocks": [],
            "prefix_list_ids": null,
            "protocol": "tcp",
            "security_group_id": "sg-4c9b120c417998692",
            "security_group_rule_id": "sgr-0718c20177ccb3320",
            "self": false,
            "source_security_group_id": null,
            "timeouts": null,
            "to_port": 636,
            "type": "egress"
          },
          "sensitive_attributes": [],
          "private": "eyJlMmJmYjczMC1lY2FhLTExZTYtOGY4OC0zNDM2M2JjN2M0YzAiOnsiY3JlYXRlIjozMDAwMDAwMDAwMDB9LCJzY2hlbWFfdmVyc2lvbiI6IjIifQ==",
          "dependencies": [
            "data.terraform_remote_state.fabric",
            "module.security.module.security_group.aws_security_group.this"
          ]
        },
        {
          "index_key": 163,
          "schema_version": 2,
          "attributes": {
            "cidr_blocks": [
              "10.20.96.43/27"
            ],
            "description": "For access of SOE Active Directory",
            "from_port": 3268,
            "id": "sgrule-1951926443",
            "ipv6_cidr_blocks": [],
            "prefix_list_ids": null,
            "protocol": "tcp",
            "security_group_id": "sg-4c9b120c417998692",
            "security_group_rule_id": "sgr-0a885a89914c3bdf0",
            "self": false,
            "source_security_group_id": null,
            "timeouts": null,
            "to_port": 3268,
            "type": "egress"
          },
          "sensitive_attributes": [],
          "private": "eyJlMmJmYjczMC1lY2FhLTExZTYtOGY4OC0zNDM2M2JjN2M0YzAiOnsiY3JlYXRlIjozMDAwMDAwMDAwMDB9LCJzY2hlbWFfdmVyc2lvbiI6IjIifQ==",
          "dependencies": [
            "data.terraform_remote_state.fabric",
            "module.security.module.security_group.aws_security_group.this"
          ]
        },
        {
          "index_key": 164,
          "schema_version": 2,
          "attributes": {
            "cidr_blocks": [
              "10.20.154.230/27"
            ],
            "description": "For access of SOE Active Directory",
            "from_port": 3268,
            "id": "sgrule-1890441366",
            "ipv6_cidr_blocks": [],
            "prefix_list_ids": null,
            "protocol": "tcp",
            "security_group_id": "sg-4c9b120c417998692",
            "security_group_rule_id": "sgr-04f7a42eb739ea7ef",
            "self": false,
            "source_security_group_id": null,
            "timeouts": null,
            "to_port": 3268,
            "type": "egress"
          },
          "sensitive_attributes": [],
          "private": "eyJlMmJmYjczMC1lY2FhLTExZTYtOGY4OC0zNDM2M2JjN2M0YzAiOnsiY3JlYXRlIjozMDAwMDAwMDAwMDB9LCJzY2hlbWFfdmVyc2lvbiI6IjIifQ==",
          "dependencies": [
            "data.terraform_remote_state.fabric",
            "module.security.module.security_group.aws_security_group.this"
          ]
        },
        {
          "index_key": 165,
          "schema_version": 2,
          "attributes": {
            "cidr_blocks": [
              "10.20.96.43/27"
            ],
            "description": "For access of SOE Active Directory",
            "from_port": 48001,
            "id": "sgrule-3262048885",
            "ipv6_cidr_blocks": [],
            "prefix_list_ids": null,
            "protocol": "tcp",
            "security_group_id": "sg-4c9b120c417998692",
            "security_group_rule_id": "sgr-09e81de28dd6874e4",
            "self": false,
            "source_security_group_id": null,
            "timeouts": null,
            "to_port": 48002,
            "type": "egress"
          },
          "sensitive_attributes": [],
          "private": "eyJlMmJmYjczMC1lY2FhLTExZTYtOGY4OC0zNDM2M2JjN2M0YzAiOnsiY3JlYXRlIjozMDAwMDAwMDAwMDB9LCJzY2hlbWFfdmVyc2lvbiI6IjIifQ==",
          "dependencies": [
            "data.terraform_remote_state.fabric",
            "module.security.module.security_group.aws_security_group.this"
          ]
        },
        {
          "index_key": 166,
          "schema_version": 2,
          "attributes": {
            "cidr_blocks": [
              "10.20.154.230/27"
            ],
            "description": "For access of SOE Active Directory",
            "from_port": 48001,
            "id": "sgrule-3332061768",
            "ipv6_cidr_blocks": [],
            "prefix_list_ids": null,
            "protocol": "tcp",
            "security_group_id": "sg-4c9b120c417998692",
            "security_group_rule_id": "sgr-0b89f3860c48c43de",
            "self": false,
            "source_security_group_id": null,
            "timeouts": null,
            "to_port": 48002,
            "type": "egress"
          },
          "sensitive_attributes": [],
          "private": "eyJlMmJmYjczMC1lY2FhLTExZTYtOGY4OC0zNDM2M2JjN2M0YzAiOnsiY3JlYXRlIjozMDAwMDAwMDAwMDB9LCJzY2hlbWFfdmVyc2lvbiI6IjIifQ==",
          "dependencies": [
            "data.terraform_remote_state.fabric",
            "module.security.module.security_group.aws_security_group.this"
          ]
        },
        {
          "index_key": 167,
          "schema_version": 2,
          "attributes": {
            "cidr_blocks": [
              "10.20.96.43/27"
            ],
            "description": "For access of SOE Active Directory",
            "from_port": 50000,
            "id": "sgrule-120854866",
            "ipv6_cidr_blocks": [],
            "prefix_list_ids": null,
            "protocol": "tcp",
            "security_group_id": "sg-4c9b120c417998692",
            "security_group_rule_id": "sgr-0a5994f3991205d96",
            "self": false,
            "source_security_group_id": null,
            "timeouts": null,
            "to_port": 55000,
            "type": "egress"
          },
          "sensitive_attributes": [],
          "private": "eyJlMmJmYjczMC1lY2FhLTExZTYtOGY4OC0zNDM2M2JjN2M0YzAiOnsiY3JlYXRlIjozMDAwMDAwMDAwMDB9LCJzY2hlbWFfdmVyc2lvbiI6IjIifQ==",
          "dependencies": [
            "data.terraform_remote_state.fabric",
            "module.security.module.security_group.aws_security_group.this"
          ]
        },
        {
          "index_key": 168,
          "schema_version": 2,
          "attributes": {
            "cidr_blocks": [
              "10.20.154.230/27"
            ],
            "description": "For access of SOE Active Directory",
            "from_port": 50000,
            "id": "sgrule-63031663",
            "ipv6_cidr_blocks": [],
            "prefix_list_ids": null,
            "protocol": "tcp",
            "security_group_id": "sg-4c9b120c417998692",
            "security_group_rule_id": "sgr-09c944a8436d29a4b",
            "self": false,
            "source_security_group_id": null,
            "timeouts": null,
            "to_port": 55000,
            "type": "egress"
          },
          "sensitive_attributes": [],
          "private": "eyJlMmJmYjczMC1lY2FhLTExZTYtOGY4OC0zNDM2M2JjN2M0YzAiOnsiY3JlYXRlIjozMDAwMDAwMDAwMDB9LCJzY2hlbWFfdmVyc2lvbiI6IjIifQ==",
          "dependencies": [
            "data.terraform_remote_state.fabric",
            "module.security.module.security_group.aws_security_group.this"
          ]
        },
        {
          "index_key": 169,
          "schema_version": 2,
          "attributes": {
            "cidr_blocks": [
              "10.20.203.19"
            ],
            "description": "Allow to SOE for DNS",
            "from_port": 53,
            "id": "sgrule-738900428",
            "ipv6_cidr_blocks": [],
            "prefix_list_ids": null,
            "protocol": "tcp",
            "security_group_id": "sg-a14e1807ea7d32a83",
            "security_group_rule_id": "sgr-0a3a102ecb90a6025",
            "self": false,
            "source_security_group_id": null,
            "timeouts": null,
            "to_port": 53,
            "type": "egress"
          },
          "sensitive_attributes": [],
          "private": "eyJlMmJmYjczMC1lY2FhLTExZTYtOGY4OC0zNDM2M2JjN2M0YzAiOnsiY3JlYXRlIjozMDAwMDAwMDAwMDB9LCJzY2hlbWFfdmVyc2lvbiI6IjIifQ==",
          "dependencies": [
            "data.terraform_remote_state.fabric",
            "module.security.module.security_group.aws_security_group.this"
          ]
        },
        {
          "index_key": 170,
          "schema_version": 2,
          "attributes": {
            "cidr_blocks": [
              "10.20.203.19"
            ],
            "description": "Allow to SOE for DNS",
            "from_port": 53,
            "id": "sgrule-2588268971",
            "ipv6_cidr_blocks": [],
            "prefix_list_ids": null,
            "protocol": "udp",
            "security_group_id": "sg-a14e1807ea7d32a83",
            "security_group_rule_id": "sgr-0af24227f938b294d",
            "self": false,
            "source_security_group_id": null,
            "timeouts": null,
            "to_port": 53,
            "type": "egress"
          },
          "sensitive_attributes": [],
          "private": "eyJlMmJmYjczMC1lY2FhLTExZTYtOGY4OC0zNDM2M2JjN2M0YzAiOnsiY3JlYXRlIjozMDAwMDAwMDAwMDB9LCJzY2hlbWFfdmVyc2lvbiI6IjIifQ==",
          "dependencies": [
            "data.terraform_remote_state.fabric",
            "module.security.module.security_group.aws_security_group.this"
          ]
        },
        {
          "index_key": 171,
          "schema_version": 2,
          "attributes": {
            "cidr_blocks": [
              "10.20.203.19"
            ],
            "description": "Allow to SOE for DNS",
            "from_port": 53,
            "id": "sgrule-2405479425",
            "ipv6_cidr_blocks": [],
            "prefix_list_ids": null,
            "protocol": "tcp",
            "security_group_id": "sg-cb5968f5ba1ad50e8",
            "security_group_rule_id": "sgr-00c484cda446ba36f",
            "self": false,
            "source_security_group_id": null,
            "timeouts": null,
            "to_port": 53,
            "type": "egress"
          },
          "sensitive_attributes": [],
          "private": "eyJlMmJmYjczMC1lY2FhLTExZTYtOGY4OC0zNDM2M2JjN2M0YzAiOnsiY3JlYXRlIjozMDAwMDAwMDAwMDB9LCJzY2hlbWFfdmVyc2lvbiI6IjIifQ==",
          "dependencies": [
            "data.terraform_remote_state.fabric",
            "module.security.module.security_group.aws_security_group.this"
          ]
        },
        {
          "index_key": 172,
          "schema_version": 2,
          "attributes": {
            "cidr_blocks": [
              "10.20.203.19"
            ],
            "description": "Allow to SOE for DNS",
            "from_port": 53,
            "id": "sgrule-959435878",
            "ipv6_cidr_blocks": [],
            "prefix_list_ids": null,
            "protocol": "udp",
            "security_group_id": "sg-cb5968f5ba1ad50e8",
            "security_group_rule_id": "sgr-0e71a27216208c38d",
            "self": false,
            "source_security_group_id": null,
            "timeouts": null,
            "to_port": 53,
            "type": "egress"
          },
          "sensitive_attributes": [],
          "private": "eyJlMmJmYjczMC1lY2FhLTExZTYtOGY4OC0zNDM2M2JjN2M0YzAiOnsiY3JlYXRlIjozMDAwMDAwMDAwMDB9LCJzY2hlbWFfdmVyc2lvbiI6IjIifQ==",
          "dependencies": [
            "data.terraform_remote_state.fabric",
            "module.security.module.security_group.aws_security_group.this"
          ]
        },
        {
          "index_key": 173,
          "schema_version": 2,
          "attributes": {
            "cidr_blocks": [
              "10.20.203.19"
            ],
            "description": "Allow to SOE for DNS",
            "from_port": 53,
            "id": "sgrule-1468241065",
            "ipv6_cidr_blocks": [],
            "prefix_list_ids": null,
            "protocol": "tcp",
            "security_group_id": "sg-08b9a430cb789f96c",
            "security_group_rule_id": "sgr-01d8ee399b1927ba9",
            "self": false,
            "source_security_group_id": null,
            "timeouts": null,
            "to_port": 53,
            "type": "egress"
          },
          "sensitive_attributes": [],
          "private": "eyJlMmJmYjczMC1lY2FhLTExZTYtOGY4OC0zNDM2M2JjN2M0YzAiOnsiY3JlYXRlIjozMDAwMDAwMDAwMDB9LCJzY2hlbWFfdmVyc2lvbiI6IjIifQ==",
          "dependencies": [
            "data.terraform_remote_state.fabric",
            "module.security.module.security_group.aws_security_group.this"
          ]
        },
        {
          "index_key": 174,
          "schema_version": 2,
          "attributes": {
            "cidr_blocks": [
              "10.20.203.19"
            ],
            "description": "Allow to SOE for DNS",
            "from_port": 53,
            "id": "sgrule-3788305614",
            "ipv6_cidr_blocks": [],
            "prefix_list_ids": null,
            "protocol": "udp",
            "security_group_id": "sg-08b9a430cb789f96c",
            "security_group_rule_id": "sgr-0dc578911436194cf",
            "self": false,
            "source_security_group_id": null,
            "timeouts": null,
            "to_port": 53,
            "type": "egress"
          },
          "sensitive_attributes": [],
          "private": "eyJlMmJmYjczMC1lY2FhLTExZTYtOGY4OC0zNDM2M2JjN2M0YzAiOnsiY3JlYXRlIjozMDAwMDAwMDAwMDB9LCJzY2hlbWFfdmVyc2lvbiI6IjIifQ==",
          "dependencies": [
            "data.terraform_remote_state.fabric",
            "module.security.module.security_group.aws_security_group.this"
          ]
        },
        {
          "index_key": 175,
          "schema_version": 2,
          "attributes": {
            "cidr_blocks": [
              "10.20.203.19"
            ],
            "description": "Allow to SOE for DNS",
            "from_port": 53,
            "id": "sgrule-1704457077",
            "ipv6_cidr_blocks": [],
            "prefix_list_ids": null,
            "protocol": "tcp",
            "security_group_id": "sg-f1e22e496da168c30",
            "security_group_rule_id": "sgr-050dd971e70075cf6",
            "self": false,
            "source_security_group_id": null,
            "timeouts": null,
            "to_port": 53,
            "type": "egress"
          },
          "sensitive_attributes": [],
          "private": "eyJlMmJmYjczMC1lY2FhLTExZTYtOGY4OC0zNDM2M2JjN2M0YzAiOnsiY3JlYXRlIjozMDAwMDAwMDAwMDB9LCJzY2hlbWFfdmVyc2lvbiI6IjIifQ==",
          "dependencies": [
            "data.terraform_remote_state.fabric",
            "module.security.module.security_group.aws_security_group.this"
          ]
        },
        {
          "index_key": 176,
          "schema_version": 2,
          "attributes": {
            "cidr_blocks": [
              "10.20.203.19"
            ],
            "description": "Allow to SOE for DNS",
            "from_port": 53,
            "id": "sgrule-3554186002",
            "ipv6_cidr_blocks": [],
            "prefix_list_ids": null,
            "protocol": "udp",
            "security_group_id": "sg-f1e22e496da168c30",
            "security_group_rule_id": "sgr-032903e2db9eedc58",
            "self": false,
            "source_security_group_id": null,
            "timeouts": null,
            "to_port": 53,
            "type": "egress"
          },
          "sensitive_attributes": [],
          "private": "eyJlMmJmYjczMC1lY2FhLTExZTYtOGY4OC0zNDM2M2JjN2M0YzAiOnsiY3JlYXRlIjozMDAwMDAwMDAwMDB9LCJzY2hlbWFfdmVyc2lvbiI6IjIifQ==",
          "dependencies": [
            "data.terraform_remote_state.fabric",
            "module.security.module.security_group.aws_security_group.this"
          ]
        },
        {
          "index_key": 177,
          "schema_version": 2,
          "attributes": {
            "cidr_blocks": [
              "10.20.203.19"
            ],
            "description": "Allow to SOE for DNS",
            "from_port": 53,
            "id": "sgrule-2813037600",
            "ipv6_cidr_blocks": [],
            "prefix_list_ids": null,
            "protocol": "tcp",
            "security_group_id": "sg-703bf2694bdf82ed0",
            "security_group_rule_id": "sgr-01e58659b36f07913",
            "self": false,
            "source_security_group_id": null,
            "timeouts": null,
            "to_port": 53,
            "type": "egress"
          },
          "sensitive_attributes": [],
          "private": "eyJlMmJmYjczMC1lY2FhLTExZTYtOGY4OC0zNDM2M2JjN2M0YzAiOnsiY3JlYXRlIjozMDAwMDAwMDAwMDB9LCJzY2hlbWFfdmVyc2lvbiI6IjIifQ==",
          "dependencies": [
            "data.terraform_remote_state.fabric",
            "module.security.module.security_group.aws_security_group.this"
          ]
        },
        {
          "index_key": 178,
          "schema_version": 2,
          "attributes": {
            "cidr_blocks": [
              "10.20.203.19"
            ],
            "description": "Allow to SOE for DNS",
            "from_port": 53,
            "id": "sgrule-300215367",
            "ipv6_cidr_blocks": [],
            "prefix_list_ids": null,
            "protocol": "udp",
            "security_group_id": "sg-703bf2694bdf82ed0",
            "security_group_rule_id": "sgr-025d7febd98f63b5b",
            "self": false,
            "source_security_group_id": null,
            "timeouts": null,
            "to_port": 53,
            "type": "egress"
          },
          "sensitive_attributes": [],
          "private": "eyJlMmJmYjczMC1lY2FhLTExZTYtOGY4OC0zNDM2M2JjN2M0YzAiOnsiY3JlYXRlIjozMDAwMDAwMDAwMDB9LCJzY2hlbWFfdmVyc2lvbiI6IjIifQ==",
          "dependencies": [
            "data.terraform_remote_state.fabric",
            "module.security.module.security_group.aws_security_group.this"
          ]
        },
        {
          "index_key": 179,
          "schema_version": 2,
          "attributes": {
            "cidr_blocks": [
              "10.20.203.19"
            ],
            "description": "Allow to SOE for DNS",
            "from_port": 53,
            "id": "sgrule-279279606",
            "ipv6_cidr_blocks": [],
            "prefix_list_ids": null,
            "protocol": "tcp",
            "security_group_id": "sg-4c9b120c417998692",
            "security_group_rule_id": "sgr-0c38e78a670ab0e0a",
            "self": false,
            "source_security_group_id": null,
            "timeouts": null,
            "to_port": 53,
            "type": "egress"
          },
          "sensitive_attributes": [],
          "private": "eyJlMmJmYjczMC1lY2FhLTExZTYtOGY4OC0zNDM2M2JjN2M0YzAiOnsiY3JlYXRlIjozMDAwMDAwMDAwMDB9LCJzY2hlbWFfdmVyc2lvbiI6IjIifQ==",
          "dependencies": [
            "data.terraform_remote_state.fabric",
            "module.security.module.security_group.aws_security_group.this"
          ]
        },
        {
          "index_key": 180,
          "schema_version": 2,
          "attributes": {
            "cidr_blocks": [
              "10.20.203.19"
            ],
            "description": "Allow to SOE for DNS",
            "from_port": 53,
            "id": "sgrule-2800359313",
            "ipv6_cidr_blocks": [],
            "prefix_list_ids": null,
            "protocol": "udp",
            "security_group_id": "sg-4c9b120c417998692",
            "security_group_rule_id": "sgr-099411c33a17ba3d4",
            "self": false,
            "source_security_group_id": null,
            "timeouts": null,
            "to_port": 53,
            "type": "egress"
          },
          "sensitive_attributes": [],
          "private": "eyJlMmJmYjczMC1lY2FhLTExZTYtOGY4OC0zNDM2M2JjN2M0YzAiOnsiY3JlYXRlIjozMDAwMDAwMDAwMDB9LCJzY2hlbWFfdmVyc2lvbiI6IjIifQ==",
          "dependencies": [
            "data.terraform_remote_state.fabric",
            "module.security.module.security_group.aws_security_group.this"
          ]
        },
        {
          "index_key": 181,
          "schema_version": 2,
          "attributes": {
            "cidr_blocks": [
              "10.20.37.75"
            ],
            "description": "Allow to SOE for DNS",
            "from_port": 53,
            "id": "sgrule-1952841741",
            "ipv6_cidr_blocks": [],
            "prefix_list_ids": null,
            "protocol": "tcp",
            "security_group_id": "sg-a14e1807ea7d32a83",
            "security_group_rule_id": "sgr-0a286c566f710bd43",
            "self": false,
            "source_security_group_id": null,
            "timeouts": null,
            "to_port": 53,
            "type": "egress"
          },
          "sensitive_attributes": [],
          "private": "eyJlMmJmYjczMC1lY2FhLTExZTYtOGY4OC0zNDM2M2JjN2M0YzAiOnsiY3JlYXRlIjozMDAwMDAwMDAwMDB9LCJzY2hlbWFfdmVyc2lvbiI6IjIifQ==",
          "dependencies": [
            "data.terraform_remote_state.fabric",
            "module.security.module.security_group.aws_security_group.this"
          ]
        },
        {
          "index_key": 182,
          "schema_version": 2,
          "attributes": {
            "cidr_blocks": [
              "10.20.37.75"
            ],
            "description": "Allow to SOE for DNS",
            "from_port": 53,
            "id": "sgrule-3257491562",
            "ipv6_cidr_blocks": [],
            "prefix_list_ids": null,
            "protocol": "udp",
            "security_group_id": "sg-a14e1807ea7d32a83",
            "security_group_rule_id": "sgr-022cb357aa30dc4c8",
            "self": false,
            "source_security_group_id": null,
            "timeouts": null,
            "to_port": 53,
            "type": "egress"
          },
          "sensitive_attributes": [],
          "private": "eyJlMmJmYjczMC1lY2FhLTExZTYtOGY4OC0zNDM2M2JjN2M0YzAiOnsiY3JlYXRlIjozMDAwMDAwMDAwMDB9LCJzY2hlbWFfdmVyc2lvbiI6IjIifQ==",
          "dependencies": [
            "data.terraform_remote_state.fabric",
            "module.security.module.security_group.aws_security_group.this"
          ]
        },
        {
          "index_key": 183,
          "schema_version": 2,
          "attributes": {
            "cidr_blocks": [
              "10.20.37.75"
            ],
            "description": "Allow to SOE for DNS",
            "from_port": 53,
            "id": "sgrule-3607891392",
            "ipv6_cidr_blocks": [],
            "prefix_list_ids": null,
            "protocol": "tcp",
            "security_group_id": "sg-cb5968f5ba1ad50e8",
            "security_group_rule_id": "sgr-010950559211f0748",
            "self": false,
            "source_security_group_id": null,
            "timeouts": null,
            "to_port": 53,
            "type": "egress"
          },
          "sensitive_attributes": [],
          "private": "eyJlMmJmYjczMC1lY2FhLTExZTYtOGY4OC0zNDM2M2JjN2M0YzAiOnsiY3JlYXRlIjozMDAwMDAwMDAwMDB9LCJzY2hlbWFfdmVyc2lvbiI6IjIifQ==",
          "dependencies": [
            "data.terraform_remote_state.fabric",
            "module.security.module.security_group.aws_security_group.this"
          ]
        },
        {
          "index_key": 184,
          "schema_version": 2,
          "attributes": {
            "cidr_blocks": [
              "10.20.37.75"
            ],
            "description": "Allow to SOE for DNS",
            "from_port": 53,
            "id": "sgrule-1631808935",
            "ipv6_cidr_blocks": [],
            "prefix_list_ids": null,
            "protocol": "udp",
            "security_group_id": "sg-cb5968f5ba1ad50e8",
            "security_group_rule_id": "sgr-014660a50e90c0d67",
            "self": false,
            "source_security_group_id": null,
            "timeouts": null,
            "to_port": 53,
            "type": "egress"
          },
          "sensitive_attributes": [],
          "private": "eyJlMmJmYjczMC1lY2FhLTExZTYtOGY4OC0zNDM2M2JjN2M0YzAiOnsiY3JlYXRlIjozMDAwMDAwMDAwMDB9LCJzY2hlbWFfdmVyc2lvbiI6IjIifQ==",
          "dependencies": [
            "data.terraform_remote_state.fabric",
            "module.security.module.security_group.aws_security_group.this"
          ]
        },
        {
          "index_key": 185,
          "schema_version": 2,
          "attributes": {
            "cidr_blocks": [
              "10.20.37.75"
            ],
            "description": "Allow to SOE for DNS",
            "from_port": 53,
            "id": "sgrule-267332968",
            "ipv6_cidr_blocks": [],
            "prefix_list_ids": null,
            "protocol": "tcp",
            "security_group_id": "sg-08b9a430cb789f96c",
            "security_group_rule_id": "sgr-0b512980e13aa2757",
            "self": false,
            "source_security_group_id": null,
            "timeouts": null,
            "to_port": 53,
            "type": "egress"
          },
          "sensitive_attributes": [],
          "private": "eyJlMmJmYjczMC1lY2FhLTExZTYtOGY4OC0zNDM2M2JjN2M0YzAiOnsiY3JlYXRlIjozMDAwMDAwMDAwMDB9LCJzY2hlbWFfdmVyc2lvbiI6IjIifQ==",
          "dependencies": [
            "data.terraform_remote_state.fabric",
            "module.security.module.security_group.aws_security_group.this"
          ]
        },
        {
          "index_key": 186,
          "schema_version": 2,
          "attributes": {
            "cidr_blocks": [
              "10.20.37.75"
            ],
            "description": "Allow to SOE for DNS",
            "from_port": 53,
            "id": "sgrule-3114290447",
            "ipv6_cidr_blocks": [],
            "prefix_list_ids": null,
            "protocol": "udp",
            "security_group_id": "sg-08b9a430cb789f96c",
            "security_group_rule_id": "sgr-0b6fa09053c94473a",
            "self": false,
            "source_security_group_id": null,
            "timeouts": null,
            "to_port": 53,
            "type": "egress"
          },
          "sensitive_attributes": [],
          "private": "eyJlMmJmYjczMC1lY2FhLTExZTYtOGY4OC0zNDM2M2JjN2M0YzAiOnsiY3JlYXRlIjozMDAwMDAwMDAwMDB9LCJzY2hlbWFfdmVyc2lvbiI6IjIifQ==",
          "dependencies": [
            "data.terraform_remote_state.fabric",
            "module.security.module.security_group.aws_security_group.this"
          ]
        },
        {
          "index_key": 187,
          "schema_version": 2,
          "attributes": {
            "cidr_blocks": [
              "10.20.37.75"
            ],
            "description": "Allow to SOE for DNS",
            "from_port": 53,
            "id": "sgrule-1039878836",
            "ipv6_cidr_blocks": [],
            "prefix_list_ids": null,
            "protocol": "tcp",
            "security_group_id": "sg-f1e22e496da168c30",
            "security_group_rule_id": "sgr-091264236ce844fa6",
            "self": false,
            "source_security_group_id": null,
            "timeouts": null,
            "to_port": 53,
            "type": "egress"
          },
          "sensitive_attributes": [],
          "private": "eyJlMmJmYjczMC1lY2FhLTExZTYtOGY4OC0zNDM2M2JjN2M0YzAiOnsiY3JlYXRlIjozMDAwMDAwMDAwMDB9LCJzY2hlbWFfdmVyc2lvbiI6IjIifQ==",
          "dependencies": [
            "data.terraform_remote_state.fabric",
            "module.security.module.security_group.aws_security_group.this"
          ]
        },
        {
          "index_key": 188,
          "schema_version": 2,
          "attributes": {
            "cidr_blocks": [
              "10.20.37.75"
            ],
            "description": "Allow to SOE for DNS",
            "from_port": 53,
            "id": "sgrule-2343840467",
            "ipv6_cidr_blocks": [],
            "prefix_list_ids": null,
            "protocol": "udp",
            "security_group_id": "sg-f1e22e496da168c30",
            "security_group_rule_id": "sgr-01b829761416890c2",
            "self": false,
            "source_security_group_id": null,
            "timeouts": null,
            "to_port": 53,
            "type": "egress"
          },
          "sensitive_attributes": [],
          "private": "eyJlMmJmYjczMC1lY2FhLTExZTYtOGY4OC0zNDM2M2JjN2M0YzAiOnsiY3JlYXRlIjozMDAwMDAwMDAwMDB9LCJzY2hlbWFfdmVyc2lvbiI6IjIifQ==",
          "dependencies": [
            "data.terraform_remote_state.fabric",
            "module.security.module.security_group.aws_security_group.this"
          ]
        },
        {
          "index_key": 189,
          "schema_version": 2,
          "attributes": {
            "cidr_blocks": [
              "10.20.37.75"
            ],
            "description": "Allow to SOE for DNS",
            "from_port": 53,
            "id": "sgrule-4291245537",
            "ipv6_cidr_blocks": [],
            "prefix_list_ids": null,
            "protocol": "tcp",
            "security_group_id": "sg-703bf2694bdf82ed0",
            "security_group_rule_id": "sgr-008dd3629930b3c29",
            "self": false,
            "source_security_group_id": null,
            "timeouts": null,
            "to_port": 53,
            "type": "egress"
          },
          "sensitive_attributes": [],
          "private": "eyJlMmJmYjczMC1lY2FhLTExZTYtOGY4OC0zNDM2M2JjN2M0YzAiOnsiY3JlYXRlIjozMDAwMDAwMDAwMDB9LCJzY2hlbWFfdmVyc2lvbiI6IjIifQ==",
          "dependencies": [
            "data.terraform_remote_state.fabric",
            "module.security.module.security_group.aws_security_group.this"
          ]
        },
        {
          "index_key": 190,
          "schema_version": 2,
          "attributes": {
            "cidr_blocks": [
              "10.20.37.75"
            ],
            "description": "Allow to SOE for DNS",
            "from_port": 53,
            "id": "sgrule-1233671558",
            "ipv6_cidr_blocks": [],
            "prefix_list_ids": null,
            "protocol": "udp",
            "security_group_id": "sg-703bf2694bdf82ed0",
            "security_group_rule_id": "sgr-0e86e6d1edabc626c",
            "self": false,
            "source_security_group_id": null,
            "timeouts": null,
            "to_port": 53,
            "type": "egress"
          },
          "sensitive_attributes": [],
          "private": "eyJlMmJmYjczMC1lY2FhLTExZTYtOGY4OC0zNDM2M2JjN2M0YzAiOnsiY3JlYXRlIjozMDAwMDAwMDAwMDB9LCJzY2hlbWFfdmVyc2lvbiI6IjIifQ==",
          "dependencies": [
            "data.terraform_remote_state.fabric",
            "module.security.module.security_group.aws_security_group.this"
          ]
        },
        {
          "index_key": 191,
          "schema_version": 2,
          "attributes": {
            "cidr_blocks": [
              "10.20.37.75"
            ],
            "description": "Allow to SOE for DNS",
            "from_port": 53,
            "id": "sgrule-1221185079",
            "ipv6_cidr_blocks": [],
            "prefix_list_ids": null,
            "protocol": "tcp",
            "security_group_id": "sg-4c9b120c417998692",
            "security_group_rule_id": "sgr-022320aaea405755a",
            "self": false,
            "source_security_group_id": null,
            "timeouts": null,
            "to_port": 53,
            "type": "egress"
          },
          "sensitive_attributes": [],
          "private": "eyJlMmJmYjczMC1lY2FhLTExZTYtOGY4OC0zNDM2M2JjN2M0YzAiOnsiY3JlYXRlIjozMDAwMDAwMDAwMDB9LCJzY2hlbWFfdmVyc2lvbiI6IjIifQ==",
          "dependencies": [
            "data.terraform_remote_state.fabric",
            "module.security.module.security_group.aws_security_group.this"
          ]
        },
        {
          "index_key": 192,
          "schema_version": 2,
          "attributes": {
            "cidr_blocks": [
              "10.20.37.75"
            ],
            "description": "Allow to SOE for DNS",
            "from_port": 53,
            "id": "sgrule-4270239312",
            "ipv6_cidr_blocks": [],
            "prefix_list_ids": null,
            "protocol": "udp",
            "security_group_id": "sg-4c9b120c417998692",
            "security_group_rule_id": "sgr-0b12978f1a628b8e6",
            "self": false,
            "source_security_group_id": null,
            "timeouts": null,
            "to_port": 53,
            "type": "egress"
          },
          "sensitive_attributes": [],
          "private": "eyJlMmJmYjczMC1lY2FhLTExZTYtOGY4OC0zNDM2M2JjN2M0YzAiOnsiY3JlYXRlIjozMDAwMDAwMDAwMDB9LCJzY2hlbWFfdmVyc2lvbiI6IjIifQ==",
          "dependencies": [
            "data.terraform_remote_state.fabric",
            "module.security.module.security_group.aws_security_group.this"
          ]
        },
        {
          "index_key": 193,
          "schema_version": 2,
          "attributes": {
            "cidr_blocks": [
              "10.20.52.84"
            ],
            "description": "from XXXX intranet portal server",
            "from_port": 443,
            "id": "sgrule-1359056648",
            "ipv6_cidr_blocks": [],
            "prefix_list_ids": null,
            "protocol": "tcp",
            "security_group_id": "sg-40ce930f842de3d88",
            "security_group_rule_id": "sgr-093a132e3fcde49ac",
            "self": false,
            "source_security_group_id": null,
            "timeouts": null,
            "to_port": 443,
            "type": "ingress"
          },
          "sensitive_attributes": [],
          "private": "eyJlMmJmYjczMC1lY2FhLTExZTYtOGY4OC0zNDM2M2JjN2M0YzAiOnsiY3JlYXRlIjozMDAwMDAwMDAwMDB9LCJzY2hlbWFfdmVyc2lvbiI6IjIifQ==",
          "dependencies": [
            "data.terraform_remote_state.fabric",
            "module.security.module.security_group.aws_security_group.this"
          ]
        },
        {
          "index_key": 194,
          "schema_version": 2,
          "attributes": {
            "cidr_blocks": [
              "10.20.47.10/16"
            ],
            "description": "from xxxx lan",
            "from_port": 443,
            "id": "sgrule-2619947042",
            "ipv6_cidr_blocks": [],
            "prefix_list_ids": null,
            "protocol": "tcp",
            "security_group_id": "sg-40ce930f842de3d88",
            "security_group_rule_id": "sgr-084079dd9b079775a",
            "self": false,
            "source_security_group_id": null,
            "timeouts": null,
            "to_port": 443,
            "type": "ingress"
          },
          "sensitive_attributes": [],
          "private": "eyJlMmJmYjczMC1lY2FhLTExZTYtOGY4OC0zNDM2M2JjN2M0YzAiOnsiY3JlYXRlIjozMDAwMDAwMDAwMDB9LCJzY2hlbWFfdmVyc2lvbiI6IjIifQ==",
          "dependencies": [
            "data.terraform_remote_state.fabric",
            "module.security.module.security_group.aws_security_group.this"
          ]
        },
        {
          "index_key": 195,
          "schema_version": 2,
          "attributes": {
            "cidr_blocks": [
              "10.20.168.90/20"
            ],
            "description": "from xxxx sg vpn",
            "from_port": 443,
            "id": "sgrule-3189058754",
            "ipv6_cidr_blocks": [],
            "prefix_list_ids": null,
            "protocol": "tcp",
            "security_group_id": "sg-40ce930f842de3d88",
            "security_group_rule_id": "sgr-0503b880696680699",
            "self": false,
            "source_security_group_id": null,
            "timeouts": null,
            "to_port": 443,
            "type": "ingress"
          },
          "sensitive_attributes": [],
          "private": "eyJlMmJmYjczMC1lY2FhLTExZTYtOGY4OC0zNDM2M2JjN2M0YzAiOnsiY3JlYXRlIjozMDAwMDAwMDAwMDB9LCJzY2hlbWFfdmVyc2lvbiI6IjIifQ==",
          "dependencies": [
            "data.terraform_remote_state.fabric",
            "module.security.module.security_group.aws_security_group.this"
          ]
        },
        {
          "index_key": 196,
          "schema_version": 2,
          "attributes": {
            "cidr_blocks": [
              "10.20.89.170/20"
            ],
            "description": "from xxxx sg vpn",
            "from_port": 443,
            "id": "sgrule-1993865040",
            "ipv6_cidr_blocks": [],
            "prefix_list_ids": null,
            "protocol": "tcp",
            "security_group_id": "sg-40ce930f842de3d88",
            "security_group_rule_id": "sgr-074d80baa777e9a46",
            "self": false,
            "source_security_group_id": null,
            "timeouts": null,
            "to_port": 443,
            "type": "ingress"
          },
          "sensitive_attributes": [],
          "private": "eyJlMmJmYjczMC1lY2FhLTExZTYtOGY4OC0zNDM2M2JjN2M0YzAiOnsiY3JlYXRlIjozMDAwMDAwMDAwMDB9LCJzY2hlbWFfdmVyc2lvbiI6IjIifQ==",
          "dependencies": [
            "data.terraform_remote_state.fabric",
            "module.security.module.security_group.aws_security_group.this"
          ]
        },
        {
          "index_key": 197,
          "schema_version": 2,
          "attributes": {
            "cidr_blocks": [
              "10.20.241.46/26"
            ],
            "description": "from xxxx sg vpn",
            "from_port": 443,
            "id": "sgrule-2410257449",
            "ipv6_cidr_blocks": [],
            "prefix_list_ids": null,
            "protocol": "tcp",
            "security_group_id": "sg-40ce930f842de3d88",
            "security_group_rule_id": "sgr-0d71a7a43dd84c314",
            "self": false,
            "source_security_group_id": null,
            "timeouts": null,
            "to_port": 443,
            "type": "ingress"
          },
          "sensitive_attributes": [],
          "private": "eyJlMmJmYjczMC1lY2FhLTExZTYtOGY4OC0zNDM2M2JjN2M0YzAiOnsiY3JlYXRlIjozMDAwMDAwMDAwMDB9LCJzY2hlbWFfdmVyc2lvbiI6IjIifQ==",
          "dependencies": [
            "data.terraform_remote_state.fabric",
            "module.security.module.security_group.aws_security_group.this"
          ]
        },
        {
          "index_key": 198,
          "schema_version": 2,
          "attributes": {
            "cidr_blocks": [
              "10.20.209.18/26"
            ],
            "description": "from xxxx sg vpn",
            "from_port": 443,
            "id": "sgrule-1721257783",
            "ipv6_cidr_blocks": [],
            "prefix_list_ids": null,
            "protocol": "tcp",
            "security_group_id": "sg-40ce930f842de3d88",
            "security_group_rule_id": "sgr-0e5e4d9a787fbcda3",
            "self": false,
            "source_security_group_id": null,
            "timeouts": null,
            "to_port": 443,
            "type": "ingress"
          },
          "sensitive_attributes": [],
          "private": "eyJlMmJmYjczMC1lY2FhLTExZTYtOGY4OC0zNDM2M2JjN2M0YzAiOnsiY3JlYXRlIjozMDAwMDAwMDAwMDB9LCJzY2hlbWFfdmVyc2lvbiI6IjIifQ==",
          "dependencies": [
            "data.terraform_remote_state.fabric",
            "module.security.module.security_group.aws_security_group.this"
          ]
        },
        {
          "index_key": 199,
          "schema_version": 2,
          "attributes": {
            "cidr_blocks": [
              "10.20.0.17/22"
            ],
            "description": "from xxxx GoMax User",
            "from_port": 443,
            "id": "sgrule-26907285",
            "ipv6_cidr_blocks": [],
            "prefix_list_ids": null,
            "protocol": "tcp",
            "security_group_id": "sg-40ce930f842de3d88",
            "security_group_rule_id": "sgr-00a336ca528edb78b",
            "self": false,
            "source_security_group_id": null,
            "timeouts": null,
            "to_port": 443,
            "type": "ingress"
          },
          "sensitive_attributes": [],
          "private": "eyJlMmJmYjczMC1lY2FhLTExZTYtOGY4OC0zNDM2M2JjN2M0YzAiOnsiY3JlYXRlIjozMDAwMDAwMDAwMDB9LCJzY2hlbWFfdmVyc2lvbiI6IjIifQ==",
          "dependencies": [
            "data.terraform_remote_state.fabric",
            "module.security.module.security_group.aws_security_group.this"
          ]
        },
        {
          "index_key": 200,
          "schema_version": 2,
          "attributes": {
            "cidr_blocks": [
              "10.20.237.174/22"
            ],
            "description": "from xxxx GoMax User",
            "from_port": 443,
            "id": "sgrule-3998808491",
            "ipv6_cidr_blocks": [],
            "prefix_list_ids": null,
            "protocol": "tcp",
            "security_group_id": "sg-40ce930f842de3d88",
            "security_group_rule_id": "sgr-0a0122a151fbdffa8",
            "self": false,
            "source_security_group_id": null,
            "timeouts": null,
            "to_port": 443,
            "type": "ingress"
          },
          "sensitive_attributes": [],
          "private": "eyJlMmJmYjczMC1lY2FhLTExZTYtOGY4OC0zNDM2M2JjN2M0YzAiOnsiY3JlYXRlIjozMDAwMDAwMDAwMDB9LCJzY2hlbWFfdmVyc2lvbiI6IjIifQ==",
          "dependencies": [
            "data.terraform_remote_state.fabric",
            "module.security.module.security_group.aws_security_group.this"
          ]
        },
        {
          "index_key": 201,
          "schema_version": 2,
          "attributes": {
            "cidr_blocks": [
              "10.20.239.165"
            ],
            "description": "from MHA to connect to XXXX",
            "from_port": 443,
            "id": "sgrule-2616731132",
            "ipv6_cidr_blocks": [],
            "prefix_list_ids": null,
            "protocol": "tcp",
            "security_group_id": "sg-40ce930f842de3d88",
            "security_group_rule_id": "sgr-060e2a026d50f79fb",
            "self": false,
            "source_security_group_id": null,
            "timeouts": null,
            "to_port": 443,
            "type": "ingress"
          },
          "sensitive_attributes": [],
          "private": "eyJlMmJmYjczMC1lY2FhLTExZTYtOGY4OC0zNDM2M2JjN2M0YzAiOnsiY3JlYXRlIjozMDAwMDAwMDAwMDB9LCJzY2hlbWFfdmVyc2lvbiI6IjIifQ==",
          "dependencies": [
            "data.terraform_remote_state.fabric",
            "module.security.module.security_group.aws_security_group.this"
          ]
        },
        {
          "index_key": 202,
          "schema_version": 2,
          "attributes": {
            "cidr_blocks": [
              "10.20.209.141"
            ],
            "description": "intranet forward proxy for XXXX intranet portal to reach common alb over wog",
            "from_port": 443,
            "id": "sgrule-2750889350",
            "ipv6_cidr_blocks": [],
            "prefix_list_ids": null,
            "protocol": "tcp",
            "security_group_id": "sg-40ce930f842de3d88",
            "security_group_rule_id": "sgr-03a1faf64c92a5586",
            "self": false,
            "source_security_group_id": null,
            "timeouts": null,
            "to_port": 443,
            "type": "ingress"
          },
          "sensitive_attributes": [],
          "private": "eyJlMmJmYjczMC1lY2FhLTExZTYtOGY4OC0zNDM2M2JjN2M0YzAiOnsiY3JlYXRlIjozMDAwMDAwMDAwMDB9LCJzY2hlbWFfdmVyc2lvbiI6IjIifQ==",
          "dependencies": [
            "data.terraform_remote_state.fabric",
            "module.security.module.security_group.aws_security_group.this"
          ]
        },
        {
          "index_key": 203,
          "schema_version": 2,
          "attributes": {
            "cidr_blocks": [
              "10.20.41.61/28"
            ],
            "description": "From XXXX Whitelisting",
            "from_port": 443,
            "id": "sgrule-3122678982",
            "ipv6_cidr_blocks": [],
            "prefix_list_ids": null,
            "protocol": "tcp",
            "security_group_id": "sg-40ce930f842de3d88",
            "security_group_rule_id": "sgr-028f6093453f557f5",
            "self": false,
            "source_security_group_id": null,
            "timeouts": null,
            "to_port": 443,
            "type": "ingress"
          },
          "sensitive_attributes": [],
          "private": "eyJlMmJmYjczMC1lY2FhLTExZTYtOGY4OC0zNDM2M2JjN2M0YzAiOnsiY3JlYXRlIjozMDAwMDAwMDAwMDB9LCJzY2hlbWFfdmVyc2lvbiI6IjIifQ==",
          "dependencies": [
            "data.terraform_remote_state.fabric",
            "module.security.module.security_group.aws_security_group.this"
          ]
        },
        {
          "index_key": 204,
          "schema_version": 2,
          "attributes": {
            "cidr_blocks": [
              "10.20.55.170"
            ],
            "description": "From XXXX Whitelisting",
            "from_port": 443,
            "id": "sgrule-1317527252",
            "ipv6_cidr_blocks": [],
            "prefix_list_ids": null,
            "protocol": "tcp",
            "security_group_id": "sg-40ce930f842de3d88",
            "security_group_rule_id": "sgr-06879497177ba97c2",
            "self": false,
            "source_security_group_id": null,
            "timeouts": null,
            "to_port": 443,
            "type": "ingress"
          },
          "sensitive_attributes": [],
          "private": "eyJlMmJmYjczMC1lY2FhLTExZTYtOGY4OC0zNDM2M2JjN2M0YzAiOnsiY3JlYXRlIjozMDAwMDAwMDAwMDB9LCJzY2hlbWFfdmVyc2lvbiI6IjIifQ==",
          "dependencies": [
            "data.terraform_remote_state.fabric",
            "module.security.module.security_group.aws_security_group.this"
          ]
        },
        {
          "index_key": 205,
          "schema_version": 2,
          "attributes": {
            "cidr_blocks": [
              "10.20.22.223"
            ],
            "description": "From XXXX Whitelisting",
            "from_port": 443,
            "id": "sgrule-568324688",
            "ipv6_cidr_blocks": [],
            "prefix_list_ids": null,
            "protocol": "tcp",
            "security_group_id": "sg-40ce930f842de3d88",
            "security_group_rule_id": "sgr-0e677fd37d6013538",
            "self": false,
            "source_security_group_id": null,
            "timeouts": null,
            "to_port": 443,
            "type": "ingress"
          },
          "sensitive_attributes": [],
          "private": "eyJlMmJmYjczMC1lY2FhLTExZTYtOGY4OC0zNDM2M2JjN2M0YzAiOnsiY3JlYXRlIjozMDAwMDAwMDAwMDB9LCJzY2hlbWFfdmVyc2lvbiI6IjIifQ==",
          "dependencies": [
            "data.terraform_remote_state.fabric",
            "module.security.module.security_group.aws_security_group.this"
          ]
        },
        {
          "index_key": 206,
          "schema_version": 2,
          "attributes": {
            "cidr_blocks": [
              "10.20.121.48"
            ],
            "description": "From XXXX Whitelisting",
            "from_port": 443,
            "id": "sgrule-1983705120",
            "ipv6_cidr_blocks": [],
            "prefix_list_ids": null,
            "protocol": "tcp",
            "security_group_id": "sg-40ce930f842de3d88",
            "security_group_rule_id": "sgr-023151cad219628bf",
            "self": false,
            "source_security_group_id": null,
            "timeouts": null,
            "to_port": 443,
            "type": "ingress"
          },
          "sensitive_attributes": [],
          "private": "eyJlMmJmYjczMC1lY2FhLTExZTYtOGY4OC0zNDM2M2JjN2M0YzAiOnsiY3JlYXRlIjozMDAwMDAwMDAwMDB9LCJzY2hlbWFfdmVyc2lvbiI6IjIifQ==",
          "dependencies": [
            "data.terraform_remote_state.fabric",
            "module.security.module.security_group.aws_security_group.this"
          ]
        },
        {
          "index_key": 207,
          "schema_version": 2,
          "attributes": {
            "cidr_blocks": [
              "10.20.84.193/27"
            ],
            "description": "From XXXX Whitelisting",
            "from_port": 443,
            "id": "sgrule-3113471798",
            "ipv6_cidr_blocks": [],
            "prefix_list_ids": null,
            "protocol": "tcp",
            "security_group_id": "sg-40ce930f842de3d88",
            "security_group_rule_id": "sgr-0ed6daff466f87935",
            "self": false,
            "source_security_group_id": null,
            "timeouts": null,
            "to_port": 443,
            "type": "ingress"
          },
          "sensitive_attributes": [],
          "private": "eyJlMmJmYjczMC1lY2FhLTExZTYtOGY4OC0zNDM2M2JjN2M0YzAiOnsiY3JlYXRlIjozMDAwMDAwMDAwMDB9LCJzY2hlbWFfdmVyc2lvbiI6IjIifQ==",
          "dependencies": [
            "data.terraform_remote_state.fabric",
            "module.security.module.security_group.aws_security_group.this"
          ]
        },
        {
          "index_key": 208,
          "schema_version": 2,
          "attributes": {
            "cidr_blocks": [
              "10.20.164.190"
            ],
            "description": "From XXXX Whitelisting",
            "from_port": 443,
            "id": "sgrule-130795085",
            "ipv6_cidr_blocks": [],
            "prefix_list_ids": null,
            "protocol": "tcp",
            "security_group_id": "sg-40ce930f842de3d88",
            "security_group_rule_id": "sgr-0bd025290bcc45f50",
            "self": false,
            "source_security_group_id": null,
            "timeouts": null,
            "to_port": 443,
            "type": "ingress"
          },
          "sensitive_attributes": [],
          "private": "eyJlMmJmYjczMC1lY2FhLTExZTYtOGY4OC0zNDM2M2JjN2M0YzAiOnsiY3JlYXRlIjozMDAwMDAwMDAwMDB9LCJzY2hlbWFfdmVyc2lvbiI6IjIifQ==",
          "dependencies": [
            "data.terraform_remote_state.fabric",
            "module.security.module.security_group.aws_security_group.this"
          ]
        },
        {
          "index_key": 209,
          "schema_version": 2,
          "attributes": {
            "cidr_blocks": [
              "10.20.201.123"
            ],
            "description": "From XXXX Whitelisting",
            "from_port": 443,
            "id": "sgrule-446520301",
            "ipv6_cidr_blocks": [],
            "prefix_list_ids": null,
            "protocol": "tcp",
            "security_group_id": "sg-40ce930f842de3d88",
            "security_group_rule_id": "sgr-0649e7b4f74c92212",
            "self": false,
            "source_security_group_id": null,
            "timeouts": null,
            "to_port": 443,
            "type": "ingress"
          },
          "sensitive_attributes": [],
          "private": "eyJlMmJmYjczMC1lY2FhLTExZTYtOGY4OC0zNDM2M2JjN2M0YzAiOnsiY3JlYXRlIjozMDAwMDAwMDAwMDB9LCJzY2hlbWFfdmVyc2lvbiI6IjIifQ==",
          "dependencies": [
            "data.terraform_remote_state.fabric",
            "module.security.module.security_group.aws_security_group.this"
          ]
        },
        {
          "index_key": 210,
          "schema_version": 2,
          "attributes": {
            "cidr_blocks": [
              "10.20.186.187"
            ],
            "description": "From XXXX Whitelisting",
            "from_port": 443,
            "id": "sgrule-136563669",
            "ipv6_cidr_blocks": [],
            "prefix_list_ids": null,
            "protocol": "tcp",
            "security_group_id": "sg-40ce930f842de3d88",
            "security_group_rule_id": "sgr-0fa4dcc18cae36801",
            "self": false,
            "source_security_group_id": null,
            "timeouts": null,
            "to_port": 443,
            "type": "ingress"
          },
          "sensitive_attributes": [],
          "private": "eyJlMmJmYjczMC1lY2FhLTExZTYtOGY4OC0zNDM2M2JjN2M0YzAiOnsiY3JlYXRlIjozMDAwMDAwMDAwMDB9LCJzY2hlbWFfdmVyc2lvbiI6IjIifQ==",
          "dependencies": [
            "data.terraform_remote_state.fabric",
            "module.security.module.security_group.aws_security_group.this"
          ]
        },
        {
          "index_key": 211,
          "schema_version": 2,
          "attributes": {
            "cidr_blocks": [
              "10.20.69.243"
            ],
            "description": "From XXXX Whitelisting",
            "from_port": 443,
            "id": "sgrule-4268372834",
            "ipv6_cidr_blocks": [],
            "prefix_list_ids": null,
            "protocol": "tcp",
            "security_group_id": "sg-40ce930f842de3d88",
            "security_group_rule_id": "sgr-03ed05ead589c7d0f",
            "self": false,
            "source_security_group_id": null,
            "timeouts": null,
            "to_port": 443,
            "type": "ingress"
          },
          "sensitive_attributes": [],
          "private": "eyJlMmJmYjczMC1lY2FhLTExZTYtOGY4OC0zNDM2M2JjN2M0YzAiOnsiY3JlYXRlIjozMDAwMDAwMDAwMDB9LCJzY2hlbWFfdmVyc2lvbiI6IjIifQ==",
          "dependencies": [
            "data.terraform_remote_state.fabric",
            "module.security.module.security_group.aws_security_group.this"
          ]
        },
        {
          "index_key": 212,
          "schema_version": 2,
          "attributes": {
            "cidr_blocks": [
              "10.20.99.219"
            ],
            "description": "From XXXX Whitelisting",
            "from_port": 443,
            "id": "sgrule-1608769902",
            "ipv6_cidr_blocks": [],
            "prefix_list_ids": null,
            "protocol": "tcp",
            "security_group_id": "sg-40ce930f842de3d88",
            "security_group_rule_id": "sgr-0e20bf6520ca150d2",
            "self": false,
            "source_security_group_id": null,
            "timeouts": null,
            "to_port": 443,
            "type": "ingress"
          },
          "sensitive_attributes": [],
          "private": "eyJlMmJmYjczMC1lY2FhLTExZTYtOGY4OC0zNDM2M2JjN2M0YzAiOnsiY3JlYXRlIjozMDAwMDAwMDAwMDB9LCJzY2hlbWFfdmVyc2lvbiI6IjIifQ==",
          "dependencies": [
            "data.terraform_remote_state.fabric",
            "module.security.module.security_group.aws_security_group.this"
          ]
        },
        {
          "index_key": 213,
          "schema_version": 2,
          "attributes": {
            "cidr_blocks": [
              "10.20.25.146"
            ],
            "description": "From XXXX Whitelisting",
            "from_port": 443,
            "id": "sgrule-4099262553",
            "ipv6_cidr_blocks": [],
            "prefix_list_ids": null,
            "protocol": "tcp",
            "security_group_id": "sg-40ce930f842de3d88",
            "security_group_rule_id": "sgr-098a53ffe4c0ee4fc",
            "self": false,
            "source_security_group_id": null,
            "timeouts": null,
            "to_port": 443,
            "type": "ingress"
          },
          "sensitive_attributes": [],
          "private": "eyJlMmJmYjczMC1lY2FhLTExZTYtOGY4OC0zNDM2M2JjN2M0YzAiOnsiY3JlYXRlIjozMDAwMDAwMDAwMDB9LCJzY2hlbWFfdmVyc2lvbiI6IjIifQ==",
          "dependencies": [
            "data.terraform_remote_state.fabric",
            "module.security.module.security_group.aws_security_group.this"
          ]
        },
        {
          "index_key": 214,
          "schema_version": 2,
          "attributes": {
            "cidr_blocks": [
              "10.20.121.1/25"
            ],
            "description": "Allow outgoing to XXXX web tier",
            "from_port": 443,
            "id": "sgrule-3576777866",
            "ipv6_cidr_blocks": [],
            "prefix_list_ids": null,
            "protocol": "tcp",
            "security_group_id": "sg-40ce930f842de3d88",
            "security_group_rule_id": "sgr-06112f9fdf4e5b1ba",
            "self": false,
            "source_security_group_id": null,
            "timeouts": null,
            "to_port": 443,
            "type": "egress"
          },
          "sensitive_attributes": [],
          "private": "eyJlMmJmYjczMC1lY2FhLTExZTYtOGY4OC0zNDM2M2JjN2M0YzAiOnsiY3JlYXRlIjozMDAwMDAwMDAwMDB9LCJzY2hlbWFfdmVyc2lvbiI6IjIifQ==",
          "dependencies": [
            "data.terraform_remote_state.fabric",
            "module.security.module.security_group.aws_security_group.this"
          ]
        },
        {
          "index_key": 215,
          "schema_version": 2,
          "attributes": {
            "cidr_blocks": [
              "10.20.200.100"
            ],
            "description": "Outgoing to VMS",
            "from_port": 8834,
            "id": "sgrule-3826043795",
            "ipv6_cidr_blocks": [],
            "prefix_list_ids": null,
            "protocol": "tcp",
            "security_group_id": "sg-8464f6c0a477d829a",
            "security_group_rule_id": "sgr-00806cc81a03dc3fa",
            "self": false,
            "source_security_group_id": null,
            "timeouts": null,
            "to_port": 8834,
            "type": "egress"
          },
          "sensitive_attributes": [],
          "private": "eyJlMmJmYjczMC1lY2FhLTExZTYtOGY4OC0zNDM2M2JjN2M0YzAiOnsiY3JlYXRlIjozMDAwMDAwMDAwMDB9LCJzY2hlbWFfdmVyc2lvbiI6IjIifQ==",
          "dependencies": [
            "data.terraform_remote_state.fabric",
            "module.security.module.security_group.aws_security_group.this"
          ]
        },
        {
          "index_key": 216,
          "schema_version": 2,
          "attributes": {
            "cidr_blocks": [
              "10.20.47.10/16"
            ],
            "description": "from xxxx lan",
            "from_port": 27000,
            "id": "sgrule-3305941519",
            "ipv6_cidr_blocks": [],
            "prefix_list_ids": null,
            "protocol": "tcp",
            "security_group_id": "sg-40ce930f842de3d88",
            "security_group_rule_id": "sgr-055f1ee5e77cfa83e",
            "self": false,
            "source_security_group_id": null,
            "timeouts": null,
            "to_port": 27001,
            "type": "ingress"
          },
          "sensitive_attributes": [],
          "private": "eyJlMmJmYjczMC1lY2FhLTExZTYtOGY4OC0zNDM2M2JjN2M0YzAiOnsiY3JlYXRlIjozMDAwMDAwMDAwMDB9LCJzY2hlbWFfdmVyc2lvbiI6IjIifQ==",
          "dependencies": [
            "data.terraform_remote_state.fabric",
            "module.security.module.security_group.aws_security_group.this"
          ]
        },
        {
          "index_key": 217,
          "schema_version": 2,
          "attributes": {
            "cidr_blocks": [
              "10.20.168.90/20"
            ],
            "description": "from xxxx sg vpn",
            "from_port": 27000,
            "id": "sgrule-3878731503",
            "ipv6_cidr_blocks": [],
            "prefix_list_ids": null,
            "protocol": "tcp",
            "security_group_id": "sg-40ce930f842de3d88",
            "security_group_rule_id": "sgr-0a470b1243f3fd626",
            "self": false,
            "source_security_group_id": null,
            "timeouts": null,
            "to_port": 27001,
            "type": "ingress"
          },
          "sensitive_attributes": [],
          "private": "eyJlMmJmYjczMC1lY2FhLTExZTYtOGY4OC0zNDM2M2JjN2M0YzAiOnsiY3JlYXRlIjozMDAwMDAwMDAwMDB9LCJzY2hlbWFfdmVyc2lvbiI6IjIifQ==",
          "dependencies": [
            "data.terraform_remote_state.fabric",
            "module.security.module.security_group.aws_security_group.this"
          ]
        },
        {
          "index_key": 218,
          "schema_version": 2,
          "attributes": {
            "cidr_blocks": [
              "10.20.89.170/20"
            ],
            "description": "from xxxx sg vpn",
            "from_port": 27000,
            "id": "sgrule-804414845",
            "ipv6_cidr_blocks": [],
            "prefix_list_ids": null,
            "protocol": "tcp",
            "security_group_id": "sg-40ce930f842de3d88",
            "security_group_rule_id": "sgr-09733ebb200589f1d",
            "self": false,
            "source_security_group_id": null,
            "timeouts": null,
            "to_port": 27001,
            "type": "ingress"
          },
          "sensitive_attributes": [],
          "private": "eyJlMmJmYjczMC1lY2FhLTExZTYtOGY4OC0zNDM2M2JjN2M0YzAiOnsiY3JlYXRlIjozMDAwMDAwMDAwMDB9LCJzY2hlbWFfdmVyc2lvbiI6IjIifQ==",
          "dependencies": [
            "data.terraform_remote_state.fabric",
            "module.security.module.security_group.aws_security_group.this"
          ]
        },
        {
          "index_key": 219,
          "schema_version": 2,
          "attributes": {
            "cidr_blocks": [
              "10.20.241.46/26"
            ],
            "description": "from xxxx sg vpn",
            "from_port": 27000,
            "id": "sgrule-3075437852",
            "ipv6_cidr_blocks": [],
            "prefix_list_ids": null,
            "protocol": "tcp",
            "security_group_id": "sg-40ce930f842de3d88",
            "security_group_rule_id": "sgr-068923ff9665bbab0",
            "self": false,
            "source_security_group_id": null,
            "timeouts": null,
            "to_port": 27001,
            "type": "ingress"
          },
          "sensitive_attributes": [],
          "private": "eyJlMmJmYjczMC1lY2FhLTExZTYtOGY4OC0zNDM2M2JjN2M0YzAiOnsiY3JlYXRlIjozMDAwMDAwMDAwMDB9LCJzY2hlbWFfdmVyc2lvbiI6IjIifQ==",
          "dependencies": [
            "data.terraform_remote_state.fabric",
            "module.security.module.security_group.aws_security_group.this"
          ]
        },
        {
          "index_key": 220,
          "schema_version": 2,
          "attributes": {
            "cidr_blocks": [
              "10.20.209.18/26"
            ],
            "description": "from xxxx sg vpn",
            "from_port": 27000,
            "id": "sgrule-1585358338",
            "ipv6_cidr_blocks": [],
            "prefix_list_ids": null,
            "protocol": "tcp",
            "security_group_id": "sg-40ce930f842de3d88",
            "security_group_rule_id": "sgr-00c6a476af9f04432",
            "self": false,
            "source_security_group_id": null,
            "timeouts": null,
            "to_port": 27001,
            "type": "ingress"
          },
          "sensitive_attributes": [],
          "private": "eyJlMmJmYjczMC1lY2FhLTExZTYtOGY4OC0zNDM2M2JjN2M0YzAiOnsiY3JlYXRlIjozMDAwMDAwMDAwMDB9LCJzY2hlbWFfdmVyc2lvbiI6IjIifQ==",
          "dependencies": [
            "data.terraform_remote_state.fabric",
            "module.security.module.security_group.aws_security_group.this"
          ]
        },
        {
          "index_key": 221,
          "schema_version": 2,
          "attributes": {
            "cidr_blocks": [
              "10.20.0.17/22"
            ],
            "description": "from xxxx GoMax User",
            "from_port": 27000,
            "id": "sgrule-1488912568",
            "ipv6_cidr_blocks": [],
            "prefix_list_ids": null,
            "protocol": "tcp",
            "security_group_id": "sg-40ce930f842de3d88",
            "security_group_rule_id": "sgr-0eef571d4d76cf8cb",
            "self": false,
            "source_security_group_id": null,
            "timeouts": null,
            "to_port": 27001,
            "type": "ingress"
          },
          "sensitive_attributes": [],
          "private": "eyJlMmJmYjczMC1lY2FhLTExZTYtOGY4OC0zNDM2M2JjN2M0YzAiOnsiY3JlYXRlIjozMDAwMDAwMDAwMDB9LCJzY2hlbWFfdmVyc2lvbiI6IjIifQ==",
          "dependencies": [
            "data.terraform_remote_state.fabric",
            "module.security.module.security_group.aws_security_group.this"
          ]
        },
        {
          "index_key": 222,
          "schema_version": 2,
          "attributes": {
            "cidr_blocks": [
              "10.20.237.174/22"
            ],
            "description": "from xxxx GoMax User",
            "from_port": 27000,
            "id": "sgrule-3078450054",
            "ipv6_cidr_blocks": [],
            "prefix_list_ids": null,
            "protocol": "tcp",
            "security_group_id": "sg-40ce930f842de3d88",
            "security_group_rule_id": "sgr-034c8981f77d01a4b",
            "self": false,
            "source_security_group_id": null,
            "timeouts": null,
            "to_port": 27001,
            "type": "ingress"
          },
          "sensitive_attributes": [],
          "private": "eyJlMmJmYjczMC1lY2FhLTExZTYtOGY4OC0zNDM2M2JjN2M0YzAiOnsiY3JlYXRlIjozMDAwMDAwMDAwMDB9LCJzY2hlbWFfdmVyc2lvbiI6IjIifQ==",
          "dependencies": [
            "data.terraform_remote_state.fabric",
            "module.security.module.security_group.aws_security_group.this"
          ]
        },
        {
          "index_key": 223,
          "schema_version": 2,
          "attributes": {
            "cidr_blocks": [
              "10.20.239.165"
            ],
            "description": "from MHA to connect to XXXX",
            "from_port": 27000,
            "id": "sgrule-3732823067",
            "ipv6_cidr_blocks": [],
            "prefix_list_ids": null,
            "protocol": "tcp",
            "security_group_id": "sg-40ce930f842de3d88",
            "security_group_rule_id": "sgr-0bd7b37a1218ac8a9",
            "self": false,
            "source_security_group_id": null,
            "timeouts": null,
            "to_port": 27001,
            "type": "ingress"
          },
          "sensitive_attributes": [],
          "private": "eyJlMmJmYjczMC1lY2FhLTExZTYtOGY4OC0zNDM2M2JjN2M0YzAiOnsiY3JlYXRlIjozMDAwMDAwMDAwMDB9LCJzY2hlbWFfdmVyc2lvbiI6IjIifQ==",
          "dependencies": [
            "data.terraform_remote_state.fabric",
            "module.security.module.security_group.aws_security_group.this"
          ]
        },
        {
          "index_key": 224,
          "schema_version": 2,
          "attributes": {
            "cidr_blocks": [
              "10.20.209.141"
            ],
            "description": "intranet forward proxy for XXXX intranet portal to reach common alb over wog",
            "from_port": 27000,
            "id": "sgrule-2601637043",
            "ipv6_cidr_blocks": [],
            "prefix_list_ids": null,
            "protocol": "tcp",
            "security_group_id": "sg-40ce930f842de3d88",
            "security_group_rule_id": "sgr-06b3282c8c1df65d6",
            "self": false,
            "source_security_group_id": null,
            "timeouts": null,
            "to_port": 27001,
            "type": "ingress"
          },
          "sensitive_attributes": [],
          "private": "eyJlMmJmYjczMC1lY2FhLTExZTYtOGY4OC0zNDM2M2JjN2M0YzAiOnsiY3JlYXRlIjozMDAwMDAwMDAwMDB9LCJzY2hlbWFfdmVyc2lvbiI6IjIifQ==",
          "dependencies": [
            "data.terraform_remote_state.fabric",
            "module.security.module.security_group.aws_security_group.this"
          ]
        },
        {
          "index_key": 225,
          "schema_version": 2,
          "attributes": {
            "cidr_blocks": [
              "10.20.41.61/28"
            ],
            "description": "From XXXX Whitelisting",
            "from_port": 27000,
            "id": "sgrule-2194056691",
            "ipv6_cidr_blocks": [],
            "prefix_list_ids": null,
            "protocol": "tcp",
            "security_group_id": "sg-40ce930f842de3d88",
            "security_group_rule_id": "sgr-0e98b6c8f75129f8e",
            "self": false,
            "source_security_group_id": null,
            "timeouts": null,
            "to_port": 27001,
            "type": "ingress"
          },
          "sensitive_attributes": [],
          "private": "eyJlMmJmYjczMC1lY2FhLTExZTYtOGY4OC0zNDM2M2JjN2M0YzAiOnsiY3JlYXRlIjozMDAwMDAwMDAwMDB9LCJzY2hlbWFfdmVyc2lvbiI6IjIifQ==",
          "dependencies": [
            "data.terraform_remote_state.fabric",
            "module.security.module.security_group.aws_security_group.this"
          ]
        },
        {
          "index_key": 226,
          "schema_version": 2,
          "attributes": {
            "cidr_blocks": [
              "10.20.55.170"
            ],
            "description": "From XXXX Whitelisting",
            "from_port": 27000,
            "id": "sgrule-1986082785",
            "ipv6_cidr_blocks": [],
            "prefix_list_ids": null,
            "protocol": "tcp",
            "security_group_id": "sg-40ce930f842de3d88",
            "security_group_rule_id": "sgr-0b669d856ad594fc1",
            "self": false,
            "source_security_group_id": null,
            "timeouts": null,
            "to_port": 27001,
            "type": "ingress"
          },
          "sensitive_attributes": [],
          "private": "eyJlMmJmYjczMC1lY2FhLTExZTYtOGY4OC0zNDM2M2JjN2M0YzAiOnsiY3JlYXRlIjozMDAwMDAwMDAwMDB9LCJzY2hlbWFfdmVyc2lvbiI6IjIifQ==",
          "dependencies": [
            "data.terraform_remote_state.fabric",
            "module.security.module.security_group.aws_security_group.this"
          ]
        },
        {
          "index_key": 227,
          "schema_version": 2,
          "attributes": {
            "cidr_blocks": [
              "10.20.22.223"
            ],
            "description": "From XXXX Whitelisting",
            "from_port": 27000,
            "id": "sgrule-423172965",
            "ipv6_cidr_blocks": [],
            "prefix_list_ids": null,
            "protocol": "tcp",
            "security_group_id": "sg-40ce930f842de3d88",
            "security_group_rule_id": "sgr-0b6b37293fc4b36ff",
            "self": false,
            "source_security_group_id": null,
            "timeouts": null,
            "to_port": 27001,
            "type": "ingress"
          },
          "sensitive_attributes": [],
          "private": "eyJlMmJmYjczMC1lY2FhLTExZTYtOGY4OC0zNDM2M2JjN2M0YzAiOnsiY3JlYXRlIjozMDAwMDAwMDAwMDB9LCJzY2hlbWFfdmVyc2lvbiI6IjIifQ==",
          "dependencies": [
            "data.terraform_remote_state.fabric",
            "module.security.module.security_group.aws_security_group.this"
          ]
        },
        {
          "index_key": 228,
          "schema_version": 2,
          "attributes": {
            "cidr_blocks": [
              "10.20.121.48"
            ],
            "description": "From XXXX Whitelisting",
            "from_port": 27000,
            "id": "sgrule-548917994",
            "ipv6_cidr_blocks": [],
            "prefix_list_ids": null,
            "protocol": "tcp",
            "security_group_id": "sg-40ce930f842de3d88",
            "security_group_rule_id": "sgr-03b8ab72dcd88e556",
            "self": false,
            "source_security_group_id": null,
            "timeouts": null,
            "to_port": 27001,
            "type": "ingress"
          },
          "sensitive_attributes": [],
          "private": "eyJlMmJmYjczMC1lY2FhLTExZTYtOGY4OC0zNDM2M2JjN2M0YzAiOnsiY3JlYXRlIjozMDAwMDAwMDAwMDB9LCJzY2hlbWFfdmVyc2lvbiI6IjIifQ==",
          "dependencies": [
            "data.terraform_remote_state.fabric",
            "module.security.module.security_group.aws_security_group.this"
          ]
        },
        {
          "index_key": 229,
          "schema_version": 2,
          "attributes": {
            "cidr_blocks": [
              "10.20.84.193/27"
            ],
            "description": "From XXXX Whitelisting",
            "from_port": 27000,
            "id": "sgrule-2276998804",
            "ipv6_cidr_blocks": [],
            "prefix_list_ids": null,
            "protocol": "tcp",
            "security_group_id": "sg-40ce930f842de3d88",
            "security_group_rule_id": "sgr-0f2de4faa2eb73966",
            "self": false,
            "source_security_group_id": null,
            "timeouts": null,
            "to_port": 27001,
            "type": "ingress"
          },
          "sensitive_attributes": [],
          "private": "eyJlMmJmYjczMC1lY2FhLTExZTYtOGY4OC0zNDM2M2JjN2M0YzAiOnsiY3JlYXRlIjozMDAwMDAwMDAwMDB9LCJzY2hlbWFfdmVyc2lvbiI6IjIifQ==",
          "dependencies": [
            "data.terraform_remote_state.fabric",
            "module.security.module.security_group.aws_security_group.this"
          ]
        },
        {
          "index_key": 230,
          "schema_version": 2,
          "attributes": {
            "cidr_blocks": [
              "10.20.164.190"
            ],
            "description": "From XXXX Whitelisting",
            "from_port": 27000,
            "id": "sgrule-1059925880",
            "ipv6_cidr_blocks": [],
            "prefix_list_ids": null,
            "protocol": "tcp",
            "security_group_id": "sg-40ce930f842de3d88",
            "security_group_rule_id": "sgr-0db3d69e7bb563b46",
            "self": false,
            "source_security_group_id": null,
            "timeouts": null,
            "to_port": 27001,
            "type": "ingress"
          },
          "sensitive_attributes": [],
          "private": "eyJlMmJmYjczMC1lY2FhLTExZTYtOGY4OC0zNDM2M2JjN2M0YzAiOnsiY3JlYXRlIjozMDAwMDAwMDAwMDB9LCJzY2hlbWFfdmVyc2lvbiI6IjIifQ==",
          "dependencies": [
            "data.terraform_remote_state.fabric",
            "module.security.module.security_group.aws_security_group.this"
          ]
        },
        {
          "index_key": 231,
          "schema_version": 2,
          "attributes": {
            "cidr_blocks": [
              "10.20.201.123"
            ],
            "description": "From XXXX Whitelisting",
            "from_port": 27000,
            "id": "sgrule-1595613706",
            "ipv6_cidr_blocks": [],
            "prefix_list_ids": null,
            "protocol": "tcp",
            "security_group_id": "sg-40ce930f842de3d88",
            "security_group_rule_id": "sgr-02e7fa6d70ae08b44",
            "self": false,
            "source_security_group_id": null,
            "timeouts": null,
            "to_port": 27001,
            "type": "ingress"
          },
          "sensitive_attributes": [],
          "private": "eyJlMmJmYjczMC1lY2FhLTExZTYtOGY4OC0zNDM2M2JjN2M0YzAiOnsiY3JlYXRlIjozMDAwMDAwMDAwMDB9LCJzY2hlbWFfdmVyc2lvbiI6IjIifQ==",
          "dependencies": [
            "data.terraform_remote_state.fabric",
            "module.security.module.security_group.aws_security_group.this"
          ]
        },
        {
          "index_key": 232,
          "schema_version": 2,
          "attributes": {
            "cidr_blocks": [
              "10.20.186.187"
            ],
            "description": "From XXXX Whitelisting",
            "from_port": 27000,
            "id": "sgrule-1302704690",
            "ipv6_cidr_blocks": [],
            "prefix_list_ids": null,
            "protocol": "tcp",
            "security_group_id": "sg-40ce930f842de3d88",
            "security_group_rule_id": "sgr-0148360070dfd21b5",
            "self": false,
            "source_security_group_id": null,
            "timeouts": null,
            "to_port": 27001,
            "type": "ingress"
          },
          "sensitive_attributes": [],
          "private": "eyJlMmJmYjczMC1lY2FhLTExZTYtOGY4OC0zNDM2M2JjN2M0YzAiOnsiY3JlYXRlIjozMDAwMDAwMDAwMDB9LCJzY2hlbWFfdmVyc2lvbiI6IjIifQ==",
          "dependencies": [
            "data.terraform_remote_state.fabric",
            "module.security.module.security_group.aws_security_group.this"
          ]
        },
        {
          "index_key": 233,
          "schema_version": 2,
          "attributes": {
            "cidr_blocks": [
              "10.20.69.243"
            ],
            "description": "From XXXX Whitelisting",
            "from_port": 27000,
            "id": "sgrule-3225535168",
            "ipv6_cidr_blocks": [],
            "prefix_list_ids": null,
            "protocol": "tcp",
            "security_group_id": "sg-40ce930f842de3d88",
            "security_group_rule_id": "sgr-00e403e1de8fbc2fa",
            "self": false,
            "source_security_group_id": null,
            "timeouts": null,
            "to_port": 27001,
            "type": "ingress"
          },
          "sensitive_attributes": [],
          "private": "eyJlMmJmYjczMC1lY2FhLTExZTYtOGY4OC0zNDM2M2JjN2M0YzAiOnsiY3JlYXRlIjozMDAwMDAwMDAwMDB9LCJzY2hlbWFfdmVyc2lvbiI6IjIifQ==",
          "dependencies": [
            "data.terraform_remote_state.fabric",
            "module.security.module.security_group.aws_security_group.this"
          ]
        },
        {
          "index_key": 234,
          "schema_version": 2,
          "attributes": {
            "cidr_blocks": [
              "10.20.99.219"
            ],
            "description": "From XXXX Whitelisting",
            "from_port": 27000,
            "id": "sgrule-1640501452",
            "ipv6_cidr_blocks": [],
            "prefix_list_ids": null,
            "protocol": "tcp",
            "security_group_id": "sg-40ce930f842de3d88",
            "security_group_rule_id": "sgr-03d325daa4a8e85e0",
            "self": false,
            "source_security_group_id": null,
            "timeouts": null,
            "to_port": 27001,
            "type": "ingress"
          },
          "sensitive_attributes": [],
          "private": "eyJlMmJmYjczMC1lY2FhLTExZTYtOGY4OC0zNDM2M2JjN2M0YzAiOnsiY3JlYXRlIjozMDAwMDAwMDAwMDB9LCJzY2hlbWFfdmVyc2lvbiI6IjIifQ==",
          "dependencies": [
            "data.terraform_remote_state.fabric",
            "module.security.module.security_group.aws_security_group.this"
          ]
        },
        {
          "index_key": 235,
          "schema_version": 2,
          "attributes": {
            "cidr_blocks": [
              "10.20.25.146"
            ],
            "description": "From XXXX Whitelisting",
            "from_port": 27000,
            "id": "sgrule-3434291564",
            "ipv6_cidr_blocks": [],
            "prefix_list_ids": null,
            "protocol": "tcp",
            "security_group_id": "sg-40ce930f842de3d88",
            "security_group_rule_id": "sgr-0e330af787a6e86b3",
            "self": false,
            "source_security_group_id": null,
            "timeouts": null,
            "to_port": 27001,
            "type": "ingress"
          },
          "sensitive_attributes": [],
          "private": "eyJlMmJmYjczMC1lY2FhLTExZTYtOGY4OC0zNDM2M2JjN2M0YzAiOnsiY3JlYXRlIjozMDAwMDAwMDAwMDB9LCJzY2hlbWFfdmVyc2lvbiI6IjIifQ==",
          "dependencies": [
            "data.terraform_remote_state.fabric",
            "module.security.module.security_group.aws_security_group.this"
          ]
        },
        {
          "index_key": 236,
          "schema_version": 2,
          "attributes": {
            "cidr_blocks": [
              "10.20.209.141"
            ],
            "description": "To Common Forward Proxy",
            "from_port": 12221,
            "id": "sgrule-2169614056",
            "ipv6_cidr_blocks": [],
            "prefix_list_ids": null,
            "protocol": "tcp",
            "security_group_id": "sg-a14e1807ea7d32a83",
            "security_group_rule_id": "sgr-0b8898f19658fdaae",
            "self": false,
            "source_security_group_id": null,
            "timeouts": null,
            "to_port": 12221,
            "type": "egress"
          },
          "sensitive_attributes": [],
          "private": "eyJlMmJmYjczMC1lY2FhLTExZTYtOGY4OC0zNDM2M2JjN2M0YzAiOnsiY3JlYXRlIjozMDAwMDAwMDAwMDB9LCJzY2hlbWFfdmVyc2lvbiI6IjIifQ==",
          "dependencies": [
            "data.terraform_remote_state.fabric",
            "module.security.module.security_group.aws_security_group.this"
          ]
        },
        {
          "index_key": 237,
          "schema_version": 2,
          "attributes": {
            "cidr_blocks": [
              "10.20.96.43/27"
            ],
            "description": "For access of SOE Active Directory",
            "from_port": 88,
            "id": "sgrule-2069908029",
            "ipv6_cidr_blocks": [],
            "prefix_list_ids": null,
            "protocol": "udp",
            "security_group_id": "sg-a14e1807ea7d32a83",
            "security_group_rule_id": "sgr-0c3d14e5b9fa453a7",
            "self": false,
            "source_security_group_id": null,
            "timeouts": null,
            "to_port": 88,
            "type": "egress"
          },
          "sensitive_attributes": [],
          "private": "eyJlMmJmYjczMC1lY2FhLTExZTYtOGY4OC0zNDM2M2JjN2M0YzAiOnsiY3JlYXRlIjozMDAwMDAwMDAwMDB9LCJzY2hlbWFfdmVyc2lvbiI6IjIifQ==",
          "dependencies": [
            "data.terraform_remote_state.fabric",
            "module.security.module.security_group.aws_security_group.this"
          ]
        },
        {
          "index_key": 238,
          "schema_version": 2,
          "attributes": {
            "cidr_blocks": [
              "10.20.96.43/27"
            ],
            "description": "For access of SOE Active Directory",
            "from_port": 135,
            "id": "sgrule-2477014915",
            "ipv6_cidr_blocks": [],
            "prefix_list_ids": null,
            "protocol": "udp",
            "security_group_id": "sg-a14e1807ea7d32a83",
            "security_group_rule_id": "sgr-0ea53f991d10efc09",
            "self": false,
            "source_security_group_id": null,
            "timeouts": null,
            "to_port": 135,
            "type": "egress"
          },
          "sensitive_attributes": [],
          "private": "eyJlMmJmYjczMC1lY2FhLTExZTYtOGY4OC0zNDM2M2JjN2M0YzAiOnsiY3JlYXRlIjozMDAwMDAwMDAwMDB9LCJzY2hlbWFfdmVyc2lvbiI6IjIifQ==",
          "dependencies": [
            "data.terraform_remote_state.fabric",
            "module.security.module.security_group.aws_security_group.this"
          ]
        },
        {
          "index_key": 239,
          "schema_version": 2,
          "attributes": {
            "cidr_blocks": [
              "10.20.96.43/27"
            ],
            "description": "Allow to SOE for Ldap",
            "from_port": 389,
            "id": "sgrule-128055071",
            "ipv6_cidr_blocks": [],
            "prefix_list_ids": null,
            "protocol": "udp",
            "security_group_id": "sg-a14e1807ea7d32a83",
            "security_group_rule_id": "sgr-07547b80c3f1271e2",
            "self": false,
            "source_security_group_id": null,
            "timeouts": null,
            "to_port": 389,
            "type": "egress"
          },
          "sensitive_attributes": [],
          "private": "eyJlMmJmYjczMC1lY2FhLTExZTYtOGY4OC0zNDM2M2JjN2M0YzAiOnsiY3JlYXRlIjozMDAwMDAwMDAwMDB9LCJzY2hlbWFfdmVyc2lvbiI6IjIifQ==",
          "dependencies": [
            "data.terraform_remote_state.fabric",
            "module.security.module.security_group.aws_security_group.this"
          ]
        },
        {
          "index_key": 240,
          "schema_version": 2,
          "attributes": {
            "cidr_blocks": [
              "10.20.96.43/27"
            ],
            "description": "For access of SOE Active Directory",
            "from_port": 88,
            "id": "sgrule-2909664095",
            "ipv6_cidr_blocks": [],
            "prefix_list_ids": null,
            "protocol": "udp",
            "security_group_id": "sg-cb5968f5ba1ad50e8",
            "security_group_rule_id": "sgr-02ba86792a90328dd",
            "self": false,
            "source_security_group_id": null,
            "timeouts": null,
            "to_port": 88,
            "type": "egress"
          },
          "sensitive_attributes": [],
          "private": "eyJlMmJmYjczMC1lY2FhLTExZTYtOGY4OC0zNDM2M2JjN2M0YzAiOnsiY3JlYXRlIjozMDAwMDAwMDAwMDB9LCJzY2hlbWFfdmVyc2lvbiI6IjIifQ==",
          "dependencies": [
            "data.terraform_remote_state.fabric",
            "module.security.module.security_group.aws_security_group.this"
          ]
        },
        {
          "index_key": 241,
          "schema_version": 2,
          "attributes": {
            "cidr_blocks": [
              "10.20.96.43/27"
            ],
            "description": "For access of SOE Active Directory",
            "from_port": 135,
            "id": "sgrule-1993534339",
            "ipv6_cidr_blocks": [],
            "prefix_list_ids": null,
            "protocol": "udp",
            "security_group_id": "sg-cb5968f5ba1ad50e8",
            "security_group_rule_id": "sgr-02b0b1d19c9f90976",
            "self": false,
            "source_security_group_id": null,
            "timeouts": null,
            "to_port": 135,
            "type": "egress"
          },
          "sensitive_attributes": [],
          "private": "eyJlMmJmYjczMC1lY2FhLTExZTYtOGY4OC0zNDM2M2JjN2M0YzAiOnsiY3JlYXRlIjozMDAwMDAwMDAwMDB9LCJzY2hlbWFfdmVyc2lvbiI6IjIifQ==",
          "dependencies": [
            "data.terraform_remote_state.fabric",
            "module.security.module.security_group.aws_security_group.this"
          ]
        },
        {
          "index_key": 242,
          "schema_version": 2,
          "attributes": {
            "cidr_blocks": [
              "10.20.96.43/27"
            ],
            "description": "Allow to SOE for Ldap",
            "from_port": 389,
            "id": "sgrule-3805750047",
            "ipv6_cidr_blocks": [],
            "prefix_list_ids": null,
            "protocol": "udp",
            "security_group_id": "sg-cb5968f5ba1ad50e8",
            "security_group_rule_id": "sgr-0d2ad5362b59cb500",
            "self": false,
            "source_security_group_id": null,
            "timeouts": null,
            "to_port": 389,
            "type": "egress"
          },
          "sensitive_attributes": [],
          "private": "eyJlMmJmYjczMC1lY2FhLTExZTYtOGY4OC0zNDM2M2JjN2M0YzAiOnsiY3JlYXRlIjozMDAwMDAwMDAwMDB9LCJzY2hlbWFfdmVyc2lvbiI6IjIifQ==",
          "dependencies": [
            "data.terraform_remote_state.fabric",
            "module.security.module.security_group.aws_security_group.this"
          ]
        },
        {
          "index_key": 243,
          "schema_version": 2,
          "attributes": {
            "cidr_blocks": [
              "10.20.96.43/27"
            ],
            "description": "For access of SOE Active Directory",
            "from_port": 88,
            "id": "sgrule-1130791415",
            "ipv6_cidr_blocks": [],
            "prefix_list_ids": null,
            "protocol": "udp",
            "security_group_id": "sg-08b9a430cb789f96c",
            "security_group_rule_id": "sgr-04a0d81d6cbe207ea",
            "self": false,
            "source_security_group_id": null,
            "timeouts": null,
            "to_port": 88,
            "type": "egress"
          },
          "sensitive_attributes": [],
          "private": "eyJlMmJmYjczMC1lY2FhLTExZTYtOGY4OC0zNDM2M2JjN2M0YzAiOnsiY3JlYXRlIjozMDAwMDAwMDAwMDB9LCJzY2hlbWFfdmVyc2lvbiI6IjIifQ==",
          "dependencies": [
            "data.terraform_remote_state.fabric",
            "module.security.module.security_group.aws_security_group.this"
          ]
        },
        {
          "index_key": 244,
          "schema_version": 2,
          "attributes": {
            "cidr_blocks": [
              "10.20.96.43/27"
            ],
            "description": "For access of SOE Active Directory",
            "from_port": 135,
            "id": "sgrule-2919703417",
            "ipv6_cidr_blocks": [],
            "prefix_list_ids": null,
            "protocol": "udp",
            "security_group_id": "sg-08b9a430cb789f96c",
            "security_group_rule_id": "sgr-098fa5cbfbaaf71d5",
            "self": false,
            "source_security_group_id": null,
            "timeouts": null,
            "to_port": 135,
            "type": "egress"
          },
          "sensitive_attributes": [],
          "private": "eyJlMmJmYjczMC1lY2FhLTExZTYtOGY4OC0zNDM2M2JjN2M0YzAiOnsiY3JlYXRlIjozMDAwMDAwMDAwMDB9LCJzY2hlbWFfdmVyc2lvbiI6IjIifQ==",
          "dependencies": [
            "data.terraform_remote_state.fabric",
            "module.security.module.security_group.aws_security_group.this"
          ]
        },
        {
          "index_key": 245,
          "schema_version": 2,
          "attributes": {
            "cidr_blocks": [
              "10.20.96.43/27"
            ],
            "description": "Allow to SOE for Ldap",
            "from_port": 389,
            "id": "sgrule-973269989",
            "ipv6_cidr_blocks": [],
            "prefix_list_ids": null,
            "protocol": "udp",
            "security_group_id": "sg-08b9a430cb789f96c",
            "security_group_rule_id": "sgr-00065b46701c83289",
            "self": false,
            "source_security_group_id": null,
            "timeouts": null,
            "to_port": 389,
            "type": "egress"
          },
          "sensitive_attributes": [],
          "private": "eyJlMmJmYjczMC1lY2FhLTExZTYtOGY4OC0zNDM2M2JjN2M0YzAiOnsiY3JlYXRlIjozMDAwMDAwMDAwMDB9LCJzY2hlbWFfdmVyc2lvbiI6IjIifQ==",
          "dependencies": [
            "data.terraform_remote_state.fabric",
            "module.security.module.security_group.aws_security_group.this"
          ]
        },
        {
          "index_key": 246,
          "schema_version": 2,
          "attributes": {
            "cidr_blocks": [
              "10.20.96.43/27"
            ],
            "description": "For access of SOE Active Directory",
            "from_port": 88,
            "id": "sgrule-2406334171",
            "ipv6_cidr_blocks": [],
            "prefix_list_ids": null,
            "protocol": "udp",
            "security_group_id": "sg-f1e22e496da168c30",
            "security_group_rule_id": "sgr-03a934e9ce2c5fc7b",
            "self": false,
            "source_security_group_id": null,
            "timeouts": null,
            "to_port": 88,
            "type": "egress"
          },
          "sensitive_attributes": [],
          "private": "eyJlMmJmYjczMC1lY2FhLTExZTYtOGY4OC0zNDM2M2JjN2M0YzAiOnsiY3JlYXRlIjozMDAwMDAwMDAwMDB9LCJzY2hlbWFfdmVyc2lvbiI6IjIifQ==",
          "dependencies": [
            "data.terraform_remote_state.fabric",
            "module.security.module.security_group.aws_security_group.this"
          ]
        },
        {
          "index_key": 247,
          "schema_version": 2,
          "attributes": {
            "cidr_blocks": [
              "10.20.96.43/27"
            ],
            "description": "For access of SOE Active Directory",
            "from_port": 135,
            "id": "sgrule-558934497",
            "ipv6_cidr_blocks": [],
            "prefix_list_ids": null,
            "protocol": "udp",
            "security_group_id": "sg-f1e22e496da168c30",
            "security_group_rule_id": "sgr-0cf88ebd0a4efa2f3",
            "self": false,
            "source_security_group_id": null,
            "timeouts": null,
            "to_port": 135,
            "type": "egress"
          },
          "sensitive_attributes": [],
          "private": "eyJlMmJmYjczMC1lY2FhLTExZTYtOGY4OC0zNDM2M2JjN2M0YzAiOnsiY3JlYXRlIjozMDAwMDAwMDAwMDB9LCJzY2hlbWFfdmVyc2lvbiI6IjIifQ==",
          "dependencies": [
            "data.terraform_remote_state.fabric",
            "module.security.module.security_group.aws_security_group.this"
          ]
        },
        {
          "index_key": 248,
          "schema_version": 2,
          "attributes": {
            "cidr_blocks": [
              "10.20.96.43/27"
            ],
            "description": "Allow to SOE for Ldap",
            "from_port": 389,
            "id": "sgrule-3042271613",
            "ipv6_cidr_blocks": [],
            "prefix_list_ids": null,
            "protocol": "udp",
            "security_group_id": "sg-f1e22e496da168c30",
            "security_group_rule_id": "sgr-073e804ad3e7d5f3e",
            "self": false,
            "source_security_group_id": null,
            "timeouts": null,
            "to_port": 389,
            "type": "egress"
          },
          "sensitive_attributes": [],
          "private": "eyJlMmJmYjczMC1lY2FhLTExZTYtOGY4OC0zNDM2M2JjN2M0YzAiOnsiY3JlYXRlIjozMDAwMDAwMDAwMDB9LCJzY2hlbWFfdmVyc2lvbiI6IjIifQ==",
          "dependencies": [
            "data.terraform_remote_state.fabric",
            "module.security.module.security_group.aws_security_group.this"
          ]
        },
        {
          "index_key": 249,
          "schema_version": 2,
          "attributes": {
            "cidr_blocks": [
              "10.20.96.43/27"
            ],
            "description": "For access of SOE Active Directory",
            "from_port": 88,
            "id": "sgrule-1693273191",
            "ipv6_cidr_blocks": [],
            "prefix_list_ids": null,
            "protocol": "udp",
            "security_group_id": "sg-703bf2694bdf82ed0",
            "security_group_rule_id": "sgr-0e36d794b6267ad27",
            "self": false,
            "source_security_group_id": null,
            "timeouts": null,
            "to_port": 88,
            "type": "egress"
          },
          "sensitive_attributes": [],
          "private": "eyJlMmJmYjczMC1lY2FhLTExZTYtOGY4OC0zNDM2M2JjN2M0YzAiOnsiY3JlYXRlIjozMDAwMDAwMDAwMDB9LCJzY2hlbWFfdmVyc2lvbiI6IjIifQ==",
          "dependencies": [
            "data.terraform_remote_state.fabric",
            "module.security.module.security_group.aws_security_group.this"
          ]
        },
        {
          "index_key": 250,
          "schema_version": 2,
          "attributes": {
            "cidr_blocks": [
              "10.20.96.43/27"
            ],
            "description": "For access of SOE Active Directory",
            "from_port": 135,
            "id": "sgrule-982724837",
            "ipv6_cidr_blocks": [],
            "prefix_list_ids": null,
            "protocol": "udp",
            "security_group_id": "sg-703bf2694bdf82ed0",
            "security_group_rule_id": "sgr-001fcbb0797e38cf7",
            "self": false,
            "source_security_group_id": null,
            "timeouts": null,
            "to_port": 135,
            "type": "egress"
          },
          "sensitive_attributes": [],
          "private": "eyJlMmJmYjczMC1lY2FhLTExZTYtOGY4OC0zNDM2M2JjN2M0YzAiOnsiY3JlYXRlIjozMDAwMDAwMDAwMDB9LCJzY2hlbWFfdmVyc2lvbiI6IjIifQ==",
          "dependencies": [
            "data.terraform_remote_state.fabric",
            "module.security.module.security_group.aws_security_group.this"
          ]
        },
        {
          "index_key": 251,
          "schema_version": 2,
          "attributes": {
            "cidr_blocks": [
              "10.20.96.43/27"
            ],
            "description": "Allow to SOE for Ldap",
            "from_port": 389,
            "id": "sgrule-2929129593",
            "ipv6_cidr_blocks": [],
            "prefix_list_ids": null,
            "protocol": "udp",
            "security_group_id": "sg-703bf2694bdf82ed0",
            "security_group_rule_id": "sgr-02621234c8eda03f7",
            "self": false,
            "source_security_group_id": null,
            "timeouts": null,
            "to_port": 389,
            "type": "egress"
          },
          "sensitive_attributes": [],
          "private": "eyJlMmJmYjczMC1lY2FhLTExZTYtOGY4OC0zNDM2M2JjN2M0YzAiOnsiY3JlYXRlIjozMDAwMDAwMDAwMDB9LCJzY2hlbWFfdmVyc2lvbiI6IjIifQ==",
          "dependencies": [
            "data.terraform_remote_state.fabric",
            "module.security.module.security_group.aws_security_group.this"
          ]
        },
        {
          "index_key": 252,
          "schema_version": 2,
          "attributes": {
            "cidr_blocks": [
              "10.20.96.43/27"
            ],
            "description": "For access of SOE Active Directory",
            "from_port": 88,
            "id": "sgrule-3611992345",
            "ipv6_cidr_blocks": [],
            "prefix_list_ids": null,
            "protocol": "udp",
            "security_group_id": "sg-4c9b120c417998692",
            "security_group_rule_id": "sgr-08928bcd62647cba1",
            "self": false,
            "source_security_group_id": null,
            "timeouts": null,
            "to_port": 88,
            "type": "egress"
          },
          "sensitive_attributes": [],
          "private": "eyJlMmJmYjczMC1lY2FhLTExZTYtOGY4OC0zNDM2M2JjN2M0YzAiOnsiY3JlYXRlIjozMDAwMDAwMDAwMDB9LCJzY2hlbWFfdmVyc2lvbiI6IjIifQ==",
          "dependencies": [
            "data.terraform_remote_state.fabric",
            "module.security.module.security_group.aws_security_group.this"
          ]
        },
        {
          "index_key": 253,
          "schema_version": 2,
          "attributes": {
            "cidr_blocks": [
              "10.20.96.43/27"
            ],
            "description": "For access of SOE Active Directory",
            "from_port": 135,
            "id": "sgrule-1435781631",
            "ipv6_cidr_blocks": [],
            "prefix_list_ids": null,
            "protocol": "udp",
            "security_group_id": "sg-4c9b120c417998692",
            "security_group_rule_id": "sgr-0af50657c7698211e",
            "self": false,
            "source_security_group_id": null,
            "timeouts": null,
            "to_port": 135,
            "type": "egress"
          },
          "sensitive_attributes": [],
          "private": "eyJlMmJmYjczMC1lY2FhLTExZTYtOGY4OC0zNDM2M2JjN2M0YzAiOnsiY3JlYXRlIjozMDAwMDAwMDAwMDB9LCJzY2hlbWFfdmVyc2lvbiI6IjIifQ==",
          "dependencies": [
            "data.terraform_remote_state.fabric",
            "module.security.module.security_group.aws_security_group.this"
          ]
        },
        {
          "index_key": 254,
          "schema_version": 2,
          "attributes": {
            "cidr_blocks": [
              "10.20.96.43/27"
            ],
            "description": "Allow to SOE for Ldap",
            "from_port": 389,
            "id": "sgrule-3247538531",
            "ipv6_cidr_blocks": [],
            "prefix_list_ids": null,
            "protocol": "udp",
            "security_group_id": "sg-4c9b120c417998692",
            "security_group_rule_id": "sgr-0a988282672a49d22",
            "self": false,
            "source_security_group_id": null,
            "timeouts": null,
            "to_port": 389,
            "type": "egress"
          },
          "sensitive_attributes": [],
          "private": "eyJlMmJmYjczMC1lY2FhLTExZTYtOGY4OC0zNDM2M2JjN2M0YzAiOnsiY3JlYXRlIjozMDAwMDAwMDAwMDB9LCJzY2hlbWFfdmVyc2lvbiI6IjIifQ==",
          "dependencies": [
            "data.terraform_remote_state.fabric",
            "module.security.module.security_group.aws_security_group.this"
          ]
        },
        {
          "index_key": 255,
          "schema_version": 2,
          "attributes": {
            "cidr_blocks": [
              "10.20.154.230/27"
            ],
            "description": "For access of SOE Active Directory",
            "from_port": 88,
            "id": "sgrule-2140510720",
            "ipv6_cidr_blocks": [],
            "prefix_list_ids": null,
            "protocol": "udp",
            "security_group_id": "sg-a14e1807ea7d32a83",
            "security_group_rule_id": "sgr-0d3e596e56a38dff2",
            "self": false,
            "source_security_group_id": null,
            "timeouts": null,
            "to_port": 88,
            "type": "egress"
          },
          "sensitive_attributes": [],
          "private": "eyJlMmJmYjczMC1lY2FhLTExZTYtOGY4OC0zNDM2M2JjN2M0YzAiOnsiY3JlYXRlIjozMDAwMDAwMDAwMDB9LCJzY2hlbWFfdmVyc2lvbiI6IjIifQ==",
          "dependencies": [
            "data.terraform_remote_state.fabric",
            "module.security.module.security_group.aws_security_group.this"
          ]
        },
        {
          "index_key": 256,
          "schema_version": 2,
          "attributes": {
            "cidr_blocks": [
              "10.20.154.230/27"
            ],
            "description": "For access of SOE Active Directory",
            "from_port": 135,
            "id": "sgrule-2538729406",
            "ipv6_cidr_blocks": [],
            "prefix_list_ids": null,
            "protocol": "udp",
            "security_group_id": "sg-a14e1807ea7d32a83",
            "security_group_rule_id": "sgr-0daf89d41afeed6dc",
            "self": false,
            "source_security_group_id": null,
            "timeouts": null,
            "to_port": 135,
            "type": "egress"
          },
          "sensitive_attributes": [],
          "private": "eyJlMmJmYjczMC1lY2FhLTExZTYtOGY4OC0zNDM2M2JjN2M0YzAiOnsiY3JlYXRlIjozMDAwMDAwMDAwMDB9LCJzY2hlbWFfdmVyc2lvbiI6IjIifQ==",
          "dependencies": [
            "data.terraform_remote_state.fabric",
            "module.security.module.security_group.aws_security_group.this"
          ]
        },
        {
          "index_key": 257,
          "schema_version": 2,
          "attributes": {
            "cidr_blocks": [
              "10.20.154.230/27"
            ],
            "description": "Allow to SOE for Ldap",
            "from_port": 389,
            "id": "sgrule-55846690",
            "ipv6_cidr_blocks": [],
            "prefix_list_ids": null,
            "protocol": "udp",
            "security_group_id": "sg-a14e1807ea7d32a83",
            "security_group_rule_id": "sgr-0f04ebadc33705da5",
            "self": false,
            "source_security_group_id": null,
            "timeouts": null,
            "to_port": 389,
            "type": "egress"
          },
          "sensitive_attributes": [],
          "private": "eyJlMmJmYjczMC1lY2FhLTExZTYtOGY4OC0zNDM2M2JjN2M0YzAiOnsiY3JlYXRlIjozMDAwMDAwMDAwMDB9LCJzY2hlbWFfdmVyc2lvbiI6IjIifQ==",
          "dependencies": [
            "data.terraform_remote_state.fabric",
            "module.security.module.security_group.aws_security_group.this"
          ]
        },
        {
          "index_key": 258,
          "schema_version": 2,
          "attributes": {
            "cidr_blocks": [
              "10.20.154.230/27"
            ],
            "description": "For access of SOE Active Directory",
            "from_port": 88,
            "id": "sgrule-2845320034",
            "ipv6_cidr_blocks": [],
            "prefix_list_ids": null,
            "protocol": "udp",
            "security_group_id": "sg-cb5968f5ba1ad50e8",
            "security_group_rule_id": "sgr-02e6a3241066c356b",
            "self": false,
            "source_security_group_id": null,
            "timeouts": null,
            "to_port": 88,
            "type": "egress"
          },
          "sensitive_attributes": [],
          "private": "eyJlMmJmYjczMC1lY2FhLTExZTYtOGY4OC0zNDM2M2JjN2M0YzAiOnsiY3JlYXRlIjozMDAwMDAwMDAwMDB9LCJzY2hlbWFfdmVyc2lvbiI6IjIifQ==",
          "dependencies": [
            "data.terraform_remote_state.fabric",
            "module.security.module.security_group.aws_security_group.this"
          ]
        },
        {
          "index_key": 259,
          "schema_version": 2,
          "attributes": {
            "cidr_blocks": [
              "10.20.154.230/27"
            ],
            "description": "For access of SOE Active Directory",
            "from_port": 135,
            "id": "sgrule-1915173822",
            "ipv6_cidr_blocks": [],
            "prefix_list_ids": null,
            "protocol": "udp",
            "security_group_id": "sg-cb5968f5ba1ad50e8",
            "security_group_rule_id": "sgr-0190ca2086384766c",
            "self": false,
            "source_security_group_id": null,
            "timeouts": null,
            "to_port": 135,
            "type": "egress"
          },
          "sensitive_attributes": [],
          "private": "eyJlMmJmYjczMC1lY2FhLTExZTYtOGY4OC0zNDM2M2JjN2M0YzAiOnsiY3JlYXRlIjozMDAwMDAwMDAwMDB9LCJzY2hlbWFfdmVyc2lvbiI6IjIifQ==",
          "dependencies": [
            "data.terraform_remote_state.fabric",
            "module.security.module.security_group.aws_security_group.this"
          ]
        },
        {
          "index_key": 260,
          "schema_version": 2,
          "attributes": {
            "cidr_blocks": [
              "10.20.154.230/27"
            ],
            "description": "Allow to SOE for Ldap",
            "from_port": 389,
            "id": "sgrule-3861050146",
            "ipv6_cidr_blocks": [],
            "prefix_list_ids": null,
            "protocol": "udp",
            "security_group_id": "sg-cb5968f5ba1ad50e8",
            "security_group_rule_id": "sgr-0fc219306c41070e3",
            "self": false,
            "source_security_group_id": null,
            "timeouts": null,
            "to_port": 389,
            "type": "egress"
          },
          "sensitive_attributes": [],
          "private": "eyJlMmJmYjczMC1lY2FhLTExZTYtOGY4OC0zNDM2M2JjN2M0YzAiOnsiY3JlYXRlIjozMDAwMDAwMDAwMDB9LCJzY2hlbWFfdmVyc2lvbiI6IjIifQ==",
          "dependencies": [
            "data.terraform_remote_state.fabric",
            "module.security.module.security_group.aws_security_group.this"
          ]
        },
        {
          "index_key": 261,
          "schema_version": 2,
          "attributes": {
            "cidr_blocks": [
              "10.20.154.230/27"
            ],
            "description": "For access of SOE Active Directory",
            "from_port": 88,
            "id": "sgrule-1200837066",
            "ipv6_cidr_blocks": [],
            "prefix_list_ids": null,
            "protocol": "udp",
            "security_group_id": "sg-08b9a430cb789f96c",
            "security_group_rule_id": "sgr-0cbaba8579c7917d2",
            "self": false,
            "source_security_group_id": null,
            "timeouts": null,
            "to_port": 88,
            "type": "egress"
          },
          "sensitive_attributes": [],
          "private": "eyJlMmJmYjczMC1lY2FhLTExZTYtOGY4OC0zNDM2M2JjN2M0YzAiOnsiY3JlYXRlIjozMDAwMDAwMDAwMDB9LCJzY2hlbWFfdmVyc2lvbiI6IjIifQ==",
          "dependencies": [
            "data.terraform_remote_state.fabric",
            "module.security.module.security_group.aws_security_group.this"
          ]
        },
        {
          "index_key": 262,
          "schema_version": 2,
          "attributes": {
            "cidr_blocks": [
              "10.20.154.230/27"
            ],
            "description": "For access of SOE Active Directory",
            "from_port": 135,
            "id": "sgrule-2868048708",
            "ipv6_cidr_blocks": [],
            "prefix_list_ids": null,
            "protocol": "udp",
            "security_group_id": "sg-08b9a430cb789f96c",
            "security_group_rule_id": "sgr-07f8f0cb92bad8567",
            "self": false,
            "source_security_group_id": null,
            "timeouts": null,
            "to_port": 135,
            "type": "egress"
          },
          "sensitive_attributes": [],
          "private": "eyJlMmJmYjczMC1lY2FhLTExZTYtOGY4OC0zNDM2M2JjN2M0YzAiOnsiY3JlYXRlIjozMDAwMDAwMDAwMDB9LCJzY2hlbWFfdmVyc2lvbiI6IjIifQ==",
          "dependencies": [
            "data.terraform_remote_state.fabric",
            "module.security.module.security_group.aws_security_group.this"
          ]
        },
        {
          "index_key": 263,
          "schema_version": 2,
          "attributes": {
            "cidr_blocks": [
              "10.20.154.230/27"
            ],
            "description": "Allow to SOE for Ldap",
            "from_port": 389,
            "id": "sgrule-1056390104",
            "ipv6_cidr_blocks": [],
            "prefix_list_ids": null,
            "protocol": "udp",
            "security_group_id": "sg-08b9a430cb789f96c",
            "security_group_rule_id": "sgr-0ba468d1c7e517603",
            "self": false,
            "source_security_group_id": null,
            "timeouts": null,
            "to_port": 389,
            "type": "egress"
          },
          "sensitive_attributes": [],
          "private": "eyJlMmJmYjczMC1lY2FhLTExZTYtOGY4OC0zNDM2M2JjN2M0YzAiOnsiY3JlYXRlIjozMDAwMDAwMDAwMDB9LCJzY2hlbWFfdmVyc2lvbiI6IjIifQ==",
          "dependencies": [
            "data.terraform_remote_state.fabric",
            "module.security.module.security_group.aws_security_group.this"
          ]
        },
        {
          "index_key": 264,
          "schema_version": 2,
          "attributes": {
            "cidr_blocks": [
              "10.20.154.230/27"
            ],
            "description": "For access of SOE Active Directory",
            "from_port": 88,
            "id": "sgrule-2342022886",
            "ipv6_cidr_blocks": [],
            "prefix_list_ids": null,
            "protocol": "udp",
            "security_group_id": "sg-f1e22e496da168c30",
            "security_group_rule_id": "sgr-0f8480f0077ce0d2d",
            "self": false,
            "source_security_group_id": null,
            "timeouts": null,
            "to_port": 88,
            "type": "egress"
          },
          "sensitive_attributes": [],
          "private": "eyJlMmJmYjczMC1lY2FhLTExZTYtOGY4OC0zNDM2M2JjN2M0YzAiOnsiY3JlYXRlIjozMDAwMDAwMDAwMDB9LCJzY2hlbWFfdmVyc2lvbiI6IjIifQ==",
          "dependencies": [
            "data.terraform_remote_state.fabric",
            "module.security.module.security_group.aws_security_group.this"
          ]
        },
        {
          "index_key": 265,
          "schema_version": 2,
          "attributes": {
            "cidr_blocks": [
              "10.20.154.230/27"
            ],
            "description": "For access of SOE Active Directory",
            "from_port": 135,
            "id": "sgrule-631601628",
            "ipv6_cidr_blocks": [],
            "prefix_list_ids": null,
            "protocol": "udp",
            "security_group_id": "sg-f1e22e496da168c30",
            "security_group_rule_id": "sgr-0be5ac60a67123e14",
            "self": false,
            "source_security_group_id": null,
            "timeouts": null,
            "to_port": 135,
            "type": "egress"
          },
          "sensitive_attributes": [],
          "private": "eyJlMmJmYjczMC1lY2FhLTExZTYtOGY4OC0zNDM2M2JjN2M0YzAiOnsiY3JlYXRlIjozMDAwMDAwMDAwMDB9LCJzY2hlbWFfdmVyc2lvbiI6IjIifQ==",
          "dependencies": [
            "data.terraform_remote_state.fabric",
            "module.security.module.security_group.aws_security_group.this"
          ]
        },
        {
          "index_key": 266,
          "schema_version": 2,
          "attributes": {
            "cidr_blocks": [
              "10.20.154.230/27"
            ],
            "description": "Allow to SOE for Ldap",
            "from_port": 389,
            "id": "sgrule-2980098368",
            "ipv6_cidr_blocks": [],
            "prefix_list_ids": null,
            "protocol": "udp",
            "security_group_id": "sg-f1e22e496da168c30",
            "security_group_rule_id": "sgr-07407138260a78257",
            "self": false,
            "source_security_group_id": null,
            "timeouts": null,
            "to_port": 389,
            "type": "egress"
          },
          "sensitive_attributes": [],
          "private": "eyJlMmJmYjczMC1lY2FhLTExZTYtOGY4OC0zNDM2M2JjN2M0YzAiOnsiY3JlYXRlIjozMDAwMDAwMDAwMDB9LCJzY2hlbWFfdmVyc2lvbiI6IjIifQ==",
          "dependencies": [
            "data.terraform_remote_state.fabric",
            "module.security.module.security_group.aws_security_group.this"
          ]
        },
        {
          "index_key": 267,
          "schema_version": 2,
          "attributes": {
            "cidr_blocks": [
              "10.20.154.230/27"
            ],
            "description": "For access of SOE Active Directory",
            "from_port": 88,
            "id": "sgrule-1612225626",
            "ipv6_cidr_blocks": [],
            "prefix_list_ids": null,
            "protocol": "udp",
            "security_group_id": "sg-703bf2694bdf82ed0",
            "security_group_rule_id": "sgr-013ee668c5797d894",
            "self": false,
            "source_security_group_id": null,
            "timeouts": null,
            "to_port": 88,
            "type": "egress"
          },
          "sensitive_attributes": [],
          "private": "eyJlMmJmYjczMC1lY2FhLTExZTYtOGY4OC0zNDM2M2JjN2M0YzAiOnsiY3JlYXRlIjozMDAwMDAwMDAwMDB9LCJzY2hlbWFfdmVyc2lvbiI6IjIifQ==",
          "dependencies": [
            "data.terraform_remote_state.fabric",
            "module.security.module.security_group.aws_security_group.this"
          ]
        },
        {
          "index_key": 268,
          "schema_version": 2,
          "attributes": {
            "cidr_blocks": [
              "10.20.154.230/27"
            ],
            "description": "For access of SOE Active Directory",
            "from_port": 135,
            "id": "sgrule-1046929624",
            "ipv6_cidr_blocks": [],
            "prefix_list_ids": null,
            "protocol": "udp",
            "security_group_id": "sg-703bf2694bdf82ed0",
            "security_group_rule_id": "sgr-0cfc06377f011b39e",
            "self": false,
            "source_security_group_id": null,
            "timeouts": null,
            "to_port": 135,
            "type": "egress"
          },
          "sensitive_attributes": [],
          "private": "eyJlMmJmYjczMC1lY2FhLTExZTYtOGY4OC0zNDM2M2JjN2M0YzAiOnsiY3JlYXRlIjozMDAwMDAwMDAwMDB9LCJzY2hlbWFfdmVyc2lvbiI6IjIifQ==",
          "dependencies": [
            "data.terraform_remote_state.fabric",
            "module.security.module.security_group.aws_security_group.this"
          ]
        },
        {
          "index_key": 269,
          "schema_version": 2,
          "attributes": {
            "cidr_blocks": [
              "10.20.154.230/27"
            ],
            "description": "Allow to SOE for Ldap",
            "from_port": 389,
            "id": "sgrule-2858625092",
            "ipv6_cidr_blocks": [],
            "prefix_list_ids": null,
            "protocol": "udp",
            "security_group_id": "sg-703bf2694bdf82ed0",
            "security_group_rule_id": "sgr-012ec15424610c3fc",
            "self": false,
            "source_security_group_id": null,
            "timeouts": null,
            "to_port": 389,
            "type": "egress"
          },
          "sensitive_attributes": [],
          "private": "eyJlMmJmYjczMC1lY2FhLTExZTYtOGY4OC0zNDM2M2JjN2M0YzAiOnsiY3JlYXRlIjozMDAwMDAwMDAwMDB9LCJzY2hlbWFfdmVyc2lvbiI6IjIifQ==",
          "dependencies": [
            "data.terraform_remote_state.fabric",
            "module.security.module.security_group.aws_security_group.this"
          ]
        },
        {
          "index_key": 270,
          "schema_version": 2,
          "attributes": {
            "cidr_blocks": [
              "10.20.154.230/27"
            ],
            "description": "For access of SOE Active Directory",
            "from_port": 88,
            "id": "sgrule-3552538916",
            "ipv6_cidr_blocks": [],
            "prefix_list_ids": null,
            "protocol": "udp",
            "security_group_id": "sg-4c9b120c417998692",
            "security_group_rule_id": "sgr-02750260bfe4ca914",
            "self": false,
            "source_security_group_id": null,
            "timeouts": null,
            "to_port": 88,
            "type": "egress"
          },
          "sensitive_attributes": [],
          "private": "eyJlMmJmYjczMC1lY2FhLTExZTYtOGY4OC0zNDM2M2JjN2M0YzAiOnsiY3JlYXRlIjozMDAwMDAwMDAwMDB9LCJzY2hlbWFfdmVyc2lvbiI6IjIifQ==",
          "dependencies": [
            "data.terraform_remote_state.fabric",
            "module.security.module.security_group.aws_security_group.this"
          ]
        },
        {
          "index_key": 271,
          "schema_version": 2,
          "attributes": {
            "cidr_blocks": [
              "10.20.154.230/27"
            ],
            "description": "For access of SOE Active Directory",
            "from_port": 135,
            "id": "sgrule-1365350850",
            "ipv6_cidr_blocks": [],
            "prefix_list_ids": null,
            "protocol": "udp",
            "security_group_id": "sg-4c9b120c417998692",
            "security_group_rule_id": "sgr-09914e241ad676d0d",
            "self": false,
            "source_security_group_id": null,
            "timeouts": null,
            "to_port": 135,
            "type": "egress"
          },
          "sensitive_attributes": [],
          "private": "eyJlMmJmYjczMC1lY2FhLTExZTYtOGY4OC0zNDM2M2JjN2M0YzAiOnsiY3JlYXRlIjozMDAwMDAwMDAwMDB9LCJzY2hlbWFfdmVyc2lvbiI6IjIifQ==",
          "dependencies": [
            "data.terraform_remote_state.fabric",
            "module.security.module.security_group.aws_security_group.this"
          ]
        },
        {
          "index_key": 272,
          "schema_version": 2,
          "attributes": {
            "cidr_blocks": [
              "10.20.154.230/27"
            ],
            "description": "Allow to SOE for Ldap",
            "from_port": 389,
            "id": "sgrule-3311685982",
            "ipv6_cidr_blocks": [],
            "prefix_list_ids": null,
            "protocol": "udp",
            "security_group_id": "sg-4c9b120c417998692",
            "security_group_rule_id": "sgr-0b3dac1ff1a40ebe8",
            "self": false,
            "source_security_group_id": null,
            "timeouts": null,
            "to_port": 389,
            "type": "egress"
          },
          "sensitive_attributes": [],
          "private": "eyJlMmJmYjczMC1lY2FhLTExZTYtOGY4OC0zNDM2M2JjN2M0YzAiOnsiY3JlYXRlIjozMDAwMDAwMDAwMDB9LCJzY2hlbWFfdmVyc2lvbiI6IjIifQ==",
          "dependencies": [
            "data.terraform_remote_state.fabric",
            "module.security.module.security_group.aws_security_group.this"
          ]
        },
        {
          "index_key": 273,
          "schema_version": 2,
          "attributes": {
            "cidr_blocks": [
              "10.20.10.89/24"
            ],
            "description": "BaaS",
            "from_port": 1556,
            "id": "sgrule-4138726359",
            "ipv6_cidr_blocks": [],
            "prefix_list_ids": null,
            "protocol": "tcp",
            "security_group_id": "sg-0b51d54f35b16bee7",
            "security_group_rule_id": "sgr-0b1c3092185506464",
            "self": false,
            "source_security_group_id": null,
            "timeouts": null,
            "to_port": 13782,
            "type": "egress"
          },
          "sensitive_attributes": [],
          "private": "eyJlMmJmYjczMC1lY2FhLTExZTYtOGY4OC0zNDM2M2JjN2M0YzAiOnsiY3JlYXRlIjozMDAwMDAwMDAwMDB9LCJzY2hlbWFfdmVyc2lvbiI6IjIifQ==",
          "dependencies": [
            "module.security.module.security_group.aws_security_group.this"
          ]
        }
      ]
    },
    {
      "module": "module.security.module.security_group_rule",
      "mode": "managed",
      "type": "aws_security_group_rule",
      "name": "this_src",
      "provider": "provider[\"registry.terraform.io/hashicorp/aws\"]",
      "instances": [
        {
          "index_key": 0,
          "schema_version": 2,
          "attributes": {
            "cidr_blocks": null,
            "description": "Allow traffic from web server to the app tier load balancer",
            "from_port": 13443,
            "id": "sgrule-500173522",
            "ipv6_cidr_blocks": null,
            "prefix_list_ids": null,
            "protocol": "tcp",
            "security_group_id": "sg-a14e1807ea7d32a83",
            "security_group_rule_id": "sgr-03acc62b09ab2d5e4",
            "self": false,
            "source_security_group_id": "sg-f92fbfe42f69e5786",
            "timeouts": null,
            "to_port": 13443,
            "type": "egress"
          },
          "sensitive_attributes": [],
          "private": "eyJlMmJmYjczMC1lY2FhLTExZTYtOGY4OC0zNDM2M2JjN2M0YzAiOnsiY3JlYXRlIjozMDAwMDAwMDAwMDB9LCJzY2hlbWFfdmVyc2lvbiI6IjIifQ==",
          "dependencies": [
            "data.terraform_remote_state.fabric",
            "module.security.module.security_group.aws_security_group.this"
          ]
        },
        {
          "index_key": 1,
          "schema_version": 2,
          "attributes": {
            "cidr_blocks": null,
            "description": "Allow traffic from web server to the app tier load balancer",
            "from_port": 7443,
            "id": "sgrule-3411123332",
            "ipv6_cidr_blocks": null,
            "prefix_list_ids": null,
            "protocol": "tcp",
            "security_group_id": "sg-a14e1807ea7d32a83",
            "security_group_rule_id": "sgr-030cf512524b57afb",
            "self": false,
            "source_security_group_id": "sg-f92fbfe42f69e5786",
            "timeouts": null,
            "to_port": 7443,
            "type": "egress"
          },
          "sensitive_attributes": [],
          "private": "eyJlMmJmYjczMC1lY2FhLTExZTYtOGY4OC0zNDM2M2JjN2M0YzAiOnsiY3JlYXRlIjozMDAwMDAwMDAwMDB9LCJzY2hlbWFfdmVyc2lvbiI6IjIifQ==",
          "dependencies": [
            "data.terraform_remote_state.fabric",
            "module.security.module.security_group.aws_security_group.this"
          ]
        },
        {
          "index_key": 2,
          "schema_version": 2,
          "attributes": {
            "cidr_blocks": null,
            "description": "Allow traffic from web server to the app tier load balancer",
            "from_port": 6443,
            "id": "sgrule-30054301",
            "ipv6_cidr_blocks": null,
            "prefix_list_ids": null,
            "protocol": "tcp",
            "security_group_id": "sg-a14e1807ea7d32a83",
            "security_group_rule_id": "sgr-0c5c92bdb485ba2a9",
            "self": false,
            "source_security_group_id": "sg-f92fbfe42f69e5786",
            "timeouts": null,
            "to_port": 6443,
            "type": "egress"
          },
          "sensitive_attributes": [],
          "private": "eyJlMmJmYjczMC1lY2FhLTExZTYtOGY4OC0zNDM2M2JjN2M0YzAiOnsiY3JlYXRlIjozMDAwMDAwMDAwMDB9LCJzY2hlbWFfdmVyc2lvbiI6IjIifQ==",
          "dependencies": [
            "data.terraform_remote_state.fabric",
            "module.security.module.security_group.aws_security_group.this"
          ]
        },
        {
          "index_key": 3,
          "schema_version": 2,
          "attributes": {
            "cidr_blocks": null,
            "description": "Allow traffic from web server to the app tier load balancer",
            "from_port": 13443,
            "id": "sgrule-126447394",
            "ipv6_cidr_blocks": null,
            "prefix_list_ids": null,
            "protocol": "tcp",
            "security_group_id": "sg-f92fbfe42f69e5786",
            "security_group_rule_id": "sgr-09ad6ad3cac31c42e",
            "self": false,
            "source_security_group_id": "sg-a14e1807ea7d32a83",
            "timeouts": null,
            "to_port": 13443,
            "type": "ingress"
          },
          "sensitive_attributes": [],
          "private": "eyJlMmJmYjczMC1lY2FhLTExZTYtOGY4OC0zNDM2M2JjN2M0YzAiOnsiY3JlYXRlIjozMDAwMDAwMDAwMDB9LCJzY2hlbWFfdmVyc2lvbiI6IjIifQ==",
          "dependencies": [
            "data.terraform_remote_state.fabric",
            "module.security.module.security_group.aws_security_group.this"
          ]
        },
        {
          "index_key": 4,
          "schema_version": 2,
          "attributes": {
            "cidr_blocks": null,
            "description": "Allow traffic from web server to the app tier load balancer",
            "from_port": 7443,
            "id": "sgrule-2551301319",
            "ipv6_cidr_blocks": null,
            "prefix_list_ids": null,
            "protocol": "tcp",
            "security_group_id": "sg-f92fbfe42f69e5786",
            "security_group_rule_id": "sgr-06afc66105666fa41",
            "self": false,
            "source_security_group_id": "sg-a14e1807ea7d32a83",
            "timeouts": null,
            "to_port": 7443,
            "type": "ingress"
          },
          "sensitive_attributes": [],
          "private": "eyJlMmJmYjczMC1lY2FhLTExZTYtOGY4OC0zNDM2M2JjN2M0YzAiOnsiY3JlYXRlIjozMDAwMDAwMDAwMDB9LCJzY2hlbWFfdmVyc2lvbiI6IjIifQ==",
          "dependencies": [
            "data.terraform_remote_state.fabric",
            "module.security.module.security_group.aws_security_group.this"
          ]
        },
        {
          "index_key": 5,
          "schema_version": 2,
          "attributes": {
            "cidr_blocks": null,
            "description": "Allow traffic from web server to the app tier load balancer",
            "from_port": 6443,
            "id": "sgrule-4239456012",
            "ipv6_cidr_blocks": null,
            "prefix_list_ids": null,
            "protocol": "tcp",
            "security_group_id": "sg-f92fbfe42f69e5786",
            "security_group_rule_id": "sgr-08ea4a5f24b085094",
            "self": false,
            "source_security_group_id": "sg-a14e1807ea7d32a83",
            "timeouts": null,
            "to_port": 6443,
            "type": "ingress"
          },
          "sensitive_attributes": [],
          "private": "eyJlMmJmYjczMC1lY2FhLTExZTYtOGY4OC0zNDM2M2JjN2M0YzAiOnsiY3JlYXRlIjozMDAwMDAwMDAwMDB9LCJzY2hlbWFfdmVyc2lvbiI6IjIifQ==",
          "dependencies": [
            "data.terraform_remote_state.fabric",
            "module.security.module.security_group.aws_security_group.this"
          ]
        },
        {
          "index_key": 6,
          "schema_version": 2,
          "attributes": {
            "cidr_blocks": null,
            "description": "Allow traffic from app alb sgrp to Map server",
            "from_port": 6443,
            "id": "sgrule-2351044618",
            "ipv6_cidr_blocks": null,
            "prefix_list_ids": null,
            "protocol": "tcp",
            "security_group_id": "sg-f1e22e496da168c30",
            "security_group_rule_id": "sgr-0b020372578c1ac8d",
            "self": false,
            "source_security_group_id": "sg-f92fbfe42f69e5786",
            "timeouts": null,
            "to_port": 6443,
            "type": "ingress"
          },
          "sensitive_attributes": [],
          "private": "eyJlMmJmYjczMC1lY2FhLTExZTYtOGY4OC0zNDM2M2JjN2M0YzAiOnsiY3JlYXRlIjozMDAwMDAwMDAwMDB9LCJzY2hlbWFfdmVyc2lvbiI6IjIifQ==",
          "dependencies": [
            "data.terraform_remote_state.fabric",
            "module.security.module.security_group.aws_security_group.this"
          ]
        },
        {
          "index_key": 7,
          "schema_version": 2,
          "attributes": {
            "cidr_blocks": null,
            "description": "Allow traffic from app alb sgrp to UN app server",
            "from_port": 6443,
            "id": "sgrule-2358786562",
            "ipv6_cidr_blocks": null,
            "prefix_list_ids": null,
            "protocol": "tcp",
            "security_group_id": "sg-08b9a430cb789f96c",
            "security_group_rule_id": "sgr-095124e77e7101082",
            "self": false,
            "source_security_group_id": "sg-f92fbfe42f69e5786",
            "timeouts": null,
            "to_port": 6443,
            "type": "ingress"
          },
          "sensitive_attributes": [],
          "private": "eyJlMmJmYjczMC1lY2FhLTExZTYtOGY4OC0zNDM2M2JjN2M0YzAiOnsiY3JlYXRlIjozMDAwMDAwMDAwMDB9LCJzY2hlbWFfdmVyc2lvbiI6IjIifQ==",
          "dependencies": [
            "data.terraform_remote_state.fabric",
            "module.security.module.security_group.aws_security_group.this"
          ]
        },
        {
          "index_key": 8,
          "schema_version": 2,
          "attributes": {
            "cidr_blocks": null,
            "description": "Allow traffic from app alb sgrp to GP server",
            "from_port": 6443,
            "id": "sgrule-1913636085",
            "ipv6_cidr_blocks": null,
            "prefix_list_ids": null,
            "protocol": "tcp",
            "security_group_id": "sg-703bf2694bdf82ed0",
            "security_group_rule_id": "sgr-03df5358a851d0744",
            "self": false,
            "source_security_group_id": "sg-f92fbfe42f69e5786",
            "timeouts": null,
            "to_port": 6443,
            "type": "ingress"
          },
          "sensitive_attributes": [],
          "private": "eyJlMmJmYjczMC1lY2FhLTExZTYtOGY4OC0zNDM2M2JjN2M0YzAiOnsiY3JlYXRlIjozMDAwMDAwMDAwMDB9LCJzY2hlbWFfdmVyc2lvbiI6IjIifQ==",
          "dependencies": [
            "data.terraform_remote_state.fabric",
            "module.security.module.security_group.aws_security_group.this"
          ]
        },
        {
          "index_key": 9,
          "schema_version": 2,
          "attributes": {
            "cidr_blocks": null,
            "description": "Allow traffic from app alb sgrp to Map server",
            "from_port": 13443,
            "id": "sgrule-1089861678",
            "ipv6_cidr_blocks": null,
            "prefix_list_ids": null,
            "protocol": "tcp",
            "security_group_id": "sg-f1e22e496da168c30",
            "security_group_rule_id": "sgr-0bcc63a430245242c",
            "self": false,
            "source_security_group_id": "sg-f92fbfe42f69e5786",
            "timeouts": null,
            "to_port": 13443,
            "type": "ingress"
          },
          "sensitive_attributes": [],
          "private": "eyJlMmJmYjczMC1lY2FhLTExZTYtOGY4OC0zNDM2M2JjN2M0YzAiOnsiY3JlYXRlIjozMDAwMDAwMDAwMDB9LCJzY2hlbWFfdmVyc2lvbiI6IjIifQ==",
          "dependencies": [
            "data.terraform_remote_state.fabric",
            "module.security.module.security_group.aws_security_group.this"
          ]
        },
        {
          "index_key": 10,
          "schema_version": 2,
          "attributes": {
            "cidr_blocks": null,
            "description": "Allow traffic from app alb sgrp to UN app server",
            "from_port": 13443,
            "id": "sgrule-1565275000",
            "ipv6_cidr_blocks": null,
            "prefix_list_ids": null,
            "protocol": "tcp",
            "security_group_id": "sg-08b9a430cb789f96c",
            "security_group_rule_id": "sgr-05795fa949eaa234c",
            "self": false,
            "source_security_group_id": "sg-f92fbfe42f69e5786",
            "timeouts": null,
            "to_port": 13443,
            "type": "ingress"
          },
          "sensitive_attributes": [],
          "private": "eyJlMmJmYjczMC1lY2FhLTExZTYtOGY4OC0zNDM2M2JjN2M0YzAiOnsiY3JlYXRlIjozMDAwMDAwMDAwMDB9LCJzY2hlbWFfdmVyc2lvbiI6IjIifQ==",
          "dependencies": [
            "data.terraform_remote_state.fabric",
            "module.security.module.security_group.aws_security_group.this"
          ]
        },
        {
          "index_key": 11,
          "schema_version": 2,
          "attributes": {
            "cidr_blocks": null,
            "description": "Allow traffic from app alb sgrp to GP server",
            "from_port": 13443,
            "id": "sgrule-1555326350",
            "ipv6_cidr_blocks": null,
            "prefix_list_ids": null,
            "protocol": "tcp",
            "security_group_id": "sg-703bf2694bdf82ed0",
            "security_group_rule_id": "sgr-06251d7cdade037b4",
            "self": false,
            "source_security_group_id": "sg-f92fbfe42f69e5786",
            "timeouts": null,
            "to_port": 13443,
            "type": "ingress"
          },
          "sensitive_attributes": [],
          "private": "eyJlMmJmYjczMC1lY2FhLTExZTYtOGY4OC0zNDM2M2JjN2M0YzAiOnsiY3JlYXRlIjozMDAwMDAwMDAwMDB9LCJzY2hlbWFfdmVyc2lvbiI6IjIifQ==",
          "dependencies": [
            "data.terraform_remote_state.fabric",
            "module.security.module.security_group.aws_security_group.this"
          ]
        },
        {
          "index_key": 12,
          "schema_version": 2,
          "attributes": {
            "cidr_blocks": null,
            "description": "Allow traffic from app alb sgrp to Portal server",
            "from_port": 7443,
            "id": "sgrule-219784836",
            "ipv6_cidr_blocks": null,
            "prefix_list_ids": null,
            "protocol": "tcp",
            "security_group_id": "sg-4c9b120c417998692",
            "security_group_rule_id": "sgr-040b12905c74e31c0",
            "self": false,
            "source_security_group_id": "sg-f92fbfe42f69e5786",
            "timeouts": null,
            "to_port": 7443,
            "type": "ingress"
          },
          "sensitive_attributes": [],
          "private": "eyJlMmJmYjczMC1lY2FhLTExZTYtOGY4OC0zNDM2M2JjN2M0YzAiOnsiY3JlYXRlIjozMDAwMDAwMDAwMDB9LCJzY2hlbWFfdmVyc2lvbiI6IjIifQ==",
          "dependencies": [
            "data.terraform_remote_state.fabric",
            "module.security.module.security_group.aws_security_group.this"
          ]
        },
        {
          "index_key": 13,
          "schema_version": 2,
          "attributes": {
            "cidr_blocks": null,
            "description": "Traffic from UN Server to Map Server",
            "from_port": 1098,
            "id": "sgrule-2211608771",
            "ipv6_cidr_blocks": null,
            "prefix_list_ids": null,
            "protocol": "tcp",
            "security_group_id": "sg-f1e22e496da168c30",
            "security_group_rule_id": "sgr-015982db48eb437a0",
            "self": false,
            "source_security_group_id": "sg-08b9a430cb789f96c",
            "timeouts": null,
            "to_port": 7443,
            "type": "ingress"
          },
          "sensitive_attributes": [],
          "private": "eyJlMmJmYjczMC1lY2FhLTExZTYtOGY4OC0zNDM2M2JjN2M0YzAiOnsiY3JlYXRlIjozMDAwMDAwMDAwMDB9LCJzY2hlbWFfdmVyc2lvbiI6IjIifQ==",
          "dependencies": [
            "data.terraform_remote_state.fabric",
            "module.security.module.security_group.aws_security_group.this"
          ]
        },
        {
          "index_key": 14,
          "schema_version": 2,
          "attributes": {
            "cidr_blocks": null,
            "description": "Traffic from UN Server to Map Server",
            "from_port": 4000,
            "id": "sgrule-1660435059",
            "ipv6_cidr_blocks": null,
            "prefix_list_ids": null,
            "protocol": "tcp",
            "security_group_id": "sg-f1e22e496da168c30",
            "security_group_rule_id": "sgr-0aeda68ae2a84367c",
            "self": false,
            "source_security_group_id": "sg-08b9a430cb789f96c",
            "timeouts": null,
            "to_port": 4003,
            "type": "ingress"
          },
          "sensitive_attributes": [],
          "private": "eyJlMmJmYjczMC1lY2FhLTExZTYtOGY4OC0zNDM2M2JjN2M0YzAiOnsiY3JlYXRlIjozMDAwMDAwMDAwMDB9LCJzY2hlbWFfdmVyc2lvbiI6IjIifQ==",
          "dependencies": [
            "data.terraform_remote_state.fabric",
            "module.security.module.security_group.aws_security_group.this"
          ]
        },
        {
          "index_key": 15,
          "schema_version": 2,
          "attributes": {
            "cidr_blocks": null,
            "description": "Traffic from UN Server to Map Server",
            "from_port": 6006,
            "id": "sgrule-460896482",
            "ipv6_cidr_blocks": null,
            "prefix_list_ids": null,
            "protocol": "tcp",
            "security_group_id": "sg-f1e22e496da168c30",
            "security_group_rule_id": "sgr-05df259bd9860eeba",
            "self": false,
            "source_security_group_id": "sg-08b9a430cb789f96c",
            "timeouts": null,
            "to_port": 6006,
            "type": "ingress"
          },
          "sensitive_attributes": [],
          "private": "eyJlMmJmYjczMC1lY2FhLTExZTYtOGY4OC0zNDM2M2JjN2M0YzAiOnsiY3JlYXRlIjozMDAwMDAwMDAwMDB9LCJzY2hlbWFfdmVyc2lvbiI6IjIifQ==",
          "dependencies": [
            "data.terraform_remote_state.fabric",
            "module.security.module.security_group.aws_security_group.this"
          ]
        },
        {
          "index_key": 16,
          "schema_version": 2,
          "attributes": {
            "cidr_blocks": null,
            "description": "Traffic from UN Server to Map Server",
            "from_port": 6099,
            "id": "sgrule-454116661",
            "ipv6_cidr_blocks": null,
            "prefix_list_ids": null,
            "protocol": "tcp",
            "security_group_id": "sg-f1e22e496da168c30",
            "security_group_rule_id": "sgr-05e1d2107f5d07415",
            "self": false,
            "source_security_group_id": "sg-08b9a430cb789f96c",
            "timeouts": null,
            "to_port": 6099,
            "type": "ingress"
          },
          "sensitive_attributes": [],
          "private": "eyJlMmJmYjczMC1lY2FhLTExZTYtOGY4OC0zNDM2M2JjN2M0YzAiOnsiY3JlYXRlIjozMDAwMDAwMDAwMDB9LCJzY2hlbWFfdmVyc2lvbiI6IjIifQ==",
          "dependencies": [
            "data.terraform_remote_state.fabric",
            "module.security.module.security_group.aws_security_group.this"
          ]
        },
        {
          "index_key": 17,
          "schema_version": 2,
          "attributes": {
            "cidr_blocks": null,
            "description": "Traffic from UN Server to Map Server",
            "from_port": 6443,
            "id": "sgrule-1398506853",
            "ipv6_cidr_blocks": null,
            "prefix_list_ids": null,
            "protocol": "tcp",
            "security_group_id": "sg-f1e22e496da168c30",
            "security_group_rule_id": "sgr-06168a55e5239e9c7",
            "self": false,
            "source_security_group_id": "sg-08b9a430cb789f96c",
            "timeouts": null,
            "to_port": 6443,
            "type": "ingress"
          },
          "sensitive_attributes": [],
          "private": "eyJlMmJmYjczMC1lY2FhLTExZTYtOGY4OC0zNDM2M2JjN2M0YzAiOnsiY3JlYXRlIjozMDAwMDAwMDAwMDB9LCJzY2hlbWFfdmVyc2lvbiI6IjIifQ==",
          "dependencies": [
            "data.terraform_remote_state.fabric",
            "module.security.module.security_group.aws_security_group.this"
          ]
        },
        {
          "index_key": 18,
          "schema_version": 2,
          "attributes": {
            "cidr_blocks": null,
            "description": "Traffic from UN Server to Map Server",
            "from_port": 7443,
            "id": "sgrule-939177646",
            "ipv6_cidr_blocks": null,
            "prefix_list_ids": null,
            "protocol": "tcp",
            "security_group_id": "sg-f1e22e496da168c30",
            "security_group_rule_id": "sgr-0f30dd61f6e2b4665",
            "self": false,
            "source_security_group_id": "sg-08b9a430cb789f96c",
            "timeouts": null,
            "to_port": 7443,
            "type": "ingress"
          },
          "sensitive_attributes": [],
          "private": "eyJlMmJmYjczMC1lY2FhLTExZTYtOGY4OC0zNDM2M2JjN2M0YzAiOnsiY3JlYXRlIjozMDAwMDAwMDAwMDB9LCJzY2hlbWFfdmVyc2lvbiI6IjIifQ==",
          "dependencies": [
            "data.terraform_remote_state.fabric",
            "module.security.module.security_group.aws_security_group.this"
          ]
        },
        {
          "index_key": 19,
          "schema_version": 2,
          "attributes": {
            "cidr_blocks": null,
            "description": "Traffic from UN Server to Map Server",
            "from_port": 13443,
            "id": "sgrule-2676778305",
            "ipv6_cidr_blocks": null,
            "prefix_list_ids": null,
            "protocol": "tcp",
            "security_group_id": "sg-f1e22e496da168c30",
            "security_group_rule_id": "sgr-004b9579462e54ddb",
            "self": false,
            "source_security_group_id": "sg-08b9a430cb789f96c",
            "timeouts": null,
            "to_port": 13443,
            "type": "ingress"
          },
          "sensitive_attributes": [],
          "private": "eyJlMmJmYjczMC1lY2FhLTExZTYtOGY4OC0zNDM2M2JjN2M0YzAiOnsiY3JlYXRlIjozMDAwMDAwMDAwMDB9LCJzY2hlbWFfdmVyc2lvbiI6IjIifQ==",
          "dependencies": [
            "data.terraform_remote_state.fabric",
            "module.security.module.security_group.aws_security_group.this"
          ]
        },
        {
          "index_key": 20,
          "schema_version": 2,
          "attributes": {
            "cidr_blocks": null,
            "description": "Traffic from GP Server to Map Server",
            "from_port": 1098,
            "id": "sgrule-3415361564",
            "ipv6_cidr_blocks": null,
            "prefix_list_ids": null,
            "protocol": "tcp",
            "security_group_id": "sg-f1e22e496da168c30",
            "security_group_rule_id": "sgr-0aceb121912d60b0d",
            "self": false,
            "source_security_group_id": "sg-703bf2694bdf82ed0",
            "timeouts": null,
            "to_port": 7443,
            "type": "ingress"
          },
          "sensitive_attributes": [],
          "private": "eyJlMmJmYjczMC1lY2FhLTExZTYtOGY4OC0zNDM2M2JjN2M0YzAiOnsiY3JlYXRlIjozMDAwMDAwMDAwMDB9LCJzY2hlbWFfdmVyc2lvbiI6IjIifQ==",
          "dependencies": [
            "data.terraform_remote_state.fabric",
            "module.security.module.security_group.aws_security_group.this"
          ]
        },
        {
          "index_key": 21,
          "schema_version": 2,
          "attributes": {
            "cidr_blocks": null,
            "description": "Traffic from GP Server to Map Server",
            "from_port": 4000,
            "id": "sgrule-716704428",
            "ipv6_cidr_blocks": null,
            "prefix_list_ids": null,
            "protocol": "tcp",
            "security_group_id": "sg-f1e22e496da168c30",
            "security_group_rule_id": "sgr-0169bcaa0c7fe888c",
            "self": false,
            "source_security_group_id": "sg-703bf2694bdf82ed0",
            "timeouts": null,
            "to_port": 4003,
            "type": "ingress"
          },
          "sensitive_attributes": [],
          "private": "eyJlMmJmYjczMC1lY2FhLTExZTYtOGY4OC0zNDM2M2JjN2M0YzAiOnsiY3JlYXRlIjozMDAwMDAwMDAwMDB9LCJzY2hlbWFfdmVyc2lvbiI6IjIifQ==",
          "dependencies": [
            "data.terraform_remote_state.fabric",
            "module.security.module.security_group.aws_security_group.this"
          ]
        },
        {
          "index_key": 22,
          "schema_version": 2,
          "attributes": {
            "cidr_blocks": null,
            "description": "Traffic from GP Server to Map Server",
            "from_port": 6006,
            "id": "sgrule-1396213821",
            "ipv6_cidr_blocks": null,
            "prefix_list_ids": null,
            "protocol": "tcp",
            "security_group_id": "sg-f1e22e496da168c30",
            "security_group_rule_id": "sgr-0cf4a0e3d4bde3bf7",
            "self": false,
            "source_security_group_id": "sg-703bf2694bdf82ed0",
            "timeouts": null,
            "to_port": 6006,
            "type": "ingress"
          },
          "sensitive_attributes": [],
          "private": "eyJlMmJmYjczMC1lY2FhLTExZTYtOGY4OC0zNDM2M2JjN2M0YzAiOnsiY3JlYXRlIjozMDAwMDAwMDAwMDB9LCJzY2hlbWFfdmVyc2lvbiI6IjIifQ==",
          "dependencies": [
            "data.terraform_remote_state.fabric",
            "module.security.module.security_group.aws_security_group.this"
          ]
        },
        {
          "index_key": 23,
          "schema_version": 2,
          "attributes": {
            "cidr_blocks": null,
            "description": "Traffic from GP Server to Map Server",
            "from_port": 6099,
            "id": "sgrule-1397847530",
            "ipv6_cidr_blocks": null,
            "prefix_list_ids": null,
            "protocol": "tcp",
            "security_group_id": "sg-f1e22e496da168c30",
            "security_group_rule_id": "sgr-0262ae5812e6252d5",
            "self": false,
            "source_security_group_id": "sg-703bf2694bdf82ed0",
            "timeouts": null,
            "to_port": 6099,
            "type": "ingress"
          },
          "sensitive_attributes": [],
          "private": "eyJlMmJmYjczMC1lY2FhLTExZTYtOGY4OC0zNDM2M2JjN2M0YzAiOnsiY3JlYXRlIjozMDAwMDAwMDAwMDB9LCJzY2hlbWFfdmVyc2lvbiI6IjIifQ==",
          "dependencies": [
            "data.terraform_remote_state.fabric",
            "module.security.module.security_group.aws_security_group.this"
          ]
        },
        {
          "index_key": 24,
          "schema_version": 2,
          "attributes": {
            "cidr_blocks": null,
            "description": "Traffic from GP Server to Map Server",
            "from_port": 6443,
            "id": "sgrule-454800826",
            "ipv6_cidr_blocks": null,
            "prefix_list_ids": null,
            "protocol": "tcp",
            "security_group_id": "sg-f1e22e496da168c30",
            "security_group_rule_id": "sgr-01658ca2bf8f86fec",
            "self": false,
            "source_security_group_id": "sg-703bf2694bdf82ed0",
            "timeouts": null,
            "to_port": 6443,
            "type": "ingress"
          },
          "sensitive_attributes": [],
          "private": "eyJlMmJmYjczMC1lY2FhLTExZTYtOGY4OC0zNDM2M2JjN2M0YzAiOnsiY3JlYXRlIjozMDAwMDAwMDAwMDB9LCJzY2hlbWFfdmVyc2lvbiI6IjIifQ==",
          "dependencies": [
            "data.terraform_remote_state.fabric",
            "module.security.module.security_group.aws_security_group.this"
          ]
        },
        {
          "index_key": 25,
          "schema_version": 2,
          "attributes": {
            "cidr_blocks": null,
            "description": "Traffic from GP Server to Map Server",
            "from_port": 7443,
            "id": "sgrule-2142930545",
            "ipv6_cidr_blocks": null,
            "prefix_list_ids": null,
            "protocol": "tcp",
            "security_group_id": "sg-f1e22e496da168c30",
            "security_group_rule_id": "sgr-0f30e3d9a714866f8",
            "self": false,
            "source_security_group_id": "sg-703bf2694bdf82ed0",
            "timeouts": null,
            "to_port": 7443,
            "type": "ingress"
          },
          "sensitive_attributes": [],
          "private": "eyJlMmJmYjczMC1lY2FhLTExZTYtOGY4OC0zNDM2M2JjN2M0YzAiOnsiY3JlYXRlIjozMDAwMDAwMDAwMDB9LCJzY2hlbWFfdmVyc2lvbiI6IjIifQ==",
          "dependencies": [
            "data.terraform_remote_state.fabric",
            "module.security.module.security_group.aws_security_group.this"
          ]
        },
        {
          "index_key": 26,
          "schema_version": 2,
          "attributes": {
            "cidr_blocks": null,
            "description": "Traffic from GP Server to Map Server",
            "from_port": 13443,
            "id": "sgrule-3620492702",
            "ipv6_cidr_blocks": null,
            "prefix_list_ids": null,
            "protocol": "tcp",
            "security_group_id": "sg-f1e22e496da168c30",
            "security_group_rule_id": "sgr-04042ccf156dd93df",
            "self": false,
            "source_security_group_id": "sg-703bf2694bdf82ed0",
            "timeouts": null,
            "to_port": 13443,
            "type": "ingress"
          },
          "sensitive_attributes": [],
          "private": "eyJlMmJmYjczMC1lY2FhLTExZTYtOGY4OC0zNDM2M2JjN2M0YzAiOnsiY3JlYXRlIjozMDAwMDAwMDAwMDB9LCJzY2hlbWFfdmVyc2lvbiI6IjIifQ==",
          "dependencies": [
            "data.terraform_remote_state.fabric",
            "module.security.module.security_group.aws_security_group.this"
          ]
        },
        {
          "index_key": 27,
          "schema_version": 2,
          "attributes": {
            "cidr_blocks": null,
            "description": "Traffic from portal Server to Map Server",
            "from_port": 1098,
            "id": "sgrule-3883079033",
            "ipv6_cidr_blocks": null,
            "prefix_list_ids": null,
            "protocol": "tcp",
            "security_group_id": "sg-f1e22e496da168c30",
            "security_group_rule_id": "sgr-0bf3f8fb87a532c19",
            "self": false,
            "source_security_group_id": "sg-4c9b120c417998692",
            "timeouts": null,
            "to_port": 7443,
            "type": "ingress"
          },
          "sensitive_attributes": [],
          "private": "eyJlMmJmYjczMC1lY2FhLTExZTYtOGY4OC0zNDM2M2JjN2M0YzAiOnsiY3JlYXRlIjozMDAwMDAwMDAwMDB9LCJzY2hlbWFfdmVyc2lvbiI6IjIifQ==",
          "dependencies": [
            "data.terraform_remote_state.fabric",
            "module.security.module.security_group.aws_security_group.this"
          ]
        },
        {
          "index_key": 28,
          "schema_version": 2,
          "attributes": {
            "cidr_blocks": null,
            "description": "Traffic from portal Server to Map Server",
            "from_port": 4000,
            "id": "sgrule-106518473",
            "ipv6_cidr_blocks": null,
            "prefix_list_ids": null,
            "protocol": "tcp",
            "security_group_id": "sg-f1e22e496da168c30",
            "security_group_rule_id": "sgr-04a0ae03579865a78",
            "self": false,
            "source_security_group_id": "sg-4c9b120c417998692",
            "timeouts": null,
            "to_port": 4003,
            "type": "ingress"
          },
          "sensitive_attributes": [],
          "private": "eyJlMmJmYjczMC1lY2FhLTExZTYtOGY4OC0zNDM2M2JjN2M0YzAiOnsiY3JlYXRlIjozMDAwMDAwMDAwMDB9LCJzY2hlbWFfdmVyc2lvbiI6IjIifQ==",
          "dependencies": [
            "data.terraform_remote_state.fabric",
            "module.security.module.security_group.aws_security_group.this"
          ]
        },
        {
          "index_key": 29,
          "schema_version": 2,
          "attributes": {
            "cidr_blocks": null,
            "description": "Traffic from portal Server to Map Server",
            "from_port": 6006,
            "id": "sgrule-2144982360",
            "ipv6_cidr_blocks": null,
            "prefix_list_ids": null,
            "protocol": "tcp",
            "security_group_id": "sg-f1e22e496da168c30",
            "security_group_rule_id": "sgr-0461e6235506a5a66",
            "self": false,
            "source_security_group_id": "sg-4c9b120c417998692",
            "timeouts": null,
            "to_port": 6006,
            "type": "ingress"
          },
          "sensitive_attributes": [],
          "private": "eyJlMmJmYjczMC1lY2FhLTExZTYtOGY4OC0zNDM2M2JjN2M0YzAiOnsiY3JlYXRlIjozMDAwMDAwMDAwMDB9LCJzY2hlbWFfdmVyc2lvbiI6IjIifQ==",
          "dependencies": [
            "data.terraform_remote_state.fabric",
            "module.security.module.security_group.aws_security_group.this"
          ]
        },
        {
          "index_key": 30,
          "schema_version": 2,
          "attributes": {
            "cidr_blocks": null,
            "description": "Traffic from portal Server to Map Server",
            "from_port": 6099,
            "id": "sgrule-2142251151",
            "ipv6_cidr_blocks": null,
            "prefix_list_ids": null,
            "protocol": "tcp",
            "security_group_id": "sg-f1e22e496da168c30",
            "security_group_rule_id": "sgr-03364654f5f438719",
            "self": false,
            "source_security_group_id": "sg-4c9b120c417998692",
            "timeouts": null,
            "to_port": 6099,
            "type": "ingress"
          },
          "sensitive_attributes": [],
          "private": "eyJlMmJmYjczMC1lY2FhLTExZTYtOGY4OC0zNDM2M2JjN2M0YzAiOnsiY3JlYXRlIjozMDAwMDAwMDAwMDB9LCJzY2hlbWFfdmVyc2lvbiI6IjIifQ==",
          "dependencies": [
            "data.terraform_remote_state.fabric",
            "module.security.module.security_group.aws_security_group.this"
          ]
        },
        {
          "index_key": 31,
          "schema_version": 2,
          "attributes": {
            "cidr_blocks": null,
            "description": "Traffic from portal Server to Map Server",
            "from_port": 6443,
            "id": "sgrule-939190495",
            "ipv6_cidr_blocks": null,
            "prefix_list_ids": null,
            "protocol": "tcp",
            "security_group_id": "sg-f1e22e496da168c30",
            "security_group_rule_id": "sgr-085690d6c135b9568",
            "self": false,
            "source_security_group_id": "sg-4c9b120c417998692",
            "timeouts": null,
            "to_port": 6443,
            "type": "ingress"
          },
          "sensitive_attributes": [],
          "private": "eyJlMmJmYjczMC1lY2FhLTExZTYtOGY4OC0zNDM2M2JjN2M0YzAiOnsiY3JlYXRlIjozMDAwMDAwMDAwMDB9LCJzY2hlbWFfdmVyc2lvbiI6IjIifQ==",
          "dependencies": [
            "data.terraform_remote_state.fabric",
            "module.security.module.security_group.aws_security_group.this"
          ]
        },
        {
          "index_key": 32,
          "schema_version": 2,
          "attributes": {
            "cidr_blocks": null,
            "description": "Traffic from portal Server to Map Server",
            "from_port": 7443,
            "id": "sgrule-1398528788",
            "ipv6_cidr_blocks": null,
            "prefix_list_ids": null,
            "protocol": "tcp",
            "security_group_id": "sg-f1e22e496da168c30",
            "security_group_rule_id": "sgr-0ae833daba56d6f6e",
            "self": false,
            "source_security_group_id": "sg-4c9b120c417998692",
            "timeouts": null,
            "to_port": 7443,
            "type": "ingress"
          },
          "sensitive_attributes": [],
          "private": "eyJlMmJmYjczMC1lY2FhLTExZTYtOGY4OC0zNDM2M2JjN2M0YzAiOnsiY3JlYXRlIjozMDAwMDAwMDAwMDB9LCJzY2hlbWFfdmVyc2lvbiI6IjIifQ==",
          "dependencies": [
            "data.terraform_remote_state.fabric",
            "module.security.module.security_group.aws_security_group.this"
          ]
        },
        {
          "index_key": 33,
          "schema_version": 2,
          "attributes": {
            "cidr_blocks": null,
            "description": "Traffic from portal Server to Map Server",
            "from_port": 13443,
            "id": "sgrule-4214032635",
            "ipv6_cidr_blocks": null,
            "prefix_list_ids": null,
            "protocol": "tcp",
            "security_group_id": "sg-f1e22e496da168c30",
            "security_group_rule_id": "sgr-0b9cf1b1855b3d50a",
            "self": false,
            "source_security_group_id": "sg-4c9b120c417998692",
            "timeouts": null,
            "to_port": 13443,
            "type": "ingress"
          },
          "sensitive_attributes": [],
          "private": "eyJlMmJmYjczMC1lY2FhLTExZTYtOGY4OC0zNDM2M2JjN2M0YzAiOnsiY3JlYXRlIjozMDAwMDAwMDAwMDB9LCJzY2hlbWFfdmVyc2lvbiI6IjIifQ==",
          "dependencies": [
            "data.terraform_remote_state.fabric",
            "module.security.module.security_group.aws_security_group.this"
          ]
        },
        {
          "index_key": 34,
          "schema_version": 2,
          "attributes": {
            "cidr_blocks": null,
            "description": "Traffic from Map Server to UN Server",
            "from_port": 1098,
            "id": "sgrule-4284135278",
            "ipv6_cidr_blocks": null,
            "prefix_list_ids": null,
            "protocol": "tcp",
            "security_group_id": "sg-08b9a430cb789f96c",
            "security_group_rule_id": "sgr-07c16cffceef15f9d",
            "self": false,
            "source_security_group_id": "sg-f1e22e496da168c30",
            "timeouts": null,
            "to_port": 7443,
            "type": "ingress"
          },
          "sensitive_attributes": [],
          "private": "eyJlMmJmYjczMC1lY2FhLTExZTYtOGY4OC0zNDM2M2JjN2M0YzAiOnsiY3JlYXRlIjozMDAwMDAwMDAwMDB9LCJzY2hlbWFfdmVyc2lvbiI6IjIifQ==",
          "dependencies": [
            "data.terraform_remote_state.fabric",
            "module.security.module.security_group.aws_security_group.this"
          ]
        },
        {
          "index_key": 35,
          "schema_version": 2,
          "attributes": {
            "cidr_blocks": null,
            "description": "Traffic from Map Server to UN Server",
            "from_port": 4000,
            "id": "sgrule-510719454",
            "ipv6_cidr_blocks": null,
            "prefix_list_ids": null,
            "protocol": "tcp",
            "security_group_id": "sg-08b9a430cb789f96c",
            "security_group_rule_id": "sgr-0cd7b37a7b89045e0",
            "self": false,
            "source_security_group_id": "sg-f1e22e496da168c30",
            "timeouts": null,
            "to_port": 4003,
            "type": "ingress"
          },
          "sensitive_attributes": [],
          "private": "eyJlMmJmYjczMC1lY2FhLTExZTYtOGY4OC0zNDM2M2JjN2M0YzAiOnsiY3JlYXRlIjozMDAwMDAwMDAwMDB9LCJzY2hlbWFfdmVyc2lvbiI6IjIifQ==",
          "dependencies": [
            "data.terraform_remote_state.fabric",
            "module.security.module.security_group.aws_security_group.this"
          ]
        },
        {
          "index_key": 36,
          "schema_version": 2,
          "attributes": {
            "cidr_blocks": null,
            "description": "Traffic from Map Server to UN Server",
            "from_port": 6006,
            "id": "sgrule-1743812431",
            "ipv6_cidr_blocks": null,
            "prefix_list_ids": null,
            "protocol": "tcp",
            "security_group_id": "sg-08b9a430cb789f96c",
            "security_group_rule_id": "sgr-074dc20fc30ceeb01",
            "self": false,
            "source_security_group_id": "sg-f1e22e496da168c30",
            "timeouts": null,
            "to_port": 6006,
            "type": "ingress"
          },
          "sensitive_attributes": [],
          "private": "eyJlMmJmYjczMC1lY2FhLTExZTYtOGY4OC0zNDM2M2JjN2M0YzAiOnsiY3JlYXRlIjozMDAwMDAwMDAwMDB9LCJzY2hlbWFfdmVyc2lvbiI6IjIifQ==",
          "dependencies": [
            "data.terraform_remote_state.fabric",
            "module.security.module.security_group.aws_security_group.this"
          ]
        },
        {
          "index_key": 37,
          "schema_version": 2,
          "attributes": {
            "cidr_blocks": null,
            "description": "Traffic from Map Server to UN Server",
            "from_port": 6099,
            "id": "sgrule-1738115736",
            "ipv6_cidr_blocks": null,
            "prefix_list_ids": null,
            "protocol": "tcp",
            "security_group_id": "sg-08b9a430cb789f96c",
            "security_group_rule_id": "sgr-073aa877006de450e",
            "self": false,
            "source_security_group_id": "sg-f1e22e496da168c30",
            "timeouts": null,
            "to_port": 6099,
            "type": "ingress"
          },
          "sensitive_attributes": [],
          "private": "eyJlMmJmYjczMC1lY2FhLTExZTYtOGY4OC0zNDM2M2JjN2M0YzAiOnsiY3JlYXRlIjozMDAwMDAwMDAwMDB9LCJzY2hlbWFfdmVyc2lvbiI6IjIifQ==",
          "dependencies": [
            "data.terraform_remote_state.fabric",
            "module.security.module.security_group.aws_security_group.this"
          ]
        },
        {
          "index_key": 38,
          "schema_version": 2,
          "attributes": {
            "cidr_blocks": null,
            "description": "Traffic from Map Server to UN Server",
            "from_port": 6443,
            "id": "sgrule-802376392",
            "ipv6_cidr_blocks": null,
            "prefix_list_ids": null,
            "protocol": "tcp",
            "security_group_id": "sg-08b9a430cb789f96c",
            "security_group_rule_id": "sgr-0a4adf50dcf43ec20",
            "self": false,
            "source_security_group_id": "sg-f1e22e496da168c30",
            "timeouts": null,
            "to_port": 6443,
            "type": "ingress"
          },
          "sensitive_attributes": [],
          "private": "eyJlMmJmYjczMC1lY2FhLTExZTYtOGY4OC0zNDM2M2JjN2M0YzAiOnsiY3JlYXRlIjozMDAwMDAwMDAwMDB9LCJzY2hlbWFfdmVyc2lvbiI6IjIifQ==",
          "dependencies": [
            "data.terraform_remote_state.fabric",
            "module.security.module.security_group.aws_security_group.this"
          ]
        },
        {
          "index_key": 39,
          "schema_version": 2,
          "attributes": {
            "cidr_blocks": null,
            "description": "Traffic from Map Server to UN Server",
            "from_port": 7443,
            "id": "sgrule-1265793283",
            "ipv6_cidr_blocks": null,
            "prefix_list_ids": null,
            "protocol": "tcp",
            "security_group_id": "sg-08b9a430cb789f96c",
            "security_group_rule_id": "sgr-0cccc41456779cc7b",
            "self": false,
            "source_security_group_id": "sg-f1e22e496da168c30",
            "timeouts": null,
            "to_port": 7443,
            "type": "ingress"
          },
          "sensitive_attributes": [],
          "private": "eyJlMmJmYjczMC1lY2FhLTExZTYtOGY4OC0zNDM2M2JjN2M0YzAiOnsiY3JlYXRlIjozMDAwMDAwMDAwMDB9LCJzY2hlbWFfdmVyc2lvbiI6IjIifQ==",
          "dependencies": [
            "data.terraform_remote_state.fabric",
            "module.security.module.security_group.aws_security_group.this"
          ]
        },
        {
          "index_key": 40,
          "schema_version": 2,
          "attributes": {
            "cidr_blocks": null,
            "description": "Traffic from Map Server to UN Server",
            "from_port": 13443,
            "id": "sgrule-4261888946",
            "ipv6_cidr_blocks": null,
            "prefix_list_ids": null,
            "protocol": "tcp",
            "security_group_id": "sg-08b9a430cb789f96c",
            "security_group_rule_id": "sgr-0d20b34a1b0ae07a2",
            "self": false,
            "source_security_group_id": "sg-f1e22e496da168c30",
            "timeouts": null,
            "to_port": 13443,
            "type": "ingress"
          },
          "sensitive_attributes": [],
          "private": "eyJlMmJmYjczMC1lY2FhLTExZTYtOGY4OC0zNDM2M2JjN2M0YzAiOnsiY3JlYXRlIjozMDAwMDAwMDAwMDB9LCJzY2hlbWFfdmVyc2lvbiI6IjIifQ==",
          "dependencies": [
            "data.terraform_remote_state.fabric",
            "module.security.module.security_group.aws_security_group.this"
          ]
        },
        {
          "index_key": 41,
          "schema_version": 2,
          "attributes": {
            "cidr_blocks": null,
            "description": "Traffic from GP Server to UN Server",
            "from_port": 1098,
            "id": "sgrule-3408423444",
            "ipv6_cidr_blocks": null,
            "prefix_list_ids": null,
            "protocol": "tcp",
            "security_group_id": "sg-08b9a430cb789f96c",
            "security_group_rule_id": "sgr-0d47f19cb15e6c9b9",
            "self": false,
            "source_security_group_id": "sg-703bf2694bdf82ed0",
            "timeouts": null,
            "to_port": 7443,
            "type": "ingress"
          },
          "sensitive_attributes": [],
          "private": "eyJlMmJmYjczMC1lY2FhLTExZTYtOGY4OC0zNDM2M2JjN2M0YzAiOnsiY3JlYXRlIjozMDAwMDAwMDAwMDB9LCJzY2hlbWFfdmVyc2lvbiI6IjIifQ==",
          "dependencies": [
            "data.terraform_remote_state.fabric",
            "module.security.module.security_group.aws_security_group.this"
          ]
        },
        {
          "index_key": 42,
          "schema_version": 2,
          "attributes": {
            "cidr_blocks": null,
            "description": "Traffic from GP Server to UN Server",
            "from_port": 4000,
            "id": "sgrule-704784548",
            "ipv6_cidr_blocks": null,
            "prefix_list_ids": null,
            "protocol": "tcp",
            "security_group_id": "sg-08b9a430cb789f96c",
            "security_group_rule_id": "sgr-07e2ae0cbb546b262",
            "self": false,
            "source_security_group_id": "sg-703bf2694bdf82ed0",
            "timeouts": null,
            "to_port": 4003,
            "type": "ingress"
          },
          "sensitive_attributes": [],
          "private": "eyJlMmJmYjczMC1lY2FhLTExZTYtOGY4OC0zNDM2M2JjN2M0YzAiOnsiY3JlYXRlIjozMDAwMDAwMDAwMDB9LCJzY2hlbWFfdmVyc2lvbiI6IjIifQ==",
          "dependencies": [
            "data.terraform_remote_state.fabric",
            "module.security.module.security_group.aws_security_group.this"
          ]
        },
        {
          "index_key": 43,
          "schema_version": 2,
          "attributes": {
            "cidr_blocks": null,
            "description": "Traffic from GP Server to UN Server",
            "from_port": 6006,
            "id": "sgrule-1401072181",
            "ipv6_cidr_blocks": null,
            "prefix_list_ids": null,
            "protocol": "tcp",
            "security_group_id": "sg-08b9a430cb789f96c",
            "security_group_rule_id": "sgr-0de2ad08914d6d86c",
            "self": false,
            "source_security_group_id": "sg-703bf2694bdf82ed0",
            "timeouts": null,
            "to_port": 6006,
            "type": "ingress"
          },
          "sensitive_attributes": [],
          "private": "eyJlMmJmYjczMC1lY2FhLTExZTYtOGY4OC0zNDM2M2JjN2M0YzAiOnsiY3JlYXRlIjozMDAwMDAwMDAwMDB9LCJzY2hlbWFfdmVyc2lvbiI6IjIifQ==",
          "dependencies": [
            "data.terraform_remote_state.fabric",
            "module.security.module.security_group.aws_security_group.this"
          ]
        },
        {
          "index_key": 44,
          "schema_version": 2,
          "attributes": {
            "cidr_blocks": null,
            "description": "Traffic from GP Server to UN Server",
            "from_port": 6099,
            "id": "sgrule-1407932386",
            "ipv6_cidr_blocks": null,
            "prefix_list_ids": null,
            "protocol": "tcp",
            "security_group_id": "sg-08b9a430cb789f96c",
            "security_group_rule_id": "sgr-03aa0c613360eb362",
            "self": false,
            "source_security_group_id": "sg-703bf2694bdf82ed0",
            "timeouts": null,
            "to_port": 6099,
            "type": "ingress"
          },
          "sensitive_attributes": [],
          "private": "eyJlMmJmYjczMC1lY2FhLTExZTYtOGY4OC0zNDM2M2JjN2M0YzAiOnsiY3JlYXRlIjozMDAwMDAwMDAwMDB9LCJzY2hlbWFfdmVyc2lvbiI6IjIifQ==",
          "dependencies": [
            "data.terraform_remote_state.fabric",
            "module.security.module.security_group.aws_security_group.this"
          ]
        },
        {
          "index_key": 45,
          "schema_version": 2,
          "attributes": {
            "cidr_blocks": null,
            "description": "Traffic from GP Server to UN Server",
            "from_port": 6443,
            "id": "sgrule-463574962",
            "ipv6_cidr_blocks": null,
            "prefix_list_ids": null,
            "protocol": "tcp",
            "security_group_id": "sg-08b9a430cb789f96c",
            "security_group_rule_id": "sgr-084302a2daedecfd6",
            "self": false,
            "source_security_group_id": "sg-703bf2694bdf82ed0",
            "timeouts": null,
            "to_port": 6443,
            "type": "ingress"
          },
          "sensitive_attributes": [],
          "private": "eyJlMmJmYjczMC1lY2FhLTExZTYtOGY4OC0zNDM2M2JjN2M0YzAiOnsiY3JlYXRlIjozMDAwMDAwMDAwMDB9LCJzY2hlbWFfdmVyc2lvbiI6IjIifQ==",
          "dependencies": [
            "data.terraform_remote_state.fabric",
            "module.security.module.security_group.aws_security_group.this"
          ]
        },
        {
          "index_key": 46,
          "schema_version": 2,
          "attributes": {
            "cidr_blocks": null,
            "description": "Traffic from GP Server to UN Server",
            "from_port": 7443,
            "id": "sgrule-2130748537",
            "ipv6_cidr_blocks": null,
            "prefix_list_ids": null,
            "protocol": "tcp",
            "security_group_id": "sg-08b9a430cb789f96c",
            "security_group_rule_id": "sgr-04f3278fd8544be7b",
            "self": false,
            "source_security_group_id": "sg-703bf2694bdf82ed0",
            "timeouts": null,
            "to_port": 7443,
            "type": "ingress"
          },
          "sensitive_attributes": [],
          "private": "eyJlMmJmYjczMC1lY2FhLTExZTYtOGY4OC0zNDM2M2JjN2M0YzAiOnsiY3JlYXRlIjozMDAwMDAwMDAwMDB9LCJzY2hlbWFfdmVyc2lvbiI6IjIifQ==",
          "dependencies": [
            "data.terraform_remote_state.fabric",
            "module.security.module.security_group.aws_security_group.this"
          ]
        },
        {
          "index_key": 47,
          "schema_version": 2,
          "attributes": {
            "cidr_blocks": null,
            "description": "Traffic from GP Server to UN Server",
            "from_port": 13443,
            "id": "sgrule-3396705992",
            "ipv6_cidr_blocks": null,
            "prefix_list_ids": null,
            "protocol": "tcp",
            "security_group_id": "sg-08b9a430cb789f96c",
            "security_group_rule_id": "sgr-0a06fa84a0f198eae",
            "self": false,
            "source_security_group_id": "sg-703bf2694bdf82ed0",
            "timeouts": null,
            "to_port": 13443,
            "type": "ingress"
          },
          "sensitive_attributes": [],
          "private": "eyJlMmJmYjczMC1lY2FhLTExZTYtOGY4OC0zNDM2M2JjN2M0YzAiOnsiY3JlYXRlIjozMDAwMDAwMDAwMDB9LCJzY2hlbWFfdmVyc2lvbiI6IjIifQ==",
          "dependencies": [
            "data.terraform_remote_state.fabric",
            "module.security.module.security_group.aws_security_group.this"
          ]
        },
        {
          "index_key": 48,
          "schema_version": 2,
          "attributes": {
            "cidr_blocks": null,
            "description": "Traffic from portal Server to UN Server",
            "from_port": 1098,
            "id": "sgrule-3888723825",
            "ipv6_cidr_blocks": null,
            "prefix_list_ids": null,
            "protocol": "tcp",
            "security_group_id": "sg-08b9a430cb789f96c",
            "security_group_rule_id": "sgr-09b7e4a7f0f004e4f",
            "self": false,
            "source_security_group_id": "sg-4c9b120c417998692",
            "timeouts": null,
            "to_port": 7443,
            "type": "ingress"
          },
          "sensitive_attributes": [],
          "private": "eyJlMmJmYjczMC1lY2FhLTExZTYtOGY4OC0zNDM2M2JjN2M0YzAiOnsiY3JlYXRlIjozMDAwMDAwMDAwMDB9LCJzY2hlbWFfdmVyc2lvbiI6IjIifQ==",
          "dependencies": [
            "data.terraform_remote_state.fabric",
            "module.security.module.security_group.aws_security_group.this"
          ]
        },
        {
          "index_key": 49,
          "schema_version": 2,
          "attributes": {
            "cidr_blocks": null,
            "description": "Traffic from portal Server to UN Server",
            "from_port": 4000,
            "id": "sgrule-115570113",
            "ipv6_cidr_blocks": null,
            "prefix_list_ids": null,
            "protocol": "tcp",
            "security_group_id": "sg-08b9a430cb789f96c",
            "security_group_rule_id": "sgr-086cf2a7f1936bf85",
            "self": false,
            "source_security_group_id": "sg-4c9b120c417998692",
            "timeouts": null,
            "to_port": 4003,
            "type": "ingress"
          },
          "sensitive_attributes": [],
          "private": "eyJlMmJmYjczMC1lY2FhLTExZTYtOGY4OC0zNDM2M2JjN2M0YzAiOnsiY3JlYXRlIjozMDAwMDAwMDAwMDB9LCJzY2hlbWFfdmVyc2lvbiI6IjIifQ==",
          "dependencies": [
            "data.terraform_remote_state.fabric",
            "module.security.module.security_group.aws_security_group.this"
          ]
        },
        {
          "index_key": 50,
          "schema_version": 2,
          "attributes": {
            "cidr_blocks": null,
            "description": "Traffic from portal Server to UN Server",
            "from_port": 6006,
            "id": "sgrule-2137257808",
            "ipv6_cidr_blocks": null,
            "prefix_list_ids": null,
            "protocol": "tcp",
            "security_group_id": "sg-08b9a430cb789f96c",
            "security_group_rule_id": "sgr-04aa64bc8782d266c",
            "self": false,
            "source_security_group_id": "sg-4c9b120c417998692",
            "timeouts": null,
            "to_port": 6006,
            "type": "ingress"
          },
          "sensitive_attributes": [],
          "private": "eyJlMmJmYjczMC1lY2FhLTExZTYtOGY4OC0zNDM2M2JjN2M0YzAiOnsiY3JlYXRlIjozMDAwMDAwMDAwMDB9LCJzY2hlbWFfdmVyc2lvbiI6IjIifQ==",
          "dependencies": [
            "data.terraform_remote_state.fabric",
            "module.security.module.security_group.aws_security_group.this"
          ]
        },
        {
          "index_key": 51,
          "schema_version": 2,
          "attributes": {
            "cidr_blocks": null,
            "description": "Traffic from portal Server to UN Server",
            "from_port": 6099,
            "id": "sgrule-2131364487",
            "ipv6_cidr_blocks": null,
            "prefix_list_ids": null,
            "protocol": "tcp",
            "security_group_id": "sg-08b9a430cb789f96c",
            "security_group_rule_id": "sgr-0f32892db78ec8261",
            "self": false,
            "source_security_group_id": "sg-4c9b120c417998692",
            "timeouts": null,
            "to_port": 6099,
            "type": "ingress"
          },
          "sensitive_attributes": [],
          "private": "eyJlMmJmYjczMC1lY2FhLTExZTYtOGY4OC0zNDM2M2JjN2M0YzAiOnsiY3JlYXRlIjozMDAwMDAwMDAwMDB9LCJzY2hlbWFfdmVyc2lvbiI6IjIifQ==",
          "dependencies": [
            "data.terraform_remote_state.fabric",
            "module.security.module.security_group.aws_security_group.this"
          ]
        },
        {
          "index_key": 52,
          "schema_version": 2,
          "attributes": {
            "cidr_blocks": null,
            "description": "Traffic from portal Server to UN Server",
            "from_port": 6443,
            "id": "sgrule-926993111",
            "ipv6_cidr_blocks": null,
            "prefix_list_ids": null,
            "protocol": "tcp",
            "security_group_id": "sg-08b9a430cb789f96c",
            "security_group_rule_id": "sgr-0d973f9429029d905",
            "self": false,
            "source_security_group_id": "sg-4c9b120c417998692",
            "timeouts": null,
            "to_port": 6443,
            "type": "ingress"
          },
          "sensitive_attributes": [],
          "private": "eyJlMmJmYjczMC1lY2FhLTExZTYtOGY4OC0zNDM2M2JjN2M0YzAiOnsiY3JlYXRlIjozMDAwMDAwMDAwMDB9LCJzY2hlbWFfdmVyc2lvbiI6IjIifQ==",
          "dependencies": [
            "data.terraform_remote_state.fabric",
            "module.security.module.security_group.aws_security_group.this"
          ]
        },
        {
          "index_key": 53,
          "schema_version": 2,
          "attributes": {
            "cidr_blocks": null,
            "description": "Traffic from portal Server to UN Server",
            "from_port": 7443,
            "id": "sgrule-1407318300",
            "ipv6_cidr_blocks": null,
            "prefix_list_ids": null,
            "protocol": "tcp",
            "security_group_id": "sg-08b9a430cb789f96c",
            "security_group_rule_id": "sgr-0918989ef24b616f0",
            "self": false,
            "source_security_group_id": "sg-4c9b120c417998692",
            "timeouts": null,
            "to_port": 7443,
            "type": "ingress"
          },
          "sensitive_attributes": [],
          "private": "eyJlMmJmYjczMC1lY2FhLTExZTYtOGY4OC0zNDM2M2JjN2M0YzAiOnsiY3JlYXRlIjozMDAwMDAwMDAwMDB9LCJzY2hlbWFfdmVyc2lvbiI6IjIifQ==",
          "dependencies": [
            "data.terraform_remote_state.fabric",
            "module.security.module.security_group.aws_security_group.this"
          ]
        },
        {
          "index_key": 54,
          "schema_version": 2,
          "attributes": {
            "cidr_blocks": null,
            "description": "Traffic from portal Server to UN Server",
            "from_port": 13443,
            "id": "sgrule-3868509101",
            "ipv6_cidr_blocks": null,
            "prefix_list_ids": null,
            "protocol": "tcp",
            "security_group_id": "sg-08b9a430cb789f96c",
            "security_group_rule_id": "sgr-022a952c926beae32",
            "self": false,
            "source_security_group_id": "sg-4c9b120c417998692",
            "timeouts": null,
            "to_port": 13443,
            "type": "ingress"
          },
          "sensitive_attributes": [],
          "private": "eyJlMmJmYjczMC1lY2FhLTExZTYtOGY4OC0zNDM2M2JjN2M0YzAiOnsiY3JlYXRlIjozMDAwMDAwMDAwMDB9LCJzY2hlbWFfdmVyc2lvbiI6IjIifQ==",
          "dependencies": [
            "data.terraform_remote_state.fabric",
            "module.security.module.security_group.aws_security_group.this"
          ]
        },
        {
          "index_key": 55,
          "schema_version": 2,
          "attributes": {
            "cidr_blocks": null,
            "description": "Traffic from Map Server to GP Server",
            "from_port": 1098,
            "id": "sgrule-30230937",
            "ipv6_cidr_blocks": null,
            "prefix_list_ids": null,
            "protocol": "tcp",
            "security_group_id": "sg-703bf2694bdf82ed0",
            "security_group_rule_id": "sgr-08a94a967042d92c3",
            "self": false,
            "source_security_group_id": "sg-f1e22e496da168c30",
            "timeouts": null,
            "to_port": 7443,
            "type": "ingress"
          },
          "sensitive_attributes": [],
          "private": "eyJlMmJmYjczMC1lY2FhLTExZTYtOGY4OC0zNDM2M2JjN2M0YzAiOnsiY3JlYXRlIjozMDAwMDAwMDAwMDB9LCJzY2hlbWFfdmVyc2lvbiI6IjIifQ==",
          "dependencies": [
            "data.terraform_remote_state.fabric",
            "module.security.module.security_group.aws_security_group.this"
          ]
        },
        {
          "index_key": 56,
          "schema_version": 2,
          "attributes": {
            "cidr_blocks": null,
            "description": "Traffic from Map Server to GP Server",
            "from_port": 4000,
            "id": "sgrule-3773238057",
            "ipv6_cidr_blocks": null,
            "prefix_list_ids": null,
            "protocol": "tcp",
            "security_group_id": "sg-703bf2694bdf82ed0",
            "security_group_rule_id": "sgr-0e317603cab92441b",
            "self": false,
            "source_security_group_id": "sg-f1e22e496da168c30",
            "timeouts": null,
            "to_port": 4003,
            "type": "ingress"
          },
          "sensitive_attributes": [],
          "private": "eyJlMmJmYjczMC1lY2FhLTExZTYtOGY4OC0zNDM2M2JjN2M0YzAiOnsiY3JlYXRlIjozMDAwMDAwMDAwMDB9LCJzY2hlbWFfdmVyc2lvbiI6IjIifQ==",
          "dependencies": [
            "data.terraform_remote_state.fabric",
            "module.security.module.security_group.aws_security_group.this"
          ]
        },
        {
          "index_key": 57,
          "schema_version": 2,
          "attributes": {
            "cidr_blocks": null,
            "description": "Traffic from Map Server to GP Server",
            "from_port": 6006,
            "id": "sgrule-2573699512",
            "ipv6_cidr_blocks": null,
            "prefix_list_ids": null,
            "protocol": "tcp",
            "security_group_id": "sg-703bf2694bdf82ed0",
            "security_group_rule_id": "sgr-03e6ad00e8728d7c8",
            "self": false,
            "source_security_group_id": "sg-f1e22e496da168c30",
            "timeouts": null,
            "to_port": 6006,
            "type": "ingress"
          },
          "sensitive_attributes": [],
          "private": "eyJlMmJmYjczMC1lY2FhLTExZTYtOGY4OC0zNDM2M2JjN2M0YzAiOnsiY3JlYXRlIjozMDAwMDAwMDAwMDB9LCJzY2hlbWFfdmVyc2lvbiI6IjIifQ==",
          "dependencies": [
            "data.terraform_remote_state.fabric",
            "module.security.module.security_group.aws_security_group.this"
          ]
        },
        {
          "index_key": 58,
          "schema_version": 2,
          "attributes": {
            "cidr_blocks": null,
            "description": "Traffic from Map Server to GP Server",
            "from_port": 6099,
            "id": "sgrule-2567861359",
            "ipv6_cidr_blocks": null,
            "prefix_list_ids": null,
            "protocol": "tcp",
            "security_group_id": "sg-703bf2694bdf82ed0",
            "security_group_rule_id": "sgr-0c2fa0b0b70d4046d",
            "self": false,
            "source_security_group_id": "sg-f1e22e496da168c30",
            "timeouts": null,
            "to_port": 6099,
            "type": "ingress"
          },
          "sensitive_attributes": [],
          "private": "eyJlMmJmYjczMC1lY2FhLTExZTYtOGY4OC0zNDM2M2JjN2M0YzAiOnsiY3JlYXRlIjozMDAwMDAwMDAwMDB9LCJzY2hlbWFfdmVyc2lvbiI6IjIifQ==",
          "dependencies": [
            "data.terraform_remote_state.fabric",
            "module.security.module.security_group.aws_security_group.this"
          ]
        },
        {
          "index_key": 59,
          "schema_version": 2,
          "attributes": {
            "cidr_blocks": null,
            "description": "Traffic from Map Server to GP Server",
            "from_port": 6443,
            "id": "sgrule-3510940735",
            "ipv6_cidr_blocks": null,
            "prefix_list_ids": null,
            "protocol": "tcp",
            "security_group_id": "sg-703bf2694bdf82ed0",
            "security_group_rule_id": "sgr-01c63bc5d60eb601a",
            "self": false,
            "source_security_group_id": "sg-f1e22e496da168c30",
            "timeouts": null,
            "to_port": 6443,
            "type": "ingress"
          },
          "sensitive_attributes": [],
          "private": "eyJlMmJmYjczMC1lY2FhLTExZTYtOGY4OC0zNDM2M2JjN2M0YzAiOnsiY3JlYXRlIjozMDAwMDAwMDAwMDB9LCJzY2hlbWFfdmVyc2lvbiI6IjIifQ==",
          "dependencies": [
            "data.terraform_remote_state.fabric",
            "module.security.module.security_group.aws_security_group.this"
          ]
        },
        {
          "index_key": 60,
          "schema_version": 2,
          "attributes": {
            "cidr_blocks": null,
            "description": "Traffic from Map Server to GP Server",
            "from_port": 7443,
            "id": "sgrule-3051718644",
            "ipv6_cidr_blocks": null,
            "prefix_list_ids": null,
            "protocol": "tcp",
            "security_group_id": "sg-703bf2694bdf82ed0",
            "security_group_rule_id": "sgr-0f31bafb8de1a1202",
            "self": false,
            "source_security_group_id": "sg-f1e22e496da168c30",
            "timeouts": null,
            "to_port": 7443,
            "type": "ingress"
          },
          "sensitive_attributes": [],
          "private": "eyJlMmJmYjczMC1lY2FhLTExZTYtOGY4OC0zNDM2M2JjN2M0YzAiOnsiY3JlYXRlIjozMDAwMDAwMDAwMDB9LCJzY2hlbWFfdmVyc2lvbiI6IjIifQ==",
          "dependencies": [
            "data.terraform_remote_state.fabric",
            "module.security.module.security_group.aws_security_group.this"
          ]
        },
        {
          "index_key": 61,
          "schema_version": 2,
          "attributes": {
            "cidr_blocks": null,
            "description": "Traffic from Map Server to GP Server",
            "from_port": 13443,
            "id": "sgrule-4294907204",
            "ipv6_cidr_blocks": null,
            "prefix_list_ids": null,
            "protocol": "tcp",
            "security_group_id": "sg-703bf2694bdf82ed0",
            "security_group_rule_id": "sgr-05e8d52dadbb1a329",
            "self": false,
            "source_security_group_id": "sg-f1e22e496da168c30",
            "timeouts": null,
            "to_port": 13443,
            "type": "ingress"
          },
          "sensitive_attributes": [],
          "private": "eyJlMmJmYjczMC1lY2FhLTExZTYtOGY4OC0zNDM2M2JjN2M0YzAiOnsiY3JlYXRlIjozMDAwMDAwMDAwMDB9LCJzY2hlbWFfdmVyc2lvbiI6IjIifQ==",
          "dependencies": [
            "data.terraform_remote_state.fabric",
            "module.security.module.security_group.aws_security_group.this"
          ]
        },
        {
          "index_key": 62,
          "schema_version": 2,
          "attributes": {
            "cidr_blocks": null,
            "description": "Traffic from UN Server to GP Server",
            "from_port": 1098,
            "id": "sgrule-2113905724",
            "ipv6_cidr_blocks": null,
            "prefix_list_ids": null,
            "protocol": "tcp",
            "security_group_id": "sg-703bf2694bdf82ed0",
            "security_group_rule_id": "sgr-04b3ed22cd61d48bf",
            "self": false,
            "source_security_group_id": "sg-08b9a430cb789f96c",
            "timeouts": null,
            "to_port": 7443,
            "type": "ingress"
          },
          "sensitive_attributes": [],
          "private": "eyJlMmJmYjczMC1lY2FhLTExZTYtOGY4OC0zNDM2M2JjN2M0YzAiOnsiY3JlYXRlIjozMDAwMDAwMDAwMDB9LCJzY2hlbWFfdmVyc2lvbiI6IjIifQ==",
          "dependencies": [
            "data.terraform_remote_state.fabric",
            "module.security.module.security_group.aws_security_group.this"
          ]
        },
        {
          "index_key": 63,
          "schema_version": 2,
          "attributes": {
            "cidr_blocks": null,
            "description": "Traffic from UN Server to GP Server",
            "from_port": 4000,
            "id": "sgrule-2631263884",
            "ipv6_cidr_blocks": null,
            "prefix_list_ids": null,
            "protocol": "tcp",
            "security_group_id": "sg-703bf2694bdf82ed0",
            "security_group_rule_id": "sgr-0aaf690a6e1a051e6",
            "self": false,
            "source_security_group_id": "sg-08b9a430cb789f96c",
            "timeouts": null,
            "to_port": 4003,
            "type": "ingress"
          },
          "sensitive_attributes": [],
          "private": "eyJlMmJmYjczMC1lY2FhLTExZTYtOGY4OC0zNDM2M2JjN2M0YzAiOnsiY3JlYXRlIjozMDAwMDAwMDAwMDB9LCJzY2hlbWFfdmVyc2lvbiI6IjIifQ==",
          "dependencies": [
            "data.terraform_remote_state.fabric",
            "module.security.module.security_group.aws_security_group.this"
          ]
        },
        {
          "index_key": 64,
          "schema_version": 2,
          "attributes": {
            "cidr_blocks": null,
            "description": "Traffic from UN Server to GP Server",
            "from_port": 6006,
            "id": "sgrule-3847578653",
            "ipv6_cidr_blocks": null,
            "prefix_list_ids": null,
            "protocol": "tcp",
            "security_group_id": "sg-703bf2694bdf82ed0",
            "security_group_rule_id": "sgr-08045140492e3de73",
            "self": false,
            "source_security_group_id": "sg-08b9a430cb789f96c",
            "timeouts": null,
            "to_port": 6006,
            "type": "ingress"
          },
          "sensitive_attributes": [],
          "private": "eyJlMmJmYjczMC1lY2FhLTExZTYtOGY4OC0zNDM2M2JjN2M0YzAiOnsiY3JlYXRlIjozMDAwMDAwMDAwMDB9LCJzY2hlbWFfdmVyc2lvbiI6IjIifQ==",
          "dependencies": [
            "data.terraform_remote_state.fabric",
            "module.security.module.security_group.aws_security_group.this"
          ]
        },
        {
          "index_key": 65,
          "schema_version": 2,
          "attributes": {
            "cidr_blocks": null,
            "description": "Traffic from UN Server to GP Server",
            "from_port": 6099,
            "id": "sgrule-3845953994",
            "ipv6_cidr_blocks": null,
            "prefix_list_ids": null,
            "protocol": "tcp",
            "security_group_id": "sg-703bf2694bdf82ed0",
            "security_group_rule_id": "sgr-0fe66efd1716f0c72",
            "self": false,
            "source_security_group_id": "sg-08b9a430cb789f96c",
            "timeouts": null,
            "to_port": 6099,
            "type": "ingress"
          },
          "sensitive_attributes": [],
          "private": "eyJlMmJmYjczMC1lY2FhLTExZTYtOGY4OC0zNDM2M2JjN2M0YzAiOnsiY3JlYXRlIjozMDAwMDAwMDAwMDB9LCJzY2hlbWFfdmVyc2lvbiI6IjIifQ==",
          "dependencies": [
            "data.terraform_remote_state.fabric",
            "module.security.module.security_group.aws_security_group.this"
          ]
        },
        {
          "index_key": 66,
          "schema_version": 2,
          "attributes": {
            "cidr_blocks": null,
            "description": "Traffic from UN Server to GP Server",
            "from_port": 6443,
            "id": "sgrule-2910214554",
            "ipv6_cidr_blocks": null,
            "prefix_list_ids": null,
            "protocol": "tcp",
            "security_group_id": "sg-703bf2694bdf82ed0",
            "security_group_rule_id": "sgr-044ab0805112a0cd0",
            "self": false,
            "source_security_group_id": "sg-08b9a430cb789f96c",
            "timeouts": null,
            "to_port": 6443,
            "type": "ingress"
          },
          "sensitive_attributes": [],
          "private": "eyJlMmJmYjczMC1lY2FhLTExZTYtOGY4OC0zNDM2M2JjN2M0YzAiOnsiY3JlYXRlIjozMDAwMDAwMDAwMDB9LCJzY2hlbWFfdmVyc2lvbiI6IjIifQ==",
          "dependencies": [
            "data.terraform_remote_state.fabric",
            "module.security.module.security_group.aws_security_group.this"
          ]
        },
        {
          "index_key": 67,
          "schema_version": 2,
          "attributes": {
            "cidr_blocks": null,
            "description": "Traffic from UN Server to GP Server",
            "from_port": 7443,
            "id": "sgrule-3386337873",
            "ipv6_cidr_blocks": null,
            "prefix_list_ids": null,
            "protocol": "tcp",
            "security_group_id": "sg-703bf2694bdf82ed0",
            "security_group_rule_id": "sgr-0649e6a86ee37d145",
            "self": false,
            "source_security_group_id": "sg-08b9a430cb789f96c",
            "timeouts": null,
            "to_port": 7443,
            "type": "ingress"
          },
          "sensitive_attributes": [],
          "private": "eyJlMmJmYjczMC1lY2FhLTExZTYtOGY4OC0zNDM2M2JjN2M0YzAiOnsiY3JlYXRlIjozMDAwMDAwMDAwMDB9LCJzY2hlbWFfdmVyc2lvbiI6IjIifQ==",
          "dependencies": [
            "data.terraform_remote_state.fabric",
            "module.security.module.security_group.aws_security_group.this"
          ]
        },
        {
          "index_key": 68,
          "schema_version": 2,
          "attributes": {
            "cidr_blocks": null,
            "description": "Traffic from UN Server to GP Server",
            "from_port": 13443,
            "id": "sgrule-2211313889",
            "ipv6_cidr_blocks": null,
            "prefix_list_ids": null,
            "protocol": "tcp",
            "security_group_id": "sg-703bf2694bdf82ed0",
            "security_group_rule_id": "sgr-0bf8f4c363b17954f",
            "self": false,
            "source_security_group_id": "sg-08b9a430cb789f96c",
            "timeouts": null,
            "to_port": 13443,
            "type": "ingress"
          },
          "sensitive_attributes": [],
          "private": "eyJlMmJmYjczMC1lY2FhLTExZTYtOGY4OC0zNDM2M2JjN2M0YzAiOnsiY3JlYXRlIjozMDAwMDAwMDAwMDB9LCJzY2hlbWFfdmVyc2lvbiI6IjIifQ==",
          "dependencies": [
            "data.terraform_remote_state.fabric",
            "module.security.module.security_group.aws_security_group.this"
          ]
        },
        {
          "index_key": 69,
          "schema_version": 2,
          "attributes": {
            "cidr_blocks": null,
            "description": "Traffic from Portal Server to GP Server",
            "from_port": 1098,
            "id": "sgrule-425642374",
            "ipv6_cidr_blocks": null,
            "prefix_list_ids": null,
            "protocol": "tcp",
            "security_group_id": "sg-703bf2694bdf82ed0",
            "security_group_rule_id": "sgr-0112108f849adf8b6",
            "self": false,
            "source_security_group_id": "sg-4c9b120c417998692",
            "timeouts": null,
            "to_port": 7443,
            "type": "ingress"
          },
          "sensitive_attributes": [],
          "private": "eyJlMmJmYjczMC1lY2FhLTExZTYtOGY4OC0zNDM2M2JjN2M0YzAiOnsiY3JlYXRlIjozMDAwMDAwMDAwMDB9LCJzY2hlbWFfdmVyc2lvbiI6IjIifQ==",
          "dependencies": [
            "data.terraform_remote_state.fabric",
            "module.security.module.security_group.aws_security_group.this"
          ]
        },
        {
          "index_key": 70,
          "schema_version": 2,
          "attributes": {
            "cidr_blocks": null,
            "description": "Traffic from Portal Server to GP Server",
            "from_port": 4000,
            "id": "sgrule-4168387382",
            "ipv6_cidr_blocks": null,
            "prefix_list_ids": null,
            "protocol": "tcp",
            "security_group_id": "sg-703bf2694bdf82ed0",
            "security_group_rule_id": "sgr-04063cc10b8303db6",
            "self": false,
            "source_security_group_id": "sg-4c9b120c417998692",
            "timeouts": null,
            "to_port": 4003,
            "type": "ingress"
          },
          "sensitive_attributes": [],
          "private": "eyJlMmJmYjczMC1lY2FhLTExZTYtOGY4OC0zNDM2M2JjN2M0YzAiOnsiY3JlYXRlIjozMDAwMDAwMDAwMDB9LCJzY2hlbWFfdmVyc2lvbiI6IjIifQ==",
          "dependencies": [
            "data.terraform_remote_state.fabric",
            "module.security.module.security_group.aws_security_group.this"
          ]
        },
        {
          "index_key": 71,
          "schema_version": 2,
          "attributes": {
            "cidr_blocks": null,
            "description": "Traffic from Portal Server to GP Server",
            "from_port": 6006,
            "id": "sgrule-2180254119",
            "ipv6_cidr_blocks": null,
            "prefix_list_ids": null,
            "protocol": "tcp",
            "security_group_id": "sg-703bf2694bdf82ed0",
            "security_group_rule_id": "sgr-03165a7d5847a9d52",
            "self": false,
            "source_security_group_id": "sg-4c9b120c417998692",
            "timeouts": null,
            "to_port": 6006,
            "type": "ingress"
          },
          "sensitive_attributes": [],
          "private": "eyJlMmJmYjczMC1lY2FhLTExZTYtOGY4OC0zNDM2M2JjN2M0YzAiOnsiY3JlYXRlIjozMDAwMDAwMDAwMDB9LCJzY2hlbWFfdmVyc2lvbiI6IjIifQ==",
          "dependencies": [
            "data.terraform_remote_state.fabric",
            "module.security.module.security_group.aws_security_group.this"
          ]
        },
        {
          "index_key": 72,
          "schema_version": 2,
          "attributes": {
            "cidr_blocks": null,
            "description": "Traffic from Portal Server to GP Server",
            "from_port": 6099,
            "id": "sgrule-2174612592",
            "ipv6_cidr_blocks": null,
            "prefix_list_ids": null,
            "protocol": "tcp",
            "security_group_id": "sg-703bf2694bdf82ed0",
            "security_group_rule_id": "sgr-0a5853d9d18e3f429",
            "self": false,
            "source_security_group_id": "sg-4c9b120c417998692",
            "timeouts": null,
            "to_port": 6099,
            "type": "ingress"
          },
          "sensitive_attributes": [],
          "private": "eyJlMmJmYjczMC1lY2FhLTExZTYtOGY4OC0zNDM2M2JjN2M0YzAiOnsiY3JlYXRlIjozMDAwMDAwMDAwMDB9LCJzY2hlbWFfdmVyc2lvbiI6IjIifQ==",
          "dependencies": [
            "data.terraform_remote_state.fabric",
            "module.security.module.security_group.aws_security_group.this"
          ]
        },
        {
          "index_key": 73,
          "schema_version": 2,
          "attributes": {
            "cidr_blocks": null,
            "description": "Traffic from Portal Server to GP Server",
            "from_port": 6443,
            "id": "sgrule-3386324000",
            "ipv6_cidr_blocks": null,
            "prefix_list_ids": null,
            "protocol": "tcp",
            "security_group_id": "sg-703bf2694bdf82ed0",
            "security_group_rule_id": "sgr-02ac31171165d683e",
            "self": false,
            "source_security_group_id": "sg-4c9b120c417998692",
            "timeouts": null,
            "to_port": 6443,
            "type": "ingress"
          },
          "sensitive_attributes": [],
          "private": "eyJlMmJmYjczMC1lY2FhLTExZTYtOGY4OC0zNDM2M2JjN2M0YzAiOnsiY3JlYXRlIjozMDAwMDAwMDAwMDB9LCJzY2hlbWFfdmVyc2lvbiI6IjIifQ==",
          "dependencies": [
            "data.terraform_remote_state.fabric",
            "module.security.module.security_group.aws_security_group.this"
          ]
        },
        {
          "index_key": 74,
          "schema_version": 2,
          "attributes": {
            "cidr_blocks": null,
            "description": "Traffic from Portal Server to GP Server",
            "from_port": 7443,
            "id": "sgrule-2910193643",
            "ipv6_cidr_blocks": null,
            "prefix_list_ids": null,
            "protocol": "tcp",
            "security_group_id": "sg-703bf2694bdf82ed0",
            "security_group_rule_id": "sgr-0aed2496772b902e0",
            "self": false,
            "source_security_group_id": "sg-4c9b120c417998692",
            "timeouts": null,
            "to_port": 7443,
            "type": "ingress"
          },
          "sensitive_attributes": [],
          "private": "eyJlMmJmYjczMC1lY2FhLTExZTYtOGY4OC0zNDM2M2JjN2M0YzAiOnsiY3JlYXRlIjozMDAwMDAwMDAwMDB9LCJzY2hlbWFfdmVyc2lvbiI6IjIifQ==",
          "dependencies": [
            "data.terraform_remote_state.fabric",
            "module.security.module.security_group.aws_security_group.this"
          ]
        },
        {
          "index_key": 75,
          "schema_version": 2,
          "attributes": {
            "cidr_blocks": null,
            "description": "Traffic from Portal Server to GP Server",
            "from_port": 13443,
            "id": "sgrule-3882653019",
            "ipv6_cidr_blocks": null,
            "prefix_list_ids": null,
            "protocol": "tcp",
            "security_group_id": "sg-703bf2694bdf82ed0",
            "security_group_rule_id": "sgr-0b5d7ab177024f6e4",
            "self": false,
            "source_security_group_id": "sg-4c9b120c417998692",
            "timeouts": null,
            "to_port": 13443,
            "type": "ingress"
          },
          "sensitive_attributes": [],
          "private": "eyJlMmJmYjczMC1lY2FhLTExZTYtOGY4OC0zNDM2M2JjN2M0YzAiOnsiY3JlYXRlIjozMDAwMDAwMDAwMDB9LCJzY2hlbWFfdmVyc2lvbiI6IjIifQ==",
          "dependencies": [
            "data.terraform_remote_state.fabric",
            "module.security.module.security_group.aws_security_group.this"
          ]
        },
        {
          "index_key": 76,
          "schema_version": 2,
          "attributes": {
            "cidr_blocks": null,
            "description": "Traffic from Map Server to Portal Server",
            "from_port": 1098,
            "id": "sgrule-444209187",
            "ipv6_cidr_blocks": null,
            "prefix_list_ids": null,
            "protocol": "tcp",
            "security_group_id": "sg-4c9b120c417998692",
            "security_group_rule_id": "sgr-09503ff2a686e8fc1",
            "self": false,
            "source_security_group_id": "sg-f1e22e496da168c30",
            "timeouts": null,
            "to_port": 7443,
            "type": "ingress"
          },
          "sensitive_attributes": [],
          "private": "eyJlMmJmYjczMC1lY2FhLTExZTYtOGY4OC0zNDM2M2JjN2M0YzAiOnsiY3JlYXRlIjozMDAwMDAwMDAwMDB9LCJzY2hlbWFfdmVyc2lvbiI6IjIifQ==",
          "dependencies": [
            "data.terraform_remote_state.fabric",
            "module.security.module.security_group.aws_security_group.this"
          ]
        },
        {
          "index_key": 77,
          "schema_version": 2,
          "attributes": {
            "cidr_blocks": null,
            "description": "Traffic from Map Server to Portal Server",
            "from_port": 4000,
            "id": "sgrule-4216347283",
            "ipv6_cidr_blocks": null,
            "prefix_list_ids": null,
            "protocol": "tcp",
            "security_group_id": "sg-4c9b120c417998692",
            "security_group_rule_id": "sgr-0d97c664fda0059ac",
            "self": false,
            "source_security_group_id": "sg-f1e22e496da168c30",
            "timeouts": null,
            "to_port": 4003,
            "type": "ingress"
          },
          "sensitive_attributes": [],
          "private": "eyJlMmJmYjczMC1lY2FhLTExZTYtOGY4OC0zNDM2M2JjN2M0YzAiOnsiY3JlYXRlIjozMDAwMDAwMDAwMDB9LCJzY2hlbWFfdmVyc2lvbiI6IjIifQ==",
          "dependencies": [
            "data.terraform_remote_state.fabric",
            "module.security.module.security_group.aws_security_group.this"
          ]
        },
        {
          "index_key": 78,
          "schema_version": 2,
          "attributes": {
            "cidr_blocks": null,
            "description": "Traffic from Map Server to Portal Server",
            "from_port": 6006,
            "id": "sgrule-2194724866",
            "ipv6_cidr_blocks": null,
            "prefix_list_ids": null,
            "protocol": "tcp",
            "security_group_id": "sg-4c9b120c417998692",
            "security_group_rule_id": "sgr-0f2136a11d9ca5732",
            "self": false,
            "source_security_group_id": "sg-f1e22e496da168c30",
            "timeouts": null,
            "to_port": 6006,
            "type": "ingress"
          },
          "sensitive_attributes": [],
          "private": "eyJlMmJmYjczMC1lY2FhLTExZTYtOGY4OC0zNDM2M2JjN2M0YzAiOnsiY3JlYXRlIjozMDAwMDAwMDAwMDB9LCJzY2hlbWFfdmVyc2lvbiI6IjIifQ==",
          "dependencies": [
            "data.terraform_remote_state.fabric",
            "module.security.module.security_group.aws_security_group.this"
          ]
        },
        {
          "index_key": 79,
          "schema_version": 2,
          "attributes": {
            "cidr_blocks": null,
            "description": "Traffic from Map Server to Portal Server",
            "from_port": 6099,
            "id": "sgrule-2193171925",
            "ipv6_cidr_blocks": null,
            "prefix_list_ids": null,
            "protocol": "tcp",
            "security_group_id": "sg-4c9b120c417998692",
            "security_group_rule_id": "sgr-05eeb0d00de9c44d0",
            "self": false,
            "source_security_group_id": "sg-f1e22e496da168c30",
            "timeouts": null,
            "to_port": 6099,
            "type": "ingress"
          },
          "sensitive_attributes": [],
          "private": "eyJlMmJmYjczMC1lY2FhLTExZTYtOGY4OC0zNDM2M2JjN2M0YzAiOnsiY3JlYXRlIjozMDAwMDAwMDAwMDB9LCJzY2hlbWFfdmVyc2lvbiI6IjIifQ==",
          "dependencies": [
            "data.terraform_remote_state.fabric",
            "module.security.module.security_group.aws_security_group.this"
          ]
        },
        {
          "index_key": 80,
          "schema_version": 2,
          "attributes": {
            "cidr_blocks": null,
            "description": "Traffic from Map Server to Portal Server",
            "from_port": 6443,
            "id": "sgrule-3404981637",
            "ipv6_cidr_blocks": null,
            "prefix_list_ids": null,
            "protocol": "tcp",
            "security_group_id": "sg-4c9b120c417998692",
            "security_group_rule_id": "sgr-0995f18e360d1dfa0",
            "self": false,
            "source_security_group_id": "sg-f1e22e496da168c30",
            "timeouts": null,
            "to_port": 6443,
            "type": "ingress"
          },
          "sensitive_attributes": [],
          "private": "eyJlMmJmYjczMC1lY2FhLTExZTYtOGY4OC0zNDM2M2JjN2M0YzAiOnsiY3JlYXRlIjozMDAwMDAwMDAwMDB9LCJzY2hlbWFfdmVyc2lvbiI6IjIifQ==",
          "dependencies": [
            "data.terraform_remote_state.fabric",
            "module.security.module.security_group.aws_security_group.this"
          ]
        },
        {
          "index_key": 81,
          "schema_version": 2,
          "attributes": {
            "cidr_blocks": null,
            "description": "Traffic from Map Server to Portal Server",
            "from_port": 7443,
            "id": "sgrule-2924664398",
            "ipv6_cidr_blocks": null,
            "prefix_list_ids": null,
            "protocol": "tcp",
            "security_group_id": "sg-4c9b120c417998692",
            "security_group_rule_id": "sgr-011074c2ee6022979",
            "self": false,
            "source_security_group_id": "sg-f1e22e496da168c30",
            "timeouts": null,
            "to_port": 7443,
            "type": "ingress"
          },
          "sensitive_attributes": [],
          "private": "eyJlMmJmYjczMC1lY2FhLTExZTYtOGY4OC0zNDM2M2JjN2M0YzAiOnsiY3JlYXRlIjozMDAwMDAwMDAwMDB9LCJzY2hlbWFfdmVyc2lvbiI6IjIifQ==",
          "dependencies": [
            "data.terraform_remote_state.fabric",
            "module.security.module.security_group.aws_security_group.this"
          ]
        },
        {
          "index_key": 82,
          "schema_version": 2,
          "attributes": {
            "cidr_blocks": null,
            "description": "Traffic from Map Server to Portal Server",
            "from_port": 13443,
            "id": "sgrule-4256770467",
            "ipv6_cidr_blocks": null,
            "prefix_list_ids": null,
            "protocol": "tcp",
            "security_group_id": "sg-4c9b120c417998692",
            "security_group_rule_id": "sgr-06972feee693001e2",
            "self": false,
            "source_security_group_id": "sg-f1e22e496da168c30",
            "timeouts": null,
            "to_port": 13443,
            "type": "ingress"
          },
          "sensitive_attributes": [],
          "private": "eyJlMmJmYjczMC1lY2FhLTExZTYtOGY4OC0zNDM2M2JjN2M0YzAiOnsiY3JlYXRlIjozMDAwMDAwMDAwMDB9LCJzY2hlbWFfdmVyc2lvbiI6IjIifQ==",
          "dependencies": [
            "data.terraform_remote_state.fabric",
            "module.security.module.security_group.aws_security_group.this"
          ]
        },
        {
          "index_key": 83,
          "schema_version": 2,
          "attributes": {
            "cidr_blocks": null,
            "description": "Traffic from UN Server to Portal Server",
            "from_port": 1098,
            "id": "sgrule-1716057478",
            "ipv6_cidr_blocks": null,
            "prefix_list_ids": null,
            "protocol": "tcp",
            "security_group_id": "sg-4c9b120c417998692",
            "security_group_rule_id": "sgr-0009c4b98239c9179",
            "self": false,
            "source_security_group_id": "sg-08b9a430cb789f96c",
            "timeouts": null,
            "to_port": 7443,
            "type": "ingress"
          },
          "sensitive_attributes": [],
          "private": "eyJlMmJmYjczMC1lY2FhLTExZTYtOGY4OC0zNDM2M2JjN2M0YzAiOnsiY3JlYXRlIjozMDAwMDAwMDAwMDB9LCJzY2hlbWFfdmVyc2lvbiI6IjIifQ==",
          "dependencies": [
            "data.terraform_remote_state.fabric",
            "module.security.module.security_group.aws_security_group.this"
          ]
        },
        {
          "index_key": 84,
          "schema_version": 2,
          "attributes": {
            "cidr_blocks": null,
            "description": "Traffic from UN Server to Portal Server",
            "from_port": 4000,
            "id": "sgrule-2271393590",
            "ipv6_cidr_blocks": null,
            "prefix_list_ids": null,
            "protocol": "tcp",
            "security_group_id": "sg-4c9b120c417998692",
            "security_group_rule_id": "sgr-01bb5634adf849fff",
            "self": false,
            "source_security_group_id": "sg-08b9a430cb789f96c",
            "timeouts": null,
            "to_port": 4003,
            "type": "ingress"
          },
          "sensitive_attributes": [],
          "private": "eyJlMmJmYjczMC1lY2FhLTExZTYtOGY4OC0zNDM2M2JjN2M0YzAiOnsiY3JlYXRlIjozMDAwMDAwMDAwMDB9LCJzY2hlbWFfdmVyc2lvbiI6IjIifQ==",
          "dependencies": [
            "data.terraform_remote_state.fabric",
            "module.security.module.security_group.aws_security_group.this"
          ]
        },
        {
          "index_key": 85,
          "schema_version": 2,
          "attributes": {
            "cidr_blocks": null,
            "description": "Traffic from UN Server to Portal Server",
            "from_port": 6006,
            "id": "sgrule-4276237735",
            "ipv6_cidr_blocks": null,
            "prefix_list_ids": null,
            "protocol": "tcp",
            "security_group_id": "sg-4c9b120c417998692",
            "security_group_rule_id": "sgr-048eaf995cb5ef6b2",
            "self": false,
            "source_security_group_id": "sg-08b9a430cb789f96c",
            "timeouts": null,
            "to_port": 6006,
            "type": "ingress"
          },
          "sensitive_attributes": [],
          "private": "eyJlMmJmYjczMC1lY2FhLTExZTYtOGY4OC0zNDM2M2JjN2M0YzAiOnsiY3JlYXRlIjozMDAwMDAwMDAwMDB9LCJzY2hlbWFfdmVyc2lvbiI6IjIifQ==",
          "dependencies": [
            "data.terraform_remote_state.fabric",
            "module.security.module.security_group.aws_security_group.this"
          ]
        },
        {
          "index_key": 86,
          "schema_version": 2,
          "attributes": {
            "cidr_blocks": null,
            "description": "Traffic from UN Server to Portal Server",
            "from_port": 6099,
            "id": "sgrule-4270573680",
            "ipv6_cidr_blocks": null,
            "prefix_list_ids": null,
            "protocol": "tcp",
            "security_group_id": "sg-4c9b120c417998692",
            "security_group_rule_id": "sgr-0c1d18a8f6c62b8eb",
            "self": false,
            "source_security_group_id": "sg-08b9a430cb789f96c",
            "timeouts": null,
            "to_port": 6099,
            "type": "ingress"
          },
          "sensitive_attributes": [],
          "private": "eyJlMmJmYjczMC1lY2FhLTExZTYtOGY4OC0zNDM2M2JjN2M0YzAiOnsiY3JlYXRlIjozMDAwMDAwMDAwMDB9LCJzY2hlbWFfdmVyc2lvbiI6IjIifQ==",
          "dependencies": [
            "data.terraform_remote_state.fabric",
            "module.security.module.security_group.aws_security_group.this"
          ]
        },
        {
          "index_key": 87,
          "schema_version": 2,
          "attributes": {
            "cidr_blocks": null,
            "description": "Traffic from UN Server to Portal Server",
            "from_port": 6443,
            "id": "sgrule-3066103840",
            "ipv6_cidr_blocks": null,
            "prefix_list_ids": null,
            "protocol": "tcp",
            "security_group_id": "sg-4c9b120c417998692",
            "security_group_rule_id": "sgr-0b6e612de3527c1b7",
            "self": false,
            "source_security_group_id": "sg-08b9a430cb789f96c",
            "timeouts": null,
            "to_port": 6443,
            "type": "ingress"
          },
          "sensitive_attributes": [],
          "private": "eyJlMmJmYjczMC1lY2FhLTExZTYtOGY4OC0zNDM2M2JjN2M0YzAiOnsiY3JlYXRlIjozMDAwMDAwMDAwMDB9LCJzY2hlbWFfdmVyc2lvbiI6IjIifQ==",
          "dependencies": [
            "data.terraform_remote_state.fabric",
            "module.security.module.security_group.aws_security_group.this"
          ]
        },
        {
          "index_key": 88,
          "schema_version": 2,
          "attributes": {
            "cidr_blocks": null,
            "description": "Traffic from UN Server to Portal Server",
            "from_port": 7443,
            "id": "sgrule-3529522155",
            "ipv6_cidr_blocks": null,
            "prefix_list_ids": null,
            "protocol": "tcp",
            "security_group_id": "sg-4c9b120c417998692",
            "security_group_rule_id": "sgr-020f4ec3316b80f98",
            "self": false,
            "source_security_group_id": "sg-08b9a430cb789f96c",
            "timeouts": null,
            "to_port": 7443,
            "type": "ingress"
          },
          "sensitive_attributes": [],
          "private": "eyJlMmJmYjczMC1lY2FhLTExZTYtOGY4OC0zNDM2M2JjN2M0YzAiOnsiY3JlYXRlIjozMDAwMDAwMDAwMDB9LCJzY2hlbWFfdmVyc2lvbiI6IjIifQ==",
          "dependencies": [
            "data.terraform_remote_state.fabric",
            "module.security.module.security_group.aws_security_group.this"
          ]
        },
        {
          "index_key": 89,
          "schema_version": 2,
          "attributes": {
            "cidr_blocks": null,
            "description": "Traffic from UN Server to Portal Server",
            "from_port": 13443,
            "id": "sgrule-2173420550",
            "ipv6_cidr_blocks": null,
            "prefix_list_ids": null,
            "protocol": "tcp",
            "security_group_id": "sg-4c9b120c417998692",
            "security_group_rule_id": "sgr-00fc99706da8a89bc",
            "self": false,
            "source_security_group_id": "sg-08b9a430cb789f96c",
            "timeouts": null,
            "to_port": 13443,
            "type": "ingress"
          },
          "sensitive_attributes": [],
          "private": "eyJlMmJmYjczMC1lY2FhLTExZTYtOGY4OC0zNDM2M2JjN2M0YzAiOnsiY3JlYXRlIjozMDAwMDAwMDAwMDB9LCJzY2hlbWFfdmVyc2lvbiI6IjIifQ==",
          "dependencies": [
            "data.terraform_remote_state.fabric",
            "module.security.module.security_group.aws_security_group.this"
          ]
        },
        {
          "index_key": 90,
          "schema_version": 2,
          "attributes": {
            "cidr_blocks": null,
            "description": "Traffic from GP Server to Portal Server",
            "from_port": 1098,
            "id": "sgrule-772326745",
            "ipv6_cidr_blocks": null,
            "prefix_list_ids": null,
            "protocol": "tcp",
            "security_group_id": "sg-4c9b120c417998692",
            "security_group_rule_id": "sgr-0269e90ba622ae9da",
            "self": false,
            "source_security_group_id": "sg-703bf2694bdf82ed0",
            "timeouts": null,
            "to_port": 7443,
            "type": "ingress"
          },
          "sensitive_attributes": [],
          "private": "eyJlMmJmYjczMC1lY2FhLTExZTYtOGY4OC0zNDM2M2JjN2M0YzAiOnsiY3JlYXRlIjozMDAwMDAwMDAwMDB9LCJzY2hlbWFfdmVyc2lvbiI6IjIifQ==",
          "dependencies": [
            "data.terraform_remote_state.fabric",
            "module.security.module.security_group.aws_security_group.this"
          ]
        },
        {
          "index_key": 91,
          "schema_version": 2,
          "attributes": {
            "cidr_blocks": null,
            "description": "Traffic from GP Server to Portal Server",
            "from_port": 4000,
            "id": "sgrule-3475146729",
            "ipv6_cidr_blocks": null,
            "prefix_list_ids": null,
            "protocol": "tcp",
            "security_group_id": "sg-4c9b120c417998692",
            "security_group_rule_id": "sgr-0629c456ae88c161b",
            "self": false,
            "source_security_group_id": "sg-703bf2694bdf82ed0",
            "timeouts": null,
            "to_port": 4003,
            "type": "ingress"
          },
          "sensitive_attributes": [],
          "private": "eyJlMmJmYjczMC1lY2FhLTExZTYtOGY4OC0zNDM2M2JjN2M0YzAiOnsiY3JlYXRlIjozMDAwMDAwMDAwMDB9LCJzY2hlbWFfdmVyc2lvbiI6IjIifQ==",
          "dependencies": [
            "data.terraform_remote_state.fabric",
            "module.security.module.security_group.aws_security_group.this"
          ]
        },
        {
          "index_key": 92,
          "schema_version": 2,
          "attributes": {
            "cidr_blocks": null,
            "description": "Traffic from GP Server to Portal Server",
            "from_port": 6006,
            "id": "sgrule-3064071544",
            "ipv6_cidr_blocks": null,
            "prefix_list_ids": null,
            "protocol": "tcp",
            "security_group_id": "sg-4c9b120c417998692",
            "security_group_rule_id": "sgr-072d1181f70e5fabf",
            "self": false,
            "source_security_group_id": "sg-703bf2694bdf82ed0",
            "timeouts": null,
            "to_port": 6006,
            "type": "ingress"
          },
          "sensitive_attributes": [],
          "private": "eyJlMmJmYjczMC1lY2FhLTExZTYtOGY4OC0zNDM2M2JjN2M0YzAiOnsiY3JlYXRlIjozMDAwMDAwMDAwMDB9LCJzY2hlbWFfdmVyc2lvbiI6IjIifQ==",
          "dependencies": [
            "data.terraform_remote_state.fabric",
            "module.security.module.security_group.aws_security_group.this"
          ]
        },
        {
          "index_key": 93,
          "schema_version": 2,
          "attributes": {
            "cidr_blocks": null,
            "description": "Traffic from GP Server to Portal Server",
            "from_port": 6099,
            "id": "sgrule-3066820783",
            "ipv6_cidr_blocks": null,
            "prefix_list_ids": null,
            "protocol": "tcp",
            "security_group_id": "sg-4c9b120c417998692",
            "security_group_rule_id": "sgr-059ebe93c439edbb0",
            "self": false,
            "source_security_group_id": "sg-703bf2694bdf82ed0",
            "timeouts": null,
            "to_port": 6099,
            "type": "ingress"
          },
          "sensitive_attributes": [],
          "private": "eyJlMmJmYjczMC1lY2FhLTExZTYtOGY4OC0zNDM2M2JjN2M0YzAiOnsiY3JlYXRlIjozMDAwMDAwMDAwMDB9LCJzY2hlbWFfdmVyc2lvbiI6IjIifQ==",
          "dependencies": [
            "data.terraform_remote_state.fabric",
            "module.security.module.security_group.aws_security_group.this"
          ]
        },
        {
          "index_key": 94,
          "schema_version": 2,
          "attributes": {
            "cidr_blocks": null,
            "description": "Traffic from GP Server to Portal Server",
            "from_port": 6443,
            "id": "sgrule-4269881599",
            "ipv6_cidr_blocks": null,
            "prefix_list_ids": null,
            "protocol": "tcp",
            "security_group_id": "sg-4c9b120c417998692",
            "security_group_rule_id": "sgr-066bf82a857fac2bf",
            "self": false,
            "source_security_group_id": "sg-703bf2694bdf82ed0",
            "timeouts": null,
            "to_port": 6443,
            "type": "ingress"
          },
          "sensitive_attributes": [],
          "private": "eyJlMmJmYjczMC1lY2FhLTExZTYtOGY4OC0zNDM2M2JjN2M0YzAiOnsiY3JlYXRlIjozMDAwMDAwMDAwMDB9LCJzY2hlbWFfdmVyc2lvbiI6IjIifQ==",
          "dependencies": [
            "data.terraform_remote_state.fabric",
            "module.security.module.security_group.aws_security_group.this"
          ]
        },
        {
          "index_key": 95,
          "schema_version": 2,
          "attributes": {
            "cidr_blocks": null,
            "description": "Traffic from GP Server to Portal Server",
            "from_port": 7443,
            "id": "sgrule-2585791284",
            "ipv6_cidr_blocks": null,
            "prefix_list_ids": null,
            "protocol": "tcp",
            "security_group_id": "sg-4c9b120c417998692",
            "security_group_rule_id": "sgr-0a55efad647861dee",
            "self": false,
            "source_security_group_id": "sg-703bf2694bdf82ed0",
            "timeouts": null,
            "to_port": 7443,
            "type": "ingress"
          },
          "sensitive_attributes": [],
          "private": "eyJlMmJmYjczMC1lY2FhLTExZTYtOGY4OC0zNDM2M2JjN2M0YzAiOnsiY3JlYXRlIjozMDAwMDAwMDAwMDB9LCJzY2hlbWFfdmVyc2lvbiI6IjIifQ==",
          "dependencies": [
            "data.terraform_remote_state.fabric",
            "module.security.module.security_group.aws_security_group.this"
          ]
        },
        {
          "index_key": 96,
          "schema_version": 2,
          "attributes": {
            "cidr_blocks": null,
            "description": "Traffic from GP Server to Portal Server",
            "from_port": 13443,
            "id": "sgrule-3385586905",
            "ipv6_cidr_blocks": null,
            "prefix_list_ids": null,
            "protocol": "tcp",
            "security_group_id": "sg-4c9b120c417998692",
            "security_group_rule_id": "sgr-0ebb1851f6758957f",
            "self": false,
            "source_security_group_id": "sg-703bf2694bdf82ed0",
            "timeouts": null,
            "to_port": 13443,
            "type": "ingress"
          },
          "sensitive_attributes": [],
          "private": "eyJlMmJmYjczMC1lY2FhLTExZTYtOGY4OC0zNDM2M2JjN2M0YzAiOnsiY3JlYXRlIjozMDAwMDAwMDAwMDB9LCJzY2hlbWFfdmVyc2lvbiI6IjIifQ==",
          "dependencies": [
            "data.terraform_remote_state.fabric",
            "module.security.module.security_group.aws_security_group.this"
          ]
        },
        {
          "index_key": 97,
          "schema_version": 2,
          "attributes": {
            "cidr_blocks": null,
            "description": "Traffic from Job Server",
            "from_port": 13443,
            "id": "sgrule-2147096636",
            "ipv6_cidr_blocks": null,
            "prefix_list_ids": null,
            "protocol": "tcp",
            "security_group_id": "sg-f1e22e496da168c30",
            "security_group_rule_id": "sgr-05ca824471950a3c8",
            "self": false,
            "source_security_group_id": "sg-cb5968f5ba1ad50e8",
            "timeouts": null,
            "to_port": 13443,
            "type": "ingress"
          },
          "sensitive_attributes": [],
          "private": "eyJlMmJmYjczMC1lY2FhLTExZTYtOGY4OC0zNDM2M2JjN2M0YzAiOnsiY3JlYXRlIjozMDAwMDAwMDAwMDB9LCJzY2hlbWFfdmVyc2lvbiI6IjIifQ==",
          "dependencies": [
            "data.terraform_remote_state.fabric",
            "module.security.module.security_group.aws_security_group.this"
          ]
        },
        {
          "index_key": 98,
          "schema_version": 2,
          "attributes": {
            "cidr_blocks": null,
            "description": "Traffic from Job Server",
            "from_port": 6443,
            "id": "sgrule-3006134296",
            "ipv6_cidr_blocks": null,
            "prefix_list_ids": null,
            "protocol": "tcp",
            "security_group_id": "sg-f1e22e496da168c30",
            "security_group_rule_id": "sgr-08b2bb1585a8a5e13",
            "self": false,
            "source_security_group_id": "sg-cb5968f5ba1ad50e8",
            "timeouts": null,
            "to_port": 6443,
            "type": "ingress"
          },
          "sensitive_attributes": [],
          "private": "eyJlMmJmYjczMC1lY2FhLTExZTYtOGY4OC0zNDM2M2JjN2M0YzAiOnsiY3JlYXRlIjozMDAwMDAwMDAwMDB9LCJzY2hlbWFfdmVyc2lvbiI6IjIifQ==",
          "dependencies": [
            "data.terraform_remote_state.fabric",
            "module.security.module.security_group.aws_security_group.this"
          ]
        },
        {
          "index_key": 99,
          "schema_version": 2,
          "attributes": {
            "cidr_blocks": null,
            "description": "Traffic from Job Server",
            "from_port": 7443,
            "id": "sgrule-3616328659",
            "ipv6_cidr_blocks": null,
            "prefix_list_ids": null,
            "protocol": "tcp",
            "security_group_id": "sg-f1e22e496da168c30",
            "security_group_rule_id": "sgr-0223beda5ed1d2a9a",
            "self": false,
            "source_security_group_id": "sg-cb5968f5ba1ad50e8",
            "timeouts": null,
            "to_port": 7443,
            "type": "ingress"
          },
          "sensitive_attributes": [],
          "private": "eyJlMmJmYjczMC1lY2FhLTExZTYtOGY4OC0zNDM2M2JjN2M0YzAiOnsiY3JlYXRlIjozMDAwMDAwMDAwMDB9LCJzY2hlbWFfdmVyc2lvbiI6IjIifQ==",
          "dependencies": [
            "data.terraform_remote_state.fabric",
            "module.security.module.security_group.aws_security_group.this"
          ]
        },
        {
          "index_key": 100,
          "schema_version": 2,
          "attributes": {
            "cidr_blocks": null,
            "description": "Traffic from Job Server",
            "from_port": 13443,
            "id": "sgrule-1648612202",
            "ipv6_cidr_blocks": null,
            "prefix_list_ids": null,
            "protocol": "tcp",
            "security_group_id": "sg-08b9a430cb789f96c",
            "security_group_rule_id": "sgr-0f0f2430b782ffa8e",
            "self": false,
            "source_security_group_id": "sg-cb5968f5ba1ad50e8",
            "timeouts": null,
            "to_port": 13443,
            "type": "ingress"
          },
          "sensitive_attributes": [],
          "private": "eyJlMmJmYjczMC1lY2FhLTExZTYtOGY4OC0zNDM2M2JjN2M0YzAiOnsiY3JlYXRlIjozMDAwMDAwMDAwMDB9LCJzY2hlbWFfdmVyc2lvbiI6IjIifQ==",
          "dependencies": [
            "data.terraform_remote_state.fabric",
            "module.security.module.security_group.aws_security_group.this"
          ]
        },
        {
          "index_key": 101,
          "schema_version": 2,
          "attributes": {
            "cidr_blocks": null,
            "description": "Traffic from Job Server",
            "from_port": 6443,
            "id": "sgrule-3013073424",
            "ipv6_cidr_blocks": null,
            "prefix_list_ids": null,
            "protocol": "tcp",
            "security_group_id": "sg-08b9a430cb789f96c",
            "security_group_rule_id": "sgr-002e85179cbcdc5ea",
            "self": false,
            "source_security_group_id": "sg-cb5968f5ba1ad50e8",
            "timeouts": null,
            "to_port": 6443,
            "type": "ingress"
          },
          "sensitive_attributes": [],
          "private": "eyJlMmJmYjczMC1lY2FhLTExZTYtOGY4OC0zNDM2M2JjN2M0YzAiOnsiY3JlYXRlIjozMDAwMDAwMDAwMDB9LCJzY2hlbWFfdmVyc2lvbiI6IjIifQ==",
          "dependencies": [
            "data.terraform_remote_state.fabric",
            "module.security.module.security_group.aws_security_group.this"
          ]
        },
        {
          "index_key": 102,
          "schema_version": 2,
          "attributes": {
            "cidr_blocks": null,
            "description": "Traffic from Job Server",
            "from_port": 7443,
            "id": "sgrule-3610700251",
            "ipv6_cidr_blocks": null,
            "prefix_list_ids": null,
            "protocol": "tcp",
            "security_group_id": "sg-08b9a430cb789f96c",
            "security_group_rule_id": "sgr-01c39ffbd7cdee638",
            "self": false,
            "source_security_group_id": "sg-cb5968f5ba1ad50e8",
            "timeouts": null,
            "to_port": 7443,
            "type": "ingress"
          },
          "sensitive_attributes": [],
          "private": "eyJlMmJmYjczMC1lY2FhLTExZTYtOGY4OC0zNDM2M2JjN2M0YzAiOnsiY3JlYXRlIjozMDAwMDAwMDAwMDB9LCJzY2hlbWFfdmVyc2lvbiI6IjIifQ==",
          "dependencies": [
            "data.terraform_remote_state.fabric",
            "module.security.module.security_group.aws_security_group.this"
          ]
        },
        {
          "index_key": 103,
          "schema_version": 2,
          "attributes": {
            "cidr_blocks": null,
            "description": "Traffic from Job Server",
            "from_port": 13443,
            "id": "sgrule-1673233820",
            "ipv6_cidr_blocks": null,
            "prefix_list_ids": null,
            "protocol": "tcp",
            "security_group_id": "sg-703bf2694bdf82ed0",
            "security_group_rule_id": "sgr-0c6574e399db1f0c8",
            "self": false,
            "source_security_group_id": "sg-cb5968f5ba1ad50e8",
            "timeouts": null,
            "to_port": 13443,
            "type": "ingress"
          },
          "sensitive_attributes": [],
          "private": "eyJlMmJmYjczMC1lY2FhLTExZTYtOGY4OC0zNDM2M2JjN2M0YzAiOnsiY3JlYXRlIjozMDAwMDAwMDAwMDB9LCJzY2hlbWFfdmVyc2lvbiI6IjIifQ==",
          "dependencies": [
            "data.terraform_remote_state.fabric",
            "module.security.module.security_group.aws_security_group.this"
          ]
        },
        {
          "index_key": 104,
          "schema_version": 2,
          "attributes": {
            "cidr_blocks": null,
            "description": "Traffic from Job Server",
            "from_port": 6443,
            "id": "sgrule-1291855079",
            "ipv6_cidr_blocks": null,
            "prefix_list_ids": null,
            "protocol": "tcp",
            "security_group_id": "sg-703bf2694bdf82ed0",
            "security_group_rule_id": "sgr-0d862e887c7c26792",
            "self": false,
            "source_security_group_id": "sg-cb5968f5ba1ad50e8",
            "timeouts": null,
            "to_port": 6443,
            "type": "ingress"
          },
          "sensitive_attributes": [],
          "private": "eyJlMmJmYjczMC1lY2FhLTExZTYtOGY4OC0zNDM2M2JjN2M0YzAiOnsiY3JlYXRlIjozMDAwMDAwMDAwMDB9LCJzY2hlbWFfdmVyc2lvbiI6IjIifQ==",
          "dependencies": [
            "data.terraform_remote_state.fabric",
            "module.security.module.security_group.aws_security_group.this"
          ]
        },
        {
          "index_key": 105,
          "schema_version": 2,
          "attributes": {
            "cidr_blocks": null,
            "description": "Traffic from Job Server",
            "from_port": 7443,
            "id": "sgrule-698423084",
            "ipv6_cidr_blocks": null,
            "prefix_list_ids": null,
            "protocol": "tcp",
            "security_group_id": "sg-703bf2694bdf82ed0",
            "security_group_rule_id": "sgr-0bde02715fc5127af",
            "self": false,
            "source_security_group_id": "sg-cb5968f5ba1ad50e8",
            "timeouts": null,
            "to_port": 7443,
            "type": "ingress"
          },
          "sensitive_attributes": [],
          "private": "eyJlMmJmYjczMC1lY2FhLTExZTYtOGY4OC0zNDM2M2JjN2M0YzAiOnsiY3JlYXRlIjozMDAwMDAwMDAwMDB9LCJzY2hlbWFfdmVyc2lvbiI6IjIifQ==",
          "dependencies": [
            "data.terraform_remote_state.fabric",
            "module.security.module.security_group.aws_security_group.this"
          ]
        },
        {
          "index_key": 106,
          "schema_version": 2,
          "attributes": {
            "cidr_blocks": null,
            "description": "Traffic from Job Server",
            "from_port": 13443,
            "id": "sgrule-1644018043",
            "ipv6_cidr_blocks": null,
            "prefix_list_ids": null,
            "protocol": "tcp",
            "security_group_id": "sg-4c9b120c417998692",
            "security_group_rule_id": "sgr-0cfb24ade1bb78a44",
            "self": false,
            "source_security_group_id": "sg-cb5968f5ba1ad50e8",
            "timeouts": null,
            "to_port": 13443,
            "type": "ingress"
          },
          "sensitive_attributes": [],
          "private": "eyJlMmJmYjczMC1lY2FhLTExZTYtOGY4OC0zNDM2M2JjN2M0YzAiOnsiY3JlYXRlIjozMDAwMDAwMDAwMDB9LCJzY2hlbWFfdmVyc2lvbiI6IjIifQ==",
          "dependencies": [
            "data.terraform_remote_state.fabric",
            "module.security.module.security_group.aws_security_group.this"
          ]
        },
        {
          "index_key": 107,
          "schema_version": 2,
          "attributes": {
            "cidr_blocks": null,
            "description": "Traffic from Job Server",
            "from_port": 6443,
            "id": "sgrule-1454863709",
            "ipv6_cidr_blocks": null,
            "prefix_list_ids": null,
            "protocol": "tcp",
            "security_group_id": "sg-4c9b120c417998692",
            "security_group_rule_id": "sgr-0552b181658175889",
            "self": false,
            "source_security_group_id": "sg-cb5968f5ba1ad50e8",
            "timeouts": null,
            "to_port": 6443,
            "type": "ingress"
          },
          "sensitive_attributes": [],
          "private": "eyJlMmJmYjczMC1lY2FhLTExZTYtOGY4OC0zNDM2M2JjN2M0YzAiOnsiY3JlYXRlIjozMDAwMDAwMDAwMDB9LCJzY2hlbWFfdmVyc2lvbiI6IjIifQ==",
          "dependencies": [
            "data.terraform_remote_state.fabric",
            "module.security.module.security_group.aws_security_group.this"
          ]
        },
        {
          "index_key": 108,
          "schema_version": 2,
          "attributes": {
            "cidr_blocks": null,
            "description": "Traffic from Job Server",
            "from_port": 7443,
            "id": "sgrule-840320662",
            "ipv6_cidr_blocks": null,
            "prefix_list_ids": null,
            "protocol": "tcp",
            "security_group_id": "sg-4c9b120c417998692",
            "security_group_rule_id": "sgr-0f58afc77f00ef2f9",
            "self": false,
            "source_security_group_id": "sg-cb5968f5ba1ad50e8",
            "timeouts": null,
            "to_port": 7443,
            "type": "ingress"
          },
          "sensitive_attributes": [],
          "private": "eyJlMmJmYjczMC1lY2FhLTExZTYtOGY4OC0zNDM2M2JjN2M0YzAiOnsiY3JlYXRlIjozMDAwMDAwMDAwMDB9LCJzY2hlbWFfdmVyc2lvbiI6IjIifQ==",
          "dependencies": [
            "data.terraform_remote_state.fabric",
            "module.security.module.security_group.aws_security_group.this"
          ]
        },
        {
          "index_key": 109,
          "schema_version": 2,
          "attributes": {
            "cidr_blocks": null,
            "description": "Traffic from Job Server",
            "from_port": 13443,
            "id": "sgrule-3551360243",
            "ipv6_cidr_blocks": null,
            "prefix_list_ids": null,
            "protocol": "tcp",
            "security_group_id": "sg-f92fbfe42f69e5786",
            "security_group_rule_id": "sgr-0f251f48fda8f349d",
            "self": false,
            "source_security_group_id": "sg-cb5968f5ba1ad50e8",
            "timeouts": null,
            "to_port": 13443,
            "type": "ingress"
          },
          "sensitive_attributes": [],
          "private": "eyJlMmJmYjczMC1lY2FhLTExZTYtOGY4OC0zNDM2M2JjN2M0YzAiOnsiY3JlYXRlIjozMDAwMDAwMDAwMDB9LCJzY2hlbWFfdmVyc2lvbiI6IjIifQ==",
          "dependencies": [
            "data.terraform_remote_state.fabric",
            "module.security.module.security_group.aws_security_group.this"
          ]
        },
        {
          "index_key": 110,
          "schema_version": 2,
          "attributes": {
            "cidr_blocks": null,
            "description": "Traffic from Job Server",
            "from_port": 6443,
            "id": "sgrule-680848605",
            "ipv6_cidr_blocks": null,
            "prefix_list_ids": null,
            "protocol": "tcp",
            "security_group_id": "sg-f92fbfe42f69e5786",
            "security_group_rule_id": "sgr-03bd3646bf0ea2958",
            "self": false,
            "source_security_group_id": "sg-cb5968f5ba1ad50e8",
            "timeouts": null,
            "to_port": 6443,
            "type": "ingress"
          },
          "sensitive_attributes": [],
          "private": "eyJlMmJmYjczMC1lY2FhLTExZTYtOGY4OC0zNDM2M2JjN2M0YzAiOnsiY3JlYXRlIjozMDAwMDAwMDAwMDB9LCJzY2hlbWFfdmVyc2lvbiI6IjIifQ==",
          "dependencies": [
            "data.terraform_remote_state.fabric",
            "module.security.module.security_group.aws_security_group.this"
          ]
        },
        {
          "index_key": 111,
          "schema_version": 2,
          "attributes": {
            "cidr_blocks": null,
            "description": "Traffic from Job Server",
            "from_port": 7443,
            "id": "sgrule-1278598934",
            "ipv6_cidr_blocks": null,
            "prefix_list_ids": null,
            "protocol": "tcp",
            "security_group_id": "sg-f92fbfe42f69e5786",
            "security_group_rule_id": "sgr-072410c8e90c13838",
            "self": false,
            "source_security_group_id": "sg-cb5968f5ba1ad50e8",
            "timeouts": null,
            "to_port": 7443,
            "type": "ingress"
          },
          "sensitive_attributes": [],
          "private": "eyJlMmJmYjczMC1lY2FhLTExZTYtOGY4OC0zNDM2M2JjN2M0YzAiOnsiY3JlYXRlIjozMDAwMDAwMDAwMDB9LCJzY2hlbWFfdmVyc2lvbiI6IjIifQ==",
          "dependencies": [
            "data.terraform_remote_state.fabric",
            "module.security.module.security_group.aws_security_group.this"
          ]
        },
        {
          "index_key": 112,
          "schema_version": 2,
          "attributes": {
            "cidr_blocks": null,
            "description": "Traffic to app alb",
            "from_port": 6443,
            "id": "sgrule-1252819035",
            "ipv6_cidr_blocks": null,
            "prefix_list_ids": null,
            "protocol": "tcp",
            "security_group_id": "sg-cb5968f5ba1ad50e8",
            "security_group_rule_id": "sgr-01377aed796f75b7b",
            "self": false,
            "source_security_group_id": "sg-f92fbfe42f69e5786",
            "timeouts": null,
            "to_port": 6443,
            "type": "egress"
          },
          "sensitive_attributes": [],
          "private": "eyJlMmJmYjczMC1lY2FhLTExZTYtOGY4OC0zNDM2M2JjN2M0YzAiOnsiY3JlYXRlIjozMDAwMDAwMDAwMDB9LCJzY2hlbWFfdmVyc2lvbiI6IjIifQ==",
          "dependencies": [
            "data.terraform_remote_state.fabric",
            "module.security.module.security_group.aws_security_group.this"
          ]
        },
        {
          "index_key": 113,
          "schema_version": 2,
          "attributes": {
            "cidr_blocks": null,
            "description": "Traffic to app alb",
            "from_port": 7443,
            "id": "sgrule-2151123778",
            "ipv6_cidr_blocks": null,
            "prefix_list_ids": null,
            "protocol": "tcp",
            "security_group_id": "sg-cb5968f5ba1ad50e8",
            "security_group_rule_id": "sgr-0dfa86d27af7e290e",
            "self": false,
            "source_security_group_id": "sg-f92fbfe42f69e5786",
            "timeouts": null,
            "to_port": 7443,
            "type": "egress"
          },
          "sensitive_attributes": [],
          "private": "eyJlMmJmYjczMC1lY2FhLTExZTYtOGY4OC0zNDM2M2JjN2M0YzAiOnsiY3JlYXRlIjozMDAwMDAwMDAwMDB9LCJzY2hlbWFfdmVyc2lvbiI6IjIifQ==",
          "dependencies": [
            "data.terraform_remote_state.fabric",
            "module.security.module.security_group.aws_security_group.this"
          ]
        },
        {
          "index_key": 114,
          "schema_version": 2,
          "attributes": {
            "cidr_blocks": null,
            "description": "Traffic to app alb",
            "from_port": 13443,
            "id": "sgrule-61060283",
            "ipv6_cidr_blocks": null,
            "prefix_list_ids": null,
            "protocol": "tcp",
            "security_group_id": "sg-cb5968f5ba1ad50e8",
            "security_group_rule_id": "sgr-0258208d59993fa16",
            "self": false,
            "source_security_group_id": "sg-f92fbfe42f69e5786",
            "timeouts": null,
            "to_port": 13443,
            "type": "egress"
          },
          "sensitive_attributes": [],
          "private": "eyJlMmJmYjczMC1lY2FhLTExZTYtOGY4OC0zNDM2M2JjN2M0YzAiOnsiY3JlYXRlIjozMDAwMDAwMDAwMDB9LCJzY2hlbWFfdmVyc2lvbiI6IjIifQ==",
          "dependencies": [
            "data.terraform_remote_state.fabric",
            "module.security.module.security_group.aws_security_group.this"
          ]
        },
        {
          "index_key": 115,
          "schema_version": 2,
          "attributes": {
            "cidr_blocks": null,
            "description": "Allow Job server to access rds server",
            "from_port": 2443,
            "id": "sgrule-383711221",
            "ipv6_cidr_blocks": null,
            "prefix_list_ids": null,
            "protocol": "tcp",
            "security_group_id": "sg-7079bcbb558022f61",
            "security_group_rule_id": "sgr-0534520f219972ca4",
            "self": false,
            "source_security_group_id": "sg-cb5968f5ba1ad50e8",
            "timeouts": null,
            "to_port": 2443,
            "type": "ingress"
          },
          "sensitive_attributes": [],
          "private": "eyJlMmJmYjczMC1lY2FhLTExZTYtOGY4OC0zNDM2M2JjN2M0YzAiOnsiY3JlYXRlIjozMDAwMDAwMDAwMDB9LCJzY2hlbWFfdmVyc2lvbiI6IjIifQ==",
          "dependencies": [
            "data.terraform_remote_state.fabric",
            "module.security.module.security_group.aws_security_group.this"
          ]
        },
        {
          "index_key": 116,
          "schema_version": 2,
          "attributes": {
            "cidr_blocks": null,
            "description": "Allow Job server to access rds server",
            "from_port": 2443,
            "id": "sgrule-619566704",
            "ipv6_cidr_blocks": null,
            "prefix_list_ids": null,
            "protocol": "tcp",
            "security_group_id": "sg-cb5968f5ba1ad50e8",
            "security_group_rule_id": "sgr-0841c468eb90255e8",
            "self": false,
            "source_security_group_id": "sg-7079bcbb558022f61",
            "timeouts": null,
            "to_port": 2443,
            "type": "egress"
          },
          "sensitive_attributes": [],
          "private": "eyJlMmJmYjczMC1lY2FhLTExZTYtOGY4OC0zNDM2M2JjN2M0YzAiOnsiY3JlYXRlIjozMDAwMDAwMDAwMDB9LCJzY2hlbWFfdmVyc2lvbiI6IjIifQ==",
          "dependencies": [
            "data.terraform_remote_state.fabric",
            "module.security.module.security_group.aws_security_group.this"
          ]
        },
        {
          "index_key": 117,
          "schema_version": 2,
          "attributes": {
            "cidr_blocks": null,
            "description": "Traffic from Map Server",
            "from_port": 445,
            "id": "sgrule-156603617",
            "ipv6_cidr_blocks": null,
            "prefix_list_ids": null,
            "protocol": "udp",
            "security_group_id": "sg-7650972b67a042a18",
            "security_group_rule_id": "sgr-0a5ea2a50e37bf910",
            "self": false,
            "source_security_group_id": "sg-f1e22e496da168c30",
            "timeouts": null,
            "to_port": 445,
            "type": "ingress"
          },
          "sensitive_attributes": [],
          "private": "eyJlMmJmYjczMC1lY2FhLTExZTYtOGY4OC0zNDM2M2JjN2M0YzAiOnsiY3JlYXRlIjozMDAwMDAwMDAwMDB9LCJzY2hlbWFfdmVyc2lvbiI6IjIifQ==",
          "dependencies": [
            "data.terraform_remote_state.fabric",
            "module.security.module.security_group.aws_security_group.this"
          ]
        },
        {
          "index_key": 118,
          "schema_version": 2,
          "attributes": {
            "cidr_blocks": null,
            "description": "Traffic from Map Server",
            "from_port": 445,
            "id": "sgrule-2903127822",
            "ipv6_cidr_blocks": null,
            "prefix_list_ids": null,
            "protocol": "tcp",
            "security_group_id": "sg-7650972b67a042a18",
            "security_group_rule_id": "sgr-0d7f1dc9e14716a24",
            "self": false,
            "source_security_group_id": "sg-f1e22e496da168c30",
            "timeouts": null,
            "to_port": 445,
            "type": "ingress"
          },
          "sensitive_attributes": [],
          "private": "eyJlMmJmYjczMC1lY2FhLTExZTYtOGY4OC0zNDM2M2JjN2M0YzAiOnsiY3JlYXRlIjozMDAwMDAwMDAwMDB9LCJzY2hlbWFfdmVyc2lvbiI6IjIifQ==",
          "dependencies": [
            "data.terraform_remote_state.fabric",
            "module.security.module.security_group.aws_security_group.this"
          ]
        },
        {
          "index_key": 119,
          "schema_version": 2,
          "attributes": {
            "cidr_blocks": null,
            "description": "Traffic from UN Server",
            "from_port": 445,
            "id": "sgrule-1969715524",
            "ipv6_cidr_blocks": null,
            "prefix_list_ids": null,
            "protocol": "udp",
            "security_group_id": "sg-7650972b67a042a18",
            "security_group_rule_id": "sgr-03346d0d39bd202da",
            "self": false,
            "source_security_group_id": "sg-08b9a430cb789f96c",
            "timeouts": null,
            "to_port": 445,
            "type": "ingress"
          },
          "sensitive_attributes": [],
          "private": "eyJlMmJmYjczMC1lY2FhLTExZTYtOGY4OC0zNDM2M2JjN2M0YzAiOnsiY3JlYXRlIjozMDAwMDAwMDAwMDB9LCJzY2hlbWFfdmVyc2lvbiI6IjIifQ==",
          "dependencies": [
            "data.terraform_remote_state.fabric",
            "module.security.module.security_group.aws_security_group.this"
          ]
        },
        {
          "index_key": 120,
          "schema_version": 2,
          "attributes": {
            "cidr_blocks": null,
            "description": "Traffic from UN Server",
            "from_port": 445,
            "id": "sgrule-3510164139",
            "ipv6_cidr_blocks": null,
            "prefix_list_ids": null,
            "protocol": "tcp",
            "security_group_id": "sg-7650972b67a042a18",
            "security_group_rule_id": "sgr-0020a130628f3d2f5",
            "self": false,
            "source_security_group_id": "sg-08b9a430cb789f96c",
            "timeouts": null,
            "to_port": 445,
            "type": "ingress"
          },
          "sensitive_attributes": [],
          "private": "eyJlMmJmYjczMC1lY2FhLTExZTYtOGY4OC0zNDM2M2JjN2M0YzAiOnsiY3JlYXRlIjozMDAwMDAwMDAwMDB9LCJzY2hlbWFfdmVyc2lvbiI6IjIifQ==",
          "dependencies": [
            "data.terraform_remote_state.fabric",
            "module.security.module.security_group.aws_security_group.this"
          ]
        },
        {
          "index_key": 121,
          "schema_version": 2,
          "attributes": {
            "cidr_blocks": null,
            "description": "Traffic from GP Server",
            "from_port": 445,
            "id": "sgrule-1025984923",
            "ipv6_cidr_blocks": null,
            "prefix_list_ids": null,
            "protocol": "udp",
            "security_group_id": "sg-7650972b67a042a18",
            "security_group_rule_id": "sgr-00ba2147e684ea74a",
            "self": false,
            "source_security_group_id": "sg-703bf2694bdf82ed0",
            "timeouts": null,
            "to_port": 445,
            "type": "ingress"
          },
          "sensitive_attributes": [],
          "private": "eyJlMmJmYjczMC1lY2FhLTExZTYtOGY4OC0zNDM2M2JjN2M0YzAiOnsiY3JlYXRlIjozMDAwMDAwMDAwMDB9LCJzY2hlbWFfdmVyc2lvbiI6IjIifQ==",
          "dependencies": [
            "data.terraform_remote_state.fabric",
            "module.security.module.security_group.aws_security_group.this"
          ]
        },
        {
          "index_key": 122,
          "schema_version": 2,
          "attributes": {
            "cidr_blocks": null,
            "description": "Traffic from GP Server",
            "from_port": 445,
            "id": "sgrule-2574838388",
            "ipv6_cidr_blocks": null,
            "prefix_list_ids": null,
            "protocol": "tcp",
            "security_group_id": "sg-7650972b67a042a18",
            "security_group_rule_id": "sgr-04b976f4f3c9a2dfe",
            "self": false,
            "source_security_group_id": "sg-703bf2694bdf82ed0",
            "timeouts": null,
            "to_port": 445,
            "type": "ingress"
          },
          "sensitive_attributes": [],
          "private": "eyJlMmJmYjczMC1lY2FhLTExZTYtOGY4OC0zNDM2M2JjN2M0YzAiOnsiY3JlYXRlIjozMDAwMDAwMDAwMDB9LCJzY2hlbWFfdmVyc2lvbiI6IjIifQ==",
          "dependencies": [
            "data.terraform_remote_state.fabric",
            "module.security.module.security_group.aws_security_group.this"
          ]
        },
        {
          "index_key": 123,
          "schema_version": 2,
          "attributes": {
            "cidr_blocks": null,
            "description": "Traffic from Portal Server",
            "from_port": 445,
            "id": "sgrule-298194174",
            "ipv6_cidr_blocks": null,
            "prefix_list_ids": null,
            "protocol": "udp",
            "security_group_id": "sg-7650972b67a042a18",
            "security_group_rule_id": "sgr-09f998d73e206aaf0",
            "self": false,
            "source_security_group_id": "sg-4c9b120c417998692",
            "timeouts": null,
            "to_port": 445,
            "type": "ingress"
          },
          "sensitive_attributes": [],
          "private": "eyJlMmJmYjczMC1lY2FhLTExZTYtOGY4OC0zNDM2M2JjN2M0YzAiOnsiY3JlYXRlIjozMDAwMDAwMDAwMDB9LCJzY2hlbWFfdmVyc2lvbiI6IjIifQ==",
          "dependencies": [
            "data.terraform_remote_state.fabric",
            "module.security.module.security_group.aws_security_group.this"
          ]
        },
        {
          "index_key": 124,
          "schema_version": 2,
          "attributes": {
            "cidr_blocks": null,
            "description": "Traffic from Portal Server",
            "from_port": 445,
            "id": "sgrule-3046749969",
            "ipv6_cidr_blocks": null,
            "prefix_list_ids": null,
            "protocol": "tcp",
            "security_group_id": "sg-7650972b67a042a18",
            "security_group_rule_id": "sgr-05123a5cbee47d834",
            "self": false,
            "source_security_group_id": "sg-4c9b120c417998692",
            "timeouts": null,
            "to_port": 445,
            "type": "ingress"
          },
          "sensitive_attributes": [],
          "private": "eyJlMmJmYjczMC1lY2FhLTExZTYtOGY4OC0zNDM2M2JjN2M0YzAiOnsiY3JlYXRlIjozMDAwMDAwMDAwMDB9LCJzY2hlbWFfdmVyc2lvbiI6IjIifQ==",
          "dependencies": [
            "data.terraform_remote_state.fabric",
            "module.security.module.security_group.aws_security_group.this"
          ]
        },
        {
          "index_key": 125,
          "schema_version": 2,
          "attributes": {
            "cidr_blocks": null,
            "description": "Traffic from RDS DB Server",
            "from_port": 445,
            "id": "sgrule-1490129638",
            "ipv6_cidr_blocks": null,
            "prefix_list_ids": null,
            "protocol": "udp",
            "security_group_id": "sg-7650972b67a042a18",
            "security_group_rule_id": "sgr-0ac002f13429e41cc",
            "self": false,
            "source_security_group_id": "sg-7079bcbb558022f61",
            "timeouts": null,
            "to_port": 445,
            "type": "ingress"
          },
          "sensitive_attributes": [],
          "private": "eyJlMmJmYjczMC1lY2FhLTExZTYtOGY4OC0zNDM2M2JjN2M0YzAiOnsiY3JlYXRlIjozMDAwMDAwMDAwMDB9LCJzY2hlbWFfdmVyc2lvbiI6IjIifQ==",
          "dependencies": [
            "data.terraform_remote_state.fabric",
            "module.security.module.security_group.aws_security_group.this"
          ]
        },
        {
          "index_key": 126,
          "schema_version": 2,
          "attributes": {
            "cidr_blocks": null,
            "description": "Traffic from RDS DB Server",
            "from_port": 445,
            "id": "sgrule-4237177097",
            "ipv6_cidr_blocks": null,
            "prefix_list_ids": null,
            "protocol": "tcp",
            "security_group_id": "sg-7650972b67a042a18",
            "security_group_rule_id": "sgr-0bed0f04cbce3bc99",
            "self": false,
            "source_security_group_id": "sg-7079bcbb558022f61",
            "timeouts": null,
            "to_port": 445,
            "type": "ingress"
          },
          "sensitive_attributes": [],
          "private": "eyJlMmJmYjczMC1lY2FhLTExZTYtOGY4OC0zNDM2M2JjN2M0YzAiOnsiY3JlYXRlIjozMDAwMDAwMDAwMDB9LCJzY2hlbWFfdmVyc2lvbiI6IjIifQ==",
          "dependencies": [
            "data.terraform_remote_state.fabric",
            "module.security.module.security_group.aws_security_group.this"
          ]
        },
        {
          "index_key": 127,
          "schema_version": 2,
          "attributes": {
            "cidr_blocks": null,
            "description": "Traffic from UN DB Server",
            "from_port": 445,
            "id": "sgrule-2492645918",
            "ipv6_cidr_blocks": null,
            "prefix_list_ids": null,
            "protocol": "udp",
            "security_group_id": "sg-7650972b67a042a18",
            "security_group_rule_id": "sgr-0516057cc3086d341",
            "self": false,
            "source_security_group_id": "sg-c6fa82cb28e1fb1f5",
            "timeouts": null,
            "to_port": 445,
            "type": "ingress"
          },
          "sensitive_attributes": [],
          "private": "eyJlMmJmYjczMC1lY2FhLTExZTYtOGY4OC0zNDM2M2JjN2M0YzAiOnsiY3JlYXRlIjozMDAwMDAwMDAwMDB9LCJzY2hlbWFfdmVyc2lvbiI6IjIifQ==",
          "dependencies": [
            "data.terraform_remote_state.fabric",
            "module.security.module.security_group.aws_security_group.this"
          ]
        },
        {
          "index_key": 128,
          "schema_version": 2,
          "attributes": {
            "cidr_blocks": null,
            "description": "Traffic from UN DB Server",
            "from_port": 445,
            "id": "sgrule-818766321",
            "ipv6_cidr_blocks": null,
            "prefix_list_ids": null,
            "protocol": "tcp",
            "security_group_id": "sg-7650972b67a042a18",
            "security_group_rule_id": "sgr-08c58615f34e28df7",
            "self": false,
            "source_security_group_id": "sg-c6fa82cb28e1fb1f5",
            "timeouts": null,
            "to_port": 445,
            "type": "ingress"
          },
          "sensitive_attributes": [],
          "private": "eyJlMmJmYjczMC1lY2FhLTExZTYtOGY4OC0zNDM2M2JjN2M0YzAiOnsiY3JlYXRlIjozMDAwMDAwMDAwMDB9LCJzY2hlbWFfdmVyc2lvbiI6IjIifQ==",
          "dependencies": [
            "data.terraform_remote_state.fabric",
            "module.security.module.security_group.aws_security_group.this"
          ]
        },
        {
          "index_key": 129,
          "schema_version": 2,
          "attributes": {
            "cidr_blocks": null,
            "description": "Traffic from ENT DB Server",
            "from_port": 445,
            "id": "sgrule-75506222",
            "ipv6_cidr_blocks": null,
            "prefix_list_ids": null,
            "protocol": "udp",
            "security_group_id": "sg-7650972b67a042a18",
            "security_group_rule_id": "sgr-0d932893b9224493a",
            "self": false,
            "source_security_group_id": "sg-50b79733dcf4240a1",
            "timeouts": null,
            "to_port": 445,
            "type": "ingress"
          },
          "sensitive_attributes": [],
          "private": "eyJlMmJmYjczMC1lY2FhLTExZTYtOGY4OC0zNDM2M2JjN2M0YzAiOnsiY3JlYXRlIjozMDAwMDAwMDAwMDB9LCJzY2hlbWFfdmVyc2lvbiI6IjIifQ==",
          "dependencies": [
            "data.terraform_remote_state.fabric",
            "module.security.module.security_group.aws_security_group.this"
          ]
        },
        {
          "index_key": 130,
          "schema_version": 2,
          "attributes": {
            "cidr_blocks": null,
            "description": "Traffic from ENT DB Server",
            "from_port": 445,
            "id": "sgrule-2699002305",
            "ipv6_cidr_blocks": null,
            "prefix_list_ids": null,
            "protocol": "tcp",
            "security_group_id": "sg-7650972b67a042a18",
            "security_group_rule_id": "sgr-02675af3c3a8d491b",
            "self": false,
            "source_security_group_id": "sg-50b79733dcf4240a1",
            "timeouts": null,
            "to_port": 445,
            "type": "ingress"
          },
          "sensitive_attributes": [],
          "private": "eyJlMmJmYjczMC1lY2FhLTExZTYtOGY4OC0zNDM2M2JjN2M0YzAiOnsiY3JlYXRlIjozMDAwMDAwMDAwMDB9LCJzY2hlbWFfdmVyc2lvbiI6IjIifQ==",
          "dependencies": [
            "data.terraform_remote_state.fabric",
            "module.security.module.security_group.aws_security_group.this"
          ]
        },
        {
          "index_key": 131,
          "schema_version": 2,
          "attributes": {
            "cidr_blocks": null,
            "description": "Traffic to file Server",
            "from_port": 445,
            "id": "sgrule-1408612380",
            "ipv6_cidr_blocks": null,
            "prefix_list_ids": null,
            "protocol": "tcp",
            "security_group_id": "sg-cb5968f5ba1ad50e8",
            "security_group_rule_id": "sgr-06039df7e28f05b3d",
            "self": false,
            "source_security_group_id": "sg-7650972b67a042a18",
            "timeouts": null,
            "to_port": 445,
            "type": "egress"
          },
          "sensitive_attributes": [],
          "private": "eyJlMmJmYjczMC1lY2FhLTExZTYtOGY4OC0zNDM2M2JjN2M0YzAiOnsiY3JlYXRlIjozMDAwMDAwMDAwMDB9LCJzY2hlbWFfdmVyc2lvbiI6IjIifQ==",
          "dependencies": [
            "data.terraform_remote_state.fabric",
            "module.security.module.security_group.aws_security_group.this"
          ]
        },
        {
          "index_key": 132,
          "schema_version": 2,
          "attributes": {
            "cidr_blocks": null,
            "description": "Traffic to file Server",
            "from_port": 445,
            "id": "sgrule-2427492958",
            "ipv6_cidr_blocks": null,
            "prefix_list_ids": null,
            "protocol": "tcp",
            "security_group_id": "sg-f1e22e496da168c30",
            "security_group_rule_id": "sgr-06515107eba70add0",
            "self": false,
            "source_security_group_id": "sg-7650972b67a042a18",
            "timeouts": null,
            "to_port": 445,
            "type": "egress"
          },
          "sensitive_attributes": [],
          "private": "eyJlMmJmYjczMC1lY2FhLTExZTYtOGY4OC0zNDM2M2JjN2M0YzAiOnsiY3JlYXRlIjozMDAwMDAwMDAwMDB9LCJzY2hlbWFfdmVyc2lvbiI6IjIifQ==",
          "dependencies": [
            "data.terraform_remote_state.fabric",
            "module.security.module.security_group.aws_security_group.this"
          ]
        },
        {
          "index_key": 133,
          "schema_version": 2,
          "attributes": {
            "cidr_blocks": null,
            "description": "Traffic to file Server",
            "from_port": 445,
            "id": "sgrule-3434422285",
            "ipv6_cidr_blocks": null,
            "prefix_list_ids": null,
            "protocol": "tcp",
            "security_group_id": "sg-08b9a430cb789f96c",
            "security_group_rule_id": "sgr-0ec39aa459d7e02e0",
            "self": false,
            "source_security_group_id": "sg-7650972b67a042a18",
            "timeouts": null,
            "to_port": 445,
            "type": "egress"
          },
          "sensitive_attributes": [],
          "private": "eyJlMmJmYjczMC1lY2FhLTExZTYtOGY4OC0zNDM2M2JjN2M0YzAiOnsiY3JlYXRlIjozMDAwMDAwMDAwMDB9LCJzY2hlbWFfdmVyc2lvbiI6IjIifQ==",
          "dependencies": [
            "data.terraform_remote_state.fabric",
            "module.security.module.security_group.aws_security_group.this"
          ]
        },
        {
          "index_key": 134,
          "schema_version": 2,
          "attributes": {
            "cidr_blocks": null,
            "description": "Traffic to file Server",
            "from_port": 445,
            "id": "sgrule-2000403283",
            "ipv6_cidr_blocks": null,
            "prefix_list_ids": null,
            "protocol": "tcp",
            "security_group_id": "sg-703bf2694bdf82ed0",
            "security_group_rule_id": "sgr-03af14e7517309fd3",
            "self": false,
            "source_security_group_id": "sg-7650972b67a042a18",
            "timeouts": null,
            "to_port": 445,
            "type": "egress"
          },
          "sensitive_attributes": [],
          "private": "eyJlMmJmYjczMC1lY2FhLTExZTYtOGY4OC0zNDM2M2JjN2M0YzAiOnsiY3JlYXRlIjozMDAwMDAwMDAwMDB9LCJzY2hlbWFfdmVyc2lvbiI6IjIifQ==",
          "dependencies": [
            "data.terraform_remote_state.fabric",
            "module.security.module.security_group.aws_security_group.this"
          ]
        },
        {
          "index_key": 135,
          "schema_version": 2,
          "attributes": {
            "cidr_blocks": null,
            "description": "Traffic to file Server",
            "from_port": 445,
            "id": "sgrule-1239228319",
            "ipv6_cidr_blocks": null,
            "prefix_list_ids": null,
            "protocol": "tcp",
            "security_group_id": "sg-4c9b120c417998692",
            "security_group_rule_id": "sgr-09eab5026e9dd16e1",
            "self": false,
            "source_security_group_id": "sg-7650972b67a042a18",
            "timeouts": null,
            "to_port": 445,
            "type": "egress"
          },
          "sensitive_attributes": [],
          "private": "eyJlMmJmYjczMC1lY2FhLTExZTYtOGY4OC0zNDM2M2JjN2M0YzAiOnsiY3JlYXRlIjozMDAwMDAwMDAwMDB9LCJzY2hlbWFfdmVyc2lvbiI6IjIifQ==",
          "dependencies": [
            "data.terraform_remote_state.fabric",
            "module.security.module.security_group.aws_security_group.this"
          ]
        },
        {
          "index_key": 136,
          "schema_version": 2,
          "attributes": {
            "cidr_blocks": null,
            "description": "Traffic from ENT DB Server",
            "from_port": 445,
            "id": "sgrule-2519928262",
            "ipv6_cidr_blocks": null,
            "prefix_list_ids": null,
            "protocol": "tcp",
            "security_group_id": "sg-50b79733dcf4240a1",
            "security_group_rule_id": "sgr-013e45997a55f733f",
            "self": false,
            "source_security_group_id": "sg-7650972b67a042a18",
            "timeouts": null,
            "to_port": 445,
            "type": "egress"
          },
          "sensitive_attributes": [],
          "private": "eyJlMmJmYjczMC1lY2FhLTExZTYtOGY4OC0zNDM2M2JjN2M0YzAiOnsiY3JlYXRlIjozMDAwMDAwMDAwMDB9LCJzY2hlbWFfdmVyc2lvbiI6IjIifQ==",
          "dependencies": [
            "data.terraform_remote_state.fabric",
            "module.security.module.security_group.aws_security_group.this"
          ]
        },
        {
          "index_key": 137,
          "schema_version": 2,
          "attributes": {
            "cidr_blocks": null,
            "description": "Traffic from RDS DB Server",
            "from_port": 445,
            "id": "sgrule-1375083597",
            "ipv6_cidr_blocks": null,
            "prefix_list_ids": null,
            "protocol": "tcp",
            "security_group_id": "sg-7079bcbb558022f61",
            "security_group_rule_id": "sgr-04de573bea2463761",
            "self": false,
            "source_security_group_id": "sg-7650972b67a042a18",
            "timeouts": null,
            "to_port": 445,
            "type": "egress"
          },
          "sensitive_attributes": [],
          "private": "eyJlMmJmYjczMC1lY2FhLTExZTYtOGY4OC0zNDM2M2JjN2M0YzAiOnsiY3JlYXRlIjozMDAwMDAwMDAwMDB9LCJzY2hlbWFfdmVyc2lvbiI6IjIifQ==",
          "dependencies": [
            "data.terraform_remote_state.fabric",
            "module.security.module.security_group.aws_security_group.this"
          ]
        },
        {
          "index_key": 138,
          "schema_version": 2,
          "attributes": {
            "cidr_blocks": null,
            "description": "Traffic from UN DB Server",
            "from_port": 445,
            "id": "sgrule-267790399",
            "ipv6_cidr_blocks": null,
            "prefix_list_ids": null,
            "protocol": "tcp",
            "security_group_id": "sg-c6fa82cb28e1fb1f5",
            "security_group_rule_id": "sgr-0eaa23c9c3eca2101",
            "self": false,
            "source_security_group_id": "sg-7650972b67a042a18",
            "timeouts": null,
            "to_port": 445,
            "type": "egress"
          },
          "sensitive_attributes": [],
          "private": "eyJlMmJmYjczMC1lY2FhLTExZTYtOGY4OC0zNDM2M2JjN2M0YzAiOnsiY3JlYXRlIjozMDAwMDAwMDAwMDB9LCJzY2hlbWFfdmVyc2lvbiI6IjIifQ==",
          "dependencies": [
            "data.terraform_remote_state.fabric",
            "module.security.module.security_group.aws_security_group.this"
          ]
        },
        {
          "index_key": 139,
          "schema_version": 2,
          "attributes": {
            "cidr_blocks": null,
            "description": "Traffic to file Server",
            "from_port": 445,
            "id": "sgrule-3717347962",
            "ipv6_cidr_blocks": null,
            "prefix_list_ids": null,
            "protocol": "udp",
            "security_group_id": "sg-cb5968f5ba1ad50e8",
            "security_group_rule_id": "sgr-02e8614cf765fb966",
            "self": false,
            "source_security_group_id": "sg-7650972b67a042a18",
            "timeouts": null,
            "to_port": 445,
            "type": "egress"
          },
          "sensitive_attributes": [],
          "private": "eyJlMmJmYjczMC1lY2FhLTExZTYtOGY4OC0zNDM2M2JjN2M0YzAiOnsiY3JlYXRlIjozMDAwMDAwMDAwMDB9LCJzY2hlbWFfdmVyc2lvbiI6IjIifQ==",
          "dependencies": [
            "data.terraform_remote_state.fabric",
            "module.security.module.security_group.aws_security_group.this"
          ]
        },
        {
          "index_key": 140,
          "schema_version": 2,
          "attributes": {
            "cidr_blocks": null,
            "description": "Traffic to file Server",
            "from_port": 445,
            "id": "sgrule-517412920",
            "ipv6_cidr_blocks": null,
            "prefix_list_ids": null,
            "protocol": "udp",
            "security_group_id": "sg-f1e22e496da168c30",
            "security_group_rule_id": "sgr-03aa8ebcca888cd45",
            "self": false,
            "source_security_group_id": "sg-7650972b67a042a18",
            "timeouts": null,
            "to_port": 445,
            "type": "egress"
          },
          "sensitive_attributes": [],
          "private": "eyJlMmJmYjczMC1lY2FhLTExZTYtOGY4OC0zNDM2M2JjN2M0YzAiOnsiY3JlYXRlIjozMDAwMDAwMDAwMDB9LCJzY2hlbWFfdmVyc2lvbiI6IjIifQ==",
          "dependencies": [
            "data.terraform_remote_state.fabric",
            "module.security.module.security_group.aws_security_group.this"
          ]
        },
        {
          "index_key": 141,
          "schema_version": 2,
          "attributes": {
            "cidr_blocks": null,
            "description": "Traffic to file Server",
            "from_port": 445,
            "id": "sgrule-1121100395",
            "ipv6_cidr_blocks": null,
            "prefix_list_ids": null,
            "protocol": "udp",
            "security_group_id": "sg-08b9a430cb789f96c",
            "security_group_rule_id": "sgr-0b5f4af63cd43ffd0",
            "self": false,
            "source_security_group_id": "sg-7650972b67a042a18",
            "timeouts": null,
            "to_port": 445,
            "type": "egress"
          },
          "sensitive_attributes": [],
          "private": "eyJlMmJmYjczMC1lY2FhLTExZTYtOGY4OC0zNDM2M2JjN2M0YzAiOnsiY3JlYXRlIjozMDAwMDAwMDAwMDB9LCJzY2hlbWFfdmVyc2lvbiI6IjIifQ==",
          "dependencies": [
            "data.terraform_remote_state.fabric",
            "module.security.module.security_group.aws_security_group.this"
          ]
        },
        {
          "index_key": 142,
          "schema_version": 2,
          "attributes": {
            "cidr_blocks": null,
            "description": "Traffic to file Server",
            "from_port": 445,
            "id": "sgrule-4183570741",
            "ipv6_cidr_blocks": null,
            "prefix_list_ids": null,
            "protocol": "udp",
            "security_group_id": "sg-703bf2694bdf82ed0",
            "security_group_rule_id": "sgr-029f14387c1795304",
            "self": false,
            "source_security_group_id": "sg-7650972b67a042a18",
            "timeouts": null,
            "to_port": 445,
            "type": "egress"
          },
          "sensitive_attributes": [],
          "private": "eyJlMmJmYjczMC1lY2FhLTExZTYtOGY4OC0zNDM2M2JjN2M0YzAiOnsiY3JlYXRlIjozMDAwMDAwMDAwMDB9LCJzY2hlbWFfdmVyc2lvbiI6IjIifQ==",
          "dependencies": [
            "data.terraform_remote_state.fabric",
            "module.security.module.security_group.aws_security_group.this"
          ]
        },
        {
          "index_key": 143,
          "schema_version": 2,
          "attributes": {
            "cidr_blocks": null,
            "description": "Traffic to file Server",
            "from_port": 445,
            "id": "sgrule-3350896121",
            "ipv6_cidr_blocks": null,
            "prefix_list_ids": null,
            "protocol": "udp",
            "security_group_id": "sg-4c9b120c417998692",
            "security_group_rule_id": "sgr-0ea663295fa0ff05c",
            "self": false,
            "source_security_group_id": "sg-7650972b67a042a18",
            "timeouts": null,
            "to_port": 445,
            "type": "egress"
          },
          "sensitive_attributes": [],
          "private": "eyJlMmJmYjczMC1lY2FhLTExZTYtOGY4OC0zNDM2M2JjN2M0YzAiOnsiY3JlYXRlIjozMDAwMDAwMDAwMDB9LCJzY2hlbWFfdmVyc2lvbiI6IjIifQ==",
          "dependencies": [
            "data.terraform_remote_state.fabric",
            "module.security.module.security_group.aws_security_group.this"
          ]
        },
        {
          "index_key": 144,
          "schema_version": 2,
          "attributes": {
            "cidr_blocks": null,
            "description": "Traffic from ENT DB Server",
            "from_port": 445,
            "id": "sgrule-408194976",
            "ipv6_cidr_blocks": null,
            "prefix_list_ids": null,
            "protocol": "udp",
            "security_group_id": "sg-50b79733dcf4240a1",
            "security_group_rule_id": "sgr-0eca87f34e94ee834",
            "self": false,
            "source_security_group_id": "sg-7650972b67a042a18",
            "timeouts": null,
            "to_port": 445,
            "type": "egress"
          },
          "sensitive_attributes": [],
          "private": "eyJlMmJmYjczMC1lY2FhLTExZTYtOGY4OC0zNDM2M2JjN2M0YzAiOnsiY3JlYXRlIjozMDAwMDAwMDAwMDB9LCJzY2hlbWFfdmVyc2lvbiI6IjIifQ==",
          "dependencies": [
            "data.terraform_remote_state.fabric",
            "module.security.module.security_group.aws_security_group.this"
          ]
        },
        {
          "index_key": 145,
          "schema_version": 2,
          "attributes": {
            "cidr_blocks": null,
            "description": "Traffic from RDS DB Server",
            "from_port": 445,
            "id": "sgrule-3750862379",
            "ipv6_cidr_blocks": null,
            "prefix_list_ids": null,
            "protocol": "udp",
            "security_group_id": "sg-7079bcbb558022f61",
            "security_group_rule_id": "sgr-0a50cdb6144c91fe0",
            "self": false,
            "source_security_group_id": "sg-7650972b67a042a18",
            "timeouts": null,
            "to_port": 445,
            "type": "egress"
          },
          "sensitive_attributes": [],
          "private": "eyJlMmJmYjczMC1lY2FhLTExZTYtOGY4OC0zNDM2M2JjN2M0YzAiOnsiY3JlYXRlIjozMDAwMDAwMDAwMDB9LCJzY2hlbWFfdmVyc2lvbiI6IjIifQ==",
          "dependencies": [
            "data.terraform_remote_state.fabric",
            "module.security.module.security_group.aws_security_group.this"
          ]
        },
        {
          "index_key": 146,
          "schema_version": 2,
          "attributes": {
            "cidr_blocks": null,
            "description": "Traffic from UN DB Server",
            "from_port": 445,
            "id": "sgrule-2173807193",
            "ipv6_cidr_blocks": null,
            "prefix_list_ids": null,
            "protocol": "udp",
            "security_group_id": "sg-c6fa82cb28e1fb1f5",
            "security_group_rule_id": "sgr-0fb53ba2deed0104e",
            "self": false,
            "source_security_group_id": "sg-7650972b67a042a18",
            "timeouts": null,
            "to_port": 445,
            "type": "egress"
          },
          "sensitive_attributes": [],
          "private": "eyJlMmJmYjczMC1lY2FhLTExZTYtOGY4OC0zNDM2M2JjN2M0YzAiOnsiY3JlYXRlIjozMDAwMDAwMDAwMDB9LCJzY2hlbWFfdmVyc2lvbiI6IjIifQ==",
          "dependencies": [
            "data.terraform_remote_state.fabric",
            "module.security.module.security_group.aws_security_group.this"
          ]
        },
        {
          "index_key": 147,
          "schema_version": 2,
          "attributes": {
            "cidr_blocks": null,
            "description": "Traffic from Map Server",
            "from_port": 14333,
            "id": "sgrule-1714367914",
            "ipv6_cidr_blocks": null,
            "prefix_list_ids": null,
            "protocol": "tcp",
            "security_group_id": "sg-c6fa82cb28e1fb1f5",
            "security_group_rule_id": "sgr-08243b4239f82b720",
            "self": false,
            "source_security_group_id": "sg-f1e22e496da168c30",
            "timeouts": null,
            "to_port": 14333,
            "type": "ingress"
          },
          "sensitive_attributes": [],
          "private": "eyJlMmJmYjczMC1lY2FhLTExZTYtOGY4OC0zNDM2M2JjN2M0YzAiOnsiY3JlYXRlIjozMDAwMDAwMDAwMDB9LCJzY2hlbWFfdmVyc2lvbiI6IjIifQ==",
          "dependencies": [
            "data.terraform_remote_state.fabric",
            "module.security.module.security_group.aws_security_group.this"
          ]
        },
        {
          "index_key": 148,
          "schema_version": 2,
          "attributes": {
            "cidr_blocks": null,
            "description": "Traffic from UN Server",
            "from_port": 14333,
            "id": "sgrule-438157327",
            "ipv6_cidr_blocks": null,
            "prefix_list_ids": null,
            "protocol": "tcp",
            "security_group_id": "sg-c6fa82cb28e1fb1f5",
            "security_group_rule_id": "sgr-0a19ac5a9372c14c2",
            "self": false,
            "source_security_group_id": "sg-08b9a430cb789f96c",
            "timeouts": null,
            "to_port": 14333,
            "type": "ingress"
          },
          "sensitive_attributes": [],
          "private": "eyJlMmJmYjczMC1lY2FhLTExZTYtOGY4OC0zNDM2M2JjN2M0YzAiOnsiY3JlYXRlIjozMDAwMDAwMDAwMDB9LCJzY2hlbWFfdmVyc2lvbiI6IjIifQ==",
          "dependencies": [
            "data.terraform_remote_state.fabric",
            "module.security.module.security_group.aws_security_group.this"
          ]
        },
        {
          "index_key": 149,
          "schema_version": 2,
          "attributes": {
            "cidr_blocks": null,
            "description": "Traffic from GP Server",
            "from_port": 14333,
            "id": "sgrule-1381888208",
            "ipv6_cidr_blocks": null,
            "prefix_list_ids": null,
            "protocol": "tcp",
            "security_group_id": "sg-c6fa82cb28e1fb1f5",
            "security_group_rule_id": "sgr-069fd611cc0ba82fe",
            "self": false,
            "source_security_group_id": "sg-703bf2694bdf82ed0",
            "timeouts": null,
            "to_port": 14333,
            "type": "ingress"
          },
          "sensitive_attributes": [],
          "private": "eyJlMmJmYjczMC1lY2FhLTExZTYtOGY4OC0zNDM2M2JjN2M0YzAiOnsiY3JlYXRlIjozMDAwMDAwMDAwMDB9LCJzY2hlbWFfdmVyc2lvbiI6IjIifQ==",
          "dependencies": [
            "data.terraform_remote_state.fabric",
            "module.security.module.security_group.aws_security_group.this"
          ]
        },
        {
          "index_key": 150,
          "schema_version": 2,
          "attributes": {
            "cidr_blocks": null,
            "description": "Traffic from Portal Server",
            "from_port": 14333,
            "id": "sgrule-2126294453",
            "ipv6_cidr_blocks": null,
            "prefix_list_ids": null,
            "protocol": "tcp",
            "security_group_id": "sg-c6fa82cb28e1fb1f5",
            "security_group_rule_id": "sgr-0a364f543c09f2cd5",
            "self": false,
            "source_security_group_id": "sg-4c9b120c417998692",
            "timeouts": null,
            "to_port": 14333,
            "type": "ingress"
          },
          "sensitive_attributes": [],
          "private": "eyJlMmJmYjczMC1lY2FhLTExZTYtOGY4OC0zNDM2M2JjN2M0YzAiOnsiY3JlYXRlIjozMDAwMDAwMDAwMDB9LCJzY2hlbWFfdmVyc2lvbiI6IjIifQ==",
          "dependencies": [
            "data.terraform_remote_state.fabric",
            "module.security.module.security_group.aws_security_group.this"
          ]
        },
        {
          "index_key": 151,
          "schema_version": 2,
          "attributes": {
            "cidr_blocks": null,
            "description": "Traffic from Job Server",
            "from_port": 14333,
            "id": "sgrule-4201364850",
            "ipv6_cidr_blocks": null,
            "prefix_list_ids": null,
            "protocol": "tcp",
            "security_group_id": "sg-c6fa82cb28e1fb1f5",
            "security_group_rule_id": "sgr-029323be5f7a71c43",
            "self": false,
            "source_security_group_id": "sg-cb5968f5ba1ad50e8",
            "timeouts": null,
            "to_port": 14333,
            "type": "ingress"
          },
          "sensitive_attributes": [],
          "private": "eyJlMmJmYjczMC1lY2FhLTExZTYtOGY4OC0zNDM2M2JjN2M0YzAiOnsiY3JlYXRlIjozMDAwMDAwMDAwMDB9LCJzY2hlbWFfdmVyc2lvbiI6IjIifQ==",
          "dependencies": [
            "data.terraform_remote_state.fabric",
            "module.security.module.security_group.aws_security_group.this"
          ]
        },
        {
          "index_key": 152,
          "schema_version": 2,
          "attributes": {
            "cidr_blocks": null,
            "description": "Traffic from Map Server",
            "from_port": 14333,
            "id": "sgrule-2197824882",
            "ipv6_cidr_blocks": null,
            "prefix_list_ids": null,
            "protocol": "tcp",
            "security_group_id": "sg-50b79733dcf4240a1",
            "security_group_rule_id": "sgr-0469f42e7f97154cf",
            "self": false,
            "source_security_group_id": "sg-f1e22e496da168c30",
            "timeouts": null,
            "to_port": 14333,
            "type": "ingress"
          },
          "sensitive_attributes": [],
          "private": "eyJlMmJmYjczMC1lY2FhLTExZTYtOGY4OC0zNDM2M2JjN2M0YzAiOnsiY3JlYXRlIjozMDAwMDAwMDAwMDB9LCJzY2hlbWFfdmVyc2lvbiI6IjIifQ==",
          "dependencies": [
            "data.terraform_remote_state.fabric",
            "module.security.module.security_group.aws_security_group.this"
          ]
        },
        {
          "index_key": 153,
          "schema_version": 2,
          "attributes": {
            "cidr_blocks": null,
            "description": "Traffic from UN Server",
            "from_port": 14333,
            "id": "sgrule-4281518295",
            "ipv6_cidr_blocks": null,
            "prefix_list_ids": null,
            "protocol": "tcp",
            "security_group_id": "sg-50b79733dcf4240a1",
            "security_group_rule_id": "sgr-0c139c81755b89c41",
            "self": false,
            "source_security_group_id": "sg-08b9a430cb789f96c",
            "timeouts": null,
            "to_port": 14333,
            "type": "ingress"
          },
          "sensitive_attributes": [],
          "private": "eyJlMmJmYjczMC1lY2FhLTExZTYtOGY4OC0zNDM2M2JjN2M0YzAiOnsiY3JlYXRlIjozMDAwMDAwMDAwMDB9LCJzY2hlbWFfdmVyc2lvbiI6IjIifQ==",
          "dependencies": [
            "data.terraform_remote_state.fabric",
            "module.security.module.security_group.aws_security_group.this"
          ]
        },
        {
          "index_key": 154,
          "schema_version": 2,
          "attributes": {
            "cidr_blocks": null,
            "description": "Traffic from GP Server",
            "from_port": 14333,
            "id": "sgrule-3077765128",
            "ipv6_cidr_blocks": null,
            "prefix_list_ids": null,
            "protocol": "tcp",
            "security_group_id": "sg-50b79733dcf4240a1",
            "security_group_rule_id": "sgr-0b66cf0f85f1bc869",
            "self": false,
            "source_security_group_id": "sg-703bf2694bdf82ed0",
            "timeouts": null,
            "to_port": 14333,
            "type": "ingress"
          },
          "sensitive_attributes": [],
          "private": "eyJlMmJmYjczMC1lY2FhLTExZTYtOGY4OC0zNDM2M2JjN2M0YzAiOnsiY3JlYXRlIjozMDAwMDAwMDAwMDB9LCJzY2hlbWFfdmVyc2lvbiI6IjIifQ==",
          "dependencies": [
            "data.terraform_remote_state.fabric",
            "module.security.module.security_group.aws_security_group.this"
          ]
        },
        {
          "index_key": 155,
          "schema_version": 2,
          "attributes": {
            "cidr_blocks": null,
            "description": "Traffic from Portal Server",
            "from_port": 14333,
            "id": "sgrule-2610144621",
            "ipv6_cidr_blocks": null,
            "prefix_list_ids": null,
            "protocol": "tcp",
            "security_group_id": "sg-50b79733dcf4240a1",
            "security_group_rule_id": "sgr-07e0646f97187ecbd",
            "self": false,
            "source_security_group_id": "sg-4c9b120c417998692",
            "timeouts": null,
            "to_port": 14333,
            "type": "ingress"
          },
          "sensitive_attributes": [],
          "private": "eyJlMmJmYjczMC1lY2FhLTExZTYtOGY4OC0zNDM2M2JjN2M0YzAiOnsiY3JlYXRlIjozMDAwMDAwMDAwMDB9LCJzY2hlbWFfdmVyc2lvbiI6IjIifQ==",
          "dependencies": [
            "data.terraform_remote_state.fabric",
            "module.security.module.security_group.aws_security_group.this"
          ]
        },
        {
          "index_key": 156,
          "schema_version": 2,
          "attributes": {
            "cidr_blocks": null,
            "description": "Traffic from Job Server",
            "from_port": 14333,
            "id": "sgrule-524596650",
            "ipv6_cidr_blocks": null,
            "prefix_list_ids": null,
            "protocol": "tcp",
            "security_group_id": "sg-50b79733dcf4240a1",
            "security_group_rule_id": "sgr-02320122ebe903715",
            "self": false,
            "source_security_group_id": "sg-cb5968f5ba1ad50e8",
            "timeouts": null,
            "to_port": 14333,
            "type": "ingress"
          },
          "sensitive_attributes": [],
          "private": "eyJlMmJmYjczMC1lY2FhLTExZTYtOGY4OC0zNDM2M2JjN2M0YzAiOnsiY3JlYXRlIjozMDAwMDAwMDAwMDB9LCJzY2hlbWFfdmVyc2lvbiI6IjIifQ==",
          "dependencies": [
            "data.terraform_remote_state.fabric",
            "module.security.module.security_group.aws_security_group.this"
          ]
        },
        {
          "index_key": 157,
          "schema_version": 2,
          "attributes": {
            "cidr_blocks": null,
            "description": "Traffic to UN DB",
            "from_port": 14333,
            "id": "sgrule-3487494880",
            "ipv6_cidr_blocks": null,
            "prefix_list_ids": null,
            "protocol": "tcp",
            "security_group_id": "sg-f1e22e496da168c30",
            "security_group_rule_id": "sgr-0aa5095d5f86791bf",
            "self": false,
            "source_security_group_id": "sg-c6fa82cb28e1fb1f5",
            "timeouts": null,
            "to_port": 14333,
            "type": "egress"
          },
          "sensitive_attributes": [],
          "private": "eyJlMmJmYjczMC1lY2FhLTExZTYtOGY4OC0zNDM2M2JjN2M0YzAiOnsiY3JlYXRlIjozMDAwMDAwMDAwMDB9LCJzY2hlbWFfdmVyc2lvbiI6IjIifQ==",
          "dependencies": [
            "data.terraform_remote_state.fabric",
            "module.security.module.security_group.aws_security_group.this"
          ]
        },
        {
          "index_key": 158,
          "schema_version": 2,
          "attributes": {
            "cidr_blocks": null,
            "description": "Traffic to UN DB",
            "from_port": 14333,
            "id": "sgrule-3238379760",
            "ipv6_cidr_blocks": null,
            "prefix_list_ids": null,
            "protocol": "tcp",
            "security_group_id": "sg-08b9a430cb789f96c",
            "security_group_rule_id": "sgr-020ccf475535326ef",
            "self": false,
            "source_security_group_id": "sg-c6fa82cb28e1fb1f5",
            "timeouts": null,
            "to_port": 14333,
            "type": "egress"
          },
          "sensitive_attributes": [],
          "private": "eyJlMmJmYjczMC1lY2FhLTExZTYtOGY4OC0zNDM2M2JjN2M0YzAiOnsiY3JlYXRlIjozMDAwMDAwMDAwMDB9LCJzY2hlbWFfdmVyc2lvbiI6IjIifQ==",
          "dependencies": [
            "data.terraform_remote_state.fabric",
            "module.security.module.security_group.aws_security_group.this"
          ]
        },
        {
          "index_key": 159,
          "schema_version": 2,
          "attributes": {
            "cidr_blocks": null,
            "description": "Traffic to UN DB",
            "from_port": 14333,
            "id": "sgrule-3793891505",
            "ipv6_cidr_blocks": null,
            "prefix_list_ids": null,
            "protocol": "tcp",
            "security_group_id": "sg-703bf2694bdf82ed0",
            "security_group_rule_id": "sgr-0f5e4897e38016792",
            "self": false,
            "source_security_group_id": "sg-c6fa82cb28e1fb1f5",
            "timeouts": null,
            "to_port": 14333,
            "type": "egress"
          },
          "sensitive_attributes": [],
          "private": "eyJlMmJmYjczMC1lY2FhLTExZTYtOGY4OC0zNDM2M2JjN2M0YzAiOnsiY3JlYXRlIjozMDAwMDAwMDAwMDB9LCJzY2hlbWFfdmVyc2lvbiI6IjIifQ==",
          "dependencies": [
            "data.terraform_remote_state.fabric",
            "module.security.module.security_group.aws_security_group.this"
          ]
        },
        {
          "index_key": 160,
          "schema_version": 2,
          "attributes": {
            "cidr_blocks": null,
            "description": "Traffic to UN DB",
            "from_port": 14333,
            "id": "sgrule-3381517682",
            "ipv6_cidr_blocks": null,
            "prefix_list_ids": null,
            "protocol": "tcp",
            "security_group_id": "sg-4c9b120c417998692",
            "security_group_rule_id": "sgr-08f2ac9def91a9a70",
            "self": false,
            "source_security_group_id": "sg-c6fa82cb28e1fb1f5",
            "timeouts": null,
            "to_port": 14333,
            "type": "egress"
          },
          "sensitive_attributes": [],
          "private": "eyJlMmJmYjczMC1lY2FhLTExZTYtOGY4OC0zNDM2M2JjN2M0YzAiOnsiY3JlYXRlIjozMDAwMDAwMDAwMDB9LCJzY2hlbWFfdmVyc2lvbiI6IjIifQ==",
          "dependencies": [
            "data.terraform_remote_state.fabric",
            "module.security.module.security_group.aws_security_group.this"
          ]
        },
        {
          "index_key": 161,
          "schema_version": 2,
          "attributes": {
            "cidr_blocks": null,
            "description": "Traffic to UN DB",
            "from_port": 14333,
            "id": "sgrule-1248450706",
            "ipv6_cidr_blocks": null,
            "prefix_list_ids": null,
            "protocol": "tcp",
            "security_group_id": "sg-cb5968f5ba1ad50e8",
            "security_group_rule_id": "sgr-09ad15428fa186b23",
            "self": false,
            "source_security_group_id": "sg-c6fa82cb28e1fb1f5",
            "timeouts": null,
            "to_port": 14333,
            "type": "egress"
          },
          "sensitive_attributes": [],
          "private": "eyJlMmJmYjczMC1lY2FhLTExZTYtOGY4OC0zNDM2M2JjN2M0YzAiOnsiY3JlYXRlIjozMDAwMDAwMDAwMDB9LCJzY2hlbWFfdmVyc2lvbiI6IjIifQ==",
          "dependencies": [
            "data.terraform_remote_state.fabric",
            "module.security.module.security_group.aws_security_group.this"
          ]
        },
        {
          "index_key": 162,
          "schema_version": 2,
          "attributes": {
            "cidr_blocks": null,
            "description": "Traffic to ENT DB",
            "from_port": 14333,
            "id": "sgrule-1607209680",
            "ipv6_cidr_blocks": null,
            "prefix_list_ids": null,
            "protocol": "tcp",
            "security_group_id": "sg-f1e22e496da168c30",
            "security_group_rule_id": "sgr-00189a28e0f360476",
            "self": false,
            "source_security_group_id": "sg-50b79733dcf4240a1",
            "timeouts": null,
            "to_port": 14333,
            "type": "egress"
          },
          "sensitive_attributes": [],
          "private": "eyJlMmJmYjczMC1lY2FhLTExZTYtOGY4OC0zNDM2M2JjN2M0YzAiOnsiY3JlYXRlIjozMDAwMDAwMDAwMDB9LCJzY2hlbWFfdmVyc2lvbiI6IjIifQ==",
          "dependencies": [
            "data.terraform_remote_state.fabric",
            "module.security.module.security_group.aws_security_group.this"
          ]
        },
        {
          "index_key": 163,
          "schema_version": 2,
          "attributes": {
            "cidr_blocks": null,
            "description": "Traffic to ENT DB",
            "from_port": 14333,
            "id": "sgrule-1360470208",
            "ipv6_cidr_blocks": null,
            "prefix_list_ids": null,
            "protocol": "tcp",
            "security_group_id": "sg-08b9a430cb789f96c",
            "security_group_rule_id": "sgr-03633cf2e8247eaeb",
            "self": false,
            "source_security_group_id": "sg-50b79733dcf4240a1",
            "timeouts": null,
            "to_port": 14333,
            "type": "egress"
          },
          "sensitive_attributes": [],
          "private": "eyJlMmJmYjczMC1lY2FhLTExZTYtOGY4OC0zNDM2M2JjN2M0YzAiOnsiY3JlYXRlIjozMDAwMDAwMDAwMDB9LCJzY2hlbWFfdmVyc2lvbiI6IjIifQ==",
          "dependencies": [
            "data.terraform_remote_state.fabric",
            "module.security.module.security_group.aws_security_group.this"
          ]
        },
        {
          "index_key": 164,
          "schema_version": 2,
          "attributes": {
            "cidr_blocks": null,
            "description": "Traffic to ENT DB",
            "from_port": 14333,
            "id": "sgrule-1915801729",
            "ipv6_cidr_blocks": null,
            "prefix_list_ids": null,
            "protocol": "tcp",
            "security_group_id": "sg-703bf2694bdf82ed0",
            "security_group_rule_id": "sgr-0e502162ce18948de",
            "self": false,
            "source_security_group_id": "sg-50b79733dcf4240a1",
            "timeouts": null,
            "to_port": 14333,
            "type": "egress"
          },
          "sensitive_attributes": [],
          "private": "eyJlMmJmYjczMC1lY2FhLTExZTYtOGY4OC0zNDM2M2JjN2M0YzAiOnsiY3JlYXRlIjozMDAwMDAwMDAwMDB9LCJzY2hlbWFfdmVyc2lvbiI6IjIifQ==",
          "dependencies": [
            "data.terraform_remote_state.fabric",
            "module.security.module.security_group.aws_security_group.this"
          ]
        },
        {
          "index_key": 165,
          "schema_version": 2,
          "attributes": {
            "cidr_blocks": null,
            "description": "Traffic to ENT DB",
            "from_port": 14333,
            "id": "sgrule-1503608130",
            "ipv6_cidr_blocks": null,
            "prefix_list_ids": null,
            "protocol": "tcp",
            "security_group_id": "sg-4c9b120c417998692",
            "security_group_rule_id": "sgr-0d71b8fd636c98291",
            "self": false,
            "source_security_group_id": "sg-50b79733dcf4240a1",
            "timeouts": null,
            "to_port": 14333,
            "type": "egress"
          },
          "sensitive_attributes": [],
          "private": "eyJlMmJmYjczMC1lY2FhLTExZTYtOGY4OC0zNDM2M2JjN2M0YzAiOnsiY3JlYXRlIjozMDAwMDAwMDAwMDB9LCJzY2hlbWFfdmVyc2lvbiI6IjIifQ==",
          "dependencies": [
            "data.terraform_remote_state.fabric",
            "module.security.module.security_group.aws_security_group.this"
          ]
        },
        {
          "index_key": 166,
          "schema_version": 2,
          "attributes": {
            "cidr_blocks": null,
            "description": "Traffic to ENT DB",
            "from_port": 14333,
            "id": "sgrule-3665508514",
            "ipv6_cidr_blocks": null,
            "prefix_list_ids": null,
            "protocol": "tcp",
            "security_group_id": "sg-cb5968f5ba1ad50e8",
            "security_group_rule_id": "sgr-0548d46718432a33a",
            "self": false,
            "source_security_group_id": "sg-50b79733dcf4240a1",
            "timeouts": null,
            "to_port": 14333,
            "type": "egress"
          },
          "sensitive_attributes": [],
          "private": "eyJlMmJmYjczMC1lY2FhLTExZTYtOGY4OC0zNDM2M2JjN2M0YzAiOnsiY3JlYXRlIjozMDAwMDAwMDAwMDB9LCJzY2hlbWFfdmVyc2lvbiI6IjIifQ==",
          "dependencies": [
            "data.terraform_remote_state.fabric",
            "module.security.module.security_group.aws_security_group.this"
          ]
        },
        {
          "index_key": 167,
          "schema_version": 2,
          "attributes": {
            "cidr_blocks": null,
            "description": "Traffic from Map Server",
            "from_port": 2443,
            "id": "sgrule-2325374765",
            "ipv6_cidr_blocks": null,
            "prefix_list_ids": null,
            "protocol": "tcp",
            "security_group_id": "sg-7079bcbb558022f61",
            "security_group_rule_id": "sgr-0d298184e583ad028",
            "self": false,
            "source_security_group_id": "sg-f1e22e496da168c30",
            "timeouts": null,
            "to_port": 2443,
            "type": "ingress"
          },
          "sensitive_attributes": [],
          "private": "eyJlMmJmYjczMC1lY2FhLTExZTYtOGY4OC0zNDM2M2JjN2M0YzAiOnsiY3JlYXRlIjozMDAwMDAwMDAwMDB9LCJzY2hlbWFfdmVyc2lvbiI6IjIifQ==",
          "dependencies": [
            "data.terraform_remote_state.fabric",
            "module.security.module.security_group.aws_security_group.this"
          ]
        },
        {
          "index_key": 168,
          "schema_version": 2,
          "attributes": {
            "cidr_blocks": null,
            "description": "Traffic from Map Server",
            "from_port": 4369,
            "id": "sgrule-4143608050",
            "ipv6_cidr_blocks": null,
            "prefix_list_ids": null,
            "protocol": "tcp",
            "security_group_id": "sg-7079bcbb558022f61",
            "security_group_rule_id": "sgr-05e4693a1a8d051ac",
            "self": false,
            "source_security_group_id": "sg-f1e22e496da168c30",
            "timeouts": null,
            "to_port": 4369,
            "type": "ingress"
          },
          "sensitive_attributes": [],
          "private": "eyJlMmJmYjczMC1lY2FhLTExZTYtOGY4OC0zNDM2M2JjN2M0YzAiOnsiY3JlYXRlIjozMDAwMDAwMDAwMDB9LCJzY2hlbWFfdmVyc2lvbiI6IjIifQ==",
          "dependencies": [
            "data.terraform_remote_state.fabric",
            "module.security.module.security_group.aws_security_group.this"
          ]
        },
        {
          "index_key": 169,
          "schema_version": 2,
          "attributes": {
            "cidr_blocks": null,
            "description": "Traffic from Map Server",
            "from_port": 6443,
            "id": "sgrule-3278876224",
            "ipv6_cidr_blocks": null,
            "prefix_list_ids": null,
            "protocol": "tcp",
            "security_group_id": "sg-7079bcbb558022f61",
            "security_group_rule_id": "sgr-0f2be5401e89196db",
            "self": false,
            "source_security_group_id": "sg-f1e22e496da168c30",
            "timeouts": null,
            "to_port": 6443,
            "type": "ingress"
          },
          "sensitive_attributes": [],
          "private": "eyJlMmJmYjczMC1lY2FhLTExZTYtOGY4OC0zNDM2M2JjN2M0YzAiOnsiY3JlYXRlIjozMDAwMDAwMDAwMDB9LCJzY2hlbWFfdmVyc2lvbiI6IjIifQ==",
          "dependencies": [
            "data.terraform_remote_state.fabric",
            "module.security.module.security_group.aws_security_group.this"
          ]
        },
        {
          "index_key": 170,
          "schema_version": 2,
          "attributes": {
            "cidr_blocks": null,
            "description": "Traffic from Map Server",
            "from_port": 9876,
            "id": "sgrule-4221575287",
            "ipv6_cidr_blocks": null,
            "prefix_list_ids": null,
            "protocol": "tcp",
            "security_group_id": "sg-7079bcbb558022f61",
            "security_group_rule_id": "sgr-0a90dfbce8a86a358",
            "self": false,
            "source_security_group_id": "sg-f1e22e496da168c30",
            "timeouts": null,
            "to_port": 9876,
            "type": "ingress"
          },
          "sensitive_attributes": [],
          "private": "eyJlMmJmYjczMC1lY2FhLTExZTYtOGY4OC0zNDM2M2JjN2M0YzAiOnsiY3JlYXRlIjozMDAwMDAwMDAwMDB9LCJzY2hlbWFfdmVyc2lvbiI6IjIifQ==",
          "dependencies": [
            "data.terraform_remote_state.fabric",
            "module.security.module.security_group.aws_security_group.this"
          ]
        },
        {
          "index_key": 171,
          "schema_version": 2,
          "attributes": {
            "cidr_blocks": null,
            "description": "Traffic from Map Server",
            "from_port": 29079,
            "id": "sgrule-3983976696",
            "ipv6_cidr_blocks": null,
            "prefix_list_ids": null,
            "protocol": "tcp",
            "security_group_id": "sg-7079bcbb558022f61",
            "security_group_rule_id": "sgr-055911f7d10210750",
            "self": false,
            "source_security_group_id": "sg-f1e22e496da168c30",
            "timeouts": null,
            "to_port": 29081,
            "type": "ingress"
          },
          "sensitive_attributes": [],
          "private": "eyJlMmJmYjczMC1lY2FhLTExZTYtOGY4OC0zNDM2M2JjN2M0YzAiOnsiY3JlYXRlIjozMDAwMDAwMDAwMDB9LCJzY2hlbWFfdmVyc2lvbiI6IjIifQ==",
          "dependencies": [
            "data.terraform_remote_state.fabric",
            "module.security.module.security_group.aws_security_group.this"
          ]
        },
        {
          "index_key": 172,
          "schema_version": 2,
          "attributes": {
            "cidr_blocks": null,
            "description": "Traffic from Map Server",
            "from_port": 29085,
            "id": "sgrule-1126055173",
            "ipv6_cidr_blocks": null,
            "prefix_list_ids": null,
            "protocol": "tcp",
            "security_group_id": "sg-7079bcbb558022f61",
            "security_group_rule_id": "sgr-0e8ea0856e0349dd9",
            "self": false,
            "source_security_group_id": "sg-f1e22e496da168c30",
            "timeouts": null,
            "to_port": 29090,
            "type": "ingress"
          },
          "sensitive_attributes": [],
          "private": "eyJlMmJmYjczMC1lY2FhLTExZTYtOGY4OC0zNDM2M2JjN2M0YzAiOnsiY3JlYXRlIjozMDAwMDAwMDAwMDB9LCJzY2hlbWFfdmVyc2lvbiI6IjIifQ==",
          "dependencies": [
            "data.terraform_remote_state.fabric",
            "module.security.module.security_group.aws_security_group.this"
          ]
        },
        {
          "index_key": 173,
          "schema_version": 2,
          "attributes": {
            "cidr_blocks": null,
            "description": "Traffic from UN Server",
            "from_port": 2443,
            "id": "sgrule-4138240648",
            "ipv6_cidr_blocks": null,
            "prefix_list_ids": null,
            "protocol": "tcp",
            "security_group_id": "sg-7079bcbb558022f61",
            "security_group_rule_id": "sgr-07ab03391370c04bc",
            "self": false,
            "source_security_group_id": "sg-08b9a430cb789f96c",
            "timeouts": null,
            "to_port": 2443,
            "type": "ingress"
          },
          "sensitive_attributes": [],
          "private": "eyJlMmJmYjczMC1lY2FhLTExZTYtOGY4OC0zNDM2M2JjN2M0YzAiOnsiY3JlYXRlIjozMDAwMDAwMDAwMDB9LCJzY2hlbWFfdmVyc2lvbiI6IjIifQ==",
          "dependencies": [
            "data.terraform_remote_state.fabric",
            "module.security.module.security_group.aws_security_group.this"
          ]
        },
        {
          "index_key": 174,
          "schema_version": 2,
          "attributes": {
            "cidr_blocks": null,
            "description": "Traffic from UN Server",
            "from_port": 4369,
            "id": "sgrule-2328403287",
            "ipv6_cidr_blocks": null,
            "prefix_list_ids": null,
            "protocol": "tcp",
            "security_group_id": "sg-7079bcbb558022f61",
            "security_group_rule_id": "sgr-03cdcc4a58a6924a6",
            "self": false,
            "source_security_group_id": "sg-08b9a430cb789f96c",
            "timeouts": null,
            "to_port": 4369,
            "type": "ingress"
          },
          "sensitive_attributes": [],
          "private": "eyJlMmJmYjczMC1lY2FhLTExZTYtOGY4OC0zNDM2M2JjN2M0YzAiOnsiY3JlYXRlIjozMDAwMDAwMDAwMDB9LCJzY2hlbWFfdmVyc2lvbiI6IjIifQ==",
          "dependencies": [
            "data.terraform_remote_state.fabric",
            "module.security.module.security_group.aws_security_group.this"
          ]
        },
        {
          "index_key": 175,
          "schema_version": 2,
          "attributes": {
            "cidr_blocks": null,
            "description": "Traffic from UN Server",
            "from_port": 6443,
            "id": "sgrule-3210560485",
            "ipv6_cidr_blocks": null,
            "prefix_list_ids": null,
            "protocol": "tcp",
            "security_group_id": "sg-7079bcbb558022f61",
            "security_group_rule_id": "sgr-06ec14ea97fdc5e97",
            "self": false,
            "source_security_group_id": "sg-08b9a430cb789f96c",
            "timeouts": null,
            "to_port": 6443,
            "type": "ingress"
          },
          "sensitive_attributes": [],
          "private": "eyJlMmJmYjczMC1lY2FhLTExZTYtOGY4OC0zNDM2M2JjN2M0YzAiOnsiY3JlYXRlIjozMDAwMDAwMDAwMDB9LCJzY2hlbWFfdmVyc2lvbiI6IjIifQ==",
          "dependencies": [
            "data.terraform_remote_state.fabric",
            "module.security.module.security_group.aws_security_group.this"
          ]
        },
        {
          "index_key": 176,
          "schema_version": 2,
          "attributes": {
            "cidr_blocks": null,
            "description": "Traffic from UN Server",
            "from_port": 9876,
            "id": "sgrule-2274545106",
            "ipv6_cidr_blocks": null,
            "prefix_list_ids": null,
            "protocol": "tcp",
            "security_group_id": "sg-7079bcbb558022f61",
            "security_group_rule_id": "sgr-051a530298b0ce446",
            "self": false,
            "source_security_group_id": "sg-08b9a430cb789f96c",
            "timeouts": null,
            "to_port": 9876,
            "type": "ingress"
          },
          "sensitive_attributes": [],
          "private": "eyJlMmJmYjczMC1lY2FhLTExZTYtOGY4OC0zNDM2M2JjN2M0YzAiOnsiY3JlYXRlIjozMDAwMDAwMDAwMDB9LCJzY2hlbWFfdmVyc2lvbiI6IjIifQ==",
          "dependencies": [
            "data.terraform_remote_state.fabric",
            "module.security.module.security_group.aws_security_group.this"
          ]
        },
        {
          "index_key": 177,
          "schema_version": 2,
          "attributes": {
            "cidr_blocks": null,
            "description": "Traffic from UN Server",
            "from_port": 29079,
            "id": "sgrule-2437170525",
            "ipv6_cidr_blocks": null,
            "prefix_list_ids": null,
            "protocol": "tcp",
            "security_group_id": "sg-7079bcbb558022f61",
            "security_group_rule_id": "sgr-08a8f2cd398d7e170",
            "self": false,
            "source_security_group_id": "sg-08b9a430cb789f96c",
            "timeouts": null,
            "to_port": 29081,
            "type": "ingress"
          },
          "sensitive_attributes": [],
          "private": "eyJlMmJmYjczMC1lY2FhLTExZTYtOGY4OC0zNDM2M2JjN2M0YzAiOnsiY3JlYXRlIjozMDAwMDAwMDAwMDB9LCJzY2hlbWFfdmVyc2lvbiI6IjIifQ==",
          "dependencies": [
            "data.terraform_remote_state.fabric",
            "module.security.module.security_group.aws_security_group.this"
          ]
        },
        {
          "index_key": 178,
          "schema_version": 2,
          "attributes": {
            "cidr_blocks": null,
            "description": "Traffic from UN Server",
            "from_port": 29085,
            "id": "sgrule-1059901600",
            "ipv6_cidr_blocks": null,
            "prefix_list_ids": null,
            "protocol": "tcp",
            "security_group_id": "sg-7079bcbb558022f61",
            "security_group_rule_id": "sgr-0bae0a241fa43d460",
            "self": false,
            "source_security_group_id": "sg-08b9a430cb789f96c",
            "timeouts": null,
            "to_port": 29090,
            "type": "ingress"
          },
          "sensitive_attributes": [],
          "private": "eyJlMmJmYjczMC1lY2FhLTExZTYtOGY4OC0zNDM2M2JjN2M0YzAiOnsiY3JlYXRlIjozMDAwMDAwMDAwMDB9LCJzY2hlbWFfdmVyc2lvbiI6IjIifQ==",
          "dependencies": [
            "data.terraform_remote_state.fabric",
            "module.security.module.security_group.aws_security_group.this"
          ]
        },
        {
          "index_key": 179,
          "schema_version": 2,
          "attributes": {
            "cidr_blocks": null,
            "description": "Traffic from GP Server",
            "from_port": 2443,
            "id": "sgrule-3202923095",
            "ipv6_cidr_blocks": null,
            "prefix_list_ids": null,
            "protocol": "tcp",
            "security_group_id": "sg-7079bcbb558022f61",
            "security_group_rule_id": "sgr-08283d8878d13b5e9",
            "self": false,
            "source_security_group_id": "sg-703bf2694bdf82ed0",
            "timeouts": null,
            "to_port": 2443,
            "type": "ingress"
          },
          "sensitive_attributes": [],
          "private": "eyJlMmJmYjczMC1lY2FhLTExZTYtOGY4OC0zNDM2M2JjN2M0YzAiOnsiY3JlYXRlIjozMDAwMDAwMDAwMDB9LCJzY2hlbWFfdmVyc2lvbiI6IjIifQ==",
          "dependencies": [
            "data.terraform_remote_state.fabric",
            "module.security.module.security_group.aws_security_group.this"
          ]
        },
        {
          "index_key": 180,
          "schema_version": 2,
          "attributes": {
            "cidr_blocks": null,
            "description": "Traffic from GP Server",
            "from_port": 4369,
            "id": "sgrule-3263737224",
            "ipv6_cidr_blocks": null,
            "prefix_list_ids": null,
            "protocol": "tcp",
            "security_group_id": "sg-7079bcbb558022f61",
            "security_group_rule_id": "sgr-0fc0bc0ef94d21db9",
            "self": false,
            "source_security_group_id": "sg-703bf2694bdf82ed0",
            "timeouts": null,
            "to_port": 4369,
            "type": "ingress"
          },
          "sensitive_attributes": [],
          "private": "eyJlMmJmYjczMC1lY2FhLTExZTYtOGY4OC0zNDM2M2JjN2M0YzAiOnsiY3JlYXRlIjozMDAwMDAwMDAwMDB9LCJzY2hlbWFfdmVyc2lvbiI6IjIifQ==",
          "dependencies": [
            "data.terraform_remote_state.fabric",
            "module.security.module.security_group.aws_security_group.this"
          ]
        },
        {
          "index_key": 181,
          "schema_version": 2,
          "attributes": {
            "cidr_blocks": null,
            "description": "Traffic from GP Server",
            "from_port": 6443,
            "id": "sgrule-4145902394",
            "ipv6_cidr_blocks": null,
            "prefix_list_ids": null,
            "protocol": "tcp",
            "security_group_id": "sg-7079bcbb558022f61",
            "security_group_rule_id": "sgr-0776d16e8e9537463",
            "self": false,
            "source_security_group_id": "sg-703bf2694bdf82ed0",
            "timeouts": null,
            "to_port": 6443,
            "type": "ingress"
          },
          "sensitive_attributes": [],
          "private": "eyJlMmJmYjczMC1lY2FhLTExZTYtOGY4OC0zNDM2M2JjN2M0YzAiOnsiY3JlYXRlIjozMDAwMDAwMDAwMDB9LCJzY2hlbWFfdmVyc2lvbiI6IjIifQ==",
          "dependencies": [
            "data.terraform_remote_state.fabric",
            "module.security.module.security_group.aws_security_group.this"
          ]
        },
        {
          "index_key": 182,
          "schema_version": 2,
          "attributes": {
            "cidr_blocks": null,
            "description": "Traffic from GP Server",
            "from_port": 9876,
            "id": "sgrule-3486711053",
            "ipv6_cidr_blocks": null,
            "prefix_list_ids": null,
            "protocol": "tcp",
            "security_group_id": "sg-7079bcbb558022f61",
            "security_group_rule_id": "sgr-0a7735864d47d1298",
            "self": false,
            "source_security_group_id": "sg-703bf2694bdf82ed0",
            "timeouts": null,
            "to_port": 9876,
            "type": "ingress"
          },
          "sensitive_attributes": [],
          "private": "eyJlMmJmYjczMC1lY2FhLTExZTYtOGY4OC0zNDM2M2JjN2M0YzAiOnsiY3JlYXRlIjozMDAwMDAwMDAwMDB9LCJzY2hlbWFfdmVyc2lvbiI6IjIifQ==",
          "dependencies": [
            "data.terraform_remote_state.fabric",
            "module.security.module.security_group.aws_security_group.this"
          ]
        },
        {
          "index_key": 183,
          "schema_version": 2,
          "attributes": {
            "cidr_blocks": null,
            "description": "Traffic from GP Server",
            "from_port": 29079,
            "id": "sgrule-3640948098",
            "ipv6_cidr_blocks": null,
            "prefix_list_ids": null,
            "protocol": "tcp",
            "security_group_id": "sg-7079bcbb558022f61",
            "security_group_rule_id": "sgr-0524298547cac604a",
            "self": false,
            "source_security_group_id": "sg-703bf2694bdf82ed0",
            "timeouts": null,
            "to_port": 29081,
            "type": "ingress"
          },
          "sensitive_attributes": [],
          "private": "eyJlMmJmYjczMC1lY2FhLTExZTYtOGY4OC0zNDM2M2JjN2M0YzAiOnsiY3JlYXRlIjozMDAwMDAwMDAwMDB9LCJzY2hlbWFfdmVyc2lvbiI6IjIifQ==",
          "dependencies": [
            "data.terraform_remote_state.fabric",
            "module.security.module.security_group.aws_security_group.this"
          ]
        },
        {
          "index_key": 184,
          "schema_version": 2,
          "attributes": {
            "cidr_blocks": null,
            "description": "Traffic from GP Server",
            "from_port": 29085,
            "id": "sgrule-2003624063",
            "ipv6_cidr_blocks": null,
            "prefix_list_ids": null,
            "protocol": "tcp",
            "security_group_id": "sg-7079bcbb558022f61",
            "security_group_rule_id": "sgr-07413bede3ef29d92",
            "self": false,
            "source_security_group_id": "sg-703bf2694bdf82ed0",
            "timeouts": null,
            "to_port": 29090,
            "type": "ingress"
          },
          "sensitive_attributes": [],
          "private": "eyJlMmJmYjczMC1lY2FhLTExZTYtOGY4OC0zNDM2M2JjN2M0YzAiOnsiY3JlYXRlIjozMDAwMDAwMDAwMDB9LCJzY2hlbWFfdmVyc2lvbiI6IjIifQ==",
          "dependencies": [
            "data.terraform_remote_state.fabric",
            "module.security.module.security_group.aws_security_group.this"
          ]
        },
        {
          "index_key": 185,
          "schema_version": 2,
          "attributes": {
            "cidr_blocks": null,
            "description": "Traffic from Portal Server",
            "from_port": 2443,
            "id": "sgrule-2450122546",
            "ipv6_cidr_blocks": null,
            "prefix_list_ids": null,
            "protocol": "tcp",
            "security_group_id": "sg-7079bcbb558022f61",
            "security_group_rule_id": "sgr-0ec49faa55c786eee",
            "self": false,
            "source_security_group_id": "sg-4c9b120c417998692",
            "timeouts": null,
            "to_port": 2443,
            "type": "ingress"
          },
          "sensitive_attributes": [],
          "private": "eyJlMmJmYjczMC1lY2FhLTExZTYtOGY4OC0zNDM2M2JjN2M0YzAiOnsiY3JlYXRlIjozMDAwMDAwMDAwMDB9LCJzY2hlbWFfdmVyc2lvbiI6IjIifQ==",
          "dependencies": [
            "data.terraform_remote_state.fabric",
            "module.security.module.security_group.aws_security_group.this"
          ]
        },
        {
          "index_key": 186,
          "schema_version": 2,
          "attributes": {
            "cidr_blocks": null,
            "description": "Traffic from Portal Server",
            "from_port": 4369,
            "id": "sgrule-3999920365",
            "ipv6_cidr_blocks": null,
            "prefix_list_ids": null,
            "protocol": "tcp",
            "security_group_id": "sg-7079bcbb558022f61",
            "security_group_rule_id": "sgr-04d3c4decf60a7f9f",
            "self": false,
            "source_security_group_id": "sg-4c9b120c417998692",
            "timeouts": null,
            "to_port": 4369,
            "type": "ingress"
          },
          "sensitive_attributes": [],
          "private": "eyJlMmJmYjczMC1lY2FhLTExZTYtOGY4OC0zNDM2M2JjN2M0YzAiOnsiY3JlYXRlIjozMDAwMDAwMDAwMDB9LCJzY2hlbWFfdmVyc2lvbiI6IjIifQ==",
          "dependencies": [
            "data.terraform_remote_state.fabric",
            "module.security.module.security_group.aws_security_group.this"
          ]
        },
        {
          "index_key": 187,
          "schema_version": 2,
          "attributes": {
            "cidr_blocks": null,
            "description": "Traffic from Portal Server",
            "from_port": 6443,
            "id": "sgrule-3690737247",
            "ipv6_cidr_blocks": null,
            "prefix_list_ids": null,
            "protocol": "tcp",
            "security_group_id": "sg-7079bcbb558022f61",
            "security_group_rule_id": "sgr-0e39908e672d4e6a4",
            "self": false,
            "source_security_group_id": "sg-4c9b120c417998692",
            "timeouts": null,
            "to_port": 6443,
            "type": "ingress"
          },
          "sensitive_attributes": [],
          "private": "eyJlMmJmYjczMC1lY2FhLTExZTYtOGY4OC0zNDM2M2JjN2M0YzAiOnsiY3JlYXRlIjozMDAwMDAwMDAwMDB9LCJzY2hlbWFfdmVyc2lvbiI6IjIifQ==",
          "dependencies": [
            "data.terraform_remote_state.fabric",
            "module.security.module.security_group.aws_security_group.this"
          ]
        },
        {
          "index_key": 188,
          "schema_version": 2,
          "attributes": {
            "cidr_blocks": null,
            "description": "Traffic from Portal Server",
            "from_port": 9876,
            "id": "sgrule-3811811432",
            "ipv6_cidr_blocks": null,
            "prefix_list_ids": null,
            "protocol": "tcp",
            "security_group_id": "sg-7079bcbb558022f61",
            "security_group_rule_id": "sgr-07573de4eb8e55cf2",
            "self": false,
            "source_security_group_id": "sg-4c9b120c417998692",
            "timeouts": null,
            "to_port": 9876,
            "type": "ingress"
          },
          "sensitive_attributes": [],
          "private": "eyJlMmJmYjczMC1lY2FhLTExZTYtOGY4OC0zNDM2M2JjN2M0YzAiOnsiY3JlYXRlIjozMDAwMDAwMDAwMDB9LCJzY2hlbWFfdmVyc2lvbiI6IjIifQ==",
          "dependencies": [
            "data.terraform_remote_state.fabric",
            "module.security.module.security_group.aws_security_group.this"
          ]
        },
        {
          "index_key": 189,
          "schema_version": 2,
          "attributes": {
            "cidr_blocks": null,
            "description": "Traffic from Portal Server",
            "from_port": 29079,
            "id": "sgrule-4125436135",
            "ipv6_cidr_blocks": null,
            "prefix_list_ids": null,
            "protocol": "tcp",
            "security_group_id": "sg-7079bcbb558022f61",
            "security_group_rule_id": "sgr-03f4e4eab9fed6fca",
            "self": false,
            "source_security_group_id": "sg-4c9b120c417998692",
            "timeouts": null,
            "to_port": 29081,
            "type": "ingress"
          },
          "sensitive_attributes": [],
          "private": "eyJlMmJmYjczMC1lY2FhLTExZTYtOGY4OC0zNDM2M2JjN2M0YzAiOnsiY3JlYXRlIjozMDAwMDAwMDAwMDB9LCJzY2hlbWFfdmVyc2lvbiI6IjIifQ==",
          "dependencies": [
            "data.terraform_remote_state.fabric",
            "module.security.module.security_group.aws_security_group.this"
          ]
        },
        {
          "index_key": 190,
          "schema_version": 2,
          "attributes": {
            "cidr_blocks": null,
            "description": "Traffic from Portal Server",
            "from_port": 29085,
            "id": "sgrule-1536015642",
            "ipv6_cidr_blocks": null,
            "prefix_list_ids": null,
            "protocol": "tcp",
            "security_group_id": "sg-7079bcbb558022f61",
            "security_group_rule_id": "sgr-088a9c9b6726b25f5",
            "self": false,
            "source_security_group_id": "sg-4c9b120c417998692",
            "timeouts": null,
            "to_port": 29090,
            "type": "ingress"
          },
          "sensitive_attributes": [],
          "private": "eyJlMmJmYjczMC1lY2FhLTExZTYtOGY4OC0zNDM2M2JjN2M0YzAiOnsiY3JlYXRlIjozMDAwMDAwMDAwMDB9LCJzY2hlbWFfdmVyc2lvbiI6IjIifQ==",
          "dependencies": [
            "data.terraform_remote_state.fabric",
            "module.security.module.security_group.aws_security_group.this"
          ]
        },
        {
          "index_key": 191,
          "schema_version": 2,
          "attributes": {
            "cidr_blocks": null,
            "description": "Traffic from Web Server",
            "from_port": 10001,
            "id": "sgrule-612829961",
            "ipv6_cidr_blocks": null,
            "prefix_list_ids": null,
            "protocol": "tcp",
            "security_group_id": "sg-4c9b120c417998692",
            "security_group_rule_id": "sgr-0fe8f58bddfb93455",
            "self": false,
            "source_security_group_id": "sg-a14e1807ea7d32a83",
            "timeouts": null,
            "to_port": 10020,
            "type": "ingress"
          },
          "sensitive_attributes": [],
          "private": "eyJlMmJmYjczMC1lY2FhLTExZTYtOGY4OC0zNDM2M2JjN2M0YzAiOnsiY3JlYXRlIjozMDAwMDAwMDAwMDB9LCJzY2hlbWFfdmVyc2lvbiI6IjIifQ==",
          "dependencies": [
            "data.terraform_remote_state.fabric",
            "module.security.module.security_group.aws_security_group.this"
          ]
        },
        {
          "index_key": 192,
          "schema_version": 2,
          "attributes": {
            "cidr_blocks": null,
            "description": "Traffic to Portal Server",
            "from_port": 10001,
            "id": "sgrule-2630733385",
            "ipv6_cidr_blocks": null,
            "prefix_list_ids": null,
            "protocol": "tcp",
            "security_group_id": "sg-a14e1807ea7d32a83",
            "security_group_rule_id": "sgr-0bcaed2dd961a7819",
            "self": false,
            "source_security_group_id": "sg-4c9b120c417998692",
            "timeouts": null,
            "to_port": 10020,
            "type": "egress"
          },
          "sensitive_attributes": [],
          "private": "eyJlMmJmYjczMC1lY2FhLTExZTYtOGY4OC0zNDM2M2JjN2M0YzAiOnsiY3JlYXRlIjozMDAwMDAwMDAwMDB9LCJzY2hlbWFfdmVyc2lvbiI6IjIifQ==",
          "dependencies": [
            "data.terraform_remote_state.fabric",
            "module.security.module.security_group.aws_security_group.this"
          ]
        },
        {
          "index_key": 193,
          "schema_version": 2,
          "attributes": {
            "cidr_blocks": null,
            "description": "Allow map server to access UAT Internal License Manager (for testing purposes)",
            "from_port": 27000,
            "id": "sgrule-1721631548",
            "ipv6_cidr_blocks": null,
            "prefix_list_ids": null,
            "protocol": "tcp",
            "security_group_id": "sg-cb5968f5ba1ad50e8",
            "security_group_rule_id": "sgr-08fec1c1abcfd5165",
            "self": false,
            "source_security_group_id": "sg-f1e22e496da168c30",
            "timeouts": null,
            "to_port": 27001,
            "type": "ingress"
          },
          "sensitive_attributes": [],
          "private": "eyJlMmJmYjczMC1lY2FhLTExZTYtOGY4OC0zNDM2M2JjN2M0YzAiOnsiY3JlYXRlIjozMDAwMDAwMDAwMDB9LCJzY2hlbWFfdmVyc2lvbiI6IjIifQ==",
          "dependencies": [
            "data.terraform_remote_state.fabric",
            "module.security.module.security_group.aws_security_group.this"
          ]
        },
        {
          "index_key": 194,
          "schema_version": 2,
          "attributes": {
            "cidr_blocks": null,
            "description": "Allow un server to access UAT Internal License Manager (for testing purposes)",
            "from_port": 27000,
            "id": "sgrule-447540889",
            "ipv6_cidr_blocks": null,
            "prefix_list_ids": null,
            "protocol": "tcp",
            "security_group_id": "sg-cb5968f5ba1ad50e8",
            "security_group_rule_id": "sgr-089b130d83434dcb7",
            "self": false,
            "source_security_group_id": "sg-08b9a430cb789f96c",
            "timeouts": null,
            "to_port": 27001,
            "type": "ingress"
          },
          "sensitive_attributes": [],
          "private": "eyJlMmJmYjczMC1lY2FhLTExZTYtOGY4OC0zNDM2M2JjN2M0YzAiOnsiY3JlYXRlIjozMDAwMDAwMDAwMDB9LCJzY2hlbWFfdmVyc2lvbiI6IjIifQ==",
          "dependencies": [
            "data.terraform_remote_state.fabric",
            "module.security.module.security_group.aws_security_group.this"
          ]
        },
        {
          "index_key": 195,
          "schema_version": 2,
          "attributes": {
            "cidr_blocks": null,
            "description": "Allow gp server to access UAT Internal License Manager (for testing purposes)",
            "from_port": 27000,
            "id": "sgrule-1391255110",
            "ipv6_cidr_blocks": null,
            "prefix_list_ids": null,
            "protocol": "tcp",
            "security_group_id": "sg-cb5968f5ba1ad50e8",
            "security_group_rule_id": "sgr-0b2d24abcc0f99712",
            "self": false,
            "source_security_group_id": "sg-703bf2694bdf82ed0",
            "timeouts": null,
            "to_port": 27001,
            "type": "ingress"
          },
          "sensitive_attributes": [],
          "private": "eyJlMmJmYjczMC1lY2FhLTExZTYtOGY4OC0zNDM2M2JjN2M0YzAiOnsiY3JlYXRlIjozMDAwMDAwMDAwMDB9LCJzY2hlbWFfdmVyc2lvbiI6IjIifQ==",
          "dependencies": [
            "data.terraform_remote_state.fabric",
            "module.security.module.security_group.aws_security_group.this"
          ]
        },
        {
          "index_key": 196,
          "schema_version": 2,
          "attributes": {
            "cidr_blocks": null,
            "description": "Allow portal server to access UAT Internal License Manager (for testing purposes)",
            "from_port": 27000,
            "id": "sgrule-2114814755",
            "ipv6_cidr_blocks": null,
            "prefix_list_ids": null,
            "protocol": "tcp",
            "security_group_id": "sg-cb5968f5ba1ad50e8",
            "security_group_rule_id": "sgr-0a0b50c9a40f4c2e4",
            "self": false,
            "source_security_group_id": "sg-4c9b120c417998692",
            "timeouts": null,
            "to_port": 27001,
            "type": "ingress"
          },
          "sensitive_attributes": [],
          "private": "eyJlMmJmYjczMC1lY2FhLTExZTYtOGY4OC0zNDM2M2JjN2M0YzAiOnsiY3JlYXRlIjozMDAwMDAwMDAwMDB9LCJzY2hlbWFfdmVyc2lvbiI6IjIifQ==",
          "dependencies": [
            "data.terraform_remote_state.fabric",
            "module.security.module.security_group.aws_security_group.this"
          ]
        },
        {
          "index_key": 197,
          "schema_version": 2,
          "attributes": {
            "cidr_blocks": null,
            "description": "Allow map servers to access the main FQDN of the services",
            "from_port": 13443,
            "id": "sgrule-1340728363",
            "ipv6_cidr_blocks": null,
            "prefix_list_ids": null,
            "protocol": "tcp",
            "security_group_id": "sg-f92fbfe42f69e5786",
            "security_group_rule_id": "sgr-053c71a014f9de725",
            "self": false,
            "source_security_group_id": "sg-f1e22e496da168c30",
            "timeouts": null,
            "to_port": 13443,
            "type": "ingress"
          },
          "sensitive_attributes": [],
          "private": "eyJlMmJmYjczMC1lY2FhLTExZTYtOGY4OC0zNDM2M2JjN2M0YzAiOnsiY3JlYXRlIjozMDAwMDAwMDAwMDB9LCJzY2hlbWFfdmVyc2lvbiI6IjIifQ==",
          "dependencies": [
            "data.terraform_remote_state.fabric",
            "module.security.module.security_group.aws_security_group.this"
          ]
        },
        {
          "index_key": 198,
          "schema_version": 2,
          "attributes": {
            "cidr_blocks": null,
            "description": "Allow un servers to access the main FQDN of the services",
            "from_port": 13443,
            "id": "sgrule-869992846",
            "ipv6_cidr_blocks": null,
            "prefix_list_ids": null,
            "protocol": "tcp",
            "security_group_id": "sg-f92fbfe42f69e5786",
            "security_group_rule_id": "sgr-0998cfdf7db57e7c8",
            "self": false,
            "source_security_group_id": "sg-08b9a430cb789f96c",
            "timeouts": null,
            "to_port": 13443,
            "type": "ingress"
          },
          "sensitive_attributes": [],
          "private": "eyJlMmJmYjczMC1lY2FhLTExZTYtOGY4OC0zNDM2M2JjN2M0YzAiOnsiY3JlYXRlIjozMDAwMDAwMDAwMDB9LCJzY2hlbWFfdmVyc2lvbiI6IjIifQ==",
          "dependencies": [
            "data.terraform_remote_state.fabric",
            "module.security.module.security_group.aws_security_group.this"
          ]
        },
        {
          "index_key": 199,
          "schema_version": 2,
          "attributes": {
            "cidr_blocks": null,
            "description": "Allow gp servers to access the main FQDN of the services",
            "from_port": 13443,
            "id": "sgrule-2073770321",
            "ipv6_cidr_blocks": null,
            "prefix_list_ids": null,
            "protocol": "tcp",
            "security_group_id": "sg-f92fbfe42f69e5786",
            "security_group_rule_id": "sgr-08a5743027eac51f6",
            "self": false,
            "source_security_group_id": "sg-703bf2694bdf82ed0",
            "timeouts": null,
            "to_port": 13443,
            "type": "ingress"
          },
          "sensitive_attributes": [],
          "private": "eyJlMmJmYjczMC1lY2FhLTExZTYtOGY4OC0zNDM2M2JjN2M0YzAiOnsiY3JlYXRlIjozMDAwMDAwMDAwMDB9LCJzY2hlbWFfdmVyc2lvbiI6IjIifQ==",
          "dependencies": [
            "data.terraform_remote_state.fabric",
            "module.security.module.security_group.aws_security_group.this"
          ]
        },
        {
          "index_key": 200,
          "schema_version": 2,
          "attributes": {
            "cidr_blocks": null,
            "description": "Allow portal servers to access the main FQDN of the services",
            "from_port": 13443,
            "id": "sgrule-1467638836",
            "ipv6_cidr_blocks": null,
            "prefix_list_ids": null,
            "protocol": "tcp",
            "security_group_id": "sg-f92fbfe42f69e5786",
            "security_group_rule_id": "sgr-0bec256d990d0bae5",
            "self": false,
            "source_security_group_id": "sg-4c9b120c417998692",
            "timeouts": null,
            "to_port": 13443,
            "type": "ingress"
          },
          "sensitive_attributes": [],
          "private": "eyJlMmJmYjczMC1lY2FhLTExZTYtOGY4OC0zNDM2M2JjN2M0YzAiOnsiY3JlYXRlIjozMDAwMDAwMDAwMDB9LCJzY2hlbWFfdmVyc2lvbiI6IjIifQ==",
          "dependencies": [
            "data.terraform_remote_state.fabric",
            "module.security.module.security_group.aws_security_group.this"
          ]
        },
        {
          "index_key": 201,
          "schema_version": 2,
          "attributes": {
            "cidr_blocks": null,
            "description": "Allow map servers to access the main FQDN of the services",
            "from_port": 6443,
            "id": "sgrule-3033562117",
            "ipv6_cidr_blocks": null,
            "prefix_list_ids": null,
            "protocol": "tcp",
            "security_group_id": "sg-f92fbfe42f69e5786",
            "security_group_rule_id": "sgr-0f417f219b2576d67",
            "self": false,
            "source_security_group_id": "sg-f1e22e496da168c30",
            "timeouts": null,
            "to_port": 6443,
            "type": "ingress"
          },
          "sensitive_attributes": [],
          "private": "eyJlMmJmYjczMC1lY2FhLTExZTYtOGY4OC0zNDM2M2JjN2M0YzAiOnsiY3JlYXRlIjozMDAwMDAwMDAwMDB9LCJzY2hlbWFfdmVyc2lvbiI6IjIifQ==",
          "dependencies": [
            "data.terraform_remote_state.fabric",
            "module.security.module.security_group.aws_security_group.this"
          ]
        },
        {
          "index_key": 202,
          "schema_version": 2,
          "attributes": {
            "cidr_blocks": null,
            "description": "Allow un servers to access the main FQDN of the services",
            "from_port": 6443,
            "id": "sgrule-3370291616",
            "ipv6_cidr_blocks": null,
            "prefix_list_ids": null,
            "protocol": "tcp",
            "security_group_id": "sg-f92fbfe42f69e5786",
            "security_group_rule_id": "sgr-053a7ab343b61c57b",
            "self": false,
            "source_security_group_id": "sg-08b9a430cb789f96c",
            "timeouts": null,
            "to_port": 6443,
            "type": "ingress"
          },
          "sensitive_attributes": [],
          "private": "eyJlMmJmYjczMC1lY2FhLTExZTYtOGY4OC0zNDM2M2JjN2M0YzAiOnsiY3JlYXRlIjozMDAwMDAwMDAwMDB9LCJzY2hlbWFfdmVyc2lvbiI6IjIifQ==",
          "dependencies": [
            "data.terraform_remote_state.fabric",
            "module.security.module.security_group.aws_security_group.this"
          ]
        },
        {
          "index_key": 203,
          "schema_version": 2,
          "attributes": {
            "cidr_blocks": null,
            "description": "Allow gp servers to access the main FQDN of the services",
            "from_port": 6443,
            "id": "sgrule-2158141823",
            "ipv6_cidr_blocks": null,
            "prefix_list_ids": null,
            "protocol": "tcp",
            "security_group_id": "sg-f92fbfe42f69e5786",
            "security_group_rule_id": "sgr-0efb11272d09c112a",
            "self": false,
            "source_security_group_id": "sg-703bf2694bdf82ed0",
            "timeouts": null,
            "to_port": 6443,
            "type": "ingress"
          },
          "sensitive_attributes": [],
          "private": "eyJlMmJmYjczMC1lY2FhLTExZTYtOGY4OC0zNDM2M2JjN2M0YzAiOnsiY3JlYXRlIjozMDAwMDAwMDAwMDB9LCJzY2hlbWFfdmVyc2lvbiI6IjIifQ==",
          "dependencies": [
            "data.terraform_remote_state.fabric",
            "module.security.module.security_group.aws_security_group.this"
          ]
        },
        {
          "index_key": 204,
          "schema_version": 2,
          "attributes": {
            "cidr_blocks": null,
            "description": "Allow portal servers to access the main FQDN of the services",
            "from_port": 6443,
            "id": "sgrule-2890136602",
            "ipv6_cidr_blocks": null,
            "prefix_list_ids": null,
            "protocol": "tcp",
            "security_group_id": "sg-f92fbfe42f69e5786",
            "security_group_rule_id": "sgr-0ebd6e9e8b6286561",
            "self": false,
            "source_security_group_id": "sg-4c9b120c417998692",
            "timeouts": null,
            "to_port": 6443,
            "type": "ingress"
          },
          "sensitive_attributes": [],
          "private": "eyJlMmJmYjczMC1lY2FhLTExZTYtOGY4OC0zNDM2M2JjN2M0YzAiOnsiY3JlYXRlIjozMDAwMDAwMDAwMDB9LCJzY2hlbWFfdmVyc2lvbiI6IjIifQ==",
          "dependencies": [
            "data.terraform_remote_state.fabric",
            "module.security.module.security_group.aws_security_group.this"
          ]
        },
        {
          "index_key": 205,
          "schema_version": 2,
          "attributes": {
            "cidr_blocks": null,
            "description": "Allow map servers to access the main FQDN of the services",
            "from_port": 7443,
            "id": "sgrule-3497086926",
            "ipv6_cidr_blocks": null,
            "prefix_list_ids": null,
            "protocol": "tcp",
            "security_group_id": "sg-f92fbfe42f69e5786",
            "security_group_rule_id": "sgr-0ceccb22ac237691d",
            "self": false,
            "source_security_group_id": "sg-f1e22e496da168c30",
            "timeouts": null,
            "to_port": 7443,
            "type": "ingress"
          },
          "sensitive_attributes": [],
          "private": "eyJlMmJmYjczMC1lY2FhLTExZTYtOGY4OC0zNDM2M2JjN2M0YzAiOnsiY3JlYXRlIjozMDAwMDAwMDAwMDB9LCJzY2hlbWFfdmVyc2lvbiI6IjIifQ==",
          "dependencies": [
            "data.terraform_remote_state.fabric",
            "module.security.module.security_group.aws_security_group.this"
          ]
        },
        {
          "index_key": 206,
          "schema_version": 2,
          "attributes": {
            "cidr_blocks": null,
            "description": "Allow un servers to access the main FQDN of the services",
            "from_port": 7443,
            "id": "sgrule-2890113643",
            "ipv6_cidr_blocks": null,
            "prefix_list_ids": null,
            "protocol": "tcp",
            "security_group_id": "sg-f92fbfe42f69e5786",
            "security_group_rule_id": "sgr-0f5a4dad73dc063b3",
            "self": false,
            "source_security_group_id": "sg-08b9a430cb789f96c",
            "timeouts": null,
            "to_port": 7443,
            "type": "ingress"
          },
          "sensitive_attributes": [],
          "private": "eyJlMmJmYjczMC1lY2FhLTExZTYtOGY4OC0zNDM2M2JjN2M0YzAiOnsiY3JlYXRlIjozMDAwMDAwMDAwMDB9LCJzY2hlbWFfdmVyc2lvbiI6IjIifQ==",
          "dependencies": [
            "data.terraform_remote_state.fabric",
            "module.security.module.security_group.aws_security_group.this"
          ]
        },
        {
          "index_key": 207,
          "schema_version": 2,
          "attributes": {
            "cidr_blocks": null,
            "description": "Allow gp servers to access the main FQDN of the services",
            "from_port": 7443,
            "id": "sgrule-3825439412",
            "ipv6_cidr_blocks": null,
            "prefix_list_ids": null,
            "protocol": "tcp",
            "security_group_id": "sg-f92fbfe42f69e5786",
            "security_group_rule_id": "sgr-01edc42be71fb1f1f",
            "self": false,
            "source_security_group_id": "sg-703bf2694bdf82ed0",
            "timeouts": null,
            "to_port": 7443,
            "type": "ingress"
          },
          "sensitive_attributes": [],
          "private": "eyJlMmJmYjczMC1lY2FhLTExZTYtOGY4OC0zNDM2M2JjN2M0YzAiOnsiY3JlYXRlIjozMDAwMDAwMDAwMDB9LCJzY2hlbWFfdmVyc2lvbiI6IjIifQ==",
          "dependencies": [
            "data.terraform_remote_state.fabric",
            "module.security.module.security_group.aws_security_group.this"
          ]
        },
        {
          "index_key": 208,
          "schema_version": 2,
          "attributes": {
            "cidr_blocks": null,
            "description": "Allow portal servers to access the main FQDN of the services",
            "from_port": 7443,
            "id": "sgrule-3370307537",
            "ipv6_cidr_blocks": null,
            "prefix_list_ids": null,
            "protocol": "tcp",
            "security_group_id": "sg-f92fbfe42f69e5786",
            "security_group_rule_id": "sgr-0f90ca10b9a913f4b",
            "self": false,
            "source_security_group_id": "sg-4c9b120c417998692",
            "timeouts": null,
            "to_port": 7443,
            "type": "ingress"
          },
          "sensitive_attributes": [],
          "private": "eyJlMmJmYjczMC1lY2FhLTExZTYtOGY4OC0zNDM2M2JjN2M0YzAiOnsiY3JlYXRlIjozMDAwMDAwMDAwMDB9LCJzY2hlbWFfdmVyc2lvbiI6IjIifQ==",
          "dependencies": [
            "data.terraform_remote_state.fabric",
            "module.security.module.security_group.aws_security_group.this"
          ]
        },
        {
          "index_key": 209,
          "schema_version": 2,
          "attributes": {
            "cidr_blocks": null,
            "description": "Allow rds db to access access the main FQDN of the services",
            "from_port": 6443,
            "id": "sgrule-3847518722",
            "ipv6_cidr_blocks": null,
            "prefix_list_ids": null,
            "protocol": "tcp",
            "security_group_id": "sg-f92fbfe42f69e5786",
            "security_group_rule_id": "sgr-0dd9114d6f7a0f20b",
            "self": false,
            "source_security_group_id": "sg-7079bcbb558022f61",
            "timeouts": null,
            "to_port": 6443,
            "type": "ingress"
          },
          "sensitive_attributes": [],
          "private": "eyJlMmJmYjczMC1lY2FhLTExZTYtOGY4OC0zNDM2M2JjN2M0YzAiOnsiY3JlYXRlIjozMDAwMDAwMDAwMDB9LCJzY2hlbWFfdmVyc2lvbiI6IjIifQ==",
          "dependencies": [
            "data.terraform_remote_state.fabric",
            "module.security.module.security_group.aws_security_group.this"
          ]
        },
        {
          "index_key": 210,
          "schema_version": 2,
          "attributes": {
            "cidr_blocks": null,
            "description": "Allow rds db to access access the main FQDN of the services",
            "from_port": 7443,
            "id": "sgrule-2180336073",
            "ipv6_cidr_blocks": null,
            "prefix_list_ids": null,
            "protocol": "tcp",
            "security_group_id": "sg-f92fbfe42f69e5786",
            "security_group_rule_id": "sgr-0c9b91eea30fb9a18",
            "self": false,
            "source_security_group_id": "sg-7079bcbb558022f61",
            "timeouts": null,
            "to_port": 7443,
            "type": "ingress"
          },
          "sensitive_attributes": [],
          "private": "eyJlMmJmYjczMC1lY2FhLTExZTYtOGY4OC0zNDM2M2JjN2M0YzAiOnsiY3JlYXRlIjozMDAwMDAwMDAwMDB9LCJzY2hlbWFfdmVyc2lvbiI6IjIifQ==",
          "dependencies": [
            "data.terraform_remote_state.fabric",
            "module.security.module.security_group.aws_security_group.this"
          ]
        },
        {
          "index_key": 211,
          "schema_version": 2,
          "attributes": {
            "cidr_blocks": null,
            "description": "Allow rds db to access access the main FQDN of the services",
            "from_port": 6443,
            "id": "sgrule-951552444",
            "ipv6_cidr_blocks": null,
            "prefix_list_ids": null,
            "protocol": "tcp",
            "security_group_id": "sg-7079bcbb558022f61",
            "security_group_rule_id": "sgr-088b4d373f11c2012",
            "self": false,
            "source_security_group_id": "sg-f92fbfe42f69e5786",
            "timeouts": null,
            "to_port": 6443,
            "type": "egress"
          },
          "sensitive_attributes": [],
          "private": "eyJlMmJmYjczMC1lY2FhLTExZTYtOGY4OC0zNDM2M2JjN2M0YzAiOnsiY3JlYXRlIjozMDAwMDAwMDAwMDB9LCJzY2hlbWFfdmVyc2lvbiI6IjIifQ==",
          "dependencies": [
            "data.terraform_remote_state.fabric",
            "module.security.module.security_group.aws_security_group.this"
          ]
        },
        {
          "index_key": 212,
          "schema_version": 2,
          "attributes": {
            "cidr_blocks": null,
            "description": "Allow rds db to access access the main FQDN of the services",
            "from_port": 7443,
            "id": "sgrule-4063003301",
            "ipv6_cidr_blocks": null,
            "prefix_list_ids": null,
            "protocol": "tcp",
            "security_group_id": "sg-7079bcbb558022f61",
            "security_group_rule_id": "sgr-048f7a065cdffa684",
            "self": false,
            "source_security_group_id": "sg-f92fbfe42f69e5786",
            "timeouts": null,
            "to_port": 7443,
            "type": "egress"
          },
          "sensitive_attributes": [],
          "private": "eyJlMmJmYjczMC1lY2FhLTExZTYtOGY4OC0zNDM2M2JjN2M0YzAiOnsiY3JlYXRlIjozMDAwMDAwMDAwMDB9LCJzY2hlbWFfdmVyc2lvbiI6IjIifQ==",
          "dependencies": [
            "data.terraform_remote_state.fabric",
            "module.security.module.security_group.aws_security_group.this"
          ]
        },
        {
          "index_key": 213,
          "schema_version": 2,
          "attributes": {
            "cidr_blocks": null,
            "description": "Allow rds db to access the hosting server",
            "from_port": 6443,
            "id": "sgrule-2129489607",
            "ipv6_cidr_blocks": null,
            "prefix_list_ids": null,
            "protocol": "tcp",
            "security_group_id": "sg-f1e22e496da168c30",
            "security_group_rule_id": "sgr-012a781b88bed2780",
            "self": false,
            "source_security_group_id": "sg-7079bcbb558022f61",
            "timeouts": null,
            "to_port": 6443,
            "type": "ingress"
          },
          "sensitive_attributes": [],
          "private": "eyJlMmJmYjczMC1lY2FhLTExZTYtOGY4OC0zNDM2M2JjN2M0YzAiOnsiY3JlYXRlIjozMDAwMDAwMDAwMDB9LCJzY2hlbWFfdmVyc2lvbiI6IjIifQ==",
          "dependencies": [
            "data.terraform_remote_state.fabric",
            "module.security.module.security_group.aws_security_group.this"
          ]
        },
        {
          "index_key": 214,
          "schema_version": 2,
          "attributes": {
            "cidr_blocks": null,
            "description": "Allow rds db to access the hosting server",
            "from_port": 6443,
            "id": "sgrule-2617047414",
            "ipv6_cidr_blocks": null,
            "prefix_list_ids": null,
            "protocol": "tcp",
            "security_group_id": "sg-7079bcbb558022f61",
            "security_group_rule_id": "sgr-0f2be5401e89196db",
            "self": false,
            "source_security_group_id": "sg-f1e22e496da168c30",
            "timeouts": null,
            "to_port": 6443,
            "type": "egress"
          },
          "sensitive_attributes": [],
          "private": "eyJlMmJmYjczMC1lY2FhLTExZTYtOGY4OC0zNDM2M2JjN2M0YzAiOnsiY3JlYXRlIjozMDAwMDAwMDAwMDB9LCJzY2hlbWFfdmVyc2lvbiI6IjIifQ==",
          "dependencies": [
            "data.terraform_remote_state.fabric",
            "module.security.module.security_group.aws_security_group.this"
          ]
        },
        {
          "index_key": 215,
          "schema_version": 2,
          "attributes": {
            "cidr_blocks": null,
            "description": "ArcGIS Server Token generation to map server",
            "from_port": 6443,
            "id": "sgrule-2726422359",
            "ipv6_cidr_blocks": null,
            "prefix_list_ids": null,
            "protocol": "tcp",
            "security_group_id": "sg-a14e1807ea7d32a83",
            "security_group_rule_id": "sgr-00915d2abf8e88996",
            "self": false,
            "source_security_group_id": "sg-f1e22e496da168c30",
            "timeouts": null,
            "to_port": 6443,
            "type": "egress"
          },
          "sensitive_attributes": [],
          "private": "eyJlMmJmYjczMC1lY2FhLTExZTYtOGY4OC0zNDM2M2JjN2M0YzAiOnsiY3JlYXRlIjozMDAwMDAwMDAwMDB9LCJzY2hlbWFfdmVyc2lvbiI6IjIifQ==",
          "dependencies": [
            "data.terraform_remote_state.fabric",
            "module.security.module.security_group.aws_security_group.this"
          ]
        },
        {
          "index_key": 216,
          "schema_version": 2,
          "attributes": {
            "cidr_blocks": null,
            "description": "ArcGIS Server Token generation to un server",
            "from_port": 6443,
            "id": "sgrule-3736275698",
            "ipv6_cidr_blocks": null,
            "prefix_list_ids": null,
            "protocol": "tcp",
            "security_group_id": "sg-a14e1807ea7d32a83",
            "security_group_rule_id": "sgr-0200e18b16a211b7e",
            "self": false,
            "source_security_group_id": "sg-08b9a430cb789f96c",
            "timeouts": null,
            "to_port": 6443,
            "type": "egress"
          },
          "sensitive_attributes": [],
          "private": "eyJlMmJmYjczMC1lY2FhLTExZTYtOGY4OC0zNDM2M2JjN2M0YzAiOnsiY3JlYXRlIjozMDAwMDAwMDAwMDB9LCJzY2hlbWFfdmVyc2lvbiI6IjIifQ==",
          "dependencies": [
            "data.terraform_remote_state.fabric",
            "module.security.module.security_group.aws_security_group.this"
          ]
        },
        {
          "index_key": 217,
          "schema_version": 2,
          "attributes": {
            "cidr_blocks": null,
            "description": "ArcGIS Server Token generation to gp server",
            "from_port": 6443,
            "id": "sgrule-2532522541",
            "ipv6_cidr_blocks": null,
            "prefix_list_ids": null,
            "protocol": "tcp",
            "security_group_id": "sg-a14e1807ea7d32a83",
            "security_group_rule_id": "sgr-053d23b817f632955",
            "self": false,
            "source_security_group_id": "sg-703bf2694bdf82ed0",
            "timeouts": null,
            "to_port": 6443,
            "type": "egress"
          },
          "sensitive_attributes": [],
          "private": "eyJlMmJmYjczMC1lY2FhLTExZTYtOGY4OC0zNDM2M2JjN2M0YzAiOnsiY3JlYXRlIjozMDAwMDAwMDAwMDB9LCJzY2hlbWFfdmVyc2lvbiI6IjIifQ==",
          "dependencies": [
            "data.terraform_remote_state.fabric",
            "module.security.module.security_group.aws_security_group.this"
          ]
        },
        {
          "index_key": 218,
          "schema_version": 2,
          "attributes": {
            "cidr_blocks": null,
            "description": "ArcGIS Server Token generation from web server",
            "from_port": 6443,
            "id": "sgrule-1728701385",
            "ipv6_cidr_blocks": null,
            "prefix_list_ids": null,
            "protocol": "tcp",
            "security_group_id": "sg-f1e22e496da168c30",
            "security_group_rule_id": "sgr-0a0e7517af4d4d2b3",
            "self": false,
            "source_security_group_id": "sg-a14e1807ea7d32a83",
            "timeouts": null,
            "to_port": 6443,
            "type": "ingress"
          },
          "sensitive_attributes": [],
          "private": "eyJlMmJmYjczMC1lY2FhLTExZTYtOGY4OC0zNDM2M2JjN2M0YzAiOnsiY3JlYXRlIjozMDAwMDAwMDAwMDB9LCJzY2hlbWFfdmVyc2lvbiI6IjIifQ==",
          "dependencies": [
            "data.terraform_remote_state.fabric",
            "module.security.module.security_group.aws_security_group.this"
          ]
        },
        {
          "index_key": 219,
          "schema_version": 2,
          "attributes": {
            "cidr_blocks": null,
            "description": "ArcGIS Server Token generation from web server",
            "from_port": 6443,
            "id": "sgrule-1739833793",
            "ipv6_cidr_blocks": null,
            "prefix_list_ids": null,
            "protocol": "tcp",
            "security_group_id": "sg-08b9a430cb789f96c",
            "security_group_rule_id": "sgr-0c685cb00552da170",
            "self": false,
            "source_security_group_id": "sg-a14e1807ea7d32a83",
            "timeouts": null,
            "to_port": 6443,
            "type": "ingress"
          },
          "sensitive_attributes": [],
          "private": "eyJlMmJmYjczMC1lY2FhLTExZTYtOGY4OC0zNDM2M2JjN2M0YzAiOnsiY3JlYXRlIjozMDAwMDAwMDAwMDB9LCJzY2hlbWFfdmVyc2lvbiI6IjIifQ==",
          "dependencies": [
            "data.terraform_remote_state.fabric",
            "module.security.module.security_group.aws_security_group.this"
          ]
        },
        {
          "index_key": 220,
          "schema_version": 2,
          "attributes": {
            "cidr_blocks": null,
            "description": "ArcGIS Server Token generation from web server",
            "from_port": 6443,
            "id": "sgrule-2569289526",
            "ipv6_cidr_blocks": null,
            "prefix_list_ids": null,
            "protocol": "tcp",
            "security_group_id": "sg-703bf2694bdf82ed0",
            "security_group_rule_id": "sgr-005339c7f22475635",
            "self": false,
            "source_security_group_id": "sg-a14e1807ea7d32a83",
            "timeouts": null,
            "to_port": 6443,
            "type": "ingress"
          },
          "sensitive_attributes": [],
          "private": "eyJlMmJmYjczMC1lY2FhLTExZTYtOGY4OC0zNDM2M2JjN2M0YzAiOnsiY3JlYXRlIjozMDAwMDAwMDAwMDB9LCJzY2hlbWFfdmVyc2lvbiI6IjIifQ==",
          "dependencies": [
            "data.terraform_remote_state.fabric",
            "module.security.module.security_group.aws_security_group.this"
          ]
        },
        {
          "index_key": 221,
          "schema_version": 2,
          "attributes": {
            "cidr_blocks": null,
            "description": "ArcGIS Server Token generation to portal server",
            "from_port": 7443,
            "id": "sgrule-1888054353",
            "ipv6_cidr_blocks": null,
            "prefix_list_ids": null,
            "protocol": "tcp",
            "security_group_id": "sg-a14e1807ea7d32a83",
            "security_group_rule_id": "sgr-0d105547a36021074",
            "self": false,
            "source_security_group_id": "sg-4c9b120c417998692",
            "timeouts": null,
            "to_port": 7443,
            "type": "egress"
          },
          "sensitive_attributes": [],
          "private": "eyJlMmJmYjczMC1lY2FhLTExZTYtOGY4OC0zNDM2M2JjN2M0YzAiOnsiY3JlYXRlIjozMDAwMDAwMDAwMDB9LCJzY2hlbWFfdmVyc2lvbiI6IjIifQ==",
          "dependencies": [
            "data.terraform_remote_state.fabric",
            "module.security.module.security_group.aws_security_group.this"
          ]
        },
        {
          "index_key": 222,
          "schema_version": 2,
          "attributes": {
            "cidr_blocks": null,
            "description": "ArcGIS Server Token generation from web server",
            "from_port": 7443,
            "id": "sgrule-3862060359",
            "ipv6_cidr_blocks": null,
            "prefix_list_ids": null,
            "protocol": "tcp",
            "security_group_id": "sg-4c9b120c417998692",
            "security_group_rule_id": "sgr-005db81a9649c54d0",
            "self": false,
            "source_security_group_id": "sg-a14e1807ea7d32a83",
            "timeouts": null,
            "to_port": 7443,
            "type": "ingress"
          },
          "sensitive_attributes": [],
          "private": "eyJlMmJmYjczMC1lY2FhLTExZTYtOGY4OC0zNDM2M2JjN2M0YzAiOnsiY3JlYXRlIjozMDAwMDAwMDAwMDB9LCJzY2hlbWFfdmVyc2lvbiI6IjIifQ==",
          "dependencies": [
            "data.terraform_remote_state.fabric",
            "module.security.module.security_group.aws_security_group.this"
          ]
        },
        {
          "index_key": 223,
          "schema_version": 2,
          "attributes": {
            "cidr_blocks": null,
            "description": "ArcGIS Workflow Manager Server to un server",
            "from_port": 13443,
            "id": "sgrule-3265894333",
            "ipv6_cidr_blocks": null,
            "prefix_list_ids": null,
            "protocol": "tcp",
            "security_group_id": "sg-a14e1807ea7d32a83",
            "security_group_rule_id": "sgr-087f043b3c03b91aa",
            "self": false,
            "source_security_group_id": "sg-08b9a430cb789f96c",
            "timeouts": null,
            "to_port": 13443,
            "type": "egress"
          },
          "sensitive_attributes": [],
          "private": "eyJlMmJmYjczMC1lY2FhLTExZTYtOGY4OC0zNDM2M2JjN2M0YzAiOnsiY3JlYXRlIjozMDAwMDAwMDAwMDB9LCJzY2hlbWFfdmVyc2lvbiI6IjIifQ==",
          "dependencies": [
            "data.terraform_remote_state.fabric",
            "module.security.module.security_group.aws_security_group.this"
          ]
        },
        {
          "index_key": 224,
          "schema_version": 2,
          "attributes": {
            "cidr_blocks": null,
            "description": "ArcGIS Workflow Manager Server from web server",
            "from_port": 13443,
            "id": "sgrule-3060254907",
            "ipv6_cidr_blocks": null,
            "prefix_list_ids": null,
            "protocol": "tcp",
            "security_group_id": "sg-08b9a430cb789f96c",
            "security_group_rule_id": "sgr-0b6b9338d6a833e47",
            "self": false,
            "source_security_group_id": "sg-a14e1807ea7d32a83",
            "timeouts": null,
            "to_port": 13443,
            "type": "ingress"
          },
          "sensitive_attributes": [],
          "private": "eyJlMmJmYjczMC1lY2FhLTExZTYtOGY4OC0zNDM2M2JjN2M0YzAiOnsiY3JlYXRlIjozMDAwMDAwMDAwMDB9LCJzY2hlbWFfdmVyc2lvbiI6IjIifQ==",
          "dependencies": [
            "data.terraform_remote_state.fabric",
            "module.security.module.security_group.aws_security_group.this"
          ]
        },
        {
          "index_key": 225,
          "schema_version": 2,
          "attributes": {
            "cidr_blocks": null,
            "description": "ArcGIS Portal Health Check against public facing URL",
            "from_port": 443,
            "id": "sgrule-791390430",
            "ipv6_cidr_blocks": null,
            "prefix_list_ids": null,
            "protocol": "tcp",
            "security_group_id": "sg-4c9b120c417998692",
            "security_group_rule_id": "sgr-044c85cbba18c08cf",
            "self": false,
            "source_security_group_id": "sg-a14e1807ea7d32a83",
            "timeouts": null,
            "to_port": 443,
            "type": "egress"
          },
          "sensitive_attributes": [],
          "private": "eyJlMmJmYjczMC1lY2FhLTExZTYtOGY4OC0zNDM2M2JjN2M0YzAiOnsiY3JlYXRlIjozMDAwMDAwMDAwMDB9LCJzY2hlbWFfdmVyc2lvbiI6IjIifQ==",
          "dependencies": [
            "data.terraform_remote_state.fabric",
            "module.security.module.security_group.aws_security_group.this"
          ]
        },
        {
          "index_key": 226,
          "schema_version": 2,
          "attributes": {
            "cidr_blocks": null,
            "description": "ArcGIS Portal Health Check against public facing URL",
            "from_port": 443,
            "id": "sgrule-1824092643",
            "ipv6_cidr_blocks": null,
            "prefix_list_ids": null,
            "protocol": "tcp",
            "security_group_id": "sg-a14e1807ea7d32a83",
            "security_group_rule_id": "sgr-04885d4472b0a151a",
            "self": false,
            "source_security_group_id": "sg-4c9b120c417998692",
            "timeouts": null,
            "to_port": 443,
            "type": "ingress"
          },
          "sensitive_attributes": [],
          "private": "eyJlMmJmYjczMC1lY2FhLTExZTYtOGY4OC0zNDM2M2JjN2M0YzAiOnsiY3JlYXRlIjozMDAwMDAwMDAwMDB9LCJzY2hlbWFfdmVyc2lvbiI6IjIifQ==",
          "dependencies": [
            "data.terraform_remote_state.fabric",
            "module.security.module.security_group.aws_security_group.this"
          ]
        },
        {
          "index_key": 227,
          "schema_version": 2,
          "attributes": {
            "cidr_blocks": null,
            "description": "ArcGIS Portal Health Check against public facing URL",
            "from_port": 443,
            "id": "sgrule-889392989",
            "ipv6_cidr_blocks": null,
            "prefix_list_ids": null,
            "protocol": "tcp",
            "security_group_id": "sg-cb5968f5ba1ad50e8",
            "security_group_rule_id": "sgr-09fa175b795844517",
            "self": false,
            "source_security_group_id": "sg-a14e1807ea7d32a83",
            "timeouts": null,
            "to_port": 443,
            "type": "egress"
          },
          "sensitive_attributes": [],
          "private": "eyJlMmJmYjczMC1lY2FhLTExZTYtOGY4OC0zNDM2M2JjN2M0YzAiOnsiY3JlYXRlIjozMDAwMDAwMDAwMDB9LCJzY2hlbWFfdmVyc2lvbiI6IjIifQ==",
          "dependencies": [
            "data.terraform_remote_state.fabric",
            "module.security.module.security_group.aws_security_group.this"
          ]
        },
        {
          "index_key": 228,
          "schema_version": 2,
          "attributes": {
            "cidr_blocks": null,
            "description": "ArcGIS Portal Health Check against public facing URL",
            "from_port": 443,
            "id": "sgrule-3899547940",
            "ipv6_cidr_blocks": null,
            "prefix_list_ids": null,
            "protocol": "tcp",
            "security_group_id": "sg-a14e1807ea7d32a83",
            "security_group_rule_id": "sgr-0a5ee05d6bda29cc2",
            "self": false,
            "source_security_group_id": "sg-cb5968f5ba1ad50e8",
            "timeouts": null,
            "to_port": 443,
            "type": "ingress"
          },
          "sensitive_attributes": [],
          "private": "eyJlMmJmYjczMC1lY2FhLTExZTYtOGY4OC0zNDM2M2JjN2M0YzAiOnsiY3JlYXRlIjozMDAwMDAwMDAwMDB9LCJzY2hlbWFfdmVyc2lvbiI6IjIifQ==",
          "dependencies": [
            "data.terraform_remote_state.fabric",
            "module.security.module.security_group.aws_security_group.this"
          ]
        },
        {
          "index_key": 229,
          "schema_version": 2,
          "attributes": {
            "cidr_blocks": null,
            "description": "ArcGIS Portal Health Check against public facing URL",
            "from_port": 443,
            "id": "sgrule-4131794207",
            "ipv6_cidr_blocks": null,
            "prefix_list_ids": null,
            "protocol": "tcp",
            "security_group_id": "sg-f1e22e496da168c30",
            "security_group_rule_id": "sgr-0d18e0107fbb78f05",
            "self": false,
            "source_security_group_id": "sg-a14e1807ea7d32a83",
            "timeouts": null,
            "to_port": 443,
            "type": "egress"
          },
          "sensitive_attributes": [],
          "private": "eyJlMmJmYjczMC1lY2FhLTExZTYtOGY4OC0zNDM2M2JjN2M0YzAiOnsiY3JlYXRlIjozMDAwMDAwMDAwMDB9LCJzY2hlbWFfdmVyc2lvbiI6IjIifQ==",
          "dependencies": [
            "data.terraform_remote_state.fabric",
            "module.security.module.security_group.aws_security_group.this"
          ]
        },
        {
          "index_key": 230,
          "schema_version": 2,
          "attributes": {
            "cidr_blocks": null,
            "description": "ArcGIS Portal Health Check against public facing URL",
            "from_port": 443,
            "id": "sgrule-1948971516",
            "ipv6_cidr_blocks": null,
            "prefix_list_ids": null,
            "protocol": "tcp",
            "security_group_id": "sg-a14e1807ea7d32a83",
            "security_group_rule_id": "sgr-0d94772a32d4dd9e9",
            "self": false,
            "source_security_group_id": "sg-f1e22e496da168c30",
            "timeouts": null,
            "to_port": 443,
            "type": "ingress"
          },
          "sensitive_attributes": [],
          "private": "eyJlMmJmYjczMC1lY2FhLTExZTYtOGY4OC0zNDM2M2JjN2M0YzAiOnsiY3JlYXRlIjozMDAwMDAwMDAwMDB9LCJzY2hlbWFfdmVyc2lvbiI6IjIifQ==",
          "dependencies": [
            "data.terraform_remote_state.fabric",
            "module.security.module.security_group.aws_security_group.this"
          ]
        },
        {
          "index_key": 231,
          "schema_version": 2,
          "attributes": {
            "cidr_blocks": null,
            "description": "ArcGIS Portal Health Check against public facing URL",
            "from_port": 443,
            "id": "sgrule-2856556364",
            "ipv6_cidr_blocks": null,
            "prefix_list_ids": null,
            "protocol": "tcp",
            "security_group_id": "sg-08b9a430cb789f96c",
            "security_group_rule_id": "sgr-04fcb4fa4471b0419",
            "self": false,
            "source_security_group_id": "sg-a14e1807ea7d32a83",
            "timeouts": null,
            "to_port": 443,
            "type": "egress"
          },
          "sensitive_attributes": [],
          "private": "eyJlMmJmYjczMC1lY2FhLTExZTYtOGY4OC0zNDM2M2JjN2M0YzAiOnsiY3JlYXRlIjozMDAwMDAwMDAwMDB9LCJzY2hlbWFfdmVyc2lvbiI6IjIifQ==",
          "dependencies": [
            "data.terraform_remote_state.fabric",
            "module.security.module.security_group.aws_security_group.this"
          ]
        },
        {
          "index_key": 232,
          "schema_version": 2,
          "attributes": {
            "cidr_blocks": null,
            "description": "ArcGIS Portal Health Check against public facing URL",
            "from_port": 443,
            "id": "sgrule-135797849",
            "ipv6_cidr_blocks": null,
            "prefix_list_ids": null,
            "protocol": "tcp",
            "security_group_id": "sg-a14e1807ea7d32a83",
            "security_group_rule_id": "sgr-023af575e9ba76362",
            "self": false,
            "source_security_group_id": "sg-08b9a430cb789f96c",
            "timeouts": null,
            "to_port": 443,
            "type": "ingress"
          },
          "sensitive_attributes": [],
          "private": "eyJlMmJmYjczMC1lY2FhLTExZTYtOGY4OC0zNDM2M2JjN2M0YzAiOnsiY3JlYXRlIjozMDAwMDAwMDAwMDB9LCJzY2hlbWFfdmVyc2lvbiI6IjIifQ==",
          "dependencies": [
            "data.terraform_remote_state.fabric",
            "module.security.module.security_group.aws_security_group.this"
          ]
        },
        {
          "index_key": 233,
          "schema_version": 2,
          "attributes": {
            "cidr_blocks": null,
            "description": "ArcGIS Portal Health Check against public facing URL",
            "from_port": 443,
            "id": "sgrule-298650642",
            "ipv6_cidr_blocks": null,
            "prefix_list_ids": null,
            "protocol": "tcp",
            "security_group_id": "sg-703bf2694bdf82ed0",
            "security_group_rule_id": "sgr-0abe5f919946a5aab",
            "self": false,
            "source_security_group_id": "sg-a14e1807ea7d32a83",
            "timeouts": null,
            "to_port": 443,
            "type": "egress"
          },
          "sensitive_attributes": [],
          "private": "eyJlMmJmYjczMC1lY2FhLTExZTYtOGY4OC0zNDM2M2JjN2M0YzAiOnsiY3JlYXRlIjozMDAwMDAwMDAwMDB9LCJzY2hlbWFfdmVyc2lvbiI6IjIifQ==",
          "dependencies": [
            "data.terraform_remote_state.fabric",
            "module.security.module.security_group.aws_security_group.this"
          ]
        },
        {
          "index_key": 234,
          "schema_version": 2,
          "attributes": {
            "cidr_blocks": null,
            "description": "ArcGIS Portal Health Check against public facing URL",
            "from_port": 443,
            "id": "sgrule-1079520390",
            "ipv6_cidr_blocks": null,
            "prefix_list_ids": null,
            "protocol": "tcp",
            "security_group_id": "sg-a14e1807ea7d32a83",
            "security_group_rule_id": "sgr-02df2820e99c74067",
            "self": false,
            "source_security_group_id": "sg-703bf2694bdf82ed0",
            "timeouts": null,
            "to_port": 443,
            "type": "ingress"
          },
          "sensitive_attributes": [],
          "private": "eyJlMmJmYjczMC1lY2FhLTExZTYtOGY4OC0zNDM2M2JjN2M0YzAiOnsiY3JlYXRlIjozMDAwMDAwMDAwMDB9LCJzY2hlbWFfdmVyc2lvbiI6IjIifQ==",
          "dependencies": [
            "data.terraform_remote_state.fabric",
            "module.security.module.security_group.aws_security_group.this"
          ]
        },
        {
          "index_key": 235,
          "schema_version": 2,
          "attributes": {
            "cidr_blocks": null,
            "description": "Traffic from job01 Server",
            "from_port": 445,
            "id": "sgrule-827238358",
            "ipv6_cidr_blocks": null,
            "prefix_list_ids": null,
            "protocol": "tcp",
            "security_group_id": "sg-7650972b67a042a18",
            "security_group_rule_id": "sgr-0c0b71c0a3fd9175a",
            "self": false,
            "source_security_group_id": "sg-cb5968f5ba1ad50e8",
            "timeouts": null,
            "to_port": 445,
            "type": "ingress"
          },
          "sensitive_attributes": [],
          "private": "eyJlMmJmYjczMC1lY2FhLTExZTYtOGY4OC0zNDM2M2JjN2M0YzAiOnsiY3JlYXRlIjozMDAwMDAwMDAwMDB9LCJzY2hlbWFfdmVyc2lvbiI6IjIifQ==",
          "dependencies": [
            "data.terraform_remote_state.fabric",
            "module.security.module.security_group.aws_security_group.this"
          ]
        },
        {
          "index_key": 236,
          "schema_version": 2,
          "attributes": {
            "cidr_blocks": null,
            "description": "Traffic from job01 Server",
            "from_port": 445,
            "id": "sgrule-2500920377",
            "ipv6_cidr_blocks": null,
            "prefix_list_ids": null,
            "protocol": "udp",
            "security_group_id": "sg-7650972b67a042a18",
            "security_group_rule_id": "sgr-0d36be9bbb267d019",
            "self": false,
            "source_security_group_id": "sg-cb5968f5ba1ad50e8",
            "timeouts": null,
            "to_port": 445,
            "type": "ingress"
          },
          "sensitive_attributes": [],
          "private": "eyJlMmJmYjczMC1lY2FhLTExZTYtOGY4OC0zNDM2M2JjN2M0YzAiOnsiY3JlYXRlIjozMDAwMDAwMDAwMDB9LCJzY2hlbWFfdmVyc2lvbiI6IjIifQ==",
          "dependencies": [
            "data.terraform_remote_state.fabric",
            "module.security.module.security_group.aws_security_group.this"
          ]
        },
        {
          "index_key": 237,
          "schema_version": 2,
          "attributes": {
            "cidr_blocks": null,
            "description": "from XXXX web proxy to web01",
            "from_port": 443,
            "id": "sgrule-1255855305",
            "ipv6_cidr_blocks": null,
            "prefix_list_ids": null,
            "protocol": "tcp",
            "security_group_id": "sg-40ce930f842de3d88",
            "security_group_rule_id": "sgr-0b903576818409b31",
            "self": false,
            "source_security_group_id": "sg-a14e1807ea7d32a83",
            "timeouts": null,
            "to_port": 443,
            "type": "egress"
          },
          "sensitive_attributes": [],
          "private": "eyJlMmJmYjczMC1lY2FhLTExZTYtOGY4OC0zNDM2M2JjN2M0YzAiOnsiY3JlYXRlIjozMDAwMDAwMDAwMDB9LCJzY2hlbWFfdmVyc2lvbiI6IjIifQ==",
          "dependencies": [
            "data.terraform_remote_state.fabric",
            "module.security.module.security_group.aws_security_group.this"
          ]
        },
        {
          "index_key": 238,
          "schema_version": 2,
          "attributes": {
            "cidr_blocks": null,
            "description": "from XXXX web proxy to web01",
            "from_port": 443,
            "id": "sgrule-2042833268",
            "ipv6_cidr_blocks": null,
            "prefix_list_ids": null,
            "protocol": "tcp",
            "security_group_id": "sg-a14e1807ea7d32a83",
            "security_group_rule_id": "sgr-0186a3e6e5c854dbf",
            "self": false,
            "source_security_group_id": "sg-40ce930f842de3d88",
            "timeouts": null,
            "to_port": 443,
            "type": "ingress"
          },
          "sensitive_attributes": [],
          "private": "eyJlMmJmYjczMC1lY2FhLTExZTYtOGY4OC0zNDM2M2JjN2M0YzAiOnsiY3JlYXRlIjozMDAwMDAwMDAwMDB9LCJzY2hlbWFfdmVyc2lvbiI6IjIifQ==",
          "dependencies": [
            "data.terraform_remote_state.fabric",
            "module.security.module.security_group.aws_security_group.this"
          ]
        },
        {
          "index_key": 239,
          "schema_version": 2,
          "attributes": {
            "cidr_blocks": null,
            "description": "Traffic from job Server",
            "from_port": 10001,
            "id": "sgrule-4037218520",
            "ipv6_cidr_blocks": null,
            "prefix_list_ids": null,
            "protocol": "tcp",
            "security_group_id": "sg-4c9b120c417998692",
            "security_group_rule_id": "sgr-0656547eec94ba309",
            "self": false,
            "source_security_group_id": "sg-cb5968f5ba1ad50e8",
            "timeouts": null,
            "to_port": 10020,
            "type": "ingress"
          },
          "sensitive_attributes": [],
          "private": "eyJlMmJmYjczMC1lY2FhLTExZTYtOGY4OC0zNDM2M2JjN2M0YzAiOnsiY3JlYXRlIjozMDAwMDAwMDAwMDB9LCJzY2hlbWFfdmVyc2lvbiI6IjIifQ==",
          "dependencies": [
            "data.terraform_remote_state.fabric",
            "module.security.module.security_group.aws_security_group.this"
          ]
        },
        {
          "index_key": 240,
          "schema_version": 2,
          "attributes": {
            "cidr_blocks": null,
            "description": "Return Traffic to Portal Server",
            "from_port": 10001,
            "id": "sgrule-2193518624",
            "ipv6_cidr_blocks": null,
            "prefix_list_ids": null,
            "protocol": "tcp",
            "security_group_id": "sg-cb5968f5ba1ad50e8",
            "security_group_rule_id": "sgr-0d20beed0235f72c9",
            "self": false,
            "source_security_group_id": "sg-4c9b120c417998692",
            "timeouts": null,
            "to_port": 10020,
            "type": "egress"
          },
          "sensitive_attributes": [],
          "private": "eyJlMmJmYjczMC1lY2FhLTExZTYtOGY4OC0zNDM2M2JjN2M0YzAiOnsiY3JlYXRlIjozMDAwMDAwMDAwMDB9LCJzY2hlbWFfdmVyc2lvbiI6IjIifQ==",
          "dependencies": [
            "data.terraform_remote_state.fabric",
            "module.security.module.security_group.aws_security_group.this"
          ]
        },
        {
          "index_key": 241,
          "schema_version": 2,
          "attributes": {
            "cidr_blocks": null,
            "description": "from XXXX web proxy to web01 for license manager",
            "from_port": 27000,
            "id": "sgrule-188406657",
            "ipv6_cidr_blocks": null,
            "prefix_list_ids": null,
            "protocol": "tcp",
            "security_group_id": "sg-40ce930f842de3d88",
            "security_group_rule_id": "sgr-0318f20c2e38328de",
            "self": false,
            "source_security_group_id": "sg-a14e1807ea7d32a83",
            "timeouts": null,
            "to_port": 27001,
            "type": "egress"
          },
          "sensitive_attributes": [],
          "private": "eyJlMmJmYjczMC1lY2FhLTExZTYtOGY4OC0zNDM2M2JjN2M0YzAiOnsiY3JlYXRlIjozMDAwMDAwMDAwMDB9LCJzY2hlbWFfdmVyc2lvbiI6IjIifQ==",
          "dependencies": [
            "data.terraform_remote_state.fabric",
            "module.security.module.security_group.aws_security_group.this"
          ]
        },
        {
          "index_key": 242,
          "schema_version": 2,
          "attributes": {
            "cidr_blocks": null,
            "description": "from XXXX web proxy to web01 for license manager",
            "from_port": 27000,
            "id": "sgrule-1594323446",
            "ipv6_cidr_blocks": null,
            "prefix_list_ids": null,
            "protocol": "tcp",
            "security_group_id": "sg-a14e1807ea7d32a83",
            "security_group_rule_id": "sgr-0428d60be9e4d57b7",
            "self": false,
            "source_security_group_id": "sg-40ce930f842de3d88",
            "timeouts": null,
            "to_port": 27001,
            "type": "ingress"
          },
          "sensitive_attributes": [],
          "private": "eyJlMmJmYjczMC1lY2FhLTExZTYtOGY4OC0zNDM2M2JjN2M0YzAiOnsiY3JlYXRlIjozMDAwMDAwMDAwMDB9LCJzY2hlbWFfdmVyc2lvbiI6IjIifQ==",
          "dependencies": [
            "data.terraform_remote_state.fabric",
            "module.security.module.security_group.aws_security_group.this"
          ]
        },
        {
          "index_key": 243,
          "schema_version": 2,
          "attributes": {
            "cidr_blocks": null,
            "description": "Traffic to file Server",
            "from_port": 139,
            "id": "sgrule-1596029676",
            "ipv6_cidr_blocks": null,
            "prefix_list_ids": null,
            "protocol": "tcp",
            "security_group_id": "sg-cb5968f5ba1ad50e8",
            "security_group_rule_id": "sgr-04ba6177b52a3e11d",
            "self": false,
            "source_security_group_id": "sg-7650972b67a042a18",
            "timeouts": null,
            "to_port": 139,
            "type": "egress"
          },
          "sensitive_attributes": [],
          "private": "eyJlMmJmYjczMC1lY2FhLTExZTYtOGY4OC0zNDM2M2JjN2M0YzAiOnsiY3JlYXRlIjozMDAwMDAwMDAwMDB9LCJzY2hlbWFfdmVyc2lvbiI6IjIifQ==",
          "dependencies": [
            "data.terraform_remote_state.fabric",
            "module.security.module.security_group.aws_security_group.this"
          ]
        },
        {
          "index_key": 244,
          "schema_version": 2,
          "attributes": {
            "cidr_blocks": null,
            "description": "Traffic to file Server",
            "from_port": 139,
            "id": "sgrule-2623821998",
            "ipv6_cidr_blocks": null,
            "prefix_list_ids": null,
            "protocol": "tcp",
            "security_group_id": "sg-f1e22e496da168c30",
            "security_group_rule_id": "sgr-00247de528fdfd60b",
            "self": false,
            "source_security_group_id": "sg-7650972b67a042a18",
            "timeouts": null,
            "to_port": 139,
            "type": "egress"
          },
          "sensitive_attributes": [],
          "private": "eyJlMmJmYjczMC1lY2FhLTExZTYtOGY4OC0zNDM2M2JjN2M0YzAiOnsiY3JlYXRlIjozMDAwMDAwMDAwMDB9LCJzY2hlbWFfdmVyc2lvbiI6IjIifQ==",
          "dependencies": [
            "data.terraform_remote_state.fabric",
            "module.security.module.security_group.aws_security_group.this"
          ]
        },
        {
          "index_key": 245,
          "schema_version": 2,
          "attributes": {
            "cidr_blocks": null,
            "description": "Traffic to file Server",
            "from_port": 139,
            "id": "sgrule-3227640573",
            "ipv6_cidr_blocks": null,
            "prefix_list_ids": null,
            "protocol": "tcp",
            "security_group_id": "sg-08b9a430cb789f96c",
            "security_group_rule_id": "sgr-0804bd921290e34e6",
            "self": false,
            "source_security_group_id": "sg-7650972b67a042a18",
            "timeouts": null,
            "to_port": 139,
            "type": "egress"
          },
          "sensitive_attributes": [],
          "private": "eyJlMmJmYjczMC1lY2FhLTExZTYtOGY4OC0zNDM2M2JjN2M0YzAiOnsiY3JlYXRlIjozMDAwMDAwMDAwMDB9LCJzY2hlbWFfdmVyc2lvbiI6IjIifQ==",
          "dependencies": [
            "data.terraform_remote_state.fabric",
            "module.security.module.security_group.aws_security_group.this"
          ]
        },
        {
          "index_key": 246,
          "schema_version": 2,
          "attributes": {
            "cidr_blocks": null,
            "description": "Traffic to file Server",
            "from_port": 139,
            "id": "sgrule-2079291811",
            "ipv6_cidr_blocks": null,
            "prefix_list_ids": null,
            "protocol": "tcp",
            "security_group_id": "sg-703bf2694bdf82ed0",
            "security_group_rule_id": "sgr-0270c88db42d379f4",
            "self": false,
            "source_security_group_id": "sg-7650972b67a042a18",
            "timeouts": null,
            "to_port": 139,
            "type": "egress"
          },
          "sensitive_attributes": [],
          "private": "eyJlMmJmYjczMC1lY2FhLTExZTYtOGY4OC0zNDM2M2JjN2M0YzAiOnsiY3JlYXRlIjozMDAwMDAwMDAwMDB9LCJzY2hlbWFfdmVyc2lvbiI6IjIifQ==",
          "dependencies": [
            "data.terraform_remote_state.fabric",
            "module.security.module.security_group.aws_security_group.this"
          ]
        },
        {
          "index_key": 247,
          "schema_version": 2,
          "attributes": {
            "cidr_blocks": null,
            "description": "Traffic to file Server",
            "from_port": 139,
            "id": "sgrule-1158274415",
            "ipv6_cidr_blocks": null,
            "prefix_list_ids": null,
            "protocol": "tcp",
            "security_group_id": "sg-4c9b120c417998692",
            "security_group_rule_id": "sgr-0fdb6c9a46d231250",
            "self": false,
            "source_security_group_id": "sg-7650972b67a042a18",
            "timeouts": null,
            "to_port": 139,
            "type": "egress"
          },
          "sensitive_attributes": [],
          "private": "eyJlMmJmYjczMC1lY2FhLTExZTYtOGY4OC0zNDM2M2JjN2M0YzAiOnsiY3JlYXRlIjozMDAwMDAwMDAwMDB9LCJzY2hlbWFfdmVyc2lvbiI6IjIifQ==",
          "dependencies": [
            "data.terraform_remote_state.fabric",
            "module.security.module.security_group.aws_security_group.this"
          ]
        },
        {
          "index_key": 248,
          "schema_version": 2,
          "attributes": {
            "cidr_blocks": null,
            "description": "Traffic from ENT DB Server",
            "from_port": 139,
            "id": "sgrule-2598883126",
            "ipv6_cidr_blocks": null,
            "prefix_list_ids": null,
            "protocol": "tcp",
            "security_group_id": "sg-50b79733dcf4240a1",
            "security_group_rule_id": "sgr-04a4009082893b9e7",
            "self": false,
            "source_security_group_id": "sg-7650972b67a042a18",
            "timeouts": null,
            "to_port": 139,
            "type": "egress"
          },
          "sensitive_attributes": [],
          "private": "eyJlMmJmYjczMC1lY2FhLTExZTYtOGY4OC0zNDM2M2JjN2M0YzAiOnsiY3JlYXRlIjozMDAwMDAwMDAwMDB9LCJzY2hlbWFfdmVyc2lvbiI6IjIifQ==",
          "dependencies": [
            "data.terraform_remote_state.fabric",
            "module.security.module.security_group.aws_security_group.this"
          ]
        },
        {
          "index_key": 249,
          "schema_version": 2,
          "attributes": {
            "cidr_blocks": null,
            "description": "Traffic from RDS DB Server",
            "from_port": 139,
            "id": "sgrule-1562566333",
            "ipv6_cidr_blocks": null,
            "prefix_list_ids": null,
            "protocol": "tcp",
            "security_group_id": "sg-7079bcbb558022f61",
            "security_group_rule_id": "sgr-01232c4b3272d08d3",
            "self": false,
            "source_security_group_id": "sg-7650972b67a042a18",
            "timeouts": null,
            "to_port": 139,
            "type": "egress"
          },
          "sensitive_attributes": [],
          "private": "eyJlMmJmYjczMC1lY2FhLTExZTYtOGY4OC0zNDM2M2JjN2M0YzAiOnsiY3JlYXRlIjozMDAwMDAwMDAwMDB9LCJzY2hlbWFfdmVyc2lvbiI6IjIifQ==",
          "dependencies": [
            "data.terraform_remote_state.fabric",
            "module.security.module.security_group.aws_security_group.this"
          ]
        },
        {
          "index_key": 250,
          "schema_version": 2,
          "attributes": {
            "cidr_blocks": null,
            "description": "Traffic from UN DB Server",
            "from_port": 139,
            "id": "sgrule-52619983",
            "ipv6_cidr_blocks": null,
            "prefix_list_ids": null,
            "protocol": "tcp",
            "security_group_id": "sg-c6fa82cb28e1fb1f5",
            "security_group_rule_id": "sgr-0b3cbdde064acbdc3",
            "self": false,
            "source_security_group_id": "sg-7650972b67a042a18",
            "timeouts": null,
            "to_port": 139,
            "type": "egress"
          },
          "sensitive_attributes": [],
          "private": "eyJlMmJmYjczMC1lY2FhLTExZTYtOGY4OC0zNDM2M2JjN2M0YzAiOnsiY3JlYXRlIjozMDAwMDAwMDAwMDB9LCJzY2hlbWFfdmVyc2lvbiI6IjIifQ==",
          "dependencies": [
            "data.terraform_remote_state.fabric",
            "module.security.module.security_group.aws_security_group.this"
          ]
        },
        {
          "index_key": 251,
          "schema_version": 2,
          "attributes": {
            "cidr_blocks": null,
            "description": "Traffic to file Server",
            "from_port": 139,
            "id": "sgrule-3511089290",
            "ipv6_cidr_blocks": null,
            "prefix_list_ids": null,
            "protocol": "udp",
            "security_group_id": "sg-cb5968f5ba1ad50e8",
            "security_group_rule_id": "sgr-08559be02d88100ae",
            "self": false,
            "source_security_group_id": "sg-7650972b67a042a18",
            "timeouts": null,
            "to_port": 139,
            "type": "egress"
          },
          "sensitive_attributes": [],
          "private": "eyJlMmJmYjczMC1lY2FhLTExZTYtOGY4OC0zNDM2M2JjN2M0YzAiOnsiY3JlYXRlIjozMDAwMDAwMDAwMDB9LCJzY2hlbWFfdmVyc2lvbiI6IjIifQ==",
          "dependencies": [
            "data.terraform_remote_state.fabric",
            "module.security.module.security_group.aws_security_group.this"
          ]
        },
        {
          "index_key": 252,
          "schema_version": 2,
          "attributes": {
            "cidr_blocks": null,
            "description": "Traffic to file Server",
            "from_port": 139,
            "id": "sgrule-302242504",
            "ipv6_cidr_blocks": null,
            "prefix_list_ids": null,
            "protocol": "udp",
            "security_group_id": "sg-f1e22e496da168c30",
            "security_group_rule_id": "sgr-0fe3913519b5fe881",
            "self": false,
            "source_security_group_id": "sg-7650972b67a042a18",
            "timeouts": null,
            "to_port": 139,
            "type": "egress"
          },
          "sensitive_attributes": [],
          "private": "eyJlMmJmYjczMC1lY2FhLTExZTYtOGY4OC0zNDM2M2JjN2M0YzAiOnsiY3JlYXRlIjozMDAwMDAwMDAwMDB9LCJzY2hlbWFfdmVyc2lvbiI6IjIifQ==",
          "dependencies": [
            "data.terraform_remote_state.fabric",
            "module.security.module.security_group.aws_security_group.this"
          ]
        },
        {
          "index_key": 253,
          "schema_version": 2,
          "attributes": {
            "cidr_blocks": null,
            "description": "Traffic to file Server",
            "from_port": 139,
            "id": "sgrule-1309040795",
            "ipv6_cidr_blocks": null,
            "prefix_list_ids": null,
            "protocol": "udp",
            "security_group_id": "sg-08b9a430cb789f96c",
            "security_group_rule_id": "sgr-04d10d17a61f779c2",
            "self": false,
            "source_security_group_id": "sg-7650972b67a042a18",
            "timeouts": null,
            "to_port": 139,
            "type": "egress"
          },
          "sensitive_attributes": [],
          "private": "eyJlMmJmYjczMC1lY2FhLTExZTYtOGY4OC0zNDM2M2JjN2M0YzAiOnsiY3JlYXRlIjozMDAwMDAwMDAwMDB9LCJzY2hlbWFfdmVyc2lvbiI6IjIifQ==",
          "dependencies": [
            "data.terraform_remote_state.fabric",
            "module.security.module.security_group.aws_security_group.this"
          ]
        },
        {
          "index_key": 254,
          "schema_version": 2,
          "attributes": {
            "cidr_blocks": null,
            "description": "Traffic to file Server",
            "from_port": 139,
            "id": "sgrule-4119395269",
            "ipv6_cidr_blocks": null,
            "prefix_list_ids": null,
            "protocol": "udp",
            "security_group_id": "sg-703bf2694bdf82ed0",
            "security_group_rule_id": "sgr-03d18b8a5e7a61b59",
            "self": false,
            "source_security_group_id": "sg-7650972b67a042a18",
            "timeouts": null,
            "to_port": 139,
            "type": "egress"
          },
          "sensitive_attributes": [],
          "private": "eyJlMmJmYjczMC1lY2FhLTExZTYtOGY4OC0zNDM2M2JjN2M0YzAiOnsiY3JlYXRlIjozMDAwMDAwMDAwMDB9LCJzY2hlbWFfdmVyc2lvbiI6IjIifQ==",
          "dependencies": [
            "data.terraform_remote_state.fabric",
            "module.security.module.security_group.aws_security_group.this"
          ]
        },
        {
          "index_key": 255,
          "schema_version": 2,
          "attributes": {
            "cidr_blocks": null,
            "description": "Traffic to file Server",
            "from_port": 139,
            "id": "sgrule-3413008137",
            "ipv6_cidr_blocks": null,
            "prefix_list_ids": null,
            "protocol": "udp",
            "security_group_id": "sg-4c9b120c417998692",
            "security_group_rule_id": "sgr-0b15c0a7ca46dc084",
            "self": false,
            "source_security_group_id": "sg-7650972b67a042a18",
            "timeouts": null,
            "to_port": 139,
            "type": "egress"
          },
          "sensitive_attributes": [],
          "private": "eyJlMmJmYjczMC1lY2FhLTExZTYtOGY4OC0zNDM2M2JjN2M0YzAiOnsiY3JlYXRlIjozMDAwMDAwMDAwMDB9LCJzY2hlbWFfdmVyc2lvbiI6IjIifQ==",
          "dependencies": [
            "data.terraform_remote_state.fabric",
            "module.security.module.security_group.aws_security_group.this"
          ]
        },
        {
          "index_key": 256,
          "schema_version": 2,
          "attributes": {
            "cidr_blocks": null,
            "description": "Traffic from ENT DB Server",
            "from_port": 139,
            "id": "sgrule-343952720",
            "ipv6_cidr_blocks": null,
            "prefix_list_ids": null,
            "protocol": "udp",
            "security_group_id": "sg-50b79733dcf4240a1",
            "security_group_rule_id": "sgr-0472c02297116e677",
            "self": false,
            "source_security_group_id": "sg-7650972b67a042a18",
            "timeouts": null,
            "to_port": 139,
            "type": "egress"
          },
          "sensitive_attributes": [],
          "private": "eyJlMmJmYjczMC1lY2FhLTExZTYtOGY4OC0zNDM2M2JjN2M0YzAiOnsiY3JlYXRlIjozMDAwMDAwMDAwMDB9LCJzY2hlbWFfdmVyc2lvbiI6IjIifQ==",
          "dependencies": [
            "data.terraform_remote_state.fabric",
            "module.security.module.security_group.aws_security_group.this"
          ]
        },
        {
          "index_key": 257,
          "schema_version": 2,
          "attributes": {
            "cidr_blocks": null,
            "description": "Traffic from RDS DB Server",
            "from_port": 139,
            "id": "sgrule-3544538331",
            "ipv6_cidr_blocks": null,
            "prefix_list_ids": null,
            "protocol": "udp",
            "security_group_id": "sg-7079bcbb558022f61",
            "security_group_rule_id": "sgr-0ac77c4e160392e57",
            "self": false,
            "source_security_group_id": "sg-7650972b67a042a18",
            "timeouts": null,
            "to_port": 139,
            "type": "egress"
          },
          "sensitive_attributes": [],
          "private": "eyJlMmJmYjczMC1lY2FhLTExZTYtOGY4OC0zNDM2M2JjN2M0YzAiOnsiY3JlYXRlIjozMDAwMDAwMDAwMDB9LCJzY2hlbWFfdmVyc2lvbiI6IjIifQ==",
          "dependencies": [
            "data.terraform_remote_state.fabric",
            "module.security.module.security_group.aws_security_group.this"
          ]
        },
        {
          "index_key": 258,
          "schema_version": 2,
          "attributes": {
            "cidr_blocks": null,
            "description": "Traffic from UN DB Server",
            "from_port": 139,
            "id": "sgrule-2370136233",
            "ipv6_cidr_blocks": null,
            "prefix_list_ids": null,
            "protocol": "udp",
            "security_group_id": "sg-c6fa82cb28e1fb1f5",
            "security_group_rule_id": "sgr-06af6880ecf0a4d1b",
            "self": false,
            "source_security_group_id": "sg-7650972b67a042a18",
            "timeouts": null,
            "to_port": 139,
            "type": "egress"
          },
          "sensitive_attributes": [],
          "private": "eyJlMmJmYjczMC1lY2FhLTExZTYtOGY4OC0zNDM2M2JjN2M0YzAiOnsiY3JlYXRlIjozMDAwMDAwMDAwMDB9LCJzY2hlbWFfdmVyc2lvbiI6IjIifQ==",
          "dependencies": [
            "data.terraform_remote_state.fabric",
            "module.security.module.security_group.aws_security_group.this"
          ]
        }
      ]
    }
  ],
  "check_results": null
}
