{
  "version": 4,
  "terraform_version": "1.5.7",
  "serial": 53,
  "lineage": "4887c517372be14fcf005d4c2b3c2499",
  "outputs": {
    "fabric_map": {
      "value": {
        "gateway_endpoints": {},
        "interface_endpoints": {},
        "nacl_id_list": {
          "nacl-XXXX-uat-app-01": "acl-a1b83607670ba4c8f",
          "nacl-XXXX-uat-db-01": "acl-7d1233b931865feb3",
          "nacl-XXXX-uat-web-01": "acl-806c6b42929ebf357",
          "nacl-XXXX-uat-proxy-01": "acl-baf6e0dc0a983e1be"
        },
        "route_table_id_list": {
          "rtb-XXXX-app-01": "rtb-b2b8df2363bfc2e9a",
          "rtb-XXXX-db-01": "rtb-78f94af9392640d0b",
          "rtb-XXXX-web-01": "rtb-2819481f5d754b9de",
          "rtb-XXXX-proxy-01": "rtb-c41b7fc7c878350b6"
        },
        "security_group_id_list": {},
        "subnet_id_list": {
          "sub-XXXX-app-01": "subnet-4cf045070400ce875",
          "sub-XXXX-db-01": "subnet-8729cebe40cd0ce97",
          "sub-XXXX-web-01": "subnet-f129cd04587b113d5",
          "sub-XXXX-proxy-01": "subnet-1b66049e48f0a3eb1"
        },
        "vpc_id": "vpc-f4efee4924c32459f"
      },
      "type": [
        "object",
        {
          "gateway_endpoints": [
            "object",
            {}
          ],
          "interface_endpoints": [
            "object",
            {}
          ],
          "nacl_id_list": [
            "object",
            {
              "nacl-XXXX-uat-app-01": "string",
              "nacl-XXXX-uat-db-01": "string",
              "nacl-XXXX-uat-web-01": "string",
              "nacl-XXXX-uat-proxy-01": "string"
            }
          ],
          "route_table_id_list": [
            "object",
            {
              "rtb-XXXX-app-01": "string",
              "rtb-XXXX-db-01": "string",
              "rtb-XXXX-web-01": "string",
              "rtb-XXXX-proxy-01": "string"
            }
          ],
          "security_group_id_list": [
            "object",
            {}
          ],
          "subnet_id_list": [
            "object",
            {
              "sub-XXXX-app-01": "string",
              "sub-XXXX-db-01": "string",
              "sub-XXXX-web-01": "string",
              "sub-XXXX-proxy-01": "string"
            }
          ],
          "vpc_id": "string"
        }
      ]
    }
  },
  "resources": [
    {
      "module": "module.fabric.module.network_acl",
      "mode": "managed",
      "type": "aws_network_acl",
      "name": "this",
      "provider": "provider[\"registry.terraform.io/hashicorp/aws\"]",
      "instances": [
        {
          "index_key": 0,
          "schema_version": 0,
          "attributes": {
            "arn": "arn:aws:ec2:ap-southeast-1:111111111111:network-acl/acl-806c6b42929ebf357",
            "egress": [
              {
                "action": "allow",
                "cidr_block": "10.0.0.0/8",
                "from_port": 22,
                "icmp_code": 0,
                "icmp_type": 0,
                "ipv6_cidr_block": "",
                "protocol": "17",
                "rule_no": 420,
                "to_port": 65535
              },
              {
                "action": "allow",
                "cidr_block": "10.0.0.0/8",
                "from_port": 22,
                "icmp_code": 0,
                "icmp_type": 0,
                "ipv6_cidr_block": "",
                "protocol": "6",
                "rule_no": 410,
                "to_port": 65535
              },
              {
                "action": "allow",
                "cidr_block": "10.20.96.43/27",
                "from_port": 0,
                "icmp_code": 0,
                "icmp_type": 0,
                "ipv6_cidr_block": "",
                "protocol": "-1",
                "rule_no": 240,
                "to_port": 0
              },
              {
                "action": "allow",
                "cidr_block": "10.20.203.19",
                "from_port": 0,
                "icmp_code": 0,
                "icmp_type": 0,
                "ipv6_cidr_block": "",
                "protocol": "-1",
                "rule_no": 260,
                "to_port": 0
              },
              {
                "action": "allow",
                "cidr_block": "10.20.154.230/27",
                "from_port": 0,
                "icmp_code": 0,
                "icmp_type": 0,
                "ipv6_cidr_block": "",
                "protocol": "-1",
                "rule_no": 250,
                "to_port": 0
              },
              {
                "action": "allow",
                "cidr_block": "10.20.37.75",
                "from_port": 0,
                "icmp_code": 0,
                "icmp_type": 0,
                "ipv6_cidr_block": "",
                "protocol": "-1",
                "rule_no": 270,
                "to_port": 0
              },
              {
                "action": "allow",
                "cidr_block": "10.20.189.194/28",
                "from_port": 22,
                "icmp_code": 0,
                "icmp_type": 0,
                "ipv6_cidr_block": "",
                "protocol": "6",
                "rule_no": 200,
                "to_port": 65535
              },
              {
                "action": "allow",
                "cidr_block": "10.20.112.222/28",
                "from_port": 22,
                "icmp_code": 0,
                "icmp_type": 0,
                "ipv6_cidr_block": "",
                "protocol": "6",
                "rule_no": 210,
                "to_port": 65535
              },
              {
                "action": "allow",
                "cidr_block": "10.20.100.16/25",
                "from_port": 22,
                "icmp_code": 0,
                "icmp_type": 0,
                "ipv6_cidr_block": "",
                "protocol": "6",
                "rule_no": 220,
                "to_port": 65535
              },
              {
                "action": "allow",
                "cidr_block": "10.20.200.100",
                "from_port": 1024,
                "icmp_code": 0,
                "icmp_type": 0,
                "ipv6_cidr_block": "",
                "protocol": "6",
                "rule_no": 350,
                "to_port": 65535
              },
              {
                "action": "allow",
                "cidr_block": "10.20.93.75/28",
                "from_port": 53,
                "icmp_code": 0,
                "icmp_type": 0,
                "ipv6_cidr_block": "",
                "protocol": "17",
                "rule_no": 111,
                "to_port": 65535
              },
              {
                "action": "allow",
                "cidr_block": "10.20.93.75/28",
                "from_port": 53,
                "icmp_code": 0,
                "icmp_type": 0,
                "ipv6_cidr_block": "",
                "protocol": "6",
                "rule_no": 110,
                "to_port": 65535
              },
              {
                "action": "allow",
                "cidr_block": "10.20.0.0/16",
                "from_port": 22,
                "icmp_code": 0,
                "icmp_type": 0,
                "ipv6_cidr_block": "",
                "protocol": "17",
                "rule_no": 440,
                "to_port": 65535
              },
              {
                "action": "allow",
                "cidr_block": "10.20.0.0/16",
                "from_port": 22,
                "icmp_code": 0,
                "icmp_type": 0,
                "ipv6_cidr_block": "",
                "protocol": "6",
                "rule_no": 430,
                "to_port": 65535
              },
              {
                "action": "allow",
                "cidr_block": "10.20.16.126",
                "from_port": 8530,
                "icmp_code": 0,
                "icmp_type": 0,
                "ipv6_cidr_block": "",
                "protocol": "6",
                "rule_no": 300,
                "to_port": 8531
              },
              {
                "action": "allow",
                "cidr_block": "10.20.16.126",
                "from_port": 8530,
                "icmp_code": 0,
                "icmp_type": 0,
                "ipv6_cidr_block": "",
                "protocol": "6",
                "rule_no": 400,
                "to_port": 8531
              },
              {
                "action": "allow",
                "cidr_block": "10.20.15.249/27",
                "from_port": 443,
                "icmp_code": 0,
                "icmp_type": 0,
                "ipv6_cidr_block": "",
                "protocol": "6",
                "rule_no": 100,
                "to_port": 443
              }
            ],
            "id": "acl-806c6b42929ebf357",
            "ingress": [
              {
                "action": "allow",
                "cidr_block": "10.0.0.0/8",
                "from_port": 22,
                "icmp_code": 0,
                "icmp_type": 0,
                "ipv6_cidr_block": "",
                "protocol": "17",
                "rule_no": 420,
                "to_port": 65535
              },
              {
                "action": "allow",
                "cidr_block": "10.0.0.0/8",
                "from_port": 22,
                "icmp_code": 0,
                "icmp_type": 0,
                "ipv6_cidr_block": "",
                "protocol": "6",
                "rule_no": 410,
                "to_port": 65535
              },
              {
                "action": "allow",
                "cidr_block": "10.20.96.43/27",
                "from_port": 0,
                "icmp_code": 0,
                "icmp_type": 0,
                "ipv6_cidr_block": "",
                "protocol": "-1",
                "rule_no": 240,
                "to_port": 0
              },
              {
                "action": "allow",
                "cidr_block": "10.20.203.19",
                "from_port": 0,
                "icmp_code": 0,
                "icmp_type": 0,
                "ipv6_cidr_block": "",
                "protocol": "-1",
                "rule_no": 260,
                "to_port": 0
              },
              {
                "action": "allow",
                "cidr_block": "10.20.154.230/27",
                "from_port": 0,
                "icmp_code": 0,
                "icmp_type": 0,
                "ipv6_cidr_block": "",
                "protocol": "-1",
                "rule_no": 250,
                "to_port": 0
              },
              {
                "action": "allow",
                "cidr_block": "10.20.37.75",
                "from_port": 0,
                "icmp_code": 0,
                "icmp_type": 0,
                "ipv6_cidr_block": "",
                "protocol": "-1",
                "rule_no": 270,
                "to_port": 0
              },
              {
                "action": "allow",
                "cidr_block": "10.20.189.194/28",
                "from_port": 22,
                "icmp_code": 0,
                "icmp_type": 0,
                "ipv6_cidr_block": "",
                "protocol": "6",
                "rule_no": 200,
                "to_port": 65535
              },
              {
                "action": "allow",
                "cidr_block": "10.20.112.222/28",
                "from_port": 22,
                "icmp_code": 0,
                "icmp_type": 0,
                "ipv6_cidr_block": "",
                "protocol": "6",
                "rule_no": 210,
                "to_port": 65535
              },
              {
                "action": "allow",
                "cidr_block": "10.20.100.16/25",
                "from_port": 22,
                "icmp_code": 0,
                "icmp_type": 0,
                "ipv6_cidr_block": "",
                "protocol": "6",
                "rule_no": 220,
                "to_port": 65535
              },
              {
                "action": "allow",
                "cidr_block": "10.20.200.100",
                "from_port": 1024,
                "icmp_code": 0,
                "icmp_type": 0,
                "ipv6_cidr_block": "",
                "protocol": "6",
                "rule_no": 350,
                "to_port": 65535
              },
              {
                "action": "allow",
                "cidr_block": "10.20.93.75/28",
                "from_port": 1024,
                "icmp_code": 0,
                "icmp_type": 0,
                "ipv6_cidr_block": "",
                "protocol": "17",
                "rule_no": 111,
                "to_port": 65535
              },
              {
                "action": "allow",
                "cidr_block": "10.20.93.75/28",
                "from_port": 1024,
                "icmp_code": 0,
                "icmp_type": 0,
                "ipv6_cidr_block": "",
                "protocol": "6",
                "rule_no": 110,
                "to_port": 65535
              },
              {
                "action": "allow",
                "cidr_block": "10.20.0.0/16",
                "from_port": 22,
                "icmp_code": 0,
                "icmp_type": 0,
                "ipv6_cidr_block": "",
                "protocol": "17",
                "rule_no": 440,
                "to_port": 65535
              },
              {
                "action": "allow",
                "cidr_block": "10.20.0.0/16",
                "from_port": 22,
                "icmp_code": 0,
                "icmp_type": 0,
                "ipv6_cidr_block": "",
                "protocol": "6",
                "rule_no": 430,
                "to_port": 65535
              },
              {
                "action": "allow",
                "cidr_block": "10.20.16.126",
                "from_port": 1024,
                "icmp_code": 0,
                "icmp_type": 0,
                "ipv6_cidr_block": "",
                "protocol": "6",
                "rule_no": 300,
                "to_port": 65535
              },
              {
                "action": "allow",
                "cidr_block": "10.20.16.126",
                "from_port": 1024,
                "icmp_code": 0,
                "icmp_type": 0,
                "ipv6_cidr_block": "",
                "protocol": "6",
                "rule_no": 400,
                "to_port": 65535
              },
              {
                "action": "allow",
                "cidr_block": "10.20.15.249/27",
                "from_port": 1024,
                "icmp_code": 0,
                "icmp_type": 0,
                "ipv6_cidr_block": "",
                "protocol": "6",
                "rule_no": 100,
                "to_port": 65535
              }
            ],
            "owner_id": "111111111111",
            "subnet_ids": [
              "subnet-f129cd04587b113d5"
            ],
            "tags": {
              "Alias": "NA",
              "Author": "Vendor",
              "Created-by": "Terraform",
              "Name": "nacl-XXXX-uat-web-01",
              "Purpose": "Allow access to XXXX Intranets Web",
              "agency-code": "xxxx",
              "environment": "uat",
              "project-code": "XXXX",
              "zone": "ia"
            },
            "tags_all": {
              "Alias": "NA",
              "Author": "Vendor",
              "Created-by": "Terraform",
              "Name": "nacl-XXXX-uat-web-01",
              "Purpose": "Allow access to XXXX Intranets Web",
              "agency-code": "xxxx",
              "environment": "uat",
              "project-code": "XXXX",
              "zone": "ia"
            },
            "vpc_id": "vpc-f4efee4924c32459f"
          },
          "sensitive_attributes": [],
          "private": "bnVsbA==",
          "dependencies": [
            "module.fabric.module.subnet.aws_subnet.this"
          ]
        },
        {
          "index_key": 1,
          "schema_version": 0,
          "attributes": {
            "arn": "arn:aws:ec2:ap-southeast-1:111111111111:network-acl/acl-a1b83607670ba4c8f",
            "egress": [
              {
                "action": "allow",
                "cidr_block": "10.0.0.0/8",
                "from_port": 22,
                "icmp_code": 0,
                "icmp_type": 0,
                "ipv6_cidr_block": "",
                "protocol": "17",
                "rule_no": 405,
                "to_port": 65535
              },
              {
                "action": "allow",
                "cidr_block": "10.0.0.0/8",
                "from_port": 22,
                "icmp_code": 0,
                "icmp_type": 0,
                "ipv6_cidr_block": "",
                "protocol": "6",
                "rule_no": 400,
                "to_port": 65535
              },
              {
                "action": "allow",
                "cidr_block": "10.20.96.43/27",
                "from_port": 0,
                "icmp_code": 0,
                "icmp_type": 0,
                "ipv6_cidr_block": "",
                "protocol": "-1",
                "rule_no": 240,
                "to_port": 0
              },
              {
                "action": "allow",
                "cidr_block": "10.20.203.19",
                "from_port": 0,
                "icmp_code": 0,
                "icmp_type": 0,
                "ipv6_cidr_block": "",
                "protocol": "-1",
                "rule_no": 260,
                "to_port": 0
              },
              {
                "action": "allow",
                "cidr_block": "10.20.154.230/27",
                "from_port": 0,
                "icmp_code": 0,
                "icmp_type": 0,
                "ipv6_cidr_block": "",
                "protocol": "-1",
                "rule_no": 250,
                "to_port": 0
              },
              {
                "action": "allow",
                "cidr_block": "10.20.37.75",
                "from_port": 0,
                "icmp_code": 0,
                "icmp_type": 0,
                "ipv6_cidr_block": "",
                "protocol": "-1",
                "rule_no": 270,
                "to_port": 0
              },
              {
                "action": "allow",
                "cidr_block": "10.20.171.158/28",
                "from_port": 22,
                "icmp_code": 0,
                "icmp_type": 0,
                "ipv6_cidr_block": "",
                "protocol": "6",
                "rule_no": 200,
                "to_port": 65535
              },
              {
                "action": "allow",
                "cidr_block": "10.20.112.222/28",
                "from_port": 1533,
                "icmp_code": 0,
                "icmp_type": 0,
                "ipv6_cidr_block": "",
                "protocol": "6",
                "rule_no": 150,
                "to_port": 1533
              },
              {
                "action": "allow",
                "cidr_block": "10.20.112.222/28",
                "from_port": 22,
                "icmp_code": 0,
                "icmp_type": 0,
                "ipv6_cidr_block": "",
                "protocol": "6",
                "rule_no": 210,
                "to_port": 65535
              },
              {
                "action": "allow",
                "cidr_block": "10.20.5.116/28",
                "from_port": 443,
                "icmp_code": 0,
                "icmp_type": 0,
                "ipv6_cidr_block": "",
                "protocol": "6",
                "rule_no": 170,
                "to_port": 443
              },
              {
                "action": "allow",
                "cidr_block": "10.20.72.240/28",
                "from_port": 25,
                "icmp_code": 0,
                "icmp_type": 0,
                "ipv6_cidr_block": "",
                "protocol": "6",
                "rule_no": 160,
                "to_port": 25
              },
              {
                "action": "allow",
                "cidr_block": "10.20.209.141",
                "from_port": 12221,
                "icmp_code": 0,
                "icmp_type": 0,
                "ipv6_cidr_block": "",
                "protocol": "6",
                "rule_no": 230,
                "to_port": 12221
              },
              {
                "action": "allow",
                "cidr_block": "10.20.200.100",
                "from_port": 1024,
                "icmp_code": 0,
                "icmp_type": 0,
                "ipv6_cidr_block": "",
                "protocol": "6",
                "rule_no": 350,
                "to_port": 65535
              },
              {
                "action": "allow",
                "cidr_block": "10.20.93.75/28",
                "from_port": 53,
                "icmp_code": 0,
                "icmp_type": 0,
                "ipv6_cidr_block": "",
                "protocol": "17",
                "rule_no": 111,
                "to_port": 65535
              },
              {
                "action": "allow",
                "cidr_block": "10.20.93.75/28",
                "from_port": 53,
                "icmp_code": 0,
                "icmp_type": 0,
                "ipv6_cidr_block": "",
                "protocol": "6",
                "rule_no": 110,
                "to_port": 65535
              },
              {
                "action": "allow",
                "cidr_block": "10.20.16.126",
                "from_port": 8530,
                "icmp_code": 0,
                "icmp_type": 0,
                "ipv6_cidr_block": "",
                "protocol": "6",
                "rule_no": 300,
                "to_port": 8531
              },
              {
                "action": "allow",
                "cidr_block": "10.20.15.249/27",
                "from_port": 443,
                "icmp_code": 0,
                "icmp_type": 0,
                "ipv6_cidr_block": "",
                "protocol": "6",
                "rule_no": 100,
                "to_port": 443
              }
            ],
            "id": "acl-a1b83607670ba4c8f",
            "ingress": [
              {
                "action": "allow",
                "cidr_block": "10.0.0.0/8",
                "from_port": 22,
                "icmp_code": 0,
                "icmp_type": 0,
                "ipv6_cidr_block": "",
                "protocol": "17",
                "rule_no": 405,
                "to_port": 65535
              },
              {
                "action": "allow",
                "cidr_block": "10.0.0.0/8",
                "from_port": 22,
                "icmp_code": 0,
                "icmp_type": 0,
                "ipv6_cidr_block": "",
                "protocol": "6",
                "rule_no": 400,
                "to_port": 65535
              },
              {
                "action": "allow",
                "cidr_block": "10.20.96.43/27",
                "from_port": 0,
                "icmp_code": 0,
                "icmp_type": 0,
                "ipv6_cidr_block": "",
                "protocol": "-1",
                "rule_no": 240,
                "to_port": 0
              },
              {
                "action": "allow",
                "cidr_block": "10.20.203.19",
                "from_port": 0,
                "icmp_code": 0,
                "icmp_type": 0,
                "ipv6_cidr_block": "",
                "protocol": "-1",
                "rule_no": 260,
                "to_port": 0
              },
              {
                "action": "allow",
                "cidr_block": "10.20.154.230/27",
                "from_port": 0,
                "icmp_code": 0,
                "icmp_type": 0,
                "ipv6_cidr_block": "",
                "protocol": "-1",
                "rule_no": 250,
                "to_port": 0
              },
              {
                "action": "allow",
                "cidr_block": "10.20.37.75",
                "from_port": 0,
                "icmp_code": 0,
                "icmp_type": 0,
                "ipv6_cidr_block": "",
                "protocol": "-1",
                "rule_no": 270,
                "to_port": 0
              },
              {
                "action": "allow",
                "cidr_block": "10.20.171.158/28",
                "from_port": 22,
                "icmp_code": 0,
                "icmp_type": 0,
                "ipv6_cidr_block": "",
                "protocol": "6",
                "rule_no": 200,
                "to_port": 65535
              },
              {
                "action": "allow",
                "cidr_block": "10.20.112.222/28",
                "from_port": 1024,
                "icmp_code": 0,
                "icmp_type": 0,
                "ipv6_cidr_block": "",
                "protocol": "6",
                "rule_no": 150,
                "to_port": 65535
              },
              {
                "action": "allow",
                "cidr_block": "10.20.112.222/28",
                "from_port": 22,
                "icmp_code": 0,
                "icmp_type": 0,
                "ipv6_cidr_block": "",
                "protocol": "6",
                "rule_no": 210,
                "to_port": 65535
              },
              {
                "action": "allow",
                "cidr_block": "10.20.5.116/28",
                "from_port": 1024,
                "icmp_code": 0,
                "icmp_type": 0,
                "ipv6_cidr_block": "",
                "protocol": "6",
                "rule_no": 170,
                "to_port": 65535
              },
              {
                "action": "allow",
                "cidr_block": "10.20.72.240/28",
                "from_port": 1024,
                "icmp_code": 0,
                "icmp_type": 0,
                "ipv6_cidr_block": "",
                "protocol": "6",
                "rule_no": 160,
                "to_port": 65535
              },
              {
                "action": "allow",
                "cidr_block": "10.20.209.141",
                "from_port": 1024,
                "icmp_code": 0,
                "icmp_type": 0,
                "ipv6_cidr_block": "",
                "protocol": "6",
                "rule_no": 230,
                "to_port": 65535
              },
              {
                "action": "allow",
                "cidr_block": "10.20.200.100",
                "from_port": 1024,
                "icmp_code": 0,
                "icmp_type": 0,
                "ipv6_cidr_block": "",
                "protocol": "6",
                "rule_no": 350,
                "to_port": 65535
              },
              {
                "action": "allow",
                "cidr_block": "10.20.93.75/28",
                "from_port": 1024,
                "icmp_code": 0,
                "icmp_type": 0,
                "ipv6_cidr_block": "",
                "protocol": "17",
                "rule_no": 111,
                "to_port": 65535
              },
              {
                "action": "allow",
                "cidr_block": "10.20.93.75/28",
                "from_port": 1024,
                "icmp_code": 0,
                "icmp_type": 0,
                "ipv6_cidr_block": "",
                "protocol": "6",
                "rule_no": 110,
                "to_port": 65535
              },
              {
                "action": "allow",
                "cidr_block": "10.20.16.126",
                "from_port": 1024,
                "icmp_code": 0,
                "icmp_type": 0,
                "ipv6_cidr_block": "",
                "protocol": "6",
                "rule_no": 300,
                "to_port": 65535
              },
              {
                "action": "allow",
                "cidr_block": "10.20.15.249/27",
                "from_port": 1024,
                "icmp_code": 0,
                "icmp_type": 0,
                "ipv6_cidr_block": "",
                "protocol": "6",
                "rule_no": 100,
                "to_port": 65535
              }
            ],
            "owner_id": "111111111111",
            "subnet_ids": [
              "subnet-4cf045070400ce875"
            ],
            "tags": {
              "Alias": "NA",
              "Author": "Vendor",
              "Created-by": "Terraform",
              "Name": "nacl-XXXX-uat-app-01",
              "Purpose": "Allow access to XXXX Intranets App",
              "agency-code": "xxxx",
              "environment": "uat",
              "project-code": "XXXX",
              "zone": "ia"
            },
            "tags_all": {
              "Alias": "NA",
              "Author": "Vendor",
              "Created-by": "Terraform",
              "Name": "nacl-XXXX-uat-app-01",
              "Purpose": "Allow access to XXXX Intranets App",
              "agency-code": "xxxx",
              "environment": "uat",
              "project-code": "XXXX",
              "zone": "ia"
            },
            "vpc_id": "vpc-f4efee4924c32459f"
          },
          "sensitive_attributes": [],
          "private": "bnVsbA==",
          "dependencies": [
            "module.fabric.module.subnet.aws_subnet.this"
          ]
        },
        {
          "index_key": 2,
          "schema_version": 0,
          "attributes": {
            "arn": "arn:aws:ec2:ap-southeast-1:111111111111:network-acl/acl-7d1233b931865feb3",
            "egress": [
              {
                "action": "allow",
                "cidr_block": "10.20.171.158/28",
                "from_port": 22,
                "icmp_code": 0,
                "icmp_type": 0,
                "ipv6_cidr_block": "",
                "protocol": "6",
                "rule_no": 200,
                "to_port": 65535
              },
              {
                "action": "allow",
                "cidr_block": "10.20.189.194/28",
                "from_port": 1024,
                "icmp_code": 0,
                "icmp_type": 0,
                "ipv6_cidr_block": "",
                "protocol": "6",
                "rule_no": 150,
                "to_port": 65535
              },
              {
                "action": "allow",
                "cidr_block": "10.20.189.194/28",
                "from_port": 22,
                "icmp_code": 0,
                "icmp_type": 0,
                "ipv6_cidr_block": "",
                "protocol": "6",
                "rule_no": 210,
                "to_port": 65535
              },
              {
                "action": "allow",
                "cidr_block": "10.20.200.100",
                "from_port": 1024,
                "icmp_code": 0,
                "icmp_type": 0,
                "ipv6_cidr_block": "",
                "protocol": "6",
                "rule_no": 350,
                "to_port": 65535
              },
              {
                "action": "allow",
                "cidr_block": "10.20.93.75/28",
                "from_port": 53,
                "icmp_code": 0,
                "icmp_type": 0,
                "ipv6_cidr_block": "",
                "protocol": "17",
                "rule_no": 111,
                "to_port": 65535
              },
              {
                "action": "allow",
                "cidr_block": "10.20.93.75/28",
                "from_port": 53,
                "icmp_code": 0,
                "icmp_type": 0,
                "ipv6_cidr_block": "",
                "protocol": "6",
                "rule_no": 110,
                "to_port": 65535
              },
              {
                "action": "allow",
                "cidr_block": "10.20.164.65",
                "from_port": 22,
                "icmp_code": 0,
                "icmp_type": 0,
                "ipv6_cidr_block": "",
                "protocol": "6",
                "rule_no": 400,
                "to_port": 22
              },
              {
                "action": "allow",
                "cidr_block": "10.20.16.126",
                "from_port": 8530,
                "icmp_code": 0,
                "icmp_type": 0,
                "ipv6_cidr_block": "",
                "protocol": "6",
                "rule_no": 300,
                "to_port": 8531
              },
              {
                "action": "allow",
                "cidr_block": "10.20.15.249/27",
                "from_port": 443,
                "icmp_code": 0,
                "icmp_type": 0,
                "ipv6_cidr_block": "",
                "protocol": "6",
                "rule_no": 100,
                "to_port": 443
              }
            ],
            "id": "acl-7d1233b931865feb3",
            "ingress": [
              {
                "action": "allow",
                "cidr_block": "10.20.171.158/28",
                "from_port": 22,
                "icmp_code": 0,
                "icmp_type": 0,
                "ipv6_cidr_block": "",
                "protocol": "6",
                "rule_no": 200,
                "to_port": 65535
              },
              {
                "action": "allow",
                "cidr_block": "10.20.189.194/28",
                "from_port": 1533,
                "icmp_code": 0,
                "icmp_type": 0,
                "ipv6_cidr_block": "",
                "protocol": "6",
                "rule_no": 150,
                "to_port": 1533
              },
              {
                "action": "allow",
                "cidr_block": "10.20.189.194/28",
                "from_port": 22,
                "icmp_code": 0,
                "icmp_type": 0,
                "ipv6_cidr_block": "",
                "protocol": "6",
                "rule_no": 210,
                "to_port": 65535
              },
              {
                "action": "allow",
                "cidr_block": "10.20.200.100",
                "from_port": 1024,
                "icmp_code": 0,
                "icmp_type": 0,
                "ipv6_cidr_block": "",
                "protocol": "6",
                "rule_no": 350,
                "to_port": 65535
              },
              {
                "action": "allow",
                "cidr_block": "10.20.93.75/28",
                "from_port": 1024,
                "icmp_code": 0,
                "icmp_type": 0,
                "ipv6_cidr_block": "",
                "protocol": "17",
                "rule_no": 111,
                "to_port": 65535
              },
              {
                "action": "allow",
                "cidr_block": "10.20.93.75/28",
                "from_port": 1024,
                "icmp_code": 0,
                "icmp_type": 0,
                "ipv6_cidr_block": "",
                "protocol": "6",
                "rule_no": 110,
                "to_port": 65535
              },
              {
                "action": "allow",
                "cidr_block": "10.20.164.65",
                "from_port": 1024,
                "icmp_code": 0,
                "icmp_type": 0,
                "ipv6_cidr_block": "",
                "protocol": "6",
                "rule_no": 400,
                "to_port": 65535
              },
              {
                "action": "allow",
                "cidr_block": "10.20.16.126",
                "from_port": 1024,
                "icmp_code": 0,
                "icmp_type": 0,
                "ipv6_cidr_block": "",
                "protocol": "6",
                "rule_no": 300,
                "to_port": 65535
              },
              {
                "action": "allow",
                "cidr_block": "10.20.15.249/27",
                "from_port": 1024,
                "icmp_code": 0,
                "icmp_type": 0,
                "ipv6_cidr_block": "",
                "protocol": "6",
                "rule_no": 100,
                "to_port": 65535
              }
            ],
            "owner_id": "111111111111",
            "subnet_ids": [
              "subnet-8729cebe40cd0ce97"
            ],
            "tags": {
              "Alias": "NA",
              "Author": "Vendor",
              "Created-by": "Terraform",
              "Name": "nacl-XXXX-uat-db-01",
              "Purpose": "Allow access to XXXX Intranets DB",
              "agency-code": "xxxx",
              "environment": "uat",
              "project-code": "XXXX",
              "zone": "ia"
            },
            "tags_all": {
              "Alias": "NA",
              "Author": "Vendor",
              "Created-by": "Terraform",
              "Name": "nacl-XXXX-uat-db-01",
              "Purpose": "Allow access to XXXX Intranets DB",
              "agency-code": "xxxx",
              "environment": "uat",
              "project-code": "XXXX",
              "zone": "ia"
            },
            "vpc_id": "vpc-f4efee4924c32459f"
          },
          "sensitive_attributes": [],
          "private": "bnVsbA==",
          "dependencies": [
            "module.fabric.module.subnet.aws_subnet.this"
          ]
        },
        {
          "index_key": 3,
          "schema_version": 0,
          "attributes": {
            "arn": "arn:aws:ec2:ap-southeast-1:111111111111:network-acl/acl-baf6e0dc0a983e1be",
            "egress": [
              {
                "action": "allow",
                "cidr_block": "10.0.0.0/8",
                "from_port": 443,
                "icmp_code": 0,
                "icmp_type": 0,
                "ipv6_cidr_block": "",
                "protocol": "6",
                "rule_no": 100,
                "to_port": 65535
              },
              {
                "action": "allow",
                "cidr_block": "10.20.200.100",
                "from_port": 1024,
                "icmp_code": 0,
                "icmp_type": 0,
                "ipv6_cidr_block": "",
                "protocol": "6",
                "rule_no": 350,
                "to_port": 65535
              },
              {
                "action": "allow",
                "cidr_block": "10.20.93.75/28",
                "from_port": 53,
                "icmp_code": 0,
                "icmp_type": 0,
                "ipv6_cidr_block": "",
                "protocol": "6",
                "rule_no": 110,
                "to_port": 65535
              },
              {
                "action": "allow",
                "cidr_block": "10.20.98.245/25",
                "from_port": 443,
                "icmp_code": 0,
                "icmp_type": 0,
                "ipv6_cidr_block": "",
                "protocol": "6",
                "rule_no": 400,
                "to_port": 443
              },
              {
                "action": "allow",
                "cidr_block": "10.20.16.126",
                "from_port": 8530,
                "icmp_code": 0,
                "icmp_type": 0,
                "ipv6_cidr_block": "",
                "protocol": "6",
                "rule_no": 300,
                "to_port": 8531
              }
            ],
            "id": "acl-baf6e0dc0a983e1be",
            "ingress": [
              {
                "action": "allow",
                "cidr_block": "10.0.0.0/8",
                "from_port": 443,
                "icmp_code": 0,
                "icmp_type": 0,
                "ipv6_cidr_block": "",
                "protocol": "6",
                "rule_no": 100,
                "to_port": 65535
              },
              {
                "action": "allow",
                "cidr_block": "10.20.200.100",
                "from_port": 1024,
                "icmp_code": 0,
                "icmp_type": 0,
                "ipv6_cidr_block": "",
                "protocol": "6",
                "rule_no": 350,
                "to_port": 65535
              },
              {
                "action": "allow",
                "cidr_block": "10.20.93.75/28",
                "from_port": 1024,
                "icmp_code": 0,
                "icmp_type": 0,
                "ipv6_cidr_block": "",
                "protocol": "6",
                "rule_no": 110,
                "to_port": 65535
              },
              {
                "action": "allow",
                "cidr_block": "10.20.98.245/25",
                "from_port": 1024,
                "icmp_code": 0,
                "icmp_type": 0,
                "ipv6_cidr_block": "",
                "protocol": "6",
                "rule_no": 400,
                "to_port": 65535
              },
              {
                "action": "allow",
                "cidr_block": "10.20.16.126",
                "from_port": 1024,
                "icmp_code": 0,
                "icmp_type": 0,
                "ipv6_cidr_block": "",
                "protocol": "6",
                "rule_no": 300,
                "to_port": 65535
              }
            ],
            "owner_id": "111111111111",
            "subnet_ids": [
              "subnet-1b66049e48f0a3eb1"
            ],
            "tags": {
              "Alias": "NA",
              "Author": "Vendor",
              "Created-by": "Terraform",
              "Name": "nacl-XXXX-uat-proxy-01",
              "Purpose": "Allow access to XXXX webproxy",
              "agency-code": "xxxx",
              "environment": "uat",
              "project-code": "XXXX",
              "zone": "ia"
            },
            "tags_all": {
              "Alias": "NA",
              "Author": "Vendor",
              "Created-by": "Terraform",
              "Name": "nacl-XXXX-uat-proxy-01",
              "Purpose": "Allow access to XXXX webproxy",
              "agency-code": "xxxx",
              "environment": "uat",
              "project-code": "XXXX",
              "zone": "ia"
            },
            "vpc_id": "vpc-f4efee4924c32459f"
          },
          "sensitive_attributes": [],
          "private": "bnVsbA==",
          "dependencies": [
            "module.fabric.module.subnet.aws_subnet.this"
          ]
        }
      ]
    },
    {
      "module": "module.fabric.module.network_acl_rule",
      "mode": "managed",
      "type": "aws_network_acl_rule",
      "name": "this",
      "provider": "provider[\"registry.terraform.io/hashicorp/aws\"]",
      "instances": [
        {
          "index_key": 0,
          "schema_version": 0,
          "attributes": {
            "cidr_block": "10.20.15.249/27",
            "egress": false,
            "from_port": 1024,
            "icmp_code": null,
            "icmp_type": null,
            "id": "nacl-208371823",
            "ipv6_cidr_block": "",
            "network_acl_id": "acl-806c6b42929ebf357",
            "protocol": "6",
            "rule_action": "allow",
            "rule_number": 100,
            "to_port": 65535
          },
          "sensitive_attributes": [],
          "private": "bnVsbA==",
          "dependencies": [
            "module.fabric.module.network_acl.aws_network_acl.this",
            "module.fabric.module.subnet.aws_subnet.this"
          ]
        },
        {
          "index_key": 1,
          "schema_version": 0,
          "attributes": {
            "cidr_block": "10.20.15.249/27",
            "egress": true,
            "from_port": 443,
            "icmp_code": null,
            "icmp_type": null,
            "id": "nacl-3802855852",
            "ipv6_cidr_block": "",
            "network_acl_id": "acl-806c6b42929ebf357",
            "protocol": "6",
            "rule_action": "allow",
            "rule_number": 100,
            "to_port": 443
          },
          "sensitive_attributes": [],
          "private": "bnVsbA==",
          "dependencies": [
            "module.fabric.module.network_acl.aws_network_acl.this",
            "module.fabric.module.subnet.aws_subnet.this"
          ]
        },
        {
          "index_key": 2,
          "schema_version": 0,
          "attributes": {
            "cidr_block": "10.20.15.249/27",
            "egress": false,
            "from_port": 1024,
            "icmp_code": null,
            "icmp_type": null,
            "id": "nacl-3612693101",
            "ipv6_cidr_block": "",
            "network_acl_id": "acl-a1b83607670ba4c8f",
            "protocol": "6",
            "rule_action": "allow",
            "rule_number": 100,
            "to_port": 65535
          },
          "sensitive_attributes": [],
          "private": "bnVsbA==",
          "dependencies": [
            "module.fabric.module.network_acl.aws_network_acl.this",
            "module.fabric.module.subnet.aws_subnet.this"
          ]
        },
        {
          "index_key": 3,
          "schema_version": 0,
          "attributes": {
            "cidr_block": "10.20.15.249/27",
            "egress": true,
            "from_port": 443,
            "icmp_code": null,
            "icmp_type": null,
            "id": "nacl-1739664774",
            "ipv6_cidr_block": "",
            "network_acl_id": "acl-a1b83607670ba4c8f",
            "protocol": "6",
            "rule_action": "allow",
            "rule_number": 100,
            "to_port": 443
          },
          "sensitive_attributes": [],
          "private": "bnVsbA==",
          "dependencies": [
            "module.fabric.module.network_acl.aws_network_acl.this",
            "module.fabric.module.subnet.aws_subnet.this"
          ]
        },
        {
          "index_key": 4,
          "schema_version": 0,
          "attributes": {
            "cidr_block": "10.20.15.249/27",
            "egress": false,
            "from_port": 1024,
            "icmp_code": null,
            "icmp_type": null,
            "id": "nacl-1760312353",
            "ipv6_cidr_block": "",
            "network_acl_id": "acl-7d1233b931865feb3",
            "protocol": "6",
            "rule_action": "allow",
            "rule_number": 100,
            "to_port": 65535
          },
          "sensitive_attributes": [],
          "private": "bnVsbA==",
          "dependencies": [
            "module.fabric.module.network_acl.aws_network_acl.this",
            "module.fabric.module.subnet.aws_subnet.this"
          ]
        },
        {
          "index_key": 5,
          "schema_version": 0,
          "attributes": {
            "cidr_block": "10.20.15.249/27",
            "egress": true,
            "from_port": 443,
            "icmp_code": null,
            "icmp_type": null,
            "id": "nacl-247363509",
            "ipv6_cidr_block": "",
            "network_acl_id": "acl-7d1233b931865feb3",
            "protocol": "6",
            "rule_action": "allow",
            "rule_number": 100,
            "to_port": 443
          },
          "sensitive_attributes": [],
          "private": "bnVsbA==",
          "dependencies": [
            "module.fabric.module.network_acl.aws_network_acl.this",
            "module.fabric.module.subnet.aws_subnet.this"
          ]
        },
        {
          "index_key": 6,
          "schema_version": 0,
          "attributes": {
            "cidr_block": "10.20.93.75/28",
            "egress": false,
            "from_port": 1024,
            "icmp_code": null,
            "icmp_type": null,
            "id": "nacl-3454361519",
            "ipv6_cidr_block": "",
            "network_acl_id": "acl-806c6b42929ebf357",
            "protocol": "6",
            "rule_action": "allow",
            "rule_number": 110,
            "to_port": 65535
          },
          "sensitive_attributes": [],
          "private": "bnVsbA==",
          "dependencies": [
            "module.fabric.module.network_acl.aws_network_acl.this",
            "module.fabric.module.subnet.aws_subnet.this"
          ]
        },
        {
          "index_key": 7,
          "schema_version": 0,
          "attributes": {
            "cidr_block": "10.20.93.75/28",
            "egress": true,
            "from_port": 53,
            "icmp_code": null,
            "icmp_type": null,
            "id": "nacl-224957074",
            "ipv6_cidr_block": "",
            "network_acl_id": "acl-806c6b42929ebf357",
            "protocol": "6",
            "rule_action": "allow",
            "rule_number": 110,
            "to_port": 65535
          },
          "sensitive_attributes": [],
          "private": "bnVsbA==",
          "dependencies": [
            "module.fabric.module.network_acl.aws_network_acl.this",
            "module.fabric.module.subnet.aws_subnet.this"
          ]
        },
        {
          "index_key": 8,
          "schema_version": 0,
          "attributes": {
            "cidr_block": "10.20.93.75/28",
            "egress": false,
            "from_port": 1024,
            "icmp_code": null,
            "icmp_type": null,
            "id": "nacl-383487405",
            "ipv6_cidr_block": "",
            "network_acl_id": "acl-a1b83607670ba4c8f",
            "protocol": "6",
            "rule_action": "allow",
            "rule_number": 110,
            "to_port": 65535
          },
          "sensitive_attributes": [],
          "private": "bnVsbA==",
          "dependencies": [
            "module.fabric.module.network_acl.aws_network_acl.this",
            "module.fabric.module.subnet.aws_subnet.this"
          ]
        },
        {
          "index_key": 9,
          "schema_version": 0,
          "attributes": {
            "cidr_block": "10.20.93.75/28",
            "egress": true,
            "from_port": 53,
            "icmp_code": null,
            "icmp_type": null,
            "id": "nacl-2289256120",
            "ipv6_cidr_block": "",
            "network_acl_id": "acl-a1b83607670ba4c8f",
            "protocol": "6",
            "rule_action": "allow",
            "rule_number": 110,
            "to_port": 65535
          },
          "sensitive_attributes": [],
          "private": "bnVsbA==",
          "dependencies": [
            "module.fabric.module.network_acl.aws_network_acl.this",
            "module.fabric.module.subnet.aws_subnet.this"
          ]
        },
        {
          "index_key": 10,
          "schema_version": 0,
          "attributes": {
            "cidr_block": "10.20.93.75/28",
            "egress": false,
            "from_port": 1024,
            "icmp_code": null,
            "icmp_type": null,
            "id": "nacl-2841830369",
            "ipv6_cidr_block": "",
            "network_acl_id": "acl-7d1233b931865feb3",
            "protocol": "6",
            "rule_action": "allow",
            "rule_number": 110,
            "to_port": 65535
          },
          "sensitive_attributes": [],
          "private": "bnVsbA==",
          "dependencies": [
            "module.fabric.module.network_acl.aws_network_acl.this",
            "module.fabric.module.subnet.aws_subnet.this"
          ]
        },
        {
          "index_key": 11,
          "schema_version": 0,
          "attributes": {
            "cidr_block": "10.20.93.75/28",
            "egress": true,
            "from_port": 53,
            "icmp_code": null,
            "icmp_type": null,
            "id": "nacl-3783007371",
            "ipv6_cidr_block": "",
            "network_acl_id": "acl-7d1233b931865feb3",
            "protocol": "6",
            "rule_action": "allow",
            "rule_number": 110,
            "to_port": 65535
          },
          "sensitive_attributes": [],
          "private": "bnVsbA==",
          "dependencies": [
            "module.fabric.module.network_acl.aws_network_acl.this",
            "module.fabric.module.subnet.aws_subnet.this"
          ]
        },
        {
          "index_key": 12,
          "schema_version": 0,
          "attributes": {
            "cidr_block": "10.20.112.222/28",
            "egress": true,
            "from_port": 1533,
            "icmp_code": null,
            "icmp_type": null,
            "id": "nacl-2174281410",
            "ipv6_cidr_block": "",
            "network_acl_id": "acl-a1b83607670ba4c8f",
            "protocol": "6",
            "rule_action": "allow",
            "rule_number": 150,
            "to_port": 1533
          },
          "sensitive_attributes": [],
          "private": "bnVsbA==",
          "dependencies": [
            "module.fabric.module.network_acl.aws_network_acl.this",
            "module.fabric.module.subnet.aws_subnet.this"
          ]
        },
        {
          "index_key": 13,
          "schema_version": 0,
          "attributes": {
            "cidr_block": "10.20.112.222/28",
            "egress": false,
            "from_port": 1024,
            "icmp_code": null,
            "icmp_type": null,
            "id": "nacl-2785213999",
            "ipv6_cidr_block": "",
            "network_acl_id": "acl-a1b83607670ba4c8f",
            "protocol": "6",
            "rule_action": "allow",
            "rule_number": 150,
            "to_port": 65535
          },
          "sensitive_attributes": [],
          "private": "bnVsbA==",
          "dependencies": [
            "module.fabric.module.network_acl.aws_network_acl.this",
            "module.fabric.module.subnet.aws_subnet.this"
          ]
        },
        {
          "index_key": 14,
          "schema_version": 0,
          "attributes": {
            "cidr_block": "10.20.189.194/28",
            "egress": false,
            "from_port": 1533,
            "icmp_code": null,
            "icmp_type": null,
            "id": "nacl-431722595",
            "ipv6_cidr_block": "",
            "network_acl_id": "acl-7d1233b931865feb3",
            "protocol": "6",
            "rule_action": "allow",
            "rule_number": 150,
            "to_port": 1533
          },
          "sensitive_attributes": [],
          "private": "bnVsbA==",
          "dependencies": [
            "module.fabric.module.network_acl.aws_network_acl.this",
            "module.fabric.module.subnet.aws_subnet.this"
          ]
        },
        {
          "index_key": 15,
          "schema_version": 0,
          "attributes": {
            "cidr_block": "10.20.189.194/28",
            "egress": true,
            "from_port": 1024,
            "icmp_code": null,
            "icmp_type": null,
            "id": "nacl-3902258417",
            "ipv6_cidr_block": "",
            "network_acl_id": "acl-7d1233b931865feb3",
            "protocol": "6",
            "rule_action": "allow",
            "rule_number": 150,
            "to_port": 65535
          },
          "sensitive_attributes": [],
          "private": "bnVsbA==",
          "dependencies": [
            "module.fabric.module.network_acl.aws_network_acl.this",
            "module.fabric.module.subnet.aws_subnet.this"
          ]
        },
        {
          "index_key": 16,
          "schema_version": 0,
          "attributes": {
            "cidr_block": "10.20.72.240/28",
            "egress": true,
            "from_port": 25,
            "icmp_code": null,
            "icmp_type": null,
            "id": "nacl-1789877697",
            "ipv6_cidr_block": "",
            "network_acl_id": "acl-a1b83607670ba4c8f",
            "protocol": "6",
            "rule_action": "allow",
            "rule_number": 160,
            "to_port": 25
          },
          "sensitive_attributes": [],
          "private": "bnVsbA==",
          "dependencies": [
            "module.fabric.module.network_acl.aws_network_acl.this",
            "module.fabric.module.subnet.aws_subnet.this"
          ]
        },
        {
          "index_key": 17,
          "schema_version": 0,
          "attributes": {
            "cidr_block": "10.20.72.240/28",
            "egress": false,
            "from_port": 1024,
            "icmp_code": null,
            "icmp_type": null,
            "id": "nacl-1071683630",
            "ipv6_cidr_block": "",
            "network_acl_id": "acl-a1b83607670ba4c8f",
            "protocol": "6",
            "rule_action": "allow",
            "rule_number": 160,
            "to_port": 65535
          },
          "sensitive_attributes": [],
          "private": "bnVsbA==",
          "dependencies": [
            "module.fabric.module.network_acl.aws_network_acl.this",
            "module.fabric.module.subnet.aws_subnet.this"
          ]
        },
        {
          "index_key": 18,
          "schema_version": 0,
          "attributes": {
            "cidr_block": "10.20.5.116/28",
            "egress": true,
            "from_port": 443,
            "icmp_code": null,
            "icmp_type": null,
            "id": "nacl-2238527231",
            "ipv6_cidr_block": "",
            "network_acl_id": "acl-a1b83607670ba4c8f",
            "protocol": "6",
            "rule_action": "allow",
            "rule_number": 170,
            "to_port": 443
          },
          "sensitive_attributes": [],
          "private": "bnVsbA==",
          "dependencies": [
            "module.fabric.module.network_acl.aws_network_acl.this",
            "module.fabric.module.subnet.aws_subnet.this"
          ]
        },
        {
          "index_key": 19,
          "schema_version": 0,
          "attributes": {
            "cidr_block": "10.20.5.116/28",
            "egress": false,
            "from_port": 1024,
            "icmp_code": null,
            "icmp_type": null,
            "id": "nacl-4268640238",
            "ipv6_cidr_block": "",
            "network_acl_id": "acl-a1b83607670ba4c8f",
            "protocol": "6",
            "rule_action": "allow",
            "rule_number": 170,
            "to_port": 65535
          },
          "sensitive_attributes": [],
          "private": "bnVsbA==",
          "dependencies": [
            "module.fabric.module.network_acl.aws_network_acl.this",
            "module.fabric.module.subnet.aws_subnet.this"
          ]
        },
        {
          "index_key": 20,
          "schema_version": 0,
          "attributes": {
            "cidr_block": "10.20.189.194/28",
            "egress": true,
            "from_port": 22,
            "icmp_code": null,
            "icmp_type": null,
            "id": "nacl-2068357037",
            "ipv6_cidr_block": "",
            "network_acl_id": "acl-806c6b42929ebf357",
            "protocol": "6",
            "rule_action": "allow",
            "rule_number": 200,
            "to_port": 65535
          },
          "sensitive_attributes": [],
          "private": "bnVsbA==",
          "dependencies": [
            "module.fabric.module.network_acl.aws_network_acl.this",
            "module.fabric.module.subnet.aws_subnet.this"
          ]
        },
        {
          "index_key": 21,
          "schema_version": 0,
          "attributes": {
            "cidr_block": "10.20.189.194/28",
            "egress": false,
            "from_port": 22,
            "icmp_code": null,
            "icmp_type": null,
            "id": "nacl-2079675039",
            "ipv6_cidr_block": "",
            "network_acl_id": "acl-806c6b42929ebf357",
            "protocol": "6",
            "rule_action": "allow",
            "rule_number": 200,
            "to_port": 65535
          },
          "sensitive_attributes": [],
          "private": "bnVsbA==",
          "dependencies": [
            "module.fabric.module.network_acl.aws_network_acl.this",
            "module.fabric.module.subnet.aws_subnet.this"
          ]
        },
        {
          "index_key": 22,
          "schema_version": 0,
          "attributes": {
            "cidr_block": "10.20.112.222/28",
            "egress": true,
            "from_port": 22,
            "icmp_code": null,
            "icmp_type": null,
            "id": "nacl-2492134547",
            "ipv6_cidr_block": "",
            "network_acl_id": "acl-806c6b42929ebf357",
            "protocol": "6",
            "rule_action": "allow",
            "rule_number": 210,
            "to_port": 65535
          },
          "sensitive_attributes": [],
          "private": "bnVsbA==",
          "dependencies": [
            "module.fabric.module.network_acl.aws_network_acl.this",
            "module.fabric.module.subnet.aws_subnet.this"
          ]
        },
        {
          "index_key": 23,
          "schema_version": 0,
          "attributes": {
            "cidr_block": "10.20.112.222/28",
            "egress": false,
            "from_port": 22,
            "icmp_code": null,
            "icmp_type": null,
            "id": "nacl-3128659295",
            "ipv6_cidr_block": "",
            "network_acl_id": "acl-806c6b42929ebf357",
            "protocol": "6",
            "rule_action": "allow",
            "rule_number": 210,
            "to_port": 65535
          },
          "sensitive_attributes": [],
          "private": "bnVsbA==",
          "dependencies": [
            "module.fabric.module.network_acl.aws_network_acl.this",
            "module.fabric.module.subnet.aws_subnet.this"
          ]
        },
        {
          "index_key": 24,
          "schema_version": 0,
          "attributes": {
            "cidr_block": "10.20.171.158/28",
            "egress": true,
            "from_port": 22,
            "icmp_code": null,
            "icmp_type": null,
            "id": "nacl-4266871687",
            "ipv6_cidr_block": "",
            "network_acl_id": "acl-a1b83607670ba4c8f",
            "protocol": "6",
            "rule_action": "allow",
            "rule_number": 200,
            "to_port": 65535
          },
          "sensitive_attributes": [],
          "private": "bnVsbA==",
          "dependencies": [
            "module.fabric.module.network_acl.aws_network_acl.this",
            "module.fabric.module.subnet.aws_subnet.this"
          ]
        },
        {
          "index_key": 25,
          "schema_version": 0,
          "attributes": {
            "cidr_block": "10.20.171.158/28",
            "egress": false,
            "from_port": 22,
            "icmp_code": null,
            "icmp_type": null,
            "id": "nacl-2697691293",
            "ipv6_cidr_block": "",
            "network_acl_id": "acl-a1b83607670ba4c8f",
            "protocol": "6",
            "rule_action": "allow",
            "rule_number": 200,
            "to_port": 65535
          },
          "sensitive_attributes": [],
          "private": "bnVsbA==",
          "dependencies": [
            "module.fabric.module.network_acl.aws_network_acl.this",
            "module.fabric.module.subnet.aws_subnet.this"
          ]
        },
        {
          "index_key": 26,
          "schema_version": 0,
          "attributes": {
            "cidr_block": "10.20.112.222/28",
            "egress": true,
            "from_port": 22,
            "icmp_code": null,
            "icmp_type": null,
            "id": "nacl-294723769",
            "ipv6_cidr_block": "",
            "network_acl_id": "acl-a1b83607670ba4c8f",
            "protocol": "6",
            "rule_action": "allow",
            "rule_number": 210,
            "to_port": 65535
          },
          "sensitive_attributes": [],
          "private": "bnVsbA==",
          "dependencies": [
            "module.fabric.module.network_acl.aws_network_acl.this",
            "module.fabric.module.subnet.aws_subnet.this"
          ]
        },
        {
          "index_key": 27,
          "schema_version": 0,
          "attributes": {
            "cidr_block": "10.20.112.222/28",
            "egress": false,
            "from_port": 22,
            "icmp_code": null,
            "icmp_type": null,
            "id": "nacl-1631936349",
            "ipv6_cidr_block": "",
            "network_acl_id": "acl-a1b83607670ba4c8f",
            "protocol": "6",
            "rule_action": "allow",
            "rule_number": 210,
            "to_port": 65535
          },
          "sensitive_attributes": [],
          "private": "bnVsbA==",
          "dependencies": [
            "module.fabric.module.network_acl.aws_network_acl.this",
            "module.fabric.module.subnet.aws_subnet.this"
          ]
        },
        {
          "index_key": 28,
          "schema_version": 0,
          "attributes": {
            "cidr_block": "10.20.171.158/28",
            "egress": true,
            "from_port": 22,
            "icmp_code": null,
            "icmp_type": null,
            "id": "nacl-2539393460",
            "ipv6_cidr_block": "",
            "network_acl_id": "acl-7d1233b931865feb3",
            "protocol": "6",
            "rule_action": "allow",
            "rule_number": 200,
            "to_port": 65535
          },
          "sensitive_attributes": [],
          "private": "bnVsbA==",
          "dependencies": [
            "module.fabric.module.network_acl.aws_network_acl.this",
            "module.fabric.module.subnet.aws_subnet.this"
          ]
        },
        {
          "index_key": 29,
          "schema_version": 0,
          "attributes": {
            "cidr_block": "10.20.171.158/28",
            "egress": false,
            "from_port": 22,
            "icmp_code": null,
            "icmp_type": null,
            "id": "nacl-527625937",
            "ipv6_cidr_block": "",
            "network_acl_id": "acl-7d1233b931865feb3",
            "protocol": "6",
            "rule_action": "allow",
            "rule_number": 200,
            "to_port": 65535
          },
          "sensitive_attributes": [],
          "private": "bnVsbA==",
          "dependencies": [
            "module.fabric.module.network_acl.aws_network_acl.this",
            "module.fabric.module.subnet.aws_subnet.this"
          ]
        },
        {
          "index_key": 30,
          "schema_version": 0,
          "attributes": {
            "cidr_block": "10.20.189.194/28",
            "egress": true,
            "from_port": 22,
            "icmp_code": null,
            "icmp_type": null,
            "id": "nacl-2023651978",
            "ipv6_cidr_block": "",
            "network_acl_id": "acl-7d1233b931865feb3",
            "protocol": "6",
            "rule_action": "allow",
            "rule_number": 210,
            "to_port": 65535
          },
          "sensitive_attributes": [],
          "private": "bnVsbA==",
          "dependencies": [
            "module.fabric.module.network_acl.aws_network_acl.this",
            "module.fabric.module.subnet.aws_subnet.this"
          ]
        },
        {
          "index_key": 31,
          "schema_version": 0,
          "attributes": {
            "cidr_block": "10.20.189.194/28",
            "egress": false,
            "from_port": 22,
            "icmp_code": null,
            "icmp_type": null,
            "id": "nacl-3741069585",
            "ipv6_cidr_block": "",
            "network_acl_id": "acl-7d1233b931865feb3",
            "protocol": "6",
            "rule_action": "allow",
            "rule_number": 210,
            "to_port": 65535
          },
          "sensitive_attributes": [],
          "private": "bnVsbA==",
          "dependencies": [
            "module.fabric.module.network_acl.aws_network_acl.this",
            "module.fabric.module.subnet.aws_subnet.this"
          ]
        },
        {
          "index_key": 32,
          "schema_version": 0,
          "attributes": {
            "cidr_block": "10.20.100.16/25",
            "egress": false,
            "from_port": 22,
            "icmp_code": null,
            "icmp_type": null,
            "id": "nacl-597289822",
            "ipv6_cidr_block": "",
            "network_acl_id": "acl-806c6b42929ebf357",
            "protocol": "6",
            "rule_action": "allow",
            "rule_number": 220,
            "to_port": 65535
          },
          "sensitive_attributes": [],
          "private": "bnVsbA==",
          "dependencies": [
            "module.fabric.module.network_acl.aws_network_acl.this",
            "module.fabric.module.subnet.aws_subnet.this"
          ]
        },
        {
          "index_key": 33,
          "schema_version": 0,
          "attributes": {
            "cidr_block": "10.20.100.16/25",
            "egress": true,
            "from_port": 22,
            "icmp_code": null,
            "icmp_type": null,
            "id": "nacl-2143113104",
            "ipv6_cidr_block": "",
            "network_acl_id": "acl-806c6b42929ebf357",
            "protocol": "6",
            "rule_action": "allow",
            "rule_number": 220,
            "to_port": 65535
          },
          "sensitive_attributes": [],
          "private": "bnVsbA==",
          "dependencies": [
            "module.fabric.module.network_acl.aws_network_acl.this",
            "module.fabric.module.subnet.aws_subnet.this"
          ]
        },
        {
          "index_key": 34,
          "schema_version": 0,
          "attributes": {
            "cidr_block": "10.20.209.141",
            "egress": false,
            "from_port": 1024,
            "icmp_code": null,
            "icmp_type": null,
            "id": "nacl-959047324",
            "ipv6_cidr_block": "",
            "network_acl_id": "acl-a1b83607670ba4c8f",
            "protocol": "6",
            "rule_action": "allow",
            "rule_number": 230,
            "to_port": 65535
          },
          "sensitive_attributes": [],
          "private": "bnVsbA==",
          "dependencies": [
            "module.fabric.module.network_acl.aws_network_acl.this",
            "module.fabric.module.subnet.aws_subnet.this"
          ]
        },
        {
          "index_key": 35,
          "schema_version": 0,
          "attributes": {
            "cidr_block": "10.20.209.141",
            "egress": true,
            "from_port": 12221,
            "icmp_code": null,
            "icmp_type": null,
            "id": "nacl-358936708",
            "ipv6_cidr_block": "",
            "network_acl_id": "acl-a1b83607670ba4c8f",
            "protocol": "6",
            "rule_action": "allow",
            "rule_number": 230,
            "to_port": 12221
          },
          "sensitive_attributes": [],
          "private": "bnVsbA==",
          "dependencies": [
            "module.fabric.module.network_acl.aws_network_acl.this",
            "module.fabric.module.subnet.aws_subnet.this"
          ]
        },
        {
          "index_key": 36,
          "schema_version": 0,
          "attributes": {
            "cidr_block": "10.20.96.43/27",
            "egress": false,
            "from_port": -1,
            "icmp_code": null,
            "icmp_type": null,
            "id": "nacl-34923212",
            "ipv6_cidr_block": "",
            "network_acl_id": "acl-806c6b42929ebf357",
            "protocol": "-1",
            "rule_action": "allow",
            "rule_number": 240,
            "to_port": -1
          },
          "sensitive_attributes": [],
          "private": "bnVsbA==",
          "dependencies": [
            "module.fabric.module.network_acl.aws_network_acl.this",
            "module.fabric.module.subnet.aws_subnet.this"
          ]
        },
        {
          "index_key": 37,
          "schema_version": 0,
          "attributes": {
            "cidr_block": "10.20.96.43/27",
            "egress": true,
            "from_port": -1,
            "icmp_code": null,
            "icmp_type": null,
            "id": "nacl-2031896188",
            "ipv6_cidr_block": "",
            "network_acl_id": "acl-806c6b42929ebf357",
            "protocol": "-1",
            "rule_action": "allow",
            "rule_number": 240,
            "to_port": -1
          },
          "sensitive_attributes": [],
          "private": "bnVsbA==",
          "dependencies": [
            "module.fabric.module.network_acl.aws_network_acl.this",
            "module.fabric.module.subnet.aws_subnet.this"
          ]
        },
        {
          "index_key": 38,
          "schema_version": 0,
          "attributes": {
            "cidr_block": "10.20.154.230/27",
            "egress": false,
            "from_port": -1,
            "icmp_code": null,
            "icmp_type": null,
            "id": "nacl-2578558627",
            "ipv6_cidr_block": "",
            "network_acl_id": "acl-806c6b42929ebf357",
            "protocol": "-1",
            "rule_action": "allow",
            "rule_number": 250,
            "to_port": -1
          },
          "sensitive_attributes": [],
          "private": "bnVsbA==",
          "dependencies": [
            "module.fabric.module.network_acl.aws_network_acl.this",
            "module.fabric.module.subnet.aws_subnet.this"
          ]
        },
        {
          "index_key": 39,
          "schema_version": 0,
          "attributes": {
            "cidr_block": "10.20.154.230/27",
            "egress": true,
            "from_port": -1,
            "icmp_code": null,
            "icmp_type": null,
            "id": "nacl-3096615356",
            "ipv6_cidr_block": "",
            "network_acl_id": "acl-806c6b42929ebf357",
            "protocol": "-1",
            "rule_action": "allow",
            "rule_number": 250,
            "to_port": -1
          },
          "sensitive_attributes": [],
          "private": "bnVsbA==",
          "dependencies": [
            "module.fabric.module.network_acl.aws_network_acl.this",
            "module.fabric.module.subnet.aws_subnet.this"
          ]
        },
        {
          "index_key": 40,
          "schema_version": 0,
          "attributes": {
            "cidr_block": "10.20.96.43/27",
            "egress": false,
            "from_port": -1,
            "icmp_code": null,
            "icmp_type": null,
            "id": "nacl-3972119858",
            "ipv6_cidr_block": "",
            "network_acl_id": "acl-a1b83607670ba4c8f",
            "protocol": "-1",
            "rule_action": "allow",
            "rule_number": 240,
            "to_port": -1
          },
          "sensitive_attributes": [],
          "private": "bnVsbA==",
          "dependencies": [
            "module.fabric.module.network_acl.aws_network_acl.this",
            "module.fabric.module.subnet.aws_subnet.this"
          ]
        },
        {
          "index_key": 41,
          "schema_version": 0,
          "attributes": {
            "cidr_block": "10.20.96.43/27",
            "egress": true,
            "from_port": -1,
            "icmp_code": null,
            "icmp_type": null,
            "id": "nacl-2720175230",
            "ipv6_cidr_block": "",
            "network_acl_id": "acl-a1b83607670ba4c8f",
            "protocol": "-1",
            "rule_action": "allow",
            "rule_number": 240,
            "to_port": -1
          },
          "sensitive_attributes": [],
          "private": "bnVsbA==",
          "dependencies": [
            "module.fabric.module.network_acl.aws_network_acl.this",
            "module.fabric.module.subnet.aws_subnet.this"
          ]
        },
        {
          "index_key": 42,
          "schema_version": 0,
          "attributes": {
            "cidr_block": "10.20.154.230/27",
            "egress": false,
            "from_port": -1,
            "icmp_code": null,
            "icmp_type": null,
            "id": "nacl-2003104093",
            "ipv6_cidr_block": "",
            "network_acl_id": "acl-a1b83607670ba4c8f",
            "protocol": "-1",
            "rule_action": "allow",
            "rule_number": 250,
            "to_port": -1
          },
          "sensitive_attributes": [],
          "private": "bnVsbA==",
          "dependencies": [
            "module.fabric.module.network_acl.aws_network_acl.this",
            "module.fabric.module.subnet.aws_subnet.this"
          ]
        },
        {
          "index_key": 43,
          "schema_version": 0,
          "attributes": {
            "cidr_block": "10.20.154.230/27",
            "egress": true,
            "from_port": -1,
            "icmp_code": null,
            "icmp_type": null,
            "id": "nacl-1672235966",
            "ipv6_cidr_block": "",
            "network_acl_id": "acl-a1b83607670ba4c8f",
            "protocol": "-1",
            "rule_action": "allow",
            "rule_number": 250,
            "to_port": -1
          },
          "sensitive_attributes": [],
          "private": "bnVsbA==",
          "dependencies": [
            "module.fabric.module.network_acl.aws_network_acl.this",
            "module.fabric.module.subnet.aws_subnet.this"
          ]
        },
        {
          "index_key": 44,
          "schema_version": 0,
          "attributes": {
            "cidr_block": "10.20.203.19",
            "egress": false,
            "from_port": -1,
            "icmp_code": null,
            "icmp_type": null,
            "id": "nacl-3996089427",
            "ipv6_cidr_block": "",
            "network_acl_id": "acl-806c6b42929ebf357",
            "protocol": "-1",
            "rule_action": "allow",
            "rule_number": 260,
            "to_port": -1
          },
          "sensitive_attributes": [],
          "private": "bnVsbA==",
          "dependencies": [
            "module.fabric.module.network_acl.aws_network_acl.this",
            "module.fabric.module.subnet.aws_subnet.this"
          ]
        },
        {
          "index_key": 45,
          "schema_version": 0,
          "attributes": {
            "cidr_block": "10.20.203.19",
            "egress": true,
            "from_port": -1,
            "icmp_code": null,
            "icmp_type": null,
            "id": "nacl-561053629",
            "ipv6_cidr_block": "",
            "network_acl_id": "acl-806c6b42929ebf357",
            "protocol": "-1",
            "rule_action": "allow",
            "rule_number": 260,
            "to_port": -1
          },
          "sensitive_attributes": [],
          "private": "bnVsbA==",
          "dependencies": [
            "module.fabric.module.network_acl.aws_network_acl.this",
            "module.fabric.module.subnet.aws_subnet.this"
          ]
        },
        {
          "index_key": 46,
          "schema_version": 0,
          "attributes": {
            "cidr_block": "10.20.37.75",
            "egress": false,
            "from_port": -1,
            "icmp_code": null,
            "icmp_type": null,
            "id": "nacl-1971990588",
            "ipv6_cidr_block": "",
            "network_acl_id": "acl-806c6b42929ebf357",
            "protocol": "-1",
            "rule_action": "allow",
            "rule_number": 270,
            "to_port": -1
          },
          "sensitive_attributes": [],
          "private": "bnVsbA==",
          "dependencies": [
            "module.fabric.module.network_acl.aws_network_acl.this",
            "module.fabric.module.subnet.aws_subnet.this"
          ]
        },
        {
          "index_key": 47,
          "schema_version": 0,
          "attributes": {
            "cidr_block": "10.20.37.75",
            "egress": true,
            "from_port": -1,
            "icmp_code": null,
            "icmp_type": null,
            "id": "nacl-3774750845",
            "ipv6_cidr_block": "",
            "network_acl_id": "acl-806c6b42929ebf357",
            "protocol": "-1",
            "rule_action": "allow",
            "rule_number": 270,
            "to_port": -1
          },
          "sensitive_attributes": [],
          "private": "bnVsbA==",
          "dependencies": [
            "module.fabric.module.network_acl.aws_network_acl.this",
            "module.fabric.module.subnet.aws_subnet.this"
          ]
        },
        {
          "index_key": 48,
          "schema_version": 0,
          "attributes": {
            "cidr_block": "10.20.203.19",
            "egress": false,
            "from_port": -1,
            "icmp_code": null,
            "icmp_type": null,
            "id": "nacl-16393133",
            "ipv6_cidr_block": "",
            "network_acl_id": "acl-a1b83607670ba4c8f",
            "protocol": "-1",
            "rule_action": "allow",
            "rule_number": 260,
            "to_port": -1
          },
          "sensitive_attributes": [],
          "private": "bnVsbA==",
          "dependencies": [
            "module.fabric.module.network_acl.aws_network_acl.this",
            "module.fabric.module.subnet.aws_subnet.this"
          ]
        },
        {
          "index_key": 49,
          "schema_version": 0,
          "attributes": {
            "cidr_block": "10.20.203.19",
            "egress": true,
            "from_port": -1,
            "icmp_code": null,
            "icmp_type": null,
            "id": "nacl-4199427519",
            "ipv6_cidr_block": "",
            "network_acl_id": "acl-a1b83607670ba4c8f",
            "protocol": "-1",
            "rule_action": "allow",
            "rule_number": 260,
            "to_port": -1
          },
          "sensitive_attributes": [],
          "private": "bnVsbA==",
          "dependencies": [
            "module.fabric.module.network_acl.aws_network_acl.this",
            "module.fabric.module.subnet.aws_subnet.this"
          ]
        },
        {
          "index_key": 50,
          "schema_version": 0,
          "attributes": {
            "cidr_block": "10.20.37.75",
            "egress": false,
            "from_port": -1,
            "icmp_code": null,
            "icmp_type": null,
            "id": "nacl-2606723010",
            "ipv6_cidr_block": "",
            "network_acl_id": "acl-a1b83607670ba4c8f",
            "protocol": "-1",
            "rule_action": "allow",
            "rule_number": 270,
            "to_port": -1
          },
          "sensitive_attributes": [],
          "private": "bnVsbA==",
          "dependencies": [
            "module.fabric.module.network_acl.aws_network_acl.this",
            "module.fabric.module.subnet.aws_subnet.this"
          ]
        },
        {
          "index_key": 51,
          "schema_version": 0,
          "attributes": {
            "cidr_block": "10.20.37.75",
            "egress": true,
            "from_port": -1,
            "icmp_code": null,
            "icmp_type": null,
            "id": "nacl-1002500735",
            "ipv6_cidr_block": "",
            "network_acl_id": "acl-a1b83607670ba4c8f",
            "protocol": "-1",
            "rule_action": "allow",
            "rule_number": 270,
            "to_port": -1
          },
          "sensitive_attributes": [],
          "private": "bnVsbA==",
          "dependencies": [
            "module.fabric.module.network_acl.aws_network_acl.this",
            "module.fabric.module.subnet.aws_subnet.this"
          ]
        },
        {
          "index_key": 52,
          "schema_version": 0,
          "attributes": {
            "cidr_block": "10.20.16.126",
            "egress": false,
            "from_port": 1024,
            "icmp_code": null,
            "icmp_type": null,
            "id": "nacl-3763347184",
            "ipv6_cidr_block": "",
            "network_acl_id": "acl-806c6b42929ebf357",
            "protocol": "6",
            "rule_action": "allow",
            "rule_number": 300,
            "to_port": 65535
          },
          "sensitive_attributes": [],
          "private": "bnVsbA==",
          "dependencies": [
            "module.fabric.module.network_acl.aws_network_acl.this",
            "module.fabric.module.subnet.aws_subnet.this"
          ]
        },
        {
          "index_key": 53,
          "schema_version": 0,
          "attributes": {
            "cidr_block": "10.20.16.126",
            "egress": true,
            "from_port": 8530,
            "icmp_code": null,
            "icmp_type": null,
            "id": "nacl-3133554797",
            "ipv6_cidr_block": "",
            "network_acl_id": "acl-806c6b42929ebf357",
            "protocol": "6",
            "rule_action": "allow",
            "rule_number": 300,
            "to_port": 8531
          },
          "sensitive_attributes": [],
          "private": "bnVsbA==",
          "dependencies": [
            "module.fabric.module.network_acl.aws_network_acl.this",
            "module.fabric.module.subnet.aws_subnet.this"
          ]
        },
        {
          "index_key": 54,
          "schema_version": 0,
          "attributes": {
            "cidr_block": "10.20.16.126",
            "egress": false,
            "from_port": 1024,
            "icmp_code": null,
            "icmp_type": null,
            "id": "nacl-997117170",
            "ipv6_cidr_block": "",
            "network_acl_id": "acl-a1b83607670ba4c8f",
            "protocol": "6",
            "rule_action": "allow",
            "rule_number": 300,
            "to_port": 65535
          },
          "sensitive_attributes": [],
          "private": "bnVsbA==",
          "dependencies": [
            "module.fabric.module.network_acl.aws_network_acl.this",
            "module.fabric.module.subnet.aws_subnet.this"
          ]
        },
        {
          "index_key": 55,
          "schema_version": 0,
          "attributes": {
            "cidr_block": "10.20.16.126",
            "egress": true,
            "from_port": 8530,
            "icmp_code": null,
            "icmp_type": null,
            "id": "nacl-1071486023",
            "ipv6_cidr_block": "",
            "network_acl_id": "acl-a1b83607670ba4c8f",
            "protocol": "6",
            "rule_action": "allow",
            "rule_number": 300,
            "to_port": 8531
          },
          "sensitive_attributes": [],
          "private": "bnVsbA==",
          "dependencies": [
            "module.fabric.module.network_acl.aws_network_acl.this",
            "module.fabric.module.subnet.aws_subnet.this"
          ]
        },
        {
          "index_key": 56,
          "schema_version": 0,
          "attributes": {
            "cidr_block": "10.20.16.126",
            "egress": false,
            "from_port": 1024,
            "icmp_code": null,
            "icmp_type": null,
            "id": "nacl-2228724414",
            "ipv6_cidr_block": "",
            "network_acl_id": "acl-7d1233b931865feb3",
            "protocol": "6",
            "rule_action": "allow",
            "rule_number": 300,
            "to_port": 65535
          },
          "sensitive_attributes": [],
          "private": "bnVsbA==",
          "dependencies": [
            "module.fabric.module.network_acl.aws_network_acl.this",
            "module.fabric.module.subnet.aws_subnet.this"
          ]
        },
        {
          "index_key": 57,
          "schema_version": 0,
          "attributes": {
            "cidr_block": "10.20.16.126",
            "egress": true,
            "from_port": 8530,
            "icmp_code": null,
            "icmp_type": null,
            "id": "nacl-1456655988",
            "ipv6_cidr_block": "",
            "network_acl_id": "acl-7d1233b931865feb3",
            "protocol": "6",
            "rule_action": "allow",
            "rule_number": 300,
            "to_port": 8531
          },
          "sensitive_attributes": [],
          "private": "bnVsbA==",
          "dependencies": [
            "module.fabric.module.network_acl.aws_network_acl.this",
            "module.fabric.module.subnet.aws_subnet.this"
          ]
        },
        {
          "index_key": 58,
          "schema_version": 0,
          "attributes": {
            "cidr_block": "10.20.16.126",
            "egress": false,
            "from_port": 1024,
            "icmp_code": null,
            "icmp_type": null,
            "id": "nacl-2566297135",
            "ipv6_cidr_block": "",
            "network_acl_id": "acl-baf6e0dc0a983e1be",
            "protocol": "6",
            "rule_action": "allow",
            "rule_number": 300,
            "to_port": 65535
          },
          "sensitive_attributes": [],
          "private": "bnVsbA==",
          "dependencies": [
            "module.fabric.module.network_acl.aws_network_acl.this",
            "module.fabric.module.subnet.aws_subnet.this"
          ]
        },
        {
          "index_key": 59,
          "schema_version": 0,
          "attributes": {
            "cidr_block": "10.20.16.126",
            "egress": true,
            "from_port": 8530,
            "icmp_code": null,
            "icmp_type": null,
            "id": "nacl-461847845",
            "ipv6_cidr_block": "",
            "network_acl_id": "acl-baf6e0dc0a983e1be",
            "protocol": "6",
            "rule_action": "allow",
            "rule_number": 300,
            "to_port": 8531
          },
          "sensitive_attributes": [],
          "private": "bnVsbA==",
          "dependencies": [
            "module.fabric.module.network_acl.aws_network_acl.this",
            "module.fabric.module.subnet.aws_subnet.this"
          ]
        },
        {
          "index_key": 60,
          "schema_version": 0,
          "attributes": {
            "cidr_block": "10.0.0.0/8",
            "egress": false,
            "from_port": 443,
            "icmp_code": null,
            "icmp_type": null,
            "id": "nacl-1959594160",
            "ipv6_cidr_block": "",
            "network_acl_id": "acl-baf6e0dc0a983e1be",
            "protocol": "6",
            "rule_action": "allow",
            "rule_number": 100,
            "to_port": 65535
          },
          "sensitive_attributes": [],
          "private": "bnVsbA==",
          "dependencies": [
            "module.fabric.module.network_acl.aws_network_acl.this",
            "module.fabric.module.subnet.aws_subnet.this"
          ]
        },
        {
          "index_key": 61,
          "schema_version": 0,
          "attributes": {
            "cidr_block": "10.0.0.0/8",
            "egress": true,
            "from_port": 443,
            "icmp_code": null,
            "icmp_type": null,
            "id": "nacl-1139508452",
            "ipv6_cidr_block": "",
            "network_acl_id": "acl-baf6e0dc0a983e1be",
            "protocol": "6",
            "rule_action": "allow",
            "rule_number": 100,
            "to_port": 65535
          },
          "sensitive_attributes": [],
          "private": "bnVsbA==",
          "dependencies": [
            "module.fabric.module.network_acl.aws_network_acl.this",
            "module.fabric.module.subnet.aws_subnet.this"
          ]
        },
        {
          "index_key": 62,
          "schema_version": 0,
          "attributes": {
            "cidr_block": "10.20.200.100",
            "egress": false,
            "from_port": 1024,
            "icmp_code": null,
            "icmp_type": null,
            "id": "nacl-2433200818",
            "ipv6_cidr_block": "",
            "network_acl_id": "acl-806c6b42929ebf357",
            "protocol": "6",
            "rule_action": "allow",
            "rule_number": 350,
            "to_port": 65535
          },
          "sensitive_attributes": [],
          "private": "bnVsbA==",
          "dependencies": [
            "module.fabric.module.network_acl.aws_network_acl.this",
            "module.fabric.module.subnet.aws_subnet.this"
          ]
        },
        {
          "index_key": 63,
          "schema_version": 0,
          "attributes": {
            "cidr_block": "10.20.200.100",
            "egress": true,
            "from_port": 1024,
            "icmp_code": null,
            "icmp_type": null,
            "id": "nacl-1559202601",
            "ipv6_cidr_block": "",
            "network_acl_id": "acl-806c6b42929ebf357",
            "protocol": "6",
            "rule_action": "allow",
            "rule_number": 350,
            "to_port": 65535
          },
          "sensitive_attributes": [],
          "private": "bnVsbA==",
          "dependencies": [
            "module.fabric.module.network_acl.aws_network_acl.this",
            "module.fabric.module.subnet.aws_subnet.this"
          ]
        },
        {
          "index_key": 64,
          "schema_version": 0,
          "attributes": {
            "cidr_block": "10.20.200.100",
            "egress": false,
            "from_port": 1024,
            "icmp_code": null,
            "icmp_type": null,
            "id": "nacl-1245274288",
            "ipv6_cidr_block": "",
            "network_acl_id": "acl-a1b83607670ba4c8f",
            "protocol": "6",
            "rule_action": "allow",
            "rule_number": 350,
            "to_port": 65535
          },
          "sensitive_attributes": [],
          "private": "bnVsbA==",
          "dependencies": [
            "module.fabric.module.network_acl.aws_network_acl.this",
            "module.fabric.module.subnet.aws_subnet.this"
          ]
        },
        {
          "index_key": 65,
          "schema_version": 0,
          "attributes": {
            "cidr_block": "10.20.200.100",
            "egress": true,
            "from_port": 1024,
            "icmp_code": null,
            "icmp_type": null,
            "id": "nacl-3656670979",
            "ipv6_cidr_block": "",
            "network_acl_id": "acl-a1b83607670ba4c8f",
            "protocol": "6",
            "rule_action": "allow",
            "rule_number": 350,
            "to_port": 65535
          },
          "sensitive_attributes": [],
          "private": "bnVsbA==",
          "dependencies": [
            "module.fabric.module.network_acl.aws_network_acl.this",
            "module.fabric.module.subnet.aws_subnet.this"
          ]
        },
        {
          "index_key": 66,
          "schema_version": 0,
          "attributes": {
            "cidr_block": "10.20.200.100",
            "egress": false,
            "from_port": 1024,
            "icmp_code": null,
            "icmp_type": null,
            "id": "nacl-4118810364",
            "ipv6_cidr_block": "",
            "network_acl_id": "acl-7d1233b931865feb3",
            "protocol": "6",
            "rule_action": "allow",
            "rule_number": 350,
            "to_port": 65535
          },
          "sensitive_attributes": [],
          "private": "bnVsbA==",
          "dependencies": [
            "module.fabric.module.network_acl.aws_network_acl.this",
            "module.fabric.module.subnet.aws_subnet.this"
          ]
        },
        {
          "index_key": 67,
          "schema_version": 0,
          "attributes": {
            "cidr_block": "10.20.200.100",
            "egress": true,
            "from_port": 1024,
            "icmp_code": null,
            "icmp_type": null,
            "id": "nacl-2969240880",
            "ipv6_cidr_block": "",
            "network_acl_id": "acl-7d1233b931865feb3",
            "protocol": "6",
            "rule_action": "allow",
            "rule_number": 350,
            "to_port": 65535
          },
          "sensitive_attributes": [],
          "private": "bnVsbA==",
          "dependencies": [
            "module.fabric.module.network_acl.aws_network_acl.this",
            "module.fabric.module.subnet.aws_subnet.this"
          ]
        },
        {
          "index_key": 68,
          "schema_version": 0,
          "attributes": {
            "cidr_block": "10.20.200.100",
            "egress": false,
            "from_port": 1024,
            "icmp_code": null,
            "icmp_type": null,
            "id": "nacl-3919657581",
            "ipv6_cidr_block": "",
            "network_acl_id": "acl-baf6e0dc0a983e1be",
            "protocol": "6",
            "rule_action": "allow",
            "rule_number": 350,
            "to_port": 65535
          },
          "sensitive_attributes": [],
          "private": "bnVsbA==",
          "dependencies": [
            "module.fabric.module.network_acl.aws_network_acl.this",
            "module.fabric.module.subnet.aws_subnet.this"
          ]
        },
        {
          "index_key": 69,
          "schema_version": 0,
          "attributes": {
            "cidr_block": "10.20.200.100",
            "egress": true,
            "from_port": 1024,
            "icmp_code": null,
            "icmp_type": null,
            "id": "nacl-4256101985",
            "ipv6_cidr_block": "",
            "network_acl_id": "acl-baf6e0dc0a983e1be",
            "protocol": "6",
            "rule_action": "allow",
            "rule_number": 350,
            "to_port": 65535
          },
          "sensitive_attributes": [],
          "private": "bnVsbA==",
          "dependencies": [
            "module.fabric.module.network_acl.aws_network_acl.this",
            "module.fabric.module.subnet.aws_subnet.this"
          ]
        },
        {
          "index_key": 70,
          "schema_version": 0,
          "attributes": {
            "cidr_block": "10.20.98.245/25",
            "egress": true,
            "from_port": 443,
            "icmp_code": null,
            "icmp_type": null,
            "id": "nacl-851191974",
            "ipv6_cidr_block": "",
            "network_acl_id": "acl-baf6e0dc0a983e1be",
            "protocol": "6",
            "rule_action": "allow",
            "rule_number": 400,
            "to_port": 443
          },
          "sensitive_attributes": [],
          "private": "bnVsbA==",
          "dependencies": [
            "module.fabric.module.network_acl.aws_network_acl.this",
            "module.fabric.module.subnet.aws_subnet.this"
          ]
        },
        {
          "index_key": 71,
          "schema_version": 0,
          "attributes": {
            "cidr_block": "10.20.98.245/25",
            "egress": false,
            "from_port": 1024,
            "icmp_code": null,
            "icmp_type": null,
            "id": "nacl-3966664608",
            "ipv6_cidr_block": "",
            "network_acl_id": "acl-baf6e0dc0a983e1be",
            "protocol": "6",
            "rule_action": "allow",
            "rule_number": 400,
            "to_port": 65535
          },
          "sensitive_attributes": [],
          "private": "bnVsbA==",
          "dependencies": [
            "module.fabric.module.network_acl.aws_network_acl.this",
            "module.fabric.module.subnet.aws_subnet.this"
          ]
        },
        {
          "index_key": 72,
          "schema_version": 0,
          "attributes": {
            "cidr_block": "10.20.93.75/28",
            "egress": false,
            "from_port": 1024,
            "icmp_code": null,
            "icmp_type": null,
            "id": "nacl-2778061632",
            "ipv6_cidr_block": "",
            "network_acl_id": "acl-806c6b42929ebf357",
            "protocol": "17",
            "rule_action": "allow",
            "rule_number": 111,
            "to_port": 65535
          },
          "sensitive_attributes": [],
          "private": "bnVsbA==",
          "dependencies": [
            "module.fabric.module.network_acl.aws_network_acl.this",
            "module.fabric.module.subnet.aws_subnet.this"
          ]
        },
        {
          "index_key": 73,
          "schema_version": 0,
          "attributes": {
            "cidr_block": "10.20.93.75/28",
            "egress": true,
            "from_port": 53,
            "icmp_code": null,
            "icmp_type": null,
            "id": "nacl-3547442786",
            "ipv6_cidr_block": "",
            "network_acl_id": "acl-806c6b42929ebf357",
            "protocol": "17",
            "rule_action": "allow",
            "rule_number": 111,
            "to_port": 65535
          },
          "sensitive_attributes": [],
          "private": "bnVsbA==",
          "dependencies": [
            "module.fabric.module.network_acl.aws_network_acl.this",
            "module.fabric.module.subnet.aws_subnet.this"
          ]
        },
        {
          "index_key": 74,
          "schema_version": 0,
          "attributes": {
            "cidr_block": "10.20.93.75/28",
            "egress": false,
            "from_port": 1024,
            "icmp_code": null,
            "icmp_type": null,
            "id": "nacl-1262519486",
            "ipv6_cidr_block": "",
            "network_acl_id": "acl-a1b83607670ba4c8f",
            "protocol": "17",
            "rule_action": "allow",
            "rule_number": 111,
            "to_port": 65535
          },
          "sensitive_attributes": [],
          "private": "bnVsbA==",
          "dependencies": [
            "module.fabric.module.network_acl.aws_network_acl.this",
            "module.fabric.module.subnet.aws_subnet.this"
          ]
        },
        {
          "index_key": 75,
          "schema_version": 0,
          "attributes": {
            "cidr_block": "10.20.93.75/28",
            "egress": true,
            "from_port": 53,
            "icmp_code": null,
            "icmp_type": null,
            "id": "nacl-139426912",
            "ipv6_cidr_block": "",
            "network_acl_id": "acl-a1b83607670ba4c8f",
            "protocol": "17",
            "rule_action": "allow",
            "rule_number": 111,
            "to_port": 65535
          },
          "sensitive_attributes": [],
          "private": "bnVsbA==",
          "dependencies": [
            "module.fabric.module.network_acl.aws_network_acl.this",
            "module.fabric.module.subnet.aws_subnet.this"
          ]
        },
        {
          "index_key": 76,
          "schema_version": 0,
          "attributes": {
            "cidr_block": "10.20.93.75/28",
            "egress": false,
            "from_port": 1024,
            "icmp_code": null,
            "icmp_type": null,
            "id": "nacl-882192491",
            "ipv6_cidr_block": "",
            "network_acl_id": "acl-7d1233b931865feb3",
            "protocol": "17",
            "rule_action": "allow",
            "rule_number": 111,
            "to_port": 65535
          },
          "sensitive_attributes": [],
          "private": "bnVsbA==",
          "dependencies": [
            "module.fabric.module.network_acl.aws_network_acl.this",
            "module.fabric.module.subnet.aws_subnet.this"
          ]
        },
        {
          "index_key": 77,
          "schema_version": 0,
          "attributes": {
            "cidr_block": "10.20.93.75/28",
            "egress": true,
            "from_port": 53,
            "icmp_code": null,
            "icmp_type": null,
            "id": "nacl-3086357036",
            "ipv6_cidr_block": "",
            "network_acl_id": "acl-7d1233b931865feb3",
            "protocol": "17",
            "rule_action": "allow",
            "rule_number": 111,
            "to_port": 65535
          },
          "sensitive_attributes": [],
          "private": "bnVsbA==",
          "dependencies": [
            "module.fabric.module.network_acl.aws_network_acl.this",
            "module.fabric.module.subnet.aws_subnet.this"
          ]
        },
        {
          "index_key": 78,
          "schema_version": 0,
          "attributes": {
            "cidr_block": "10.20.164.65",
            "egress": false,
            "from_port": 1024,
            "icmp_code": null,
            "icmp_type": null,
            "id": "nacl-4031728433",
            "ipv6_cidr_block": "",
            "network_acl_id": "acl-7d1233b931865feb3",
            "protocol": "6",
            "rule_action": "allow",
            "rule_number": 400,
            "to_port": 65535
          },
          "sensitive_attributes": [],
          "private": "bnVsbA==",
          "dependencies": [
            "module.fabric.module.network_acl.aws_network_acl.this",
            "module.fabric.module.subnet.aws_subnet.this"
          ]
        },
        {
          "index_key": 79,
          "schema_version": 0,
          "attributes": {
            "cidr_block": "10.20.164.65",
            "egress": true,
            "from_port": 22,
            "icmp_code": null,
            "icmp_type": null,
            "id": "nacl-2146032631",
            "ipv6_cidr_block": "",
            "network_acl_id": "acl-7d1233b931865feb3",
            "protocol": "6",
            "rule_action": "allow",
            "rule_number": 400,
            "to_port": 22
          },
          "sensitive_attributes": [],
          "private": "bnVsbA==",
          "dependencies": [
            "module.fabric.module.network_acl.aws_network_acl.this",
            "module.fabric.module.subnet.aws_subnet.this"
          ]
        },
        {
          "index_key": 80,
          "schema_version": 0,
          "attributes": {
            "cidr_block": "10.20.16.126",
            "egress": false,
            "from_port": 1024,
            "icmp_code": null,
            "icmp_type": null,
            "id": "nacl-2496198527",
            "ipv6_cidr_block": "",
            "network_acl_id": "acl-806c6b42929ebf357",
            "protocol": "6",
            "rule_action": "allow",
            "rule_number": 400,
            "to_port": 65535
          },
          "sensitive_attributes": [],
          "private": "bnVsbA==",
          "dependencies": [
            "module.fabric.module.network_acl.aws_network_acl.this",
            "module.fabric.module.subnet.aws_subnet.this"
          ]
        },
        {
          "index_key": 81,
          "schema_version": 0,
          "attributes": {
            "cidr_block": "10.20.16.126",
            "egress": true,
            "from_port": 8530,
            "icmp_code": null,
            "icmp_type": null,
            "id": "nacl-2482853358",
            "ipv6_cidr_block": "",
            "network_acl_id": "acl-806c6b42929ebf357",
            "protocol": "6",
            "rule_action": "allow",
            "rule_number": 400,
            "to_port": 8531
          },
          "sensitive_attributes": [],
          "private": "bnVsbA==",
          "dependencies": [
            "module.fabric.module.network_acl.aws_network_acl.this",
            "module.fabric.module.subnet.aws_subnet.this"
          ]
        },
        {
          "index_key": 82,
          "schema_version": 0,
          "attributes": {
            "cidr_block": "10.0.0.0/8",
            "egress": false,
            "from_port": 22,
            "icmp_code": null,
            "icmp_type": null,
            "id": "nacl-1430661311",
            "ipv6_cidr_block": "",
            "network_acl_id": "acl-806c6b42929ebf357",
            "protocol": "6",
            "rule_action": "allow",
            "rule_number": 410,
            "to_port": 65535
          },
          "sensitive_attributes": [],
          "private": "bnVsbA==",
          "dependencies": [
            "module.fabric.module.network_acl.aws_network_acl.this",
            "module.fabric.module.subnet.aws_subnet.this"
          ]
        },
        {
          "index_key": 83,
          "schema_version": 0,
          "attributes": {
            "cidr_block": "10.0.0.0/8",
            "egress": false,
            "from_port": 22,
            "icmp_code": null,
            "icmp_type": null,
            "id": "nacl-246048099",
            "ipv6_cidr_block": "",
            "network_acl_id": "acl-806c6b42929ebf357",
            "protocol": "17",
            "rule_action": "allow",
            "rule_number": 420,
            "to_port": 65535
          },
          "sensitive_attributes": [],
          "private": "bnVsbA==",
          "dependencies": [
            "module.fabric.module.network_acl.aws_network_acl.this",
            "module.fabric.module.subnet.aws_subnet.this"
          ]
        },
        {
          "index_key": 84,
          "schema_version": 0,
          "attributes": {
            "cidr_block": "10.0.0.0/8",
            "egress": true,
            "from_port": 22,
            "icmp_code": null,
            "icmp_type": null,
            "id": "nacl-2084519632",
            "ipv6_cidr_block": "",
            "network_acl_id": "acl-806c6b42929ebf357",
            "protocol": "6",
            "rule_action": "allow",
            "rule_number": 410,
            "to_port": 65535
          },
          "sensitive_attributes": [],
          "private": "bnVsbA==",
          "dependencies": [
            "module.fabric.module.network_acl.aws_network_acl.this",
            "module.fabric.module.subnet.aws_subnet.this"
          ]
        },
        {
          "index_key": 85,
          "schema_version": 0,
          "attributes": {
            "cidr_block": "10.0.0.0/8",
            "egress": true,
            "from_port": 22,
            "icmp_code": null,
            "icmp_type": null,
            "id": "nacl-1039324237",
            "ipv6_cidr_block": "",
            "network_acl_id": "acl-806c6b42929ebf357",
            "protocol": "17",
            "rule_action": "allow",
            "rule_number": 420,
            "to_port": 65535
          },
          "sensitive_attributes": [],
          "private": "bnVsbA==",
          "dependencies": [
            "module.fabric.module.network_acl.aws_network_acl.this",
            "module.fabric.module.subnet.aws_subnet.this"
          ]
        },
        {
          "index_key": 86,
          "schema_version": 0,
          "attributes": {
            "cidr_block": "10.20.0.0/16",
            "egress": false,
            "from_port": 22,
            "icmp_code": null,
            "icmp_type": null,
            "id": "nacl-220893566",
            "ipv6_cidr_block": "",
            "network_acl_id": "acl-806c6b42929ebf357",
            "protocol": "6",
            "rule_action": "allow",
            "rule_number": 430,
            "to_port": 65535
          },
          "sensitive_attributes": [],
          "private": "bnVsbA==",
          "dependencies": [
            "module.fabric.module.network_acl.aws_network_acl.this",
            "module.fabric.module.subnet.aws_subnet.this"
          ]
        },
        {
          "index_key": 87,
          "schema_version": 0,
          "attributes": {
            "cidr_block": "10.20.0.0/16",
            "egress": false,
            "from_port": 22,
            "icmp_code": null,
            "icmp_type": null,
            "id": "nacl-3784818819",
            "ipv6_cidr_block": "",
            "network_acl_id": "acl-806c6b42929ebf357",
            "protocol": "17",
            "rule_action": "allow",
            "rule_number": 440,
            "to_port": 65535
          },
          "sensitive_attributes": [],
          "private": "bnVsbA==",
          "dependencies": [
            "module.fabric.module.network_acl.aws_network_acl.this",
            "module.fabric.module.subnet.aws_subnet.this"
          ]
        },
        {
          "index_key": 88,
          "schema_version": 0,
          "attributes": {
            "cidr_block": "10.20.0.0/16",
            "egress": true,
            "from_port": 22,
            "icmp_code": null,
            "icmp_type": null,
            "id": "nacl-2026565357",
            "ipv6_cidr_block": "",
            "network_acl_id": "acl-806c6b42929ebf357",
            "protocol": "6",
            "rule_action": "allow",
            "rule_number": 430,
            "to_port": 65535
          },
          "sensitive_attributes": [],
          "private": "bnVsbA==",
          "dependencies": [
            "module.fabric.module.network_acl.aws_network_acl.this",
            "module.fabric.module.subnet.aws_subnet.this"
          ]
        },
        {
          "index_key": 89,
          "schema_version": 0,
          "attributes": {
            "cidr_block": "10.20.0.0/16",
            "egress": true,
            "from_port": 22,
            "icmp_code": null,
            "icmp_type": null,
            "id": "nacl-3578207758",
            "ipv6_cidr_block": "",
            "network_acl_id": "acl-806c6b42929ebf357",
            "protocol": "17",
            "rule_action": "allow",
            "rule_number": 440,
            "to_port": 65535
          },
          "sensitive_attributes": [],
          "private": "bnVsbA==",
          "dependencies": [
            "module.fabric.module.network_acl.aws_network_acl.this",
            "module.fabric.module.subnet.aws_subnet.this"
          ]
        },
        {
          "index_key": 90,
          "schema_version": 0,
          "attributes": {
            "cidr_block": "10.20.93.75/28",
            "egress": false,
            "from_port": 1024,
            "icmp_code": null,
            "icmp_type": null,
            "id": "nacl-3041122160",
            "ipv6_cidr_block": "",
            "network_acl_id": "acl-baf6e0dc0a983e1be",
            "protocol": "6",
            "rule_action": "allow",
            "rule_number": 110,
            "to_port": 65535
          },
          "sensitive_attributes": [],
          "private": "bnVsbA==",
          "dependencies": [
            "module.fabric.module.network_acl.aws_network_acl.this",
            "module.fabric.module.subnet.aws_subnet.this"
          ]
        },
        {
          "index_key": 91,
          "schema_version": 0,
          "attributes": {
            "cidr_block": "10.20.93.75/28",
            "egress": true,
            "from_port": 53,
            "icmp_code": null,
            "icmp_type": null,
            "id": "nacl-2888429530",
            "ipv6_cidr_block": "",
            "network_acl_id": "acl-baf6e0dc0a983e1be",
            "protocol": "6",
            "rule_action": "allow",
            "rule_number": 110,
            "to_port": 65535
          },
          "sensitive_attributes": [],
          "private": "bnVsbA==",
          "dependencies": [
            "module.fabric.module.network_acl.aws_network_acl.this",
            "module.fabric.module.subnet.aws_subnet.this"
          ]
        },
        {
          "index_key": 92,
          "schema_version": 0,
          "attributes": {
            "cidr_block": "10.20.93.75/28",
            "egress": false,
            "from_port": 1024,
            "icmp_code": null,
            "icmp_type": null,
            "id": "nacl-3011621517",
            "ipv6_cidr_block": "",
            "network_acl_id": "acl-baf6e0dc0a983e1be",
            "protocol": "17",
            "rule_action": "allow",
            "rule_number": 111,
            "to_port": 65535
          },
          "sensitive_attributes": [],
          "private": "bnVsbA==",
          "dependencies": [
            "module.fabric.module.network_acl.aws_network_acl.this"
          ]
        },
        {
          "index_key": 93,
          "schema_version": 0,
          "attributes": {
            "cidr_block": "10.20.93.75/28",
            "egress": true,
            "from_port": 53,
            "icmp_code": null,
            "icmp_type": null,
            "id": "nacl-2883004093",
            "ipv6_cidr_block": "",
            "network_acl_id": "acl-baf6e0dc0a983e1be",
            "protocol": "17",
            "rule_action": "allow",
            "rule_number": 111,
            "to_port": 65535
          },
          "sensitive_attributes": [],
          "private": "bnVsbA==",
          "dependencies": [
            "module.fabric.module.network_acl.aws_network_acl.this"
          ]
        }
      ]
    },
    {
      "module": "module.fabric.module.route",
      "mode": "managed",
      "type": "aws_route",
      "name": "this",
      "provider": "provider[\"registry.terraform.io/hashicorp/aws\"]",
      "instances": [
        {
          "index_key": 0,
          "schema_version": 0,
          "attributes": {
            "carrier_gateway_id": "",
            "core_network_arn": "",
            "destination_cidr_block": "10.20.49.237/25",
            "destination_ipv6_cidr_block": "",
            "destination_prefix_list_id": "",
            "egress_only_gateway_id": "",
            "gateway_id": "",
            "id": "r-rtb-e9c465fa32c3dadd91e6e35bab3",
            "instance_id": "",
            "instance_owner_id": "",
            "local_gateway_id": "",
            "nat_gateway_id": "",
            "network_interface_id": "",
            "origin": "CreateRoute",
            "route_table_id": "rtb-2819481f5d754b9de",
            "state": "active",
            "timeouts": null,
            "transit_gateway_id": "",
            "vpc_endpoint_id": "",
            "vpc_peering_connection_id": "pcx-d2d93f21c89e66f1c"
          },
          "sensitive_attributes": [],
          "private": "eyJlMmJmYjczMC1lY2FhLTExZTYtOGY4OC0zNDM2M2JjN2M0YzAiOnsiY3JlYXRlIjozMDAwMDAwMDAwMDAsImRlbGV0ZSI6MzAwMDAwMDAwMDAwLCJ1cGRhdGUiOjEyMDAwMDAwMDAwMH19",
          "dependencies": [
            "module.fabric.module.route_table.aws_route_table.this"
          ]
        },
        {
          "index_key": 1,
          "schema_version": 0,
          "attributes": {
            "carrier_gateway_id": "",
            "core_network_arn": "",
            "destination_cidr_block": "10.20.49.237/25",
            "destination_ipv6_cidr_block": "",
            "destination_prefix_list_id": "",
            "egress_only_gateway_id": "",
            "gateway_id": "",
            "id": "r-rtb-b84a3cfdf38fd3e1c29f8a886c8",
            "instance_id": "",
            "instance_owner_id": "",
            "local_gateway_id": "",
            "nat_gateway_id": "",
            "network_interface_id": "",
            "origin": "CreateRoute",
            "route_table_id": "rtb-b2b8df2363bfc2e9a",
            "state": "active",
            "timeouts": null,
            "transit_gateway_id": "",
            "vpc_endpoint_id": "",
            "vpc_peering_connection_id": "pcx-d2d93f21c89e66f1c"
          },
          "sensitive_attributes": [],
          "private": "eyJlMmJmYjczMC1lY2FhLTExZTYtOGY4OC0zNDM2M2JjN2M0YzAiOnsiY3JlYXRlIjozMDAwMDAwMDAwMDAsImRlbGV0ZSI6MzAwMDAwMDAwMDAwLCJ1cGRhdGUiOjEyMDAwMDAwMDAwMH19",
          "dependencies": [
            "module.fabric.module.route_table.aws_route_table.this"
          ]
        },
        {
          "index_key": 2,
          "schema_version": 0,
          "attributes": {
            "carrier_gateway_id": "",
            "core_network_arn": "",
            "destination_cidr_block": "10.20.49.237/25",
            "destination_ipv6_cidr_block": "",
            "destination_prefix_list_id": "",
            "egress_only_gateway_id": "",
            "gateway_id": "",
            "id": "r-rtb-084155f10f5c0e374d11e5f88e4",
            "instance_id": "",
            "instance_owner_id": "",
            "local_gateway_id": "",
            "nat_gateway_id": "",
            "network_interface_id": "",
            "origin": "CreateRoute",
            "route_table_id": "rtb-78f94af9392640d0b",
            "state": "active",
            "timeouts": null,
            "transit_gateway_id": "",
            "vpc_endpoint_id": "",
            "vpc_peering_connection_id": "pcx-d2d93f21c89e66f1c"
          },
          "sensitive_attributes": [],
          "private": "eyJlMmJmYjczMC1lY2FhLTExZTYtOGY4OC0zNDM2M2JjN2M0YzAiOnsiY3JlYXRlIjozMDAwMDAwMDAwMDAsImRlbGV0ZSI6MzAwMDAwMDAwMDAwLCJ1cGRhdGUiOjEyMDAwMDAwMDAwMH19",
          "dependencies": [
            "module.fabric.module.route_table.aws_route_table.this"
          ]
        },
        {
          "index_key": 3,
          "schema_version": 0,
          "attributes": {
            "carrier_gateway_id": "",
            "core_network_arn": "",
            "destination_cidr_block": "10.20.98.245/25",
            "destination_ipv6_cidr_block": "",
            "destination_prefix_list_id": "",
            "egress_only_gateway_id": "",
            "gateway_id": "",
            "id": "r-rtb-2b025dc80b732c178118a0eeafb",
            "instance_id": "",
            "instance_owner_id": "",
            "local_gateway_id": "",
            "nat_gateway_id": "",
            "network_interface_id": "",
            "origin": "CreateRoute",
            "route_table_id": "rtb-2819481f5d754b9de",
            "state": "active",
            "timeouts": null,
            "transit_gateway_id": "",
            "vpc_endpoint_id": "",
            "vpc_peering_connection_id": "pcx-7e3d5b6187c2948f9"
          },
          "sensitive_attributes": [],
          "private": "eyJlMmJmYjczMC1lY2FhLTExZTYtOGY4OC0zNDM2M2JjN2M0YzAiOnsiY3JlYXRlIjozMDAwMDAwMDAwMDAsImRlbGV0ZSI6MzAwMDAwMDAwMDAwLCJ1cGRhdGUiOjEyMDAwMDAwMDAwMH19",
          "dependencies": [
            "module.fabric.module.route_table.aws_route_table.this"
          ]
        },
        {
          "index_key": 4,
          "schema_version": 0,
          "attributes": {
            "carrier_gateway_id": "",
            "core_network_arn": "",
            "destination_cidr_block": "10.20.98.245/25",
            "destination_ipv6_cidr_block": "",
            "destination_prefix_list_id": "",
            "egress_only_gateway_id": "",
            "gateway_id": "",
            "id": "r-rtb-42bd0f5e1265870be32f90e34fa",
            "instance_id": "",
            "instance_owner_id": "",
            "local_gateway_id": "",
            "nat_gateway_id": "",
            "network_interface_id": "",
            "origin": "CreateRoute",
            "route_table_id": "rtb-b2b8df2363bfc2e9a",
            "state": "active",
            "timeouts": null,
            "transit_gateway_id": "",
            "vpc_endpoint_id": "",
            "vpc_peering_connection_id": "pcx-7e3d5b6187c2948f9"
          },
          "sensitive_attributes": [],
          "private": "eyJlMmJmYjczMC1lY2FhLTExZTYtOGY4OC0zNDM2M2JjN2M0YzAiOnsiY3JlYXRlIjozMDAwMDAwMDAwMDAsImRlbGV0ZSI6MzAwMDAwMDAwMDAwLCJ1cGRhdGUiOjEyMDAwMDAwMDAwMH19",
          "dependencies": [
            "module.fabric.module.route_table.aws_route_table.this"
          ]
        },
        {
          "index_key": 5,
          "schema_version": 0,
          "attributes": {
            "carrier_gateway_id": "",
            "core_network_arn": "",
            "destination_cidr_block": "10.20.98.245/25",
            "destination_ipv6_cidr_block": "",
            "destination_prefix_list_id": "",
            "egress_only_gateway_id": "",
            "gateway_id": "",
            "id": "r-rtb-fd1a8891e8f905e4ead31b315a6",
            "instance_id": "",
            "instance_owner_id": "",
            "local_gateway_id": "",
            "nat_gateway_id": "",
            "network_interface_id": "",
            "origin": "CreateRoute",
            "route_table_id": "rtb-78f94af9392640d0b",
            "state": "active",
            "timeouts": null,
            "transit_gateway_id": "",
            "vpc_endpoint_id": "",
            "vpc_peering_connection_id": "pcx-7e3d5b6187c2948f9"
          },
          "sensitive_attributes": [],
          "private": "eyJlMmJmYjczMC1lY2FhLTExZTYtOGY4OC0zNDM2M2JjN2M0YzAiOnsiY3JlYXRlIjozMDAwMDAwMDAwMDAsImRlbGV0ZSI6MzAwMDAwMDAwMDAwLCJ1cGRhdGUiOjEyMDAwMDAwMDAwMH19",
          "dependencies": [
            "module.fabric.module.route_table.aws_route_table.this"
          ]
        },
        {
          "index_key": 6,
          "schema_version": 0,
          "attributes": {
            "carrier_gateway_id": "",
            "core_network_arn": "",
            "destination_cidr_block": "10.20.100.16/25",
            "destination_ipv6_cidr_block": "",
            "destination_prefix_list_id": "",
            "egress_only_gateway_id": "",
            "gateway_id": "",
            "id": "r-rtb-98e30c8a9236ecd08f4fb3b1a96",
            "instance_id": "",
            "instance_owner_id": "",
            "local_gateway_id": "",
            "nat_gateway_id": "",
            "network_interface_id": "",
            "origin": "CreateRoute",
            "route_table_id": "rtb-2819481f5d754b9de",
            "state": "active",
            "timeouts": null,
            "transit_gateway_id": "",
            "vpc_endpoint_id": "",
            "vpc_peering_connection_id": "pcx-256fc5846cc250ab6"
          },
          "sensitive_attributes": [],
          "private": "eyJlMmJmYjczMC1lY2FhLTExZTYtOGY4OC0zNDM2M2JjN2M0YzAiOnsiY3JlYXRlIjozMDAwMDAwMDAwMDAsImRlbGV0ZSI6MzAwMDAwMDAwMDAwLCJ1cGRhdGUiOjEyMDAwMDAwMDAwMH19",
          "dependencies": [
            "module.fabric.module.route_table.aws_route_table.this"
          ]
        },
        {
          "index_key": 7,
          "schema_version": 0,
          "attributes": {
            "carrier_gateway_id": "",
            "core_network_arn": "",
            "destination_cidr_block": "10.20.72.240/28",
            "destination_ipv6_cidr_block": "",
            "destination_prefix_list_id": "",
            "egress_only_gateway_id": "",
            "gateway_id": "",
            "id": "r-rtb-aff11690ef313e6ef2cc9581427",
            "instance_id": "",
            "instance_owner_id": "",
            "local_gateway_id": "",
            "nat_gateway_id": "",
            "network_interface_id": "",
            "origin": "CreateRoute",
            "route_table_id": "rtb-b2b8df2363bfc2e9a",
            "state": "active",
            "timeouts": null,
            "transit_gateway_id": "",
            "vpc_endpoint_id": "",
            "vpc_peering_connection_id": "pcx-256fc5846cc250ab6"
          },
          "sensitive_attributes": [],
          "private": "eyJlMmJmYjczMC1lY2FhLTExZTYtOGY4OC0zNDM2M2JjN2M0YzAiOnsiY3JlYXRlIjozMDAwMDAwMDAwMDAsImRlbGV0ZSI6MzAwMDAwMDAwMDAwLCJ1cGRhdGUiOjEyMDAwMDAwMDAwMH19",
          "dependencies": [
            "module.fabric.module.route_table.aws_route_table.this"
          ]
        },
        {
          "index_key": 8,
          "schema_version": 0,
          "attributes": {
            "carrier_gateway_id": "",
            "core_network_arn": "",
            "destination_cidr_block": "10.20.5.116/28",
            "destination_ipv6_cidr_block": "",
            "destination_prefix_list_id": "",
            "egress_only_gateway_id": "",
            "gateway_id": "",
            "id": "r-rtb-d2c6a2afbe8670e1c9bfc9c98f9",
            "instance_id": "",
            "instance_owner_id": "",
            "local_gateway_id": "",
            "nat_gateway_id": "",
            "network_interface_id": "",
            "origin": "CreateRoute",
            "route_table_id": "rtb-b2b8df2363bfc2e9a",
            "state": "active",
            "timeouts": null,
            "transit_gateway_id": "",
            "vpc_endpoint_id": "",
            "vpc_peering_connection_id": "pcx-256fc5846cc250ab6"
          },
          "sensitive_attributes": [],
          "private": "eyJlMmJmYjczMC1lY2FhLTExZTYtOGY4OC0zNDM2M2JjN2M0YzAiOnsiY3JlYXRlIjozMDAwMDAwMDAwMDAsImRlbGV0ZSI6MzAwMDAwMDAwMDAwLCJ1cGRhdGUiOjEyMDAwMDAwMDAwMH19",
          "dependencies": [
            "module.fabric.module.route_table.aws_route_table.this"
          ]
        },
        {
          "index_key": 9,
          "schema_version": 0,
          "attributes": {
            "carrier_gateway_id": "",
            "core_network_arn": "",
            "destination_cidr_block": "10.0.0.0/8",
            "destination_ipv6_cidr_block": "",
            "destination_prefix_list_id": "",
            "egress_only_gateway_id": "",
            "gateway_id": "vgw-6fff49794d314e5cf",
            "id": "r-rtb-f7b4157ff082280fefa84b58e2f",
            "instance_id": "",
            "instance_owner_id": "",
            "local_gateway_id": "",
            "nat_gateway_id": "",
            "network_interface_id": "",
            "origin": "CreateRoute",
            "route_table_id": "rtb-b2b8df2363bfc2e9a",
            "state": "active",
            "timeouts": null,
            "transit_gateway_id": "",
            "vpc_endpoint_id": "",
            "vpc_peering_connection_id": ""
          },
          "sensitive_attributes": [],
          "private": "eyJlMmJmYjczMC1lY2FhLTExZTYtOGY4OC0zNDM2M2JjN2M0YzAiOnsiY3JlYXRlIjozMDAwMDAwMDAwMDAsImRlbGV0ZSI6MzAwMDAwMDAwMDAwLCJ1cGRhdGUiOjEyMDAwMDAwMDAwMH19",
          "dependencies": [
            "module.fabric.module.route_table.aws_route_table.this"
          ]
        },
        {
          "index_key": 10,
          "schema_version": 0,
          "attributes": {
            "carrier_gateway_id": "",
            "core_network_arn": "",
            "destination_cidr_block": "10.0.0.0/8",
            "destination_ipv6_cidr_block": "",
            "destination_prefix_list_id": "",
            "egress_only_gateway_id": "",
            "gateway_id": "vgw-6fff49794d314e5cf",
            "id": "r-rtb-24add63f9222d9d2a04efea82f4",
            "instance_id": "",
            "instance_owner_id": "",
            "local_gateway_id": "",
            "nat_gateway_id": "",
            "network_interface_id": "",
            "origin": "CreateRoute",
            "route_table_id": "rtb-2819481f5d754b9de",
            "state": "active",
            "timeouts": null,
            "transit_gateway_id": "",
            "vpc_endpoint_id": "",
            "vpc_peering_connection_id": ""
          },
          "sensitive_attributes": [],
          "private": "eyJlMmJmYjczMC1lY2FhLTExZTYtOGY4OC0zNDM2M2JjN2M0YzAiOnsiY3JlYXRlIjozMDAwMDAwMDAwMDAsImRlbGV0ZSI6MzAwMDAwMDAwMDAwLCJ1cGRhdGUiOjEyMDAwMDAwMDAwMH19",
          "dependencies": [
            "module.fabric.module.route_table.aws_route_table.this"
          ]
        },
        {
          "index_key": 11,
          "schema_version": 0,
          "attributes": {
            "carrier_gateway_id": "",
            "core_network_arn": "",
            "destination_cidr_block": "10.0.0.0/8",
            "destination_ipv6_cidr_block": "",
            "destination_prefix_list_id": "",
            "egress_only_gateway_id": "",
            "gateway_id": "vgw-6fff49794d314e5cf",
            "id": "r-rtb-181b5cae96e4a1a8a63f72cf609",
            "instance_id": "",
            "instance_owner_id": "",
            "local_gateway_id": "",
            "nat_gateway_id": "",
            "network_interface_id": "",
            "origin": "CreateRoute",
            "route_table_id": "rtb-c41b7fc7c878350b6",
            "state": "active",
            "timeouts": null,
            "transit_gateway_id": "",
            "vpc_endpoint_id": "",
            "vpc_peering_connection_id": ""
          },
          "sensitive_attributes": [],
          "private": "eyJlMmJmYjczMC1lY2FhLTExZTYtOGY4OC0zNDM2M2JjN2M0YzAiOnsiY3JlYXRlIjozMDAwMDAwMDAwMDAsImRlbGV0ZSI6MzAwMDAwMDAwMDAwLCJ1cGRhdGUiOjEyMDAwMDAwMDAwMH19",
          "dependencies": [
            "module.fabric.module.route_table.aws_route_table.this"
          ]
        },
        {
          "index_key": 12,
          "schema_version": 0,
          "attributes": {
            "carrier_gateway_id": "",
            "core_network_arn": "",
            "destination_cidr_block": "10.20.98.245/25",
            "destination_ipv6_cidr_block": "",
            "destination_prefix_list_id": "",
            "egress_only_gateway_id": "",
            "gateway_id": "",
            "id": "r-rtb-be5f0da8430470ea49e5b789093",
            "instance_id": "",
            "instance_owner_id": "",
            "local_gateway_id": "",
            "nat_gateway_id": "",
            "network_interface_id": "",
            "origin": "CreateRoute",
            "route_table_id": "rtb-c41b7fc7c878350b6",
            "state": "active",
            "timeouts": null,
            "transit_gateway_id": "",
            "vpc_endpoint_id": "",
            "vpc_peering_connection_id": "pcx-7e3d5b6187c2948f9"
          },
          "sensitive_attributes": [],
          "private": "eyJlMmJmYjczMC1lY2FhLTExZTYtOGY4OC0zNDM2M2JjN2M0YzAiOnsiY3JlYXRlIjozMDAwMDAwMDAwMDAsImRlbGV0ZSI6MzAwMDAwMDAwMDAwLCJ1cGRhdGUiOjEyMDAwMDAwMDAwMH19",
          "dependencies": [
            "module.fabric.module.route_table.aws_route_table.this"
          ]
        },
        {
          "index_key": 13,
          "schema_version": 0,
          "attributes": {
            "carrier_gateway_id": "",
            "core_network_arn": "",
            "destination_cidr_block": "10.20.49.237/25",
            "destination_ipv6_cidr_block": "",
            "destination_prefix_list_id": "",
            "egress_only_gateway_id": "",
            "gateway_id": "",
            "id": "r-rtb-165efe0e9bf6de8d31c4b78121e",
            "instance_id": "",
            "instance_owner_id": "",
            "local_gateway_id": "",
            "nat_gateway_id": "",
            "network_interface_id": "",
            "origin": "CreateRoute",
            "route_table_id": "rtb-c41b7fc7c878350b6",
            "state": "active",
            "timeouts": null,
            "transit_gateway_id": "",
            "vpc_endpoint_id": "",
            "vpc_peering_connection_id": "pcx-d2d93f21c89e66f1c"
          },
          "sensitive_attributes": [],
          "private": "eyJlMmJmYjczMC1lY2FhLTExZTYtOGY4OC0zNDM2M2JjN2M0YzAiOnsiY3JlYXRlIjozMDAwMDAwMDAwMDAsImRlbGV0ZSI6MzAwMDAwMDAwMDAwLCJ1cGRhdGUiOjEyMDAwMDAwMDAwMH19",
          "dependencies": [
            "module.fabric.module.route_table.aws_route_table.this"
          ]
        },
        {
          "index_key": 14,
          "schema_version": 0,
          "attributes": {
            "carrier_gateway_id": "",
            "core_network_arn": "",
            "destination_cidr_block": "10.20.100.16/25",
            "destination_ipv6_cidr_block": "",
            "destination_prefix_list_id": "",
            "egress_only_gateway_id": "",
            "gateway_id": "",
            "id": "r-rtb-0f13e18d2040deef04650fa8f28",
            "instance_id": "",
            "instance_owner_id": "",
            "local_gateway_id": "",
            "nat_gateway_id": "",
            "network_interface_id": "",
            "origin": "CreateRoute",
            "route_table_id": "rtb-c41b7fc7c878350b6",
            "state": "active",
            "timeouts": null,
            "transit_gateway_id": "",
            "vpc_endpoint_id": "",
            "vpc_peering_connection_id": "pcx-256fc5846cc250ab6"
          },
          "sensitive_attributes": [],
          "private": "eyJlMmJmYjczMC1lY2FhLTExZTYtOGY4OC0zNDM2M2JjN2M0YzAiOnsiY3JlYXRlIjozMDAwMDAwMDAwMDAsImRlbGV0ZSI6MzAwMDAwMDAwMDAwLCJ1cGRhdGUiOjEyMDAwMDAwMDAwMH19",
          "dependencies": [
            "module.fabric.module.route_table.aws_route_table.this"
          ]
        },
        {
          "index_key": 15,
          "schema_version": 0,
          "attributes": {
            "carrier_gateway_id": "",
            "core_network_arn": "",
            "destination_cidr_block": "10.20.200.100",
            "destination_ipv6_cidr_block": "",
            "destination_prefix_list_id": "",
            "egress_only_gateway_id": "",
            "gateway_id": "vgw-6fff49794d314e5cf",
            "id": "r-rtb-cd21df3d1f764c51c0781bb831b",
            "instance_id": "",
            "instance_owner_id": "",
            "local_gateway_id": "",
            "nat_gateway_id": "",
            "network_interface_id": "",
            "origin": "CreateRoute",
            "route_table_id": "rtb-78f94af9392640d0b",
            "state": "active",
            "timeouts": null,
            "transit_gateway_id": "",
            "vpc_endpoint_id": "",
            "vpc_peering_connection_id": ""
          },
          "sensitive_attributes": [],
          "private": "eyJlMmJmYjczMC1lY2FhLTExZTYtOGY4OC0zNDM2M2JjN2M0YzAiOnsiY3JlYXRlIjozMDAwMDAwMDAwMDAsImRlbGV0ZSI6MzAwMDAwMDAwMDAwLCJ1cGRhdGUiOjEyMDAwMDAwMDAwMH19",
          "dependencies": [
            "module.fabric.module.route_table.aws_route_table.this"
          ]
        }
      ]
    },
    {
      "module": "module.fabric.module.route_table",
      "mode": "managed",
      "type": "aws_route_table",
      "name": "this",
      "provider": "provider[\"registry.terraform.io/hashicorp/aws\"]",
      "instances": [
        {
          "index_key": 0,
          "schema_version": 0,
          "attributes": {
            "arn": "arn:aws:ec2:ap-southeast-1:111111111111:route-table/rtb-2819481f5d754b9de",
            "id": "rtb-2819481f5d754b9de",
            "owner_id": "111111111111",
            "propagating_vgws": [],
            "route": [
              {
                "carrier_gateway_id": "",
                "cidr_block": "10.0.0.0/8",
                "core_network_arn": "",
                "destination_prefix_list_id": "",
                "egress_only_gateway_id": "",
                "gateway_id": "vgw-6fff49794d314e5cf",
                "ipv6_cidr_block": "",
                "local_gateway_id": "",
                "nat_gateway_id": "",
                "network_interface_id": "",
                "transit_gateway_id": "",
                "vpc_endpoint_id": "",
                "vpc_peering_connection_id": ""
              },
              {
                "carrier_gateway_id": "",
                "cidr_block": "10.20.100.16/25",
                "core_network_arn": "",
                "destination_prefix_list_id": "",
                "egress_only_gateway_id": "",
                "gateway_id": "",
                "ipv6_cidr_block": "",
                "local_gateway_id": "",
                "nat_gateway_id": "",
                "network_interface_id": "",
                "transit_gateway_id": "",
                "vpc_endpoint_id": "",
                "vpc_peering_connection_id": "pcx-256fc5846cc250ab6"
              },
              {
                "carrier_gateway_id": "",
                "cidr_block": "10.20.49.237/25",
                "core_network_arn": "",
                "destination_prefix_list_id": "",
                "egress_only_gateway_id": "",
                "gateway_id": "",
                "ipv6_cidr_block": "",
                "local_gateway_id": "",
                "nat_gateway_id": "",
                "network_interface_id": "",
                "transit_gateway_id": "",
                "vpc_endpoint_id": "",
                "vpc_peering_connection_id": "pcx-d2d93f21c89e66f1c"
              },
              {
                "carrier_gateway_id": "",
                "cidr_block": "10.20.98.245/25",
                "core_network_arn": "",
                "destination_prefix_list_id": "",
                "egress_only_gateway_id": "",
                "gateway_id": "",
                "ipv6_cidr_block": "",
                "local_gateway_id": "",
                "nat_gateway_id": "",
                "network_interface_id": "",
                "transit_gateway_id": "",
                "vpc_endpoint_id": "",
                "vpc_peering_connection_id": "pcx-7e3d5b6187c2948f9"
              }
            ],
            "tags": {
              "Author": "Vendor",
              "Created-by": "Terraform",
              "Name": "rtb-XXXX-web-01",
              "agency-code": "xxxx",
              "environment": "uat",
              "project-code": "XXXX",
              "zone": "ia"
            },
            "tags_all": {
              "Author": "Vendor",
              "Created-by": "Terraform",
              "Name": "rtb-XXXX-web-01",
              "agency-code": "xxxx",
              "environment": "uat",
              "project-code": "XXXX",
              "zone": "ia"
            },
            "timeouts": null,
            "vpc_id": "vpc-f4efee4924c32459f"
          },
          "sensitive_attributes": [],
          "private": "eyJlMmJmYjczMC1lY2FhLTExZTYtOGY4OC0zNDM2M2JjN2M0YzAiOnsiY3JlYXRlIjozMDAwMDAwMDAwMDAsImRlbGV0ZSI6MzAwMDAwMDAwMDAwLCJ1cGRhdGUiOjEyMDAwMDAwMDAwMH19"
        },
        {
          "index_key": 1,
          "schema_version": 0,
          "attributes": {
            "arn": "arn:aws:ec2:ap-southeast-1:111111111111:route-table/rtb-b2b8df2363bfc2e9a",
            "id": "rtb-b2b8df2363bfc2e9a",
            "owner_id": "111111111111",
            "propagating_vgws": [],
            "route": [
              {
                "carrier_gateway_id": "",
                "cidr_block": "10.0.0.0/8",
                "core_network_arn": "",
                "destination_prefix_list_id": "",
                "egress_only_gateway_id": "",
                "gateway_id": "vgw-6fff49794d314e5cf",
                "ipv6_cidr_block": "",
                "local_gateway_id": "",
                "nat_gateway_id": "",
                "network_interface_id": "",
                "transit_gateway_id": "",
                "vpc_endpoint_id": "",
                "vpc_peering_connection_id": ""
              },
              {
                "carrier_gateway_id": "",
                "cidr_block": "10.20.5.116/28",
                "core_network_arn": "",
                "destination_prefix_list_id": "",
                "egress_only_gateway_id": "",
                "gateway_id": "",
                "ipv6_cidr_block": "",
                "local_gateway_id": "",
                "nat_gateway_id": "",
                "network_interface_id": "",
                "transit_gateway_id": "",
                "vpc_endpoint_id": "",
                "vpc_peering_connection_id": "pcx-256fc5846cc250ab6"
              },
              {
                "carrier_gateway_id": "",
                "cidr_block": "10.20.72.240/28",
                "core_network_arn": "",
                "destination_prefix_list_id": "",
                "egress_only_gateway_id": "",
                "gateway_id": "",
                "ipv6_cidr_block": "",
                "local_gateway_id": "",
                "nat_gateway_id": "",
                "network_interface_id": "",
                "transit_gateway_id": "",
                "vpc_endpoint_id": "",
                "vpc_peering_connection_id": "pcx-256fc5846cc250ab6"
              },
              {
                "carrier_gateway_id": "",
                "cidr_block": "10.20.49.237/25",
                "core_network_arn": "",
                "destination_prefix_list_id": "",
                "egress_only_gateway_id": "",
                "gateway_id": "",
                "ipv6_cidr_block": "",
                "local_gateway_id": "",
                "nat_gateway_id": "",
                "network_interface_id": "",
                "transit_gateway_id": "",
                "vpc_endpoint_id": "",
                "vpc_peering_connection_id": "pcx-d2d93f21c89e66f1c"
              },
              {
                "carrier_gateway_id": "",
                "cidr_block": "10.20.98.245/25",
                "core_network_arn": "",
                "destination_prefix_list_id": "",
                "egress_only_gateway_id": "",
                "gateway_id": "",
                "ipv6_cidr_block": "",
                "local_gateway_id": "",
                "nat_gateway_id": "",
                "network_interface_id": "",
                "transit_gateway_id": "",
                "vpc_endpoint_id": "",
                "vpc_peering_connection_id": "pcx-7e3d5b6187c2948f9"
              }
            ],
            "tags": {
              "Author": "Vendor",
              "Created-by": "Terraform",
              "Name": "rtb-XXXX-app-01",
              "agency-code": "xxxx",
              "environment": "uat",
              "project-code": "XXXX",
              "zone": "ia"
            },
            "tags_all": {
              "Author": "Vendor",
              "Created-by": "Terraform",
              "Name": "rtb-XXXX-app-01",
              "agency-code": "xxxx",
              "environment": "uat",
              "project-code": "XXXX",
              "zone": "ia"
            },
            "timeouts": null,
            "vpc_id": "vpc-f4efee4924c32459f"
          },
          "sensitive_attributes": [],
          "private": "eyJlMmJmYjczMC1lY2FhLTExZTYtOGY4OC0zNDM2M2JjN2M0YzAiOnsiY3JlYXRlIjozMDAwMDAwMDAwMDAsImRlbGV0ZSI6MzAwMDAwMDAwMDAwLCJ1cGRhdGUiOjEyMDAwMDAwMDAwMH19"
        },
        {
          "index_key": 2,
          "schema_version": 0,
          "attributes": {
            "arn": "arn:aws:ec2:ap-southeast-1:111111111111:route-table/rtb-78f94af9392640d0b",
            "id": "rtb-78f94af9392640d0b",
            "owner_id": "111111111111",
            "propagating_vgws": [],
            "route": [
              {
                "carrier_gateway_id": "",
                "cidr_block": "10.20.200.100",
                "core_network_arn": "",
                "destination_prefix_list_id": "",
                "egress_only_gateway_id": "",
                "gateway_id": "vgw-6fff49794d314e5cf",
                "ipv6_cidr_block": "",
                "local_gateway_id": "",
                "nat_gateway_id": "",
                "network_interface_id": "",
                "transit_gateway_id": "",
                "vpc_endpoint_id": "",
                "vpc_peering_connection_id": ""
              },
              {
                "carrier_gateway_id": "",
                "cidr_block": "10.20.49.237/25",
                "core_network_arn": "",
                "destination_prefix_list_id": "",
                "egress_only_gateway_id": "",
                "gateway_id": "",
                "ipv6_cidr_block": "",
                "local_gateway_id": "",
                "nat_gateway_id": "",
                "network_interface_id": "",
                "transit_gateway_id": "",
                "vpc_endpoint_id": "",
                "vpc_peering_connection_id": "pcx-d2d93f21c89e66f1c"
              },
              {
                "carrier_gateway_id": "",
                "cidr_block": "10.20.157.133/27",
                "core_network_arn": "",
                "destination_prefix_list_id": "",
                "egress_only_gateway_id": "",
                "gateway_id": "",
                "ipv6_cidr_block": "",
                "local_gateway_id": "",
                "nat_gateway_id": "",
                "network_interface_id": "",
                "transit_gateway_id": "",
                "vpc_endpoint_id": "",
                "vpc_peering_connection_id": "pcx-18738b13e6628ffb9"
              },
              {
                "carrier_gateway_id": "",
                "cidr_block": "10.20.98.245/25",
                "core_network_arn": "",
                "destination_prefix_list_id": "",
                "egress_only_gateway_id": "",
                "gateway_id": "",
                "ipv6_cidr_block": "",
                "local_gateway_id": "",
                "nat_gateway_id": "",
                "network_interface_id": "",
                "transit_gateway_id": "",
                "vpc_endpoint_id": "",
                "vpc_peering_connection_id": "pcx-7e3d5b6187c2948f9"
              }
            ],
            "tags": {
              "Author": "Vendor",
              "Created-by": "Terraform",
              "Name": "rtb-XXXX-db-01",
              "agency-code": "xxxx",
              "environment": "uat",
              "project-code": "XXXX",
              "zone": "ia"
            },
            "tags_all": {
              "Author": "Vendor",
              "Created-by": "Terraform",
              "Name": "rtb-XXXX-db-01",
              "agency-code": "xxxx",
              "environment": "uat",
              "project-code": "XXXX",
              "zone": "ia"
            },
            "timeouts": null,
            "vpc_id": "vpc-f4efee4924c32459f"
          },
          "sensitive_attributes": [],
          "private": "eyJlMmJmYjczMC1lY2FhLTExZTYtOGY4OC0zNDM2M2JjN2M0YzAiOnsiY3JlYXRlIjozMDAwMDAwMDAwMDAsImRlbGV0ZSI6MzAwMDAwMDAwMDAwLCJ1cGRhdGUiOjEyMDAwMDAwMDAwMH19"
        },
        {
          "index_key": 3,
          "schema_version": 0,
          "attributes": {
            "arn": "arn:aws:ec2:ap-southeast-1:111111111111:route-table/rtb-c41b7fc7c878350b6",
            "id": "rtb-c41b7fc7c878350b6",
            "owner_id": "111111111111",
            "propagating_vgws": [],
            "route": [
              {
                "carrier_gateway_id": "",
                "cidr_block": "10.0.0.0/8",
                "core_network_arn": "",
                "destination_prefix_list_id": "",
                "egress_only_gateway_id": "",
                "gateway_id": "vgw-6fff49794d314e5cf",
                "ipv6_cidr_block": "",
                "local_gateway_id": "",
                "nat_gateway_id": "",
                "network_interface_id": "",
                "transit_gateway_id": "",
                "vpc_endpoint_id": "",
                "vpc_peering_connection_id": ""
              },
              {
                "carrier_gateway_id": "",
                "cidr_block": "10.20.100.16/25",
                "core_network_arn": "",
                "destination_prefix_list_id": "",
                "egress_only_gateway_id": "",
                "gateway_id": "",
                "ipv6_cidr_block": "",
                "local_gateway_id": "",
                "nat_gateway_id": "",
                "network_interface_id": "",
                "transit_gateway_id": "",
                "vpc_endpoint_id": "",
                "vpc_peering_connection_id": "pcx-256fc5846cc250ab6"
              },
              {
                "carrier_gateway_id": "",
                "cidr_block": "10.20.49.237/25",
                "core_network_arn": "",
                "destination_prefix_list_id": "",
                "egress_only_gateway_id": "",
                "gateway_id": "",
                "ipv6_cidr_block": "",
                "local_gateway_id": "",
                "nat_gateway_id": "",
                "network_interface_id": "",
                "transit_gateway_id": "",
                "vpc_endpoint_id": "",
                "vpc_peering_connection_id": "pcx-d2d93f21c89e66f1c"
              },
              {
                "carrier_gateway_id": "",
                "cidr_block": "10.20.98.245/25",
                "core_network_arn": "",
                "destination_prefix_list_id": "",
                "egress_only_gateway_id": "",
                "gateway_id": "",
                "ipv6_cidr_block": "",
                "local_gateway_id": "",
                "nat_gateway_id": "",
                "network_interface_id": "",
                "transit_gateway_id": "",
                "vpc_endpoint_id": "",
                "vpc_peering_connection_id": "pcx-7e3d5b6187c2948f9"
              }
            ],
            "tags": {
              "Author": "Vendor",
              "Created-by": "Terraform",
              "Name": "rtb-XXXX-proxy-01",
              "agency-code": "xxxx",
              "environment": "uat",
              "project-code": "XXXX",
              "zone": "ia"
            },
            "tags_all": {
              "Author": "Vendor",
              "Created-by": "Terraform",
              "Name": "rtb-XXXX-proxy-01",
              "agency-code": "xxxx",
              "environment": "uat",
              "project-code": "XXXX",
              "zone": "ia"
            },
            "timeouts": null,
            "vpc_id": "vpc-f4efee4924c32459f"
          },
          "sensitive_attributes": [],
          "private": "eyJlMmJmYjczMC1lY2FhLTExZTYtOGY4OC0zNDM2M2JjN2M0YzAiOnsiY3JlYXRlIjozMDAwMDAwMDAwMDAsImRlbGV0ZSI6MzAwMDAwMDAwMDAwLCJ1cGRhdGUiOjEyMDAwMDAwMDAwMH19"
        }
      ]
    },
    {
      "module": "module.fabric.module.route_table_association",
      "mode": "managed",
      "type": "aws_route_table_association",
      "name": "this",
      "provider": "provider[\"registry.terraform.io/hashicorp/aws\"]",
      "instances": [
        {
          "index_key": 0,
          "schema_version": 0,
          "attributes": {
            "gateway_id": "",
            "id": "rtbassoc-affe97aecc6f1ecff",
            "route_table_id": "rtb-2819481f5d754b9de",
            "subnet_id": "subnet-f129cd04587b113d5",
            "timeouts": null
          },
          "sensitive_attributes": [],
          "private": "eyJlMmJmYjczMC1lY2FhLTExZTYtOGY4OC0zNDM2M2JjN2M0YzAiOnsiY3JlYXRlIjozMDAwMDAwMDAwMDAsImRlbGV0ZSI6MzAwMDAwMDAwMDAwLCJ1cGRhdGUiOjEyMDAwMDAwMDAwMH19",
          "dependencies": [
            "module.fabric.module.route_table.aws_route_table.this",
            "module.fabric.module.subnet.aws_subnet.this"
          ]
        },
        {
          "index_key": 1,
          "schema_version": 0,
          "attributes": {
            "gateway_id": "",
            "id": "rtbassoc-c0aa2ceffcab3cd35",
            "route_table_id": "rtb-b2b8df2363bfc2e9a",
            "subnet_id": "subnet-4cf045070400ce875",
            "timeouts": null
          },
          "sensitive_attributes": [],
          "private": "eyJlMmJmYjczMC1lY2FhLTExZTYtOGY4OC0zNDM2M2JjN2M0YzAiOnsiY3JlYXRlIjozMDAwMDAwMDAwMDAsImRlbGV0ZSI6MzAwMDAwMDAwMDAwLCJ1cGRhdGUiOjEyMDAwMDAwMDAwMH19",
          "dependencies": [
            "module.fabric.module.route_table.aws_route_table.this",
            "module.fabric.module.subnet.aws_subnet.this"
          ]
        },
        {
          "index_key": 2,
          "schema_version": 0,
          "attributes": {
            "gateway_id": "",
            "id": "rtbassoc-1a57d5867948a416b",
            "route_table_id": "rtb-78f94af9392640d0b",
            "subnet_id": "subnet-8729cebe40cd0ce97",
            "timeouts": null
          },
          "sensitive_attributes": [],
          "private": "eyJlMmJmYjczMC1lY2FhLTExZTYtOGY4OC0zNDM2M2JjN2M0YzAiOnsiY3JlYXRlIjozMDAwMDAwMDAwMDAsImRlbGV0ZSI6MzAwMDAwMDAwMDAwLCJ1cGRhdGUiOjEyMDAwMDAwMDAwMH19",
          "dependencies": [
            "module.fabric.module.route_table.aws_route_table.this",
            "module.fabric.module.subnet.aws_subnet.this"
          ]
        },
        {
          "index_key": 3,
          "schema_version": 0,
          "attributes": {
            "gateway_id": "",
            "id": "rtbassoc-9b5a2d046ca1461ab",
            "route_table_id": "rtb-c41b7fc7c878350b6",
            "subnet_id": "subnet-1b66049e48f0a3eb1",
            "timeouts": null
          },
          "sensitive_attributes": [],
          "private": "eyJlMmJmYjczMC1lY2FhLTExZTYtOGY4OC0zNDM2M2JjN2M0YzAiOnsiY3JlYXRlIjozMDAwMDAwMDAwMDAsImRlbGV0ZSI6MzAwMDAwMDAwMDAwLCJ1cGRhdGUiOjEyMDAwMDAwMDAwMH19",
          "dependencies": [
            "module.fabric.module.route_table.aws_route_table.this",
            "module.fabric.module.subnet.aws_subnet.this"
          ]
        }
      ]
    },
    {
      "module": "module.fabric.module.subnet",
      "mode": "managed",
      "type": "aws_subnet",
      "name": "this",
      "provider": "provider[\"registry.terraform.io/hashicorp/aws\"]",
      "instances": [
        {
          "index_key": 0,
          "schema_version": 1,
          "attributes": {
            "arn": "arn:aws:ec2:ap-southeast-1:111111111111:subnet/subnet-f129cd04587b113d5",
            "assign_ipv6_address_on_creation": false,
            "availability_zone": "ap-southeast-11a",
            "availability_zone_id": "apse1-az1",
            "cidr_block": "10.20.171.158/28",
            "customer_owned_ipv4_pool": "",
            "enable_dns64": false,
            "enable_lni_at_device_index": 0,
            "enable_resource_name_dns_a_record_on_launch": false,
            "enable_resource_name_dns_aaaa_record_on_launch": false,
            "id": "subnet-f129cd04587b113d5",
            "ipv6_cidr_block": "",
            "ipv6_cidr_block_association_id": "",
            "ipv6_native": false,
            "map_customer_owned_ip_on_launch": false,
            "map_public_ip_on_launch": false,
            "outpost_arn": "",
            "owner_id": "111111111111",
            "private_dns_hostname_type_on_launch": "ip-name",
            "tags": {
              "Author": "Vendor",
              "Created-by": "Terraform",
              "Name": "sub-XXXX-web-01",
              "Purpose": "XXXX Intranet Web Subnet",
              "agency-code": "xxxx",
              "environment": "uat",
              "project-code": "XXXX",
              "zone": "ia"
            },
            "tags_all": {
              "Author": "Vendor",
              "Created-by": "Terraform",
              "Name": "sub-XXXX-web-01",
              "Purpose": "XXXX Intranet Web Subnet",
              "agency-code": "xxxx",
              "environment": "uat",
              "project-code": "XXXX",
              "zone": "ia"
            },
            "timeouts": null,
            "vpc_id": "vpc-f4efee4924c32459f"
          },
          "sensitive_attributes": [],
          "private": "eyJlMmJmYjczMC1lY2FhLTExZTYtOGY4OC0zNDM2M2JjN2M0YzAiOnsiY3JlYXRlIjo2MDAwMDAwMDAwMDAsImRlbGV0ZSI6MTIwMDAwMDAwMDAwMH0sInNjaGVtYV92ZXJzaW9uIjoiMSJ9"
        },
        {
          "index_key": 1,
          "schema_version": 1,
          "attributes": {
            "arn": "arn:aws:ec2:ap-southeast-1:111111111111:subnet/subnet-4cf045070400ce875",
            "assign_ipv6_address_on_creation": false,
            "availability_zone": "ap-southeast-11a",
            "availability_zone_id": "apse1-az1",
            "cidr_block": "10.20.189.194/28",
            "customer_owned_ipv4_pool": "",
            "enable_dns64": false,
            "enable_lni_at_device_index": 0,
            "enable_resource_name_dns_a_record_on_launch": false,
            "enable_resource_name_dns_aaaa_record_on_launch": false,
            "id": "subnet-4cf045070400ce875",
            "ipv6_cidr_block": "",
            "ipv6_cidr_block_association_id": "",
            "ipv6_native": false,
            "map_customer_owned_ip_on_launch": false,
            "map_public_ip_on_launch": false,
            "outpost_arn": "",
            "owner_id": "111111111111",
            "private_dns_hostname_type_on_launch": "ip-name",
            "tags": {
              "Author": "Vendor",
              "Created-by": "Terraform",
              "Name": "sub-XXXX-app-01",
              "Purpose": "XXXX Intranet App Subnet",
              "agency-code": "xxxx",
              "environment": "uat",
              "project-code": "XXXX",
              "zone": "ia"
            },
            "tags_all": {
              "Author": "Vendor",
              "Created-by": "Terraform",
              "Name": "sub-XXXX-app-01",
              "Purpose": "XXXX Intranet App Subnet",
              "agency-code": "xxxx",
              "environment": "uat",
              "project-code": "XXXX",
              "zone": "ia"
            },
            "timeouts": null,
            "vpc_id": "vpc-f4efee4924c32459f"
          },
          "sensitive_attributes": [],
          "private": "eyJlMmJmYjczMC1lY2FhLTExZTYtOGY4OC0zNDM2M2JjN2M0YzAiOnsiY3JlYXRlIjo2MDAwMDAwMDAwMDAsImRlbGV0ZSI6MTIwMDAwMDAwMDAwMH0sInNjaGVtYV92ZXJzaW9uIjoiMSJ9"
        },
        {
          "index_key": 2,
          "schema_version": 1,
          "attributes": {
            "arn": "arn:aws:ec2:ap-southeast-1:111111111111:subnet/subnet-8729cebe40cd0ce97",
            "assign_ipv6_address_on_creation": false,
            "availability_zone": "ap-southeast-11a",
            "availability_zone_id": "apse1-az1",
            "cidr_block": "10.20.112.222/28",
            "customer_owned_ipv4_pool": "",
            "enable_dns64": false,
            "enable_lni_at_device_index": 0,
            "enable_resource_name_dns_a_record_on_launch": false,
            "enable_resource_name_dns_aaaa_record_on_launch": false,
            "id": "subnet-8729cebe40cd0ce97",
            "ipv6_cidr_block": "",
            "ipv6_cidr_block_association_id": "",
            "ipv6_native": false,
            "map_customer_owned_ip_on_launch": false,
            "map_public_ip_on_launch": false,
            "outpost_arn": "",
            "owner_id": "111111111111",
            "private_dns_hostname_type_on_launch": "ip-name",
            "tags": {
              "Author": "Vendor",
              "Created-by": "Terraform",
              "Name": "sub-XXXX-db-01",
              "Purpose": "XXXX Intranet DB Subnet",
              "agency-code": "xxxx",
              "environment": "uat",
              "project-code": "XXXX",
              "zone": "ia"
            },
            "tags_all": {
              "Author": "Vendor",
              "Created-by": "Terraform",
              "Name": "sub-XXXX-db-01",
              "Purpose": "XXXX Intranet DB Subnet",
              "agency-code": "xxxx",
              "environment": "uat",
              "project-code": "XXXX",
              "zone": "ia"
            },
            "timeouts": null,
            "vpc_id": "vpc-f4efee4924c32459f"
          },
          "sensitive_attributes": [],
          "private": "eyJlMmJmYjczMC1lY2FhLTExZTYtOGY4OC0zNDM2M2JjN2M0YzAiOnsiY3JlYXRlIjo2MDAwMDAwMDAwMDAsImRlbGV0ZSI6MTIwMDAwMDAwMDAwMH0sInNjaGVtYV92ZXJzaW9uIjoiMSJ9"
        },
        {
          "index_key": 3,
          "schema_version": 1,
          "attributes": {
            "arn": "arn:aws:ec2:ap-southeast-1:111111111111:subnet/subnet-1b66049e48f0a3eb1",
            "assign_ipv6_address_on_creation": false,
            "availability_zone": "ap-southeast-11a",
            "availability_zone_id": "apse1-az1",
            "cidr_block": "10.20.29.109/28",
            "customer_owned_ipv4_pool": "",
            "enable_dns64": false,
            "enable_lni_at_device_index": 0,
            "enable_resource_name_dns_a_record_on_launch": false,
            "enable_resource_name_dns_aaaa_record_on_launch": false,
            "id": "subnet-1b66049e48f0a3eb1",
            "ipv6_cidr_block": "",
            "ipv6_cidr_block_association_id": "",
            "ipv6_native": false,
            "map_customer_owned_ip_on_launch": false,
            "map_public_ip_on_launch": false,
            "outpost_arn": "",
            "owner_id": "111111111111",
            "private_dns_hostname_type_on_launch": "ip-name",
            "tags": {
              "Author": "Vendor",
              "Created-by": "Terraform",
              "Name": "sub-XXXX-proxy-01",
              "Purpose": "XXXX Intranet webproxy subnet",
              "agency-code": "xxxx",
              "environment": "uat",
              "project-code": "XXXX",
              "zone": "ia"
            },
            "tags_all": {
              "Author": "Vendor",
              "Created-by": "Terraform",
              "Name": "sub-XXXX-proxy-01",
              "Purpose": "XXXX Intranet webproxy subnet",
              "agency-code": "xxxx",
              "environment": "uat",
              "project-code": "XXXX",
              "zone": "ia"
            },
            "timeouts": null,
            "vpc_id": "vpc-f4efee4924c32459f"
          },
          "sensitive_attributes": [],
          "private": "eyJlMmJmYjczMC1lY2FhLTExZTYtOGY4OC0zNDM2M2JjN2M0YzAiOnsiY3JlYXRlIjo2MDAwMDAwMDAwMDAsImRlbGV0ZSI6MTIwMDAwMDAwMDAwMH0sInNjaGVtYV92ZXJzaW9uIjoiMSJ9"
        }
      ]
    }
  ],
  "check_results": null
}
