{
  "version": 4,
  "terraform_version": "1.5.7",
  "serial": 2,
  "lineage": "21d606a0f7ba06c4ae3a7651527322e5",
  "outputs": {},
  "resources": [
    {
      "mode": "managed",
      "type": "aws_s3_bucket",
      "name": "b",
      "provider": "provider[\"registry.terraform.io/hashicorp/aws\"]",
      "instances": [
        {
          "schema_version": 0,
          "attributes": {
            "acceleration_status": "",
            "acl": null,
            "arn": "arn:aws:s3:::sst-s3-XXXX-uat-s3-access-logs",
            "bucket": "sst-s3-XXXX-uat-s3-access-logs",
            "bucket_domain_name": "sst-s3-XXXX-uat-s3-access-logs.s3.amazonaws.com",
            "bucket_prefix": "",
            "bucket_regional_domain_name": "sst-s3-XXXX-uat-s3-access-logs.s3.ap-southeast-1.amazonaws.com",
            "cors_rule": [],
            "force_destroy": false,
            "grant": [
              {
                "id": "97f18cd76879d578103eb3515536e593370d5b006d008fac0388e1f0e6f702ee",
                "permissions": [
                  "FULL_CONTROL"
                ],
                "type": "CanonicalUser",
                "uri": ""
              }
            ],
            "hosted_zone_id": "Z3O0J2DXBE1FTB",
            "id": "sst-s3-XXXX-uat-s3-access-logs",
            "lifecycle_rule": [],
            "logging": [],
            "object_lock_configuration": [],
            "object_lock_enabled": false,
            "policy": "{\"Id\":\"s3-bucket-ssl-requests-only rule\",\"Statement\":[{\"Action\":\"s3:*\",\"Condition\":{\"Bool\":{\"aws:SecureTransport\":\"false\"}},\"Effect\":\"Deny\",\"Principal\":\"*\",\"Resource\":[\"arn:aws:s3:::sst-s3-XXXX-uat-s3-access-logs\",\"arn:aws:s3:::sst-s3-XXXX-uat-s3-access-logs/*\"],\"Sid\":\"AllowSSLRequestsOnly\"}],\"Version\":\"2012-10-17\"}",
            "region": "ap-southeast-1",
            "replication_configuration": [],
            "request_payer": "BucketOwner",
            "server_side_encryption_configuration": [
              {
                "rule": [
                  {
                    "apply_server_side_encryption_by_default": [
                      {
                        "kms_master_key_id": "",
                        "sse_algorithm": "AES256"
                      }
                    ],
                    "bucket_key_enabled": false
                  }
                ]
              }
            ],
            "tags": {
              "Author": "Vendor",
              "agency-code": "xxxx",
              "environment": "uat",
              "project-code": "XXXX",
              "zone": "ia"
            },
            "tags_all": {
              "Author": "Vendor",
              "agency-code": "xxxx",
              "environment": "uat",
              "project-code": "XXXX",
              "zone": "ia"
            },
            "timeouts": null,
            "versioning": [
              {
                "enabled": true,
                "mfa_delete": false
              }
            ],
            "website": [],
            "website_domain": null,
            "website_endpoint": null
          },
          "sensitive_attributes": [],
          "private": "eyJlMmJmYjczMC1lY2FhLTExZTYtOGY4OC0zNDM2M2JjN2M0YzAiOnsiY3JlYXRlIjoxMjAwMDAwMDAwMDAwLCJkZWxldGUiOjM2MDAwMDAwMDAwMDAsInJlYWQiOjEyMDAwMDAwMDAwMDAsInVwZGF0ZSI6MTIwMDAwMDAwMDAwMH19"
        }
      ]
    },
    {
      "mode": "managed",
      "type": "aws_s3_bucket_ownership_controls",
      "name": "bucket_owner",
      "provider": "provider[\"registry.terraform.io/hashicorp/aws\"]",
      "instances": [
        {
          "schema_version": 0,
          "attributes": {
            "bucket": "sst-s3-XXXX-uat-s3-access-logs",
            "id": "sst-s3-XXXX-uat-s3-access-logs",
            "rule": [
              {
                "object_ownership": "BucketOwnerEnforced"
              }
            ]
          },
          "sensitive_attributes": [],
          "private": "bnVsbA==",
          "dependencies": [
            "aws_s3_bucket.b"
          ]
        }
      ]
    },
    {
      "mode": "managed",
      "type": "aws_s3_bucket_policy",
      "name": "policy",
      "provider": "provider[\"registry.terraform.io/hashicorp/aws\"]",
      "instances": [
        {
          "schema_version": 0,
          "attributes": {
            "bucket": "sst-s3-XXXX-uat-s3-access-logs",
            "id": "sst-s3-XXXX-uat-s3-access-logs",
            "policy": "{\"Id\":\"s3-bucket-ssl-requests-only rule\",\"Statement\":[{\"Action\":\"s3:*\",\"Condition\":{\"Bool\":{\"aws:SecureTransport\":\"false\"}},\"Effect\":\"Deny\",\"Principal\":\"*\",\"Resource\":[\"arn:aws:s3:::sst-s3-XXXX-uat-s3-access-logs\",\"arn:aws:s3:::sst-s3-XXXX-uat-s3-access-logs/*\"],\"Sid\":\"AllowSSLRequestsOnly\"},{\"Action\":\"s3:PutObject\",\"Condition\":{\"ArnLike\":{\"aws:SourceArn\":\"arn:aws:s3:::sst-s3-XXXX-uat-s3-access-logs\"},\"StringEquals\":{\"aws:SourceAccount\":\"111111111111\"}},\"Effect\":\"Allow\",\"Principal\":{\"Service\":\"logging.s3.amazonaws.com\"},\"Resource\":\"arn:aws:s3:::sst-s3-XXXX-uat-s3-access-logs/*\",\"Sid\":\"S3PolicyStmt-DO-NOT-MODIFY-1698222555078\"},{\"Action\":\"s3:PutObject\",\"Condition\":{\"StringEquals\":{\"aws:SourceAccount\":\"111111111111\"}},\"Effect\":\"Allow\",\"Principal\":{\"Service\":\"logging.s3.amazonaws.com\"},\"Resource\":\"arn:aws:s3:::sst-s3-XXXX-uat-s3-access-logs/*\",\"Sid\":\"S3PolicyStmt-DO-NOT-MODIFY-1718250887720\"}],\"Version\":\"2012-10-17\"}"
          },
          "sensitive_attributes": [],
          "private": "bnVsbA==",
          "dependencies": [
            "aws_s3_bucket.b"
          ]
        }
      ]
    },
    {
      "mode": "managed",
      "type": "aws_s3_bucket_server_side_encryption_configuration",
      "name": "encryption",
      "provider": "provider[\"registry.terraform.io/hashicorp/aws\"]",
      "instances": [
        {
          "schema_version": 0,
          "attributes": {
            "bucket": "sst-s3-XXXX-uat-s3-access-logs",
            "expected_bucket_owner": "",
            "id": "sst-s3-XXXX-uat-s3-access-logs",
            "rule": [
              {
                "apply_server_side_encryption_by_default": [
                  {
                    "kms_master_key_id": "",
                    "sse_algorithm": "AES256"
                  }
                ],
                "bucket_key_enabled": false
              }
            ]
          },
          "sensitive_attributes": [],
          "private": "bnVsbA==",
          "dependencies": [
            "aws_s3_bucket.b"
          ]
        }
      ]
    },
    {
      "mode": "managed",
      "type": "aws_s3_bucket_versioning",
      "name": "versioning",
      "provider": "provider[\"registry.terraform.io/hashicorp/aws\"]",
      "instances": [
        {
          "schema_version": 0,
          "attributes": {
            "bucket": "sst-s3-XXXX-uat-s3-access-logs",
            "expected_bucket_owner": "",
            "id": "sst-s3-XXXX-uat-s3-access-logs",
            "mfa": null,
            "versioning_configuration": [
              {
                "mfa_delete": "",
                "status": "Enabled"
              }
            ]
          },
          "sensitive_attributes": [],
          "private": "bnVsbA==",
          "dependencies": [
            "aws_s3_bucket.b"
          ]
        }
      ]
    }
  ],
  "check_results": null
}
