{
  "version": 4,
  "terraform_version": "1.5.7",
  "serial": 7,
  "lineage": "0e5b8c2b1376e08e8a8ea49a942a3ec3",
  "outputs": {},
  "resources": [
    {
      "mode": "data",
      "type": "aws_subnet",
      "name": "backup_subnet_1a",
      "provider": "provider[\"registry.terraform.io/hashicorp/aws\"]",
      "instances": [
        {
          "schema_version": 0,
          "attributes": {
            "arn": "arn:aws:ec2:ap-southeast-1:111111111111:subnet/subnet-6d881c21d6ae8bf24",
            "assign_ipv6_address_on_creation": false,
            "availability_zone": "ap-southeast-11a",
            "availability_zone_id": "apse1-az1",
            "available_ip_address_count": 16,
            "cidr_block": "10.20.186.94/27",
            "customer_owned_ipv4_pool": "",
            "default_for_az": false,
            "enable_dns64": false,
            "enable_lni_at_device_index": 0,
            "enable_resource_name_dns_a_record_on_launch": false,
            "enable_resource_name_dns_aaaa_record_on_launch": false,
            "filter": [
              {
                "name": "tag:Name",
                "values": [
                  "XXXX-UAT-backup-ap-southeast-11a"
                ]
              }
            ],
            "id": "subnet-6d881c21d6ae8bf24",
            "ipv6_cidr_block": "",
            "ipv6_cidr_block_association_id": "",
            "ipv6_native": false,
            "map_customer_owned_ip_on_launch": false,
            "map_public_ip_on_launch": false,
            "outpost_arn": "",
            "owner_id": "111111111111",
            "private_dns_hostname_type_on_launch": "ip-name",
            "state": "available",
            "tags": {
              "Name": "XXXX-UAT-backup-ap-southeast-11a",
              "cmp_compartment_type": "Intranet",
              "cmp_name": "XXXX-UAT",
              "ec2:ResourceTag/org:security:zone": "intranet",
              "org:origin": "cloud",
              "org:team": "team",
              "request_uuid": "ce37e6bc53595c9c1d6",
              "type": "Intranet"
            },
            "timeouts": null,
            "vpc_id": "vpc-f4efee4924c32459f"
          },
          "sensitive_attributes": []
        }
      ]
    },
    {
      "mode": "data",
      "type": "aws_subnet",
      "name": "management_subnet_1a",
      "provider": "provider[\"registry.terraform.io/hashicorp/aws\"]",
      "instances": [
        {
          "schema_version": 0,
          "attributes": {
            "arn": "arn:aws:ec2:ap-southeast-1:111111111111:subnet/subnet-67ccf2f6d8e2796ff",
            "assign_ipv6_address_on_creation": false,
            "availability_zone": "ap-southeast-11a",
            "availability_zone_id": "apse1-az1",
            "available_ip_address_count": 16,
            "cidr_block": "10.20.125.169/27",
            "customer_owned_ipv4_pool": "",
            "default_for_az": false,
            "enable_dns64": false,
            "enable_lni_at_device_index": 0,
            "enable_resource_name_dns_a_record_on_launch": false,
            "enable_resource_name_dns_aaaa_record_on_launch": false,
            "filter": [
              {
                "name": "tag:Name",
                "values": [
                  "XXXX-UAT-management-ap-southeast-11a"
                ]
              }
            ],
            "id": "subnet-67ccf2f6d8e2796ff",
            "ipv6_cidr_block": "",
            "ipv6_cidr_block_association_id": "",
            "ipv6_native": false,
            "map_customer_owned_ip_on_launch": false,
            "map_public_ip_on_launch": false,
            "outpost_arn": "",
            "owner_id": "111111111111",
            "private_dns_hostname_type_on_launch": "ip-name",
            "state": "available",
            "tags": {
              "Name": "XXXX-UAT-management-ap-southeast-11a",
              "cmp_compartment_type": "Intranet",
              "cmp_name": "XXXX-UAT",
              "ec2:ResourceTag/org:security:zone": "intranet",
              "org:origin": "cloud",
              "org:team": "team",
              "request_uuid": "ce37e6bc53595c9c1d6",
              "type": "Intranet"
            },
            "timeouts": null,
            "vpc_id": "vpc-f4efee4924c32459f"
          },
          "sensitive_attributes": []
        }
      ]
    },
    {
      "mode": "data",
      "type": "terraform_remote_state",
      "name": "fabric",
      "provider": "provider[\"terraform.io/builtin/terraform\"]",
      "instances": [
        {
          "schema_version": 0,
          "attributes": {
            "backend": "s3",
            "config": {
              "value": {
                "bucket": "sst-s3-XXXX-uat-terraform-backend-store",
                "key": "XXXX-intranet/fabric/terraform.tfstate",
                "profile": "xxxx-XXXX-uat-profile",
                "region": "ap-southeast-1"
              },
              "type": [
                "object",
                {
                  "bucket": "string",
                  "key": "string",
                  "profile": "string",
                  "region": "string"
                }
              ]
            },
            "defaults": null,
            "outputs": {
              "value": {
                "fabric_map": {
                  "gateway_endpoints": {},
                  "interface_endpoints": {},
                  "nacl_id_list": {
                    "nacl-XXXX-uat-app-01": "acl-a1b83607670ba4c8f",
                    "nacl-XXXX-uat-db-01": "acl-7d1233b931865feb3",
                    "nacl-XXXX-uat-web-01": "acl-806c6b42929ebf357",
                    "nacl-XXXX-uat-proxy-01": "acl-baf6e0dc0a983e1be"
                  },
                  "route_table_id_list": {
                    "rtb-XXXX-app-01": "rtb-b2b8df2363bfc2e9a",
                    "rtb-XXXX-db-01": "rtb-78f94af9392640d0b",
                    "rtb-XXXX-web-01": "rtb-2819481f5d754b9de",
                    "rtb-XXXX-proxy-01": "rtb-c41b7fc7c878350b6"
                  },
                  "security_group_id_list": {},
                  "subnet_id_list": {
                    "sub-XXXX-app-01": "subnet-4cf045070400ce875",
                    "sub-XXXX-db-01": "subnet-8729cebe40cd0ce97",
                    "sub-XXXX-web-01": "subnet-f129cd04587b113d5",
                    "sub-XXXX-proxy-01": "subnet-1b66049e48f0a3eb1"
                  },
                  "vpc_id": "vpc-f4efee4924c32459f"
                }
              },
              "type": [
                "object",
                {
                  "fabric_map": [
                    "object",
                    {
                      "gateway_endpoints": [
                        "object",
                        {}
                      ],
                      "interface_endpoints": [
                        "object",
                        {}
                      ],
                      "nacl_id_list": [
                        "object",
                        {
                          "nacl-XXXX-uat-app-01": "string",
                          "nacl-XXXX-uat-db-01": "string",
                          "nacl-XXXX-uat-web-01": "string",
                          "nacl-XXXX-uat-proxy-01": "string"
                        }
                      ],
                      "route_table_id_list": [
                        "object",
                        {
                          "rtb-XXXX-app-01": "string",
                          "rtb-XXXX-db-01": "string",
                          "rtb-XXXX-web-01": "string",
                          "rtb-XXXX-proxy-01": "string"
                        }
                      ],
                      "security_group_id_list": [
                        "object",
                        {}
                      ],
                      "subnet_id_list": [
                        "object",
                        {
                          "sub-XXXX-app-01": "string",
                          "sub-XXXX-db-01": "string",
                          "sub-XXXX-web-01": "string",
                          "sub-XXXX-proxy-01": "string"
                        }
                      ],
                      "vpc_id": "string"
                    }
                  ]
                }
              ]
            },
            "workspace": null
          },
          "sensitive_attributes": []
        }
      ]
    },
    {
      "mode": "data",
      "type": "terraform_remote_state",
      "name": "security",
      "provider": "provider[\"terraform.io/builtin/terraform\"]",
      "instances": [
        {
          "schema_version": 0,
          "attributes": {
            "backend": "s3",
            "config": {
              "value": {
                "bucket": "sst-s3-XXXX-uat-terraform-backend-store",
                "key": "XXXX-intranet/security/terraform.tfstate",
                "profile": "xxxx-XXXX-uat-profile",
                "region": "ap-southeast-1"
              },
              "type": [
                "object",
                {
                  "bucket": "string",
                  "key": "string",
                  "profile": "string",
                  "region": "string"
                }
              ]
            },
            "defaults": null,
            "outputs": {
              "value": {
                "securitygroup_map": {
                  "gateway_endpoints": {},
                  "interface_endpoints": {},
                  "nacl_id_list": {},
                  "route_table_id_list": {},
                  "security_group_id_list": {
                    "sgrp-XXXX-adjoin-01": "sg-8464f6c0a477d829a",
                    "sgrp-XXXX-appalb-01": "sg-f92fbfe42f69e5786",
                    "sgrp-XXXX-baas-backup-01": "sg-1269df882c3567c92",
                    "sgrp-XXXX-edb-01": "sg-50b79733dcf4240a1",
                    "sgrp-XXXX-file-01": "sg-7650972b67a042a18",
                    "sgrp-XXXX-gp-01": "sg-703bf2694bdf82ed0",
                    "sgrp-XXXX-job-01": "sg-cb5968f5ba1ad50e8",
                    "sgrp-XXXX-management-01": "sg-0b51d54f35b16bee7",
                    "sgrp-XXXX-map-01": "sg-f1e22e496da168c30",
                    "sgrp-XXXX-ptl-01": "sg-4c9b120c417998692",
                    "sgrp-XXXX-rdb-01": "sg-7079bcbb558022f61",
                    "sgrp-XXXX-un-01": "sg-08b9a430cb789f96c",
                    "sgrp-XXXX-udb-01": "sg-c6fa82cb28e1fb1f5",
                    "sgrp-XXXX-web-01": "sg-a14e1807ea7d32a83",
                    "sgrp-XXXX-proxy-01": "sg-40ce930f842de3d88"
                  },
                  "subnet_id_list": {},
                  "vpc_id": "vpc-f4efee4924c32459f"
                }
              },
              "type": [
                "object",
                {
                  "securitygroup_map": [
                    "object",
                    {
                      "gateway_endpoints": [
                        "object",
                        {}
                      ],
                      "interface_endpoints": [
                        "object",
                        {}
                      ],
                      "nacl_id_list": [
                        "object",
                        {}
                      ],
                      "route_table_id_list": [
                        "object",
                        {}
                      ],
                      "security_group_id_list": [
                        "object",
                        {
                          "sgrp-XXXX-adjoin-01": "string",
                          "sgrp-XXXX-appalb-01": "string",
                          "sgrp-XXXX-baas-backup-01": "string",
                          "sgrp-XXXX-edb-01": "string",
                          "sgrp-XXXX-file-01": "string",
                          "sgrp-XXXX-gp-01": "string",
                          "sgrp-XXXX-job-01": "string",
                          "sgrp-XXXX-management-01": "string",
                          "sgrp-XXXX-map-01": "string",
                          "sgrp-XXXX-ptl-01": "string",
                          "sgrp-XXXX-rdb-01": "string",
                          "sgrp-XXXX-un-01": "string",
                          "sgrp-XXXX-udb-01": "string",
                          "sgrp-XXXX-web-01": "string",
                          "sgrp-XXXX-proxy-01": "string"
                        }
                      ],
                      "subnet_id_list": [
                        "object",
                        {}
                      ],
                      "vpc_id": "string"
                    }
                  ]
                }
              ]
            },
            "workspace": null
          },
          "sensitive_attributes": []
        }
      ]
    },
    {
      "mode": "managed",
      "type": "aws_network_interface",
      "name": "backup_ip",
      "provider": "provider[\"registry.terraform.io/hashicorp/aws\"]",
      "instances": [
        {
          "schema_version": 0,
          "attributes": {
            "arn": "arn:aws:ec2:ap-southeast-1:111111111111:network-interface/eni-95b6e6fd4f3fad5b5",
            "attachment": [
              {
                "attachment_id": "eni-attach-c0e6ecc15db06b724",
                "device_index": 2,
                "instance": "i-318d451a237756298"
              }
            ],
            "description": "eni-XXXX-backup-map-01",
            "id": "eni-95b6e6fd4f3fad5b5",
            "interface_type": "interface",
            "ipv4_prefix_count": 0,
            "ipv4_prefixes": [],
            "ipv6_address_count": 0,
            "ipv6_address_list": [],
            "ipv6_address_list_enabled": false,
            "ipv6_addresses": [],
            "ipv6_prefix_count": 0,
            "ipv6_prefixes": [],
            "mac_address": "0a:c5:03:91:6a:9e",
            "outpost_arn": "",
            "owner_id": "111111111111",
            "private_dns_name": "ip-10-58-230-8.ap-southeast-1.compute.internal",
            "private_ip": "10.20.186.72",
            "private_ip_list": [
              "10.20.186.72"
            ],
            "private_ip_list_enabled": false,
            "private_ips": [
              "10.20.186.72"
            ],
            "private_ips_count": 0,
            "security_groups": [
              "sg-1269df882c3567c92"
            ],
            "source_dest_check": true,
            "subnet_id": "subnet-6d881c21d6ae8bf24",
            "tags": {
              "Author": "Vendor",
              "Created-by": "Terraform",
              "Name": "eni-XXXX-backup-map-01",
              "agency-code": "xxxx",
              "environment": "uat",
              "project-code": "XXXX",
              "tier": "app",
              "zone": "ia"
            },
            "tags_all": {
              "Author": "Vendor",
              "Created-by": "Terraform",
              "Name": "eni-XXXX-backup-map-01",
              "agency-code": "xxxx",
              "environment": "uat",
              "project-code": "XXXX",
              "tier": "app",
              "zone": "ia"
            }
          },
          "sensitive_attributes": [],
          "private": "bnVsbA==",
          "dependencies": [
            "data.aws_subnet.backup_subnet_1a",
            "data.terraform_remote_state.fabric",
            "data.terraform_remote_state.security",
            "module.XXXX-uatapp-map-01.aws_instance.this"
          ]
        }
      ]
    },
    {
      "mode": "managed",
      "type": "aws_network_interface",
      "name": "management_ip",
      "provider": "provider[\"registry.terraform.io/hashicorp/aws\"]",
      "instances": [
        {
          "schema_version": 0,
          "attributes": {
            "arn": "arn:aws:ec2:ap-southeast-1:111111111111:network-interface/eni-3d30bb86212599d46",
            "attachment": [
              {
                "attachment_id": "eni-attach-a0e364c929f86b236",
                "device_index": 1,
                "instance": "i-318d451a237756298"
              }
            ],
            "description": "eni-XXXX-mgmt-map-01",
            "id": "eni-3d30bb86212599d46",
            "interface_type": "interface",
            "ipv4_prefix_count": 0,
            "ipv4_prefixes": [],
            "ipv6_address_count": 0,
            "ipv6_address_list": [],
            "ipv6_address_list_enabled": false,
            "ipv6_addresses": [],
            "ipv6_prefix_count": 0,
            "ipv6_prefixes": [],
            "mac_address": "0a:92:42:f3:75:14",
            "outpost_arn": "",
            "owner_id": "111111111111",
            "private_dns_name": "ip-10-58-20-72.ap-southeast-1.compute.internal",
            "private_ip": "10.20.125.168",
            "private_ip_list": [
              "10.20.125.168"
            ],
            "private_ip_list_enabled": false,
            "private_ips": [
              "10.20.125.168"
            ],
            "private_ips_count": 0,
            "security_groups": [
              "sg-0b51d54f35b16bee7"
            ],
            "source_dest_check": true,
            "subnet_id": "subnet-67ccf2f6d8e2796ff",
            "tags": {
              "Author": "Vendor",
              "Created-by": "Terraform",
              "Name": "eni-XXXX-mgmt-map-01",
              "agency-code": "xxxx",
              "environment": "uat",
              "project-code": "XXXX",
              "tier": "app",
              "zone": "ia"
            },
            "tags_all": {
              "Author": "Vendor",
              "Created-by": "Terraform",
              "Name": "eni-XXXX-mgmt-map-01",
              "agency-code": "xxxx",
              "environment": "uat",
              "project-code": "XXXX",
              "tier": "app",
              "zone": "ia"
            }
          },
          "sensitive_attributes": [],
          "private": "bnVsbA==",
          "dependencies": [
            "data.aws_subnet.management_subnet_1a",
            "data.terraform_remote_state.fabric",
            "data.terraform_remote_state.security",
            "module.XXXX-uatapp-map-01.aws_instance.this"
          ]
        }
      ]
    },
    {
      "module": "module.XXXX-uatapp-map-01",
      "mode": "managed",
      "type": "aws_instance",
      "name": "this",
      "provider": "provider[\"registry.terraform.io/hashicorp/aws\"]",
      "instances": [
        {
          "index_key": 0,
          "schema_version": 1,
          "attributes": {
            "ami": "ami-0b2a30c1b715279c6",
            "arn": "arn:aws:ec2:ap-southeast-1:111111111111:instance/i-318d451a237756298",
            "associate_public_ip_address": false,
            "availability_zone": "ap-southeast-11a",
            "capacity_reservation_specification": [
              {
                "capacity_reservation_preference": "open",
                "capacity_reservation_target": []
              }
            ],
            "cpu_core_count": 2,
            "cpu_options": [
              {
                "amd_sev_snp": "",
                "core_count": 2,
                "threads_per_core": 2
              }
            ],
            "cpu_threads_per_core": 2,
            "credit_specification": [],
            "disable_api_stop": false,
            "disable_api_termination": true,
            "ebs_block_device": [
              {
                "delete_on_termination": false,
                "device_name": "/dev/xvdb",
                "encrypted": true,
                "iops": 1500,
                "kms_key_id": "arn:aws:kms:ap-southeast-1:111111111111:key/45b07d33bbedf6f672c4819e9f679963",
                "snapshot_id": "",
                "tags": {},
                "throughput": 0,
                "volume_id": "vol-9830698ee32f55ac8",
                "volume_size": 500,
                "volume_type": "gp2"
              }
            ],
            "ebs_optimized": false,
            "enclave_options": [
              {
                "enabled": false
              }
            ],
            "ephemeral_block_device": [],
            "get_password_data": false,
            "hibernation": false,
            "host_id": "",
            "host_resource_group_arn": null,
            "iam_instance_profile": "u-XXXX-iamr-ec2-profile",
            "id": "i-318d451a237756298",
            "instance_initiated_shutdown_behavior": "stop",
            "instance_lifecycle": "",
            "instance_market_options": [],
            "instance_state": "running",
            "instance_type": "r5.xlarge",
            "ipv6_address_count": 0,
            "ipv6_addresses": [],
            "key_name": "vm-XXXX-map-01",
            "launch_template": [],
            "maintenance_options": [
              {
                "auto_recovery": "default"
              }
            ],
            "metadata_options": [
              {
                "http_endpoint": "enabled",
                "http_put_response_hop_limit": 1,
                "http_tokens": "required",
                "instance_metadata_tags": "disabled"
              }
            ],
            "monitoring": false,
            "network_interface": [],
            "outpost_arn": "",
            "password_data": "",
            "placement_group": "",
            "placement_partition_number": 0,
            "primary_network_interface_id": "eni-507d54161b793260c",
            "private_dns": "ip-10-59-231-150.ap-southeast-1.compute.internal",
            "private_dns_name_options": [
              {
                "enable_resource_name_dns_a_record": false,
                "enable_resource_name_dns_aaaa_record": false,
                "hostname_type": "ip-name"
              }
            ],
            "private_ip": "10.20.189.198",
            "public_dns": "",
            "public_ip": "",
            "root_block_device": [
              {
                "delete_on_termination": true,
                "device_name": "/dev/sda1",
                "encrypted": true,
                "iops": 300,
                "kms_key_id": "arn:aws:kms:ap-southeast-1:111111111111:key/45b07d33bbedf6f672c4819e9f679963",
                "tags": {},
                "throughput": 0,
                "volume_id": "vol-425b3b26553bbcf8b",
                "volume_size": 100,
                "volume_type": "gp2"
              }
            ],
            "secondary_private_ips": [],
            "security_groups": [],
            "source_dest_check": true,
            "spot_instance_request_id": "",
            "subnet_id": "subnet-4cf045070400ce875",
            "tags": {
              "Author": "Vendor",
              "Created-by": "Terraform",
              "Name": "vm-XXXX-map-01",
              "OS": "Windows",
              "agency-code": "xxxx",
              "environment": "uat",
              "project-code": "XXXX",
              "purpose": "Intranet App Map VM 1 XXXX",
              "tier": "app",
              "zone": "ia"
            },
            "tags_all": {
              "Author": "Vendor",
              "Created-by": "Terraform",
              "Name": "vm-XXXX-map-01",
              "OS": "Windows",
              "agency-code": "xxxx",
              "environment": "uat",
              "project-code": "XXXX",
              "purpose": "Intranet App Map VM 1 XXXX",
              "tier": "app",
              "zone": "ia"
            },
            "tenancy": "default",
            "timeouts": null,
            "user_data": "",
            "user_data_base64": null,
            "user_data_replace_on_change": false,
            "volume_tags": {
              "Author": "Vendor",
              "Created-by": "Terraform",
              "Name": "vol-vm-xxxx-XXXX-uatmap-01",
              "agency-code": "xxxx",
              "environment": "uat",
              "project-code": "XXXX",
              "tier": "app",
              "zone": "ia"
            },
            "vpc_security_group_ids": [
              "sg-8464f6c0a477d829a",
              "sg-f1e22e496da168c30"
            ]
          },
          "sensitive_attributes": [],
          "private": "eyJlMmJmYjczMC1lY2FhLTExZTYtOGY4OC0zNDM2M2JjN2M0YzAiOnsiY3JlYXRlIjo2MDAwMDAwMDAwMDAsImRlbGV0ZSI6MTIwMDAwMDAwMDAwMCwidXBkYXRlIjo2MDAwMDAwMDAwMDB9LCJzY2hlbWFfdmVyc2lvbiI6IjEifQ==",
          "dependencies": [
            "data.terraform_remote_state.fabric",
            "data.terraform_remote_state.security"
          ]
        }
      ]
    },
    {
      "module": "module.XXXX-uatapp-map-01-ebs-d-01",
      "mode": "managed",
      "type": "aws_ebs_volume",
      "name": "this",
      "provider": "provider[\"registry.terraform.io/hashicorp/aws\"]",
      "instances": [
        {
          "schema_version": 0,
          "attributes": {
            "arn": "arn:aws:ec2:ap-southeast-1:111111111111:volume/vol-9830698ee32f55ac8",
            "availability_zone": "ap-southeast-11a",
            "encrypted": true,
            "final_snapshot": false,
            "id": "vol-9830698ee32f55ac8",
            "iops": 1500,
            "kms_key_id": "arn:aws:kms:ap-southeast-1:111111111111:key/45b07d33bbedf6f672c4819e9f679963",
            "multi_attach_enabled": false,
            "outpost_arn": "",
            "size": 500,
            "snapshot_id": "",
            "tags": {
              "Author": "Vendor",
              "Created-by": "Terraform",
              "Name": "vol-vm-xxxx-XXXX-uatmap-01-0",
              "agency-code": "xxxx",
              "environment": "uat",
              "project-code": "XXXX",
              "tier": "app",
              "zone": "ia"
            },
            "tags_all": {
              "Author": "Vendor",
              "Created-by": "Terraform",
              "Name": "vol-vm-xxxx-XXXX-uatmap-01-0",
              "agency-code": "xxxx",
              "environment": "uat",
              "project-code": "XXXX",
              "tier": "app",
              "zone": "ia"
            },
            "throughput": 0,
            "timeouts": null,
            "type": "gp2"
          },
          "sensitive_attributes": [],
          "private": "eyJlMmJmYjczMC1lY2FhLTExZTYtOGY4OC0zNDM2M2JjN2M0YzAiOnsiY3JlYXRlIjozMDAwMDAwMDAwMDAsImRlbGV0ZSI6MzAwMDAwMDAwMDAwLCJ1cGRhdGUiOjMwMDAwMDAwMDAwMH19"
        }
      ]
    },
    {
      "module": "module.XXXX-uatapp-map-01-ebs-d-01",
      "mode": "managed",
      "type": "aws_volume_attachment",
      "name": "this",
      "provider": "provider[\"registry.terraform.io/hashicorp/aws\"]",
      "instances": [
        {
          "index_key": 0,
          "schema_version": 0,
          "attributes": {
            "device_name": "/dev/xvdb",
            "force_detach": null,
            "id": "vai-3799641021",
            "instance_id": "i-318d451a237756298",
            "skip_destroy": null,
            "stop_instance_before_detaching": null,
            "timeouts": null,
            "volume_id": "vol-9830698ee32f55ac8"
          },
          "sensitive_attributes": [],
          "private": "eyJlMmJmYjczMC1lY2FhLTExZTYtOGY4OC0zNDM2M2JjN2M0YzAiOnsiY3JlYXRlIjozMDAwMDAwMDAwMDAsImRlbGV0ZSI6MzAwMDAwMDAwMDAwfX0=",
          "dependencies": [
            "data.terraform_remote_state.fabric",
            "data.terraform_remote_state.security",
            "module.XXXX-uatapp-map-01-ebs-d-01.aws_ebs_volume.this",
            "module.XXXX-uatapp-map-01.aws_instance.this"
          ]
        }
      ]
    }
  ],
  "check_results": null
}
