{
  "version": 4,
  "terraform_version": "1.5.7",
  "serial": 24,
  "lineage": "9aa68dc119fc1c1074b25b772e929742",
  "outputs": {
    "lb": {
      "value": {
        "arn": "arn:aws:elasticloadbalancing:ap-southeast-1:111111111111:loadbalancer/app/alb-az1-XXXX-uat-app01/8a84431f4580d9be",
        "nlb_hostname": "internal-alb-az1-XXXX-uat-app01-622867173.ap-southeast-1.elb.amazonaws.com"
      },
      "type": [
        "object",
        {
          "arn": "string",
          "nlb_hostname": "string"
        }
      ]
    },
    "lb_target_group_target_groups": {
      "value": {
        "tg-ia-XXXX-app-gp-01": "arn:aws:elasticloadbalancing:ap-southeast-1:111111111111:targetgroup/tg-ia-XXXX-app-gp-01/177bd07f32aa43a3",
        "tg-ia-XXXX-app-map-01": "arn:aws:elasticloadbalancing:ap-southeast-1:111111111111:targetgroup/tg-ia-XXXX-app-map-01/97433b7b09b1f83a",
        "tg-ia-XXXX-app-ptl-01": "arn:aws:elasticloadbalancing:ap-southeast-1:111111111111:targetgroup/tg-ia-XXXX-app-ptl-01/355aae73ed234b68",
        "tg-ia-XXXX-app-un-01": "arn:aws:elasticloadbalancing:ap-southeast-1:111111111111:targetgroup/tg-ia-XXXX-app-un-01/34653692932a4564",
        "tg-ia-XXXX-app-wfm-un-01": "arn:aws:elasticloadbalancing:ap-southeast-1:111111111111:targetgroup/tg-ia-XXXX-app-wfm-un-01/3672c6a87ff0b95b"
      },
      "type": [
        "object",
        {
          "tg-ia-XXXX-app-gp-01": "string",
          "tg-ia-XXXX-app-map-01": "string",
          "tg-ia-XXXX-app-ptl-01": "string",
          "tg-ia-XXXX-app-un-01": "string",
          "tg-ia-XXXX-app-wfm-un-01": "string"
        }
      ]
    }
  },
  "resources": [
    {
      "mode": "data",
      "type": "aws_instance",
      "name": "vm_instances_tg_1",
      "provider": "provider[\"registry.terraform.io/hashicorp/aws\"]",
      "instances": [
        {
          "index_key": 0,
          "schema_version": 0,
          "attributes": {
            "ami": "ami-0b2a30c1b715279c6",
            "arn": "arn:aws:ec2:ap-southeast-1:111111111111:instance/i-259663a51d7130462",
            "associate_public_ip_address": false,
            "availability_zone": "ap-southeast-11a",
            "credit_specification": [],
            "disable_api_stop": false,
            "disable_api_termination": true,
            "ebs_block_device": [
              {
                "delete_on_termination": false,
                "device_name": "/dev/xvdb",
                "encrypted": true,
                "iops": 1500,
                "kms_key_id": "arn:aws:kms:ap-southeast-1:111111111111:key/45b07d33bbedf6f672c4819e9f679963",
                "snapshot_id": "",
                "tags": {
                  "Author": "Vendor",
                  "Created-by": "Terraform",
                  "Name": "vol-vm-xxxx-XXXX-uatportal-01-0",
                  "agency-code": "xxxx",
                  "environment": "uat",
                  "project-code": "XXXX",
                  "tier": "app",
                  "zone": "ia"
                },
                "throughput": 0,
                "volume_id": "vol-827cea30b064530e0",
                "volume_size": 500,
                "volume_type": "gp2"
              }
            ],
            "ebs_optimized": false,
            "enclave_options": [
              {
                "enabled": false
              }
            ],
            "ephemeral_block_device": [],
            "filter": [
              {
                "name": "tag:Name",
                "values": [
                  "vm-XXXX-ptl-01"
                ]
              }
            ],
            "get_password_data": false,
            "get_user_data": false,
            "host_id": "",
            "host_resource_group_arn": "",
            "iam_instance_profile": "u-XXXX-iamr-ec2-profile",
            "id": "i-259663a51d7130462",
            "instance_id": null,
            "instance_state": "running",
            "instance_tags": null,
            "instance_type": "r5.xlarge",
            "ipv6_addresses": [],
            "key_name": "vm-XXXX-ptl-01",
            "maintenance_options": [
              {
                "auto_recovery": "default"
              }
            ],
            "metadata_options": [
              {
                "http_endpoint": "enabled",
                "http_put_response_hop_limit": 1,
                "http_tokens": "required",
                "instance_metadata_tags": "disabled"
              }
            ],
            "monitoring": false,
            "network_interface_id": "eni-300fb71f612095d75",
            "outpost_arn": "",
            "password_data": null,
            "placement_group": "",
            "placement_partition_number": 0,
            "private_dns": "ip-10-59-231-152.ap-southeast-1.compute.internal",
            "private_dns_name_options": [
              {
                "enable_resource_name_dns_a_record": false,
                "enable_resource_name_dns_aaaa_record": false,
                "hostname_type": "ip-name"
              }
            ],
            "private_ip": "10.20.52.84",
            "public_dns": "",
            "public_ip": "",
            "root_block_device": [
              {
                "delete_on_termination": true,
                "device_name": "/dev/sda1",
                "encrypted": true,
                "iops": 300,
                "kms_key_id": "arn:aws:kms:ap-southeast-1:111111111111:key/45b07d33bbedf6f672c4819e9f679963",
                "tags": {
                  "Author": "Vendor",
                  "Created-by": "Terraform",
                  "Name": "vol-vm-xxxx-XXXX-uatportal-01",
                  "agency-code": "xxxx",
                  "environment": "uat",
                  "project-code": "XXXX",
                  "tier": "app",
                  "zone": "ia"
                },
                "throughput": 0,
                "volume_id": "vol-60ab2ead545c03d68",
                "volume_size": 100,
                "volume_type": "gp2"
              }
            ],
            "secondary_private_ips": [],
            "security_groups": [],
            "source_dest_check": true,
            "subnet_id": "subnet-4cf045070400ce875",
            "tags": {
              "Author": "Vendor",
              "AutoShutdown10to7": "Yes",
              "Created-by": "Terraform",
              "Name": "vm-XXXX-ptl-01",
              "OS": "Windows",
              "Utilization": "True",
              "agency-code": "xxxx",
              "awsbackup": "ebs",
              "environment": "uat",
              "project-code": "XXXX",
              "purpose": "Intranet App Portal Server VM 1 XXXX",
              "ssm_cw_agent": "cw-agent-vm-xxxx-uatie-app-01",
              "tier": "app",
              "zone": "ia"
            },
            "tenancy": "default",
            "timeouts": null,
            "user_data": "",
            "user_data_base64": null,
            "vpc_security_group_ids": [
              "sg-4c9b120c417998692",
              "sg-8464f6c0a477d829a"
            ]
          },
          "sensitive_attributes": []
        }
      ]
    },
    {
      "mode": "data",
      "type": "aws_instance",
      "name": "vm_instances_tg_2",
      "provider": "provider[\"registry.terraform.io/hashicorp/aws\"]",
      "instances": [
        {
          "index_key": 0,
          "schema_version": 0,
          "attributes": {
            "ami": "ami-0b2a30c1b715279c6",
            "arn": "arn:aws:ec2:ap-southeast-1:111111111111:instance/i-524554418a6635705",
            "associate_public_ip_address": false,
            "availability_zone": "ap-southeast-11a",
            "credit_specification": [],
            "disable_api_stop": false,
            "disable_api_termination": true,
            "ebs_block_device": [
              {
                "delete_on_termination": false,
                "device_name": "/dev/xvdb",
                "encrypted": true,
                "iops": 1500,
                "kms_key_id": "arn:aws:kms:ap-southeast-1:111111111111:key/45b07d33bbedf6f672c4819e9f679963",
                "snapshot_id": "",
                "tags": {
                  "Author": "Vendor",
                  "Created-by": "Terraform",
                  "Name": "vol-vm-xxxx-XXXX-uatgp-01-0",
                  "agency-code": "xxxx",
                  "environment": "uat",
                  "project-code": "XXXX",
                  "tier": "app",
                  "zone": "ia"
                },
                "throughput": 0,
                "volume_id": "vol-612fc3c66c9be6089",
                "volume_size": 500,
                "volume_type": "gp2"
              }
            ],
            "ebs_optimized": false,
            "enclave_options": [
              {
                "enabled": false
              }
            ],
            "ephemeral_block_device": [],
            "filter": [
              {
                "name": "tag:Name",
                "values": [
                  "vm-XXXX-gp-01"
                ]
              }
            ],
            "get_password_data": false,
            "get_user_data": false,
            "host_id": "",
            "host_resource_group_arn": "",
            "iam_instance_profile": "u-XXXX-iamr-ec2-profile",
            "id": "i-524554418a6635705",
            "instance_id": null,
            "instance_state": "running",
            "instance_tags": null,
            "instance_type": "r5.xlarge",
            "ipv6_addresses": [],
            "key_name": "vm-XXXX-gp-01",
            "maintenance_options": [
              {
                "auto_recovery": "default"
              }
            ],
            "metadata_options": [
              {
                "http_endpoint": "enabled",
                "http_put_response_hop_limit": 1,
                "http_tokens": "required",
                "instance_metadata_tags": "disabled"
              }
            ],
            "monitoring": false,
            "network_interface_id": "eni-ae5e87b4e99884501",
            "outpost_arn": "",
            "password_data": null,
            "placement_group": "",
            "placement_partition_number": 0,
            "private_dns": "ip-10-59-231-151.ap-southeast-1.compute.internal",
            "private_dns_name_options": [
              {
                "enable_resource_name_dns_a_record": false,
                "enable_resource_name_dns_aaaa_record": false,
                "hostname_type": "ip-name"
              }
            ],
            "private_ip": "10.20.189.199",
            "public_dns": "",
            "public_ip": "",
            "root_block_device": [
              {
                "delete_on_termination": true,
                "device_name": "/dev/sda1",
                "encrypted": true,
                "iops": 300,
                "kms_key_id": "arn:aws:kms:ap-southeast-1:111111111111:key/45b07d33bbedf6f672c4819e9f679963",
                "tags": {
                  "Author": "Vendor",
                  "Created-by": "Terraform",
                  "Name": "vol-vm-xxxx-XXXX-uatgp-01",
                  "agency-code": "xxxx",
                  "environment": "uat",
                  "project-code": "XXXX",
                  "tier": "app",
                  "zone": "ia"
                },
                "throughput": 0,
                "volume_id": "vol-541f012892d9f6587",
                "volume_size": 100,
                "volume_type": "gp2"
              }
            ],
            "secondary_private_ips": [],
            "security_groups": [],
            "source_dest_check": true,
            "subnet_id": "subnet-4cf045070400ce875",
            "tags": {
              "Author": "Vendor",
              "AutoShutdown10to7": "Yes",
              "Created-by": "Terraform",
              "Name": "vm-XXXX-gp-01",
              "OS": "Windows",
              "Utilization": "True",
              "agency-code": "xxxx",
              "awsbackup": "ebs",
              "environment": "uat",
              "project-code": "XXXX",
              "purpose": "Intranet App GP Server VM 1 XXXX",
              "ssm_cw_agent": "cw-agent-vm-xxxx-uatie-app-01",
              "tier": "app",
              "zone": "ia"
            },
            "tenancy": "default",
            "timeouts": null,
            "user_data": "",
            "user_data_base64": null,
            "vpc_security_group_ids": [
              "sg-703bf2694bdf82ed0",
              "sg-8464f6c0a477d829a"
            ]
          },
          "sensitive_attributes": []
        }
      ]
    },
    {
      "mode": "data",
      "type": "aws_instance",
      "name": "vm_instances_tg_3",
      "provider": "provider[\"registry.terraform.io/hashicorp/aws\"]",
      "instances": [
        {
          "index_key": 0,
          "schema_version": 0,
          "attributes": {
            "ami": "ami-0b2a30c1b715279c6",
            "arn": "arn:aws:ec2:ap-southeast-1:111111111111:instance/i-918bf37a964d19bb7",
            "associate_public_ip_address": false,
            "availability_zone": "ap-southeast-11a",
            "credit_specification": [],
            "disable_api_stop": false,
            "disable_api_termination": true,
            "ebs_block_device": [
              {
                "delete_on_termination": false,
                "device_name": "/dev/xvdb",
                "encrypted": true,
                "iops": 1500,
                "kms_key_id": "arn:aws:kms:ap-southeast-1:111111111111:key/45b07d33bbedf6f672c4819e9f679963",
                "snapshot_id": "",
                "tags": {
                  "Author": "Vendor",
                  "Created-by": "Terraform",
                  "Name": "vol-vm-xxxx-XXXX-uatun-01-0",
                  "agency-code": "xxxx",
                  "environment": "uat",
                  "project-code": "XXXX",
                  "tier": "app",
                  "zone": "ia"
                },
                "throughput": 0,
                "volume_id": "vol-25ab9e145b9f7c71b",
                "volume_size": 500,
                "volume_type": "gp2"
              }
            ],
            "ebs_optimized": false,
            "enclave_options": [
              {
                "enabled": false
              }
            ],
            "ephemeral_block_device": [],
            "filter": [
              {
                "name": "tag:Name",
                "values": [
                  "vm-XXXX-un-01"
                ]
              }
            ],
            "get_password_data": false,
            "get_user_data": false,
            "host_id": "",
            "host_resource_group_arn": "",
            "iam_instance_profile": "u-XXXX-iamr-ec2-profile",
            "id": "i-918bf37a964d19bb7",
            "instance_id": null,
            "instance_state": "running",
            "instance_tags": null,
            "instance_type": "r5.2xlarge",
            "ipv6_addresses": [],
            "key_name": "vm-XXXX-un-01",
            "maintenance_options": [
              {
                "auto_recovery": "default"
              }
            ],
            "metadata_options": [
              {
                "http_endpoint": "enabled",
                "http_put_response_hop_limit": 1,
                "http_tokens": "required",
                "instance_metadata_tags": "disabled"
              }
            ],
            "monitoring": false,
            "network_interface_id": "eni-ea9058a7573897066",
            "outpost_arn": "",
            "password_data": null,
            "placement_group": "",
            "placement_partition_number": 0,
            "private_dns": "ip-10-59-231-149.ap-southeast-1.compute.internal",
            "private_dns_name_options": [
              {
                "enable_resource_name_dns_a_record": false,
                "enable_resource_name_dns_aaaa_record": false,
                "hostname_type": "ip-name"
              }
            ],
            "private_ip": "10.20.189.197",
            "public_dns": "",
            "public_ip": "",
            "root_block_device": [
              {
                "delete_on_termination": true,
                "device_name": "/dev/sda1",
                "encrypted": true,
                "iops": 300,
                "kms_key_id": "arn:aws:kms:ap-southeast-1:111111111111:key/45b07d33bbedf6f672c4819e9f679963",
                "tags": {
                  "Author": "Vendor",
                  "Created-by": "Terraform",
                  "Name": "vol-vm-xxxx-XXXX-uatun-01",
                  "agency-code": "xxxx",
                  "environment": "uat",
                  "project-code": "XXXX",
                  "tier": "app",
                  "zone": "ia"
                },
                "throughput": 0,
                "volume_id": "vol-af6aed2cc0b460f21",
                "volume_size": 100,
                "volume_type": "gp2"
              }
            ],
            "secondary_private_ips": [],
            "security_groups": [],
            "source_dest_check": true,
            "subnet_id": "subnet-4cf045070400ce875",
            "tags": {
              "Author": "Vendor",
              "AutoShutdown10to7": "Yes",
              "Created-by": "Terraform",
              "Name": "vm-XXXX-un-01",
              "OS": "Windows",
              "Utilization": "True",
              "agency-code": "xxxx",
              "awsbackup": "ebs",
              "environment": "uat",
              "project-code": "XXXX",
              "purpose": "Intranet App Job VM 1 XXXX",
              "ssm_cw_agent": "cw-agent-vm-xxxx-uatie-app-01",
              "tier": "app",
              "zone": "ia"
            },
            "tenancy": "default",
            "timeouts": null,
            "user_data": "",
            "user_data_base64": null,
            "vpc_security_group_ids": [
              "sg-8464f6c0a477d829a",
              "sg-08b9a430cb789f96c"
            ]
          },
          "sensitive_attributes": []
        }
      ]
    },
    {
      "mode": "data",
      "type": "aws_instance",
      "name": "vm_instances_tg_4",
      "provider": "provider[\"registry.terraform.io/hashicorp/aws\"]",
      "instances": [
        {
          "index_key": 0,
          "schema_version": 0,
          "attributes": {
            "ami": "ami-0b2a30c1b715279c6",
            "arn": "arn:aws:ec2:ap-southeast-1:111111111111:instance/i-318d451a237756298",
            "associate_public_ip_address": false,
            "availability_zone": "ap-southeast-11a",
            "credit_specification": [],
            "disable_api_stop": false,
            "disable_api_termination": true,
            "ebs_block_device": [
              {
                "delete_on_termination": false,
                "device_name": "/dev/xvdb",
                "encrypted": true,
                "iops": 1500,
                "kms_key_id": "arn:aws:kms:ap-southeast-1:111111111111:key/45b07d33bbedf6f672c4819e9f679963",
                "snapshot_id": "",
                "tags": {
                  "Author": "Vendor",
                  "Created-by": "Terraform",
                  "Name": "vol-vm-xxxx-XXXX-uatmap-01-0",
                  "agency-code": "xxxx",
                  "environment": "uat",
                  "project-code": "XXXX",
                  "tier": "app",
                  "zone": "ia"
                },
                "throughput": 0,
                "volume_id": "vol-9830698ee32f55ac8",
                "volume_size": 500,
                "volume_type": "gp2"
              }
            ],
            "ebs_optimized": false,
            "enclave_options": [
              {
                "enabled": false
              }
            ],
            "ephemeral_block_device": [],
            "filter": [
              {
                "name": "tag:Name",
                "values": [
                  "vm-XXXX-map-01"
                ]
              }
            ],
            "get_password_data": false,
            "get_user_data": false,
            "host_id": "",
            "host_resource_group_arn": "",
            "iam_instance_profile": "u-XXXX-iamr-ec2-profile",
            "id": "i-318d451a237756298",
            "instance_id": null,
            "instance_state": "running",
            "instance_tags": null,
            "instance_type": "r5.xlarge",
            "ipv6_addresses": [],
            "key_name": "vm-XXXX-map-01",
            "maintenance_options": [
              {
                "auto_recovery": "default"
              }
            ],
            "metadata_options": [
              {
                "http_endpoint": "enabled",
                "http_put_response_hop_limit": 1,
                "http_tokens": "required",
                "instance_metadata_tags": "disabled"
              }
            ],
            "monitoring": false,
            "network_interface_id": "eni-507d54161b793260c",
            "outpost_arn": "",
            "password_data": null,
            "placement_group": "",
            "placement_partition_number": 0,
            "private_dns": "ip-10-59-231-150.ap-southeast-1.compute.internal",
            "private_dns_name_options": [
              {
                "enable_resource_name_dns_a_record": false,
                "enable_resource_name_dns_aaaa_record": false,
                "hostname_type": "ip-name"
              }
            ],
            "private_ip": "10.20.189.198",
            "public_dns": "",
            "public_ip": "",
            "root_block_device": [
              {
                "delete_on_termination": true,
                "device_name": "/dev/sda1",
                "encrypted": true,
                "iops": 300,
                "kms_key_id": "arn:aws:kms:ap-southeast-1:111111111111:key/45b07d33bbedf6f672c4819e9f679963",
                "tags": {
                  "Author": "Vendor",
                  "Created-by": "Terraform",
                  "Name": "vol-vm-xxxx-XXXX-uatmap-01",
                  "agency-code": "xxxx",
                  "environment": "uat",
                  "project-code": "XXXX",
                  "tier": "app",
                  "zone": "ia"
                },
                "throughput": 0,
                "volume_id": "vol-425b3b26553bbcf8b",
                "volume_size": 100,
                "volume_type": "gp2"
              }
            ],
            "secondary_private_ips": [],
            "security_groups": [],
            "source_dest_check": true,
            "subnet_id": "subnet-4cf045070400ce875",
            "tags": {
              "Author": "Vendor",
              "AutoShutdown10to7": "Yes",
              "Created-by": "Terraform",
              "Name": "vm-XXXX-map-01",
              "OS": "Windows",
              "Utilization": "True",
              "agency-code": "xxxx",
              "awsbackup": "ebs",
              "environment": "uat",
              "project-code": "XXXX",
              "purpose": "Intranet App Map VM 1 XXXX",
              "ssm_cw_agent": "cw-agent-vm-xxxx-uatie-app-01",
              "tier": "app",
              "zone": "ia"
            },
            "tenancy": "default",
            "timeouts": null,
            "user_data": "",
            "user_data_base64": null,
            "vpc_security_group_ids": [
              "sg-8464f6c0a477d829a",
              "sg-f1e22e496da168c30"
            ]
          },
          "sensitive_attributes": []
        }
      ]
    },
    {
      "mode": "data",
      "type": "aws_instance",
      "name": "vm_instances_tg_5",
      "provider": "provider[\"registry.terraform.io/hashicorp/aws\"]",
      "instances": [
        {
          "index_key": 0,
          "schema_version": 0,
          "attributes": {
            "ami": "ami-0b2a30c1b715279c6",
            "arn": "arn:aws:ec2:ap-southeast-1:111111111111:instance/i-918bf37a964d19bb7",
            "associate_public_ip_address": false,
            "availability_zone": "ap-southeast-11a",
            "credit_specification": [],
            "disable_api_stop": false,
            "disable_api_termination": true,
            "ebs_block_device": [
              {
                "delete_on_termination": false,
                "device_name": "/dev/xvdb",
                "encrypted": true,
                "iops": 1500,
                "kms_key_id": "arn:aws:kms:ap-southeast-1:111111111111:key/45b07d33bbedf6f672c4819e9f679963",
                "snapshot_id": "",
                "tags": {
                  "Author": "Vendor",
                  "Created-by": "Terraform",
                  "Name": "vol-vm-xxxx-XXXX-uatun-01-0",
                  "agency-code": "xxxx",
                  "environment": "uat",
                  "project-code": "XXXX",
                  "tier": "app",
                  "zone": "ia"
                },
                "throughput": 0,
                "volume_id": "vol-25ab9e145b9f7c71b",
                "volume_size": 500,
                "volume_type": "gp2"
              }
            ],
            "ebs_optimized": false,
            "enclave_options": [
              {
                "enabled": false
              }
            ],
            "ephemeral_block_device": [],
            "filter": [
              {
                "name": "tag:Name",
                "values": [
                  "vm-XXXX-un-01"
                ]
              }
            ],
            "get_password_data": false,
            "get_user_data": false,
            "host_id": "",
            "host_resource_group_arn": "",
            "iam_instance_profile": "u-XXXX-iamr-ec2-profile",
            "id": "i-918bf37a964d19bb7",
            "instance_id": null,
            "instance_state": "running",
            "instance_tags": null,
            "instance_type": "r5.2xlarge",
            "ipv6_addresses": [],
            "key_name": "vm-XXXX-un-01",
            "maintenance_options": [
              {
                "auto_recovery": "default"
              }
            ],
            "metadata_options": [
              {
                "http_endpoint": "enabled",
                "http_put_response_hop_limit": 1,
                "http_tokens": "required",
                "instance_metadata_tags": "disabled"
              }
            ],
            "monitoring": false,
            "network_interface_id": "eni-ea9058a7573897066",
            "outpost_arn": "",
            "password_data": null,
            "placement_group": "",
            "placement_partition_number": 0,
            "private_dns": "ip-10-59-231-149.ap-southeast-1.compute.internal",
            "private_dns_name_options": [
              {
                "enable_resource_name_dns_a_record": false,
                "enable_resource_name_dns_aaaa_record": false,
                "hostname_type": "ip-name"
              }
            ],
            "private_ip": "10.20.189.197",
            "public_dns": "",
            "public_ip": "",
            "root_block_device": [
              {
                "delete_on_termination": true,
                "device_name": "/dev/sda1",
                "encrypted": true,
                "iops": 300,
                "kms_key_id": "arn:aws:kms:ap-southeast-1:111111111111:key/45b07d33bbedf6f672c4819e9f679963",
                "tags": {
                  "Author": "Vendor",
                  "Created-by": "Terraform",
                  "Name": "vol-vm-xxxx-XXXX-uatun-01",
                  "agency-code": "xxxx",
                  "environment": "uat",
                  "project-code": "XXXX",
                  "tier": "app",
                  "zone": "ia"
                },
                "throughput": 0,
                "volume_id": "vol-af6aed2cc0b460f21",
                "volume_size": 100,
                "volume_type": "gp2"
              }
            ],
            "secondary_private_ips": [],
            "security_groups": [],
            "source_dest_check": true,
            "subnet_id": "subnet-4cf045070400ce875",
            "tags": {
              "Author": "Vendor",
              "AutoShutdown10to7": "Yes",
              "Created-by": "Terraform",
              "Name": "vm-XXXX-un-01",
              "OS": "Windows",
              "Utilization": "True",
              "agency-code": "xxxx",
              "awsbackup": "ebs",
              "environment": "uat",
              "project-code": "XXXX",
              "purpose": "Intranet App Job VM 1 XXXX",
              "ssm_cw_agent": "cw-agent-vm-xxxx-uatie-app-01",
              "tier": "app",
              "zone": "ia"
            },
            "tenancy": "default",
            "timeouts": null,
            "user_data": "",
            "user_data_base64": null,
            "vpc_security_group_ids": [
              "sg-8464f6c0a477d829a",
              "sg-08b9a430cb789f96c"
            ]
          },
          "sensitive_attributes": []
        }
      ]
    },
    {
      "mode": "data",
      "type": "aws_lb_listener",
      "name": "listener_info",
      "provider": "provider[\"registry.terraform.io/hashicorp/aws\"]",
      "instances": [
        {
          "schema_version": 0,
          "attributes": {
            "alpn_policy": null,
            "arn": "arn:aws:elasticloadbalancing:ap-southeast-1:111111111111:listener/app/alb-az1-XXXX-uat-app01/8a84431f4580d9be/c45a64cc816e3c97",
            "certificate_arn": "arn:aws:acm:ap-southeast-1:111111111111:certificate/07dbeb3fbc8aef58486aab480f0166c3",
            "default_action": [
              {
                "authenticate_cognito": [],
                "authenticate_oidc": [],
                "fixed_response": [
                  {
                    "content_type": "text/plain",
                    "message_body": "Wrong domain name",
                    "status_code": "405"
                  }
                ],
                "forward": [],
                "order": 1,
                "redirect": [],
                "target_group_arn": "",
                "type": "fixed-response"
              }
            ],
            "id": "arn:aws:elasticloadbalancing:ap-southeast-1:111111111111:listener/app/alb-az1-XXXX-uat-app01/8a84431f4580d9be/c45a64cc816e3c97",
            "load_balancer_arn": "arn:aws:elasticloadbalancing:ap-southeast-1:111111111111:loadbalancer/app/alb-az1-XXXX-uat-app01/8a84431f4580d9be",
            "port": 6443,
            "protocol": "HTTPS",
            "ssl_policy": "ELBSecurityPolicy-TLS13-1-2-2021-06",
            "tags": {},
            "timeouts": null
          },
          "sensitive_attributes": []
        }
      ]
    },
    {
      "mode": "data",
      "type": "aws_lb_target_group",
      "name": "target_group_info",
      "provider": "provider[\"registry.terraform.io/hashicorp/aws\"]",
      "instances": [
        {
          "index_key": 0,
          "schema_version": 0,
          "attributes": {
            "arn": "arn:aws:elasticloadbalancing:ap-southeast-1:111111111111:targetgroup/tg-ia-XXXX-app-gp-01/177bd07f32aa43a3",
            "arn_suffix": "targetgroup/tg-ia-XXXX-app-gp-01/177bd07f32aa43a3",
            "connection_termination": null,
            "deregistration_delay": 300,
            "health_check": [
              {
                "enabled": true,
                "healthy_threshold": 2,
                "interval": 30,
                "matcher": "200",
                "path": "/server/rest/info/healthCheck",
                "port": "traffic-port",
                "protocol": "HTTP",
                "timeout": 5,
                "unhealthy_threshold": 5
              }
            ],
            "id": "arn:aws:elasticloadbalancing:ap-southeast-1:111111111111:targetgroup/tg-ia-XXXX-app-gp-01/177bd07f32aa43a3",
            "lambda_multi_value_headers_enabled": null,
            "load_balancing_algorithm_type": "round_robin",
            "load_balancing_cross_zone_enabled": "use_load_balancer_configuration",
            "name": "tg-ia-XXXX-app-gp-01",
            "port": 6443,
            "preserve_client_ip": null,
            "protocol": "HTTPS",
            "protocol_version": "HTTP1",
            "proxy_protocol_v2": null,
            "slow_start": 0,
            "stickiness": [
              {
                "cookie_duration": 86400,
                "cookie_name": "",
                "enabled": false,
                "type": "lb_cookie"
              }
            ],
            "tags": {
              "Author": "Vendor",
              "Created-by": "Terraform",
              "Name": "tg-ia-XXXX-app-gp-01",
              "agency-code": "xxxx",
              "environment": "uat",
              "project-code": "XXXX",
              "zone": "ia"
            },
            "target_type": "instance",
            "timeouts": null,
            "vpc_id": "vpc-f4efee4924c32459f"
          },
          "sensitive_attributes": []
        },
        {
          "index_key": 1,
          "schema_version": 0,
          "attributes": {
            "arn": "arn:aws:elasticloadbalancing:ap-southeast-1:111111111111:targetgroup/tg-ia-XXXX-app-un-01/34653692932a4564",
            "arn_suffix": "targetgroup/tg-ia-XXXX-app-un-01/34653692932a4564",
            "connection_termination": null,
            "deregistration_delay": 300,
            "health_check": [
              {
                "enabled": true,
                "healthy_threshold": 2,
                "interval": 30,
                "matcher": "200",
                "path": "/server/rest/info/healthCheck",
                "port": "traffic-port",
                "protocol": "HTTP",
                "timeout": 5,
                "unhealthy_threshold": 5
              }
            ],
            "id": "arn:aws:elasticloadbalancing:ap-southeast-1:111111111111:targetgroup/tg-ia-XXXX-app-un-01/34653692932a4564",
            "lambda_multi_value_headers_enabled": null,
            "load_balancing_algorithm_type": "round_robin",
            "load_balancing_cross_zone_enabled": "use_load_balancer_configuration",
            "name": "tg-ia-XXXX-app-un-01",
            "port": 6443,
            "preserve_client_ip": null,
            "protocol": "HTTPS",
            "protocol_version": "HTTP1",
            "proxy_protocol_v2": null,
            "slow_start": 0,
            "stickiness": [
              {
                "cookie_duration": 86400,
                "cookie_name": "",
                "enabled": false,
                "type": "lb_cookie"
              }
            ],
            "tags": {
              "Author": "Vendor",
              "Created-by": "Terraform",
              "Name": "tg-ia-XXXX-app-un-01",
              "agency-code": "xxxx",
              "environment": "uat",
              "project-code": "XXXX",
              "zone": "ia"
            },
            "target_type": "instance",
            "timeouts": null,
            "vpc_id": "vpc-f4efee4924c32459f"
          },
          "sensitive_attributes": []
        },
        {
          "index_key": 2,
          "schema_version": 0,
          "attributes": {
            "arn": "arn:aws:elasticloadbalancing:ap-southeast-1:111111111111:targetgroup/tg-ia-XXXX-app-map-01/97433b7b09b1f83a",
            "arn_suffix": "targetgroup/tg-ia-XXXX-app-map-01/97433b7b09b1f83a",
            "connection_termination": null,
            "deregistration_delay": 300,
            "health_check": [
              {
                "enabled": true,
                "healthy_threshold": 2,
                "interval": 30,
                "matcher": "200",
                "path": "/server/rest/info/healthCheck",
                "port": "traffic-port",
                "protocol": "HTTP",
                "timeout": 5,
                "unhealthy_threshold": 5
              }
            ],
            "id": "arn:aws:elasticloadbalancing:ap-southeast-1:111111111111:targetgroup/tg-ia-XXXX-app-map-01/97433b7b09b1f83a",
            "lambda_multi_value_headers_enabled": null,
            "load_balancing_algorithm_type": "round_robin",
            "load_balancing_cross_zone_enabled": "use_load_balancer_configuration",
            "name": "tg-ia-XXXX-app-map-01",
            "port": 6443,
            "preserve_client_ip": null,
            "protocol": "HTTPS",
            "protocol_version": "HTTP1",
            "proxy_protocol_v2": null,
            "slow_start": 0,
            "stickiness": [
              {
                "cookie_duration": 86400,
                "cookie_name": "",
                "enabled": false,
                "type": "lb_cookie"
              }
            ],
            "tags": {
              "Author": "Vendor",
              "Created-by": "Terraform",
              "Name": "tg-ia-XXXX-app-map-01",
              "agency-code": "xxxx",
              "environment": "uat",
              "project-code": "XXXX",
              "zone": "ia"
            },
            "target_type": "instance",
            "timeouts": null,
            "vpc_id": "vpc-f4efee4924c32459f"
          },
          "sensitive_attributes": []
        }
      ]
    },
    {
      "mode": "data",
      "type": "terraform_remote_state",
      "name": "fabric",
      "provider": "provider[\"terraform.io/builtin/terraform\"]",
      "instances": [
        {
          "schema_version": 0,
          "attributes": {
            "backend": "s3",
            "config": {
              "value": {
                "bucket": "sst-s3-XXXX-uat-terraform-backend-store",
                "key": "XXXX-intranet/fabric/terraform.tfstate",
                "profile": "xxxx-XXXX-uat-profile",
                "region": "ap-southeast-1"
              },
              "type": [
                "object",
                {
                  "bucket": "string",
                  "key": "string",
                  "profile": "string",
                  "region": "string"
                }
              ]
            },
            "defaults": null,
            "outputs": {
              "value": {
                "fabric_map": {
                  "gateway_endpoints": {},
                  "interface_endpoints": {},
                  "nacl_id_list": {
                    "nacl-XXXX-uat-app-01": "acl-a1b83607670ba4c8f",
                    "nacl-XXXX-uat-db-01": "acl-7d1233b931865feb3",
                    "nacl-XXXX-uat-web-01": "acl-806c6b42929ebf357"
                  },
                  "route_table_id_list": {
                    "rtb-XXXX-app-01": "rtb-b2b8df2363bfc2e9a",
                    "rtb-XXXX-db-01": "rtb-78f94af9392640d0b",
                    "rtb-XXXX-web-01": "rtb-2819481f5d754b9de"
                  },
                  "security_group_id_list": {},
                  "subnet_id_list": {
                    "sub-XXXX-app-01": "subnet-4cf045070400ce875",
                    "sub-XXXX-db-01": "subnet-8729cebe40cd0ce97",
                    "sub-XXXX-web-01": "subnet-f129cd04587b113d5"
                  },
                  "vpc_id": "vpc-f4efee4924c32459f"
                }
              },
              "type": [
                "object",
                {
                  "fabric_map": [
                    "object",
                    {
                      "gateway_endpoints": [
                        "object",
                        {}
                      ],
                      "interface_endpoints": [
                        "object",
                        {}
                      ],
                      "nacl_id_list": [
                        "object",
                        {
                          "nacl-XXXX-uat-app-01": "string",
                          "nacl-XXXX-uat-db-01": "string",
                          "nacl-XXXX-uat-web-01": "string"
                        }
                      ],
                      "route_table_id_list": [
                        "object",
                        {
                          "rtb-XXXX-app-01": "string",
                          "rtb-XXXX-db-01": "string",
                          "rtb-XXXX-web-01": "string"
                        }
                      ],
                      "security_group_id_list": [
                        "object",
                        {}
                      ],
                      "subnet_id_list": [
                        "object",
                        {
                          "sub-XXXX-app-01": "string",
                          "sub-XXXX-db-01": "string",
                          "sub-XXXX-web-01": "string"
                        }
                      ],
                      "vpc_id": "string"
                    }
                  ]
                }
              ]
            },
            "workspace": null
          },
          "sensitive_attributes": []
        }
      ]
    },
    {
      "mode": "data",
      "type": "terraform_remote_state",
      "name": "security",
      "provider": "provider[\"terraform.io/builtin/terraform\"]",
      "instances": [
        {
          "schema_version": 0,
          "attributes": {
            "backend": "s3",
            "config": {
              "value": {
                "bucket": "sst-s3-XXXX-uat-terraform-backend-store",
                "key": "XXXX-intranet/security/terraform.tfstate",
                "profile": "xxxx-XXXX-uat-profile",
                "region": "ap-southeast-1"
              },
              "type": [
                "object",
                {
                  "bucket": "string",
                  "key": "string",
                  "profile": "string",
                  "region": "string"
                }
              ]
            },
            "defaults": null,
            "outputs": {
              "value": {
                "securitygroup_map": {
                  "gateway_endpoints": {},
                  "interface_endpoints": {},
                  "nacl_id_list": {},
                  "route_table_id_list": {},
                  "security_group_id_list": {
                    "sgrp-XXXX-adjoin-01": "sg-8464f6c0a477d829a",
                    "sgrp-XXXX-appalb-01": "sg-f92fbfe42f69e5786",
                    "sgrp-XXXX-baas-backup-01": "sg-1269df882c3567c92",
                    "sgrp-XXXX-edb-01": "sg-50b79733dcf4240a1",
                    "sgrp-XXXX-file-01": "sg-7650972b67a042a18",
                    "sgrp-XXXX-gp-01": "sg-703bf2694bdf82ed0",
                    "sgrp-XXXX-job-01": "sg-cb5968f5ba1ad50e8",
                    "sgrp-XXXX-management-01": "sg-0b51d54f35b16bee7",
                    "sgrp-XXXX-map-01": "sg-f1e22e496da168c30",
                    "sgrp-XXXX-ptl-01": "sg-4c9b120c417998692",
                    "sgrp-XXXX-rdb-01": "sg-7079bcbb558022f61",
                    "sgrp-XXXX-un-01": "sg-08b9a430cb789f96c",
                    "sgrp-XXXX-udb-01": "sg-c6fa82cb28e1fb1f5",
                    "sgrp-XXXX-web-01": "sg-a14e1807ea7d32a83"
                  },
                  "subnet_id_list": {},
                  "vpc_id": "vpc-f4efee4924c32459f"
                }
              },
              "type": [
                "object",
                {
                  "securitygroup_map": [
                    "object",
                    {
                      "gateway_endpoints": [
                        "object",
                        {}
                      ],
                      "interface_endpoints": [
                        "object",
                        {}
                      ],
                      "nacl_id_list": [
                        "object",
                        {}
                      ],
                      "route_table_id_list": [
                        "object",
                        {}
                      ],
                      "security_group_id_list": [
                        "object",
                        {
                          "sgrp-XXXX-adjoin-01": "string",
                          "sgrp-XXXX-appalb-01": "string",
                          "sgrp-XXXX-baas-backup-01": "string",
                          "sgrp-XXXX-edb-01": "string",
                          "sgrp-XXXX-file-01": "string",
                          "sgrp-XXXX-gp-01": "string",
                          "sgrp-XXXX-job-01": "string",
                          "sgrp-XXXX-management-01": "string",
                          "sgrp-XXXX-map-01": "string",
                          "sgrp-XXXX-ptl-01": "string",
                          "sgrp-XXXX-rdb-01": "string",
                          "sgrp-XXXX-un-01": "string",
                          "sgrp-XXXX-udb-01": "string",
                          "sgrp-XXXX-web-01": "string"
                        }
                      ],
                      "subnet_id_list": [
                        "object",
                        {}
                      ],
                      "vpc_id": "string"
                    }
                  ]
                }
              ]
            },
            "workspace": null
          },
          "sensitive_attributes": []
        }
      ]
    },
    {
      "mode": "managed",
      "type": "aws_lb_listener_rule",
      "name": "host_based_weighted_routing",
      "provider": "provider[\"registry.terraform.io/hashicorp/aws\"]",
      "instances": [
        {
          "index_key": 0,
          "schema_version": 0,
          "attributes": {
            "action": [
              {
                "authenticate_cognito": [],
                "authenticate_oidc": [],
                "fixed_response": [],
                "forward": [],
                "order": 1,
                "redirect": [],
                "target_group_arn": "arn:aws:elasticloadbalancing:ap-southeast-1:111111111111:targetgroup/tg-ia-XXXX-app-gp-01/177bd07f32aa43a3",
                "type": "forward"
              }
            ],
            "arn": "arn:aws:elasticloadbalancing:ap-southeast-1:111111111111:listener-rule/app/alb-az1-XXXX-uat-app01/8a84431f4580d9be/c45a64cc816e3c97/ec4c7a66d9b12569",
            "condition": [
              {
                "host_header": [
                  {
                    "values": [
                      "xxxx.example.com"
                    ]
                  }
                ],
                "http_header": [],
                "http_request_method": [],
                "path_pattern": [],
                "query_string": [],
                "source_ip": []
              }
            ],
            "id": "arn:aws:elasticloadbalancing:ap-southeast-1:111111111111:listener-rule/app/alb-az1-XXXX-uat-app01/8a84431f4580d9be/c45a64cc816e3c97/ec4c7a66d9b12569",
            "listener_arn": "arn:aws:elasticloadbalancing:ap-southeast-1:111111111111:listener/app/alb-az1-XXXX-uat-app01/8a84431f4580d9be/c45a64cc816e3c97",
            "priority": 50,
            "tags": {},
            "tags_all": {}
          },
          "sensitive_attributes": [],
          "private": "bnVsbA==",
          "dependencies": [
            "data.aws_lb_listener.listener_info",
            "data.aws_lb_target_group.target_group_info",
            "data.terraform_remote_state.fabric",
            "data.terraform_remote_state.security",
            "module.lb.aws_lb.this"
          ]
        },
        {
          "index_key": 1,
          "schema_version": 0,
          "attributes": {
            "action": [
              {
                "authenticate_cognito": [],
                "authenticate_oidc": [],
                "fixed_response": [],
                "forward": [],
                "order": 1,
                "redirect": [],
                "target_group_arn": "arn:aws:elasticloadbalancing:ap-southeast-1:111111111111:targetgroup/tg-ia-XXXX-app-un-01/34653692932a4564",
                "type": "forward"
              }
            ],
            "arn": "arn:aws:elasticloadbalancing:ap-southeast-1:111111111111:listener-rule/app/alb-az1-XXXX-uat-app01/8a84431f4580d9be/c45a64cc816e3c97/d02dc7479224ed88",
            "condition": [
              {
                "host_header": [
                  {
                    "values": [
                      "xxxx.example.com"
                    ]
                  }
                ],
                "http_header": [],
                "http_request_method": [],
                "path_pattern": [],
                "query_string": [],
                "source_ip": []
              }
            ],
            "id": "arn:aws:elasticloadbalancing:ap-southeast-1:111111111111:listener-rule/app/alb-az1-XXXX-uat-app01/8a84431f4580d9be/c45a64cc816e3c97/d02dc7479224ed88",
            "listener_arn": "arn:aws:elasticloadbalancing:ap-southeast-1:111111111111:listener/app/alb-az1-XXXX-uat-app01/8a84431f4580d9be/c45a64cc816e3c97",
            "priority": 60,
            "tags": {},
            "tags_all": {}
          },
          "sensitive_attributes": [],
          "private": "bnVsbA==",
          "dependencies": [
            "data.aws_lb_listener.listener_info",
            "data.aws_lb_target_group.target_group_info",
            "data.terraform_remote_state.fabric",
            "data.terraform_remote_state.security",
            "module.lb.aws_lb.this"
          ]
        },
        {
          "index_key": 2,
          "schema_version": 0,
          "attributes": {
            "action": [
              {
                "authenticate_cognito": [],
                "authenticate_oidc": [],
                "fixed_response": [],
                "forward": [],
                "order": 1,
                "redirect": [],
                "target_group_arn": "arn:aws:elasticloadbalancing:ap-southeast-1:111111111111:targetgroup/tg-ia-XXXX-app-map-01/97433b7b09b1f83a",
                "type": "forward"
              }
            ],
            "arn": "arn:aws:elasticloadbalancing:ap-southeast-1:111111111111:listener-rule/app/alb-az1-XXXX-uat-app01/8a84431f4580d9be/c45a64cc816e3c97/7196f73d5af9b972",
            "condition": [
              {
                "host_header": [
                  {
                    "values": [
                      "xxxx.example.com"
                    ]
                  }
                ],
                "http_header": [],
                "http_request_method": [],
                "path_pattern": [],
                "query_string": [],
                "source_ip": []
              }
            ],
            "id": "arn:aws:elasticloadbalancing:ap-southeast-1:111111111111:listener-rule/app/alb-az1-XXXX-uat-app01/8a84431f4580d9be/c45a64cc816e3c97/7196f73d5af9b972",
            "listener_arn": "arn:aws:elasticloadbalancing:ap-southeast-1:111111111111:listener/app/alb-az1-XXXX-uat-app01/8a84431f4580d9be/c45a64cc816e3c97",
            "priority": 70,
            "tags": {},
            "tags_all": {}
          },
          "sensitive_attributes": [],
          "private": "bnVsbA==",
          "dependencies": [
            "data.aws_lb_listener.listener_info",
            "data.aws_lb_target_group.target_group_info",
            "data.terraform_remote_state.fabric",
            "data.terraform_remote_state.security",
            "module.lb.aws_lb.this"
          ]
        }
      ]
    },
    {
      "mode": "managed",
      "type": "aws_lb_target_group_attachment",
      "name": "gp",
      "provider": "provider[\"registry.terraform.io/hashicorp/aws\"]",
      "instances": [
        {
          "index_key": 0,
          "schema_version": 0,
          "attributes": {
            "availability_zone": null,
            "id": "arn:aws:elasticloadbalancing:ap-southeast-1:111111111111:targetgroup/tg-ia-XXXX-app-map-01/97433b7b09b1f83a-25487b448220fba26949090871",
            "port": 6443,
            "target_group_arn": "arn:aws:elasticloadbalancing:ap-southeast-1:111111111111:targetgroup/tg-ia-XXXX-app-map-01/97433b7b09b1f83a",
            "target_id": "i-318d451a237756298"
          },
          "sensitive_attributes": [],
          "private": "bnVsbA==",
          "dependencies": [
            "data.aws_instance.vm_instances_tg_4",
            "data.terraform_remote_state.fabric",
            "module.lb_target_groups.aws_lb_target_group.this"
          ]
        }
      ]
    },
    {
      "mode": "managed",
      "type": "aws_lb_target_group_attachment",
      "name": "hosting",
      "provider": "provider[\"registry.terraform.io/hashicorp/aws\"]",
      "instances": [
        {
          "index_key": 0,
          "schema_version": 0,
          "attributes": {
            "availability_zone": null,
            "id": "arn:aws:elasticloadbalancing:ap-southeast-1:111111111111:targetgroup/tg-ia-XXXX-app-gp-01/177bd07f32aa43a3-c41bec3de9e5c9b7c42d513492",
            "port": 6443,
            "target_group_arn": "arn:aws:elasticloadbalancing:ap-southeast-1:111111111111:targetgroup/tg-ia-XXXX-app-gp-01/177bd07f32aa43a3",
            "target_id": "i-524554418a6635705"
          },
          "sensitive_attributes": [],
          "private": "bnVsbA==",
          "dependencies": [
            "data.aws_instance.vm_instances_tg_2",
            "data.terraform_remote_state.fabric",
            "module.lb_target_groups.aws_lb_target_group.this"
          ]
        }
      ]
    },
    {
      "mode": "managed",
      "type": "aws_lb_target_group_attachment",
      "name": "portal",
      "provider": "provider[\"registry.terraform.io/hashicorp/aws\"]",
      "instances": [
        {
          "index_key": 0,
          "schema_version": 0,
          "attributes": {
            "availability_zone": null,
            "id": "arn:aws:elasticloadbalancing:ap-southeast-1:111111111111:targetgroup/tg-ia-XXXX-app-ptl-01/355aae73ed234b68-2bf933ff86c7404228d74b38a0",
            "port": 7443,
            "target_group_arn": "arn:aws:elasticloadbalancing:ap-southeast-1:111111111111:targetgroup/tg-ia-XXXX-app-ptl-01/355aae73ed234b68",
            "target_id": "i-259663a51d7130462"
          },
          "sensitive_attributes": [],
          "private": "bnVsbA==",
          "dependencies": [
            "data.aws_instance.vm_instances_tg_1",
            "data.terraform_remote_state.fabric",
            "module.lb_target_groups.aws_lb_target_group.this"
          ]
        }
      ]
    },
    {
      "mode": "managed",
      "type": "aws_lb_target_group_attachment",
      "name": "un",
      "provider": "provider[\"registry.terraform.io/hashicorp/aws\"]",
      "instances": [
        {
          "index_key": 0,
          "schema_version": 0,
          "attributes": {
            "availability_zone": null,
            "id": "arn:aws:elasticloadbalancing:ap-southeast-1:111111111111:targetgroup/tg-ia-XXXX-app-un-01/34653692932a4564-3eca750523c3841af495a9ea80",
            "port": 6443,
            "target_group_arn": "arn:aws:elasticloadbalancing:ap-southeast-1:111111111111:targetgroup/tg-ia-XXXX-app-un-01/34653692932a4564",
            "target_id": "i-918bf37a964d19bb7"
          },
          "sensitive_attributes": [],
          "private": "bnVsbA==",
          "dependencies": [
            "data.aws_instance.vm_instances_tg_3",
            "data.terraform_remote_state.fabric",
            "module.lb_target_groups.aws_lb_target_group.this"
          ]
        }
      ]
    },
    {
      "mode": "managed",
      "type": "aws_lb_target_group_attachment",
      "name": "wfm_un",
      "provider": "provider[\"registry.terraform.io/hashicorp/aws\"]",
      "instances": [
        {
          "index_key": 0,
          "schema_version": 0,
          "attributes": {
            "availability_zone": null,
            "id": "arn:aws:elasticloadbalancing:ap-southeast-1:111111111111:targetgroup/tg-ia-XXXX-app-wfm-un-01/3672c6a87ff0b95b-3e87bf7c7668e6edc69ef811c4",
            "port": 13443,
            "target_group_arn": "arn:aws:elasticloadbalancing:ap-southeast-1:111111111111:targetgroup/tg-ia-XXXX-app-wfm-un-01/3672c6a87ff0b95b",
            "target_id": "i-918bf37a964d19bb7"
          },
          "sensitive_attributes": [],
          "private": "bnVsbA==",
          "dependencies": [
            "data.aws_instance.vm_instances_tg_5",
            "module.lb_target_groups.aws_lb_target_group.this"
          ]
        }
      ]
    },
    {
      "module": "module.lb",
      "mode": "managed",
      "type": "aws_lb",
      "name": "this",
      "provider": "provider[\"registry.terraform.io/hashicorp/aws\"]",
      "instances": [
        {
          "schema_version": 0,
          "attributes": {
            "access_logs": [
              {
                "bucket": "",
                "enabled": false,
                "prefix": ""
              }
            ],
            "arn": "arn:aws:elasticloadbalancing:ap-southeast-1:111111111111:loadbalancer/app/alb-az1-XXXX-uat-app01/8a84431f4580d9be",
            "arn_suffix": "app/alb-az1-XXXX-uat-app01/8a84431f4580d9be",
            "customer_owned_ipv4_pool": "",
            "desync_mitigation_mode": "defensive",
            "dns_name": "internal-alb-az1-XXXX-uat-app01-622867173.ap-southeast-1.elb.amazonaws.com",
            "drop_invalid_header_fields": false,
            "enable_cross_zone_load_balancing": true,
            "enable_deletion_protection": true,
            "enable_http2": true,
            "enable_tls_version_and_cipher_suite_headers": false,
            "enable_waf_fail_open": false,
            "enable_xff_client_port": false,
            "id": "arn:aws:elasticloadbalancing:ap-southeast-1:111111111111:loadbalancer/app/alb-az1-XXXX-uat-app01/8a84431f4580d9be",
            "idle_timeout": 60,
            "internal": true,
            "ip_address_type": "ipv4",
            "load_balancer_type": "application",
            "name": "alb-az1-XXXX-uat-app01",
            "name_prefix": null,
            "preserve_host_header": false,
            "security_groups": [
              "sg-f92fbfe42f69e5786"
            ],
            "subnet_mapping": [
              {
                "allocation_id": "",
                "ipv6_address": "",
                "outpost_id": "",
                "private_ipv4_address": "",
                "subnet_id": "subnet-f129cd04587b113d5"
              }
            ],
            "subnets": [
              "subnet-f129cd04587b113d5"
            ],
            "tags": {
              "Author": "Vendor",
              "Created-by": "Terraform",
              "Name": "alb-az1-XXXX-uat-app01",
              "agency-code": "xxxx",
              "environment": "uat",
              "project-code": "XXXX",
              "zone": "ia"
            },
            "tags_all": {
              "Author": "Vendor",
              "Created-by": "Terraform",
              "Name": "alb-az1-XXXX-uat-app01",
              "agency-code": "xxxx",
              "environment": "uat",
              "project-code": "XXXX",
              "zone": "ia"
            },
            "timeouts": null,
            "vpc_id": "vpc-f4efee4924c32459f",
            "xff_header_processing_mode": "append",
            "zone_id": "Z1LMS91P8CMLE5"
          },
          "sensitive_attributes": [],
          "private": "eyJlMmJmYjczMC1lY2FhLTExZTYtOGY4OC0zNDM2M2JjN2M0YzAiOnsiY3JlYXRlIjo2MDAwMDAwMDAwMDAsImRlbGV0ZSI6NjAwMDAwMDAwMDAwLCJ1cGRhdGUiOjYwMDAwMDAwMDAwMH19",
          "dependencies": [
            "data.terraform_remote_state.fabric",
            "data.terraform_remote_state.security"
          ]
        }
      ]
    },
    {
      "module": "module.lb_target_groups",
      "mode": "managed",
      "type": "aws_lb_target_group",
      "name": "this",
      "provider": "provider[\"registry.terraform.io/hashicorp/aws\"]",
      "instances": [
        {
          "index_key": 0,
          "schema_version": 0,
          "attributes": {
            "arn": "arn:aws:elasticloadbalancing:ap-southeast-1:111111111111:targetgroup/tg-ia-XXXX-app-ptl-01/355aae73ed234b68",
            "arn_suffix": "targetgroup/tg-ia-XXXX-app-ptl-01/355aae73ed234b68",
            "connection_termination": false,
            "deregistration_delay": "300",
            "health_check": [
              {
                "enabled": true,
                "healthy_threshold": 2,
                "interval": 30,
                "matcher": "200",
                "path": "/arcgis/portaladmin/healthCheck",
                "port": "traffic-port",
                "protocol": "HTTP",
                "timeout": 5,
                "unhealthy_threshold": 5
              }
            ],
            "id": "arn:aws:elasticloadbalancing:ap-southeast-1:111111111111:targetgroup/tg-ia-XXXX-app-ptl-01/355aae73ed234b68",
            "ip_address_type": "ipv4",
            "lambda_multi_value_headers_enabled": false,
            "load_balancing_algorithm_type": "round_robin",
            "load_balancing_cross_zone_enabled": "use_load_balancer_configuration",
            "name": "tg-ia-XXXX-app-ptl-01",
            "name_prefix": null,
            "port": 7443,
            "preserve_client_ip": null,
            "protocol": "HTTPS",
            "protocol_version": "HTTP1",
            "proxy_protocol_v2": false,
            "slow_start": 0,
            "stickiness": [
              {
                "cookie_duration": 86400,
                "cookie_name": "",
                "enabled": false,
                "type": "lb_cookie"
              }
            ],
            "tags": {
              "Author": "Vendor",
              "Created-by": "Terraform",
              "Name": "tg-ia-XXXX-app-ptl-01",
              "agency-code": "xxxx",
              "environment": "uat",
              "project-code": "XXXX",
              "zone": "ia"
            },
            "tags_all": {
              "Author": "Vendor",
              "Created-by": "Terraform",
              "Name": "tg-ia-XXXX-app-ptl-01",
              "agency-code": "xxxx",
              "environment": "uat",
              "project-code": "XXXX",
              "zone": "ia"
            },
            "target_failover": [
              {
                "on_deregistration": null,
                "on_unhealthy": null
              }
            ],
            "target_type": "instance",
            "vpc_id": "vpc-f4efee4924c32459f"
          },
          "sensitive_attributes": [],
          "private": "bnVsbA==",
          "dependencies": [
            "data.terraform_remote_state.fabric"
          ]
        },
        {
          "index_key": 1,
          "schema_version": 0,
          "attributes": {
            "arn": "arn:aws:elasticloadbalancing:ap-southeast-1:111111111111:targetgroup/tg-ia-XXXX-app-gp-01/177bd07f32aa43a3",
            "arn_suffix": "targetgroup/tg-ia-XXXX-app-gp-01/177bd07f32aa43a3",
            "connection_termination": false,
            "deregistration_delay": "300",
            "health_check": [
              {
                "enabled": true,
                "healthy_threshold": 2,
                "interval": 30,
                "matcher": "200",
                "path": "/server/rest/info/healthCheck",
                "port": "traffic-port",
                "protocol": "HTTP",
                "timeout": 5,
                "unhealthy_threshold": 5
              }
            ],
            "id": "arn:aws:elasticloadbalancing:ap-southeast-1:111111111111:targetgroup/tg-ia-XXXX-app-gp-01/177bd07f32aa43a3",
            "ip_address_type": "ipv4",
            "lambda_multi_value_headers_enabled": false,
            "load_balancing_algorithm_type": "round_robin",
            "load_balancing_cross_zone_enabled": "use_load_balancer_configuration",
            "name": "tg-ia-XXXX-app-gp-01",
            "name_prefix": null,
            "port": 6443,
            "preserve_client_ip": null,
            "protocol": "HTTPS",
            "protocol_version": "HTTP1",
            "proxy_protocol_v2": false,
            "slow_start": 0,
            "stickiness": [
              {
                "cookie_duration": 86400,
                "cookie_name": "",
                "enabled": false,
                "type": "lb_cookie"
              }
            ],
            "tags": {
              "Author": "Vendor",
              "Created-by": "Terraform",
              "Name": "tg-ia-XXXX-app-gp-01",
              "agency-code": "xxxx",
              "environment": "uat",
              "project-code": "XXXX",
              "zone": "ia"
            },
            "tags_all": {
              "Author": "Vendor",
              "Created-by": "Terraform",
              "Name": "tg-ia-XXXX-app-gp-01",
              "agency-code": "xxxx",
              "environment": "uat",
              "project-code": "XXXX",
              "zone": "ia"
            },
            "target_failover": [
              {
                "on_deregistration": null,
                "on_unhealthy": null
              }
            ],
            "target_type": "instance",
            "vpc_id": "vpc-f4efee4924c32459f"
          },
          "sensitive_attributes": [],
          "private": "bnVsbA==",
          "dependencies": [
            "data.terraform_remote_state.fabric"
          ]
        },
        {
          "index_key": 2,
          "schema_version": 0,
          "attributes": {
            "arn": "arn:aws:elasticloadbalancing:ap-southeast-1:111111111111:targetgroup/tg-ia-XXXX-app-un-01/34653692932a4564",
            "arn_suffix": "targetgroup/tg-ia-XXXX-app-un-01/34653692932a4564",
            "connection_termination": false,
            "deregistration_delay": "300",
            "health_check": [
              {
                "enabled": true,
                "healthy_threshold": 2,
                "interval": 30,
                "matcher": "200",
                "path": "/server/rest/info/healthCheck",
                "port": "traffic-port",
                "protocol": "HTTP",
                "timeout": 5,
                "unhealthy_threshold": 5
              }
            ],
            "id": "arn:aws:elasticloadbalancing:ap-southeast-1:111111111111:targetgroup/tg-ia-XXXX-app-un-01/34653692932a4564",
            "ip_address_type": "ipv4",
            "lambda_multi_value_headers_enabled": false,
            "load_balancing_algorithm_type": "round_robin",
            "load_balancing_cross_zone_enabled": "use_load_balancer_configuration",
            "name": "tg-ia-XXXX-app-un-01",
            "name_prefix": null,
            "port": 6443,
            "preserve_client_ip": null,
            "protocol": "HTTPS",
            "protocol_version": "HTTP1",
            "proxy_protocol_v2": false,
            "slow_start": 0,
            "stickiness": [
              {
                "cookie_duration": 86400,
                "cookie_name": "",
                "enabled": false,
                "type": "lb_cookie"
              }
            ],
            "tags": {
              "Author": "Vendor",
              "Created-by": "Terraform",
              "Name": "tg-ia-XXXX-app-un-01",
              "agency-code": "xxxx",
              "environment": "uat",
              "project-code": "XXXX",
              "zone": "ia"
            },
            "tags_all": {
              "Author": "Vendor",
              "Created-by": "Terraform",
              "Name": "tg-ia-XXXX-app-un-01",
              "agency-code": "xxxx",
              "environment": "uat",
              "project-code": "XXXX",
              "zone": "ia"
            },
            "target_failover": [
              {
                "on_deregistration": null,
                "on_unhealthy": null
              }
            ],
            "target_type": "instance",
            "vpc_id": "vpc-f4efee4924c32459f"
          },
          "sensitive_attributes": [],
          "private": "bnVsbA==",
          "dependencies": [
            "data.terraform_remote_state.fabric"
          ]
        },
        {
          "index_key": 3,
          "schema_version": 0,
          "attributes": {
            "arn": "arn:aws:elasticloadbalancing:ap-southeast-1:111111111111:targetgroup/tg-ia-XXXX-app-map-01/97433b7b09b1f83a",
            "arn_suffix": "targetgroup/tg-ia-XXXX-app-map-01/97433b7b09b1f83a",
            "connection_termination": false,
            "deregistration_delay": "300",
            "health_check": [
              {
                "enabled": true,
                "healthy_threshold": 2,
                "interval": 30,
                "matcher": "200",
                "path": "/server/rest/info/healthCheck",
                "port": "traffic-port",
                "protocol": "HTTP",
                "timeout": 5,
                "unhealthy_threshold": 5
              }
            ],
            "id": "arn:aws:elasticloadbalancing:ap-southeast-1:111111111111:targetgroup/tg-ia-XXXX-app-map-01/97433b7b09b1f83a",
            "ip_address_type": "ipv4",
            "lambda_multi_value_headers_enabled": false,
            "load_balancing_algorithm_type": "round_robin",
            "load_balancing_cross_zone_enabled": "use_load_balancer_configuration",
            "name": "tg-ia-XXXX-app-map-01",
            "name_prefix": null,
            "port": 6443,
            "preserve_client_ip": null,
            "protocol": "HTTPS",
            "protocol_version": "HTTP1",
            "proxy_protocol_v2": false,
            "slow_start": 0,
            "stickiness": [
              {
                "cookie_duration": 86400,
                "cookie_name": "",
                "enabled": false,
                "type": "lb_cookie"
              }
            ],
            "tags": {
              "Author": "Vendor",
              "Created-by": "Terraform",
              "Name": "tg-ia-XXXX-app-map-01",
              "agency-code": "xxxx",
              "environment": "uat",
              "project-code": "XXXX",
              "zone": "ia"
            },
            "tags_all": {
              "Author": "Vendor",
              "Created-by": "Terraform",
              "Name": "tg-ia-XXXX-app-map-01",
              "agency-code": "xxxx",
              "environment": "uat",
              "project-code": "XXXX",
              "zone": "ia"
            },
            "target_failover": [
              {
                "on_deregistration": null,
                "on_unhealthy": null
              }
            ],
            "target_type": "instance",
            "vpc_id": "vpc-f4efee4924c32459f"
          },
          "sensitive_attributes": [],
          "private": "bnVsbA==",
          "dependencies": [
            "data.terraform_remote_state.fabric"
          ]
        },
        {
          "index_key": 4,
          "schema_version": 0,
          "attributes": {
            "arn": "arn:aws:elasticloadbalancing:ap-southeast-1:111111111111:targetgroup/tg-ia-XXXX-app-wfm-un-01/3672c6a87ff0b95b",
            "arn_suffix": "targetgroup/tg-ia-XXXX-app-wfm-un-01/3672c6a87ff0b95b",
            "connection_termination": false,
            "deregistration_delay": "300",
            "health_check": [
              {
                "enabled": true,
                "healthy_threshold": 2,
                "interval": 30,
                "matcher": "200",
                "path": "/server/rest/info/healthCheck",
                "port": "traffic-port",
                "protocol": "HTTP",
                "timeout": 5,
                "unhealthy_threshold": 5
              }
            ],
            "id": "arn:aws:elasticloadbalancing:ap-southeast-1:111111111111:targetgroup/tg-ia-XXXX-app-wfm-un-01/3672c6a87ff0b95b",
            "ip_address_type": "ipv4",
            "lambda_multi_value_headers_enabled": false,
            "load_balancing_algorithm_type": "round_robin",
            "load_balancing_cross_zone_enabled": "use_load_balancer_configuration",
            "name": "tg-ia-XXXX-app-wfm-un-01",
            "name_prefix": null,
            "port": 13443,
            "preserve_client_ip": null,
            "protocol": "HTTPS",
            "protocol_version": "HTTP1",
            "proxy_protocol_v2": false,
            "slow_start": 0,
            "stickiness": [
              {
                "cookie_duration": 86400,
                "cookie_name": "",
                "enabled": false,
                "type": "lb_cookie"
              }
            ],
            "tags": {
              "Author": "Vendor",
              "Created-by": "Terraform",
              "Name": "tg-ia-XXXX-app-wfm-un-01",
              "agency-code": "xxxx",
              "environment": "uat",
              "project-code": "XXXX",
              "zone": "ia"
            },
            "tags_all": {
              "Author": "Vendor",
              "Created-by": "Terraform",
              "Name": "tg-ia-XXXX-app-wfm-un-01",
              "agency-code": "xxxx",
              "environment": "uat",
              "project-code": "XXXX",
              "zone": "ia"
            },
            "target_failover": [
              {
                "on_deregistration": null,
                "on_unhealthy": null
              }
            ],
            "target_type": "instance",
            "vpc_id": "vpc-f4efee4924c32459f"
          },
          "sensitive_attributes": [],
          "private": "bnVsbA==",
          "dependencies": [
            "data.terraform_remote_state.fabric"
          ]
        }
      ]
    },
    {
      "module": "module.listeners",
      "mode": "managed",
      "type": "aws_lb_listener",
      "name": "this",
      "provider": "provider[\"registry.terraform.io/hashicorp/aws\"]",
      "instances": [
        {
          "index_key": 0,
          "schema_version": 0,
          "attributes": {
            "alpn_policy": null,
            "arn": "arn:aws:elasticloadbalancing:ap-southeast-1:111111111111:listener/app/alb-az1-XXXX-uat-app01/8a84431f4580d9be/99e18e4163062b01",
            "certificate_arn": "arn:aws:acm:ap-southeast-1:111111111111:certificate/07dbeb3fbc8aef58486aab480f0166c3",
            "default_action": [
              {
                "authenticate_cognito": [],
                "authenticate_oidc": [],
                "fixed_response": [],
                "forward": [],
                "order": 1,
                "redirect": [],
                "target_group_arn": "arn:aws:elasticloadbalancing:ap-southeast-1:111111111111:targetgroup/tg-ia-XXXX-app-ptl-01/355aae73ed234b68",
                "type": "forward"
              }
            ],
            "id": "arn:aws:elasticloadbalancing:ap-southeast-1:111111111111:listener/app/alb-az1-XXXX-uat-app01/8a84431f4580d9be/99e18e4163062b01",
            "load_balancer_arn": "arn:aws:elasticloadbalancing:ap-southeast-1:111111111111:loadbalancer/app/alb-az1-XXXX-uat-app01/8a84431f4580d9be",
            "port": 7443,
            "protocol": "HTTPS",
            "ssl_policy": "ELBSecurityPolicy-TLS13-1-2-2021-06",
            "tags": {},
            "tags_all": {},
            "timeouts": null
          },
          "sensitive_attributes": [],
          "private": "eyJlMmJmYjczMC1lY2FhLTExZTYtOGY4OC0zNDM2M2JjN2M0YzAiOnsicmVhZCI6NjAwMDAwMDAwMDAwfX0=",
          "dependencies": [
            "data.terraform_remote_state.fabric",
            "data.terraform_remote_state.security",
            "module.lb.aws_lb.this",
            "module.lb_target_groups.aws_lb_target_group.this"
          ]
        },
        {
          "index_key": 1,
          "schema_version": 0,
          "attributes": {
            "alpn_policy": null,
            "arn": "arn:aws:elasticloadbalancing:ap-southeast-1:111111111111:listener/app/alb-az1-XXXX-uat-app01/8a84431f4580d9be/c45a64cc816e3c97",
            "certificate_arn": "arn:aws:acm:ap-southeast-1:111111111111:certificate/07dbeb3fbc8aef58486aab480f0166c3",
            "default_action": [
              {
                "authenticate_cognito": [],
                "authenticate_oidc": [],
                "fixed_response": [
                  {
                    "content_type": "text/plain",
                    "message_body": "Wrong domain name",
                    "status_code": "405"
                  }
                ],
                "forward": [],
                "order": 1,
                "redirect": [],
                "target_group_arn": "",
                "type": "fixed-response"
              }
            ],
            "id": "arn:aws:elasticloadbalancing:ap-southeast-1:111111111111:listener/app/alb-az1-XXXX-uat-app01/8a84431f4580d9be/c45a64cc816e3c97",
            "load_balancer_arn": "arn:aws:elasticloadbalancing:ap-southeast-1:111111111111:loadbalancer/app/alb-az1-XXXX-uat-app01/8a84431f4580d9be",
            "port": 6443,
            "protocol": "HTTPS",
            "ssl_policy": "ELBSecurityPolicy-TLS13-1-2-2021-06",
            "tags": {},
            "tags_all": {},
            "timeouts": null
          },
          "sensitive_attributes": [],
          "private": "eyJlMmJmYjczMC1lY2FhLTExZTYtOGY4OC0zNDM2M2JjN2M0YzAiOnsicmVhZCI6NjAwMDAwMDAwMDAwfX0=",
          "dependencies": [
            "data.terraform_remote_state.fabric",
            "data.terraform_remote_state.security",
            "module.lb.aws_lb.this",
            "module.lb_target_groups.aws_lb_target_group.this"
          ]
        },
        {
          "index_key": 2,
          "schema_version": 0,
          "attributes": {
            "alpn_policy": null,
            "arn": "arn:aws:elasticloadbalancing:ap-southeast-1:111111111111:listener/app/alb-az1-XXXX-uat-app01/8a84431f4580d9be/be5475c4787cdecb",
            "certificate_arn": "arn:aws:acm:ap-southeast-1:111111111111:certificate/07dbeb3fbc8aef58486aab480f0166c3",
            "default_action": [
              {
                "authenticate_cognito": [],
                "authenticate_oidc": [],
                "fixed_response": [],
                "forward": [],
                "order": 1,
                "redirect": [],
                "target_group_arn": "arn:aws:elasticloadbalancing:ap-southeast-1:111111111111:targetgroup/tg-ia-XXXX-app-wfm-un-01/3672c6a87ff0b95b",
                "type": "forward"
              }
            ],
            "id": "arn:aws:elasticloadbalancing:ap-southeast-1:111111111111:listener/app/alb-az1-XXXX-uat-app01/8a84431f4580d9be/be5475c4787cdecb",
            "load_balancer_arn": "arn:aws:elasticloadbalancing:ap-southeast-1:111111111111:loadbalancer/app/alb-az1-XXXX-uat-app01/8a84431f4580d9be",
            "port": 13443,
            "protocol": "HTTPS",
            "ssl_policy": "ELBSecurityPolicy-TLS13-1-2-2021-06",
            "tags": null,
            "tags_all": {},
            "timeouts": null
          },
          "sensitive_attributes": [],
          "private": "eyJlMmJmYjczMC1lY2FhLTExZTYtOGY4OC0zNDM2M2JjN2M0YzAiOnsicmVhZCI6NjAwMDAwMDAwMDAwfX0=",
          "dependencies": [
            "module.lb.aws_lb.this",
            "module.lb_target_groups.aws_lb_target_group.this"
          ]
        }
      ]
    }
  ],
  "check_results": null
}
