{
  "version": 4,
  "terraform_version": "1.6.1",
  "serial": 4,
  "lineage": "133dceca1d72e4c25a1fc7ab270ab018",
  "outputs": {
    "lb": {
      "value": {
        "arn": "arn:aws:elasticloadbalancing:ap-southeast-1:222222222222:loadbalancer/app/alb-az1-XXXX-prd-app01/fc1bf77256307d76",
        "nlb_hostname": "internal-alb-az1-XXXX-prd-app01-1110767956.ap-southeast-1.elb.amazonaws.com"
      },
      "type": [
        "object",
        {
          "arn": "string",
          "nlb_hostname": "string"
        }
      ]
    },
    "lb_target_group_target_groups": {
      "value": {
        "tg-ia-XXXX-app-gp-01": "arn:aws:elasticloadbalancing:ap-southeast-1:222222222222:targetgroup/tg-ia-XXXX-app-gp-01/ab9282839f25d976",
        "tg-ia-XXXX-app-map-01": "arn:aws:elasticloadbalancing:ap-southeast-1:222222222222:targetgroup/tg-ia-XXXX-app-map-01/4e01f18c035cf0ee",
        "tg-ia-XXXX-app-ptl-01": "arn:aws:elasticloadbalancing:ap-southeast-1:222222222222:targetgroup/tg-ia-XXXX-app-ptl-01/7107407a84ce593c",
        "tg-ia-XXXX-app-un-01": "arn:aws:elasticloadbalancing:ap-southeast-1:222222222222:targetgroup/tg-ia-XXXX-app-un-01/5b41be99b0625954",
        "tg-ia-XXXX-app-wfm-un-01": "arn:aws:elasticloadbalancing:ap-southeast-1:222222222222:targetgroup/tg-ia-XXXX-app-wfm-un-01/0c70dab594395ddb"
      },
      "type": [
        "object",
        {
          "tg-ia-XXXX-app-gp-01": "string",
          "tg-ia-XXXX-app-map-01": "string",
          "tg-ia-XXXX-app-ptl-01": "string",
          "tg-ia-XXXX-app-un-01": "string",
          "tg-ia-XXXX-app-wfm-un-01": "string"
        }
      ]
    }
  },
  "resources": [
    {
      "mode": "data",
      "type": "aws_instance",
      "name": "vm_instances_tg_1",
      "provider": "provider[\"registry.terraform.io/hashicorp/aws\"]",
      "instances": [
        {
          "index_key": 0,
          "schema_version": 0,
          "attributes": {
            "ami": "ami-0b2a30c1b715279c6",
            "arn": "arn:aws:ec2:ap-southeast-1:222222222222:instance/i-9fb16323911544509",
            "associate_public_ip_address": false,
            "availability_zone": "ap-southeast-11a",
            "credit_specification": [],
            "disable_api_stop": false,
            "disable_api_termination": true,
            "ebs_block_device": [
              {
                "delete_on_termination": false,
                "device_name": "/dev/xvdb",
                "encrypted": true,
                "iops": 1500,
                "kms_key_id": "arn:aws:kms:ap-southeast-1:222222222222:key/ff87ab26ff802cd99b6a462d8b3c80b1",
                "snapshot_id": "",
                "tags": {
                  "Author": "Vendor",
                  "Created-by": "Terraform",
                  "Name": "vol-vm-xxxx-XXXX-prd-ptl-01-0",
                  "agency-code": "xxxx",
                  "environment": "prd",
                  "project-code": "XXXX",
                  "tier": "app",
                  "zone": "ia"
                },
                "throughput": 0,
                "volume_id": "vol-038626615add6eef5",
                "volume_size": 500,
                "volume_type": "gp2"
              }
            ],
            "ebs_optimized": false,
            "enclave_options": [
              {
                "enabled": false
              }
            ],
            "ephemeral_block_device": [],
            "filter": [
              {
                "name": "tag:Name",
                "values": [
                  "vm-XXXX-ptl-01"
                ]
              }
            ],
            "get_password_data": false,
            "get_user_data": false,
            "host_id": "",
            "host_resource_group_arn": "",
            "iam_instance_profile": "u-XXXX-iamr-ec2-profile",
            "id": "i-9fb16323911544509",
            "instance_id": null,
            "instance_state": "running",
            "instance_tags": null,
            "instance_type": "r5.xlarge",
            "ipv6_addresses": [],
            "key_name": "vm-XXXX-ptl-01",
            "maintenance_options": [
              {
                "auto_recovery": "default"
              }
            ],
            "metadata_options": [
              {
                "http_endpoint": "enabled",
                "http_put_response_hop_limit": 1,
                "http_tokens": "required",
                "instance_metadata_tags": "disabled"
              }
            ],
            "monitoring": false,
            "network_interface_id": "eni-3e532e688176e7520",
            "outpost_arn": "",
            "password_data": null,
            "placement_group": "",
            "placement_partition_number": 0,
            "private_dns": "ip-10-59-231-10.ap-southeast-1.compute.internal",
            "private_dns_name_options": [
              {
                "enable_resource_name_dns_a_record": false,
                "enable_resource_name_dns_aaaa_record": false,
                "hostname_type": "ip-name"
              }
            ],
            "private_ip": "10.30.221.10",
            "public_dns": "",
            "public_ip": "",
            "root_block_device": [
              {
                "delete_on_termination": true,
                "device_name": "/dev/sda1",
                "encrypted": true,
                "iops": 300,
                "kms_key_id": "arn:aws:kms:ap-southeast-1:222222222222:key/ff87ab26ff802cd99b6a462d8b3c80b1",
                "tags": {
                  "Author": "Vendor",
                  "Created-by": "Terraform",
                  "Name": "vol-vm-xxxx-XXXX-prd-ptl-01",
                  "agency-code": "xxxx",
                  "environment": "prd",
                  "project-code": "XXXX",
                  "tier": "app",
                  "zone": "ia"
                },
                "throughput": 0,
                "volume_id": "vol-7a4542e1d0ab476bd",
                "volume_size": 100,
                "volume_type": "gp2"
              }
            ],
            "secondary_private_ips": [],
            "security_groups": [],
            "source_dest_check": true,
            "subnet_id": "subnet-c6a8b5620638890eb",
            "tags": {
              "Author": "Vendor",
              "AutoShutdown10to7": "Yes",
              "Created-by": "Terraform",
              "Name": "vm-XXXX-ptl-01",
              "OS": "Windows",
              "Utilization": "True",
              "agency-code": "xxxx",
              "awsbackup": "ebs",
              "environment": "prd",
              "project-code": "XXXX",
              "purpose": "Intranet App Portal Server VM 1 XXXX",
              "ssm_cw_agent": "cw-agent-vm-xxxx-prdie-app-01",
              "tier": "app",
              "zone": "ia"
            },
            "tenancy": "default",
            "timeouts": null,
            "user_data": "",
            "user_data_base64": null,
            "vpc_security_group_ids": [
              "sg-4797faf24c973eb91",
              "sg-28f1aadcafbdcf55a"
            ]
          },
          "sensitive_attributes": []
        }
      ]
    },
    {
      "mode": "data",
      "type": "aws_instance",
      "name": "vm_instances_tg_2",
      "provider": "provider[\"registry.terraform.io/hashicorp/aws\"]",
      "instances": [
        {
          "index_key": 0,
          "schema_version": 0,
          "attributes": {
            "ami": "ami-0b2a30c1b715279c6",
            "arn": "arn:aws:ec2:ap-southeast-1:222222222222:instance/i-9dc9d015712a5c41d",
            "associate_public_ip_address": false,
            "availability_zone": "ap-southeast-11a",
            "credit_specification": [],
            "disable_api_stop": false,
            "disable_api_termination": true,
            "ebs_block_device": [
              {
                "delete_on_termination": false,
                "device_name": "/dev/xvdb",
                "encrypted": true,
                "iops": 1500,
                "kms_key_id": "arn:aws:kms:ap-southeast-1:222222222222:key/ff87ab26ff802cd99b6a462d8b3c80b1",
                "snapshot_id": "",
                "tags": {
                  "Author": "Vendor",
                  "Created-by": "Terraform",
                  "Name": "vol-vm-xxxx-XXXX-prd-gp-01-0",
                  "agency-code": "xxxx",
                  "environment": "prd",
                  "project-code": "XXXX",
                  "tier": "app",
                  "zone": "ia"
                },
                "throughput": 0,
                "volume_id": "vol-6ab018afa3f7ec27b",
                "volume_size": 500,
                "volume_type": "gp2"
              }
            ],
            "ebs_optimized": false,
            "enclave_options": [
              {
                "enabled": false
              }
            ],
            "ephemeral_block_device": [],
            "filter": [
              {
                "name": "tag:Name",
                "values": [
                  "vm-XXXX-gp-01"
                ]
              }
            ],
            "get_password_data": false,
            "get_user_data": false,
            "host_id": "",
            "host_resource_group_arn": "",
            "iam_instance_profile": "u-XXXX-iamr-ec2-profile",
            "id": "i-9dc9d015712a5c41d",
            "instance_id": null,
            "instance_state": "running",
            "instance_tags": null,
            "instance_type": "r5.2xlarge",
            "ipv6_addresses": [],
            "key_name": "vm-XXXX-gp-01",
            "maintenance_options": [
              {
                "auto_recovery": "default"
              }
            ],
            "metadata_options": [
              {
                "http_endpoint": "enabled",
                "http_put_response_hop_limit": 1,
                "http_tokens": "required",
                "instance_metadata_tags": "disabled"
              }
            ],
            "monitoring": false,
            "network_interface_id": "eni-1da2c538f3ab6b945",
            "outpost_arn": "",
            "password_data": null,
            "placement_group": "",
            "placement_partition_number": 0,
            "private_dns": "ip-10-59-231-6.ap-southeast-1.compute.internal",
            "private_dns_name_options": [
              {
                "enable_resource_name_dns_a_record": false,
                "enable_resource_name_dns_aaaa_record": false,
                "hostname_type": "ip-name"
              }
            ],
            "private_ip": "10.30.221.6",
            "public_dns": "",
            "public_ip": "",
            "root_block_device": [
              {
                "delete_on_termination": true,
                "device_name": "/dev/sda1",
                "encrypted": true,
                "iops": 300,
                "kms_key_id": "arn:aws:kms:ap-southeast-1:222222222222:key/ff87ab26ff802cd99b6a462d8b3c80b1",
                "tags": {
                  "Author": "Vendor",
                  "Created-by": "Terraform",
                  "Name": "vol-vm-xxxx-XXXX-prd-gp-01",
                  "agency-code": "xxxx",
                  "environment": "prd",
                  "project-code": "XXXX",
                  "tier": "app",
                  "zone": "ia"
                },
                "throughput": 0,
                "volume_id": "vol-2ac6a8739d5517eb0",
                "volume_size": 100,
                "volume_type": "gp2"
              }
            ],
            "secondary_private_ips": [],
            "security_groups": [],
            "source_dest_check": true,
            "subnet_id": "subnet-c6a8b5620638890eb",
            "tags": {
              "Author": "Vendor",
              "AutoShutdown10to7": "Yes",
              "Created-by": "Terraform",
              "Name": "vm-XXXX-gp-01",
              "OS": "Windows",
              "Utilization": "True",
              "agency-code": "xxxx",
              "awsbackup": "ebs",
              "environment": "prd",
              "project-code": "XXXX",
              "purpose": "Intranet App GP Server VM 1 XXXX",
              "ssm_cw_agent": "cw-agent-vm-xxxx-prdie-app-01",
              "tier": "app",
              "zone": "ia"
            },
            "tenancy": "default",
            "timeouts": null,
            "user_data": "",
            "user_data_base64": null,
            "vpc_security_group_ids": [
              "sg-28f1aadcafbdcf55a",
              "sg-14027736d1aec1248"
            ]
          },
          "sensitive_attributes": []
        }
      ]
    },
    {
      "mode": "data",
      "type": "aws_instance",
      "name": "vm_instances_tg_3",
      "provider": "provider[\"registry.terraform.io/hashicorp/aws\"]",
      "instances": [
        {
          "index_key": 0,
          "schema_version": 0,
          "attributes": {
            "ami": "ami-0b2a30c1b715279c6",
            "arn": "arn:aws:ec2:ap-southeast-1:222222222222:instance/i-265a11e616309a6c3",
            "associate_public_ip_address": false,
            "availability_zone": "ap-southeast-11a",
            "credit_specification": [],
            "disable_api_stop": false,
            "disable_api_termination": true,
            "ebs_block_device": [
              {
                "delete_on_termination": false,
                "device_name": "/dev/xvdb",
                "encrypted": true,
                "iops": 1500,
                "kms_key_id": "arn:aws:kms:ap-southeast-1:222222222222:key/ff87ab26ff802cd99b6a462d8b3c80b1",
                "snapshot_id": "",
                "tags": {
                  "Author": "Vendor",
                  "Created-by": "Terraform",
                  "Name": "vol-vm-xxxx-XXXX-prd-un-01-0",
                  "agency-code": "xxxx",
                  "environment": "prd",
                  "project-code": "XXXX",
                  "tier": "app",
                  "zone": "ia"
                },
                "throughput": 0,
                "volume_id": "vol-124d61e004173de5b",
                "volume_size": 500,
                "volume_type": "gp2"
              }
            ],
            "ebs_optimized": false,
            "enclave_options": [
              {
                "enabled": false
              }
            ],
            "ephemeral_block_device": [],
            "filter": [
              {
                "name": "tag:Name",
                "values": [
                  "vm-XXXX-un-01"
                ]
              }
            ],
            "get_password_data": false,
            "get_user_data": false,
            "host_id": "",
            "host_resource_group_arn": "",
            "iam_instance_profile": "u-XXXX-iamr-ec2-profile",
            "id": "i-265a11e616309a6c3",
            "instance_id": null,
            "instance_state": "running",
            "instance_tags": null,
            "instance_type": "r5.2xlarge",
            "ipv6_addresses": [],
            "key_name": "vm-XXXX-un-01",
            "maintenance_options": [
              {
                "auto_recovery": "default"
              }
            ],
            "metadata_options": [
              {
                "http_endpoint": "enabled",
                "http_put_response_hop_limit": 1,
                "http_tokens": "required",
                "instance_metadata_tags": "disabled"
              }
            ],
            "monitoring": false,
            "network_interface_id": "eni-3dfe90c1c129e9b70",
            "outpost_arn": "",
            "password_data": null,
            "placement_group": "",
            "placement_partition_number": 0,
            "private_dns": "ip-10-59-231-12.ap-southeast-1.compute.internal",
            "private_dns_name_options": [
              {
                "enable_resource_name_dns_a_record": false,
                "enable_resource_name_dns_aaaa_record": false,
                "hostname_type": "ip-name"
              }
            ],
            "private_ip": "10.30.221.12",
            "public_dns": "",
            "public_ip": "",
            "root_block_device": [
              {
                "delete_on_termination": true,
                "device_name": "/dev/sda1",
                "encrypted": true,
                "iops": 300,
                "kms_key_id": "arn:aws:kms:ap-southeast-1:222222222222:key/ff87ab26ff802cd99b6a462d8b3c80b1",
                "tags": {
                  "Author": "Vendor",
                  "Created-by": "Terraform",
                  "Name": "vol-vm-xxxx-XXXX-prd-un-01",
                  "agency-code": "xxxx",
                  "environment": "prd",
                  "project-code": "XXXX",
                  "tier": "app",
                  "zone": "ia"
                },
                "throughput": 0,
                "volume_id": "vol-92771fa859aefbbda",
                "volume_size": 100,
                "volume_type": "gp2"
              }
            ],
            "secondary_private_ips": [],
            "security_groups": [],
            "source_dest_check": true,
            "subnet_id": "subnet-c6a8b5620638890eb",
            "tags": {
              "Author": "Vendor",
              "AutoShutdown10to7": "Yes",
              "Created-by": "Terraform",
              "Name": "vm-XXXX-un-01",
              "OS": "Windows",
              "Utilization": "True",
              "agency-code": "xxxx",
              "awsbackup": "ebs",
              "environment": "prd",
              "project-code": "XXXX",
              "purpose": "Intranet App UN Server VM 1 XXXX",
              "ssm_cw_agent": "cw-agent-vm-xxxx-prdie-app-01",
              "tier": "app",
              "zone": "ia"
            },
            "tenancy": "default",
            "timeouts": null,
            "user_data": "",
            "user_data_base64": null,
            "vpc_security_group_ids": [
              "sg-28f1aadcafbdcf55a",
              "sg-9167cd0b817e41032"
            ]
          },
          "sensitive_attributes": []
        }
      ]
    },
    {
      "mode": "data",
      "type": "aws_instance",
      "name": "vm_instances_tg_4",
      "provider": "provider[\"registry.terraform.io/hashicorp/aws\"]",
      "instances": [
        {
          "index_key": 0,
          "schema_version": 0,
          "attributes": {
            "ami": "ami-0b2a30c1b715279c6",
            "arn": "arn:aws:ec2:ap-southeast-1:222222222222:instance/i-1c7dc07c4323521d6",
            "associate_public_ip_address": false,
            "availability_zone": "ap-southeast-11a",
            "credit_specification": [],
            "disable_api_stop": false,
            "disable_api_termination": true,
            "ebs_block_device": [
              {
                "delete_on_termination": false,
                "device_name": "/dev/xvdb",
                "encrypted": true,
                "iops": 1500,
                "kms_key_id": "arn:aws:kms:ap-southeast-1:222222222222:key/ff87ab26ff802cd99b6a462d8b3c80b1",
                "snapshot_id": "",
                "tags": {
                  "Author": "Vendor",
                  "Created-by": "Terraform",
                  "Name": "vol-vm-xxxx-XXXX-prd-map-01-0",
                  "agency-code": "xxxx",
                  "environment": "prd",
                  "project-code": "XXXX",
                  "tier": "app",
                  "zone": "ia"
                },
                "throughput": 0,
                "volume_id": "vol-aed1b96396e256fd2",
                "volume_size": 500,
                "volume_type": "gp2"
              }
            ],
            "ebs_optimized": false,
            "enclave_options": [
              {
                "enabled": false
              }
            ],
            "ephemeral_block_device": [],
            "filter": [
              {
                "name": "tag:Name",
                "values": [
                  "vm-XXXX-map-01"
                ]
              }
            ],
            "get_password_data": false,
            "get_user_data": false,
            "host_id": "",
            "host_resource_group_arn": "",
            "iam_instance_profile": "u-XXXX-iamr-ec2-profile",
            "id": "i-1c7dc07c4323521d6",
            "instance_id": null,
            "instance_state": "running",
            "instance_tags": null,
            "instance_type": "r5.xlarge",
            "ipv6_addresses": [],
            "key_name": "vm-XXXX-map-01",
            "maintenance_options": [
              {
                "auto_recovery": "default"
              }
            ],
            "metadata_options": [
              {
                "http_endpoint": "enabled",
                "http_put_response_hop_limit": 1,
                "http_tokens": "required",
                "instance_metadata_tags": "disabled"
              }
            ],
            "monitoring": false,
            "network_interface_id": "eni-ce6a49b589f2d38cf",
            "outpost_arn": "",
            "password_data": null,
            "placement_group": "",
            "placement_partition_number": 0,
            "private_dns": "ip-10-59-231-4.ap-southeast-1.compute.internal",
            "private_dns_name_options": [
              {
                "enable_resource_name_dns_a_record": false,
                "enable_resource_name_dns_aaaa_record": false,
                "hostname_type": "ip-name"
              }
            ],
            "private_ip": "10.30.221.4",
            "public_dns": "",
            "public_ip": "",
            "root_block_device": [
              {
                "delete_on_termination": true,
                "device_name": "/dev/sda1",
                "encrypted": true,
                "iops": 300,
                "kms_key_id": "arn:aws:kms:ap-southeast-1:222222222222:key/ff87ab26ff802cd99b6a462d8b3c80b1",
                "tags": {
                  "Author": "Vendor",
                  "Created-by": "Terraform",
                  "Name": "vol-vm-xxxx-XXXX-prd-map-01",
                  "agency-code": "xxxx",
                  "environment": "prd",
                  "project-code": "XXXX",
                  "tier": "app",
                  "zone": "ia"
                },
                "throughput": 0,
                "volume_id": "vol-b1364911d4527ccf2",
                "volume_size": 100,
                "volume_type": "gp2"
              }
            ],
            "secondary_private_ips": [],
            "security_groups": [],
            "source_dest_check": true,
            "subnet_id": "subnet-c6a8b5620638890eb",
            "tags": {
              "Author": "Vendor",
              "AutoShutdown10to7": "Yes",
              "Created-by": "Terraform",
              "Name": "vm-XXXX-map-01",
              "OS": "Windows",
              "Utilization": "True",
              "agency-code": "xxxx",
              "awsbackup": "ebs",
              "environment": "prd",
              "project-code": "XXXX",
              "purpose": "Intranet App Map Server VM 1 XXXX",
              "ssm_cw_agent": "cw-agent-vm-xxxx-prdie-app-01",
              "tier": "app",
              "zone": "ia"
            },
            "tenancy": "default",
            "timeouts": null,
            "user_data": "",
            "user_data_base64": null,
            "vpc_security_group_ids": [
              "sg-28f1aadcafbdcf55a",
              "sg-62c37b401e6a61284"
            ]
          },
          "sensitive_attributes": []
        }
      ]
    },
    {
      "mode": "data",
      "type": "aws_instance",
      "name": "vm_instances_tg_5",
      "provider": "provider[\"registry.terraform.io/hashicorp/aws\"]",
      "instances": [
        {
          "index_key": 0,
          "schema_version": 0,
          "attributes": {
            "ami": "ami-0b2a30c1b715279c6",
            "arn": "arn:aws:ec2:ap-southeast-1:222222222222:instance/i-265a11e616309a6c3",
            "associate_public_ip_address": false,
            "availability_zone": "ap-southeast-11a",
            "credit_specification": [],
            "disable_api_stop": false,
            "disable_api_termination": true,
            "ebs_block_device": [
              {
                "delete_on_termination": false,
                "device_name": "/dev/xvdb",
                "encrypted": true,
                "iops": 1500,
                "kms_key_id": "arn:aws:kms:ap-southeast-1:222222222222:key/ff87ab26ff802cd99b6a462d8b3c80b1",
                "snapshot_id": "",
                "tags": {
                  "Author": "Vendor",
                  "Created-by": "Terraform",
                  "Name": "vol-vm-xxxx-XXXX-prd-un-01-0",
                  "agency-code": "xxxx",
                  "environment": "prd",
                  "project-code": "XXXX",
                  "tier": "app",
                  "zone": "ia"
                },
                "throughput": 0,
                "volume_id": "vol-124d61e004173de5b",
                "volume_size": 500,
                "volume_type": "gp2"
              }
            ],
            "ebs_optimized": false,
            "enclave_options": [
              {
                "enabled": false
              }
            ],
            "ephemeral_block_device": [],
            "filter": [
              {
                "name": "tag:Name",
                "values": [
                  "vm-XXXX-un-01"
                ]
              }
            ],
            "get_password_data": false,
            "get_user_data": false,
            "host_id": "",
            "host_resource_group_arn": "",
            "iam_instance_profile": "u-XXXX-iamr-ec2-profile",
            "id": "i-265a11e616309a6c3",
            "instance_id": null,
            "instance_state": "running",
            "instance_tags": null,
            "instance_type": "r5.2xlarge",
            "ipv6_addresses": [],
            "key_name": "vm-XXXX-un-01",
            "maintenance_options": [
              {
                "auto_recovery": "default"
              }
            ],
            "metadata_options": [
              {
                "http_endpoint": "enabled",
                "http_put_response_hop_limit": 1,
                "http_tokens": "required",
                "instance_metadata_tags": "disabled"
              }
            ],
            "monitoring": false,
            "network_interface_id": "eni-3dfe90c1c129e9b70",
            "outpost_arn": "",
            "password_data": null,
            "placement_group": "",
            "placement_partition_number": 0,
            "private_dns": "ip-10-59-231-12.ap-southeast-1.compute.internal",
            "private_dns_name_options": [
              {
                "enable_resource_name_dns_a_record": false,
                "enable_resource_name_dns_aaaa_record": false,
                "hostname_type": "ip-name"
              }
            ],
            "private_ip": "10.30.221.12",
            "public_dns": "",
            "public_ip": "",
            "root_block_device": [
              {
                "delete_on_termination": true,
                "device_name": "/dev/sda1",
                "encrypted": true,
                "iops": 300,
                "kms_key_id": "arn:aws:kms:ap-southeast-1:222222222222:key/ff87ab26ff802cd99b6a462d8b3c80b1",
                "tags": {
                  "Author": "Vendor",
                  "Created-by": "Terraform",
                  "Name": "vol-vm-xxxx-XXXX-prd-un-01",
                  "agency-code": "xxxx",
                  "environment": "prd",
                  "project-code": "XXXX",
                  "tier": "app",
                  "zone": "ia"
                },
                "throughput": 0,
                "volume_id": "vol-92771fa859aefbbda",
                "volume_size": 100,
                "volume_type": "gp2"
              }
            ],
            "secondary_private_ips": [],
            "security_groups": [],
            "source_dest_check": true,
            "subnet_id": "subnet-c6a8b5620638890eb",
            "tags": {
              "Author": "Vendor",
              "AutoShutdown10to7": "Yes",
              "Created-by": "Terraform",
              "Name": "vm-XXXX-un-01",
              "OS": "Windows",
              "Utilization": "True",
              "agency-code": "xxxx",
              "awsbackup": "ebs",
              "environment": "prd",
              "project-code": "XXXX",
              "purpose": "Intranet App UN Server VM 1 XXXX",
              "ssm_cw_agent": "cw-agent-vm-xxxx-prdie-app-01",
              "tier": "app",
              "zone": "ia"
            },
            "tenancy": "default",
            "timeouts": null,
            "user_data": "",
            "user_data_base64": null,
            "vpc_security_group_ids": [
              "sg-28f1aadcafbdcf55a",
              "sg-9167cd0b817e41032"
            ]
          },
          "sensitive_attributes": []
        }
      ]
    },
    {
      "mode": "data",
      "type": "aws_lb_listener",
      "name": "listener_info",
      "provider": "provider[\"registry.terraform.io/hashicorp/aws\"]",
      "instances": [
        {
          "schema_version": 0,
          "attributes": {
            "alpn_policy": null,
            "arn": "arn:aws:elasticloadbalancing:ap-southeast-1:222222222222:listener/app/alb-az1-XXXX-prd-app01/fc1bf77256307d76/49e1bd334960f937",
            "certificate_arn": "arn:aws:acm:ap-southeast-1:222222222222:certificate/70dfcd3675138c4308d42e31cf989326",
            "default_action": [
              {
                "authenticate_cognito": [],
                "authenticate_oidc": [],
                "fixed_response": [
                  {
                    "content_type": "text/plain",
                    "message_body": "Wrong domain name",
                    "status_code": "405"
                  }
                ],
                "forward": [],
                "order": 1,
                "redirect": [],
                "target_group_arn": "",
                "type": "fixed-response"
              }
            ],
            "id": "arn:aws:elasticloadbalancing:ap-southeast-1:222222222222:listener/app/alb-az1-XXXX-prd-app01/fc1bf77256307d76/49e1bd334960f937",
            "load_balancer_arn": "arn:aws:elasticloadbalancing:ap-southeast-1:222222222222:loadbalancer/app/alb-az1-XXXX-prd-app01/fc1bf77256307d76",
            "port": 6443,
            "protocol": "HTTPS",
            "ssl_policy": "ELBSecurityPolicy-TLS13-1-2-2021-06",
            "tags": {},
            "timeouts": null
          },
          "sensitive_attributes": []
        }
      ]
    },
    {
      "mode": "data",
      "type": "aws_lb_target_group",
      "name": "target_group_info",
      "provider": "provider[\"registry.terraform.io/hashicorp/aws\"]",
      "instances": [
        {
          "index_key": 0,
          "schema_version": 0,
          "attributes": {
            "arn": "arn:aws:elasticloadbalancing:ap-southeast-1:222222222222:targetgroup/tg-ia-XXXX-app-gp-01/ab9282839f25d976",
            "arn_suffix": "targetgroup/tg-ia-XXXX-app-gp-01/ab9282839f25d976",
            "connection_termination": null,
            "deregistration_delay": 300,
            "health_check": [
              {
                "enabled": true,
                "healthy_threshold": 2,
                "interval": 30,
                "matcher": "200",
                "path": "/server/rest/info/healthCheck",
                "port": "traffic-port",
                "protocol": "HTTP",
                "timeout": 5,
                "unhealthy_threshold": 5
              }
            ],
            "id": "arn:aws:elasticloadbalancing:ap-southeast-1:222222222222:targetgroup/tg-ia-XXXX-app-gp-01/ab9282839f25d976",
            "lambda_multi_value_headers_enabled": null,
            "load_balancing_algorithm_type": "round_robin",
            "load_balancing_cross_zone_enabled": "use_load_balancer_configuration",
            "name": "tg-ia-XXXX-app-gp-01",
            "port": 6443,
            "preserve_client_ip": null,
            "protocol": "HTTPS",
            "protocol_version": "HTTP1",
            "proxy_protocol_v2": null,
            "slow_start": 0,
            "stickiness": [
              {
                "cookie_duration": 86400,
                "cookie_name": "",
                "enabled": false,
                "type": "lb_cookie"
              }
            ],
            "tags": {
              "Author": "Vendor",
              "Created-by": "Terraform",
              "Name": "tg-ia-XXXX-app-gp-01",
              "agency-code": "xxxx",
              "environment": "prd",
              "project-code": "XXXX",
              "zone": "ia"
            },
            "target_type": "instance",
            "timeouts": null,
            "vpc_id": "vpc-fd4f55b8a35a6bd53"
          },
          "sensitive_attributes": []
        },
        {
          "index_key": 1,
          "schema_version": 0,
          "attributes": {
            "arn": "arn:aws:elasticloadbalancing:ap-southeast-1:222222222222:targetgroup/tg-ia-XXXX-app-un-01/5b41be99b0625954",
            "arn_suffix": "targetgroup/tg-ia-XXXX-app-un-01/5b41be99b0625954",
            "connection_termination": null,
            "deregistration_delay": 300,
            "health_check": [
              {
                "enabled": true,
                "healthy_threshold": 2,
                "interval": 30,
                "matcher": "200",
                "path": "/server/rest/info/healthCheck",
                "port": "traffic-port",
                "protocol": "HTTP",
                "timeout": 5,
                "unhealthy_threshold": 5
              }
            ],
            "id": "arn:aws:elasticloadbalancing:ap-southeast-1:222222222222:targetgroup/tg-ia-XXXX-app-un-01/5b41be99b0625954",
            "lambda_multi_value_headers_enabled": null,
            "load_balancing_algorithm_type": "round_robin",
            "load_balancing_cross_zone_enabled": "use_load_balancer_configuration",
            "name": "tg-ia-XXXX-app-un-01",
            "port": 6443,
            "preserve_client_ip": null,
            "protocol": "HTTPS",
            "protocol_version": "HTTP1",
            "proxy_protocol_v2": null,
            "slow_start": 0,
            "stickiness": [
              {
                "cookie_duration": 86400,
                "cookie_name": "",
                "enabled": false,
                "type": "lb_cookie"
              }
            ],
            "tags": {
              "Author": "Vendor",
              "Created-by": "Terraform",
              "Name": "tg-ia-XXXX-app-un-01",
              "agency-code": "xxxx",
              "environment": "prd",
              "project-code": "XXXX",
              "zone": "ia"
            },
            "target_type": "instance",
            "timeouts": null,
            "vpc_id": "vpc-fd4f55b8a35a6bd53"
          },
          "sensitive_attributes": []
        },
        {
          "index_key": 2,
          "schema_version": 0,
          "attributes": {
            "arn": "arn:aws:elasticloadbalancing:ap-southeast-1:222222222222:targetgroup/tg-ia-XXXX-app-map-01/4e01f18c035cf0ee",
            "arn_suffix": "targetgroup/tg-ia-XXXX-app-map-01/4e01f18c035cf0ee",
            "connection_termination": null,
            "deregistration_delay": 300,
            "health_check": [
              {
                "enabled": true,
                "healthy_threshold": 2,
                "interval": 30,
                "matcher": "200",
                "path": "/server/rest/info/healthCheck",
                "port": "traffic-port",
                "protocol": "HTTP",
                "timeout": 5,
                "unhealthy_threshold": 5
              }
            ],
            "id": "arn:aws:elasticloadbalancing:ap-southeast-1:222222222222:targetgroup/tg-ia-XXXX-app-map-01/4e01f18c035cf0ee",
            "lambda_multi_value_headers_enabled": null,
            "load_balancing_algorithm_type": "round_robin",
            "load_balancing_cross_zone_enabled": "use_load_balancer_configuration",
            "name": "tg-ia-XXXX-app-map-01",
            "port": 6443,
            "preserve_client_ip": null,
            "protocol": "HTTPS",
            "protocol_version": "HTTP1",
            "proxy_protocol_v2": null,
            "slow_start": 0,
            "stickiness": [
              {
                "cookie_duration": 86400,
                "cookie_name": "",
                "enabled": false,
                "type": "lb_cookie"
              }
            ],
            "tags": {
              "Author": "Vendor",
              "Created-by": "Terraform",
              "Name": "tg-ia-XXXX-app-map-01",
              "agency-code": "xxxx",
              "environment": "prd",
              "project-code": "XXXX",
              "zone": "ia"
            },
            "target_type": "instance",
            "timeouts": null,
            "vpc_id": "vpc-fd4f55b8a35a6bd53"
          },
          "sensitive_attributes": []
        }
      ]
    },
    {
      "mode": "data",
      "type": "terraform_remote_state",
      "name": "fabric",
      "provider": "provider[\"terraform.io/builtin/terraform\"]",
      "instances": [
        {
          "schema_version": 0,
          "attributes": {
            "backend": "s3",
            "config": {
              "value": {
                "bucket": "sst-s3-XXXX-prd-terraform-backend-store",
                "key": "XXXX-intranet/fabric/terraform.tfstate",
                "profile": "xxxx-XXXX-prd-profile",
                "region": "ap-southeast-1"
              },
              "type": [
                "object",
                {
                  "bucket": "string",
                  "key": "string",
                  "profile": "string",
                  "region": "string"
                }
              ]
            },
            "defaults": null,
            "outputs": {
              "value": {
                "fabric_map": {
                  "gateway_endpoints": {},
                  "interface_endpoints": {},
                  "nacl_id_list": {
                    "nacl-XXXX-prd-app-01": "acl-5a8d697760ea853d6",
                    "nacl-XXXX-prd-db-01": "acl-bfcc02e800a25c319",
                    "nacl-XXXX-prd-fsx-01": "acl-ef9899653a4e0d2e3",
                    "nacl-XXXX-prd-web-01": "acl-e14cb921fe1ca9577"
                  },
                  "route_table_id_list": {
                    "rtb-az1-XXXX-prd-app-01": "rtb-446cbc99700bcf524",
                    "rtb-az1-XXXX-prd-db-01": "rtb-62beef039959107cd",
                    "rtb-az1-XXXX-prd-fsx-01": "rtb-9a295b01044590997",
                    "rtb-az1-XXXX-prd-web-01": "rtb-1a4e47a2ec7c30df9"
                  },
                  "security_group_id_list": {},
                  "subnet_id_list": {
                    "sub-az1a-XXXX-prd-fsx-01": "subnet-b29961b3b167b8e03",
                    "sub-XXXX-app-01": "subnet-c6a8b5620638890eb",
                    "sub-XXXX-db-01": "subnet-5f374bdf86f452001",
                    "sub-XXXX-web-01": "subnet-d244fcb94b2a9cae2"
                  },
                  "vpc_id": "vpc-fd4f55b8a35a6bd53"
                }
              },
              "type": [
                "object",
                {
                  "fabric_map": [
                    "object",
                    {
                      "gateway_endpoints": [
                        "object",
                        {}
                      ],
                      "interface_endpoints": [
                        "object",
                        {}
                      ],
                      "nacl_id_list": [
                        "object",
                        {
                          "nacl-XXXX-prd-app-01": "string",
                          "nacl-XXXX-prd-db-01": "string",
                          "nacl-XXXX-prd-fsx-01": "string",
                          "nacl-XXXX-prd-web-01": "string"
                        }
                      ],
                      "route_table_id_list": [
                        "object",
                        {
                          "rtb-az1-XXXX-prd-app-01": "string",
                          "rtb-az1-XXXX-prd-db-01": "string",
                          "rtb-az1-XXXX-prd-fsx-01": "string",
                          "rtb-az1-XXXX-prd-web-01": "string"
                        }
                      ],
                      "security_group_id_list": [
                        "object",
                        {}
                      ],
                      "subnet_id_list": [
                        "object",
                        {
                          "sub-az1a-XXXX-prd-fsx-01": "string",
                          "sub-XXXX-app-01": "string",
                          "sub-XXXX-db-01": "string",
                          "sub-XXXX-web-01": "string"
                        }
                      ],
                      "vpc_id": "string"
                    }
                  ]
                }
              ]
            },
            "workspace": null
          },
          "sensitive_attributes": []
        }
      ]
    },
    {
      "mode": "data",
      "type": "terraform_remote_state",
      "name": "security",
      "provider": "provider[\"terraform.io/builtin/terraform\"]",
      "instances": [
        {
          "schema_version": 0,
          "attributes": {
            "backend": "s3",
            "config": {
              "value": {
                "bucket": "sst-s3-XXXX-prd-terraform-backend-store",
                "key": "XXXX-intranet/security/terraform.tfstate",
                "profile": "xxxx-XXXX-prd-profile",
                "region": "ap-southeast-1"
              },
              "type": [
                "object",
                {
                  "bucket": "string",
                  "key": "string",
                  "profile": "string",
                  "region": "string"
                }
              ]
            },
            "defaults": null,
            "outputs": {
              "value": {
                "securitygroup_map": {
                  "gateway_endpoints": {},
                  "interface_endpoints": {},
                  "nacl_id_list": {},
                  "route_table_id_list": {},
                  "security_group_id_list": {
                    "sgrp-XXXX-adjoin-01": "sg-28f1aadcafbdcf55a",
                    "sgrp-XXXX-appalb-01": "sg-f567fe50679553308",
                    "sgrp-XXXX-baas-backup-01": "sg-754ff7eac52a174b5",
                    "sgrp-XXXX-backupsvr-01": "sg-f334727005788264d",
                    "sgrp-XXXX-edb-01": "sg-847c3e11221fab347",
                    "sgrp-XXXX-file-01": "sg-5da9e48947bcebb13",
                    "sgrp-XXXX-fsxentdb-01": "sg-a4bc02145c8ee2d32",
                    "sgrp-XXXX-fsxundb1-01": "sg-484c4fa60e59aff3f",
                    "sgrp-XXXX-fsxundb3-01": "sg-a2050b1f14d758bdc",
                    "sgrp-XXXX-fsxundb5-01": "sg-3d2260dda88dfb782",
                    "sgrp-XXXX-gp-01": "sg-14027736d1aec1248",
                    "sgrp-XXXX-job-01": "sg-341a308e76014c845",
                    "sgrp-XXXX-management-01": "sg-d1f40521fe0112058",
                    "sgrp-XXXX-map-01": "sg-62c37b401e6a61284",
                    "sgrp-XXXX-mon-01": "sg-efb826b5862041fab",
                    "sgrp-XXXX-ptl-01": "sg-4797faf24c973eb91",
                    "sgrp-XXXX-rdb-01": "sg-f1734dbaa47e07464",
                    "sgrp-XXXX-un-01": "sg-9167cd0b817e41032",
                    "sgrp-XXXX-udb-01": "sg-b1d1c1cdff7cb28bd",
                    "sgrp-XXXX-udb-03": "sg-02110d351dd79dc7e",
                    "sgrp-XXXX-udb-05": "sg-d20be7030500f31dd",
                    "sgrp-XXXX-web-01": "sg-658230061d5439625"
                  },
                  "subnet_id_list": {},
                  "vpc_id": "vpc-fd4f55b8a35a6bd53"
                }
              },
              "type": [
                "object",
                {
                  "securitygroup_map": [
                    "object",
                    {
                      "gateway_endpoints": [
                        "object",
                        {}
                      ],
                      "interface_endpoints": [
                        "object",
                        {}
                      ],
                      "nacl_id_list": [
                        "object",
                        {}
                      ],
                      "route_table_id_list": [
                        "object",
                        {}
                      ],
                      "security_group_id_list": [
                        "object",
                        {
                          "sgrp-XXXX-adjoin-01": "string",
                          "sgrp-XXXX-appalb-01": "string",
                          "sgrp-XXXX-baas-backup-01": "string",
                          "sgrp-XXXX-backupsvr-01": "string",
                          "sgrp-XXXX-edb-01": "string",
                          "sgrp-XXXX-file-01": "string",
                          "sgrp-XXXX-fsxentdb-01": "string",
                          "sgrp-XXXX-fsxundb1-01": "string",
                          "sgrp-XXXX-fsxundb3-01": "string",
                          "sgrp-XXXX-fsxundb5-01": "string",
                          "sgrp-XXXX-gp-01": "string",
                          "sgrp-XXXX-job-01": "string",
                          "sgrp-XXXX-management-01": "string",
                          "sgrp-XXXX-map-01": "string",
                          "sgrp-XXXX-mon-01": "string",
                          "sgrp-XXXX-ptl-01": "string",
                          "sgrp-XXXX-rdb-01": "string",
                          "sgrp-XXXX-un-01": "string",
                          "sgrp-XXXX-udb-01": "string",
                          "sgrp-XXXX-udb-03": "string",
                          "sgrp-XXXX-udb-05": "string",
                          "sgrp-XXXX-web-01": "string"
                        }
                      ],
                      "subnet_id_list": [
                        "object",
                        {}
                      ],
                      "vpc_id": "string"
                    }
                  ]
                }
              ]
            },
            "workspace": null
          },
          "sensitive_attributes": []
        }
      ]
    },
    {
      "mode": "managed",
      "type": "aws_lb_listener_rule",
      "name": "host_based_weighted_routing",
      "provider": "provider[\"registry.terraform.io/hashicorp/aws\"]",
      "instances": [
        {
          "index_key": 0,
          "schema_version": 0,
          "attributes": {
            "action": [
              {
                "authenticate_cognito": [],
                "authenticate_oidc": [],
                "fixed_response": [],
                "forward": [],
                "order": 1,
                "redirect": [],
                "target_group_arn": "arn:aws:elasticloadbalancing:ap-southeast-1:222222222222:targetgroup/tg-ia-XXXX-app-gp-01/ab9282839f25d976",
                "type": "forward"
              }
            ],
            "arn": "arn:aws:elasticloadbalancing:ap-southeast-1:222222222222:listener-rule/app/alb-az1-XXXX-prd-app01/fc1bf77256307d76/49e1bd334960f937/a998f7f5532a3606",
            "condition": [
              {
                "host_header": [
                  {
                    "values": [
                      "xxxx.example.com"
                    ]
                  }
                ],
                "http_header": [],
                "http_request_method": [],
                "path_pattern": [],
                "query_string": [],
                "source_ip": []
              }
            ],
            "id": "arn:aws:elasticloadbalancing:ap-southeast-1:222222222222:listener-rule/app/alb-az1-XXXX-prd-app01/fc1bf77256307d76/49e1bd334960f937/a998f7f5532a3606",
            "listener_arn": "arn:aws:elasticloadbalancing:ap-southeast-1:222222222222:listener/app/alb-az1-XXXX-prd-app01/fc1bf77256307d76/49e1bd334960f937",
            "priority": 50,
            "tags": {},
            "tags_all": {}
          },
          "sensitive_attributes": [],
          "private": "bnVsbA==",
          "dependencies": [
            "data.aws_lb_listener.listener_info",
            "data.aws_lb_target_group.target_group_info",
            "data.terraform_remote_state.fabric",
            "data.terraform_remote_state.security",
            "module.lb.aws_lb.this"
          ]
        },
        {
          "index_key": 1,
          "schema_version": 0,
          "attributes": {
            "action": [
              {
                "authenticate_cognito": [],
                "authenticate_oidc": [],
                "fixed_response": [],
                "forward": [],
                "order": 1,
                "redirect": [],
                "target_group_arn": "arn:aws:elasticloadbalancing:ap-southeast-1:222222222222:targetgroup/tg-ia-XXXX-app-un-01/5b41be99b0625954",
                "type": "forward"
              }
            ],
            "arn": "arn:aws:elasticloadbalancing:ap-southeast-1:222222222222:listener-rule/app/alb-az1-XXXX-prd-app01/fc1bf77256307d76/49e1bd334960f937/c7e2d7d197f79b30",
            "condition": [
              {
                "host_header": [
                  {
                    "values": [
                      "xxxx.example.com"
                    ]
                  }
                ],
                "http_header": [],
                "http_request_method": [],
                "path_pattern": [],
                "query_string": [],
                "source_ip": []
              }
            ],
            "id": "arn:aws:elasticloadbalancing:ap-southeast-1:222222222222:listener-rule/app/alb-az1-XXXX-prd-app01/fc1bf77256307d76/49e1bd334960f937/c7e2d7d197f79b30",
            "listener_arn": "arn:aws:elasticloadbalancing:ap-southeast-1:222222222222:listener/app/alb-az1-XXXX-prd-app01/fc1bf77256307d76/49e1bd334960f937",
            "priority": 60,
            "tags": {},
            "tags_all": {}
          },
          "sensitive_attributes": [],
          "private": "bnVsbA==",
          "dependencies": [
            "data.aws_lb_listener.listener_info",
            "data.aws_lb_target_group.target_group_info",
            "data.terraform_remote_state.fabric",
            "data.terraform_remote_state.security",
            "module.lb.aws_lb.this"
          ]
        },
        {
          "index_key": 2,
          "schema_version": 0,
          "attributes": {
            "action": [
              {
                "authenticate_cognito": [],
                "authenticate_oidc": [],
                "fixed_response": [],
                "forward": [],
                "order": 1,
                "redirect": [],
                "target_group_arn": "arn:aws:elasticloadbalancing:ap-southeast-1:222222222222:targetgroup/tg-ia-XXXX-app-map-01/4e01f18c035cf0ee",
                "type": "forward"
              }
            ],
            "arn": "arn:aws:elasticloadbalancing:ap-southeast-1:222222222222:listener-rule/app/alb-az1-XXXX-prd-app01/fc1bf77256307d76/49e1bd334960f937/f95a00ff1a77aab8",
            "condition": [
              {
                "host_header": [
                  {
                    "values": [
                      "xxxx.example.com"
                    ]
                  }
                ],
                "http_header": [],
                "http_request_method": [],
                "path_pattern": [],
                "query_string": [],
                "source_ip": []
              }
            ],
            "id": "arn:aws:elasticloadbalancing:ap-southeast-1:222222222222:listener-rule/app/alb-az1-XXXX-prd-app01/fc1bf77256307d76/49e1bd334960f937/f95a00ff1a77aab8",
            "listener_arn": "arn:aws:elasticloadbalancing:ap-southeast-1:222222222222:listener/app/alb-az1-XXXX-prd-app01/fc1bf77256307d76/49e1bd334960f937",
            "priority": 70,
            "tags": {},
            "tags_all": {}
          },
          "sensitive_attributes": [],
          "private": "bnVsbA==",
          "dependencies": [
            "data.aws_lb_listener.listener_info",
            "data.aws_lb_target_group.target_group_info",
            "data.terraform_remote_state.fabric",
            "data.terraform_remote_state.security",
            "module.lb.aws_lb.this"
          ]
        }
      ]
    },
    {
      "mode": "managed",
      "type": "aws_lb_target_group_attachment",
      "name": "gp",
      "provider": "provider[\"registry.terraform.io/hashicorp/aws\"]",
      "instances": [
        {
          "index_key": 0,
          "schema_version": 0,
          "attributes": {
            "availability_zone": null,
            "id": "arn:aws:elasticloadbalancing:ap-southeast-1:222222222222:targetgroup/tg-ia-XXXX-app-map-01/4e01f18c035cf0ee-865df5afdcc32495f67fb4d23e",
            "port": 6443,
            "target_group_arn": "arn:aws:elasticloadbalancing:ap-southeast-1:222222222222:targetgroup/tg-ia-XXXX-app-map-01/4e01f18c035cf0ee",
            "target_id": "i-1c7dc07c4323521d6"
          },
          "sensitive_attributes": [],
          "private": "bnVsbA==",
          "dependencies": [
            "data.aws_instance.vm_instances_tg_4",
            "data.terraform_remote_state.fabric",
            "module.lb_target_groups.aws_lb_target_group.this"
          ]
        }
      ]
    },
    {
      "mode": "managed",
      "type": "aws_lb_target_group_attachment",
      "name": "hosting",
      "provider": "provider[\"registry.terraform.io/hashicorp/aws\"]",
      "instances": [
        {
          "index_key": 0,
          "schema_version": 0,
          "attributes": {
            "availability_zone": null,
            "id": "arn:aws:elasticloadbalancing:ap-southeast-1:222222222222:targetgroup/tg-ia-XXXX-app-gp-01/ab9282839f25d976-7d740e85bd60fbab6984b5a25f",
            "port": 6443,
            "target_group_arn": "arn:aws:elasticloadbalancing:ap-southeast-1:222222222222:targetgroup/tg-ia-XXXX-app-gp-01/ab9282839f25d976",
            "target_id": "i-9dc9d015712a5c41d"
          },
          "sensitive_attributes": [],
          "private": "bnVsbA==",
          "dependencies": [
            "data.aws_instance.vm_instances_tg_2",
            "data.terraform_remote_state.fabric",
            "module.lb_target_groups.aws_lb_target_group.this"
          ]
        }
      ]
    },
    {
      "mode": "managed",
      "type": "aws_lb_target_group_attachment",
      "name": "portal",
      "provider": "provider[\"registry.terraform.io/hashicorp/aws\"]",
      "instances": [
        {
          "index_key": 0,
          "schema_version": 0,
          "attributes": {
            "availability_zone": null,
            "id": "arn:aws:elasticloadbalancing:ap-southeast-1:222222222222:targetgroup/tg-ia-XXXX-app-ptl-01/7107407a84ce593c-b84ac79a937759819c5bef6fa6",
            "port": 7443,
            "target_group_arn": "arn:aws:elasticloadbalancing:ap-southeast-1:222222222222:targetgroup/tg-ia-XXXX-app-ptl-01/7107407a84ce593c",
            "target_id": "i-9fb16323911544509"
          },
          "sensitive_attributes": [],
          "private": "bnVsbA==",
          "dependencies": [
            "data.aws_instance.vm_instances_tg_1",
            "data.terraform_remote_state.fabric",
            "module.lb_target_groups.aws_lb_target_group.this"
          ]
        }
      ]
    },
    {
      "mode": "managed",
      "type": "aws_lb_target_group_attachment",
      "name": "un",
      "provider": "provider[\"registry.terraform.io/hashicorp/aws\"]",
      "instances": [
        {
          "index_key": 0,
          "schema_version": 0,
          "attributes": {
            "availability_zone": null,
            "id": "arn:aws:elasticloadbalancing:ap-southeast-1:222222222222:targetgroup/tg-ia-XXXX-app-un-01/5b41be99b0625954-8d1caa62baa572ba215a1fd451",
            "port": 6443,
            "target_group_arn": "arn:aws:elasticloadbalancing:ap-southeast-1:222222222222:targetgroup/tg-ia-XXXX-app-un-01/5b41be99b0625954",
            "target_id": "i-265a11e616309a6c3"
          },
          "sensitive_attributes": [],
          "private": "bnVsbA==",
          "dependencies": [
            "data.aws_instance.vm_instances_tg_3",
            "data.terraform_remote_state.fabric",
            "module.lb_target_groups.aws_lb_target_group.this"
          ]
        }
      ]
    },
    {
      "mode": "managed",
      "type": "aws_lb_target_group_attachment",
      "name": "wfm_un",
      "provider": "provider[\"registry.terraform.io/hashicorp/aws\"]",
      "instances": [
        {
          "index_key": 0,
          "schema_version": 0,
          "attributes": {
            "availability_zone": null,
            "id": "arn:aws:elasticloadbalancing:ap-southeast-1:222222222222:targetgroup/tg-ia-XXXX-app-wfm-un-01/0c70dab594395ddb-f76c94a7fd78a47621b8fc190a",
            "port": 13443,
            "target_group_arn": "arn:aws:elasticloadbalancing:ap-southeast-1:222222222222:targetgroup/tg-ia-XXXX-app-wfm-un-01/0c70dab594395ddb",
            "target_id": "i-265a11e616309a6c3"
          },
          "sensitive_attributes": [],
          "private": "bnVsbA==",
          "dependencies": [
            "data.aws_instance.vm_instances_tg_5",
            "data.terraform_remote_state.fabric",
            "module.lb_target_groups.aws_lb_target_group.this"
          ]
        }
      ]
    },
    {
      "module": "module.lb",
      "mode": "managed",
      "type": "aws_lb",
      "name": "this",
      "provider": "provider[\"registry.terraform.io/hashicorp/aws\"]",
      "instances": [
        {
          "schema_version": 0,
          "attributes": {
            "access_logs": [
              {
                "bucket": "",
                "enabled": false,
                "prefix": ""
              }
            ],
            "arn": "arn:aws:elasticloadbalancing:ap-southeast-1:222222222222:loadbalancer/app/alb-az1-XXXX-prd-app01/fc1bf77256307d76",
            "arn_suffix": "app/alb-az1-XXXX-prd-app01/fc1bf77256307d76",
            "customer_owned_ipv4_pool": "",
            "desync_mitigation_mode": "defensive",
            "dns_name": "internal-alb-az1-XXXX-prd-app01-1110767956.ap-southeast-1.elb.amazonaws.com",
            "drop_invalid_header_fields": false,
            "enable_cross_zone_load_balancing": true,
            "enable_deletion_protection": true,
            "enable_http2": true,
            "enable_tls_version_and_cipher_suite_headers": false,
            "enable_waf_fail_open": false,
            "enable_xff_client_port": false,
            "id": "arn:aws:elasticloadbalancing:ap-southeast-1:222222222222:loadbalancer/app/alb-az1-XXXX-prd-app01/fc1bf77256307d76",
            "idle_timeout": 60,
            "internal": true,
            "ip_address_type": "ipv4",
            "load_balancer_type": "application",
            "name": "alb-az1-XXXX-prd-app01",
            "name_prefix": null,
            "preserve_host_header": false,
            "security_groups": [
              "sg-f567fe50679553308"
            ],
            "subnet_mapping": [
              {
                "allocation_id": "",
                "ipv6_address": "",
                "outpost_id": "",
                "private_ipv4_address": "",
                "subnet_id": "subnet-d244fcb94b2a9cae2"
              }
            ],
            "subnets": [
              "subnet-d244fcb94b2a9cae2"
            ],
            "tags": {
              "Author": "Vendor",
              "Created-by": "Terraform",
              "Name": "alb-az1-XXXX-prd-app01",
              "agency-code": "xxxx",
              "environment": "prd",
              "project-code": "XXXX",
              "zone": "ia"
            },
            "tags_all": {
              "Author": "Vendor",
              "Created-by": "Terraform",
              "Name": "alb-az1-XXXX-prd-app01",
              "agency-code": "xxxx",
              "environment": "prd",
              "project-code": "XXXX",
              "zone": "ia"
            },
            "timeouts": null,
            "vpc_id": "vpc-fd4f55b8a35a6bd53",
            "xff_header_processing_mode": "append",
            "zone_id": "Z1LMS91P8CMLE5"
          },
          "sensitive_attributes": [],
          "private": "eyJlMmJmYjczMC1lY2FhLTExZTYtOGY4OC0zNDM2M2JjN2M0YzAiOnsiY3JlYXRlIjo2MDAwMDAwMDAwMDAsImRlbGV0ZSI6NjAwMDAwMDAwMDAwLCJ1cGRhdGUiOjYwMDAwMDAwMDAwMH19",
          "dependencies": [
            "data.terraform_remote_state.fabric",
            "data.terraform_remote_state.security"
          ]
        }
      ]
    },
    {
      "module": "module.lb_target_groups",
      "mode": "managed",
      "type": "aws_lb_target_group",
      "name": "this",
      "provider": "provider[\"registry.terraform.io/hashicorp/aws\"]",
      "instances": [
        {
          "index_key": 0,
          "schema_version": 0,
          "attributes": {
            "arn": "arn:aws:elasticloadbalancing:ap-southeast-1:222222222222:targetgroup/tg-ia-XXXX-app-ptl-01/7107407a84ce593c",
            "arn_suffix": "targetgroup/tg-ia-XXXX-app-ptl-01/7107407a84ce593c",
            "connection_termination": false,
            "deregistration_delay": "300",
            "health_check": [
              {
                "enabled": true,
                "healthy_threshold": 2,
                "interval": 30,
                "matcher": "200",
                "path": "/arcgis/portaladmin/healthCheck",
                "port": "traffic-port",
                "protocol": "HTTP",
                "timeout": 5,
                "unhealthy_threshold": 5
              }
            ],
            "id": "arn:aws:elasticloadbalancing:ap-southeast-1:222222222222:targetgroup/tg-ia-XXXX-app-ptl-01/7107407a84ce593c",
            "ip_address_type": "ipv4",
            "lambda_multi_value_headers_enabled": false,
            "load_balancing_algorithm_type": "round_robin",
            "load_balancing_cross_zone_enabled": "use_load_balancer_configuration",
            "name": "tg-ia-XXXX-app-ptl-01",
            "name_prefix": null,
            "port": 7443,
            "preserve_client_ip": null,
            "protocol": "HTTPS",
            "protocol_version": "HTTP1",
            "proxy_protocol_v2": false,
            "slow_start": 0,
            "stickiness": [
              {
                "cookie_duration": 86400,
                "cookie_name": "",
                "enabled": false,
                "type": "lb_cookie"
              }
            ],
            "tags": {
              "Author": "Vendor",
              "Created-by": "Terraform",
              "Name": "tg-ia-XXXX-app-ptl-01",
              "agency-code": "xxxx",
              "environment": "prd",
              "project-code": "XXXX",
              "zone": "ia"
            },
            "tags_all": {
              "Author": "Vendor",
              "Created-by": "Terraform",
              "Name": "tg-ia-XXXX-app-ptl-01",
              "agency-code": "xxxx",
              "environment": "prd",
              "project-code": "XXXX",
              "zone": "ia"
            },
            "target_failover": [
              {
                "on_deregistration": null,
                "on_unhealthy": null
              }
            ],
            "target_type": "instance",
            "vpc_id": "vpc-fd4f55b8a35a6bd53"
          },
          "sensitive_attributes": [],
          "private": "bnVsbA==",
          "dependencies": [
            "data.terraform_remote_state.fabric"
          ]
        },
        {
          "index_key": 1,
          "schema_version": 0,
          "attributes": {
            "arn": "arn:aws:elasticloadbalancing:ap-southeast-1:222222222222:targetgroup/tg-ia-XXXX-app-gp-01/ab9282839f25d976",
            "arn_suffix": "targetgroup/tg-ia-XXXX-app-gp-01/ab9282839f25d976",
            "connection_termination": false,
            "deregistration_delay": "300",
            "health_check": [
              {
                "enabled": true,
                "healthy_threshold": 2,
                "interval": 30,
                "matcher": "200",
                "path": "/server/rest/info/healthCheck",
                "port": "traffic-port",
                "protocol": "HTTP",
                "timeout": 5,
                "unhealthy_threshold": 5
              }
            ],
            "id": "arn:aws:elasticloadbalancing:ap-southeast-1:222222222222:targetgroup/tg-ia-XXXX-app-gp-01/ab9282839f25d976",
            "ip_address_type": "ipv4",
            "lambda_multi_value_headers_enabled": false,
            "load_balancing_algorithm_type": "round_robin",
            "load_balancing_cross_zone_enabled": "use_load_balancer_configuration",
            "name": "tg-ia-XXXX-app-gp-01",
            "name_prefix": null,
            "port": 6443,
            "preserve_client_ip": null,
            "protocol": "HTTPS",
            "protocol_version": "HTTP1",
            "proxy_protocol_v2": false,
            "slow_start": 0,
            "stickiness": [
              {
                "cookie_duration": 86400,
                "cookie_name": "",
                "enabled": false,
                "type": "lb_cookie"
              }
            ],
            "tags": {
              "Author": "Vendor",
              "Created-by": "Terraform",
              "Name": "tg-ia-XXXX-app-gp-01",
              "agency-code": "xxxx",
              "environment": "prd",
              "project-code": "XXXX",
              "zone": "ia"
            },
            "tags_all": {
              "Author": "Vendor",
              "Created-by": "Terraform",
              "Name": "tg-ia-XXXX-app-gp-01",
              "agency-code": "xxxx",
              "environment": "prd",
              "project-code": "XXXX",
              "zone": "ia"
            },
            "target_failover": [
              {
                "on_deregistration": null,
                "on_unhealthy": null
              }
            ],
            "target_type": "instance",
            "vpc_id": "vpc-fd4f55b8a35a6bd53"
          },
          "sensitive_attributes": [],
          "private": "bnVsbA==",
          "dependencies": [
            "data.terraform_remote_state.fabric"
          ]
        },
        {
          "index_key": 2,
          "schema_version": 0,
          "attributes": {
            "arn": "arn:aws:elasticloadbalancing:ap-southeast-1:222222222222:targetgroup/tg-ia-XXXX-app-un-01/5b41be99b0625954",
            "arn_suffix": "targetgroup/tg-ia-XXXX-app-un-01/5b41be99b0625954",
            "connection_termination": false,
            "deregistration_delay": "300",
            "health_check": [
              {
                "enabled": true,
                "healthy_threshold": 2,
                "interval": 30,
                "matcher": "200",
                "path": "/server/rest/info/healthCheck",
                "port": "traffic-port",
                "protocol": "HTTP",
                "timeout": 5,
                "unhealthy_threshold": 5
              }
            ],
            "id": "arn:aws:elasticloadbalancing:ap-southeast-1:222222222222:targetgroup/tg-ia-XXXX-app-un-01/5b41be99b0625954",
            "ip_address_type": "ipv4",
            "lambda_multi_value_headers_enabled": false,
            "load_balancing_algorithm_type": "round_robin",
            "load_balancing_cross_zone_enabled": "use_load_balancer_configuration",
            "name": "tg-ia-XXXX-app-un-01",
            "name_prefix": null,
            "port": 6443,
            "preserve_client_ip": null,
            "protocol": "HTTPS",
            "protocol_version": "HTTP1",
            "proxy_protocol_v2": false,
            "slow_start": 0,
            "stickiness": [
              {
                "cookie_duration": 86400,
                "cookie_name": "",
                "enabled": false,
                "type": "lb_cookie"
              }
            ],
            "tags": {
              "Author": "Vendor",
              "Created-by": "Terraform",
              "Name": "tg-ia-XXXX-app-un-01",
              "agency-code": "xxxx",
              "environment": "prd",
              "project-code": "XXXX",
              "zone": "ia"
            },
            "tags_all": {
              "Author": "Vendor",
              "Created-by": "Terraform",
              "Name": "tg-ia-XXXX-app-un-01",
              "agency-code": "xxxx",
              "environment": "prd",
              "project-code": "XXXX",
              "zone": "ia"
            },
            "target_failover": [
              {
                "on_deregistration": null,
                "on_unhealthy": null
              }
            ],
            "target_type": "instance",
            "vpc_id": "vpc-fd4f55b8a35a6bd53"
          },
          "sensitive_attributes": [],
          "private": "bnVsbA==",
          "dependencies": [
            "data.terraform_remote_state.fabric"
          ]
        },
        {
          "index_key": 3,
          "schema_version": 0,
          "attributes": {
            "arn": "arn:aws:elasticloadbalancing:ap-southeast-1:222222222222:targetgroup/tg-ia-XXXX-app-map-01/4e01f18c035cf0ee",
            "arn_suffix": "targetgroup/tg-ia-XXXX-app-map-01/4e01f18c035cf0ee",
            "connection_termination": false,
            "deregistration_delay": "300",
            "health_check": [
              {
                "enabled": true,
                "healthy_threshold": 2,
                "interval": 30,
                "matcher": "200",
                "path": "/server/rest/info/healthCheck",
                "port": "traffic-port",
                "protocol": "HTTP",
                "timeout": 5,
                "unhealthy_threshold": 5
              }
            ],
            "id": "arn:aws:elasticloadbalancing:ap-southeast-1:222222222222:targetgroup/tg-ia-XXXX-app-map-01/4e01f18c035cf0ee",
            "ip_address_type": "ipv4",
            "lambda_multi_value_headers_enabled": false,
            "load_balancing_algorithm_type": "round_robin",
            "load_balancing_cross_zone_enabled": "use_load_balancer_configuration",
            "name": "tg-ia-XXXX-app-map-01",
            "name_prefix": null,
            "port": 6443,
            "preserve_client_ip": null,
            "protocol": "HTTPS",
            "protocol_version": "HTTP1",
            "proxy_protocol_v2": false,
            "slow_start": 0,
            "stickiness": [
              {
                "cookie_duration": 86400,
                "cookie_name": "",
                "enabled": false,
                "type": "lb_cookie"
              }
            ],
            "tags": {
              "Author": "Vendor",
              "Created-by": "Terraform",
              "Name": "tg-ia-XXXX-app-map-01",
              "agency-code": "xxxx",
              "environment": "prd",
              "project-code": "XXXX",
              "zone": "ia"
            },
            "tags_all": {
              "Author": "Vendor",
              "Created-by": "Terraform",
              "Name": "tg-ia-XXXX-app-map-01",
              "agency-code": "xxxx",
              "environment": "prd",
              "project-code": "XXXX",
              "zone": "ia"
            },
            "target_failover": [
              {
                "on_deregistration": null,
                "on_unhealthy": null
              }
            ],
            "target_type": "instance",
            "vpc_id": "vpc-fd4f55b8a35a6bd53"
          },
          "sensitive_attributes": [],
          "private": "bnVsbA==",
          "dependencies": [
            "data.terraform_remote_state.fabric"
          ]
        },
        {
          "index_key": 4,
          "schema_version": 0,
          "attributes": {
            "arn": "arn:aws:elasticloadbalancing:ap-southeast-1:222222222222:targetgroup/tg-ia-XXXX-app-wfm-un-01/0c70dab594395ddb",
            "arn_suffix": "targetgroup/tg-ia-XXXX-app-wfm-un-01/0c70dab594395ddb",
            "connection_termination": false,
            "deregistration_delay": "300",
            "health_check": [
              {
                "enabled": true,
                "healthy_threshold": 2,
                "interval": 30,
                "matcher": "200",
                "path": "/server/rest/info/healthCheck",
                "port": "traffic-port",
                "protocol": "HTTP",
                "timeout": 5,
                "unhealthy_threshold": 5
              }
            ],
            "id": "arn:aws:elasticloadbalancing:ap-southeast-1:222222222222:targetgroup/tg-ia-XXXX-app-wfm-un-01/0c70dab594395ddb",
            "ip_address_type": "ipv4",
            "lambda_multi_value_headers_enabled": false,
            "load_balancing_algorithm_type": "round_robin",
            "load_balancing_cross_zone_enabled": "use_load_balancer_configuration",
            "name": "tg-ia-XXXX-app-wfm-un-01",
            "name_prefix": null,
            "port": 13443,
            "preserve_client_ip": null,
            "protocol": "HTTPS",
            "protocol_version": "HTTP1",
            "proxy_protocol_v2": false,
            "slow_start": 0,
            "stickiness": [
              {
                "cookie_duration": 86400,
                "cookie_name": "",
                "enabled": false,
                "type": "lb_cookie"
              }
            ],
            "tags": {
              "Author": "Vendor",
              "Created-by": "Terraform",
              "Name": "tg-ia-XXXX-app-wfm-un-01",
              "agency-code": "xxxx",
              "environment": "prd",
              "project-code": "XXXX",
              "zone": "ia"
            },
            "tags_all": {
              "Author": "Vendor",
              "Created-by": "Terraform",
              "Name": "tg-ia-XXXX-app-wfm-un-01",
              "agency-code": "xxxx",
              "environment": "prd",
              "project-code": "XXXX",
              "zone": "ia"
            },
            "target_failover": [
              {
                "on_deregistration": null,
                "on_unhealthy": null
              }
            ],
            "target_type": "instance",
            "vpc_id": "vpc-fd4f55b8a35a6bd53"
          },
          "sensitive_attributes": [],
          "private": "bnVsbA==",
          "dependencies": [
            "data.terraform_remote_state.fabric"
          ]
        }
      ]
    },
    {
      "module": "module.listeners",
      "mode": "managed",
      "type": "aws_lb_listener",
      "name": "this",
      "provider": "provider[\"registry.terraform.io/hashicorp/aws\"]",
      "instances": [
        {
          "index_key": 0,
          "schema_version": 0,
          "attributes": {
            "alpn_policy": null,
            "arn": "arn:aws:elasticloadbalancing:ap-southeast-1:222222222222:listener/app/alb-az1-XXXX-prd-app01/fc1bf77256307d76/0a3663800ba2d380",
            "certificate_arn": "arn:aws:acm:ap-southeast-1:222222222222:certificate/70dfcd3675138c4308d42e31cf989326",
            "default_action": [
              {
                "authenticate_cognito": [],
                "authenticate_oidc": [],
                "fixed_response": [],
                "forward": [],
                "order": 1,
                "redirect": [],
                "target_group_arn": "arn:aws:elasticloadbalancing:ap-southeast-1:222222222222:targetgroup/tg-ia-XXXX-app-ptl-01/7107407a84ce593c",
                "type": "forward"
              }
            ],
            "id": "arn:aws:elasticloadbalancing:ap-southeast-1:222222222222:listener/app/alb-az1-XXXX-prd-app01/fc1bf77256307d76/0a3663800ba2d380",
            "load_balancer_arn": "arn:aws:elasticloadbalancing:ap-southeast-1:222222222222:loadbalancer/app/alb-az1-XXXX-prd-app01/fc1bf77256307d76",
            "port": 7443,
            "protocol": "HTTPS",
            "ssl_policy": "ELBSecurityPolicy-TLS13-1-2-2021-06",
            "tags": {},
            "tags_all": {},
            "timeouts": null
          },
          "sensitive_attributes": [],
          "private": "eyJlMmJmYjczMC1lY2FhLTExZTYtOGY4OC0zNDM2M2JjN2M0YzAiOnsicmVhZCI6NjAwMDAwMDAwMDAwfX0=",
          "dependencies": [
            "data.terraform_remote_state.fabric",
            "data.terraform_remote_state.security",
            "module.lb.aws_lb.this",
            "module.lb_target_groups.aws_lb_target_group.this"
          ]
        },
        {
          "index_key": 1,
          "schema_version": 0,
          "attributes": {
            "alpn_policy": null,
            "arn": "arn:aws:elasticloadbalancing:ap-southeast-1:222222222222:listener/app/alb-az1-XXXX-prd-app01/fc1bf77256307d76/49e1bd334960f937",
            "certificate_arn": "arn:aws:acm:ap-southeast-1:222222222222:certificate/70dfcd3675138c4308d42e31cf989326",
            "default_action": [
              {
                "authenticate_cognito": [],
                "authenticate_oidc": [],
                "fixed_response": [
                  {
                    "content_type": "text/plain",
                    "message_body": "Wrong domain name",
                    "status_code": "405"
                  }
                ],
                "forward": [],
                "order": 1,
                "redirect": [],
                "target_group_arn": "",
                "type": "fixed-response"
              }
            ],
            "id": "arn:aws:elasticloadbalancing:ap-southeast-1:222222222222:listener/app/alb-az1-XXXX-prd-app01/fc1bf77256307d76/49e1bd334960f937",
            "load_balancer_arn": "arn:aws:elasticloadbalancing:ap-southeast-1:222222222222:loadbalancer/app/alb-az1-XXXX-prd-app01/fc1bf77256307d76",
            "port": 6443,
            "protocol": "HTTPS",
            "ssl_policy": "ELBSecurityPolicy-TLS13-1-2-2021-06",
            "tags": {},
            "tags_all": {},
            "timeouts": null
          },
          "sensitive_attributes": [],
          "private": "eyJlMmJmYjczMC1lY2FhLTExZTYtOGY4OC0zNDM2M2JjN2M0YzAiOnsicmVhZCI6NjAwMDAwMDAwMDAwfX0=",
          "dependencies": [
            "data.terraform_remote_state.fabric",
            "data.terraform_remote_state.security",
            "module.lb.aws_lb.this",
            "module.lb_target_groups.aws_lb_target_group.this"
          ]
        },
        {
          "index_key": 2,
          "schema_version": 0,
          "attributes": {
            "alpn_policy": null,
            "arn": "arn:aws:elasticloadbalancing:ap-southeast-1:222222222222:listener/app/alb-az1-XXXX-prd-app01/fc1bf77256307d76/65ed7486b63c0191",
            "certificate_arn": "arn:aws:acm:ap-southeast-1:222222222222:certificate/70dfcd3675138c4308d42e31cf989326",
            "default_action": [
              {
                "authenticate_cognito": [],
                "authenticate_oidc": [],
                "fixed_response": [],
                "forward": [],
                "order": 1,
                "redirect": [],
                "target_group_arn": "arn:aws:elasticloadbalancing:ap-southeast-1:222222222222:targetgroup/tg-ia-XXXX-app-wfm-un-01/0c70dab594395ddb",
                "type": "forward"
              }
            ],
            "id": "arn:aws:elasticloadbalancing:ap-southeast-1:222222222222:listener/app/alb-az1-XXXX-prd-app01/fc1bf77256307d76/65ed7486b63c0191",
            "load_balancer_arn": "arn:aws:elasticloadbalancing:ap-southeast-1:222222222222:loadbalancer/app/alb-az1-XXXX-prd-app01/fc1bf77256307d76",
            "port": 13443,
            "protocol": "HTTPS",
            "ssl_policy": "ELBSecurityPolicy-TLS13-1-2-2021-06",
            "tags": {},
            "tags_all": {},
            "timeouts": null
          },
          "sensitive_attributes": [],
          "private": "eyJlMmJmYjczMC1lY2FhLTExZTYtOGY4OC0zNDM2M2JjN2M0YzAiOnsicmVhZCI6NjAwMDAwMDAwMDAwfX0=",
          "dependencies": [
            "data.terraform_remote_state.fabric",
            "data.terraform_remote_state.security",
            "module.lb.aws_lb.this",
            "module.lb_target_groups.aws_lb_target_group.this"
          ]
        }
      ]
    }
  ],
  "check_results": null
}
