{
  "version": 4,
  "terraform_version": "1.5.7",
  "serial": 1,
  "lineage": "69820fed42bc83276facc9f76f0b8aa1",
  "outputs": {},
  "resources": [
    {
      "mode": "data",
      "type": "aws_ssm_parameter",
      "name": "fsxsrvcpasswords",
      "provider": "provider[\"registry.terraform.io/hashicorp/aws\"]",
      "instances": [
        {
          "schema_version": 0,
          "attributes": {
            "arn": "arn:aws:ssm:ap-southeast-1:222222222222:parameter/fsxadmin_cred",
            "id": "fsxadmin_cred",
            "insecure_value": "",
            "name": "fsxadmin_cred",
            "type": "SecureString",
            "value": "",
            "version": 1,
            "with_decryption": true
          },
          "sensitive_attributes": []
        }
      ]
    },
    {
      "mode": "data",
      "type": "terraform_remote_state",
      "name": "fabric",
      "provider": "provider[\"terraform.io/builtin/terraform\"]",
      "instances": [
        {
          "schema_version": 0,
          "attributes": {
            "backend": "s3",
            "config": {
              "value": {
                "bucket": "sst-s3-XXXX-prd-terraform-backend-store",
                "key": "XXXX-intranet/fabric/terraform.tfstate",
                "profile": "xxxx-XXXX-prd-profile",
                "region": "ap-southeast-1"
              },
              "type": [
                "object",
                {
                  "bucket": "string",
                  "key": "string",
                  "profile": "string",
                  "region": "string"
                }
              ]
            },
            "defaults": null,
            "outputs": {
              "value": {
                "fabric_map": {
                  "gateway_endpoints": {},
                  "interface_endpoints": {},
                  "nacl_id_list": {
                    "nacl-XXXX-prd-app-01": "acl-5a8d697760ea853d6",
                    "nacl-XXXX-prd-db-01": "acl-bfcc02e800a25c319",
                    "nacl-XXXX-prd-fsx-01": "acl-ef9899653a4e0d2e3",
                    "nacl-XXXX-prd-web-01": "acl-e14cb921fe1ca9577"
                  },
                  "route_table_id_list": {
                    "rtb-az1-XXXX-prd-app-01": "rtb-446cbc99700bcf524",
                    "rtb-az1-XXXX-prd-db-01": "rtb-62beef039959107cd",
                    "rtb-az1-XXXX-prd-fsx-01": "rtb-9a295b01044590997",
                    "rtb-az1-XXXX-prd-web-01": "rtb-1a4e47a2ec7c30df9"
                  },
                  "security_group_id_list": {},
                  "subnet_id_list": {
                    "sub-az1a-XXXX-prd-fsx-01": "subnet-b29961b3b167b8e03",
                    "sub-XXXX-app-01": "subnet-c6a8b5620638890eb",
                    "sub-XXXX-db-01": "subnet-5f374bdf86f452001",
                    "sub-XXXX-web-01": "subnet-d244fcb94b2a9cae2"
                  },
                  "vpc_id": "vpc-fd4f55b8a35a6bd53"
                }
              },
              "type": [
                "object",
                {
                  "fabric_map": [
                    "object",
                    {
                      "gateway_endpoints": [
                        "object",
                        {}
                      ],
                      "interface_endpoints": [
                        "object",
                        {}
                      ],
                      "nacl_id_list": [
                        "object",
                        {
                          "nacl-XXXX-prd-app-01": "string",
                          "nacl-XXXX-prd-db-01": "string",
                          "nacl-XXXX-prd-fsx-01": "string",
                          "nacl-XXXX-prd-web-01": "string"
                        }
                      ],
                      "route_table_id_list": [
                        "object",
                        {
                          "rtb-az1-XXXX-prd-app-01": "string",
                          "rtb-az1-XXXX-prd-db-01": "string",
                          "rtb-az1-XXXX-prd-fsx-01": "string",
                          "rtb-az1-XXXX-prd-web-01": "string"
                        }
                      ],
                      "security_group_id_list": [
                        "object",
                        {}
                      ],
                      "subnet_id_list": [
                        "object",
                        {
                          "sub-az1a-XXXX-prd-fsx-01": "string",
                          "sub-XXXX-app-01": "string",
                          "sub-XXXX-db-01": "string",
                          "sub-XXXX-web-01": "string"
                        }
                      ],
                      "vpc_id": "string"
                    }
                  ]
                }
              ]
            },
            "workspace": null
          },
          "sensitive_attributes": []
        }
      ]
    },
    {
      "mode": "data",
      "type": "terraform_remote_state",
      "name": "security",
      "provider": "provider[\"terraform.io/builtin/terraform\"]",
      "instances": [
        {
          "schema_version": 0,
          "attributes": {
            "backend": "s3",
            "config": {
              "value": {
                "bucket": "sst-s3-XXXX-prd-terraform-backend-store",
                "key": "XXXX-intranet/security/terraform.tfstate",
                "profile": "xxxx-XXXX-prd-profile",
                "region": "ap-southeast-1"
              },
              "type": [
                "object",
                {
                  "bucket": "string",
                  "key": "string",
                  "profile": "string",
                  "region": "string"
                }
              ]
            },
            "defaults": null,
            "outputs": {
              "value": {
                "securitygroup_map": {
                  "gateway_endpoints": {},
                  "interface_endpoints": {},
                  "nacl_id_list": {},
                  "route_table_id_list": {},
                  "security_group_id_list": {
                    "sgrp-XXXX-appalb-01": "sg-f567fe50679553308",
                    "sgrp-XXXX-backupsvr-01": "sg-f334727005788264d",
                    "sgrp-XXXX-edb-01": "sg-847c3e11221fab347",
                    "sgrp-XXXX-file-01": "sg-5da9e48947bcebb13",
                    "sgrp-XXXX-fsx-01": "sg-2cdc2cd402d67a5fc",
                    "sgrp-XXXX-fsxundb1-01": "sg-484c4fa60e59aff3f",
                    "sgrp-XXXX-fsxundb3-01": "sg-a2050b1f14d758bdc",
                    "sgrp-XXXX-fsxundb5-01": "sg-3d2260dda88dfb782",
                    "sgrp-XXXX-gp-01": "sg-14027736d1aec1248",
                    "sgrp-XXXX-job-01": "sg-341a308e76014c845",
                    "sgrp-XXXX-management-01": "sg-d1f40521fe0112058",
                    "sgrp-XXXX-map-01": "sg-62c37b401e6a61284",
                    "sgrp-XXXX-mon-01": "sg-efb826b5862041fab",
                    "sgrp-XXXX-ptl-01": "sg-4797faf24c973eb91",
                    "sgrp-XXXX-rdb-01": "sg-f1734dbaa47e07464",
                    "sgrp-XXXX-un-01": "sg-9167cd0b817e41032",
                    "sgrp-XXXX-udb-01": "sg-b1d1c1cdff7cb28bd",
                    "sgrp-XXXX-web-01": "sg-658230061d5439625"
                  },
                  "subnet_id_list": {},
                  "vpc_id": "vpc-fd4f55b8a35a6bd53"
                }
              },
              "type": [
                "object",
                {
                  "securitygroup_map": [
                    "object",
                    {
                      "gateway_endpoints": [
                        "object",
                        {}
                      ],
                      "interface_endpoints": [
                        "object",
                        {}
                      ],
                      "nacl_id_list": [
                        "object",
                        {}
                      ],
                      "route_table_id_list": [
                        "object",
                        {}
                      ],
                      "security_group_id_list": [
                        "object",
                        {
                          "sgrp-XXXX-appalb-01": "string",
                          "sgrp-XXXX-backupsvr-01": "string",
                          "sgrp-XXXX-edb-01": "string",
                          "sgrp-XXXX-file-01": "string",
                          "sgrp-XXXX-fsx-01": "string",
                          "sgrp-XXXX-fsxundb1-01": "string",
                          "sgrp-XXXX-fsxundb3-01": "string",
                          "sgrp-XXXX-fsxundb5-01": "string",
                          "sgrp-XXXX-gp-01": "string",
                          "sgrp-XXXX-job-01": "string",
                          "sgrp-XXXX-management-01": "string",
                          "sgrp-XXXX-map-01": "string",
                          "sgrp-XXXX-mon-01": "string",
                          "sgrp-XXXX-ptl-01": "string",
                          "sgrp-XXXX-rdb-01": "string",
                          "sgrp-XXXX-un-01": "string",
                          "sgrp-XXXX-udb-01": "string",
                          "sgrp-XXXX-web-01": "string"
                        }
                      ],
                      "subnet_id_list": [
                        "object",
                        {}
                      ],
                      "vpc_id": "string"
                    }
                  ]
                }
              ]
            },
            "workspace": null
          },
          "sensitive_attributes": []
        }
      ]
    },
    {
      "mode": "managed",
      "type": "aws_fsx_windows_file_system",
      "name": "XXXX_db_fsx",
      "provider": "provider[\"registry.terraform.io/hashicorp/aws\"]",
      "instances": [
        {
          "schema_version": 0,
          "attributes": {
            "active_directory_id": "",
            "aliases": null,
            "arn": "arn:aws:fsx:ap-southeast-1:222222222222:file-system/fs-e3a4e0d2b50fc4352",
            "audit_log_configuration": [
              {
                "audit_log_destination": "",
                "file_access_audit_log_level": "DISABLED",
                "file_share_access_audit_log_level": "DISABLED"
              }
            ],
            "automatic_backup_retention_days": 7,
            "backup_id": null,
            "copy_tags_to_backups": false,
            "daily_automatic_backup_start_time": "14:30",
            "deployment_type": "SINGLE_AZ_2",
            "dns_name": "xxxx.example.com",
            "id": "fs-e3a4e0d2b50fc4352",
            "kms_key_id": "arn:aws:kms:ap-southeast-1:222222222222:key/5c7325023c2f70dffe1cab796edca771",
            "network_interface_ids": [
              "eni-ef5187fad7febbc33"
            ],
            "owner_id": "222222222222",
            "preferred_file_server_ip": "10.30.27.4",
            "preferred_subnet_id": "subnet-b29961b3b167b8e03",
            "remote_administration_endpoint": "xxxx.example.com",
            "security_group_ids": [
              "sg-a2050b1f14d758bdc"
            ],
            "self_managed_active_directory": [
              {
                "dns_ips": [
                  "10.30.170.154",
                  "10.30.170.155"
                ],
                "domain_name": "xxxx.example.com",
                "file_system_administrators_group": "XXXXGCCP-PIAFSXADM",
                "organizational_unit_distinguished_name": "OU=FSx,OU=PRD,OU=XXXX,OU=PUB_Servers_GCCPLUS,DC=xxxx,DC=gov,DC=sg",
                "password": "",
                "username": "XXXXGCCP-PIAFSXSVC"
              }
            ],
            "skip_final_backup": false,
            "storage_capacity": 32,
            "storage_type": "SSD",
            "subnet_ids": [
              "subnet-b29961b3b167b8e03"
            ],
            "tags": {
              "Author": "Vendor",
              "Created-by": "Terraform",
              "Name": "fsx-db-prdia-XXXX-udb-03",
              "agency-code": "xxxx",
              "environment": "prd",
              "project-code": "XXXX",
              "zone": "ia"
            },
            "tags_all": {
              "Author": "Vendor",
              "Created-by": "Terraform",
              "Name": "fsx-db-prdia-XXXX-udb-03",
              "agency-code": "xxxx",
              "environment": "prd",
              "project-code": "XXXX",
              "zone": "ia"
            },
            "throughput_capacity": 32,
            "timeouts": null,
            "vpc_id": "vpc-fd4f55b8a35a6bd53",
            "weekly_maintenance_start_time": "7:14:00"
          },
          "sensitive_attributes": [
            [
              {
                "type": "get_attr",
                "value": "self_managed_active_directory"
              },
              {
                "type": "index",
                "value": {
                  "value": 0,
                  "type": "number"
                }
              },
              {
                "type": "get_attr",
                "value": "password"
              }
            ]
          ],
          "private": "eyJlMmJmYjczMC1lY2FhLTExZTYtOGY4OC0zNDM2M2JjN2M0YzAiOnsiY3JlYXRlIjoyNzAwMDAwMDAwMDAwLCJkZWxldGUiOjE4MDAwMDAwMDAwMDAsInVwZGF0ZSI6MjcwMDAwMDAwMDAwMH19",
          "dependencies": [
            "data.aws_ssm_parameter.fsxsrvcpasswords",
            "data.terraform_remote_state.fabric",
            "data.terraform_remote_state.security"
          ]
        }
      ]
    }
  ],
  "check_results": null
}
